{
  "version": 4,
  "terraform_version": "1.8.3",
  "serial": 23,
  "lineage": "831b2ae5-6f28-406f-93a8-4fff4a3ad064",
  "outputs": {},
  "resources": [
    {
      "mode": "data",
      "type": "tls_public_key",
      "name": "pub",
      "provider": "provider[\"registry.terraform.io/hashicorp/tls\"]",
      "instances": [
        {
          "schema_version": 0,
          "attributes": {
            "algorithm": "ED25519",
            "id": "bcf4e4a704cb2a05b17f5713a8f6cfd4347b45d4",
            "private_key_openssh": null,
            "private_key_pem": "-----BEGIN PRIVATE KEY-----\nMC4CAQAwBQYDK2VwBCIEICbXwLWeTqID6qk/5es+tJNsInlYgJ9YIj9wwjnPz5rH\n-----END PRIVATE KEY-----\n",
            "public_key_fingerprint_md5": "65:df:f9:e6:56:85:b0:6c:a0:18:17:b3:d2:8c:e1:80",
            "public_key_fingerprint_sha256": "SHA256:i3v2QpGXOgfQyKbvPELyXqLf2+a+CpvEH7B1h+X4pz4",
            "public_key_openssh": "ssh-ed25519 AAAAC3NzaC1lZDI1NTE5AAAAIFwd77o//QOGo4i66HvBmuqUnmOFLxz6l+A7oDrtF9Ei\n",
            "public_key_pem": "-----BEGIN PUBLIC KEY-----\nMCowBQYDK2VwAyEAXB3vuj/9A4ajiLroe8Ga6pSeY4UvHPqX4DugOu0X0SI=\n-----END PUBLIC KEY-----\n"
          },
          "sensitive_attributes": [
            [
              {
                "type": "get_attr",
                "value": "private_key_openssh"
              }
            ],
            [
              {
                "type": "get_attr",
                "value": "private_key_pem"
              }
            ]
          ]
        }
      ]
    },
    {
      "mode": "managed",
      "type": "random_pet",
      "name": "unmanaged_extra",
      "provider": "provider[\"registry.terraform.io/hashicorp/random\"]",
      "instances": [
        {
          "schema_version": 0,
          "attributes": {
            "id": "sacred-scorpion",
            "keepers": null,
            "length": 2,
            "prefix": null,
            "separator": "-"
          },
          "sensitive_attributes": []
        }
      ]
    }
  ],
  "check_results": null
}
