{
  "version": 4,
  "terraform_version": "1.8.3",
  "serial": 3,
  "lineage": "b0fef51f-cd09-5694-0dd6-f8567a2437c0",
  "outputs": {},
  "resources": [
    {
      "mode": "managed",
      "type": "random_integer",
      "name": "net_id",
      "provider": "provider[\"registry.terraform.io/hashicorp/random\"]",
      "instances": [
        {
          "schema_version": 0,
          "attributes": {
            "id": "5106",
            "keepers": null,
            "max": 9999,
            "min": 1000,
            "result": 5106,
            "seed": null
          },
          "sensitive_attributes": []
        }
      ]
    },
    {
      "mode": "managed",
      "type": "random_pet",
      "name": "net_name",
      "provider": "provider[\"registry.terraform.io/hashicorp/random\"]",
      "instances": [
        {
          "schema_version": 0,
          "attributes": {
            "id": "demo-implicitly-quick-heron",
            "keepers": null,
            "length": 3,
            "prefix": "demo",
            "separator": "-"
          },
          "sensitive_attributes": []
        }
      ]
    },
    {
      "module": "module.idgen",
      "mode": "managed",
      "type": "random_pet",
      "name": "id",
      "provider": "provider[\"registry.terraform.io/hashicorp/random\"]",
      "instances": [
        {
          "schema_version": 0,
          "attributes": {
            "id": "smart-dodo",
            "keepers": {
              "seed": "5106",
              "tag": "65:df:f9:e6:56:85:b0:6c:a0:18:17:b3:d2:8c:e1:80"
            },
            "length": 2,
            "prefix": null,
            "separator": "-"
          },
          "sensitive_attributes": []
        }
      ]
    }
  ],
  "check_results": null
}
