{
  "version": 4,
  "terraform_version": "1.8.3",
  "serial": 7,
  "lineage": "8e3324dc-a03a-ea7b-c8d3-a22bb9cbd0f0",
  "outputs": {},
  "resources": [
    {
      "mode": "managed",
      "type": "random_pet",
      "name": "leftover",
      "provider": "provider[\"registry.terraform.io/hashicorp/random\"]",
      "instances": [
        {
          "schema_version": 0,
          "attributes": {
            "id": "openly-smooth-rattler",
            "keepers": null,
            "length": 3,
            "prefix": null,
            "separator": "-"
          },
          "sensitive_attributes": []
        }
      ]
    }
  ],
  "check_results": null
}
