{
  "version": 4,
  "terraform_version": "1.8.3",
  "serial": 4,
  "lineage": "49eccf1c-443c-e88f-e1e0-11ed990415dc",
  "outputs": {},
  "resources": [
    {
      "mode": "managed",
      "type": "random_password",
      "name": "app_session_secret",
      "provider": "provider[\"registry.terraform.io/hashicorp/random\"]",
      "instances": [
        {
          "schema_version": 3,
          "attributes": {
            "bcrypt_hash": "$2a$10$FWL8tP38PhJR9fuRkvMjQuamdEtLmx/VnLPo5SEaN9evrY5xA//iW",
            "id": "none",
            "keepers": null,
            "length": 24,
            "lower": true,
            "min_lower": 0,
            "min_numeric": 0,
            "min_special": 0,
            "min_upper": 0,
            "number": true,
            "numeric": true,
            "override_special": null,
            "result": "lRdTcsVZcHHO18q7QziojSWZ",
            "special": false,
            "upper": true
          },
          "sensitive_attributes": [
            [
              {
                "type": "get_attr",
                "value": "result"
              }
            ],
            [
              {
                "type": "get_attr",
                "value": "bcrypt_hash"
              }
            ]
          ]
        }
      ]
    },
    {
      "mode": "managed",
      "type": "random_pet",
      "name": "app_release",
      "provider": "provider[\"registry.terraform.io/hashicorp/random\"]",
      "instances": [
        {
          "schema_version": 0,
          "attributes": {
            "id": "acme-e2e-storefront-humble-bee",
            "keepers": {
              "cluster": "345f51f6-854f-12e2-cc95-29ea0e8cac11",
              "db_endpoint": "acme-e2e-orders-29d05511-189c-e205-de80-840618414117.some.cloudprovider.com",
              "db_port": "5432",
              "deploy_key": "a6:cc:4f:a4:17:73:1d:97:d7:6a:91:e1:c3:a9:4e:1f",
              "replicas": "3",
              "runner": "10000000-0000-0000-0000-000000000000",
              "stack": "10000000-0000-0000-0000-000000000000",
              "zone": "acme-charming-finch.internal"
            },
            "length": 2,
            "prefix": "acme-e2e-storefront",
            "separator": "-"
          },
          "sensitive_attributes": []
        }
      ]
    },
    {
      "mode": "managed",
      "type": "tls_private_key",
      "name": "deploy_signer",
      "provider": "provider[\"registry.terraform.io/hashicorp/tls\"]",
      "instances": [
        {
          "schema_version": 1,
          "attributes": {
            "algorithm": "ED25519",
            "ecdsa_curve": "P224",
            "id": "35a488b72649056041d21b685c8b98d5e4ba40a0",
            "private_key_openssh": "-----BEGIN OPENSSH PRIVATE KEY-----\nb3BlbnNzaC1rZXktdjEAAAAABG5vbmUAAAAEbm9uZQAAAAAAAAABAAAAMwAAAAtz\nc2gtZWQyNTUxOQAAACCPgyTfsUzv7tGUlbc90nZKdEqoivVP9sK/Cl4qYIGE8AAA\nAIijuj1co7o9XAAAAAtzc2gtZWQyNTUxOQAAACCPgyTfsUzv7tGUlbc90nZKdEqo\nivVP9sK/Cl4qYIGE8AAAAEBKZfsbsRhcgxGuZKjYhyE2AdvCYL48Mtnte7ZnNb6i\nLI+DJN+xTO/u0ZSVtz3Sdkp0SqiK9U/2wr8KXipggYTwAAAAAAECAwQF\n-----END OPENSSH PRIVATE KEY-----\n",
            "private_key_pem": "-----BEGIN PRIVATE KEY-----\nMC4CAQAwBQYDK2VwBCIEIEpl+xuxGFyDEa5kqNiHITYB28Jgvjwy2e17tmc1vqIs\n-----END PRIVATE KEY-----\n",
            "private_key_pem_pkcs8": "-----BEGIN PRIVATE KEY-----\nMC4CAQAwBQYDK2VwBCIEIEpl+xuxGFyDEa5kqNiHITYB28Jgvjwy2e17tmc1vqIs\n-----END PRIVATE KEY-----\n",
            "public_key_fingerprint_md5": "a6:cc:4f:a4:17:73:1d:97:d7:6a:91:e1:c3:a9:4e:1f",
            "public_key_fingerprint_sha256": "SHA256:OFZISOdYVHF+oM05h/NVA/YhgHDMYXChHDayU6Dz5bk",
            "public_key_openssh": "ssh-ed25519 AAAAC3NzaC1lZDI1NTE5AAAAII+DJN+xTO/u0ZSVtz3Sdkp0SqiK9U/2wr8KXipggYTw\n",
            "public_key_pem": "-----BEGIN PUBLIC KEY-----\nMCowBQYDK2VwAyEAj4Mk37FM7+7RlJW3PdJ2SnRKqIr1T/bCvwpeKmCBhPA=\n-----END PUBLIC KEY-----\n",
            "rsa_bits": 2048
          },
          "sensitive_attributes": [
            [
              {
                "type": "get_attr",
                "value": "private_key_pem_pkcs8"
              }
            ],
            [
              {
                "type": "get_attr",
                "value": "private_key_openssh"
              }
            ],
            [
              {
                "type": "get_attr",
                "value": "private_key_pem"
              }
            ]
          ]
        }
      ]
    },
    {
      "module": "module.storefront_dns",
      "mode": "managed",
      "type": "random_uuid",
      "name": "record_id",
      "provider": "provider[\"registry.terraform.io/hashicorp/random\"]",
      "instances": [
        {
          "schema_version": 0,
          "attributes": {
            "id": "4e909693-0177-d93c-0dce-733f1d245840",
            "keepers": {
              "name": "acme-e2e-storefront",
              "target": "https://kubernetes-345f51f6-854f-12e2-cc95-29ea0e8cac11.amazonaws.com",
              "zone": "acme-charming-finch.internal"
            },
            "result": "4e909693-0177-d93c-0dce-733f1d245840"
          },
          "sensitive_attributes": [],
          "dependencies": [
            "data.snapcd_stack.default",
            "module.cluster.random_uuid.cluster_id",
            "module.cluster.time_sleep.wait_10s",
            "module.private_subnet.random_uuid.route_table_id",
            "module.private_subnet.random_uuid.subnet_id",
            "module.public_subnet.random_uuid.route_table_id",
            "module.public_subnet.random_uuid.subnet_id",
            "random_pet.network_name",
            "random_uuid.vpc_id",
            "time_sleep.network_propagation"
          ]
        }
      ]
    }
  ],
  "check_results": null
}
