{
  "version": 4,
  "terraform_version": "1.8.3",
  "serial": 4,
  "lineage": "d0e8791a-ed57-7eb4-3022-c8fd6ac12cb0",
  "outputs": {},
  "resources": [
    {
      "mode": "managed",
      "type": "random_password",
      "name": "app_session_secret",
      "provider": "provider[\"registry.terraform.io/hashicorp/random\"]",
      "instances": [
        {
          "schema_version": 3,
          "attributes": {
            "bcrypt_hash": "$2a$10$uyYqarMV83jJoM2mSFo2LeYftaVP/3eCGl3ogneZG0gHr6X2XZ6Bm",
            "id": "none",
            "keepers": null,
            "length": 24,
            "lower": true,
            "min_lower": 0,
            "min_numeric": 0,
            "min_special": 0,
            "min_upper": 0,
            "number": true,
            "numeric": true,
            "override_special": null,
            "result": "gL7ZQCLKabLbgu4GMdI9TQeY",
            "special": false,
            "upper": true
          },
          "sensitive_attributes": [
            [
              {
                "type": "get_attr",
                "value": "result"
              }
            ],
            [
              {
                "type": "get_attr",
                "value": "bcrypt_hash"
              }
            ]
          ]
        }
      ]
    },
    {
      "mode": "managed",
      "type": "random_pet",
      "name": "app_release",
      "provider": "provider[\"registry.terraform.io/hashicorp/random\"]",
      "instances": [
        {
          "schema_version": 0,
          "attributes": {
            "id": "acme-e2e-storefront-humane-shad",
            "keepers": {
              "cluster": "1e0b7874-cfbf-11be-cafa-2d4c66a62f0c",
              "db_endpoint": "acme-e2e-orders-f8ea15ea-671c-22d1-73f1-b318d242fc1c.some.cloudprovider.com",
              "db_port": "5432",
              "deploy_key": "6b:32:8b:04:f1:fd:af:58:6e:28:53:58:7e:ee:cc:21",
              "replicas": "3",
              "runner": "10000000-0000-0000-0000-000000000000",
              "stack": "10000000-0000-0000-0000-000000000000",
              "zone": "acme-thankful-crayfish.internal"
            },
            "length": 2,
            "prefix": "acme-e2e-storefront",
            "separator": "-"
          },
          "sensitive_attributes": []
        }
      ]
    },
    {
      "mode": "managed",
      "type": "tls_private_key",
      "name": "deploy_signer",
      "provider": "provider[\"registry.terraform.io/hashicorp/tls\"]",
      "instances": [
        {
          "schema_version": 1,
          "attributes": {
            "algorithm": "ED25519",
            "ecdsa_curve": "P224",
            "id": "e533b9d430d4f5971a25395fc7ef16dc2929a707",
            "private_key_openssh": "-----BEGIN OPENSSH PRIVATE KEY-----\nb3BlbnNzaC1rZXktdjEAAAAABG5vbmUAAAAEbm9uZQAAAAAAAAABAAAAMwAAAAtz\nc2gtZWQyNTUxOQAAACAyDqsAOIeOWvgxkXnPH4cXFcM0aEUN+bR+1U1+7yR6RwAA\nAIgbMaJaGzGiWgAAAAtzc2gtZWQyNTUxOQAAACAyDqsAOIeOWvgxkXnPH4cXFcM0\naEUN+bR+1U1+7yR6RwAAAEDU/yfEwVwzeJeIRsiF7Ae2E1mY2A7a3A+hRByaFs0I\n2zIOqwA4h45a+DGRec8fhxcVwzRoRQ35tH7VTX7vJHpHAAAAAAECAwQF\n-----END OPENSSH PRIVATE KEY-----\n",
            "private_key_pem": "-----BEGIN PRIVATE KEY-----\nMC4CAQAwBQYDK2VwBCIEINT/J8TBXDN4l4hGyIXsB7YTWZjYDtrcD6FEHJoWzQjb\n-----END PRIVATE KEY-----\n",
            "private_key_pem_pkcs8": "-----BEGIN PRIVATE KEY-----\nMC4CAQAwBQYDK2VwBCIEINT/J8TBXDN4l4hGyIXsB7YTWZjYDtrcD6FEHJoWzQjb\n-----END PRIVATE KEY-----\n",
            "public_key_fingerprint_md5": "6b:32:8b:04:f1:fd:af:58:6e:28:53:58:7e:ee:cc:21",
            "public_key_fingerprint_sha256": "SHA256:1V4+MgIffl7xC67nbWg0W0Z9t6Fwh5Wgh7ICyeUTMo8",
            "public_key_openssh": "ssh-ed25519 AAAAC3NzaC1lZDI1NTE5AAAAIDIOqwA4h45a+DGRec8fhxcVwzRoRQ35tH7VTX7vJHpH\n",
            "public_key_pem": "-----BEGIN PUBLIC KEY-----\nMCowBQYDK2VwAyEAMg6rADiHjlr4MZF5zx+HFxXDNGhFDfm0ftVNfu8kekc=\n-----END PUBLIC KEY-----\n",
            "rsa_bits": 2048
          },
          "sensitive_attributes": [
            [
              {
                "type": "get_attr",
                "value": "private_key_pem_pkcs8"
              }
            ],
            [
              {
                "type": "get_attr",
                "value": "private_key_pem"
              }
            ],
            [
              {
                "type": "get_attr",
                "value": "private_key_openssh"
              }
            ]
          ]
        }
      ]
    },
    {
      "module": "module.storefront_dns",
      "mode": "managed",
      "type": "random_uuid",
      "name": "record_id",
      "provider": "provider[\"registry.terraform.io/hashicorp/random\"]",
      "instances": [
        {
          "schema_version": 0,
          "attributes": {
            "id": "1525b510-8f8b-b8c3-d078-d132f994a726",
            "keepers": {
              "name": "acme-e2e-storefront",
              "target": "https://kubernetes-1e0b7874-cfbf-11be-cafa-2d4c66a62f0c.amazonaws.com",
              "zone": "acme-thankful-crayfish.internal"
            },
            "result": "1525b510-8f8b-b8c3-d078-d132f994a726"
          },
          "sensitive_attributes": [],
          "dependencies": [
            "data.snapcd_stack.default",
            "module.cluster.random_uuid.cluster_id",
            "module.cluster.time_sleep.wait_10s",
            "module.private_subnet.random_uuid.route_table_id",
            "module.private_subnet.random_uuid.subnet_id",
            "module.public_subnet.random_uuid.route_table_id",
            "module.public_subnet.random_uuid.subnet_id",
            "random_pet.network_name",
            "random_uuid.vpc_id",
            "time_sleep.network_propagation"
          ]
        }
      ]
    }
  ],
  "check_results": null
}
