{
  "version": 4,
  "terraform_version": "1.8.3",
  "serial": 4,
  "lineage": "0531595d-363e-a923-ac00-e987f576818b",
  "outputs": {},
  "resources": [
    {
      "mode": "managed",
      "type": "random_password",
      "name": "app_session_secret",
      "provider": "provider[\"registry.terraform.io/hashicorp/random\"]",
      "instances": [
        {
          "schema_version": 3,
          "attributes": {
            "bcrypt_hash": "$2a$10$5tfJ4ESuFPx59XS0fjQ8COvn72hMq.m3Y.YyLPdizM.xayoPspLya",
            "id": "none",
            "keepers": null,
            "length": 24,
            "lower": true,
            "min_lower": 0,
            "min_numeric": 0,
            "min_special": 0,
            "min_upper": 0,
            "number": true,
            "numeric": true,
            "override_special": null,
            "result": "bdIzi9Zm9rQMJF6qFiJzEiqP",
            "special": false,
            "upper": true
          },
          "sensitive_attributes": [
            [
              {
                "type": "get_attr",
                "value": "bcrypt_hash"
              }
            ],
            [
              {
                "type": "get_attr",
                "value": "result"
              }
            ]
          ]
        }
      ]
    },
    {
      "mode": "managed",
      "type": "random_pet",
      "name": "app_release",
      "provider": "provider[\"registry.terraform.io/hashicorp/random\"]",
      "instances": [
        {
          "schema_version": 0,
          "attributes": {
            "id": "acme-e2e-storefront-unique-snipe",
            "keepers": {
              "cluster": "8bcc19c7-8d78-9052-5855-513cb8f9f9c9",
              "db_endpoint": "acme-e2e-orders-986eae4e-1f8a-7ae6-7ca3-93c7501af3fd.some.cloudprovider.com",
              "db_port": "5432",
              "deploy_key": "68:7c:0c:bc:58:1b:d3:3c:e5:4c:f5:d4:c9:25:fd:1d",
              "replicas": "3",
              "runner": "10000000-0000-0000-0000-000000000000",
              "stack": "10000000-0000-0000-0000-000000000000",
              "zone": "acme-factual-jackal.internal"
            },
            "length": 2,
            "prefix": "acme-e2e-storefront",
            "separator": "-"
          },
          "sensitive_attributes": []
        }
      ]
    },
    {
      "mode": "managed",
      "type": "tls_private_key",
      "name": "deploy_signer",
      "provider": "provider[\"registry.terraform.io/hashicorp/tls\"]",
      "instances": [
        {
          "schema_version": 1,
          "attributes": {
            "algorithm": "ED25519",
            "ecdsa_curve": "P224",
            "id": "444d4e5c965a263aa1dfeaaa4f4ad1a57377b338",
            "private_key_openssh": "-----BEGIN OPENSSH PRIVATE KEY-----\nb3BlbnNzaC1rZXktdjEAAAAABG5vbmUAAAAEbm9uZQAAAAAAAAABAAAAMwAAAAtz\nc2gtZWQyNTUxOQAAACCXVbkygEi1AeASmHiGmPWUyQ5dKz6nA71QNCfMonr9dwAA\nAIgMcOIzDHDiMwAAAAtzc2gtZWQyNTUxOQAAACCXVbkygEi1AeASmHiGmPWUyQ5d\nKz6nA71QNCfMonr9dwAAAECu0VlYr1SEHKBW6iq2H58WNKqVmTd/CZegNtx8P+GY\nIpdVuTKASLUB4BKYeIaY9ZTJDl0rPqcDvVA0J8yiev13AAAAAAECAwQF\n-----END OPENSSH PRIVATE KEY-----\n",
            "private_key_pem": "-----BEGIN PRIVATE KEY-----\nMC4CAQAwBQYDK2VwBCIEIK7RWVivVIQcoFbqKrYfnxY0qpWZN38Jl6A23Hw/4Zgi\n-----END PRIVATE KEY-----\n",
            "private_key_pem_pkcs8": "-----BEGIN PRIVATE KEY-----\nMC4CAQAwBQYDK2VwBCIEIK7RWVivVIQcoFbqKrYfnxY0qpWZN38Jl6A23Hw/4Zgi\n-----END PRIVATE KEY-----\n",
            "public_key_fingerprint_md5": "68:7c:0c:bc:58:1b:d3:3c:e5:4c:f5:d4:c9:25:fd:1d",
            "public_key_fingerprint_sha256": "SHA256:RgYzjR5Ss/1Wfab1Hd1E7fY1MBBMGwhwnIyeWstJgxQ",
            "public_key_openssh": "ssh-ed25519 AAAAC3NzaC1lZDI1NTE5AAAAIJdVuTKASLUB4BKYeIaY9ZTJDl0rPqcDvVA0J8yiev13\n",
            "public_key_pem": "-----BEGIN PUBLIC KEY-----\nMCowBQYDK2VwAyEAl1W5MoBItQHgEph4hpj1lMkOXSs+pwO9UDQnzKJ6/Xc=\n-----END PUBLIC KEY-----\n",
            "rsa_bits": 2048
          },
          "sensitive_attributes": [
            [
              {
                "type": "get_attr",
                "value": "private_key_pem_pkcs8"
              }
            ],
            [
              {
                "type": "get_attr",
                "value": "private_key_pem"
              }
            ],
            [
              {
                "type": "get_attr",
                "value": "private_key_openssh"
              }
            ]
          ]
        }
      ]
    },
    {
      "module": "module.storefront_dns",
      "mode": "managed",
      "type": "random_uuid",
      "name": "record_id",
      "provider": "provider[\"registry.terraform.io/hashicorp/random\"]",
      "instances": [
        {
          "schema_version": 0,
          "attributes": {
            "id": "9274423c-985f-92c8-fa89-4fc037d0d608",
            "keepers": {
              "name": "acme-e2e-storefront",
              "target": "https://kubernetes-8bcc19c7-8d78-9052-5855-513cb8f9f9c9.amazonaws.com",
              "zone": "acme-factual-jackal.internal"
            },
            "result": "9274423c-985f-92c8-fa89-4fc037d0d608"
          },
          "sensitive_attributes": [],
          "dependencies": [
            "data.snapcd_stack.default",
            "module.cluster.random_uuid.cluster_id",
            "module.cluster.time_sleep.wait_10s",
            "module.private_subnet.random_uuid.route_table_id",
            "module.private_subnet.random_uuid.subnet_id",
            "module.public_subnet.random_uuid.route_table_id",
            "module.public_subnet.random_uuid.subnet_id",
            "random_pet.network_name",
            "random_uuid.vpc_id",
            "time_sleep.network_propagation"
          ]
        }
      ]
    }
  ],
  "check_results": null
}
