{
  "version": 4,
  "terraform_version": "1.8.3",
  "serial": 4,
  "lineage": "533e7c53-6e5e-aea4-d2ea-f42036fac707",
  "outputs": {},
  "resources": [
    {
      "mode": "managed",
      "type": "random_password",
      "name": "app_session_secret",
      "provider": "provider[\"registry.terraform.io/hashicorp/random\"]",
      "instances": [
        {
          "schema_version": 3,
          "attributes": {
            "bcrypt_hash": "$2a$10$IiFO7luqyDFJBFmGTXlx8ewVKimn3XTSQTYm5S5Qnep89mUFsVI8.",
            "id": "none",
            "keepers": null,
            "length": 24,
            "lower": true,
            "min_lower": 0,
            "min_numeric": 0,
            "min_special": 0,
            "min_upper": 0,
            "number": true,
            "numeric": true,
            "override_special": null,
            "result": "KEN95UC00iOLzPIIOtLVhfPO",
            "special": false,
            "upper": true
          },
          "sensitive_attributes": [
            [
              {
                "type": "get_attr",
                "value": "result"
              }
            ],
            [
              {
                "type": "get_attr",
                "value": "bcrypt_hash"
              }
            ]
          ]
        }
      ]
    },
    {
      "mode": "managed",
      "type": "random_pet",
      "name": "app_release",
      "provider": "provider[\"registry.terraform.io/hashicorp/random\"]",
      "instances": [
        {
          "schema_version": 0,
          "attributes": {
            "id": "acme-e2e-storefront-sharp-moccasin",
            "keepers": {
              "cluster": "c5193c9f-b4b6-5fc8-1d69-35fea81f5908",
              "db_endpoint": "acme-e2e-orders-6ce1e22f-9126-acc9-ddbd-cd7953618216.some.cloudprovider.com",
              "db_port": "5432",
              "deploy_key": "70:ea:ee:95:21:1b:7b:d9:22:c0:68:9b:ec:d9:3d:9f",
              "replicas": "3",
              "runner": "10000000-0000-0000-0000-000000000000",
              "stack": "10000000-0000-0000-0000-000000000000",
              "zone": "acme-witty-tadpole.internal"
            },
            "length": 2,
            "prefix": "acme-e2e-storefront",
            "separator": "-"
          },
          "sensitive_attributes": []
        }
      ]
    },
    {
      "mode": "managed",
      "type": "tls_private_key",
      "name": "deploy_signer",
      "provider": "provider[\"registry.terraform.io/hashicorp/tls\"]",
      "instances": [
        {
          "schema_version": 1,
          "attributes": {
            "algorithm": "ED25519",
            "ecdsa_curve": "P224",
            "id": "e3c44dddfe22e4386eb0d5da54fbbbd8da2711bc",
            "private_key_openssh": "-----BEGIN OPENSSH PRIVATE KEY-----\nb3BlbnNzaC1rZXktdjEAAAAABG5vbmUAAAAEbm9uZQAAAAAAAAABAAAAMwAAAAtz\nc2gtZWQyNTUxOQAAACBbGjPM7UJ6orGD8gbe6gq5vz8MUfksHOj3QBJec0IsQAAA\nAIi87DJpvOwyaQAAAAtzc2gtZWQyNTUxOQAAACBbGjPM7UJ6orGD8gbe6gq5vz8M\nUfksHOj3QBJec0IsQAAAAEC0FVIV9YczMt/5ZHeiBxBHLhFO++XeScPI7P5OWZGK\nGlsaM8ztQnqisYPyBt7qCrm/PwxR+Swc6PdAEl5zQixAAAAAAAECAwQF\n-----END OPENSSH PRIVATE KEY-----\n",
            "private_key_pem": "-----BEGIN PRIVATE KEY-----\nMC4CAQAwBQYDK2VwBCIEILQVUhX1hzMy3/lkd6IHEEcuEU775d5Jw8js/k5ZkYoa\n-----END PRIVATE KEY-----\n",
            "private_key_pem_pkcs8": "-----BEGIN PRIVATE KEY-----\nMC4CAQAwBQYDK2VwBCIEILQVUhX1hzMy3/lkd6IHEEcuEU775d5Jw8js/k5ZkYoa\n-----END PRIVATE KEY-----\n",
            "public_key_fingerprint_md5": "70:ea:ee:95:21:1b:7b:d9:22:c0:68:9b:ec:d9:3d:9f",
            "public_key_fingerprint_sha256": "SHA256:nJdaKfnuoR8SOU06puX8IMYj0f41CT+MB5+XeJqB7nw",
            "public_key_openssh": "ssh-ed25519 AAAAC3NzaC1lZDI1NTE5AAAAIFsaM8ztQnqisYPyBt7qCrm/PwxR+Swc6PdAEl5zQixA\n",
            "public_key_pem": "-----BEGIN PUBLIC KEY-----\nMCowBQYDK2VwAyEAWxozzO1CeqKxg/IG3uoKub8/DFH5LBzo90ASXnNCLEA=\n-----END PUBLIC KEY-----\n",
            "rsa_bits": 2048
          },
          "sensitive_attributes": [
            [
              {
                "type": "get_attr",
                "value": "private_key_openssh"
              }
            ],
            [
              {
                "type": "get_attr",
                "value": "private_key_pem_pkcs8"
              }
            ],
            [
              {
                "type": "get_attr",
                "value": "private_key_pem"
              }
            ]
          ]
        }
      ]
    },
    {
      "module": "module.storefront_dns",
      "mode": "managed",
      "type": "random_uuid",
      "name": "record_id",
      "provider": "provider[\"registry.terraform.io/hashicorp/random\"]",
      "instances": [
        {
          "schema_version": 0,
          "attributes": {
            "id": "6d105c02-db86-843b-4748-0ab89dc57308",
            "keepers": {
              "name": "acme-e2e-storefront",
              "target": "https://kubernetes-c5193c9f-b4b6-5fc8-1d69-35fea81f5908.amazonaws.com",
              "zone": "acme-witty-tadpole.internal"
            },
            "result": "6d105c02-db86-843b-4748-0ab89dc57308"
          },
          "sensitive_attributes": [],
          "dependencies": [
            "data.snapcd_stack.default",
            "module.cluster.random_uuid.cluster_id",
            "module.cluster.time_sleep.wait_10s",
            "module.private_subnet.random_uuid.route_table_id",
            "module.private_subnet.random_uuid.subnet_id",
            "module.public_subnet.random_uuid.route_table_id",
            "module.public_subnet.random_uuid.subnet_id",
            "random_pet.network_name",
            "random_uuid.vpc_id",
            "time_sleep.network_propagation"
          ]
        }
      ]
    }
  ],
  "check_results": null
}
