{
  "version": 4,
  "terraform_version": "1.8.3",
  "serial": 2,
  "lineage": "f9d0d3fc-b8c1-70c6-a9df-1b66423cd4d1",
  "outputs": {},
  "resources": [
    {
      "mode": "managed",
      "type": "random_pet",
      "name": "node_pool",
      "provider": "provider[\"registry.terraform.io/hashicorp/random\"]",
      "instances": [
        {
          "schema_version": 0,
          "attributes": {
            "id": "acme-e2e-cluster-united-parrot",
            "keepers": {
              "nodes": "2",
              "runner": "10000000-0000-0000-0000-000000000000"
            },
            "length": 2,
            "prefix": "acme-e2e-cluster",
            "separator": "-"
          },
          "sensitive_attributes": [],
          "dependencies": [
            "data.snapcd_runner.default"
          ]
        }
      ]
    },
    {
      "module": "module.cluster",
      "mode": "managed",
      "type": "random_string",
      "name": "kubeconfig",
      "provider": "provider[\"registry.terraform.io/hashicorp/random\"]",
      "instances": [
        {
          "schema_version": 2,
          "attributes": {
            "id": "{q\u0026yu[s\u003cts3q",
            "keepers": null,
            "length": 12,
            "lower": true,
            "min_lower": 0,
            "min_numeric": 0,
            "min_special": 0,
            "min_upper": 0,
            "number": true,
            "numeric": true,
            "override_special": null,
            "result": "{q\u0026yu[s\u003cts3q",
            "special": true,
            "upper": false
          },
          "sensitive_attributes": []
        }
      ]
    },
    {
      "module": "module.cluster",
      "mode": "managed",
      "type": "random_uuid",
      "name": "cluster_id",
      "provider": "provider[\"registry.terraform.io/hashicorp/random\"]",
      "instances": [
        {
          "schema_version": 0,
          "attributes": {
            "id": "c5193c9f-b4b6-5fc8-1d69-35fea81f5908",
            "keepers": null,
            "result": "c5193c9f-b4b6-5fc8-1d69-35fea81f5908"
          },
          "sensitive_attributes": []
        }
      ]
    },
    {
      "module": "module.cluster",
      "mode": "managed",
      "type": "random_uuid",
      "name": "node_group_id",
      "provider": "provider[\"registry.terraform.io/hashicorp/random\"]",
      "instances": [
        {
          "schema_version": 0,
          "attributes": {
            "id": "1d5e7178-f376-ae7f-77bf-df341c4b6017",
            "keepers": null,
            "result": "1d5e7178-f376-ae7f-77bf-df341c4b6017"
          },
          "sensitive_attributes": []
        }
      ]
    },
    {
      "module": "module.cluster",
      "mode": "managed",
      "type": "time_sleep",
      "name": "wait_10s",
      "provider": "provider[\"registry.terraform.io/hashicorp/time\"]",
      "instances": [
        {
          "schema_version": 0,
          "attributes": {
            "create_duration": "10s",
            "destroy_duration": "10s",
            "id": "2026-08-17T17:56:05Z",
            "triggers": null
          },
          "sensitive_attributes": [],
          "dependencies": [
            "module.private_subnet.random_uuid.route_table_id",
            "module.private_subnet.random_uuid.subnet_id",
            "module.public_subnet.random_uuid.route_table_id",
            "module.public_subnet.random_uuid.subnet_id",
            "random_uuid.vpc_id",
            "time_sleep.network_propagation"
          ]
        }
      ]
    }
  ],
  "check_results": null
}
