{
  "version": 4,
  "terraform_version": "1.8.3",
  "serial": 2,
  "lineage": "ac2e5e89-9ae2-6206-3eb6-d6fa9d748aac",
  "outputs": {},
  "resources": [
    {
      "mode": "managed",
      "type": "random_pet",
      "name": "node_pool",
      "provider": "provider[\"registry.terraform.io/hashicorp/random\"]",
      "instances": [
        {
          "schema_version": 0,
          "attributes": {
            "id": "acme-e2e-cluster-eager-turtle",
            "keepers": {
              "nodes": "2",
              "runner": "10000000-0000-0000-0000-000000000000"
            },
            "length": 2,
            "prefix": "acme-e2e-cluster",
            "separator": "-"
          },
          "sensitive_attributes": [],
          "dependencies": [
            "data.snapcd_runner.default"
          ]
        }
      ]
    },
    {
      "module": "module.cluster",
      "mode": "managed",
      "type": "random_string",
      "name": "kubeconfig",
      "provider": "provider[\"registry.terraform.io/hashicorp/random\"]",
      "instances": [
        {
          "schema_version": 2,
          "attributes": {
            "id": "w]k1(14[{7a!",
            "keepers": null,
            "length": 12,
            "lower": true,
            "min_lower": 0,
            "min_numeric": 0,
            "min_special": 0,
            "min_upper": 0,
            "number": true,
            "numeric": true,
            "override_special": null,
            "result": "w]k1(14[{7a!",
            "special": true,
            "upper": false
          },
          "sensitive_attributes": []
        }
      ]
    },
    {
      "module": "module.cluster",
      "mode": "managed",
      "type": "random_uuid",
      "name": "cluster_id",
      "provider": "provider[\"registry.terraform.io/hashicorp/random\"]",
      "instances": [
        {
          "schema_version": 0,
          "attributes": {
            "id": "8bcc19c7-8d78-9052-5855-513cb8f9f9c9",
            "keepers": null,
            "result": "8bcc19c7-8d78-9052-5855-513cb8f9f9c9"
          },
          "sensitive_attributes": []
        }
      ]
    },
    {
      "module": "module.cluster",
      "mode": "managed",
      "type": "random_uuid",
      "name": "node_group_id",
      "provider": "provider[\"registry.terraform.io/hashicorp/random\"]",
      "instances": [
        {
          "schema_version": 0,
          "attributes": {
            "id": "29a6ab84-317a-1776-9213-df1c541e4322",
            "keepers": null,
            "result": "29a6ab84-317a-1776-9213-df1c541e4322"
          },
          "sensitive_attributes": []
        }
      ]
    },
    {
      "module": "module.cluster",
      "mode": "managed",
      "type": "time_sleep",
      "name": "wait_10s",
      "provider": "provider[\"registry.terraform.io/hashicorp/time\"]",
      "instances": [
        {
          "schema_version": 0,
          "attributes": {
            "create_duration": "10s",
            "destroy_duration": "10s",
            "id": "2026-08-17T16:09:53Z",
            "triggers": null
          },
          "sensitive_attributes": [],
          "dependencies": [
            "module.private_subnet.random_uuid.route_table_id",
            "module.private_subnet.random_uuid.subnet_id",
            "module.public_subnet.random_uuid.route_table_id",
            "module.public_subnet.random_uuid.subnet_id",
            "random_uuid.vpc_id",
            "time_sleep.network_propagation"
          ]
        }
      ]
    }
  ],
  "check_results": null
}
