{
  "version": 4,
  "terraform_version": "1.8.3",
  "serial": 2,
  "lineage": "3c57136e-7a92-580f-2a10-a57e1cc1147b",
  "outputs": {},
  "resources": [
    {
      "mode": "managed",
      "type": "random_uuid",
      "name": "database_firewall_rule",
      "provider": "provider[\"registry.terraform.io/hashicorp/random\"]",
      "instances": [
        {
          "schema_version": 0,
          "attributes": {
            "id": "0d38f043-5c20-3367-d7a7-eb48ec1d6ccc",
            "keepers": {
              "port": "5432",
              "stack": "10000000-0000-0000-0000-000000000000",
              "subnet_cidr": "10.0.2.0/24"
            },
            "result": "0d38f043-5c20-3367-d7a7-eb48ec1d6ccc"
          },
          "sensitive_attributes": [],
          "dependencies": [
            "data.snapcd_stack.default"
          ]
        }
      ]
    },
    {
      "module": "module.database",
      "mode": "managed",
      "type": "random_password",
      "name": "admin_password",
      "provider": "provider[\"registry.terraform.io/hashicorp/random\"]",
      "instances": [
        {
          "schema_version": 3,
          "attributes": {
            "bcrypt_hash": "$2a$10$YCUWhx3vIoB7zzzT8OG7jO8gfxsaN9./NBfVHQf9L1aBbEuoMZl.q",
            "id": "none",
            "keepers": null,
            "length": 16,
            "lower": true,
            "min_lower": 0,
            "min_numeric": 0,
            "min_special": 0,
            "min_upper": 0,
            "number": true,
            "numeric": true,
            "override_special": null,
            "result": "p@n3\u0026i#VuYXym!fa",
            "special": true,
            "upper": true
          },
          "sensitive_attributes": [
            [
              {
                "type": "get_attr",
                "value": "bcrypt_hash"
              }
            ],
            [
              {
                "type": "get_attr",
                "value": "result"
              }
            ]
          ]
        }
      ]
    },
    {
      "module": "module.database",
      "mode": "managed",
      "type": "random_uuid",
      "name": "database_id",
      "provider": "provider[\"registry.terraform.io/hashicorp/random\"]",
      "instances": [
        {
          "schema_version": 0,
          "attributes": {
            "id": "986eae4e-1f8a-7ae6-7ca3-93c7501af3fd",
            "keepers": null,
            "result": "986eae4e-1f8a-7ae6-7ca3-93c7501af3fd"
          },
          "sensitive_attributes": []
        }
      ]
    },
    {
      "module": "module.database",
      "mode": "managed",
      "type": "time_sleep",
      "name": "wait_10s",
      "provider": "provider[\"registry.terraform.io/hashicorp/time\"]",
      "instances": [
        {
          "schema_version": 0,
          "attributes": {
            "create_duration": "10s",
            "destroy_duration": "10s",
            "id": "2026-08-17T16:09:43Z",
            "triggers": null
          },
          "sensitive_attributes": []
        }
      ]
    }
  ],
  "check_results": null
}
