{
  "version": 4,
  "terraform_version": "1.8.3",
  "serial": 2,
  "lineage": "d7379a68-5c5a-79e2-4c55-f8ba469d9b1a",
  "outputs": {},
  "resources": [
    {
      "mode": "managed",
      "type": "random_uuid",
      "name": "database_firewall_rule",
      "provider": "provider[\"registry.terraform.io/hashicorp/random\"]",
      "instances": [
        {
          "schema_version": 0,
          "attributes": {
            "id": "2a302d80-aa5d-fac8-0d1d-85686f9cf26e",
            "keepers": {
              "port": "5432",
              "stack": "10000000-0000-0000-0000-000000000000",
              "subnet_cidr": "10.0.2.0/24"
            },
            "result": "2a302d80-aa5d-fac8-0d1d-85686f9cf26e"
          },
          "sensitive_attributes": [],
          "dependencies": [
            "data.snapcd_stack.default"
          ]
        }
      ]
    },
    {
      "module": "module.database",
      "mode": "managed",
      "type": "random_password",
      "name": "admin_password",
      "provider": "provider[\"registry.terraform.io/hashicorp/random\"]",
      "instances": [
        {
          "schema_version": 3,
          "attributes": {
            "bcrypt_hash": "$2a$10$TEMvHFwOw2IYx6I5L.PLre15kXyx/TfFCLY32xRaWTxM5ziD5zZry",
            "id": "none",
            "keepers": null,
            "length": 16,
            "lower": true,
            "min_lower": 0,
            "min_numeric": 0,
            "min_special": 0,
            "min_upper": 0,
            "number": true,
            "numeric": true,
            "override_special": null,
            "result": "4[vb2w-Lh_mPaF\u003eH",
            "special": true,
            "upper": true
          },
          "sensitive_attributes": [
            [
              {
                "type": "get_attr",
                "value": "result"
              }
            ],
            [
              {
                "type": "get_attr",
                "value": "bcrypt_hash"
              }
            ]
          ]
        }
      ]
    },
    {
      "module": "module.database",
      "mode": "managed",
      "type": "random_uuid",
      "name": "database_id",
      "provider": "provider[\"registry.terraform.io/hashicorp/random\"]",
      "instances": [
        {
          "schema_version": 0,
          "attributes": {
            "id": "29d05511-189c-e205-de80-840618414117",
            "keepers": null,
            "result": "29d05511-189c-e205-de80-840618414117"
          },
          "sensitive_attributes": []
        }
      ]
    },
    {
      "module": "module.database",
      "mode": "managed",
      "type": "time_sleep",
      "name": "wait_10s",
      "provider": "provider[\"registry.terraform.io/hashicorp/time\"]",
      "instances": [
        {
          "schema_version": 0,
          "attributes": {
            "create_duration": "10s",
            "destroy_duration": "10s",
            "id": "2026-08-17T19:27:02Z",
            "triggers": null
          },
          "sensitive_attributes": []
        }
      ]
    }
  ],
  "check_results": null
}
