{
  "version": 4,
  "terraform_version": "1.8.3",
  "serial": 15,
  "lineage": "37988099-b08e-aed4-f5c4-23c6a905ba03",
  "outputs": {
    "app_fqdn": {
      "value": "acme-e2e-storefront.acme-thankful-crayfish.internal",
      "type": "string"
    },
    "cluster_endpoint": {
      "value": "https://kubernetes-1e0b7874-cfbf-11be-cafa-2d4c66a62f0c.amazonaws.com",
      "type": "string"
    },
    "database_endpoint": {
      "value": "acme-e2e-orders-f8ea15ea-671c-22d1-73f1-b318d242fc1c.some.cloudprovider.com",
      "type": "string"
    },
    "deploy_key_fingerprint": {
      "value": "6b:32:8b:04:f1:fd:af:58:6e:28:53:58:7e:ee:cc:21",
      "type": "string"
    },
    "vpc_id": {
      "value": "69d08a6d-3ad3-d840-e86f-473247973a79",
      "type": "string"
    }
  },
  "resources": [
    {
      "mode": "data",
      "type": "snapcd_runner",
      "name": "default",
      "provider": "provider[\"registry.terraform.io/schrieksoft/snapcd\"]",
      "instances": [
        {
          "schema_version": 0,
          "attributes": {
            "allow_multiple_instances": true,
            "id": "10000000-0000-0000-0000-000000000000",
            "is_disabled": false,
            "is_supplied_to_all_modules": false,
            "name": "default",
            "service_principal_id": "10000000-0000-0000-0000-000000000000"
          },
          "sensitive_attributes": []
        }
      ]
    },
    {
      "mode": "data",
      "type": "snapcd_stack",
      "name": "default",
      "provider": "provider[\"registry.terraform.io/schrieksoft/snapcd\"]",
      "instances": [
        {
          "schema_version": 0,
          "attributes": {
            "id": "10000000-0000-0000-0000-000000000000",
            "name": "default",
            "trigger_behaviour_on_modified": "DoNotTrigger"
          },
          "sensitive_attributes": []
        }
      ]
    },
    {
      "mode": "data",
      "type": "tls_public_key",
      "name": "deploy_key",
      "provider": "provider[\"registry.terraform.io/hashicorp/tls\"]",
      "instances": [
        {
          "schema_version": 0,
          "attributes": {
            "algorithm": "ED25519",
            "id": "e533b9d430d4f5971a25395fc7ef16dc2929a707",
            "private_key_openssh": null,
            "private_key_pem": "-----BEGIN PRIVATE KEY-----\nMC4CAQAwBQYDK2VwBCIEINT/J8TBXDN4l4hGyIXsB7YTWZjYDtrcD6FEHJoWzQjb\n-----END PRIVATE KEY-----\n",
            "public_key_fingerprint_md5": "6b:32:8b:04:f1:fd:af:58:6e:28:53:58:7e:ee:cc:21",
            "public_key_fingerprint_sha256": "SHA256:1V4+MgIffl7xC67nbWg0W0Z9t6Fwh5Wgh7ICyeUTMo8",
            "public_key_openssh": "ssh-ed25519 AAAAC3NzaC1lZDI1NTE5AAAAIDIOqwA4h45a+DGRec8fhxcVwzRoRQ35tH7VTX7vJHpH\n",
            "public_key_pem": "-----BEGIN PUBLIC KEY-----\nMCowBQYDK2VwAyEAMg6rADiHjlr4MZF5zx+HFxXDNGhFDfm0ftVNfu8kekc=\n-----END PUBLIC KEY-----\n"
          },
          "sensitive_attributes": [
            [
              {
                "type": "get_attr",
                "value": "private_key_openssh"
              }
            ],
            [
              {
                "type": "get_attr",
                "value": "private_key_pem"
              }
            ]
          ]
        }
      ]
    },
    {
      "mode": "managed",
      "type": "random_pet",
      "name": "backup_plan",
      "provider": "provider[\"registry.terraform.io/hashicorp/random\"]",
      "instances": [
        {
          "schema_version": 0,
          "attributes": {
            "id": "patient-ewe",
            "keepers": null,
            "length": 2,
            "prefix": null,
            "separator": "-"
          },
          "sensitive_attributes": []
        }
      ]
    },
    {
      "mode": "managed",
      "type": "random_uuid",
      "name": "audit_log_bucket_id",
      "provider": "provider[\"registry.terraform.io/hashicorp/random\"]",
      "instances": [
        {
          "schema_version": 0,
          "attributes": {
            "id": "bf4b21a6-dd2f-868e-46bf-5e2b7d7ee2a3",
            "keepers": null,
            "result": "bf4b21a6-dd2f-868e-46bf-5e2b7d7ee2a3"
          },
          "sensitive_attributes": []
        }
      ]
    }
  ],
  "check_results": null
}
