{
  "version": 4,
  "terraform_version": "1.8.3",
  "serial": 16,
  "lineage": "26a385df-d187-538f-1f33-df237c4c6ab0",
  "outputs": {
    "app_fqdn": {
      "value": "acme-e2e-storefront.acme-witty-tadpole.internal",
      "type": "string"
    },
    "cluster_endpoint": {
      "value": "https://kubernetes-c5193c9f-b4b6-5fc8-1d69-35fea81f5908.amazonaws.com",
      "type": "string"
    },
    "database_endpoint": {
      "value": "acme-e2e-orders-6ce1e22f-9126-acc9-ddbd-cd7953618216.some.cloudprovider.com",
      "type": "string"
    },
    "deploy_key_fingerprint": {
      "value": "70:ea:ee:95:21:1b:7b:d9:22:c0:68:9b:ec:d9:3d:9f",
      "type": "string"
    },
    "vpc_id": {
      "value": "1b2e6f68-bc44-e43b-4c57-f4c6c643e9f0",
      "type": "string"
    }
  },
  "resources": [
    {
      "mode": "data",
      "type": "snapcd_runner",
      "name": "default",
      "provider": "provider[\"registry.terraform.io/schrieksoft/snapcd\"]",
      "instances": [
        {
          "schema_version": 0,
          "attributes": {
            "allow_multiple_instances": true,
            "id": "10000000-0000-0000-0000-000000000000",
            "is_disabled": false,
            "is_supplied_to_all_modules": false,
            "name": "default",
            "service_principal_id": "10000000-0000-0000-0000-000000000000"
          },
          "sensitive_attributes": []
        }
      ]
    },
    {
      "mode": "data",
      "type": "snapcd_stack",
      "name": "default",
      "provider": "provider[\"registry.terraform.io/schrieksoft/snapcd\"]",
      "instances": [
        {
          "schema_version": 0,
          "attributes": {
            "id": "10000000-0000-0000-0000-000000000000",
            "name": "default",
            "trigger_behaviour_on_modified": "DoNotTrigger"
          },
          "sensitive_attributes": []
        }
      ]
    },
    {
      "mode": "data",
      "type": "tls_public_key",
      "name": "deploy_key",
      "provider": "provider[\"registry.terraform.io/hashicorp/tls\"]",
      "instances": [
        {
          "schema_version": 0,
          "attributes": {
            "algorithm": "ED25519",
            "id": "e3c44dddfe22e4386eb0d5da54fbbbd8da2711bc",
            "private_key_openssh": null,
            "private_key_pem": "-----BEGIN PRIVATE KEY-----\nMC4CAQAwBQYDK2VwBCIEILQVUhX1hzMy3/lkd6IHEEcuEU775d5Jw8js/k5ZkYoa\n-----END PRIVATE KEY-----\n",
            "public_key_fingerprint_md5": "70:ea:ee:95:21:1b:7b:d9:22:c0:68:9b:ec:d9:3d:9f",
            "public_key_fingerprint_sha256": "SHA256:nJdaKfnuoR8SOU06puX8IMYj0f41CT+MB5+XeJqB7nw",
            "public_key_openssh": "ssh-ed25519 AAAAC3NzaC1lZDI1NTE5AAAAIFsaM8ztQnqisYPyBt7qCrm/PwxR+Swc6PdAEl5zQixA\n",
            "public_key_pem": "-----BEGIN PUBLIC KEY-----\nMCowBQYDK2VwAyEAWxozzO1CeqKxg/IG3uoKub8/DFH5LBzo90ASXnNCLEA=\n-----END PUBLIC KEY-----\n"
          },
          "sensitive_attributes": [
            [
              {
                "type": "get_attr",
                "value": "private_key_pem"
              }
            ],
            [
              {
                "type": "get_attr",
                "value": "private_key_openssh"
              }
            ]
          ]
        }
      ]
    },
    {
      "mode": "managed",
      "type": "random_pet",
      "name": "backup_plan",
      "provider": "provider[\"registry.terraform.io/hashicorp/random\"]",
      "instances": [
        {
          "schema_version": 0,
          "attributes": {
            "id": "evolving-jennet",
            "keepers": null,
            "length": 2,
            "prefix": null,
            "separator": "-"
          },
          "sensitive_attributes": []
        }
      ]
    },
    {
      "mode": "managed",
      "type": "random_uuid",
      "name": "audit_log_bucket_id",
      "provider": "provider[\"registry.terraform.io/hashicorp/random\"]",
      "instances": [
        {
          "schema_version": 0,
          "attributes": {
            "id": "cd13e58d-bc78-d656-8d48-534d0d815840",
            "keepers": null,
            "result": "cd13e58d-bc78-d656-8d48-534d0d815840"
          },
          "sensitive_attributes": []
        }
      ]
    }
  ],
  "check_results": null
}
