{
  "version": 4,
  "terraform_version": "1.8.3",
  "serial": 2,
  "lineage": "26a385df-d187-538f-1f33-df237c4c6ab0",
  "outputs": {
    "app_fqdn": {
      "value": "acme-e2e-storefront.acme-witty-tadpole.internal",
      "type": "string"
    },
    "cluster_endpoint": {
      "value": "https://kubernetes-c5193c9f-b4b6-5fc8-1d69-35fea81f5908.amazonaws.com",
      "type": "string"
    },
    "database_endpoint": {
      "value": "acme-e2e-orders-6ce1e22f-9126-acc9-ddbd-cd7953618216.some.cloudprovider.com",
      "type": "string"
    },
    "deploy_key_fingerprint": {
      "value": "70:ea:ee:95:21:1b:7b:d9:22:c0:68:9b:ec:d9:3d:9f",
      "type": "string"
    },
    "vpc_id": {
      "value": "1b2e6f68-bc44-e43b-4c57-f4c6c643e9f0",
      "type": "string"
    }
  },
  "resources": [
    {
      "mode": "data",
      "type": "snapcd_runner",
      "name": "default",
      "provider": "provider[\"registry.terraform.io/schrieksoft/snapcd\"]",
      "instances": [
        {
          "schema_version": 0,
          "attributes": {
            "allow_multiple_instances": true,
            "id": "10000000-0000-0000-0000-000000000000",
            "is_disabled": false,
            "is_supplied_to_all_modules": false,
            "name": "default",
            "service_principal_id": "10000000-0000-0000-0000-000000000000"
          },
          "sensitive_attributes": []
        }
      ]
    },
    {
      "mode": "data",
      "type": "snapcd_stack",
      "name": "default",
      "provider": "provider[\"registry.terraform.io/schrieksoft/snapcd\"]",
      "instances": [
        {
          "schema_version": 0,
          "attributes": {
            "id": "10000000-0000-0000-0000-000000000000",
            "name": "default",
            "trigger_behaviour_on_modified": "DoNotTrigger"
          },
          "sensitive_attributes": []
        }
      ]
    },
    {
      "mode": "data",
      "type": "tls_public_key",
      "name": "deploy_key",
      "provider": "provider[\"registry.terraform.io/hashicorp/tls\"]",
      "instances": [
        {
          "schema_version": 0,
          "attributes": {
            "algorithm": "ED25519",
            "id": "e3c44dddfe22e4386eb0d5da54fbbbd8da2711bc",
            "private_key_openssh": null,
            "private_key_pem": "-----BEGIN PRIVATE KEY-----\nMC4CAQAwBQYDK2VwBCIEILQVUhX1hzMy3/lkd6IHEEcuEU775d5Jw8js/k5ZkYoa\n-----END PRIVATE KEY-----\n",
            "public_key_fingerprint_md5": "70:ea:ee:95:21:1b:7b:d9:22:c0:68:9b:ec:d9:3d:9f",
            "public_key_fingerprint_sha256": "SHA256:nJdaKfnuoR8SOU06puX8IMYj0f41CT+MB5+XeJqB7nw",
            "public_key_openssh": "ssh-ed25519 AAAAC3NzaC1lZDI1NTE5AAAAIFsaM8ztQnqisYPyBt7qCrm/PwxR+Swc6PdAEl5zQixA\n",
            "public_key_pem": "-----BEGIN PUBLIC KEY-----\nMCowBQYDK2VwAyEAWxozzO1CeqKxg/IG3uoKub8/DFH5LBzo90ASXnNCLEA=\n-----END PUBLIC KEY-----\n"
          },
          "sensitive_attributes": [
            [
              {
                "type": "get_attr",
                "value": "private_key_pem"
              }
            ],
            [
              {
                "type": "get_attr",
                "value": "private_key_openssh"
              }
            ]
          ]
        }
      ]
    },
    {
      "mode": "managed",
      "type": "random_password",
      "name": "app_session_secret",
      "provider": "provider[\"registry.terraform.io/hashicorp/random\"]",
      "instances": [
        {
          "schema_version": 3,
          "attributes": {
            "bcrypt_hash": "$2a$10$IiFO7luqyDFJBFmGTXlx8ewVKimn3XTSQTYm5S5Qnep89mUFsVI8.",
            "id": "none",
            "keepers": null,
            "length": 24,
            "lower": true,
            "min_lower": 0,
            "min_numeric": 0,
            "min_special": 0,
            "min_upper": 0,
            "number": true,
            "numeric": true,
            "override_special": null,
            "result": "KEN95UC00iOLzPIIOtLVhfPO",
            "special": false,
            "upper": true
          },
          "sensitive_attributes": [
            [
              {
                "type": "get_attr",
                "value": "result"
              }
            ],
            [
              {
                "type": "get_attr",
                "value": "bcrypt_hash"
              }
            ]
          ]
        }
      ]
    },
    {
      "mode": "managed",
      "type": "random_pet",
      "name": "app_release",
      "provider": "provider[\"registry.terraform.io/hashicorp/random\"]",
      "instances": [
        {
          "schema_version": 0,
          "attributes": {
            "id": "acme-e2e-storefront-sharp-moccasin",
            "keepers": {
              "cluster": "c5193c9f-b4b6-5fc8-1d69-35fea81f5908",
              "db_endpoint": "acme-e2e-orders-6ce1e22f-9126-acc9-ddbd-cd7953618216.some.cloudprovider.com",
              "db_port": "5432",
              "deploy_key": "70:ea:ee:95:21:1b:7b:d9:22:c0:68:9b:ec:d9:3d:9f",
              "replicas": "3",
              "runner": "10000000-0000-0000-0000-000000000000",
              "stack": "10000000-0000-0000-0000-000000000000",
              "zone": "acme-witty-tadpole.internal"
            },
            "length": 2,
            "prefix": "acme-e2e-storefront",
            "separator": "-"
          },
          "sensitive_attributes": [],
          "dependencies": [
            "data.snapcd_runner.default",
            "data.snapcd_stack.default",
            "data.tls_public_key.deploy_key",
            "module.cluster.random_uuid.cluster_id",
            "module.cluster.time_sleep.wait_10s",
            "module.database.random_uuid.database_id",
            "module.database.time_sleep.wait_10s",
            "module.private_subnet.random_uuid.route_table_id",
            "module.private_subnet.random_uuid.subnet_id",
            "module.public_subnet.random_uuid.route_table_id",
            "module.public_subnet.random_uuid.subnet_id",
            "random_pet.network_name",
            "random_uuid.vpc_id",
            "time_sleep.network_propagation",
            "tls_private_key.deploy_signer"
          ]
        }
      ]
    },
    {
      "mode": "managed",
      "type": "random_pet",
      "name": "backup_plan",
      "provider": "provider[\"registry.terraform.io/hashicorp/random\"]",
      "instances": [
        {
          "schema_version": 0,
          "attributes": {
            "id": "evolving-jennet",
            "keepers": null,
            "length": 2,
            "prefix": null,
            "separator": "-"
          },
          "sensitive_attributes": []
        }
      ]
    },
    {
      "mode": "managed",
      "type": "random_pet",
      "name": "network_name",
      "provider": "provider[\"registry.terraform.io/hashicorp/random\"]",
      "instances": [
        {
          "schema_version": 0,
          "attributes": {
            "id": "acme-witty-tadpole",
            "keepers": {
              "stack": "default"
            },
            "length": 2,
            "prefix": "acme",
            "separator": "-"
          },
          "sensitive_attributes": [],
          "dependencies": [
            "data.snapcd_stack.default"
          ]
        }
      ]
    },
    {
      "mode": "managed",
      "type": "random_pet",
      "name": "node_pool",
      "provider": "provider[\"registry.terraform.io/hashicorp/random\"]",
      "instances": [
        {
          "schema_version": 0,
          "attributes": {
            "id": "acme-e2e-cluster-united-parrot",
            "keepers": {
              "nodes": "2",
              "runner": "10000000-0000-0000-0000-000000000000"
            },
            "length": 2,
            "prefix": "acme-e2e-cluster",
            "separator": "-"
          },
          "sensitive_attributes": [],
          "dependencies": [
            "data.snapcd_runner.default"
          ]
        }
      ]
    },
    {
      "mode": "managed",
      "type": "random_uuid",
      "name": "audit_log_bucket_id",
      "provider": "provider[\"registry.terraform.io/hashicorp/random\"]",
      "instances": [
        {
          "schema_version": 0,
          "attributes": {
            "id": "cd13e58d-bc78-d656-8d48-534d0d815840",
            "keepers": null,
            "result": "cd13e58d-bc78-d656-8d48-534d0d815840"
          },
          "sensitive_attributes": []
        }
      ]
    },
    {
      "mode": "managed",
      "type": "random_uuid",
      "name": "database_firewall_rule",
      "provider": "provider[\"registry.terraform.io/hashicorp/random\"]",
      "instances": [
        {
          "schema_version": 0,
          "attributes": {
            "id": "a1a19d29-d0a9-d394-a24f-cbe894364107",
            "keepers": {
              "port": "5432",
              "stack": "10000000-0000-0000-0000-000000000000",
              "subnet_cidr": "10.0.2.0/24"
            },
            "result": "a1a19d29-d0a9-d394-a24f-cbe894364107"
          },
          "sensitive_attributes": [],
          "dependencies": [
            "data.snapcd_stack.default"
          ]
        }
      ]
    },
    {
      "mode": "managed",
      "type": "random_uuid",
      "name": "nat_gateway_id",
      "provider": "provider[\"registry.terraform.io/hashicorp/random\"]",
      "instances": [
        {
          "schema_version": 0,
          "attributes": {
            "id": "95038cc0-d782-71d3-fb73-554ca80f9b14",
            "keepers": null,
            "result": "95038cc0-d782-71d3-fb73-554ca80f9b14"
          },
          "sensitive_attributes": [],
          "dependencies": [
            "module.private_subnet.random_uuid.route_table_id",
            "module.private_subnet.random_uuid.subnet_id",
            "module.public_subnet.random_uuid.route_table_id",
            "module.public_subnet.random_uuid.subnet_id",
            "random_uuid.vpc_id",
            "time_sleep.network_propagation"
          ]
        }
      ]
    },
    {
      "mode": "managed",
      "type": "random_uuid",
      "name": "vpc_id",
      "provider": "provider[\"registry.terraform.io/hashicorp/random\"]",
      "instances": [
        {
          "schema_version": 0,
          "attributes": {
            "id": "1b2e6f68-bc44-e43b-4c57-f4c6c643e9f0",
            "keepers": null,
            "result": "1b2e6f68-bc44-e43b-4c57-f4c6c643e9f0"
          },
          "sensitive_attributes": []
        }
      ]
    },
    {
      "mode": "managed",
      "type": "time_sleep",
      "name": "network_propagation",
      "provider": "provider[\"registry.terraform.io/hashicorp/time\"]",
      "instances": [
        {
          "schema_version": 0,
          "attributes": {
            "create_duration": "10s",
            "destroy_duration": null,
            "id": "2026-08-17T17:55:55Z",
            "triggers": null
          },
          "sensitive_attributes": [],
          "dependencies": [
            "module.private_subnet.random_uuid.route_table_id",
            "module.private_subnet.random_uuid.subnet_id",
            "module.public_subnet.random_uuid.route_table_id",
            "module.public_subnet.random_uuid.subnet_id",
            "random_uuid.vpc_id"
          ]
        }
      ]
    },
    {
      "mode": "managed",
      "type": "tls_private_key",
      "name": "deploy_signer",
      "provider": "provider[\"registry.terraform.io/hashicorp/tls\"]",
      "instances": [
        {
          "schema_version": 1,
          "attributes": {
            "algorithm": "ED25519",
            "ecdsa_curve": "P224",
            "id": "e3c44dddfe22e4386eb0d5da54fbbbd8da2711bc",
            "private_key_openssh": "-----BEGIN OPENSSH PRIVATE KEY-----\nb3BlbnNzaC1rZXktdjEAAAAABG5vbmUAAAAEbm9uZQAAAAAAAAABAAAAMwAAAAtz\nc2gtZWQyNTUxOQAAACBbGjPM7UJ6orGD8gbe6gq5vz8MUfksHOj3QBJec0IsQAAA\nAIi87DJpvOwyaQAAAAtzc2gtZWQyNTUxOQAAACBbGjPM7UJ6orGD8gbe6gq5vz8M\nUfksHOj3QBJec0IsQAAAAEC0FVIV9YczMt/5ZHeiBxBHLhFO++XeScPI7P5OWZGK\nGlsaM8ztQnqisYPyBt7qCrm/PwxR+Swc6PdAEl5zQixAAAAAAAECAwQF\n-----END OPENSSH PRIVATE KEY-----\n",
            "private_key_pem": "-----BEGIN PRIVATE KEY-----\nMC4CAQAwBQYDK2VwBCIEILQVUhX1hzMy3/lkd6IHEEcuEU775d5Jw8js/k5ZkYoa\n-----END PRIVATE KEY-----\n",
            "private_key_pem_pkcs8": "-----BEGIN PRIVATE KEY-----\nMC4CAQAwBQYDK2VwBCIEILQVUhX1hzMy3/lkd6IHEEcuEU775d5Jw8js/k5ZkYoa\n-----END PRIVATE KEY-----\n",
            "public_key_fingerprint_md5": "70:ea:ee:95:21:1b:7b:d9:22:c0:68:9b:ec:d9:3d:9f",
            "public_key_fingerprint_sha256": "SHA256:nJdaKfnuoR8SOU06puX8IMYj0f41CT+MB5+XeJqB7nw",
            "public_key_openssh": "ssh-ed25519 AAAAC3NzaC1lZDI1NTE5AAAAIFsaM8ztQnqisYPyBt7qCrm/PwxR+Swc6PdAEl5zQixA\n",
            "public_key_pem": "-----BEGIN PUBLIC KEY-----\nMCowBQYDK2VwAyEAWxozzO1CeqKxg/IG3uoKub8/DFH5LBzo90ASXnNCLEA=\n-----END PUBLIC KEY-----\n",
            "rsa_bits": 2048
          },
          "sensitive_attributes": [
            [
              {
                "type": "get_attr",
                "value": "private_key_openssh"
              }
            ],
            [
              {
                "type": "get_attr",
                "value": "private_key_pem_pkcs8"
              }
            ],
            [
              {
                "type": "get_attr",
                "value": "private_key_pem"
              }
            ]
          ]
        }
      ]
    },
    {
      "module": "module.cluster",
      "mode": "managed",
      "type": "random_string",
      "name": "kubeconfig",
      "provider": "provider[\"registry.terraform.io/hashicorp/random\"]",
      "instances": [
        {
          "schema_version": 2,
          "attributes": {
            "id": "{q\u0026yu[s\u003cts3q",
            "keepers": null,
            "length": 12,
            "lower": true,
            "min_lower": 0,
            "min_numeric": 0,
            "min_special": 0,
            "min_upper": 0,
            "number": true,
            "numeric": true,
            "override_special": null,
            "result": "{q\u0026yu[s\u003cts3q",
            "special": true,
            "upper": false
          },
          "sensitive_attributes": [],
          "dependencies": [
            "module.cluster.time_sleep.wait_10s",
            "module.private_subnet.random_uuid.route_table_id",
            "module.private_subnet.random_uuid.subnet_id",
            "module.public_subnet.random_uuid.route_table_id",
            "module.public_subnet.random_uuid.subnet_id",
            "random_uuid.vpc_id",
            "time_sleep.network_propagation"
          ]
        }
      ]
    },
    {
      "module": "module.cluster",
      "mode": "managed",
      "type": "random_uuid",
      "name": "cluster_id",
      "provider": "provider[\"registry.terraform.io/hashicorp/random\"]",
      "instances": [
        {
          "schema_version": 0,
          "attributes": {
            "id": "c5193c9f-b4b6-5fc8-1d69-35fea81f5908",
            "keepers": null,
            "result": "c5193c9f-b4b6-5fc8-1d69-35fea81f5908"
          },
          "sensitive_attributes": [],
          "dependencies": [
            "module.cluster.time_sleep.wait_10s",
            "module.private_subnet.random_uuid.route_table_id",
            "module.private_subnet.random_uuid.subnet_id",
            "module.public_subnet.random_uuid.route_table_id",
            "module.public_subnet.random_uuid.subnet_id",
            "random_uuid.vpc_id",
            "time_sleep.network_propagation"
          ]
        }
      ]
    },
    {
      "module": "module.cluster",
      "mode": "managed",
      "type": "random_uuid",
      "name": "node_group_id",
      "provider": "provider[\"registry.terraform.io/hashicorp/random\"]",
      "instances": [
        {
          "schema_version": 0,
          "attributes": {
            "id": "1d5e7178-f376-ae7f-77bf-df341c4b6017",
            "keepers": null,
            "result": "1d5e7178-f376-ae7f-77bf-df341c4b6017"
          },
          "sensitive_attributes": [],
          "dependencies": [
            "module.cluster.time_sleep.wait_10s",
            "module.private_subnet.random_uuid.route_table_id",
            "module.private_subnet.random_uuid.subnet_id",
            "module.public_subnet.random_uuid.route_table_id",
            "module.public_subnet.random_uuid.subnet_id",
            "random_uuid.vpc_id",
            "time_sleep.network_propagation"
          ]
        }
      ]
    },
    {
      "module": "module.cluster",
      "mode": "managed",
      "type": "time_sleep",
      "name": "wait_10s",
      "provider": "provider[\"registry.terraform.io/hashicorp/time\"]",
      "instances": [
        {
          "schema_version": 0,
          "attributes": {
            "create_duration": "10s",
            "destroy_duration": "10s",
            "id": "2026-08-17T17:56:05Z",
            "triggers": null
          },
          "sensitive_attributes": [],
          "dependencies": [
            "module.private_subnet.random_uuid.route_table_id",
            "module.private_subnet.random_uuid.subnet_id",
            "module.public_subnet.random_uuid.route_table_id",
            "module.public_subnet.random_uuid.subnet_id",
            "random_uuid.vpc_id",
            "time_sleep.network_propagation"
          ]
        }
      ]
    },
    {
      "module": "module.database",
      "mode": "managed",
      "type": "random_password",
      "name": "admin_password",
      "provider": "provider[\"registry.terraform.io/hashicorp/random\"]",
      "instances": [
        {
          "schema_version": 3,
          "attributes": {
            "bcrypt_hash": "$2a$10$ZeTmyl3GGLW.7WrjuKBxG.7z3K49PVqJhAvfwWACqJHCPLMdWgpaO",
            "id": "none",
            "keepers": null,
            "length": 16,
            "lower": true,
            "min_lower": 0,
            "min_numeric": 0,
            "min_special": 0,
            "min_upper": 0,
            "number": true,
            "numeric": true,
            "override_special": null,
            "result": "#m}UVak5db0?mOE1",
            "special": true,
            "upper": true
          },
          "sensitive_attributes": [
            [
              {
                "type": "get_attr",
                "value": "bcrypt_hash"
              }
            ],
            [
              {
                "type": "get_attr",
                "value": "result"
              }
            ]
          ],
          "dependencies": [
            "module.database.time_sleep.wait_10s"
          ]
        }
      ]
    },
    {
      "module": "module.database",
      "mode": "managed",
      "type": "random_uuid",
      "name": "database_id",
      "provider": "provider[\"registry.terraform.io/hashicorp/random\"]",
      "instances": [
        {
          "schema_version": 0,
          "attributes": {
            "id": "6ce1e22f-9126-acc9-ddbd-cd7953618216",
            "keepers": null,
            "result": "6ce1e22f-9126-acc9-ddbd-cd7953618216"
          },
          "sensitive_attributes": [],
          "dependencies": [
            "module.database.time_sleep.wait_10s"
          ]
        }
      ]
    },
    {
      "module": "module.database",
      "mode": "managed",
      "type": "time_sleep",
      "name": "wait_10s",
      "provider": "provider[\"registry.terraform.io/hashicorp/time\"]",
      "instances": [
        {
          "schema_version": 0,
          "attributes": {
            "create_duration": "10s",
            "destroy_duration": "10s",
            "id": "2026-08-17T17:55:55Z",
            "triggers": null
          },
          "sensitive_attributes": []
        }
      ]
    },
    {
      "module": "module.private_subnet",
      "mode": "managed",
      "type": "random_uuid",
      "name": "route_table_id",
      "provider": "provider[\"registry.terraform.io/hashicorp/random\"]",
      "instances": [
        {
          "schema_version": 0,
          "attributes": {
            "id": "cf00af02-4389-ac71-af7e-573e46f23319",
            "keepers": {
              "subnet_id": "9d6411d3-88fa-35e9-1806-0d3f106a6187"
            },
            "result": "cf00af02-4389-ac71-af7e-573e46f23319"
          },
          "sensitive_attributes": [],
          "dependencies": [
            "module.private_subnet.random_uuid.subnet_id",
            "random_uuid.vpc_id"
          ]
        }
      ]
    },
    {
      "module": "module.private_subnet",
      "mode": "managed",
      "type": "random_uuid",
      "name": "subnet_id",
      "provider": "provider[\"registry.terraform.io/hashicorp/random\"]",
      "instances": [
        {
          "schema_version": 0,
          "attributes": {
            "id": "9d6411d3-88fa-35e9-1806-0d3f106a6187",
            "keepers": {
              "cidr": "10.0.2.0/24",
              "vpc_id": "1b2e6f68-bc44-e43b-4c57-f4c6c643e9f0"
            },
            "result": "9d6411d3-88fa-35e9-1806-0d3f106a6187"
          },
          "sensitive_attributes": [],
          "dependencies": [
            "random_uuid.vpc_id"
          ]
        }
      ]
    },
    {
      "module": "module.public_subnet",
      "mode": "managed",
      "type": "random_uuid",
      "name": "route_table_id",
      "provider": "provider[\"registry.terraform.io/hashicorp/random\"]",
      "instances": [
        {
          "schema_version": 0,
          "attributes": {
            "id": "dcd568d1-3f87-633a-0a71-1059fff233aa",
            "keepers": {
              "subnet_id": "39a4cf66-27e5-f67a-4698-7be72cdcce5f"
            },
            "result": "dcd568d1-3f87-633a-0a71-1059fff233aa"
          },
          "sensitive_attributes": [],
          "dependencies": [
            "module.public_subnet.random_uuid.subnet_id",
            "random_uuid.vpc_id"
          ]
        }
      ]
    },
    {
      "module": "module.public_subnet",
      "mode": "managed",
      "type": "random_uuid",
      "name": "subnet_id",
      "provider": "provider[\"registry.terraform.io/hashicorp/random\"]",
      "instances": [
        {
          "schema_version": 0,
          "attributes": {
            "id": "39a4cf66-27e5-f67a-4698-7be72cdcce5f",
            "keepers": {
              "cidr": "10.0.1.0/24",
              "vpc_id": "1b2e6f68-bc44-e43b-4c57-f4c6c643e9f0"
            },
            "result": "39a4cf66-27e5-f67a-4698-7be72cdcce5f"
          },
          "sensitive_attributes": [],
          "dependencies": [
            "random_uuid.vpc_id"
          ]
        }
      ]
    },
    {
      "module": "module.storefront_dns",
      "mode": "managed",
      "type": "random_uuid",
      "name": "record_id",
      "provider": "provider[\"registry.terraform.io/hashicorp/random\"]",
      "instances": [
        {
          "schema_version": 0,
          "attributes": {
            "id": "6d105c02-db86-843b-4748-0ab89dc57308",
            "keepers": {
              "name": "acme-e2e-storefront",
              "target": "https://kubernetes-c5193c9f-b4b6-5fc8-1d69-35fea81f5908.amazonaws.com",
              "zone": "acme-witty-tadpole.internal"
            },
            "result": "6d105c02-db86-843b-4748-0ab89dc57308"
          },
          "sensitive_attributes": [],
          "dependencies": [
            "data.snapcd_stack.default",
            "module.cluster.random_uuid.cluster_id",
            "module.cluster.time_sleep.wait_10s",
            "module.private_subnet.random_uuid.route_table_id",
            "module.private_subnet.random_uuid.subnet_id",
            "module.public_subnet.random_uuid.route_table_id",
            "module.public_subnet.random_uuid.subnet_id",
            "random_pet.network_name",
            "random_uuid.vpc_id",
            "time_sleep.network_propagation"
          ]
        }
      ]
    }
  ],
  "check_results": null
}

