{
  "version": 4,
  "terraform_version": "1.8.3",
  "serial": 16,
  "lineage": "f1f1f512-544d-ecfe-ff06-111d3c9cdb3c",
  "outputs": {
    "app_fqdn": {
      "value": "acme-e2e-storefront.acme-factual-jackal.internal",
      "type": "string"
    },
    "cluster_endpoint": {
      "value": "https://kubernetes-8bcc19c7-8d78-9052-5855-513cb8f9f9c9.amazonaws.com",
      "type": "string"
    },
    "database_endpoint": {
      "value": "acme-e2e-orders-986eae4e-1f8a-7ae6-7ca3-93c7501af3fd.some.cloudprovider.com",
      "type": "string"
    },
    "deploy_key_fingerprint": {
      "value": "68:7c:0c:bc:58:1b:d3:3c:e5:4c:f5:d4:c9:25:fd:1d",
      "type": "string"
    },
    "vpc_id": {
      "value": "31436460-b30d-5135-29bf-c5dbc3f97d92",
      "type": "string"
    }
  },
  "resources": [
    {
      "mode": "data",
      "type": "snapcd_runner",
      "name": "default",
      "provider": "provider[\"registry.terraform.io/schrieksoft/snapcd\"]",
      "instances": [
        {
          "schema_version": 0,
          "attributes": {
            "allow_multiple_instances": true,
            "id": "10000000-0000-0000-0000-000000000000",
            "is_disabled": false,
            "is_supplied_to_all_modules": false,
            "name": "default",
            "service_principal_id": "10000000-0000-0000-0000-000000000000"
          },
          "sensitive_attributes": []
        }
      ]
    },
    {
      "mode": "data",
      "type": "snapcd_stack",
      "name": "default",
      "provider": "provider[\"registry.terraform.io/schrieksoft/snapcd\"]",
      "instances": [
        {
          "schema_version": 0,
          "attributes": {
            "id": "10000000-0000-0000-0000-000000000000",
            "name": "default",
            "trigger_behaviour_on_modified": "DoNotTrigger"
          },
          "sensitive_attributes": []
        }
      ]
    },
    {
      "mode": "data",
      "type": "tls_public_key",
      "name": "deploy_key",
      "provider": "provider[\"registry.terraform.io/hashicorp/tls\"]",
      "instances": [
        {
          "schema_version": 0,
          "attributes": {
            "algorithm": "ED25519",
            "id": "444d4e5c965a263aa1dfeaaa4f4ad1a57377b338",
            "private_key_openssh": null,
            "private_key_pem": "-----BEGIN PRIVATE KEY-----\nMC4CAQAwBQYDK2VwBCIEIK7RWVivVIQcoFbqKrYfnxY0qpWZN38Jl6A23Hw/4Zgi\n-----END PRIVATE KEY-----\n",
            "public_key_fingerprint_md5": "68:7c:0c:bc:58:1b:d3:3c:e5:4c:f5:d4:c9:25:fd:1d",
            "public_key_fingerprint_sha256": "SHA256:RgYzjR5Ss/1Wfab1Hd1E7fY1MBBMGwhwnIyeWstJgxQ",
            "public_key_openssh": "ssh-ed25519 AAAAC3NzaC1lZDI1NTE5AAAAIJdVuTKASLUB4BKYeIaY9ZTJDl0rPqcDvVA0J8yiev13\n",
            "public_key_pem": "-----BEGIN PUBLIC KEY-----\nMCowBQYDK2VwAyEAl1W5MoBItQHgEph4hpj1lMkOXSs+pwO9UDQnzKJ6/Xc=\n-----END PUBLIC KEY-----\n"
          },
          "sensitive_attributes": [
            [
              {
                "type": "get_attr",
                "value": "private_key_pem"
              }
            ],
            [
              {
                "type": "get_attr",
                "value": "private_key_openssh"
              }
            ]
          ]
        }
      ]
    },
    {
      "mode": "managed",
      "type": "random_pet",
      "name": "backup_plan",
      "provider": "provider[\"registry.terraform.io/hashicorp/random\"]",
      "instances": [
        {
          "schema_version": 0,
          "attributes": {
            "id": "present-stallion",
            "keepers": null,
            "length": 2,
            "prefix": null,
            "separator": "-"
          },
          "sensitive_attributes": []
        }
      ]
    },
    {
      "mode": "managed",
      "type": "random_uuid",
      "name": "audit_log_bucket_id",
      "provider": "provider[\"registry.terraform.io/hashicorp/random\"]",
      "instances": [
        {
          "schema_version": 0,
          "attributes": {
            "id": "55568d48-23a6-e7d0-8a34-d30ee036ed95",
            "keepers": null,
            "result": "55568d48-23a6-e7d0-8a34-d30ee036ed95"
          },
          "sensitive_attributes": []
        }
      ]
    }
  ],
  "check_results": null
}
