{
  "version": 4,
  "terraform_version": "1.8.3",
  "serial": 15,
  "lineage": "4fc123fc-dd02-9578-87f4-36c16e496bd6",
  "outputs": {
    "app_fqdn": {
      "value": "acme-e2e-storefront.acme-charming-finch.internal",
      "type": "string"
    },
    "cluster_endpoint": {
      "value": "https://kubernetes-345f51f6-854f-12e2-cc95-29ea0e8cac11.amazonaws.com",
      "type": "string"
    },
    "database_endpoint": {
      "value": "acme-e2e-orders-29d05511-189c-e205-de80-840618414117.some.cloudprovider.com",
      "type": "string"
    },
    "deploy_key_fingerprint": {
      "value": "a6:cc:4f:a4:17:73:1d:97:d7:6a:91:e1:c3:a9:4e:1f",
      "type": "string"
    },
    "vpc_id": {
      "value": "c95e2f9f-b5ec-2b98-1994-2f19e31e876c",
      "type": "string"
    }
  },
  "resources": [
    {
      "mode": "data",
      "type": "snapcd_runner",
      "name": "default",
      "provider": "provider[\"registry.terraform.io/schrieksoft/snapcd\"]",
      "instances": [
        {
          "schema_version": 0,
          "attributes": {
            "allow_multiple_instances": true,
            "id": "10000000-0000-0000-0000-000000000000",
            "is_disabled": false,
            "is_supplied_to_all_modules": false,
            "name": "default",
            "service_principal_id": "10000000-0000-0000-0000-000000000000"
          },
          "sensitive_attributes": []
        }
      ]
    },
    {
      "mode": "data",
      "type": "snapcd_stack",
      "name": "default",
      "provider": "provider[\"registry.terraform.io/schrieksoft/snapcd\"]",
      "instances": [
        {
          "schema_version": 0,
          "attributes": {
            "id": "10000000-0000-0000-0000-000000000000",
            "name": "default",
            "trigger_behaviour_on_modified": "DoNotTrigger"
          },
          "sensitive_attributes": []
        }
      ]
    },
    {
      "mode": "data",
      "type": "tls_public_key",
      "name": "deploy_key",
      "provider": "provider[\"registry.terraform.io/hashicorp/tls\"]",
      "instances": [
        {
          "schema_version": 0,
          "attributes": {
            "algorithm": "ED25519",
            "id": "35a488b72649056041d21b685c8b98d5e4ba40a0",
            "private_key_openssh": null,
            "private_key_pem": "-----BEGIN PRIVATE KEY-----\nMC4CAQAwBQYDK2VwBCIEIEpl+xuxGFyDEa5kqNiHITYB28Jgvjwy2e17tmc1vqIs\n-----END PRIVATE KEY-----\n",
            "public_key_fingerprint_md5": "a6:cc:4f:a4:17:73:1d:97:d7:6a:91:e1:c3:a9:4e:1f",
            "public_key_fingerprint_sha256": "SHA256:OFZISOdYVHF+oM05h/NVA/YhgHDMYXChHDayU6Dz5bk",
            "public_key_openssh": "ssh-ed25519 AAAAC3NzaC1lZDI1NTE5AAAAII+DJN+xTO/u0ZSVtz3Sdkp0SqiK9U/2wr8KXipggYTw\n",
            "public_key_pem": "-----BEGIN PUBLIC KEY-----\nMCowBQYDK2VwAyEAj4Mk37FM7+7RlJW3PdJ2SnRKqIr1T/bCvwpeKmCBhPA=\n-----END PUBLIC KEY-----\n"
          },
          "sensitive_attributes": [
            [
              {
                "type": "get_attr",
                "value": "private_key_openssh"
              }
            ],
            [
              {
                "type": "get_attr",
                "value": "private_key_pem"
              }
            ]
          ]
        }
      ]
    },
    {
      "mode": "managed",
      "type": "random_pet",
      "name": "backup_plan",
      "provider": "provider[\"registry.terraform.io/hashicorp/random\"]",
      "instances": [
        {
          "schema_version": 0,
          "attributes": {
            "id": "measured-mole",
            "keepers": null,
            "length": 2,
            "prefix": null,
            "separator": "-"
          },
          "sensitive_attributes": []
        }
      ]
    },
    {
      "mode": "managed",
      "type": "random_uuid",
      "name": "audit_log_bucket_id",
      "provider": "provider[\"registry.terraform.io/hashicorp/random\"]",
      "instances": [
        {
          "schema_version": 0,
          "attributes": {
            "id": "48e469ab-21c1-17fe-f275-3b2e32f7d6ff",
            "keepers": null,
            "result": "48e469ab-21c1-17fe-f275-3b2e32f7d6ff"
          },
          "sensitive_attributes": []
        }
      ]
    }
  ],
  "check_results": null
}
