{
  "version": 4,
  "terraform_version": "1.8.3",
  "serial": 1,
  "lineage": "4fc123fc-dd02-9578-87f4-36c16e496bd6",
  "outputs": {
    "app_fqdn": {
      "value": "acme-e2e-storefront.acme-charming-finch.internal",
      "type": "string"
    },
    "cluster_endpoint": {
      "value": "https://kubernetes-345f51f6-854f-12e2-cc95-29ea0e8cac11.amazonaws.com",
      "type": "string"
    },
    "database_endpoint": {
      "value": "acme-e2e-orders-29d05511-189c-e205-de80-840618414117.some.cloudprovider.com",
      "type": "string"
    },
    "deploy_key_fingerprint": {
      "value": "a6:cc:4f:a4:17:73:1d:97:d7:6a:91:e1:c3:a9:4e:1f",
      "type": "string"
    },
    "vpc_id": {
      "value": "c95e2f9f-b5ec-2b98-1994-2f19e31e876c",
      "type": "string"
    }
  },
  "resources": [
    {
      "mode": "data",
      "type": "snapcd_runner",
      "name": "default",
      "provider": "provider[\"registry.terraform.io/schrieksoft/snapcd\"]",
      "instances": [
        {
          "schema_version": 0,
          "attributes": {
            "allow_multiple_instances": true,
            "id": "10000000-0000-0000-0000-000000000000",
            "is_disabled": false,
            "is_supplied_to_all_modules": false,
            "name": "default",
            "service_principal_id": "10000000-0000-0000-0000-000000000000"
          },
          "sensitive_attributes": []
        }
      ]
    },
    {
      "mode": "data",
      "type": "snapcd_stack",
      "name": "default",
      "provider": "provider[\"registry.terraform.io/schrieksoft/snapcd\"]",
      "instances": [
        {
          "schema_version": 0,
          "attributes": {
            "id": "10000000-0000-0000-0000-000000000000",
            "name": "default",
            "trigger_behaviour_on_modified": "DoNotTrigger"
          },
          "sensitive_attributes": []
        }
      ]
    },
    {
      "mode": "data",
      "type": "tls_public_key",
      "name": "deploy_key",
      "provider": "provider[\"registry.terraform.io/hashicorp/tls\"]",
      "instances": [
        {
          "schema_version": 0,
          "attributes": {
            "algorithm": "ED25519",
            "id": "35a488b72649056041d21b685c8b98d5e4ba40a0",
            "private_key_openssh": null,
            "private_key_pem": "-----BEGIN PRIVATE KEY-----\nMC4CAQAwBQYDK2VwBCIEIEpl+xuxGFyDEa5kqNiHITYB28Jgvjwy2e17tmc1vqIs\n-----END PRIVATE KEY-----\n",
            "public_key_fingerprint_md5": "a6:cc:4f:a4:17:73:1d:97:d7:6a:91:e1:c3:a9:4e:1f",
            "public_key_fingerprint_sha256": "SHA256:OFZISOdYVHF+oM05h/NVA/YhgHDMYXChHDayU6Dz5bk",
            "public_key_openssh": "ssh-ed25519 AAAAC3NzaC1lZDI1NTE5AAAAII+DJN+xTO/u0ZSVtz3Sdkp0SqiK9U/2wr8KXipggYTw\n",
            "public_key_pem": "-----BEGIN PUBLIC KEY-----\nMCowBQYDK2VwAyEAj4Mk37FM7+7RlJW3PdJ2SnRKqIr1T/bCvwpeKmCBhPA=\n-----END PUBLIC KEY-----\n"
          },
          "sensitive_attributes": [
            [
              {
                "type": "get_attr",
                "value": "private_key_openssh"
              }
            ],
            [
              {
                "type": "get_attr",
                "value": "private_key_pem"
              }
            ]
          ]
        }
      ]
    },
    {
      "mode": "managed",
      "type": "random_password",
      "name": "app_session_secret",
      "provider": "provider[\"registry.terraform.io/hashicorp/random\"]",
      "instances": [
        {
          "schema_version": 3,
          "attributes": {
            "bcrypt_hash": "$2a$10$FWL8tP38PhJR9fuRkvMjQuamdEtLmx/VnLPo5SEaN9evrY5xA//iW",
            "id": "none",
            "keepers": null,
            "length": 24,
            "lower": true,
            "min_lower": 0,
            "min_numeric": 0,
            "min_special": 0,
            "min_upper": 0,
            "number": true,
            "numeric": true,
            "override_special": null,
            "result": "lRdTcsVZcHHO18q7QziojSWZ",
            "special": false,
            "upper": true
          },
          "sensitive_attributes": [
            [
              {
                "type": "get_attr",
                "value": "result"
              }
            ],
            [
              {
                "type": "get_attr",
                "value": "bcrypt_hash"
              }
            ]
          ]
        }
      ]
    },
    {
      "mode": "managed",
      "type": "random_pet",
      "name": "app_release",
      "provider": "provider[\"registry.terraform.io/hashicorp/random\"]",
      "instances": [
        {
          "schema_version": 0,
          "attributes": {
            "id": "acme-e2e-storefront-humble-bee",
            "keepers": {
              "cluster": "345f51f6-854f-12e2-cc95-29ea0e8cac11",
              "db_endpoint": "acme-e2e-orders-29d05511-189c-e205-de80-840618414117.some.cloudprovider.com",
              "db_port": "5432",
              "deploy_key": "a6:cc:4f:a4:17:73:1d:97:d7:6a:91:e1:c3:a9:4e:1f",
              "replicas": "3",
              "runner": "10000000-0000-0000-0000-000000000000",
              "stack": "10000000-0000-0000-0000-000000000000",
              "zone": "acme-charming-finch.internal"
            },
            "length": 2,
            "prefix": "acme-e2e-storefront",
            "separator": "-"
          },
          "sensitive_attributes": [],
          "dependencies": [
            "data.snapcd_runner.default",
            "data.snapcd_stack.default",
            "data.tls_public_key.deploy_key",
            "module.cluster.random_uuid.cluster_id",
            "module.cluster.time_sleep.wait_10s",
            "module.database.random_uuid.database_id",
            "module.database.time_sleep.wait_10s",
            "module.private_subnet.random_uuid.route_table_id",
            "module.private_subnet.random_uuid.subnet_id",
            "module.public_subnet.random_uuid.route_table_id",
            "module.public_subnet.random_uuid.subnet_id",
            "random_pet.network_name",
            "random_uuid.vpc_id",
            "time_sleep.network_propagation",
            "tls_private_key.deploy_signer"
          ]
        }
      ]
    },
    {
      "mode": "managed",
      "type": "random_pet",
      "name": "backup_plan",
      "provider": "provider[\"registry.terraform.io/hashicorp/random\"]",
      "instances": [
        {
          "schema_version": 0,
          "attributes": {
            "id": "measured-mole",
            "keepers": null,
            "length": 2,
            "prefix": null,
            "separator": "-"
          },
          "sensitive_attributes": []
        }
      ]
    },
    {
      "mode": "managed",
      "type": "random_pet",
      "name": "network_name",
      "provider": "provider[\"registry.terraform.io/hashicorp/random\"]",
      "instances": [
        {
          "schema_version": 0,
          "attributes": {
            "id": "acme-charming-finch",
            "keepers": {
              "stack": "default"
            },
            "length": 2,
            "prefix": "acme",
            "separator": "-"
          },
          "sensitive_attributes": [],
          "dependencies": [
            "data.snapcd_stack.default"
          ]
        }
      ]
    },
    {
      "mode": "managed",
      "type": "random_pet",
      "name": "node_pool",
      "provider": "provider[\"registry.terraform.io/hashicorp/random\"]",
      "instances": [
        {
          "schema_version": 0,
          "attributes": {
            "id": "acme-e2e-cluster-humane-oyster",
            "keepers": {
              "nodes": "2",
              "runner": "10000000-0000-0000-0000-000000000000"
            },
            "length": 2,
            "prefix": "acme-e2e-cluster",
            "separator": "-"
          },
          "sensitive_attributes": [],
          "dependencies": [
            "data.snapcd_runner.default"
          ]
        }
      ]
    },
    {
      "mode": "managed",
      "type": "random_uuid",
      "name": "audit_log_bucket_id",
      "provider": "provider[\"registry.terraform.io/hashicorp/random\"]",
      "instances": [
        {
          "schema_version": 0,
          "attributes": {
            "id": "48e469ab-21c1-17fe-f275-3b2e32f7d6ff",
            "keepers": null,
            "result": "48e469ab-21c1-17fe-f275-3b2e32f7d6ff"
          },
          "sensitive_attributes": []
        }
      ]
    },
    {
      "mode": "managed",
      "type": "random_uuid",
      "name": "database_firewall_rule",
      "provider": "provider[\"registry.terraform.io/hashicorp/random\"]",
      "instances": [
        {
          "schema_version": 0,
          "attributes": {
            "id": "2a302d80-aa5d-fac8-0d1d-85686f9cf26e",
            "keepers": {
              "port": "5432",
              "stack": "10000000-0000-0000-0000-000000000000",
              "subnet_cidr": "10.0.2.0/24"
            },
            "result": "2a302d80-aa5d-fac8-0d1d-85686f9cf26e"
          },
          "sensitive_attributes": [],
          "dependencies": [
            "data.snapcd_stack.default"
          ]
        }
      ]
    },
    {
      "mode": "managed",
      "type": "random_uuid",
      "name": "nat_gateway_id",
      "provider": "provider[\"registry.terraform.io/hashicorp/random\"]",
      "instances": [
        {
          "schema_version": 0,
          "attributes": {
            "id": "34da8a27-2b78-261c-0b3d-84c671760cd7",
            "keepers": null,
            "result": "34da8a27-2b78-261c-0b3d-84c671760cd7"
          },
          "sensitive_attributes": [],
          "dependencies": [
            "module.private_subnet.random_uuid.route_table_id",
            "module.private_subnet.random_uuid.subnet_id",
            "module.public_subnet.random_uuid.route_table_id",
            "module.public_subnet.random_uuid.subnet_id",
            "random_uuid.vpc_id",
            "time_sleep.network_propagation"
          ]
        }
      ]
    },
    {
      "mode": "managed",
      "type": "random_uuid",
      "name": "vpc_id",
      "provider": "provider[\"registry.terraform.io/hashicorp/random\"]",
      "instances": [
        {
          "schema_version": 0,
          "attributes": {
            "id": "c95e2f9f-b5ec-2b98-1994-2f19e31e876c",
            "keepers": null,
            "result": "c95e2f9f-b5ec-2b98-1994-2f19e31e876c"
          },
          "sensitive_attributes": []
        }
      ]
    },
    {
      "mode": "managed",
      "type": "time_sleep",
      "name": "network_propagation",
      "provider": "provider[\"registry.terraform.io/hashicorp/time\"]",
      "instances": [
        {
          "schema_version": 0,
          "attributes": {
            "create_duration": "1s",
            "destroy_duration": null,
            "id": "2026-08-17T19:26:53Z",
            "triggers": null
          },
          "sensitive_attributes": [],
          "dependencies": [
            "module.private_subnet.random_uuid.route_table_id",
            "module.private_subnet.random_uuid.subnet_id",
            "module.public_subnet.random_uuid.route_table_id",
            "module.public_subnet.random_uuid.subnet_id",
            "random_uuid.vpc_id"
          ]
        }
      ]
    },
    {
      "mode": "managed",
      "type": "tls_private_key",
      "name": "deploy_signer",
      "provider": "provider[\"registry.terraform.io/hashicorp/tls\"]",
      "instances": [
        {
          "schema_version": 1,
          "attributes": {
            "algorithm": "ED25519",
            "ecdsa_curve": "P224",
            "id": "35a488b72649056041d21b685c8b98d5e4ba40a0",
            "private_key_openssh": "-----BEGIN OPENSSH PRIVATE KEY-----\nb3BlbnNzaC1rZXktdjEAAAAABG5vbmUAAAAEbm9uZQAAAAAAAAABAAAAMwAAAAtz\nc2gtZWQyNTUxOQAAACCPgyTfsUzv7tGUlbc90nZKdEqoivVP9sK/Cl4qYIGE8AAA\nAIijuj1co7o9XAAAAAtzc2gtZWQyNTUxOQAAACCPgyTfsUzv7tGUlbc90nZKdEqo\nivVP9sK/Cl4qYIGE8AAAAEBKZfsbsRhcgxGuZKjYhyE2AdvCYL48Mtnte7ZnNb6i\nLI+DJN+xTO/u0ZSVtz3Sdkp0SqiK9U/2wr8KXipggYTwAAAAAAECAwQF\n-----END OPENSSH PRIVATE KEY-----\n",
            "private_key_pem": "-----BEGIN PRIVATE KEY-----\nMC4CAQAwBQYDK2VwBCIEIEpl+xuxGFyDEa5kqNiHITYB28Jgvjwy2e17tmc1vqIs\n-----END PRIVATE KEY-----\n",
            "private_key_pem_pkcs8": "-----BEGIN PRIVATE KEY-----\nMC4CAQAwBQYDK2VwBCIEIEpl+xuxGFyDEa5kqNiHITYB28Jgvjwy2e17tmc1vqIs\n-----END PRIVATE KEY-----\n",
            "public_key_fingerprint_md5": "a6:cc:4f:a4:17:73:1d:97:d7:6a:91:e1:c3:a9:4e:1f",
            "public_key_fingerprint_sha256": "SHA256:OFZISOdYVHF+oM05h/NVA/YhgHDMYXChHDayU6Dz5bk",
            "public_key_openssh": "ssh-ed25519 AAAAC3NzaC1lZDI1NTE5AAAAII+DJN+xTO/u0ZSVtz3Sdkp0SqiK9U/2wr8KXipggYTw\n",
            "public_key_pem": "-----BEGIN PUBLIC KEY-----\nMCowBQYDK2VwAyEAj4Mk37FM7+7RlJW3PdJ2SnRKqIr1T/bCvwpeKmCBhPA=\n-----END PUBLIC KEY-----\n",
            "rsa_bits": 2048
          },
          "sensitive_attributes": [
            [
              {
                "type": "get_attr",
                "value": "private_key_pem_pkcs8"
              }
            ],
            [
              {
                "type": "get_attr",
                "value": "private_key_openssh"
              }
            ],
            [
              {
                "type": "get_attr",
                "value": "private_key_pem"
              }
            ]
          ]
        }
      ]
    },
    {
      "module": "module.cluster",
      "mode": "managed",
      "type": "random_string",
      "name": "kubeconfig",
      "provider": "provider[\"registry.terraform.io/hashicorp/random\"]",
      "instances": [
        {
          "schema_version": 2,
          "attributes": {
            "id": "!q%0\u003c!{y3{kb",
            "keepers": null,
            "length": 12,
            "lower": true,
            "min_lower": 0,
            "min_numeric": 0,
            "min_special": 0,
            "min_upper": 0,
            "number": true,
            "numeric": true,
            "override_special": null,
            "result": "!q%0\u003c!{y3{kb",
            "special": true,
            "upper": false
          },
          "sensitive_attributes": [],
          "dependencies": [
            "module.cluster.time_sleep.wait_10s",
            "module.private_subnet.random_uuid.route_table_id",
            "module.private_subnet.random_uuid.subnet_id",
            "module.public_subnet.random_uuid.route_table_id",
            "module.public_subnet.random_uuid.subnet_id",
            "random_uuid.vpc_id",
            "time_sleep.network_propagation"
          ]
        }
      ]
    },
    {
      "module": "module.cluster",
      "mode": "managed",
      "type": "random_uuid",
      "name": "cluster_id",
      "provider": "provider[\"registry.terraform.io/hashicorp/random\"]",
      "instances": [
        {
          "schema_version": 0,
          "attributes": {
            "id": "345f51f6-854f-12e2-cc95-29ea0e8cac11",
            "keepers": null,
            "result": "345f51f6-854f-12e2-cc95-29ea0e8cac11"
          },
          "sensitive_attributes": [],
          "dependencies": [
            "module.cluster.time_sleep.wait_10s",
            "module.private_subnet.random_uuid.route_table_id",
            "module.private_subnet.random_uuid.subnet_id",
            "module.public_subnet.random_uuid.route_table_id",
            "module.public_subnet.random_uuid.subnet_id",
            "random_uuid.vpc_id",
            "time_sleep.network_propagation"
          ]
        }
      ]
    },
    {
      "module": "module.cluster",
      "mode": "managed",
      "type": "random_uuid",
      "name": "node_group_id",
      "provider": "provider[\"registry.terraform.io/hashicorp/random\"]",
      "instances": [
        {
          "schema_version": 0,
          "attributes": {
            "id": "f1145e39-9911-066d-5a8b-299e25e4fec4",
            "keepers": null,
            "result": "f1145e39-9911-066d-5a8b-299e25e4fec4"
          },
          "sensitive_attributes": [],
          "dependencies": [
            "module.cluster.time_sleep.wait_10s",
            "module.private_subnet.random_uuid.route_table_id",
            "module.private_subnet.random_uuid.subnet_id",
            "module.public_subnet.random_uuid.route_table_id",
            "module.public_subnet.random_uuid.subnet_id",
            "random_uuid.vpc_id",
            "time_sleep.network_propagation"
          ]
        }
      ]
    },
    {
      "module": "module.cluster",
      "mode": "managed",
      "type": "time_sleep",
      "name": "wait_10s",
      "provider": "provider[\"registry.terraform.io/hashicorp/time\"]",
      "instances": [
        {
          "schema_version": 0,
          "attributes": {
            "create_duration": "10s",
            "destroy_duration": "10s",
            "id": "2026-08-17T19:27:03Z",
            "triggers": null
          },
          "sensitive_attributes": [],
          "dependencies": [
            "module.private_subnet.random_uuid.route_table_id",
            "module.private_subnet.random_uuid.subnet_id",
            "module.public_subnet.random_uuid.route_table_id",
            "module.public_subnet.random_uuid.subnet_id",
            "random_uuid.vpc_id",
            "time_sleep.network_propagation"
          ]
        }
      ]
    },
    {
      "module": "module.database",
      "mode": "managed",
      "type": "random_password",
      "name": "admin_password",
      "provider": "provider[\"registry.terraform.io/hashicorp/random\"]",
      "instances": [
        {
          "schema_version": 3,
          "attributes": {
            "bcrypt_hash": "$2a$10$TEMvHFwOw2IYx6I5L.PLre15kXyx/TfFCLY32xRaWTxM5ziD5zZry",
            "id": "none",
            "keepers": null,
            "length": 16,
            "lower": true,
            "min_lower": 0,
            "min_numeric": 0,
            "min_special": 0,
            "min_upper": 0,
            "number": true,
            "numeric": true,
            "override_special": null,
            "result": "4[vb2w-Lh_mPaF\u003eH",
            "special": true,
            "upper": true
          },
          "sensitive_attributes": [
            [
              {
                "type": "get_attr",
                "value": "result"
              }
            ],
            [
              {
                "type": "get_attr",
                "value": "bcrypt_hash"
              }
            ]
          ],
          "dependencies": [
            "module.database.time_sleep.wait_10s"
          ]
        }
      ]
    },
    {
      "module": "module.database",
      "mode": "managed",
      "type": "random_uuid",
      "name": "database_id",
      "provider": "provider[\"registry.terraform.io/hashicorp/random\"]",
      "instances": [
        {
          "schema_version": 0,
          "attributes": {
            "id": "29d05511-189c-e205-de80-840618414117",
            "keepers": null,
            "result": "29d05511-189c-e205-de80-840618414117"
          },
          "sensitive_attributes": [],
          "dependencies": [
            "module.database.time_sleep.wait_10s"
          ]
        }
      ]
    },
    {
      "module": "module.database",
      "mode": "managed",
      "type": "time_sleep",
      "name": "wait_10s",
      "provider": "provider[\"registry.terraform.io/hashicorp/time\"]",
      "instances": [
        {
          "schema_version": 0,
          "attributes": {
            "create_duration": "10s",
            "destroy_duration": "10s",
            "id": "2026-08-17T19:27:02Z",
            "triggers": null
          },
          "sensitive_attributes": []
        }
      ]
    },
    {
      "module": "module.private_subnet",
      "mode": "managed",
      "type": "random_uuid",
      "name": "route_table_id",
      "provider": "provider[\"registry.terraform.io/hashicorp/random\"]",
      "instances": [
        {
          "schema_version": 0,
          "attributes": {
            "id": "7ee46bfe-c131-cb65-1b83-4dd9df9ddebe",
            "keepers": {
              "subnet_id": "08b83eb5-953e-f514-a180-46e40dd448a8"
            },
            "result": "7ee46bfe-c131-cb65-1b83-4dd9df9ddebe"
          },
          "sensitive_attributes": [],
          "dependencies": [
            "module.private_subnet.random_uuid.subnet_id",
            "random_uuid.vpc_id"
          ]
        }
      ]
    },
    {
      "module": "module.private_subnet",
      "mode": "managed",
      "type": "random_uuid",
      "name": "subnet_id",
      "provider": "provider[\"registry.terraform.io/hashicorp/random\"]",
      "instances": [
        {
          "schema_version": 0,
          "attributes": {
            "id": "08b83eb5-953e-f514-a180-46e40dd448a8",
            "keepers": {
              "cidr": "10.0.2.0/24",
              "vpc_id": "c95e2f9f-b5ec-2b98-1994-2f19e31e876c"
            },
            "result": "08b83eb5-953e-f514-a180-46e40dd448a8"
          },
          "sensitive_attributes": [],
          "dependencies": [
            "random_uuid.vpc_id"
          ]
        }
      ]
    },
    {
      "module": "module.public_subnet",
      "mode": "managed",
      "type": "random_uuid",
      "name": "route_table_id",
      "provider": "provider[\"registry.terraform.io/hashicorp/random\"]",
      "instances": [
        {
          "schema_version": 0,
          "attributes": {
            "id": "fdd27124-018d-928d-9120-4a0af52f838e",
            "keepers": {
              "subnet_id": "9b472647-5e9f-d961-42c3-2802718d39e7"
            },
            "result": "fdd27124-018d-928d-9120-4a0af52f838e"
          },
          "sensitive_attributes": [],
          "dependencies": [
            "module.public_subnet.random_uuid.subnet_id",
            "random_uuid.vpc_id"
          ]
        }
      ]
    },
    {
      "module": "module.public_subnet",
      "mode": "managed",
      "type": "random_uuid",
      "name": "subnet_id",
      "provider": "provider[\"registry.terraform.io/hashicorp/random\"]",
      "instances": [
        {
          "schema_version": 0,
          "attributes": {
            "id": "9b472647-5e9f-d961-42c3-2802718d39e7",
            "keepers": {
              "cidr": "10.0.1.0/24",
              "vpc_id": "c95e2f9f-b5ec-2b98-1994-2f19e31e876c"
            },
            "result": "9b472647-5e9f-d961-42c3-2802718d39e7"
          },
          "sensitive_attributes": [],
          "dependencies": [
            "random_uuid.vpc_id"
          ]
        }
      ]
    },
    {
      "module": "module.storefront_dns",
      "mode": "managed",
      "type": "random_uuid",
      "name": "record_id",
      "provider": "provider[\"registry.terraform.io/hashicorp/random\"]",
      "instances": [
        {
          "schema_version": 0,
          "attributes": {
            "id": "4e909693-0177-d93c-0dce-733f1d245840",
            "keepers": {
              "name": "acme-e2e-storefront",
              "target": "https://kubernetes-345f51f6-854f-12e2-cc95-29ea0e8cac11.amazonaws.com",
              "zone": "acme-charming-finch.internal"
            },
            "result": "4e909693-0177-d93c-0dce-733f1d245840"
          },
          "sensitive_attributes": [],
          "dependencies": [
            "data.snapcd_stack.default",
            "module.cluster.random_uuid.cluster_id",
            "module.cluster.time_sleep.wait_10s",
            "module.private_subnet.random_uuid.route_table_id",
            "module.private_subnet.random_uuid.subnet_id",
            "module.public_subnet.random_uuid.route_table_id",
            "module.public_subnet.random_uuid.subnet_id",
            "random_pet.network_name",
            "random_uuid.vpc_id",
            "time_sleep.network_propagation"
          ]
        }
      ]
    }
  ],
  "check_results": null
}

