{
  "version": 4,
  "terraform_version": "1.8.3",
  "serial": 6,
  "lineage": "c72e0358-5ed3-eb19-3241-cc5239055009",
  "outputs": {},
  "resources": [
    {
      "mode": "managed",
      "type": "random_pet",
      "name": "network_name",
      "provider": "provider[\"registry.terraform.io/hashicorp/random\"]",
      "instances": [
        {
          "schema_version": 0,
          "attributes": {
            "id": "acme-witty-tadpole",
            "keepers": {
              "stack": "default"
            },
            "length": 2,
            "prefix": "acme",
            "separator": "-"
          },
          "sensitive_attributes": [],
          "dependencies": [
            "data.snapcd_stack.default"
          ]
        }
      ]
    },
    {
      "mode": "managed",
      "type": "random_uuid",
      "name": "nat_gateway_id",
      "provider": "provider[\"registry.terraform.io/hashicorp/random\"]",
      "instances": [
        {
          "schema_version": 0,
          "attributes": {
            "id": "95038cc0-d782-71d3-fb73-554ca80f9b14",
            "keepers": null,
            "result": "95038cc0-d782-71d3-fb73-554ca80f9b14"
          },
          "sensitive_attributes": []
        }
      ]
    },
    {
      "mode": "managed",
      "type": "random_uuid",
      "name": "vpc_id",
      "provider": "provider[\"registry.terraform.io/hashicorp/random\"]",
      "instances": [
        {
          "schema_version": 0,
          "attributes": {
            "id": "1b2e6f68-bc44-e43b-4c57-f4c6c643e9f0",
            "keepers": null,
            "result": "1b2e6f68-bc44-e43b-4c57-f4c6c643e9f0"
          },
          "sensitive_attributes": []
        }
      ]
    },
    {
      "mode": "managed",
      "type": "time_sleep",
      "name": "network_propagation",
      "provider": "provider[\"registry.terraform.io/hashicorp/time\"]",
      "instances": [
        {
          "schema_version": 0,
          "attributes": {
            "create_duration": "10s",
            "destroy_duration": null,
            "id": "2026-08-17T17:55:55Z",
            "triggers": null
          },
          "sensitive_attributes": [],
          "dependencies": [
            "module.private_subnet.random_uuid.route_table_id",
            "module.private_subnet.random_uuid.subnet_id",
            "module.public_subnet.random_uuid.route_table_id",
            "module.public_subnet.random_uuid.subnet_id",
            "random_uuid.vpc_id"
          ]
        }
      ]
    },
    {
      "module": "module.private_subnet",
      "mode": "managed",
      "type": "random_uuid",
      "name": "route_table_id",
      "provider": "provider[\"registry.terraform.io/hashicorp/random\"]",
      "instances": [
        {
          "schema_version": 0,
          "attributes": {
            "id": "cf00af02-4389-ac71-af7e-573e46f23319",
            "keepers": {
              "subnet_id": "9d6411d3-88fa-35e9-1806-0d3f106a6187"
            },
            "result": "cf00af02-4389-ac71-af7e-573e46f23319"
          },
          "sensitive_attributes": []
        }
      ]
    },
    {
      "module": "module.private_subnet",
      "mode": "managed",
      "type": "random_uuid",
      "name": "subnet_id",
      "provider": "provider[\"registry.terraform.io/hashicorp/random\"]",
      "instances": [
        {
          "schema_version": 0,
          "attributes": {
            "id": "9d6411d3-88fa-35e9-1806-0d3f106a6187",
            "keepers": {
              "cidr": "10.0.2.0/24",
              "vpc_id": "1b2e6f68-bc44-e43b-4c57-f4c6c643e9f0"
            },
            "result": "9d6411d3-88fa-35e9-1806-0d3f106a6187"
          },
          "sensitive_attributes": []
        }
      ]
    },
    {
      "module": "module.public_subnet",
      "mode": "managed",
      "type": "random_uuid",
      "name": "route_table_id",
      "provider": "provider[\"registry.terraform.io/hashicorp/random\"]",
      "instances": [
        {
          "schema_version": 0,
          "attributes": {
            "id": "dcd568d1-3f87-633a-0a71-1059fff233aa",
            "keepers": {
              "subnet_id": "39a4cf66-27e5-f67a-4698-7be72cdcce5f"
            },
            "result": "dcd568d1-3f87-633a-0a71-1059fff233aa"
          },
          "sensitive_attributes": []
        }
      ]
    },
    {
      "module": "module.public_subnet",
      "mode": "managed",
      "type": "random_uuid",
      "name": "subnet_id",
      "provider": "provider[\"registry.terraform.io/hashicorp/random\"]",
      "instances": [
        {
          "schema_version": 0,
          "attributes": {
            "id": "39a4cf66-27e5-f67a-4698-7be72cdcce5f",
            "keepers": {
              "cidr": "10.0.1.0/24",
              "vpc_id": "1b2e6f68-bc44-e43b-4c57-f4c6c643e9f0"
            },
            "result": "39a4cf66-27e5-f67a-4698-7be72cdcce5f"
          },
          "sensitive_attributes": []
        }
      ]
    }
  ],
  "check_results": null
}
