{
  "version": 4,
  "terraform_version": "1.8.3",
  "serial": 6,
  "lineage": "ba1986f6-df12-43a4-d6e6-3a746746ee07",
  "outputs": {},
  "resources": [
    {
      "mode": "managed",
      "type": "random_pet",
      "name": "network_name",
      "provider": "provider[\"registry.terraform.io/hashicorp/random\"]",
      "instances": [
        {
          "schema_version": 0,
          "attributes": {
            "id": "acme-factual-jackal",
            "keepers": {
              "stack": "default"
            },
            "length": 2,
            "prefix": "acme",
            "separator": "-"
          },
          "sensitive_attributes": [],
          "dependencies": [
            "data.snapcd_stack.default"
          ]
        }
      ]
    },
    {
      "mode": "managed",
      "type": "random_uuid",
      "name": "nat_gateway_id",
      "provider": "provider[\"registry.terraform.io/hashicorp/random\"]",
      "instances": [
        {
          "schema_version": 0,
          "attributes": {
            "id": "c28c9833-b733-3934-6a48-eaf36b15a679",
            "keepers": null,
            "result": "c28c9833-b733-3934-6a48-eaf36b15a679"
          },
          "sensitive_attributes": []
        }
      ]
    },
    {
      "mode": "managed",
      "type": "random_uuid",
      "name": "vpc_id",
      "provider": "provider[\"registry.terraform.io/hashicorp/random\"]",
      "instances": [
        {
          "schema_version": 0,
          "attributes": {
            "id": "31436460-b30d-5135-29bf-c5dbc3f97d92",
            "keepers": null,
            "result": "31436460-b30d-5135-29bf-c5dbc3f97d92"
          },
          "sensitive_attributes": []
        }
      ]
    },
    {
      "mode": "managed",
      "type": "time_sleep",
      "name": "network_propagation",
      "provider": "provider[\"registry.terraform.io/hashicorp/time\"]",
      "instances": [
        {
          "schema_version": 0,
          "attributes": {
            "create_duration": "10s",
            "destroy_duration": null,
            "id": "2026-08-17T16:09:43Z",
            "triggers": null
          },
          "sensitive_attributes": [],
          "dependencies": [
            "module.private_subnet.random_uuid.route_table_id",
            "module.private_subnet.random_uuid.subnet_id",
            "module.public_subnet.random_uuid.route_table_id",
            "module.public_subnet.random_uuid.subnet_id",
            "random_uuid.vpc_id"
          ]
        }
      ]
    },
    {
      "module": "module.private_subnet",
      "mode": "managed",
      "type": "random_uuid",
      "name": "route_table_id",
      "provider": "provider[\"registry.terraform.io/hashicorp/random\"]",
      "instances": [
        {
          "schema_version": 0,
          "attributes": {
            "id": "e544190f-92a5-f97f-2ccc-8d73351dcdf6",
            "keepers": {
              "subnet_id": "3672a902-0712-8300-3d47-047dc48693a7"
            },
            "result": "e544190f-92a5-f97f-2ccc-8d73351dcdf6"
          },
          "sensitive_attributes": []
        }
      ]
    },
    {
      "module": "module.private_subnet",
      "mode": "managed",
      "type": "random_uuid",
      "name": "subnet_id",
      "provider": "provider[\"registry.terraform.io/hashicorp/random\"]",
      "instances": [
        {
          "schema_version": 0,
          "attributes": {
            "id": "3672a902-0712-8300-3d47-047dc48693a7",
            "keepers": {
              "cidr": "10.0.2.0/24",
              "vpc_id": "31436460-b30d-5135-29bf-c5dbc3f97d92"
            },
            "result": "3672a902-0712-8300-3d47-047dc48693a7"
          },
          "sensitive_attributes": []
        }
      ]
    },
    {
      "module": "module.public_subnet",
      "mode": "managed",
      "type": "random_uuid",
      "name": "route_table_id",
      "provider": "provider[\"registry.terraform.io/hashicorp/random\"]",
      "instances": [
        {
          "schema_version": 0,
          "attributes": {
            "id": "218cce7e-6cb7-d7e3-e51d-0f3e9c637d4d",
            "keepers": {
              "subnet_id": "dd2ae9ee-fce0-da44-6e94-c87a512541ef"
            },
            "result": "218cce7e-6cb7-d7e3-e51d-0f3e9c637d4d"
          },
          "sensitive_attributes": []
        }
      ]
    },
    {
      "module": "module.public_subnet",
      "mode": "managed",
      "type": "random_uuid",
      "name": "subnet_id",
      "provider": "provider[\"registry.terraform.io/hashicorp/random\"]",
      "instances": [
        {
          "schema_version": 0,
          "attributes": {
            "id": "dd2ae9ee-fce0-da44-6e94-c87a512541ef",
            "keepers": {
              "cidr": "10.0.1.0/24",
              "vpc_id": "31436460-b30d-5135-29bf-c5dbc3f97d92"
            },
            "result": "dd2ae9ee-fce0-da44-6e94-c87a512541ef"
          },
          "sensitive_attributes": []
        }
      ]
    }
  ],
  "check_results": null
}
