{
  "version": 4,
  "terraform_version": "1.8.3",
  "serial": 6,
  "lineage": "62b94116-7a0e-bc26-fc9b-1348012a1f28",
  "outputs": {},
  "resources": [
    {
      "mode": "managed",
      "type": "random_pet",
      "name": "network_name",
      "provider": "provider[\"registry.terraform.io/hashicorp/random\"]",
      "instances": [
        {
          "schema_version": 0,
          "attributes": {
            "id": "acme-charming-finch",
            "keepers": {
              "stack": "default"
            },
            "length": 2,
            "prefix": "acme",
            "separator": "-"
          },
          "sensitive_attributes": [],
          "dependencies": [
            "data.snapcd_stack.default"
          ]
        }
      ]
    },
    {
      "mode": "managed",
      "type": "random_uuid",
      "name": "nat_gateway_id",
      "provider": "provider[\"registry.terraform.io/hashicorp/random\"]",
      "instances": [
        {
          "schema_version": 0,
          "attributes": {
            "id": "34da8a27-2b78-261c-0b3d-84c671760cd7",
            "keepers": null,
            "result": "34da8a27-2b78-261c-0b3d-84c671760cd7"
          },
          "sensitive_attributes": []
        }
      ]
    },
    {
      "mode": "managed",
      "type": "random_uuid",
      "name": "vpc_id",
      "provider": "provider[\"registry.terraform.io/hashicorp/random\"]",
      "instances": [
        {
          "schema_version": 0,
          "attributes": {
            "id": "c95e2f9f-b5ec-2b98-1994-2f19e31e876c",
            "keepers": null,
            "result": "c95e2f9f-b5ec-2b98-1994-2f19e31e876c"
          },
          "sensitive_attributes": []
        }
      ]
    },
    {
      "mode": "managed",
      "type": "time_sleep",
      "name": "network_propagation",
      "provider": "provider[\"registry.terraform.io/hashicorp/time\"]",
      "instances": [
        {
          "schema_version": 0,
          "attributes": {
            "create_duration": "1s",
            "destroy_duration": null,
            "id": "2026-08-17T19:26:53Z",
            "triggers": null
          },
          "sensitive_attributes": [],
          "dependencies": [
            "module.private_subnet.random_uuid.route_table_id",
            "module.private_subnet.random_uuid.subnet_id",
            "module.public_subnet.random_uuid.route_table_id",
            "module.public_subnet.random_uuid.subnet_id",
            "random_uuid.vpc_id"
          ]
        }
      ]
    },
    {
      "module": "module.private_subnet",
      "mode": "managed",
      "type": "random_uuid",
      "name": "route_table_id",
      "provider": "provider[\"registry.terraform.io/hashicorp/random\"]",
      "instances": [
        {
          "schema_version": 0,
          "attributes": {
            "id": "7ee46bfe-c131-cb65-1b83-4dd9df9ddebe",
            "keepers": {
              "subnet_id": "08b83eb5-953e-f514-a180-46e40dd448a8"
            },
            "result": "7ee46bfe-c131-cb65-1b83-4dd9df9ddebe"
          },
          "sensitive_attributes": []
        }
      ]
    },
    {
      "module": "module.private_subnet",
      "mode": "managed",
      "type": "random_uuid",
      "name": "subnet_id",
      "provider": "provider[\"registry.terraform.io/hashicorp/random\"]",
      "instances": [
        {
          "schema_version": 0,
          "attributes": {
            "id": "08b83eb5-953e-f514-a180-46e40dd448a8",
            "keepers": {
              "cidr": "10.0.2.0/24",
              "vpc_id": "c95e2f9f-b5ec-2b98-1994-2f19e31e876c"
            },
            "result": "08b83eb5-953e-f514-a180-46e40dd448a8"
          },
          "sensitive_attributes": []
        }
      ]
    },
    {
      "module": "module.public_subnet",
      "mode": "managed",
      "type": "random_uuid",
      "name": "route_table_id",
      "provider": "provider[\"registry.terraform.io/hashicorp/random\"]",
      "instances": [
        {
          "schema_version": 0,
          "attributes": {
            "id": "fdd27124-018d-928d-9120-4a0af52f838e",
            "keepers": {
              "subnet_id": "9b472647-5e9f-d961-42c3-2802718d39e7"
            },
            "result": "fdd27124-018d-928d-9120-4a0af52f838e"
          },
          "sensitive_attributes": []
        }
      ]
    },
    {
      "module": "module.public_subnet",
      "mode": "managed",
      "type": "random_uuid",
      "name": "subnet_id",
      "provider": "provider[\"registry.terraform.io/hashicorp/random\"]",
      "instances": [
        {
          "schema_version": 0,
          "attributes": {
            "id": "9b472647-5e9f-d961-42c3-2802718d39e7",
            "keepers": {
              "cidr": "10.0.1.0/24",
              "vpc_id": "c95e2f9f-b5ec-2b98-1994-2f19e31e876c"
            },
            "result": "9b472647-5e9f-d961-42c3-2802718d39e7"
          },
          "sensitive_attributes": []
        }
      ]
    }
  ],
  "check_results": null
}
