{
  "version": 4,
  "terraform_version": "1.8.3",
  "serial": 6,
  "lineage": "b0aae9cb-9e01-1e19-f0aa-15126b1063e8",
  "outputs": {},
  "resources": [
    {
      "mode": "managed",
      "type": "random_pet",
      "name": "network_name",
      "provider": "provider[\"registry.terraform.io/hashicorp/random\"]",
      "instances": [
        {
          "schema_version": 0,
          "attributes": {
            "id": "acme-thankful-crayfish",
            "keepers": {
              "stack": "default"
            },
            "length": 2,
            "prefix": "acme",
            "separator": "-"
          },
          "sensitive_attributes": [],
          "dependencies": [
            "data.snapcd_stack.default"
          ]
        }
      ]
    },
    {
      "mode": "managed",
      "type": "random_uuid",
      "name": "nat_gateway_id",
      "provider": "provider[\"registry.terraform.io/hashicorp/random\"]",
      "instances": [
        {
          "schema_version": 0,
          "attributes": {
            "id": "a692f66c-da40-3c68-1feb-55c903b5218e",
            "keepers": null,
            "result": "a692f66c-da40-3c68-1feb-55c903b5218e"
          },
          "sensitive_attributes": []
        }
      ]
    },
    {
      "mode": "managed",
      "type": "random_uuid",
      "name": "vpc_id",
      "provider": "provider[\"registry.terraform.io/hashicorp/random\"]",
      "instances": [
        {
          "schema_version": 0,
          "attributes": {
            "id": "69d08a6d-3ad3-d840-e86f-473247973a79",
            "keepers": null,
            "result": "69d08a6d-3ad3-d840-e86f-473247973a79"
          },
          "sensitive_attributes": []
        }
      ]
    },
    {
      "mode": "managed",
      "type": "time_sleep",
      "name": "network_propagation",
      "provider": "provider[\"registry.terraform.io/hashicorp/time\"]",
      "instances": [
        {
          "schema_version": 0,
          "attributes": {
            "create_duration": "1s",
            "destroy_duration": null,
            "id": "2026-08-18T06:46:24Z",
            "triggers": null
          },
          "sensitive_attributes": [],
          "dependencies": [
            "module.private_subnet.random_uuid.route_table_id",
            "module.private_subnet.random_uuid.subnet_id",
            "module.public_subnet.random_uuid.route_table_id",
            "module.public_subnet.random_uuid.subnet_id",
            "random_uuid.vpc_id"
          ]
        }
      ]
    },
    {
      "module": "module.private_subnet",
      "mode": "managed",
      "type": "random_uuid",
      "name": "route_table_id",
      "provider": "provider[\"registry.terraform.io/hashicorp/random\"]",
      "instances": [
        {
          "schema_version": 0,
          "attributes": {
            "id": "35092111-16af-35e7-2c5a-276a554a4020",
            "keepers": {
              "subnet_id": "272e5359-9aa5-0a64-02e8-c738458d7e6d"
            },
            "result": "35092111-16af-35e7-2c5a-276a554a4020"
          },
          "sensitive_attributes": []
        }
      ]
    },
    {
      "module": "module.private_subnet",
      "mode": "managed",
      "type": "random_uuid",
      "name": "subnet_id",
      "provider": "provider[\"registry.terraform.io/hashicorp/random\"]",
      "instances": [
        {
          "schema_version": 0,
          "attributes": {
            "id": "272e5359-9aa5-0a64-02e8-c738458d7e6d",
            "keepers": {
              "cidr": "10.0.2.0/24",
              "vpc_id": "69d08a6d-3ad3-d840-e86f-473247973a79"
            },
            "result": "272e5359-9aa5-0a64-02e8-c738458d7e6d"
          },
          "sensitive_attributes": []
        }
      ]
    },
    {
      "module": "module.public_subnet",
      "mode": "managed",
      "type": "random_uuid",
      "name": "route_table_id",
      "provider": "provider[\"registry.terraform.io/hashicorp/random\"]",
      "instances": [
        {
          "schema_version": 0,
          "attributes": {
            "id": "bf02899f-b0c0-4045-3abf-5dc7502e693a",
            "keepers": {
              "subnet_id": "54b46d39-05a3-492a-f633-07fe6022e91f"
            },
            "result": "bf02899f-b0c0-4045-3abf-5dc7502e693a"
          },
          "sensitive_attributes": []
        }
      ]
    },
    {
      "module": "module.public_subnet",
      "mode": "managed",
      "type": "random_uuid",
      "name": "subnet_id",
      "provider": "provider[\"registry.terraform.io/hashicorp/random\"]",
      "instances": [
        {
          "schema_version": 0,
          "attributes": {
            "id": "54b46d39-05a3-492a-f633-07fe6022e91f",
            "keepers": {
              "cidr": "10.0.1.0/24",
              "vpc_id": "69d08a6d-3ad3-d840-e86f-473247973a79"
            },
            "result": "54b46d39-05a3-492a-f633-07fe6022e91f"
          },
          "sensitive_attributes": []
        }
      ]
    }
  ],
  "check_results": null
}
