{
  "version": 4,
  "terraform_version": "1.8.3",
  "serial": 4,
  "lineage": "12ecc756-3b84-c0ec-6410-8f93e1c3b921",
  "outputs": {},
  "resources": [
    {
      "mode": "managed",
      "type": "random_pet",
      "name": "instance",
      "provider": "provider[\"registry.terraform.io/hashicorp/random\"]",
      "instances": [
        {
          "schema_version": 0,
          "attributes": {
            "id": "uniformly-viable-gannet",
            "keepers": {
              "fp": "honestly-active-crappie",
              "gen": "immune-salmon",
              "ld": "honestly-active-crappie",
              "lm": "immune-salmon",
              "lr": "4180",
              "net": "4180",
              "tagged": "demo-instance",
              "token": "I29VsQlAOKEL"
            },
            "length": 3,
            "prefix": null,
            "separator": "-"
          },
          "sensitive_attributes": [],
          "dependencies": [
            "data.tls_public_key.pub",
            "module.idgen.random_pet.id",
            "random_integer.net_id",
            "random_pet.fp_tag",
            "random_string.token",
            "tls_private_key.signer"
          ]
        }
      ]
    },
    {
      "mode": "managed",
      "type": "tls_private_key",
      "name": "cert",
      "provider": "provider[\"registry.terraform.io/hashicorp/tls\"]",
      "instances": [
        {
          "schema_version": 1,
          "attributes": {
            "algorithm": "ED25519",
            "ecdsa_curve": "P224",
            "id": "910f58311bc2aa99db1a0c2e3cd8e7ae275a1706",
            "private_key_openssh": "-----BEGIN OPENSSH PRIVATE KEY-----\nb3BlbnNzaC1rZXktdjEAAAAABG5vbmUAAAAEbm9uZQAAAAAAAAABAAAAMwAAAAtz\nc2gtZWQyNTUxOQAAACBfmtqrDLjT3M5eISnofoqM2QzLz+kqLDi31frFx3ukswAA\nAIi0LMtctCzLXAAAAAtzc2gtZWQyNTUxOQAAACBfmtqrDLjT3M5eISnofoqM2QzL\nz+kqLDi31frFx3ukswAAAEAAM+SeWvgdtS/RlQ8a5fi+6GUXDfFJPZpC9r1WE1hC\nCF+a2qsMuNPczl4hKeh+iozZDMvP6SosOLfV+sXHe6SzAAAAAAECAwQF\n-----END OPENSSH PRIVATE KEY-----\n",
            "private_key_pem": "-----BEGIN PRIVATE KEY-----\nMC4CAQAwBQYDK2VwBCIEIAAz5J5a+B21L9GVDxrl+L7oZRcN8Uk9mkL2vVYTWEII\n-----END PRIVATE KEY-----\n",
            "private_key_pem_pkcs8": "-----BEGIN PRIVATE KEY-----\nMC4CAQAwBQYDK2VwBCIEIAAz5J5a+B21L9GVDxrl+L7oZRcN8Uk9mkL2vVYTWEII\n-----END PRIVATE KEY-----\n",
            "public_key_fingerprint_md5": "30:29:25:7d:1c:da:5d:f6:fc:21:f8:4b:b5:5b:33:61",
            "public_key_fingerprint_sha256": "SHA256:n1Hy031sOsoz0ST9tVgD5mnqE+NGJPgDTRcV7u0t0nE",
            "public_key_openssh": "ssh-ed25519 AAAAC3NzaC1lZDI1NTE5AAAAIF+a2qsMuNPczl4hKeh+iozZDMvP6SosOLfV+sXHe6Sz\n",
            "public_key_pem": "-----BEGIN PUBLIC KEY-----\nMCowBQYDK2VwAyEAX5raqwy409zOXiEp6H6KjNkMy8/pKiw4t9X6xcd7pLM=\n-----END PUBLIC KEY-----\n",
            "rsa_bits": 2048
          },
          "sensitive_attributes": [
            [
              {
                "type": "get_attr",
                "value": "private_key_pem"
              }
            ],
            [
              {
                "type": "get_attr",
                "value": "private_key_pem_pkcs8"
              }
            ],
            [
              {
                "type": "get_attr",
                "value": "private_key_openssh"
              }
            ]
          ]
        }
      ]
    },
    {
      "mode": "managed",
      "type": "tls_private_key",
      "name": "cert_by_module",
      "provider": "provider[\"registry.terraform.io/hashicorp/tls\"].by_module",
      "instances": [
        {
          "schema_version": 1,
          "attributes": {
            "algorithm": "ED25519",
            "ecdsa_curve": "P224",
            "id": "9aaf74ace0cf365d207e26620ceeec97023e1020",
            "private_key_openssh": "-----BEGIN OPENSSH PRIVATE KEY-----\nb3BlbnNzaC1rZXktdjEAAAAABG5vbmUAAAAEbm9uZQAAAAAAAAABAAAAMwAAAAtz\nc2gtZWQyNTUxOQAAACCFunl1SmgPuUWEBln4+Xpyt/xr3s5MubXTin4W2Xa39QAA\nAIg2VH4qNlR+KgAAAAtzc2gtZWQyNTUxOQAAACCFunl1SmgPuUWEBln4+Xpyt/xr\n3s5MubXTin4W2Xa39QAAAEBhy8tjc+vrZ92u1hrcdUVArBTDuAIRQxIviz/jB+M1\n2YW6eXVKaA+5RYQGWfj5enK3/Gvezky5tdOKfhbZdrf1AAAAAAECAwQF\n-----END OPENSSH PRIVATE KEY-----\n",
            "private_key_pem": "-----BEGIN PRIVATE KEY-----\nMC4CAQAwBQYDK2VwBCIEIGHLy2Nz6+tn3a7WGtx1RUCsFMO4AhFDEi+LP+MH4zXZ\n-----END PRIVATE KEY-----\n",
            "private_key_pem_pkcs8": "-----BEGIN PRIVATE KEY-----\nMC4CAQAwBQYDK2VwBCIEIGHLy2Nz6+tn3a7WGtx1RUCsFMO4AhFDEi+LP+MH4zXZ\n-----END PRIVATE KEY-----\n",
            "public_key_fingerprint_md5": "28:32:5f:d6:f7:fe:5f:3c:28:71:a3:f9:7d:0f:ca:01",
            "public_key_fingerprint_sha256": "SHA256:gZ1xzuSw9LJaATRIAudINZLIYn++5VndxJpTNPGSEDQ",
            "public_key_openssh": "ssh-ed25519 AAAAC3NzaC1lZDI1NTE5AAAAIIW6eXVKaA+5RYQGWfj5enK3/Gvezky5tdOKfhbZdrf1\n",
            "public_key_pem": "-----BEGIN PUBLIC KEY-----\nMCowBQYDK2VwAyEAhbp5dUpoD7lFhAZZ+Pl6crf8a97OTLm104p+Ftl2t/U=\n-----END PUBLIC KEY-----\n",
            "rsa_bits": 2048
          },
          "sensitive_attributes": [
            [
              {
                "type": "get_attr",
                "value": "private_key_pem"
              }
            ],
            [
              {
                "type": "get_attr",
                "value": "private_key_pem_pkcs8"
              }
            ],
            [
              {
                "type": "get_attr",
                "value": "private_key_openssh"
              }
            ]
          ],
          "dependencies": [
            "module.idgen.random_pet.id",
            "random_integer.net_id",
            "random_string.token"
          ]
        }
      ]
    },
    {
      "mode": "managed",
      "type": "tls_private_key",
      "name": "cert_by_resource",
      "provider": "provider[\"registry.terraform.io/hashicorp/tls\"].by_resource",
      "instances": [
        {
          "schema_version": 1,
          "attributes": {
            "algorithm": "ED25519",
            "ecdsa_curve": "P224",
            "id": "bcceb22a23ff7d66ec6d231abc8ab1a9e5cff9f2",
            "private_key_openssh": "-----BEGIN OPENSSH PRIVATE KEY-----\nb3BlbnNzaC1rZXktdjEAAAAABG5vbmUAAAAEbm9uZQAAAAAAAAABAAAAMwAAAAtz\nc2gtZWQyNTUxOQAAACCaJkfTcU26NZ9cc1fV6mhyIqI4DnvfV8TPNfDK0SH60QAA\nAIhd9MNKXfTDSgAAAAtzc2gtZWQyNTUxOQAAACCaJkfTcU26NZ9cc1fV6mhyIqI4\nDnvfV8TPNfDK0SH60QAAAEC9rnkNObE9WMYRkj+h1el6+djNCw6rxBZZoG3ZAZXa\nlZomR9NxTbo1n1xzV9XqaHIiojgOe99XxM818MrRIfrRAAAAAAECAwQF\n-----END OPENSSH PRIVATE KEY-----\n",
            "private_key_pem": "-----BEGIN PRIVATE KEY-----\nMC4CAQAwBQYDK2VwBCIEIL2ueQ05sT1YxhGSP6HV6Xr52M0LDqvEFlmgbdkBldqV\n-----END PRIVATE KEY-----\n",
            "private_key_pem_pkcs8": "-----BEGIN PRIVATE KEY-----\nMC4CAQAwBQYDK2VwBCIEIL2ueQ05sT1YxhGSP6HV6Xr52M0LDqvEFlmgbdkBldqV\n-----END PRIVATE KEY-----\n",
            "public_key_fingerprint_md5": "4c:12:8d:56:3c:aa:2d:fc:6a:66:f1:70:6b:56:a4:c3",
            "public_key_fingerprint_sha256": "SHA256:28hxWlphxw067GVoxphndnSdibxLIuuLXKqcxfEtv1w",
            "public_key_openssh": "ssh-ed25519 AAAAC3NzaC1lZDI1NTE5AAAAIJomR9NxTbo1n1xzV9XqaHIiojgOe99XxM818MrRIfrR\n",
            "public_key_pem": "-----BEGIN PUBLIC KEY-----\nMCowBQYDK2VwAyEAmiZH03FNujWfXHNX1epociKiOA5731fEzzXwytEh+tE=\n-----END PUBLIC KEY-----\n",
            "rsa_bits": 2048
          },
          "sensitive_attributes": [
            [
              {
                "type": "get_attr",
                "value": "private_key_pem_pkcs8"
              }
            ],
            [
              {
                "type": "get_attr",
                "value": "private_key_openssh"
              }
            ],
            [
              {
                "type": "get_attr",
                "value": "private_key_pem"
              }
            ]
          ],
          "dependencies": [
            "random_pet.net_name"
          ]
        }
      ]
    }
  ],
  "check_results": null
}
