{
  "version": 4,
  "terraform_version": "1.8.3",
  "serial": 4,
  "lineage": "174780aa-ec53-e545-4b12-f47fc24c8c22",
  "outputs": {},
  "resources": [
    {
      "mode": "managed",
      "type": "random_pet",
      "name": "instance",
      "provider": "provider[\"registry.terraform.io/hashicorp/random\"]",
      "instances": [
        {
          "schema_version": 0,
          "attributes": {
            "id": "openly-helpful-jennet",
            "keepers": {
              "fp": "greatly-composed-mongrel",
              "gen": "mature-escargot",
              "ld": "greatly-composed-mongrel",
              "lm": "mature-escargot",
              "lr": "6141",
              "net": "6141",
              "tagged": "demo-instance",
              "token": "JZl4xmlqRO21"
            },
            "length": 3,
            "prefix": null,
            "separator": "-"
          },
          "sensitive_attributes": [],
          "dependencies": [
            "data.tls_public_key.pub",
            "module.idgen.random_pet.id",
            "random_integer.net_id",
            "random_pet.fp_tag",
            "random_string.token",
            "tls_private_key.signer"
          ]
        }
      ]
    },
    {
      "mode": "managed",
      "type": "tls_private_key",
      "name": "cert",
      "provider": "provider[\"registry.terraform.io/hashicorp/tls\"]",
      "instances": [
        {
          "schema_version": 1,
          "attributes": {
            "algorithm": "ED25519",
            "ecdsa_curve": "P224",
            "id": "fcf5a6476baedae936255502241f3d19e4ddd713",
            "private_key_openssh": "-----BEGIN OPENSSH PRIVATE KEY-----\nb3BlbnNzaC1rZXktdjEAAAAABG5vbmUAAAAEbm9uZQAAAAAAAAABAAAAMwAAAAtz\nc2gtZWQyNTUxOQAAACC1SHwuXDIhh51Y7Xf0813XJRuNUCyZxpOmRs89ydctvQAA\nAIh9OOb/fTjm/wAAAAtzc2gtZWQyNTUxOQAAACC1SHwuXDIhh51Y7Xf0813XJRuN\nUCyZxpOmRs89ydctvQAAAEBY54do2conVqLu6sDK1Vp79psxx22HwdrC/XX2Q5rf\n2rVIfC5cMiGHnVjtd/TzXdclG41QLJnGk6ZGzz3J1y29AAAAAAECAwQF\n-----END OPENSSH PRIVATE KEY-----\n",
            "private_key_pem": "-----BEGIN PRIVATE KEY-----\nMC4CAQAwBQYDK2VwBCIEIFjnh2jZyidWou7qwMrVWnv2mzHHbYfB2sL9dfZDmt/a\n-----END PRIVATE KEY-----\n",
            "private_key_pem_pkcs8": "-----BEGIN PRIVATE KEY-----\nMC4CAQAwBQYDK2VwBCIEIFjnh2jZyidWou7qwMrVWnv2mzHHbYfB2sL9dfZDmt/a\n-----END PRIVATE KEY-----\n",
            "public_key_fingerprint_md5": "62:4c:4c:81:1d:00:dc:10:eb:ae:b7:67:bc:e9:0b:de",
            "public_key_fingerprint_sha256": "SHA256:GcLmKhYmbfs9KW0cmKTZaIU6wZcfjKg3M1y65JsukNk",
            "public_key_openssh": "ssh-ed25519 AAAAC3NzaC1lZDI1NTE5AAAAILVIfC5cMiGHnVjtd/TzXdclG41QLJnGk6ZGzz3J1y29\n",
            "public_key_pem": "-----BEGIN PUBLIC KEY-----\nMCowBQYDK2VwAyEAtUh8LlwyIYedWO139PNd1yUbjVAsmcaTpkbPPcnXLb0=\n-----END PUBLIC KEY-----\n",
            "rsa_bits": 2048
          },
          "sensitive_attributes": [
            [
              {
                "type": "get_attr",
                "value": "private_key_openssh"
              }
            ],
            [
              {
                "type": "get_attr",
                "value": "private_key_pem_pkcs8"
              }
            ],
            [
              {
                "type": "get_attr",
                "value": "private_key_pem"
              }
            ]
          ]
        }
      ]
    },
    {
      "mode": "managed",
      "type": "tls_private_key",
      "name": "cert_by_module",
      "provider": "provider[\"registry.terraform.io/hashicorp/tls\"].by_module",
      "instances": [
        {
          "schema_version": 1,
          "attributes": {
            "algorithm": "ED25519",
            "ecdsa_curve": "P224",
            "id": "1d066f8eb56bcff622f3c3267aee8037ca1f068c",
            "private_key_openssh": "-----BEGIN OPENSSH PRIVATE KEY-----\nb3BlbnNzaC1rZXktdjEAAAAABG5vbmUAAAAEbm9uZQAAAAAAAAABAAAAMwAAAAtz\nc2gtZWQyNTUxOQAAACAIEiIzYFYn1+d+3JhxfPWcz7nrH641CHz2ureg0Dv+4gAA\nAIhZrDhkWaw4ZAAAAAtzc2gtZWQyNTUxOQAAACAIEiIzYFYn1+d+3JhxfPWcz7nr\nH641CHz2ureg0Dv+4gAAAEDt4s1ZP/iWWGbqF84evO+taCkZ/AcJoyaLR5JhAEDQ\nFwgSIjNgVifX537cmHF89ZzPuesfrjUIfPa6t6DQO/7iAAAAAAECAwQF\n-----END OPENSSH PRIVATE KEY-----\n",
            "private_key_pem": "-----BEGIN PRIVATE KEY-----\nMC4CAQAwBQYDK2VwBCIEIO3izVk/+JZYZuoXzh68761oKRn8BwmjJotHkmEAQNAX\n-----END PRIVATE KEY-----\n",
            "private_key_pem_pkcs8": "-----BEGIN PRIVATE KEY-----\nMC4CAQAwBQYDK2VwBCIEIO3izVk/+JZYZuoXzh68761oKRn8BwmjJotHkmEAQNAX\n-----END PRIVATE KEY-----\n",
            "public_key_fingerprint_md5": "dc:4c:dd:37:2f:e7:a5:49:e5:c6:06:db:b7:e4:a0:ed",
            "public_key_fingerprint_sha256": "SHA256:MW/+PhfqJQPpa6/iUwK84nf2oTnQqCElIQLYxwbNotk",
            "public_key_openssh": "ssh-ed25519 AAAAC3NzaC1lZDI1NTE5AAAAIAgSIjNgVifX537cmHF89ZzPuesfrjUIfPa6t6DQO/7i\n",
            "public_key_pem": "-----BEGIN PUBLIC KEY-----\nMCowBQYDK2VwAyEACBIiM2BWJ9fnftyYcXz1nM+56x+uNQh89rq3oNA7/uI=\n-----END PUBLIC KEY-----\n",
            "rsa_bits": 2048
          },
          "sensitive_attributes": [
            [
              {
                "type": "get_attr",
                "value": "private_key_openssh"
              }
            ],
            [
              {
                "type": "get_attr",
                "value": "private_key_pem_pkcs8"
              }
            ],
            [
              {
                "type": "get_attr",
                "value": "private_key_pem"
              }
            ]
          ],
          "dependencies": [
            "module.idgen.random_pet.id",
            "random_integer.net_id",
            "random_string.token"
          ]
        }
      ]
    },
    {
      "mode": "managed",
      "type": "tls_private_key",
      "name": "cert_by_resource",
      "provider": "provider[\"registry.terraform.io/hashicorp/tls\"].by_resource",
      "instances": [
        {
          "schema_version": 1,
          "attributes": {
            "algorithm": "ED25519",
            "ecdsa_curve": "P224",
            "id": "027df1c148b7dcc795dd8542e25fb913fc104e58",
            "private_key_openssh": "-----BEGIN OPENSSH PRIVATE KEY-----\nb3BlbnNzaC1rZXktdjEAAAAABG5vbmUAAAAEbm9uZQAAAAAAAAABAAAAMwAAAAtz\nc2gtZWQyNTUxOQAAACBMPUm2WtW1wOe1jq+czuEAF1wroreAcITwrT5KuyHgSgAA\nAIj2xgbK9sYGygAAAAtzc2gtZWQyNTUxOQAAACBMPUm2WtW1wOe1jq+czuEAF1wr\noreAcITwrT5KuyHgSgAAAEA0hDLQ5Q5meEt+uAuBNzUkUg345K7YlYlsOO3pCPuX\n2Ew9SbZa1bXA57WOr5zO4QAXXCuit4BwhPCtPkq7IeBKAAAAAAECAwQF\n-----END OPENSSH PRIVATE KEY-----\n",
            "private_key_pem": "-----BEGIN PRIVATE KEY-----\nMC4CAQAwBQYDK2VwBCIEIDSEMtDlDmZ4S364C4E3NSRSDfjkrtiViWw47ekI+5fY\n-----END PRIVATE KEY-----\n",
            "private_key_pem_pkcs8": "-----BEGIN PRIVATE KEY-----\nMC4CAQAwBQYDK2VwBCIEIDSEMtDlDmZ4S364C4E3NSRSDfjkrtiViWw47ekI+5fY\n-----END PRIVATE KEY-----\n",
            "public_key_fingerprint_md5": "5d:43:db:cd:95:e3:26:bd:48:89:32:e3:05:e6:4c:10",
            "public_key_fingerprint_sha256": "SHA256:khRl1wNwDh0QddqkUPb3pR/BiKJaukWI0YAYq44843E",
            "public_key_openssh": "ssh-ed25519 AAAAC3NzaC1lZDI1NTE5AAAAIEw9SbZa1bXA57WOr5zO4QAXXCuit4BwhPCtPkq7IeBK\n",
            "public_key_pem": "-----BEGIN PUBLIC KEY-----\nMCowBQYDK2VwAyEATD1JtlrVtcDntY6vnM7hABdcK6K3gHCE8K0+Srsh4Eo=\n-----END PUBLIC KEY-----\n",
            "rsa_bits": 2048
          },
          "sensitive_attributes": [
            [
              {
                "type": "get_attr",
                "value": "private_key_pem"
              }
            ],
            [
              {
                "type": "get_attr",
                "value": "private_key_openssh"
              }
            ],
            [
              {
                "type": "get_attr",
                "value": "private_key_pem_pkcs8"
              }
            ]
          ],
          "dependencies": [
            "random_pet.net_name"
          ]
        }
      ]
    }
  ],
  "check_results": null
}
