{
  "version": 4,
  "terraform_version": "1.8.3",
  "serial": 4,
  "lineage": "28fda10b-e25b-b9e7-ed80-9bd7cdabd524",
  "outputs": {},
  "resources": [
    {
      "mode": "managed",
      "type": "random_pet",
      "name": "instance",
      "provider": "provider[\"registry.terraform.io/hashicorp/random\"]",
      "instances": [
        {
          "schema_version": 0,
          "attributes": {
            "id": "rarely-solid-lamb",
            "keepers": {
              "fp": "mildly-flowing-horse",
              "gen": "true-moose",
              "ld": "mildly-flowing-horse",
              "lm": "true-moose",
              "lr": "6790",
              "net": "6790",
              "tagged": "demo-instance",
              "token": "CjJNf5Xpy5ow"
            },
            "length": 3,
            "prefix": null,
            "separator": "-"
          },
          "sensitive_attributes": [],
          "dependencies": [
            "data.tls_public_key.pub",
            "module.idgen.random_pet.id",
            "random_integer.net_id",
            "random_pet.fp_tag",
            "random_string.token",
            "tls_private_key.signer"
          ]
        }
      ]
    },
    {
      "mode": "managed",
      "type": "tls_private_key",
      "name": "cert",
      "provider": "provider[\"registry.terraform.io/hashicorp/tls\"]",
      "instances": [
        {
          "schema_version": 1,
          "attributes": {
            "algorithm": "ED25519",
            "ecdsa_curve": "P224",
            "id": "2ff015b2b4aadbe833eb7b05f12f3b7cedd4e817",
            "private_key_openssh": "-----BEGIN OPENSSH PRIVATE KEY-----\nb3BlbnNzaC1rZXktdjEAAAAABG5vbmUAAAAEbm9uZQAAAAAAAAABAAAAMwAAAAtz\nc2gtZWQyNTUxOQAAACBV+UdbrJiFcRiaduhQ35ZDdSmxPsqr8T2/qOBxMR/V8gAA\nAIgN30qUDd9KlAAAAAtzc2gtZWQyNTUxOQAAACBV+UdbrJiFcRiaduhQ35ZDdSmx\nPsqr8T2/qOBxMR/V8gAAAEBtJd1qAJRhJnUnFY0IWOHbuPDQsNqp/UMCZqviIhvQ\n+FX5R1usmIVxGJp26FDflkN1KbE+yqvxPb+o4HExH9XyAAAAAAECAwQF\n-----END OPENSSH PRIVATE KEY-----\n",
            "private_key_pem": "-----BEGIN PRIVATE KEY-----\nMC4CAQAwBQYDK2VwBCIEIG0l3WoAlGEmdScVjQhY4du48NCw2qn9QwJmq+IiG9D4\n-----END PRIVATE KEY-----\n",
            "private_key_pem_pkcs8": "-----BEGIN PRIVATE KEY-----\nMC4CAQAwBQYDK2VwBCIEIG0l3WoAlGEmdScVjQhY4du48NCw2qn9QwJmq+IiG9D4\n-----END PRIVATE KEY-----\n",
            "public_key_fingerprint_md5": "e0:c1:bf:31:cd:7e:36:92:c4:2b:ec:0d:88:7e:57:f6",
            "public_key_fingerprint_sha256": "SHA256:wgF8TbRP6Iu/be37n2ZI+IHpFqqXDP9myMU4D4NiStg",
            "public_key_openssh": "ssh-ed25519 AAAAC3NzaC1lZDI1NTE5AAAAIFX5R1usmIVxGJp26FDflkN1KbE+yqvxPb+o4HExH9Xy\n",
            "public_key_pem": "-----BEGIN PUBLIC KEY-----\nMCowBQYDK2VwAyEAVflHW6yYhXEYmnboUN+WQ3UpsT7Kq/E9v6jgcTEf1fI=\n-----END PUBLIC KEY-----\n",
            "rsa_bits": 2048
          },
          "sensitive_attributes": [
            [
              {
                "type": "get_attr",
                "value": "private_key_pem"
              }
            ],
            [
              {
                "type": "get_attr",
                "value": "private_key_pem_pkcs8"
              }
            ],
            [
              {
                "type": "get_attr",
                "value": "private_key_openssh"
              }
            ]
          ]
        }
      ]
    },
    {
      "mode": "managed",
      "type": "tls_private_key",
      "name": "cert_by_module",
      "provider": "provider[\"registry.terraform.io/hashicorp/tls\"].by_module",
      "instances": [
        {
          "schema_version": 1,
          "attributes": {
            "algorithm": "ED25519",
            "ecdsa_curve": "P224",
            "id": "69e9265d7243964e69e217d6d0044d65c1e49c4c",
            "private_key_openssh": "-----BEGIN OPENSSH PRIVATE KEY-----\nb3BlbnNzaC1rZXktdjEAAAAABG5vbmUAAAAEbm9uZQAAAAAAAAABAAAAMwAAAAtz\nc2gtZWQyNTUxOQAAACDVbgsgWzTkL0+IFmHpveP+77R8o+llrWYD+bYyfuDM8gAA\nAIjt2Wwm7dlsJgAAAAtzc2gtZWQyNTUxOQAAACDVbgsgWzTkL0+IFmHpveP+77R8\no+llrWYD+bYyfuDM8gAAAEAeABwG9L8+329HNtUWQBCZaGSSazNqYSicZdUGQEkh\nHNVuCyBbNOQvT4gWYem94/7vtHyj6WWtZgP5tjJ+4MzyAAAAAAECAwQF\n-----END OPENSSH PRIVATE KEY-----\n",
            "private_key_pem": "-----BEGIN PRIVATE KEY-----\nMC4CAQAwBQYDK2VwBCIEIB4AHAb0vz7fb0c21RZAEJloZJJrM2phKJxl1QZASSEc\n-----END PRIVATE KEY-----\n",
            "private_key_pem_pkcs8": "-----BEGIN PRIVATE KEY-----\nMC4CAQAwBQYDK2VwBCIEIB4AHAb0vz7fb0c21RZAEJloZJJrM2phKJxl1QZASSEc\n-----END PRIVATE KEY-----\n",
            "public_key_fingerprint_md5": "1b:70:b3:d5:45:09:12:14:99:50:d6:bb:6f:70:2f:ca",
            "public_key_fingerprint_sha256": "SHA256:SK4VCjF+DPHdIObAABBsd6531b/8W8K0+rFZvBTaLWM",
            "public_key_openssh": "ssh-ed25519 AAAAC3NzaC1lZDI1NTE5AAAAINVuCyBbNOQvT4gWYem94/7vtHyj6WWtZgP5tjJ+4Mzy\n",
            "public_key_pem": "-----BEGIN PUBLIC KEY-----\nMCowBQYDK2VwAyEA1W4LIFs05C9PiBZh6b3j/u+0fKPpZa1mA/m2Mn7gzPI=\n-----END PUBLIC KEY-----\n",
            "rsa_bits": 2048
          },
          "sensitive_attributes": [
            [
              {
                "type": "get_attr",
                "value": "private_key_openssh"
              }
            ],
            [
              {
                "type": "get_attr",
                "value": "private_key_pem_pkcs8"
              }
            ],
            [
              {
                "type": "get_attr",
                "value": "private_key_pem"
              }
            ]
          ],
          "dependencies": [
            "module.idgen.random_pet.id",
            "random_integer.net_id",
            "random_string.token"
          ]
        }
      ]
    },
    {
      "mode": "managed",
      "type": "tls_private_key",
      "name": "cert_by_resource",
      "provider": "provider[\"registry.terraform.io/hashicorp/tls\"].by_resource",
      "instances": [
        {
          "schema_version": 1,
          "attributes": {
            "algorithm": "ED25519",
            "ecdsa_curve": "P224",
            "id": "8b9abc27a5b438b17d7ab85a2a333771bb386e78",
            "private_key_openssh": "-----BEGIN OPENSSH PRIVATE KEY-----\nb3BlbnNzaC1rZXktdjEAAAAABG5vbmUAAAAEbm9uZQAAAAAAAAABAAAAMwAAAAtz\nc2gtZWQyNTUxOQAAACBRFB/P+Jq7a58xN8gUtY8hGaWk5aI8fsTJn53pg3B5XgAA\nAIhMUqmyTFKpsgAAAAtzc2gtZWQyNTUxOQAAACBRFB/P+Jq7a58xN8gUtY8hGaWk\n5aI8fsTJn53pg3B5XgAAAEAntsgNjKjQtnbhxdH12xiqm2NnYUD8STTWX1BKXUEO\n+FEUH8/4mrtrnzE3yBS1jyEZpaTlojx+xMmfnemDcHleAAAAAAECAwQF\n-----END OPENSSH PRIVATE KEY-----\n",
            "private_key_pem": "-----BEGIN PRIVATE KEY-----\nMC4CAQAwBQYDK2VwBCIEICe2yA2MqNC2duHF0fXbGKqbY2dhQPxJNNZfUEpdQQ74\n-----END PRIVATE KEY-----\n",
            "private_key_pem_pkcs8": "-----BEGIN PRIVATE KEY-----\nMC4CAQAwBQYDK2VwBCIEICe2yA2MqNC2duHF0fXbGKqbY2dhQPxJNNZfUEpdQQ74\n-----END PRIVATE KEY-----\n",
            "public_key_fingerprint_md5": "8c:ae:d8:89:c7:f8:b5:d0:18:ed:27:79:e7:43:65:72",
            "public_key_fingerprint_sha256": "SHA256:yc9yVPcX/AaDgo9DIc/z1G8TWSTIojQTdUyzMtNs8r0",
            "public_key_openssh": "ssh-ed25519 AAAAC3NzaC1lZDI1NTE5AAAAIFEUH8/4mrtrnzE3yBS1jyEZpaTlojx+xMmfnemDcHle\n",
            "public_key_pem": "-----BEGIN PUBLIC KEY-----\nMCowBQYDK2VwAyEAURQfz/iau2ufMTfIFLWPIRmlpOWiPH7EyZ+d6YNweV4=\n-----END PUBLIC KEY-----\n",
            "rsa_bits": 2048
          },
          "sensitive_attributes": [
            [
              {
                "type": "get_attr",
                "value": "private_key_openssh"
              }
            ],
            [
              {
                "type": "get_attr",
                "value": "private_key_pem_pkcs8"
              }
            ],
            [
              {
                "type": "get_attr",
                "value": "private_key_pem"
              }
            ]
          ],
          "dependencies": [
            "random_pet.net_name"
          ]
        }
      ]
    }
  ],
  "check_results": null
}
