{
  "version": 4,
  "terraform_version": "1.2.9",
  "serial": 4,
  "lineage": "b17af597-9836-d805-b569-60ea63220e1b",
  "outputs": {},
  "resources": [
    {
      "mode": "managed",
      "type": "random_pet",
      "name": "instance",
      "provider": "provider[\"registry.terraform.io/hashicorp/random\"]",
      "instances": [
        {
          "schema_version": 0,
          "attributes": {
            "id": "strangely-in-tomcat",
            "keepers": {
              "fp": "0a:ee:57:93:0d:4e:f2:ee:5f:d7:2a:28:9c:89:75:92",
              "gen": "electric-reptile",
              "ld": "0a:ee:57:93:0d:4e:f2:ee:5f:d7:2a:28:9c:89:75:92",
              "lm": "electric-reptile",
              "lr": "6660",
              "net": "6660",
              "tagged": "demo-instance",
              "token": "bZc9G27iPaJb"
            },
            "length": 3,
            "prefix": null,
            "separator": "-"
          },
          "sensitive_attributes": [],
          "dependencies": [
            "data.tls_public_key.pub",
            "module.idgen.random_pet.id",
            "random_integer.net_id",
            "random_string.token",
            "tls_private_key.signer"
          ]
        }
      ]
    },
    {
      "mode": "managed",
      "type": "tls_private_key",
      "name": "cert",
      "provider": "provider[\"registry.terraform.io/hashicorp/tls\"]",
      "instances": [
        {
          "schema_version": 1,
          "attributes": {
            "algorithm": "ED25519",
            "ecdsa_curve": "P224",
            "id": "f57e7f458bfbc1e6cb97ef9ffbfa9873cd3bff6c",
            "private_key_openssh": "-----BEGIN OPENSSH PRIVATE KEY-----\nb3BlbnNzaC1rZXktdjEAAAAABG5vbmUAAAAEbm9uZQAAAAAAAAABAAAAMwAAAAtz\nc2gtZWQyNTUxOQAAACDIz5JnFJ4F0qZSXjXvYQYVc6m9KcijsySh1v//yJajagAA\nAIh8EUkRfBFJEQAAAAtzc2gtZWQyNTUxOQAAACDIz5JnFJ4F0qZSXjXvYQYVc6m9\nKcijsySh1v//yJajagAAAEA8qYyigGNui7ahCqnjoLF5VjPctZFtf6yuq6ij1eJO\n7cjPkmcUngXSplJeNe9hBhVzqb0pyKOzJKHW///IlqNqAAAAAAECAwQF\n-----END OPENSSH PRIVATE KEY-----\n",
            "private_key_pem": "-----BEGIN PRIVATE KEY-----\nMC4CAQAwBQYDK2VwBCIEIDypjKKAY26LtqEKqeOgsXlWM9y1kW1/rK6rqKPV4k7t\n-----END PRIVATE KEY-----\n",
            "private_key_pem_pkcs8": "-----BEGIN PRIVATE KEY-----\nMC4CAQAwBQYDK2VwBCIEIDypjKKAY26LtqEKqeOgsXlWM9y1kW1/rK6rqKPV4k7t\n-----END PRIVATE KEY-----\n",
            "public_key_fingerprint_md5": "ab:5f:2a:bc:53:ac:43:91:0a:34:45:86:ee:29:e7:58",
            "public_key_fingerprint_sha256": "SHA256:XWSKPj3vhB80CP+a0heSDRLa+MK5IReycoZuKCgCfX8",
            "public_key_openssh": "ssh-ed25519 AAAAC3NzaC1lZDI1NTE5AAAAIMjPkmcUngXSplJeNe9hBhVzqb0pyKOzJKHW///IlqNq\n",
            "public_key_pem": "-----BEGIN PUBLIC KEY-----\nMCowBQYDK2VwAyEAyM+SZxSeBdKmUl4172EGFXOpvSnIo7Mkodb//8iWo2o=\n-----END PUBLIC KEY-----\n",
            "rsa_bits": 2048
          },
          "sensitive_attributes": []
        }
      ]
    },
    {
      "mode": "managed",
      "type": "tls_private_key",
      "name": "cert_by_module",
      "provider": "provider[\"registry.terraform.io/hashicorp/tls\"].by_module",
      "instances": [
        {
          "schema_version": 1,
          "attributes": {
            "algorithm": "ED25519",
            "ecdsa_curve": "P224",
            "id": "8b790315daecff226f09b1aa3e5bb11b019ba174",
            "private_key_openssh": "-----BEGIN OPENSSH PRIVATE KEY-----\nb3BlbnNzaC1rZXktdjEAAAAABG5vbmUAAAAEbm9uZQAAAAAAAAABAAAAMwAAAAtz\nc2gtZWQyNTUxOQAAACAGcFZQUPlOmYoXqJCbMzSfGy0/g/DdnkHEfG2UfPhvDwAA\nAIiogakhqIGpIQAAAAtzc2gtZWQyNTUxOQAAACAGcFZQUPlOmYoXqJCbMzSfGy0/\ng/DdnkHEfG2UfPhvDwAAAEC9DOQqYraX+72MBPiSsGWTFPyFXOY/FjR9xOtdFL3N\nIgZwVlBQ+U6ZiheokJszNJ8bLT+D8N2eQcR8bZR8+G8PAAAAAAECAwQF\n-----END OPENSSH PRIVATE KEY-----\n",
            "private_key_pem": "-----BEGIN PRIVATE KEY-----\nMC4CAQAwBQYDK2VwBCIEIL0M5Cpitpf7vYwE+JKwZZMU/IVc5j8WNH3E610Uvc0i\n-----END PRIVATE KEY-----\n",
            "private_key_pem_pkcs8": "-----BEGIN PRIVATE KEY-----\nMC4CAQAwBQYDK2VwBCIEIL0M5Cpitpf7vYwE+JKwZZMU/IVc5j8WNH3E610Uvc0i\n-----END PRIVATE KEY-----\n",
            "public_key_fingerprint_md5": "6b:db:3b:da:3d:a9:f5:63:4d:6b:8b:bf:14:4c:99:f8",
            "public_key_fingerprint_sha256": "SHA256:kDfgGHky9UwbQOH4cWgyo8QoPN4k5pgMUF4ey/8MH6s",
            "public_key_openssh": "ssh-ed25519 AAAAC3NzaC1lZDI1NTE5AAAAIAZwVlBQ+U6ZiheokJszNJ8bLT+D8N2eQcR8bZR8+G8P\n",
            "public_key_pem": "-----BEGIN PUBLIC KEY-----\nMCowBQYDK2VwAyEABnBWUFD5TpmKF6iQmzM0nxstP4Pw3Z5BxHxtlHz4bw8=\n-----END PUBLIC KEY-----\n",
            "rsa_bits": 2048
          },
          "sensitive_attributes": [],
          "dependencies": [
            "data.tls_public_key.pub",
            "module.idgen.random_pet.id",
            "random_integer.net_id",
            "tls_private_key.signer"
          ]
        }
      ]
    },
    {
      "mode": "managed",
      "type": "tls_private_key",
      "name": "cert_by_resource",
      "provider": "provider[\"registry.terraform.io/hashicorp/tls\"].by_resource",
      "instances": [
        {
          "schema_version": 1,
          "attributes": {
            "algorithm": "ED25519",
            "ecdsa_curve": "P224",
            "id": "0fa9729f71022e184fa17c5ac48a1b85506114b9",
            "private_key_openssh": "-----BEGIN OPENSSH PRIVATE KEY-----\nb3BlbnNzaC1rZXktdjEAAAAABG5vbmUAAAAEbm9uZQAAAAAAAAABAAAAMwAAAAtz\nc2gtZWQyNTUxOQAAACDEMuAMcP8lXwr0CBBBASLyLkBlEsQfcQ5wwnmjfFBuNgAA\nAIiQNmF6kDZhegAAAAtzc2gtZWQyNTUxOQAAACDEMuAMcP8lXwr0CBBBASLyLkBl\nEsQfcQ5wwnmjfFBuNgAAAEDVHvpsfJoJ5cbEjIRpl8oOTwOAeCR+JTGquACcF/Xi\n9MQy4Axw/yVfCvQIEEEBIvIuQGUSxB9xDnDCeaN8UG42AAAAAAECAwQF\n-----END OPENSSH PRIVATE KEY-----\n",
            "private_key_pem": "-----BEGIN PRIVATE KEY-----\nMC4CAQAwBQYDK2VwBCIEINUe+mx8mgnlxsSMhGmXyg5PA4B4JH4lMaq4AJwX9eL0\n-----END PRIVATE KEY-----\n",
            "private_key_pem_pkcs8": "-----BEGIN PRIVATE KEY-----\nMC4CAQAwBQYDK2VwBCIEINUe+mx8mgnlxsSMhGmXyg5PA4B4JH4lMaq4AJwX9eL0\n-----END PRIVATE KEY-----\n",
            "public_key_fingerprint_md5": "39:62:a5:29:84:81:d4:ca:31:7c:5c:40:c9:56:b9:c6",
            "public_key_fingerprint_sha256": "SHA256:wyyF9yNWLaKzZy87jhG36xT0l+H0YJSB3f3CXol76KQ",
            "public_key_openssh": "ssh-ed25519 AAAAC3NzaC1lZDI1NTE5AAAAIMQy4Axw/yVfCvQIEEEBIvIuQGUSxB9xDnDCeaN8UG42\n",
            "public_key_pem": "-----BEGIN PUBLIC KEY-----\nMCowBQYDK2VwAyEAxDLgDHD/JV8K9AgQQQEi8i5AZRLEH3EOcMJ5o3xQbjY=\n-----END PUBLIC KEY-----\n",
            "rsa_bits": 2048
          },
          "sensitive_attributes": [],
          "dependencies": [
            "random_pet.net_name"
          ]
        }
      ]
    }
  ]
}
