{
  "version": 4,
  "terraform_version": "1.8.3",
  "serial": 4,
  "lineage": "c28cce74-b328-e31b-635f-4c5d39745821",
  "outputs": {},
  "resources": [
    {
      "mode": "managed",
      "type": "random_pet",
      "name": "instance",
      "provider": "provider[\"registry.terraform.io/hashicorp/random\"]",
      "instances": [
        {
          "schema_version": 0,
          "attributes": {
            "id": "positively-adjusted-macaque",
            "keepers": {
              "fp": "72:80:40:a3:91:ac:d1:78:01:ca:b4:90:cc:64:7b:18",
              "gen": "superb-raccoon",
              "ld": "72:80:40:a3:91:ac:d1:78:01:ca:b4:90:cc:64:7b:18",
              "lm": "superb-raccoon",
              "lr": "5807",
              "net": "5807",
              "tagged": "demo-instance",
              "token": "UOrpL4pwE5eM"
            },
            "length": 3,
            "prefix": null,
            "separator": "-"
          },
          "sensitive_attributes": [],
          "dependencies": [
            "data.tls_public_key.pub",
            "module.idgen.random_pet.id",
            "random_integer.net_id",
            "random_string.token",
            "tls_private_key.signer"
          ]
        }
      ]
    },
    {
      "mode": "managed",
      "type": "tls_private_key",
      "name": "cert",
      "provider": "provider[\"registry.terraform.io/hashicorp/tls\"]",
      "instances": [
        {
          "schema_version": 1,
          "attributes": {
            "algorithm": "ED25519",
            "ecdsa_curve": "P224",
            "id": "5352f245b51f28de8e13eb1e329916c0dc0606b0",
            "private_key_openssh": "-----BEGIN OPENSSH PRIVATE KEY-----\nb3BlbnNzaC1rZXktdjEAAAAABG5vbmUAAAAEbm9uZQAAAAAAAAABAAAAMwAAAAtz\nc2gtZWQyNTUxOQAAACDzDRspVQwkW2QUbOtlNv/fyzO+VbWrD9EPgYdlKc7pAAAA\nAIhCjiYjQo4mIwAAAAtzc2gtZWQyNTUxOQAAACDzDRspVQwkW2QUbOtlNv/fyzO+\nVbWrD9EPgYdlKc7pAAAAAECfZit42p8Ar5yOaHqVQpZ8cmdICLbVvQoEW1HlOeHH\n8/MNGylVDCRbZBRs62U2/9/LM75VtasP0Q+Bh2UpzukAAAAAAAECAwQF\n-----END OPENSSH PRIVATE KEY-----\n",
            "private_key_pem": "-----BEGIN PRIVATE KEY-----\nMC4CAQAwBQYDK2VwBCIEIJ9mK3janwCvnI5oepVClnxyZ0gIttW9CgRbUeU54cfz\n-----END PRIVATE KEY-----\n",
            "private_key_pem_pkcs8": "-----BEGIN PRIVATE KEY-----\nMC4CAQAwBQYDK2VwBCIEIJ9mK3janwCvnI5oepVClnxyZ0gIttW9CgRbUeU54cfz\n-----END PRIVATE KEY-----\n",
            "public_key_fingerprint_md5": "fc:46:7c:78:82:7e:4c:54:52:23:f0:f4:de:89:7e:a0",
            "public_key_fingerprint_sha256": "SHA256:UMgcEA+t2nNPiOQ27v0tnFrmkmVSIOC6FESQj8UW6W4",
            "public_key_openssh": "ssh-ed25519 AAAAC3NzaC1lZDI1NTE5AAAAIPMNGylVDCRbZBRs62U2/9/LM75VtasP0Q+Bh2UpzukA\n",
            "public_key_pem": "-----BEGIN PUBLIC KEY-----\nMCowBQYDK2VwAyEA8w0bKVUMJFtkFGzrZTb/38szvlW1qw/RD4GHZSnO6QA=\n-----END PUBLIC KEY-----\n",
            "rsa_bits": 2048
          },
          "sensitive_attributes": [
            [
              {
                "type": "get_attr",
                "value": "private_key_pem_pkcs8"
              }
            ],
            [
              {
                "type": "get_attr",
                "value": "private_key_openssh"
              }
            ],
            [
              {
                "type": "get_attr",
                "value": "private_key_pem"
              }
            ]
          ]
        }
      ]
    },
    {
      "mode": "managed",
      "type": "tls_private_key",
      "name": "cert_by_module",
      "provider": "provider[\"registry.terraform.io/hashicorp/tls\"].by_module",
      "instances": [
        {
          "schema_version": 1,
          "attributes": {
            "algorithm": "ED25519",
            "ecdsa_curve": "P224",
            "id": "2aa102ae50e56146ca87280bc92f06f3af9d42e7",
            "private_key_openssh": "-----BEGIN OPENSSH PRIVATE KEY-----\nb3BlbnNzaC1rZXktdjEAAAAABG5vbmUAAAAEbm9uZQAAAAAAAAABAAAAMwAAAAtz\nc2gtZWQyNTUxOQAAACAbntUQWrrLya6q3rBja8MbiHDmsBirQ0ZtVvDY6UEIxwAA\nAIgURe86FEXvOgAAAAtzc2gtZWQyNTUxOQAAACAbntUQWrrLya6q3rBja8MbiHDm\nsBirQ0ZtVvDY6UEIxwAAAEDuz08/0qbE8uJS/Afljv599wh3qQHQcSHxl6ZrDVzt\nZhue1RBausvJrqresGNrwxuIcOawGKtDRm1W8NjpQQjHAAAAAAECAwQF\n-----END OPENSSH PRIVATE KEY-----\n",
            "private_key_pem": "-----BEGIN PRIVATE KEY-----\nMC4CAQAwBQYDK2VwBCIEIO7PTz/SpsTy4lL8B+WO/n33CHepAdBxIfGXpmsNXO1m\n-----END PRIVATE KEY-----\n",
            "private_key_pem_pkcs8": "-----BEGIN PRIVATE KEY-----\nMC4CAQAwBQYDK2VwBCIEIO7PTz/SpsTy4lL8B+WO/n33CHepAdBxIfGXpmsNXO1m\n-----END PRIVATE KEY-----\n",
            "public_key_fingerprint_md5": "97:a4:7d:ab:e9:91:d2:00:92:c1:b3:69:f8:ca:f8:04",
            "public_key_fingerprint_sha256": "SHA256:6Y/w5POdq3WO/+rpr7+skWNb905pfDE0PgJMMoR/eK8",
            "public_key_openssh": "ssh-ed25519 AAAAC3NzaC1lZDI1NTE5AAAAIBue1RBausvJrqresGNrwxuIcOawGKtDRm1W8NjpQQjH\n",
            "public_key_pem": "-----BEGIN PUBLIC KEY-----\nMCowBQYDK2VwAyEAG57VEFq6y8muqt6wY2vDG4hw5rAYq0NGbVbw2OlBCMc=\n-----END PUBLIC KEY-----\n",
            "rsa_bits": 2048
          },
          "sensitive_attributes": [
            [
              {
                "type": "get_attr",
                "value": "private_key_openssh"
              }
            ],
            [
              {
                "type": "get_attr",
                "value": "private_key_pem"
              }
            ],
            [
              {
                "type": "get_attr",
                "value": "private_key_pem_pkcs8"
              }
            ]
          ],
          "dependencies": [
            "data.tls_public_key.pub",
            "module.idgen.random_pet.id",
            "random_integer.net_id",
            "tls_private_key.signer"
          ]
        }
      ]
    },
    {
      "mode": "managed",
      "type": "tls_private_key",
      "name": "cert_by_resource",
      "provider": "provider[\"registry.terraform.io/hashicorp/tls\"].by_resource",
      "instances": [
        {
          "schema_version": 1,
          "attributes": {
            "algorithm": "ED25519",
            "ecdsa_curve": "P224",
            "id": "4170ddb9ae9a08e12a4afde4559e31197f891de5",
            "private_key_openssh": "-----BEGIN OPENSSH PRIVATE KEY-----\nb3BlbnNzaC1rZXktdjEAAAAABG5vbmUAAAAEbm9uZQAAAAAAAAABAAAAMwAAAAtz\nc2gtZWQyNTUxOQAAACBAZ/ZeIq2ZgBBPHZ527g6nShpzzpFwieXlBqwMyqDnogAA\nAIgMudQLDLnUCwAAAAtzc2gtZWQyNTUxOQAAACBAZ/ZeIq2ZgBBPHZ527g6nShpz\nzpFwieXlBqwMyqDnogAAAEB4UkixS/aeRt9licrs+OaMug5Lq9Sm0CdOcwQLGULm\ndkBn9l4irZmAEE8dnnbuDqdKGnPOkXCJ5eUGrAzKoOeiAAAAAAECAwQF\n-----END OPENSSH PRIVATE KEY-----\n",
            "private_key_pem": "-----BEGIN PRIVATE KEY-----\nMC4CAQAwBQYDK2VwBCIEIHhSSLFL9p5G32WJyuz45oy6Dkur1KbQJ05zBAsZQuZ2\n-----END PRIVATE KEY-----\n",
            "private_key_pem_pkcs8": "-----BEGIN PRIVATE KEY-----\nMC4CAQAwBQYDK2VwBCIEIHhSSLFL9p5G32WJyuz45oy6Dkur1KbQJ05zBAsZQuZ2\n-----END PRIVATE KEY-----\n",
            "public_key_fingerprint_md5": "30:94:1e:02:d7:b3:a9:7a:21:3e:b9:aa:a8:5d:cc:e2",
            "public_key_fingerprint_sha256": "SHA256:QXDTbl4m9JCRMR5JnKBkd8GN9KUYRIDI27ViRYGjKo8",
            "public_key_openssh": "ssh-ed25519 AAAAC3NzaC1lZDI1NTE5AAAAIEBn9l4irZmAEE8dnnbuDqdKGnPOkXCJ5eUGrAzKoOei\n",
            "public_key_pem": "-----BEGIN PUBLIC KEY-----\nMCowBQYDK2VwAyEAQGf2XiKtmYAQTx2edu4Op0oac86RcInl5QasDMqg56I=\n-----END PUBLIC KEY-----\n",
            "rsa_bits": 2048
          },
          "sensitive_attributes": [
            [
              {
                "type": "get_attr",
                "value": "private_key_openssh"
              }
            ],
            [
              {
                "type": "get_attr",
                "value": "private_key_pem_pkcs8"
              }
            ],
            [
              {
                "type": "get_attr",
                "value": "private_key_pem"
              }
            ]
          ],
          "dependencies": [
            "random_pet.net_name"
          ]
        }
      ]
    }
  ],
  "check_results": null
}
