{
  "version": 4,
  "terraform_version": "1.8.3",
  "serial": 4,
  "lineage": "e0784968-f827-9ac8-f4e9-588903d2d851",
  "outputs": {},
  "resources": [
    {
      "mode": "managed",
      "type": "random_pet",
      "name": "instance",
      "provider": "provider[\"registry.terraform.io/hashicorp/random\"]",
      "instances": [
        {
          "schema_version": 0,
          "attributes": {
            "id": "remotely-talented-roughy",
            "keepers": {
              "fp": "hideously-striking-newt",
              "gen": "current-shad",
              "ld": "hideously-striking-newt",
              "lm": "current-shad",
              "lr": "7523",
              "net": "7523",
              "tagged": "demo-instance",
              "token": "H4bRGIcRxU51"
            },
            "length": 3,
            "prefix": null,
            "separator": "-"
          },
          "sensitive_attributes": [],
          "dependencies": [
            "data.tls_public_key.pub",
            "module.idgen.random_pet.id",
            "random_integer.net_id",
            "random_pet.fp_tag",
            "random_string.token",
            "tls_private_key.signer"
          ]
        }
      ]
    },
    {
      "mode": "managed",
      "type": "tls_private_key",
      "name": "cert",
      "provider": "provider[\"registry.terraform.io/hashicorp/tls\"]",
      "instances": [
        {
          "schema_version": 1,
          "attributes": {
            "algorithm": "ED25519",
            "ecdsa_curve": "P224",
            "id": "0a345e62861b9370a220ceb477fc3b2bdb597409",
            "private_key_openssh": "-----BEGIN OPENSSH PRIVATE KEY-----\nb3BlbnNzaC1rZXktdjEAAAAABG5vbmUAAAAEbm9uZQAAAAAAAAABAAAAMwAAAAtz\nc2gtZWQyNTUxOQAAACDvROla0iiIWZJ8YWYqOJm6uNBKh0QzDDD4a9+lRINJ9gAA\nAIizwgHzs8IB8wAAAAtzc2gtZWQyNTUxOQAAACDvROla0iiIWZJ8YWYqOJm6uNBK\nh0QzDDD4a9+lRINJ9gAAAEBpwQgWxVvrSLpgRnPRy5X/iGcA2wFA0AocD4s1/D72\nx+9E6VrSKIhZknxhZio4mbq40EqHRDMMMPhr36VEg0n2AAAAAAECAwQF\n-----END OPENSSH PRIVATE KEY-----\n",
            "private_key_pem": "-----BEGIN PRIVATE KEY-----\nMC4CAQAwBQYDK2VwBCIEIGnBCBbFW+tIumBGc9HLlf+IZwDbAUDQChwPizX8PvbH\n-----END PRIVATE KEY-----\n",
            "private_key_pem_pkcs8": "-----BEGIN PRIVATE KEY-----\nMC4CAQAwBQYDK2VwBCIEIGnBCBbFW+tIumBGc9HLlf+IZwDbAUDQChwPizX8PvbH\n-----END PRIVATE KEY-----\n",
            "public_key_fingerprint_md5": "ad:ee:d1:14:69:bf:da:39:a1:f9:51:e7:58:75:b0:ec",
            "public_key_fingerprint_sha256": "SHA256:O/7pHuY66irso7DL9rEWHSF3sC77QjPTsAyGiCFG7Mg",
            "public_key_openssh": "ssh-ed25519 AAAAC3NzaC1lZDI1NTE5AAAAIO9E6VrSKIhZknxhZio4mbq40EqHRDMMMPhr36VEg0n2\n",
            "public_key_pem": "-----BEGIN PUBLIC KEY-----\nMCowBQYDK2VwAyEA70TpWtIoiFmSfGFmKjiZurjQSodEMwww+GvfpUSDSfY=\n-----END PUBLIC KEY-----\n",
            "rsa_bits": 2048
          },
          "sensitive_attributes": [
            [
              {
                "type": "get_attr",
                "value": "private_key_openssh"
              }
            ],
            [
              {
                "type": "get_attr",
                "value": "private_key_pem"
              }
            ],
            [
              {
                "type": "get_attr",
                "value": "private_key_pem_pkcs8"
              }
            ]
          ]
        }
      ]
    },
    {
      "mode": "managed",
      "type": "tls_private_key",
      "name": "cert_by_module",
      "provider": "provider[\"registry.terraform.io/hashicorp/tls\"].by_module",
      "instances": [
        {
          "schema_version": 1,
          "attributes": {
            "algorithm": "ED25519",
            "ecdsa_curve": "P224",
            "id": "43e63003699e3e268bb299edcb18b4406a9c29bc",
            "private_key_openssh": "-----BEGIN OPENSSH PRIVATE KEY-----\nb3BlbnNzaC1rZXktdjEAAAAABG5vbmUAAAAEbm9uZQAAAAAAAAABAAAAMwAAAAtz\nc2gtZWQyNTUxOQAAACC8f+wnqBPpnRwoRLquG5gXcxguS0FWvK4pAP9xt888tgAA\nAIjuoLf/7qC3/wAAAAtzc2gtZWQyNTUxOQAAACC8f+wnqBPpnRwoRLquG5gXcxgu\nS0FWvK4pAP9xt888tgAAAEDxPog36tUMaOyOB7x4FNeRZxwwkrcwBYME9HqiKPKW\nErx/7CeoE+mdHChEuq4bmBdzGC5LQVa8rikA/3G3zzy2AAAAAAECAwQF\n-----END OPENSSH PRIVATE KEY-----\n",
            "private_key_pem": "-----BEGIN PRIVATE KEY-----\nMC4CAQAwBQYDK2VwBCIEIPE+iDfq1Qxo7I4HvHgU15FnHDCStzAFgwT0eqIo8pYS\n-----END PRIVATE KEY-----\n",
            "private_key_pem_pkcs8": "-----BEGIN PRIVATE KEY-----\nMC4CAQAwBQYDK2VwBCIEIPE+iDfq1Qxo7I4HvHgU15FnHDCStzAFgwT0eqIo8pYS\n-----END PRIVATE KEY-----\n",
            "public_key_fingerprint_md5": "a8:f7:58:28:5a:5d:b8:1f:fe:e4:25:ec:33:08:d7:4d",
            "public_key_fingerprint_sha256": "SHA256:uzBgv71HhClqytfFALcpwVECRhtN6yWI7dZ4OItHgoQ",
            "public_key_openssh": "ssh-ed25519 AAAAC3NzaC1lZDI1NTE5AAAAILx/7CeoE+mdHChEuq4bmBdzGC5LQVa8rikA/3G3zzy2\n",
            "public_key_pem": "-----BEGIN PUBLIC KEY-----\nMCowBQYDK2VwAyEAvH/sJ6gT6Z0cKES6rhuYF3MYLktBVryuKQD/cbfPPLY=\n-----END PUBLIC KEY-----\n",
            "rsa_bits": 2048
          },
          "sensitive_attributes": [
            [
              {
                "type": "get_attr",
                "value": "private_key_pem_pkcs8"
              }
            ],
            [
              {
                "type": "get_attr",
                "value": "private_key_openssh"
              }
            ],
            [
              {
                "type": "get_attr",
                "value": "private_key_pem"
              }
            ]
          ],
          "dependencies": [
            "module.idgen.random_pet.id",
            "random_integer.net_id",
            "random_string.token"
          ]
        }
      ]
    },
    {
      "mode": "managed",
      "type": "tls_private_key",
      "name": "cert_by_resource",
      "provider": "provider[\"registry.terraform.io/hashicorp/tls\"].by_resource",
      "instances": [
        {
          "schema_version": 1,
          "attributes": {
            "algorithm": "ED25519",
            "ecdsa_curve": "P224",
            "id": "0027496c3b27c4c926d2436475365b4086247549",
            "private_key_openssh": "-----BEGIN OPENSSH PRIVATE KEY-----\nb3BlbnNzaC1rZXktdjEAAAAABG5vbmUAAAAEbm9uZQAAAAAAAAABAAAAMwAAAAtz\nc2gtZWQyNTUxOQAAACD5r05RXZFwUAxBYl+QSIEg2twyy80I7WBcAngQN7Z/lAAA\nAIhkSud4ZErneAAAAAtzc2gtZWQyNTUxOQAAACD5r05RXZFwUAxBYl+QSIEg2twy\ny80I7WBcAngQN7Z/lAAAAEAOM2gg0cxWhSg6XQ6pZ/AZa8MkI6Kkt5eUxQJ9p1b0\nu/mvTlFdkXBQDEFiX5BIgSDa3DLLzQjtYFwCeBA3tn+UAAAAAAECAwQF\n-----END OPENSSH PRIVATE KEY-----\n",
            "private_key_pem": "-----BEGIN PRIVATE KEY-----\nMC4CAQAwBQYDK2VwBCIEIA4zaCDRzFaFKDpdDqln8BlrwyQjoqS3l5TFAn2nVvS7\n-----END PRIVATE KEY-----\n",
            "private_key_pem_pkcs8": "-----BEGIN PRIVATE KEY-----\nMC4CAQAwBQYDK2VwBCIEIA4zaCDRzFaFKDpdDqln8BlrwyQjoqS3l5TFAn2nVvS7\n-----END PRIVATE KEY-----\n",
            "public_key_fingerprint_md5": "c4:0e:59:5c:ea:7e:80:13:55:d0:b3:e9:d3:6f:6c:20",
            "public_key_fingerprint_sha256": "SHA256:lrafeTnmd/bV+YyqOivWB6twNW70AuqGu7y+BPD8OOo",
            "public_key_openssh": "ssh-ed25519 AAAAC3NzaC1lZDI1NTE5AAAAIPmvTlFdkXBQDEFiX5BIgSDa3DLLzQjtYFwCeBA3tn+U\n",
            "public_key_pem": "-----BEGIN PUBLIC KEY-----\nMCowBQYDK2VwAyEA+a9OUV2RcFAMQWJfkEiBINrcMsvNCO1gXAJ4EDe2f5Q=\n-----END PUBLIC KEY-----\n",
            "rsa_bits": 2048
          },
          "sensitive_attributes": [
            [
              {
                "type": "get_attr",
                "value": "private_key_pem"
              }
            ],
            [
              {
                "type": "get_attr",
                "value": "private_key_pem_pkcs8"
              }
            ],
            [
              {
                "type": "get_attr",
                "value": "private_key_openssh"
              }
            ]
          ],
          "dependencies": [
            "random_pet.net_name"
          ]
        }
      ]
    }
  ],
  "check_results": null
}
