{
  "version": 4,
  "terraform_version": "1.8.3",
  "serial": 4,
  "lineage": "dbd846f1-e4e6-0a8c-d604-23ce3913368d",
  "outputs": {},
  "resources": [
    {
      "mode": "managed",
      "type": "random_pet",
      "name": "instance",
      "provider": "provider[\"registry.terraform.io/hashicorp/random\"]",
      "instances": [
        {
          "schema_version": 0,
          "attributes": {
            "id": "gratefully-skilled-blowfish",
            "keepers": {
              "fp": "finally-trusting-aardvark",
              "gen": "humorous-crayfish",
              "ld": "finally-trusting-aardvark",
              "lm": "humorous-crayfish",
              "lr": "3488",
              "net": "3488",
              "tagged": "demo-instance",
              "token": "l5C3ihGYqu5T"
            },
            "length": 3,
            "prefix": null,
            "separator": "-"
          },
          "sensitive_attributes": [],
          "dependencies": [
            "data.tls_public_key.pub",
            "module.idgen.random_pet.id",
            "random_integer.net_id",
            "random_pet.fp_tag",
            "random_string.token",
            "tls_private_key.signer"
          ]
        }
      ]
    },
    {
      "mode": "managed",
      "type": "tls_private_key",
      "name": "cert",
      "provider": "provider[\"registry.terraform.io/hashicorp/tls\"]",
      "instances": [
        {
          "schema_version": 1,
          "attributes": {
            "algorithm": "ED25519",
            "ecdsa_curve": "P224",
            "id": "0b3e37fc515c878f0a8ee6cfee9755b60c1efcc3",
            "private_key_openssh": "-----BEGIN OPENSSH PRIVATE KEY-----\nb3BlbnNzaC1rZXktdjEAAAAABG5vbmUAAAAEbm9uZQAAAAAAAAABAAAAMwAAAAtz\nc2gtZWQyNTUxOQAAACDO0g8vX9hp8idpdxkUxGfyKkGCjGh2SP3jNGR5SLaoVAAA\nAIiOsr2ejrK9ngAAAAtzc2gtZWQyNTUxOQAAACDO0g8vX9hp8idpdxkUxGfyKkGC\njGh2SP3jNGR5SLaoVAAAAEBkzbFy76yvmRyb8onwvAKHoVVoeciXUO/vLUW5vaZe\nes7SDy9f2GnyJ2l3GRTEZ/IqQYKMaHZI/eM0ZHlItqhUAAAAAAECAwQF\n-----END OPENSSH PRIVATE KEY-----\n",
            "private_key_pem": "-----BEGIN PRIVATE KEY-----\nMC4CAQAwBQYDK2VwBCIEIGTNsXLvrK+ZHJvyifC8AoehVWh5yJdQ7+8tRbm9pl56\n-----END PRIVATE KEY-----\n",
            "private_key_pem_pkcs8": "-----BEGIN PRIVATE KEY-----\nMC4CAQAwBQYDK2VwBCIEIGTNsXLvrK+ZHJvyifC8AoehVWh5yJdQ7+8tRbm9pl56\n-----END PRIVATE KEY-----\n",
            "public_key_fingerprint_md5": "d7:b7:09:43:ce:d4:3b:e9:4b:39:25:14:5d:df:99:3d",
            "public_key_fingerprint_sha256": "SHA256:xv1yyXO9VBhSyOkyU+GxeQYw4rl7JMYYpNguqjikP3A",
            "public_key_openssh": "ssh-ed25519 AAAAC3NzaC1lZDI1NTE5AAAAIM7SDy9f2GnyJ2l3GRTEZ/IqQYKMaHZI/eM0ZHlItqhU\n",
            "public_key_pem": "-----BEGIN PUBLIC KEY-----\nMCowBQYDK2VwAyEAztIPL1/YafInaXcZFMRn8ipBgoxodkj94zRkeUi2qFQ=\n-----END PUBLIC KEY-----\n",
            "rsa_bits": 2048
          },
          "sensitive_attributes": [
            [
              {
                "type": "get_attr",
                "value": "private_key_openssh"
              }
            ],
            [
              {
                "type": "get_attr",
                "value": "private_key_pem_pkcs8"
              }
            ],
            [
              {
                "type": "get_attr",
                "value": "private_key_pem"
              }
            ]
          ]
        }
      ]
    },
    {
      "mode": "managed",
      "type": "tls_private_key",
      "name": "cert_by_module",
      "provider": "provider[\"registry.terraform.io/hashicorp/tls\"].by_module",
      "instances": [
        {
          "schema_version": 1,
          "attributes": {
            "algorithm": "ED25519",
            "ecdsa_curve": "P224",
            "id": "db8ca619dbf2e5b4643f8fa81e49c018fac925d7",
            "private_key_openssh": "-----BEGIN OPENSSH PRIVATE KEY-----\nb3BlbnNzaC1rZXktdjEAAAAABG5vbmUAAAAEbm9uZQAAAAAAAAABAAAAMwAAAAtz\nc2gtZWQyNTUxOQAAACCIeUhhR5KTH2bqEtDlSyXKGEESXohwSpSLdj/ors7X2wAA\nAIiUa61LlGutSwAAAAtzc2gtZWQyNTUxOQAAACCIeUhhR5KTH2bqEtDlSyXKGEES\nXohwSpSLdj/ors7X2wAAAEB5o0faHbx7M+nK4lVZgDgTOamenngYOnwUZcNgSP6a\nS4h5SGFHkpMfZuoS0OVLJcoYQRJeiHBKlIt2P+iuztfbAAAAAAECAwQF\n-----END OPENSSH PRIVATE KEY-----\n",
            "private_key_pem": "-----BEGIN PRIVATE KEY-----\nMC4CAQAwBQYDK2VwBCIEIHmjR9odvHsz6criVVmAOBM5qZ6eeBg6fBRlw2BI/ppL\n-----END PRIVATE KEY-----\n",
            "private_key_pem_pkcs8": "-----BEGIN PRIVATE KEY-----\nMC4CAQAwBQYDK2VwBCIEIHmjR9odvHsz6criVVmAOBM5qZ6eeBg6fBRlw2BI/ppL\n-----END PRIVATE KEY-----\n",
            "public_key_fingerprint_md5": "ab:72:80:0f:c2:8f:44:a5:62:a2:ed:89:69:c9:f5:f9",
            "public_key_fingerprint_sha256": "SHA256:lqBdF2aFnddLDSOxfQj2F1A5+KvNUpLVovOfs3HuMKw",
            "public_key_openssh": "ssh-ed25519 AAAAC3NzaC1lZDI1NTE5AAAAIIh5SGFHkpMfZuoS0OVLJcoYQRJeiHBKlIt2P+iuztfb\n",
            "public_key_pem": "-----BEGIN PUBLIC KEY-----\nMCowBQYDK2VwAyEAiHlIYUeSkx9m6hLQ5UslyhhBEl6IcEqUi3Y/6K7O19s=\n-----END PUBLIC KEY-----\n",
            "rsa_bits": 2048
          },
          "sensitive_attributes": [
            [
              {
                "type": "get_attr",
                "value": "private_key_pem_pkcs8"
              }
            ],
            [
              {
                "type": "get_attr",
                "value": "private_key_pem"
              }
            ],
            [
              {
                "type": "get_attr",
                "value": "private_key_openssh"
              }
            ]
          ],
          "dependencies": [
            "module.idgen.random_pet.id",
            "random_integer.net_id",
            "random_string.token"
          ]
        }
      ]
    },
    {
      "mode": "managed",
      "type": "tls_private_key",
      "name": "cert_by_resource",
      "provider": "provider[\"registry.terraform.io/hashicorp/tls\"].by_resource",
      "instances": [
        {
          "schema_version": 1,
          "attributes": {
            "algorithm": "ED25519",
            "ecdsa_curve": "P224",
            "id": "a4448972c5e698f4f409bbd911b4f42573efe20a",
            "private_key_openssh": "-----BEGIN OPENSSH PRIVATE KEY-----\nb3BlbnNzaC1rZXktdjEAAAAABG5vbmUAAAAEbm9uZQAAAAAAAAABAAAAMwAAAAtz\nc2gtZWQyNTUxOQAAACAIPz8P34OS6RBfgJGR9xXn2+l78cBMuiEeMlfl0Ti3TAAA\nAIjgnyJH4J8iRwAAAAtzc2gtZWQyNTUxOQAAACAIPz8P34OS6RBfgJGR9xXn2+l7\n8cBMuiEeMlfl0Ti3TAAAAEDk1BlvSDeQT/gwiA/fjQRQmnnhMVKxq3WMc1m9iMKF\nkgg/Pw/fg5LpEF+AkZH3Fefb6XvxwEy6IR4yV+XROLdMAAAAAAECAwQF\n-----END OPENSSH PRIVATE KEY-----\n",
            "private_key_pem": "-----BEGIN PRIVATE KEY-----\nMC4CAQAwBQYDK2VwBCIEIOTUGW9IN5BP+DCID9+NBFCaeeExUrGrdYxzWb2IwoWS\n-----END PRIVATE KEY-----\n",
            "private_key_pem_pkcs8": "-----BEGIN PRIVATE KEY-----\nMC4CAQAwBQYDK2VwBCIEIOTUGW9IN5BP+DCID9+NBFCaeeExUrGrdYxzWb2IwoWS\n-----END PRIVATE KEY-----\n",
            "public_key_fingerprint_md5": "42:b1:18:13:27:ef:9a:71:be:28:f8:cb:c6:32:96:91",
            "public_key_fingerprint_sha256": "SHA256:CgD13Q9Tm4kQpOLOJqIPSEXBnLDKaYIIMq64veRUx24",
            "public_key_openssh": "ssh-ed25519 AAAAC3NzaC1lZDI1NTE5AAAAIAg/Pw/fg5LpEF+AkZH3Fefb6XvxwEy6IR4yV+XROLdM\n",
            "public_key_pem": "-----BEGIN PUBLIC KEY-----\nMCowBQYDK2VwAyEACD8/D9+DkukQX4CRkfcV59vpe/HATLohHjJX5dE4t0w=\n-----END PUBLIC KEY-----\n",
            "rsa_bits": 2048
          },
          "sensitive_attributes": [
            [
              {
                "type": "get_attr",
                "value": "private_key_openssh"
              }
            ],
            [
              {
                "type": "get_attr",
                "value": "private_key_pem_pkcs8"
              }
            ],
            [
              {
                "type": "get_attr",
                "value": "private_key_pem"
              }
            ]
          ],
          "dependencies": [
            "random_pet.net_name"
          ]
        }
      ]
    }
  ],
  "check_results": null
}
