{
  "version": 4,
  "terraform_version": "1.8.3",
  "serial": 3,
  "lineage": "e68b3a8d-4e97-2ecd-34b1-99c167c9c16d",
  "outputs": {},
  "resources": [
    {
      "mode": "managed",
      "type": "random_pet",
      "name": "fp_tag",
      "provider": "provider[\"registry.terraform.io/hashicorp/random\"]",
      "instances": [
        {
          "schema_version": 0,
          "attributes": {
            "id": "hardly-superb-emu",
            "keepers": {
              "fp": "2e:c8:ae:3d:b2:94:76:a8:70:58:78:3d:45:8a:18:3b"
            },
            "length": 3,
            "prefix": null,
            "separator": "-"
          },
          "sensitive_attributes": []
        }
      ]
    },
    {
      "mode": "managed",
      "type": "random_string",
      "name": "token",
      "provider": "provider[\"registry.terraform.io/hashicorp/random\"]",
      "instances": [
        {
          "schema_version": 2,
          "attributes": {
            "id": "4w79fyidPFNd",
            "keepers": null,
            "length": 12,
            "lower": true,
            "min_lower": 0,
            "min_numeric": 0,
            "min_special": 0,
            "min_upper": 0,
            "number": true,
            "numeric": true,
            "override_special": null,
            "result": "4w79fyidPFNd",
            "special": false,
            "upper": true
          },
          "sensitive_attributes": []
        }
      ]
    },
    {
      "mode": "managed",
      "type": "tls_private_key",
      "name": "signer",
      "provider": "provider[\"registry.terraform.io/hashicorp/tls\"]",
      "instances": [
        {
          "schema_version": 1,
          "attributes": {
            "algorithm": "ED25519",
            "ecdsa_curve": "P224",
            "id": "7a12650a0adc4c5b5f8efb12e122ccd5aea278bf",
            "private_key_openssh": "-----BEGIN OPENSSH PRIVATE KEY-----\nb3BlbnNzaC1rZXktdjEAAAAABG5vbmUAAAAEbm9uZQAAAAAAAAABAAAAMwAAAAtz\nc2gtZWQyNTUxOQAAACDK/PTn/G0pfxO965i2RIAyQJaNOFcdfPYyEsxr5yeIfwAA\nAIhxstNScbLTUgAAAAtzc2gtZWQyNTUxOQAAACDK/PTn/G0pfxO965i2RIAyQJaN\nOFcdfPYyEsxr5yeIfwAAAEAlwhcQADl/Ry1ugo1phTEZzKHJ38Pex8S26pLRA/Ln\nEcr89Of8bSl/E73rmLZEgDJAlo04Vx189jISzGvnJ4h/AAAAAAECAwQF\n-----END OPENSSH PRIVATE KEY-----\n",
            "private_key_pem": "-----BEGIN PRIVATE KEY-----\nMC4CAQAwBQYDK2VwBCIEICXCFxAAOX9HLW6CjWmFMRnMocnfw97HxLbqktED8ucR\n-----END PRIVATE KEY-----\n",
            "private_key_pem_pkcs8": "-----BEGIN PRIVATE KEY-----\nMC4CAQAwBQYDK2VwBCIEICXCFxAAOX9HLW6CjWmFMRnMocnfw97HxLbqktED8ucR\n-----END PRIVATE KEY-----\n",
            "public_key_fingerprint_md5": "2e:c8:ae:3d:b2:94:76:a8:70:58:78:3d:45:8a:18:3b",
            "public_key_fingerprint_sha256": "SHA256:Z6dm5xwRKaoBoHLYURsrTo4MXnOFrKCQfYVbcTWUWbM",
            "public_key_openssh": "ssh-ed25519 AAAAC3NzaC1lZDI1NTE5AAAAIMr89Of8bSl/E73rmLZEgDJAlo04Vx189jISzGvnJ4h/\n",
            "public_key_pem": "-----BEGIN PUBLIC KEY-----\nMCowBQYDK2VwAyEAyvz05/xtKX8TveuYtkSAMkCWjThXHXz2MhLMa+cniH8=\n-----END PUBLIC KEY-----\n",
            "rsa_bits": 2048
          },
          "sensitive_attributes": [
            [
              {
                "type": "get_attr",
                "value": "private_key_pem_pkcs8"
              }
            ],
            [
              {
                "type": "get_attr",
                "value": "private_key_pem"
              }
            ],
            [
              {
                "type": "get_attr",
                "value": "private_key_openssh"
              }
            ]
          ]
        }
      ]
    }
  ],
  "check_results": null
}
