{
  "version": 4,
  "terraform_version": "1.8.3",
  "serial": 3,
  "lineage": "23cffbd7-1033-42b8-f681-196d7c3f5893",
  "outputs": {},
  "resources": [
    {
      "mode": "managed",
      "type": "random_pet",
      "name": "fp_tag",
      "provider": "provider[\"registry.terraform.io/hashicorp/random\"]",
      "instances": [
        {
          "schema_version": 0,
          "attributes": {
            "id": "certainly-assuring-pug",
            "keepers": {
              "fp": "72:80:40:a3:91:ac:d1:78:01:ca:b4:90:cc:64:7b:18"
            },
            "length": 3,
            "prefix": null,
            "separator": "-"
          },
          "sensitive_attributes": []
        }
      ]
    },
    {
      "mode": "managed",
      "type": "random_string",
      "name": "token",
      "provider": "provider[\"registry.terraform.io/hashicorp/random\"]",
      "instances": [
        {
          "schema_version": 2,
          "attributes": {
            "id": "UOrpL4pwE5eM",
            "keepers": null,
            "length": 12,
            "lower": true,
            "min_lower": 0,
            "min_numeric": 0,
            "min_special": 0,
            "min_upper": 0,
            "number": true,
            "numeric": true,
            "override_special": null,
            "result": "UOrpL4pwE5eM",
            "special": false,
            "upper": true
          },
          "sensitive_attributes": []
        }
      ]
    },
    {
      "mode": "managed",
      "type": "tls_private_key",
      "name": "signer",
      "provider": "provider[\"registry.terraform.io/hashicorp/tls\"]",
      "instances": [
        {
          "schema_version": 1,
          "attributes": {
            "algorithm": "ED25519",
            "ecdsa_curve": "P224",
            "id": "2a57290e0db3b574450d1b0572b0c9fcded88d9a",
            "private_key_openssh": "-----BEGIN OPENSSH PRIVATE KEY-----\nb3BlbnNzaC1rZXktdjEAAAAABG5vbmUAAAAEbm9uZQAAAAAAAAABAAAAMwAAAAtz\nc2gtZWQyNTUxOQAAACBJ22OHkA0cRF7+ndWaPm9nnKhytc9s7GyFJ45c3BfURgAA\nAIibP4uUmz+LlAAAAAtzc2gtZWQyNTUxOQAAACBJ22OHkA0cRF7+ndWaPm9nnKhy\ntc9s7GyFJ45c3BfURgAAAECgsPj7LgtfmMSA3n+8GLxBYv9NXf5OWzIKeCf+gybd\nFEnbY4eQDRxEXv6d1Zo+b2ecqHK1z2zsbIUnjlzcF9RGAAAAAAECAwQF\n-----END OPENSSH PRIVATE KEY-----\n",
            "private_key_pem": "-----BEGIN PRIVATE KEY-----\nMC4CAQAwBQYDK2VwBCIEIKCw+PsuC1+YxIDef7wYvEFi/01d/k5bMgp4J/6DJt0U\n-----END PRIVATE KEY-----\n",
            "private_key_pem_pkcs8": "-----BEGIN PRIVATE KEY-----\nMC4CAQAwBQYDK2VwBCIEIKCw+PsuC1+YxIDef7wYvEFi/01d/k5bMgp4J/6DJt0U\n-----END PRIVATE KEY-----\n",
            "public_key_fingerprint_md5": "72:80:40:a3:91:ac:d1:78:01:ca:b4:90:cc:64:7b:18",
            "public_key_fingerprint_sha256": "SHA256:rPDvHauAqvhkC30U6OnRyUnfylF0ZoRLyRyLKGpo/6I",
            "public_key_openssh": "ssh-ed25519 AAAAC3NzaC1lZDI1NTE5AAAAIEnbY4eQDRxEXv6d1Zo+b2ecqHK1z2zsbIUnjlzcF9RG\n",
            "public_key_pem": "-----BEGIN PUBLIC KEY-----\nMCowBQYDK2VwAyEASdtjh5ANHERe/p3Vmj5vZ5yocrXPbOxshSeOXNwX1EY=\n-----END PUBLIC KEY-----\n",
            "rsa_bits": 2048
          },
          "sensitive_attributes": [
            [
              {
                "type": "get_attr",
                "value": "private_key_pem"
              }
            ],
            [
              {
                "type": "get_attr",
                "value": "private_key_openssh"
              }
            ],
            [
              {
                "type": "get_attr",
                "value": "private_key_pem_pkcs8"
              }
            ]
          ]
        }
      ]
    }
  ],
  "check_results": null
}
