{
  "version": 4,
  "terraform_version": "1.8.3",
  "serial": 3,
  "lineage": "0bc8fe85-b2f4-cb24-7b4c-0e63b00a5f6f",
  "outputs": {},
  "resources": [
    {
      "mode": "managed",
      "type": "random_pet",
      "name": "fp_tag",
      "provider": "provider[\"registry.terraform.io/hashicorp/random\"]",
      "instances": [
        {
          "schema_version": 0,
          "attributes": {
            "id": "honestly-active-crappie",
            "keepers": {
              "fp": "99:fc:f9:87:b5:7a:af:87:14:7c:de:7b:2c:9f:ed:ed"
            },
            "length": 3,
            "prefix": null,
            "separator": "-"
          },
          "sensitive_attributes": []
        }
      ]
    },
    {
      "mode": "managed",
      "type": "random_string",
      "name": "token",
      "provider": "provider[\"registry.terraform.io/hashicorp/random\"]",
      "instances": [
        {
          "schema_version": 2,
          "attributes": {
            "id": "I29VsQlAOKEL",
            "keepers": null,
            "length": 12,
            "lower": true,
            "min_lower": 0,
            "min_numeric": 0,
            "min_special": 0,
            "min_upper": 0,
            "number": true,
            "numeric": true,
            "override_special": null,
            "result": "I29VsQlAOKEL",
            "special": false,
            "upper": true
          },
          "sensitive_attributes": []
        }
      ]
    },
    {
      "mode": "managed",
      "type": "tls_private_key",
      "name": "signer",
      "provider": "provider[\"registry.terraform.io/hashicorp/tls\"]",
      "instances": [
        {
          "schema_version": 1,
          "attributes": {
            "algorithm": "ED25519",
            "ecdsa_curve": "P224",
            "id": "a55debbeb44c6b2654ef1dab47abb76709e310d7",
            "private_key_openssh": "-----BEGIN OPENSSH PRIVATE KEY-----\nb3BlbnNzaC1rZXktdjEAAAAABG5vbmUAAAAEbm9uZQAAAAAAAAABAAAAMwAAAAtz\nc2gtZWQyNTUxOQAAACDyQbyJLd+WaDuCSRG1WrXptRkX7nxQkHsmQEzq8RZhkAAA\nAIgCNcyCAjXMggAAAAtzc2gtZWQyNTUxOQAAACDyQbyJLd+WaDuCSRG1WrXptRkX\n7nxQkHsmQEzq8RZhkAAAAEDz8l8jqEE7YDH/Ig/otDkS7L5txRKksqfV0b00qW2b\nJvJBvIkt35ZoO4JJEbVatem1GRfufFCQeyZATOrxFmGQAAAAAAECAwQF\n-----END OPENSSH PRIVATE KEY-----\n",
            "private_key_pem": "-----BEGIN PRIVATE KEY-----\nMC4CAQAwBQYDK2VwBCIEIPPyXyOoQTtgMf8iD+i0ORLsvm3FEqSyp9XRvTSpbZsm\n-----END PRIVATE KEY-----\n",
            "private_key_pem_pkcs8": "-----BEGIN PRIVATE KEY-----\nMC4CAQAwBQYDK2VwBCIEIPPyXyOoQTtgMf8iD+i0ORLsvm3FEqSyp9XRvTSpbZsm\n-----END PRIVATE KEY-----\n",
            "public_key_fingerprint_md5": "99:fc:f9:87:b5:7a:af:87:14:7c:de:7b:2c:9f:ed:ed",
            "public_key_fingerprint_sha256": "SHA256:Q1l3EQygNy6Y+r8Dvm0PAXWw2brmanU07g710by5Tgo",
            "public_key_openssh": "ssh-ed25519 AAAAC3NzaC1lZDI1NTE5AAAAIPJBvIkt35ZoO4JJEbVatem1GRfufFCQeyZATOrxFmGQ\n",
            "public_key_pem": "-----BEGIN PUBLIC KEY-----\nMCowBQYDK2VwAyEA8kG8iS3flmg7gkkRtVq16bUZF+58UJB7JkBM6vEWYZA=\n-----END PUBLIC KEY-----\n",
            "rsa_bits": 2048
          },
          "sensitive_attributes": [
            [
              {
                "type": "get_attr",
                "value": "private_key_pem"
              }
            ],
            [
              {
                "type": "get_attr",
                "value": "private_key_pem_pkcs8"
              }
            ],
            [
              {
                "type": "get_attr",
                "value": "private_key_openssh"
              }
            ]
          ]
        }
      ]
    }
  ],
  "check_results": null
}
