{
  "version": 4,
  "terraform_version": "1.8.3",
  "serial": 3,
  "lineage": "837c74fd-3fe7-f050-00eb-a323a9fe6222",
  "outputs": {},
  "resources": [
    {
      "mode": "managed",
      "type": "random_pet",
      "name": "fp_tag",
      "provider": "provider[\"registry.terraform.io/hashicorp/random\"]",
      "instances": [
        {
          "schema_version": 0,
          "attributes": {
            "id": "allegedly-vital-mustang",
            "keepers": {
              "fp": "ad:94:dd:88:5d:b4:90:fc:cb:6a:e3:f0:9f:58:ed:80"
            },
            "length": 3,
            "prefix": null,
            "separator": "-"
          },
          "sensitive_attributes": []
        }
      ]
    },
    {
      "mode": "managed",
      "type": "random_string",
      "name": "token",
      "provider": "provider[\"registry.terraform.io/hashicorp/random\"]",
      "instances": [
        {
          "schema_version": 2,
          "attributes": {
            "id": "802bBTrBXSv0",
            "keepers": null,
            "length": 12,
            "lower": true,
            "min_lower": 0,
            "min_numeric": 0,
            "min_special": 0,
            "min_upper": 0,
            "number": true,
            "numeric": true,
            "override_special": null,
            "result": "802bBTrBXSv0",
            "special": false,
            "upper": true
          },
          "sensitive_attributes": []
        }
      ]
    },
    {
      "mode": "managed",
      "type": "tls_private_key",
      "name": "signer",
      "provider": "provider[\"registry.terraform.io/hashicorp/tls\"]",
      "instances": [
        {
          "schema_version": 1,
          "attributes": {
            "algorithm": "ED25519",
            "ecdsa_curve": "P224",
            "id": "34aee67cfdc09389abdf3a1310e092d82223f11d",
            "private_key_openssh": "-----BEGIN OPENSSH PRIVATE KEY-----\nb3BlbnNzaC1rZXktdjEAAAAABG5vbmUAAAAEbm9uZQAAAAAAAAABAAAAMwAAAAtz\nc2gtZWQyNTUxOQAAACBUAg1EFoCaH6ZM4zZ+hpabt/OBHD/yJwl3xTHZnGvaBQAA\nAIjF6nCbxepwmwAAAAtzc2gtZWQyNTUxOQAAACBUAg1EFoCaH6ZM4zZ+hpabt/OB\nHD/yJwl3xTHZnGvaBQAAAEAEPdYiTmZYuRaeKuihrLRjiXVybR1Ad/D2VVR0ywYX\nB1QCDUQWgJofpkzjNn6Glpu384EcP/InCXfFMdmca9oFAAAAAAECAwQF\n-----END OPENSSH PRIVATE KEY-----\n",
            "private_key_pem": "-----BEGIN PRIVATE KEY-----\nMC4CAQAwBQYDK2VwBCIEIAQ91iJOZli5Fp4q6KGstGOJdXJtHUB38PZVVHTLBhcH\n-----END PRIVATE KEY-----\n",
            "private_key_pem_pkcs8": "-----BEGIN PRIVATE KEY-----\nMC4CAQAwBQYDK2VwBCIEIAQ91iJOZli5Fp4q6KGstGOJdXJtHUB38PZVVHTLBhcH\n-----END PRIVATE KEY-----\n",
            "public_key_fingerprint_md5": "ad:94:dd:88:5d:b4:90:fc:cb:6a:e3:f0:9f:58:ed:80",
            "public_key_fingerprint_sha256": "SHA256:7sRgkwXFl8HdBgVylWB6BG72wvMQZ3+gs/qVjndkwxc",
            "public_key_openssh": "ssh-ed25519 AAAAC3NzaC1lZDI1NTE5AAAAIFQCDUQWgJofpkzjNn6Glpu384EcP/InCXfFMdmca9oF\n",
            "public_key_pem": "-----BEGIN PUBLIC KEY-----\nMCowBQYDK2VwAyEAVAINRBaAmh+mTOM2foaWm7fzgRw/8icJd8Ux2Zxr2gU=\n-----END PUBLIC KEY-----\n",
            "rsa_bits": 2048
          },
          "sensitive_attributes": [
            [
              {
                "type": "get_attr",
                "value": "private_key_pem_pkcs8"
              }
            ],
            [
              {
                "type": "get_attr",
                "value": "private_key_openssh"
              }
            ],
            [
              {
                "type": "get_attr",
                "value": "private_key_pem"
              }
            ]
          ]
        }
      ]
    }
  ],
  "check_results": null
}
