{
  "version": 4,
  "terraform_version": "1.8.3",
  "serial": 3,
  "lineage": "ac824f88-544d-b546-2bd6-ab16b21bef69",
  "outputs": {},
  "resources": [
    {
      "mode": "managed",
      "type": "random_pet",
      "name": "fp_tag",
      "provider": "provider[\"registry.terraform.io/hashicorp/random\"]",
      "instances": [
        {
          "schema_version": 0,
          "attributes": {
            "id": "greatly-composed-mongrel",
            "keepers": {
              "fp": "c3:3b:4d:97:9d:c9:31:60:f5:b4:df:2b:20:59:cd:5d"
            },
            "length": 3,
            "prefix": null,
            "separator": "-"
          },
          "sensitive_attributes": []
        }
      ]
    },
    {
      "mode": "managed",
      "type": "random_string",
      "name": "token",
      "provider": "provider[\"registry.terraform.io/hashicorp/random\"]",
      "instances": [
        {
          "schema_version": 2,
          "attributes": {
            "id": "JZl4xmlqRO21",
            "keepers": null,
            "length": 12,
            "lower": true,
            "min_lower": 0,
            "min_numeric": 0,
            "min_special": 0,
            "min_upper": 0,
            "number": true,
            "numeric": true,
            "override_special": null,
            "result": "JZl4xmlqRO21",
            "special": false,
            "upper": true
          },
          "sensitive_attributes": []
        }
      ]
    },
    {
      "mode": "managed",
      "type": "tls_private_key",
      "name": "signer",
      "provider": "provider[\"registry.terraform.io/hashicorp/tls\"]",
      "instances": [
        {
          "schema_version": 1,
          "attributes": {
            "algorithm": "ED25519",
            "ecdsa_curve": "P224",
            "id": "99c2c20c819e50289f9631f52227256bf52f8ac1",
            "private_key_openssh": "-----BEGIN OPENSSH PRIVATE KEY-----\nb3BlbnNzaC1rZXktdjEAAAAABG5vbmUAAAAEbm9uZQAAAAAAAAABAAAAMwAAAAtz\nc2gtZWQyNTUxOQAAACBAmK/rCfZ+yjuuf/akjsy+2nJLzzdHjwwhWuBXTtmcxAAA\nAIgavlkkGr5ZJAAAAAtzc2gtZWQyNTUxOQAAACBAmK/rCfZ+yjuuf/akjsy+2nJL\nzzdHjwwhWuBXTtmcxAAAAECtHG7BlYxrsQn8M/Jo3c+cN2h/PXVTUPKsnR1a2xDX\nRECYr+sJ9n7KO65/9qSOzL7ackvPN0ePDCFa4FdO2ZzEAAAAAAECAwQF\n-----END OPENSSH PRIVATE KEY-----\n",
            "private_key_pem": "-----BEGIN PRIVATE KEY-----\nMC4CAQAwBQYDK2VwBCIEIK0cbsGVjGuxCfwz8mjdz5w3aH89dVNQ8qydHVrbENdE\n-----END PRIVATE KEY-----\n",
            "private_key_pem_pkcs8": "-----BEGIN PRIVATE KEY-----\nMC4CAQAwBQYDK2VwBCIEIK0cbsGVjGuxCfwz8mjdz5w3aH89dVNQ8qydHVrbENdE\n-----END PRIVATE KEY-----\n",
            "public_key_fingerprint_md5": "c3:3b:4d:97:9d:c9:31:60:f5:b4:df:2b:20:59:cd:5d",
            "public_key_fingerprint_sha256": "SHA256:lbx4PgCYJonwcK/44s6s7xo2KAqJAwaBEHO6gKYpJDc",
            "public_key_openssh": "ssh-ed25519 AAAAC3NzaC1lZDI1NTE5AAAAIECYr+sJ9n7KO65/9qSOzL7ackvPN0ePDCFa4FdO2ZzE\n",
            "public_key_pem": "-----BEGIN PUBLIC KEY-----\nMCowBQYDK2VwAyEAQJiv6wn2fso7rn/2pI7MvtpyS883R48MIVrgV07ZnMQ=\n-----END PUBLIC KEY-----\n",
            "rsa_bits": 2048
          },
          "sensitive_attributes": [
            [
              {
                "type": "get_attr",
                "value": "private_key_pem_pkcs8"
              }
            ],
            [
              {
                "type": "get_attr",
                "value": "private_key_pem"
              }
            ],
            [
              {
                "type": "get_attr",
                "value": "private_key_openssh"
              }
            ]
          ]
        }
      ]
    }
  ],
  "check_results": null
}
