{
  "version": 4,
  "terraform_version": "1.8.3",
  "serial": 3,
  "lineage": "5d646249-106e-ee13-c169-3cc300a931ef",
  "outputs": {},
  "resources": [
    {
      "mode": "managed",
      "type": "random_pet",
      "name": "fp_tag",
      "provider": "provider[\"registry.terraform.io/hashicorp/random\"]",
      "instances": [
        {
          "schema_version": 0,
          "attributes": {
            "id": "finally-trusting-aardvark",
            "keepers": {
              "fp": "a7:e8:9d:e5:55:e2:33:75:7e:23:ad:d4:17:44:05:47"
            },
            "length": 3,
            "prefix": null,
            "separator": "-"
          },
          "sensitive_attributes": []
        }
      ]
    },
    {
      "mode": "managed",
      "type": "random_string",
      "name": "token",
      "provider": "provider[\"registry.terraform.io/hashicorp/random\"]",
      "instances": [
        {
          "schema_version": 2,
          "attributes": {
            "id": "l5C3ihGYqu5T",
            "keepers": null,
            "length": 12,
            "lower": true,
            "min_lower": 0,
            "min_numeric": 0,
            "min_special": 0,
            "min_upper": 0,
            "number": true,
            "numeric": true,
            "override_special": null,
            "result": "l5C3ihGYqu5T",
            "special": false,
            "upper": true
          },
          "sensitive_attributes": []
        }
      ]
    },
    {
      "mode": "managed",
      "type": "tls_private_key",
      "name": "signer",
      "provider": "provider[\"registry.terraform.io/hashicorp/tls\"]",
      "instances": [
        {
          "schema_version": 1,
          "attributes": {
            "algorithm": "ED25519",
            "ecdsa_curve": "P224",
            "id": "d306a4504500fc406a1352a5904913065df011d7",
            "private_key_openssh": "-----BEGIN OPENSSH PRIVATE KEY-----\nb3BlbnNzaC1rZXktdjEAAAAABG5vbmUAAAAEbm9uZQAAAAAAAAABAAAAMwAAAAtz\nc2gtZWQyNTUxOQAAACDTxqxlGDobZzPcqC5KOjRfHnPldkV7i+kBHOrzmTNvegAA\nAIiqI7wTqiO8EwAAAAtzc2gtZWQyNTUxOQAAACDTxqxlGDobZzPcqC5KOjRfHnPl\ndkV7i+kBHOrzmTNvegAAAECoje2hTKj0UdDTGjSEpiKCu0fbwpR+AbtzDgA+l4co\nItPGrGUYOhtnM9yoLko6NF8ec+V2RXuL6QEc6vOZM296AAAAAAECAwQF\n-----END OPENSSH PRIVATE KEY-----\n",
            "private_key_pem": "-----BEGIN PRIVATE KEY-----\nMC4CAQAwBQYDK2VwBCIEIKiN7aFMqPRR0NMaNISmIoK7R9vClH4Bu3MOAD6Xhygi\n-----END PRIVATE KEY-----\n",
            "private_key_pem_pkcs8": "-----BEGIN PRIVATE KEY-----\nMC4CAQAwBQYDK2VwBCIEIKiN7aFMqPRR0NMaNISmIoK7R9vClH4Bu3MOAD6Xhygi\n-----END PRIVATE KEY-----\n",
            "public_key_fingerprint_md5": "a7:e8:9d:e5:55:e2:33:75:7e:23:ad:d4:17:44:05:47",
            "public_key_fingerprint_sha256": "SHA256:eHHGU8YpaE/jNPIsz6AUiYtM8Xi39r/jtht17AtoaC8",
            "public_key_openssh": "ssh-ed25519 AAAAC3NzaC1lZDI1NTE5AAAAINPGrGUYOhtnM9yoLko6NF8ec+V2RXuL6QEc6vOZM296\n",
            "public_key_pem": "-----BEGIN PUBLIC KEY-----\nMCowBQYDK2VwAyEA08asZRg6G2cz3KguSjo0Xx5z5XZFe4vpARzq85kzb3o=\n-----END PUBLIC KEY-----\n",
            "rsa_bits": 2048
          },
          "sensitive_attributes": [
            [
              {
                "type": "get_attr",
                "value": "private_key_pem"
              }
            ],
            [
              {
                "type": "get_attr",
                "value": "private_key_openssh"
              }
            ],
            [
              {
                "type": "get_attr",
                "value": "private_key_pem_pkcs8"
              }
            ]
          ]
        }
      ]
    }
  ],
  "check_results": null
}
