{
  "version": 4,
  "terraform_version": "1.8.3",
  "serial": 23,
  "lineage": "e065304f-39e2-4dfb-322e-3b09d1abe23d",
  "outputs": {},
  "resources": [
    {
      "mode": "data",
      "type": "tls_public_key",
      "name": "pub",
      "provider": "provider[\"registry.terraform.io/hashicorp/tls\"]",
      "instances": [
        {
          "schema_version": 0,
          "attributes": {
            "algorithm": "ED25519",
            "id": "1629ef5725bc35316ad85bc226725cf1d07a00ca",
            "private_key_openssh": null,
            "private_key_pem": "-----BEGIN PRIVATE KEY-----\nMC4CAQAwBQYDK2VwBCIEIHWL/prXrY+YAh3dWf2CNxV0XIViyHuu2OTRYFyMTjlX\n-----END PRIVATE KEY-----\n",
            "public_key_fingerprint_md5": "be:5d:c2:5f:e9:bc:56:4d:c1:4f:86:f6:38:4a:f4:f2",
            "public_key_fingerprint_sha256": "SHA256:rRXXbvO0SEW/TtPJ6wU9Tz+OMKXW1WOT+C1MgRp8u3M",
            "public_key_openssh": "ssh-ed25519 AAAAC3NzaC1lZDI1NTE5AAAAICeiMH0ziG4sAocxljoMJmc9Bz4h4DZm3RFJYeTvVlj6\n",
            "public_key_pem": "-----BEGIN PUBLIC KEY-----\nMCowBQYDK2VwAyEAJ6IwfTOIbiwChzGWOgwmZz0HPiHgNmbdEUlh5O9WWPo=\n-----END PUBLIC KEY-----\n"
          },
          "sensitive_attributes": [
            [
              {
                "type": "get_attr",
                "value": "private_key_openssh"
              }
            ],
            [
              {
                "type": "get_attr",
                "value": "private_key_pem"
              }
            ]
          ]
        }
      ]
    },
    {
      "mode": "managed",
      "type": "random_pet",
      "name": "unmanaged_extra",
      "provider": "provider[\"registry.terraform.io/hashicorp/random\"]",
      "instances": [
        {
          "schema_version": 0,
          "attributes": {
            "id": "stirred-cat",
            "keepers": null,
            "length": 2,
            "prefix": null,
            "separator": "-"
          },
          "sensitive_attributes": []
        }
      ]
    }
  ],
  "check_results": null
}
