{
  "version": 4,
  "terraform_version": "1.8.3",
  "serial": 23,
  "lineage": "288ecda7-12c4-e878-51b1-8affb18443f1",
  "outputs": {},
  "resources": [
    {
      "mode": "data",
      "type": "tls_public_key",
      "name": "pub",
      "provider": "provider[\"registry.terraform.io/hashicorp/tls\"]",
      "instances": [
        {
          "schema_version": 0,
          "attributes": {
            "algorithm": "ED25519",
            "id": "34aee67cfdc09389abdf3a1310e092d82223f11d",
            "private_key_openssh": null,
            "private_key_pem": "-----BEGIN PRIVATE KEY-----\nMC4CAQAwBQYDK2VwBCIEIAQ91iJOZli5Fp4q6KGstGOJdXJtHUB38PZVVHTLBhcH\n-----END PRIVATE KEY-----\n",
            "public_key_fingerprint_md5": "ad:94:dd:88:5d:b4:90:fc:cb:6a:e3:f0:9f:58:ed:80",
            "public_key_fingerprint_sha256": "SHA256:7sRgkwXFl8HdBgVylWB6BG72wvMQZ3+gs/qVjndkwxc",
            "public_key_openssh": "ssh-ed25519 AAAAC3NzaC1lZDI1NTE5AAAAIFQCDUQWgJofpkzjNn6Glpu384EcP/InCXfFMdmca9oF\n",
            "public_key_pem": "-----BEGIN PUBLIC KEY-----\nMCowBQYDK2VwAyEAVAINRBaAmh+mTOM2foaWm7fzgRw/8icJd8Ux2Zxr2gU=\n-----END PUBLIC KEY-----\n"
          },
          "sensitive_attributes": [
            [
              {
                "type": "get_attr",
                "value": "private_key_openssh"
              }
            ],
            [
              {
                "type": "get_attr",
                "value": "private_key_pem"
              }
            ]
          ]
        }
      ]
    },
    {
      "mode": "managed",
      "type": "random_pet",
      "name": "unmanaged_extra",
      "provider": "provider[\"registry.terraform.io/hashicorp/random\"]",
      "instances": [
        {
          "schema_version": 0,
          "attributes": {
            "id": "renewed-marmoset",
            "keepers": null,
            "length": 2,
            "prefix": null,
            "separator": "-"
          },
          "sensitive_attributes": []
        }
      ]
    }
  ],
  "check_results": null
}
