{
  "version": 4,
  "terraform_version": "1.2.9",
  "serial": 12,
  "lineage": "3474dc7f-df20-eeed-715b-364fd499a0a5",
  "outputs": {},
  "resources": [
    {
      "mode": "data",
      "type": "tls_public_key",
      "name": "pub",
      "provider": "provider[\"registry.terraform.io/hashicorp/tls\"]",
      "instances": [
        {
          "schema_version": 0,
          "attributes": {
            "algorithm": "ED25519",
            "id": "75103690ae70675cec980ee6b394213795fa6f6f",
            "private_key_openssh": null,
            "private_key_pem": "-----BEGIN PRIVATE KEY-----\nMC4CAQAwBQYDK2VwBCIEIJ+DkPybDu/0qC+66sgPA68DpOuaCTaUjQWu3nvRa3qd\n-----END PRIVATE KEY-----\n",
            "public_key_fingerprint_md5": "0a:ee:57:93:0d:4e:f2:ee:5f:d7:2a:28:9c:89:75:92",
            "public_key_fingerprint_sha256": "SHA256:IzqJPPWa/wjAzQ78kELUDyylVAyO7NaFiLKjRLi8Vdc",
            "public_key_openssh": "ssh-ed25519 AAAAC3NzaC1lZDI1NTE5AAAAIBaK0dgK0eEopV7AkgfRrn1b3qKwZKk6XZFYgCmOzkm+\n",
            "public_key_pem": "-----BEGIN PUBLIC KEY-----\nMCowBQYDK2VwAyEAForR2ArR4SilXsCSB9GufVveorBkqTpdkViAKY7OSb4=\n-----END PUBLIC KEY-----\n"
          },
          "sensitive_attributes": [
            [
              {
                "type": "get_attr",
                "value": "private_key_pem"
              }
            ]
          ]
        }
      ]
    },
    {
      "mode": "managed",
      "type": "random_integer",
      "name": "net_id",
      "provider": "provider[\"registry.terraform.io/hashicorp/random\"]",
      "instances": [
        {
          "schema_version": 0,
          "attributes": {
            "id": "6660",
            "keepers": null,
            "max": 9999,
            "min": 1000,
            "result": 6660,
            "seed": null
          },
          "sensitive_attributes": []
        }
      ]
    },
    {
      "mode": "managed",
      "type": "random_pet",
      "name": "fp_tag",
      "provider": "provider[\"registry.terraform.io/hashicorp/random\"]",
      "instances": [
        {
          "schema_version": 0,
          "attributes": {
            "id": "needlessly-summary-weevil",
            "keepers": {
              "fp": "0a:ee:57:93:0d:4e:f2:ee:5f:d7:2a:28:9c:89:75:92"
            },
            "length": 3,
            "prefix": null,
            "separator": "-"
          },
          "sensitive_attributes": [],
          "dependencies": [
            "data.tls_public_key.pub",
            "tls_private_key.signer"
          ]
        }
      ]
    },
    {
      "mode": "managed",
      "type": "random_pet",
      "name": "instance",
      "provider": "provider[\"registry.terraform.io/hashicorp/random\"]",
      "instances": [
        {
          "schema_version": 0,
          "attributes": {
            "id": "strangely-in-tomcat",
            "keepers": {
              "fp": "0a:ee:57:93:0d:4e:f2:ee:5f:d7:2a:28:9c:89:75:92",
              "gen": "electric-reptile",
              "ld": "0a:ee:57:93:0d:4e:f2:ee:5f:d7:2a:28:9c:89:75:92",
              "lm": "electric-reptile",
              "lr": "6660",
              "net": "6660",
              "tagged": "demo-instance",
              "token": "bZc9G27iPaJb"
            },
            "length": 3,
            "prefix": null,
            "separator": "-"
          },
          "sensitive_attributes": [],
          "dependencies": [
            "data.tls_public_key.pub",
            "module.idgen.random_pet.id",
            "random_integer.net_id",
            "random_string.token",
            "tls_private_key.signer"
          ]
        }
      ]
    },
    {
      "mode": "managed",
      "type": "random_pet",
      "name": "net_name",
      "provider": "provider[\"registry.terraform.io/hashicorp/random\"]",
      "instances": [
        {
          "schema_version": 0,
          "attributes": {
            "id": "demo-centrally-suitable-zebra",
            "keepers": null,
            "length": 3,
            "prefix": "demo",
            "separator": "-"
          },
          "sensitive_attributes": []
        }
      ]
    },
    {
      "mode": "managed",
      "type": "random_pet",
      "name": "unmanaged_extra",
      "provider": "provider[\"registry.terraform.io/hashicorp/random\"]",
      "instances": [
        {
          "schema_version": 0,
          "attributes": {
            "id": "fit-foal",
            "keepers": null,
            "length": 2,
            "prefix": null,
            "separator": "-"
          },
          "sensitive_attributes": []
        }
      ]
    },
    {
      "mode": "managed",
      "type": "random_string",
      "name": "token",
      "provider": "provider[\"registry.terraform.io/hashicorp/random\"]",
      "instances": [
        {
          "schema_version": 2,
          "attributes": {
            "id": "bZc9G27iPaJb",
            "keepers": null,
            "length": 12,
            "lower": true,
            "min_lower": 0,
            "min_numeric": 0,
            "min_special": 0,
            "min_upper": 0,
            "number": true,
            "numeric": true,
            "override_special": null,
            "result": "bZc9G27iPaJb",
            "special": false,
            "upper": true
          },
          "sensitive_attributes": []
        }
      ]
    },
    {
      "mode": "managed",
      "type": "tls_private_key",
      "name": "cert",
      "provider": "provider[\"registry.terraform.io/hashicorp/tls\"]",
      "instances": [
        {
          "schema_version": 1,
          "attributes": {
            "algorithm": "ED25519",
            "ecdsa_curve": "P224",
            "id": "f57e7f458bfbc1e6cb97ef9ffbfa9873cd3bff6c",
            "private_key_openssh": "-----BEGIN OPENSSH PRIVATE KEY-----\nb3BlbnNzaC1rZXktdjEAAAAABG5vbmUAAAAEbm9uZQAAAAAAAAABAAAAMwAAAAtz\nc2gtZWQyNTUxOQAAACDIz5JnFJ4F0qZSXjXvYQYVc6m9KcijsySh1v//yJajagAA\nAIh8EUkRfBFJEQAAAAtzc2gtZWQyNTUxOQAAACDIz5JnFJ4F0qZSXjXvYQYVc6m9\nKcijsySh1v//yJajagAAAEA8qYyigGNui7ahCqnjoLF5VjPctZFtf6yuq6ij1eJO\n7cjPkmcUngXSplJeNe9hBhVzqb0pyKOzJKHW///IlqNqAAAAAAECAwQF\n-----END OPENSSH PRIVATE KEY-----\n",
            "private_key_pem": "-----BEGIN PRIVATE KEY-----\nMC4CAQAwBQYDK2VwBCIEIDypjKKAY26LtqEKqeOgsXlWM9y1kW1/rK6rqKPV4k7t\n-----END PRIVATE KEY-----\n",
            "private_key_pem_pkcs8": "-----BEGIN PRIVATE KEY-----\nMC4CAQAwBQYDK2VwBCIEIDypjKKAY26LtqEKqeOgsXlWM9y1kW1/rK6rqKPV4k7t\n-----END PRIVATE KEY-----\n",
            "public_key_fingerprint_md5": "ab:5f:2a:bc:53:ac:43:91:0a:34:45:86:ee:29:e7:58",
            "public_key_fingerprint_sha256": "SHA256:XWSKPj3vhB80CP+a0heSDRLa+MK5IReycoZuKCgCfX8",
            "public_key_openssh": "ssh-ed25519 AAAAC3NzaC1lZDI1NTE5AAAAIMjPkmcUngXSplJeNe9hBhVzqb0pyKOzJKHW///IlqNq\n",
            "public_key_pem": "-----BEGIN PUBLIC KEY-----\nMCowBQYDK2VwAyEAyM+SZxSeBdKmUl4172EGFXOpvSnIo7Mkodb//8iWo2o=\n-----END PUBLIC KEY-----\n",
            "rsa_bits": 2048
          },
          "sensitive_attributes": []
        }
      ]
    },
    {
      "mode": "managed",
      "type": "tls_private_key",
      "name": "cert_by_module",
      "provider": "provider[\"registry.terraform.io/hashicorp/tls\"].by_module",
      "instances": [
        {
          "schema_version": 1,
          "attributes": {
            "algorithm": "ED25519",
            "ecdsa_curve": "P224",
            "id": "8b790315daecff226f09b1aa3e5bb11b019ba174",
            "private_key_openssh": "-----BEGIN OPENSSH PRIVATE KEY-----\nb3BlbnNzaC1rZXktdjEAAAAABG5vbmUAAAAEbm9uZQAAAAAAAAABAAAAMwAAAAtz\nc2gtZWQyNTUxOQAAACAGcFZQUPlOmYoXqJCbMzSfGy0/g/DdnkHEfG2UfPhvDwAA\nAIiogakhqIGpIQAAAAtzc2gtZWQyNTUxOQAAACAGcFZQUPlOmYoXqJCbMzSfGy0/\ng/DdnkHEfG2UfPhvDwAAAEC9DOQqYraX+72MBPiSsGWTFPyFXOY/FjR9xOtdFL3N\nIgZwVlBQ+U6ZiheokJszNJ8bLT+D8N2eQcR8bZR8+G8PAAAAAAECAwQF\n-----END OPENSSH PRIVATE KEY-----\n",
            "private_key_pem": "-----BEGIN PRIVATE KEY-----\nMC4CAQAwBQYDK2VwBCIEIL0M5Cpitpf7vYwE+JKwZZMU/IVc5j8WNH3E610Uvc0i\n-----END PRIVATE KEY-----\n",
            "private_key_pem_pkcs8": "-----BEGIN PRIVATE KEY-----\nMC4CAQAwBQYDK2VwBCIEIL0M5Cpitpf7vYwE+JKwZZMU/IVc5j8WNH3E610Uvc0i\n-----END PRIVATE KEY-----\n",
            "public_key_fingerprint_md5": "6b:db:3b:da:3d:a9:f5:63:4d:6b:8b:bf:14:4c:99:f8",
            "public_key_fingerprint_sha256": "SHA256:kDfgGHky9UwbQOH4cWgyo8QoPN4k5pgMUF4ey/8MH6s",
            "public_key_openssh": "ssh-ed25519 AAAAC3NzaC1lZDI1NTE5AAAAIAZwVlBQ+U6ZiheokJszNJ8bLT+D8N2eQcR8bZR8+G8P\n",
            "public_key_pem": "-----BEGIN PUBLIC KEY-----\nMCowBQYDK2VwAyEABnBWUFD5TpmKF6iQmzM0nxstP4Pw3Z5BxHxtlHz4bw8=\n-----END PUBLIC KEY-----\n",
            "rsa_bits": 2048
          },
          "sensitive_attributes": [],
          "dependencies": [
            "data.tls_public_key.pub",
            "module.idgen.random_pet.id",
            "random_integer.net_id",
            "tls_private_key.signer"
          ]
        }
      ]
    },
    {
      "mode": "managed",
      "type": "tls_private_key",
      "name": "cert_by_resource",
      "provider": "provider[\"registry.terraform.io/hashicorp/tls\"].by_resource",
      "instances": [
        {
          "schema_version": 1,
          "attributes": {
            "algorithm": "ED25519",
            "ecdsa_curve": "P224",
            "id": "0fa9729f71022e184fa17c5ac48a1b85506114b9",
            "private_key_openssh": "-----BEGIN OPENSSH PRIVATE KEY-----\nb3BlbnNzaC1rZXktdjEAAAAABG5vbmUAAAAEbm9uZQAAAAAAAAABAAAAMwAAAAtz\nc2gtZWQyNTUxOQAAACDEMuAMcP8lXwr0CBBBASLyLkBlEsQfcQ5wwnmjfFBuNgAA\nAIiQNmF6kDZhegAAAAtzc2gtZWQyNTUxOQAAACDEMuAMcP8lXwr0CBBBASLyLkBl\nEsQfcQ5wwnmjfFBuNgAAAEDVHvpsfJoJ5cbEjIRpl8oOTwOAeCR+JTGquACcF/Xi\n9MQy4Axw/yVfCvQIEEEBIvIuQGUSxB9xDnDCeaN8UG42AAAAAAECAwQF\n-----END OPENSSH PRIVATE KEY-----\n",
            "private_key_pem": "-----BEGIN PRIVATE KEY-----\nMC4CAQAwBQYDK2VwBCIEINUe+mx8mgnlxsSMhGmXyg5PA4B4JH4lMaq4AJwX9eL0\n-----END PRIVATE KEY-----\n",
            "private_key_pem_pkcs8": "-----BEGIN PRIVATE KEY-----\nMC4CAQAwBQYDK2VwBCIEINUe+mx8mgnlxsSMhGmXyg5PA4B4JH4lMaq4AJwX9eL0\n-----END PRIVATE KEY-----\n",
            "public_key_fingerprint_md5": "39:62:a5:29:84:81:d4:ca:31:7c:5c:40:c9:56:b9:c6",
            "public_key_fingerprint_sha256": "SHA256:wyyF9yNWLaKzZy87jhG36xT0l+H0YJSB3f3CXol76KQ",
            "public_key_openssh": "ssh-ed25519 AAAAC3NzaC1lZDI1NTE5AAAAIMQy4Axw/yVfCvQIEEEBIvIuQGUSxB9xDnDCeaN8UG42\n",
            "public_key_pem": "-----BEGIN PUBLIC KEY-----\nMCowBQYDK2VwAyEAxDLgDHD/JV8K9AgQQQEi8i5AZRLEH3EOcMJ5o3xQbjY=\n-----END PUBLIC KEY-----\n",
            "rsa_bits": 2048
          },
          "sensitive_attributes": [],
          "dependencies": [
            "random_pet.net_name"
          ]
        }
      ]
    },
    {
      "mode": "managed",
      "type": "tls_private_key",
      "name": "signer",
      "provider": "provider[\"registry.terraform.io/hashicorp/tls\"]",
      "instances": [
        {
          "schema_version": 1,
          "attributes": {
            "algorithm": "ED25519",
            "ecdsa_curve": "P224",
            "id": "75103690ae70675cec980ee6b394213795fa6f6f",
            "private_key_openssh": "-----BEGIN OPENSSH PRIVATE KEY-----\nb3BlbnNzaC1rZXktdjEAAAAABG5vbmUAAAAEbm9uZQAAAAAAAAABAAAAMwAAAAtz\nc2gtZWQyNTUxOQAAACAWitHYCtHhKKVewJIH0a59W96isGSpOl2RWIApjs5JvgAA\nAIjfYtUq32LVKgAAAAtzc2gtZWQyNTUxOQAAACAWitHYCtHhKKVewJIH0a59W96i\nsGSpOl2RWIApjs5JvgAAAECfg5D8mw7v9KgvuurIDwOvA6Trmgk2lI0Frt570Wt6\nnRaK0dgK0eEopV7AkgfRrn1b3qKwZKk6XZFYgCmOzkm+AAAAAAECAwQF\n-----END OPENSSH PRIVATE KEY-----\n",
            "private_key_pem": "-----BEGIN PRIVATE KEY-----\nMC4CAQAwBQYDK2VwBCIEIJ+DkPybDu/0qC+66sgPA68DpOuaCTaUjQWu3nvRa3qd\n-----END PRIVATE KEY-----\n",
            "private_key_pem_pkcs8": "-----BEGIN PRIVATE KEY-----\nMC4CAQAwBQYDK2VwBCIEIJ+DkPybDu/0qC+66sgPA68DpOuaCTaUjQWu3nvRa3qd\n-----END PRIVATE KEY-----\n",
            "public_key_fingerprint_md5": "0a:ee:57:93:0d:4e:f2:ee:5f:d7:2a:28:9c:89:75:92",
            "public_key_fingerprint_sha256": "SHA256:IzqJPPWa/wjAzQ78kELUDyylVAyO7NaFiLKjRLi8Vdc",
            "public_key_openssh": "ssh-ed25519 AAAAC3NzaC1lZDI1NTE5AAAAIBaK0dgK0eEopV7AkgfRrn1b3qKwZKk6XZFYgCmOzkm+\n",
            "public_key_pem": "-----BEGIN PUBLIC KEY-----\nMCowBQYDK2VwAyEAForR2ArR4SilXsCSB9GufVveorBkqTpdkViAKY7OSb4=\n-----END PUBLIC KEY-----\n",
            "rsa_bits": 2048
          },
          "sensitive_attributes": []
        }
      ]
    },
    {
      "module": "module.idgen",
      "mode": "managed",
      "type": "random_pet",
      "name": "id",
      "provider": "provider[\"registry.terraform.io/hashicorp/random\"]",
      "instances": [
        {
          "schema_version": 0,
          "attributes": {
            "id": "electric-reptile",
            "keepers": {
              "seed": "6660",
              "tag": "0a:ee:57:93:0d:4e:f2:ee:5f:d7:2a:28:9c:89:75:92"
            },
            "length": 2,
            "prefix": null,
            "separator": "-"
          },
          "sensitive_attributes": [],
          "dependencies": [
            "data.tls_public_key.pub",
            "random_integer.net_id",
            "tls_private_key.signer"
          ]
        }
      ]
    }
  ]
}
