{
  "version": 4,
  "terraform_version": "1.8.3",
  "serial": 12,
  "lineage": "93797b5a-02b8-e59c-d9d4-e036148b9da9",
  "outputs": {},
  "resources": [
    {
      "mode": "data",
      "type": "tls_public_key",
      "name": "pub",
      "provider": "provider[\"registry.terraform.io/hashicorp/tls\"]",
      "instances": [
        {
          "schema_version": 0,
          "attributes": {
            "algorithm": "ED25519",
            "id": "99c2c20c819e50289f9631f52227256bf52f8ac1",
            "private_key_openssh": null,
            "private_key_pem": "-----BEGIN PRIVATE KEY-----\nMC4CAQAwBQYDK2VwBCIEIK0cbsGVjGuxCfwz8mjdz5w3aH89dVNQ8qydHVrbENdE\n-----END PRIVATE KEY-----\n",
            "public_key_fingerprint_md5": "c3:3b:4d:97:9d:c9:31:60:f5:b4:df:2b:20:59:cd:5d",
            "public_key_fingerprint_sha256": "SHA256:lbx4PgCYJonwcK/44s6s7xo2KAqJAwaBEHO6gKYpJDc",
            "public_key_openssh": "ssh-ed25519 AAAAC3NzaC1lZDI1NTE5AAAAIECYr+sJ9n7KO65/9qSOzL7ackvPN0ePDCFa4FdO2ZzE\n",
            "public_key_pem": "-----BEGIN PUBLIC KEY-----\nMCowBQYDK2VwAyEAQJiv6wn2fso7rn/2pI7MvtpyS883R48MIVrgV07ZnMQ=\n-----END PUBLIC KEY-----\n"
          },
          "sensitive_attributes": [
            [
              {
                "type": "get_attr",
                "value": "private_key_openssh"
              }
            ],
            [
              {
                "type": "get_attr",
                "value": "private_key_pem"
              }
            ]
          ]
        }
      ]
    },
    {
      "mode": "managed",
      "type": "random_integer",
      "name": "net_id",
      "provider": "provider[\"registry.terraform.io/hashicorp/random\"]",
      "instances": [
        {
          "schema_version": 0,
          "attributes": {
            "id": "6141",
            "keepers": null,
            "max": 9999,
            "min": 1000,
            "result": 6141,
            "seed": null
          },
          "sensitive_attributes": []
        }
      ]
    },
    {
      "mode": "managed",
      "type": "random_pet",
      "name": "fp_tag",
      "provider": "provider[\"registry.terraform.io/hashicorp/random\"]",
      "instances": [
        {
          "schema_version": 0,
          "attributes": {
            "id": "greatly-composed-mongrel",
            "keepers": {
              "fp": "c3:3b:4d:97:9d:c9:31:60:f5:b4:df:2b:20:59:cd:5d"
            },
            "length": 3,
            "prefix": null,
            "separator": "-"
          },
          "sensitive_attributes": [],
          "dependencies": [
            "data.tls_public_key.pub",
            "tls_private_key.signer"
          ]
        }
      ]
    },
    {
      "mode": "managed",
      "type": "random_pet",
      "name": "instance",
      "provider": "provider[\"registry.terraform.io/hashicorp/random\"]",
      "instances": [
        {
          "schema_version": 0,
          "attributes": {
            "id": "openly-helpful-jennet",
            "keepers": {
              "fp": "greatly-composed-mongrel",
              "gen": "mature-escargot",
              "ld": "greatly-composed-mongrel",
              "lm": "mature-escargot",
              "lr": "6141",
              "net": "6141",
              "tagged": "demo-instance",
              "token": "JZl4xmlqRO21"
            },
            "length": 3,
            "prefix": null,
            "separator": "-"
          },
          "sensitive_attributes": [],
          "dependencies": [
            "data.tls_public_key.pub",
            "module.idgen.random_pet.id",
            "random_integer.net_id",
            "random_pet.fp_tag",
            "random_string.token",
            "tls_private_key.signer"
          ]
        }
      ]
    },
    {
      "mode": "managed",
      "type": "random_pet",
      "name": "net_name",
      "provider": "provider[\"registry.terraform.io/hashicorp/random\"]",
      "instances": [
        {
          "schema_version": 0,
          "attributes": {
            "id": "demo-secretly-climbing-marmoset",
            "keepers": null,
            "length": 3,
            "prefix": "demo",
            "separator": "-"
          },
          "sensitive_attributes": []
        }
      ]
    },
    {
      "mode": "managed",
      "type": "random_pet",
      "name": "unmanaged_extra",
      "provider": "provider[\"registry.terraform.io/hashicorp/random\"]",
      "instances": [
        {
          "schema_version": 0,
          "attributes": {
            "id": "sunny-jawfish",
            "keepers": null,
            "length": 2,
            "prefix": null,
            "separator": "-"
          },
          "sensitive_attributes": []
        }
      ]
    },
    {
      "mode": "managed",
      "type": "random_string",
      "name": "token",
      "provider": "provider[\"registry.terraform.io/hashicorp/random\"]",
      "instances": [
        {
          "schema_version": 2,
          "attributes": {
            "id": "JZl4xmlqRO21",
            "keepers": null,
            "length": 12,
            "lower": true,
            "min_lower": 0,
            "min_numeric": 0,
            "min_special": 0,
            "min_upper": 0,
            "number": true,
            "numeric": true,
            "override_special": null,
            "result": "JZl4xmlqRO21",
            "special": false,
            "upper": true
          },
          "sensitive_attributes": []
        }
      ]
    },
    {
      "mode": "managed",
      "type": "tls_private_key",
      "name": "cert",
      "provider": "provider[\"registry.terraform.io/hashicorp/tls\"]",
      "instances": [
        {
          "schema_version": 1,
          "attributes": {
            "algorithm": "ED25519",
            "ecdsa_curve": "P224",
            "id": "fcf5a6476baedae936255502241f3d19e4ddd713",
            "private_key_openssh": "-----BEGIN OPENSSH PRIVATE KEY-----\nb3BlbnNzaC1rZXktdjEAAAAABG5vbmUAAAAEbm9uZQAAAAAAAAABAAAAMwAAAAtz\nc2gtZWQyNTUxOQAAACC1SHwuXDIhh51Y7Xf0813XJRuNUCyZxpOmRs89ydctvQAA\nAIh9OOb/fTjm/wAAAAtzc2gtZWQyNTUxOQAAACC1SHwuXDIhh51Y7Xf0813XJRuN\nUCyZxpOmRs89ydctvQAAAEBY54do2conVqLu6sDK1Vp79psxx22HwdrC/XX2Q5rf\n2rVIfC5cMiGHnVjtd/TzXdclG41QLJnGk6ZGzz3J1y29AAAAAAECAwQF\n-----END OPENSSH PRIVATE KEY-----\n",
            "private_key_pem": "-----BEGIN PRIVATE KEY-----\nMC4CAQAwBQYDK2VwBCIEIFjnh2jZyidWou7qwMrVWnv2mzHHbYfB2sL9dfZDmt/a\n-----END PRIVATE KEY-----\n",
            "private_key_pem_pkcs8": "-----BEGIN PRIVATE KEY-----\nMC4CAQAwBQYDK2VwBCIEIFjnh2jZyidWou7qwMrVWnv2mzHHbYfB2sL9dfZDmt/a\n-----END PRIVATE KEY-----\n",
            "public_key_fingerprint_md5": "62:4c:4c:81:1d:00:dc:10:eb:ae:b7:67:bc:e9:0b:de",
            "public_key_fingerprint_sha256": "SHA256:GcLmKhYmbfs9KW0cmKTZaIU6wZcfjKg3M1y65JsukNk",
            "public_key_openssh": "ssh-ed25519 AAAAC3NzaC1lZDI1NTE5AAAAILVIfC5cMiGHnVjtd/TzXdclG41QLJnGk6ZGzz3J1y29\n",
            "public_key_pem": "-----BEGIN PUBLIC KEY-----\nMCowBQYDK2VwAyEAtUh8LlwyIYedWO139PNd1yUbjVAsmcaTpkbPPcnXLb0=\n-----END PUBLIC KEY-----\n",
            "rsa_bits": 2048
          },
          "sensitive_attributes": [
            [
              {
                "type": "get_attr",
                "value": "private_key_openssh"
              }
            ],
            [
              {
                "type": "get_attr",
                "value": "private_key_pem_pkcs8"
              }
            ],
            [
              {
                "type": "get_attr",
                "value": "private_key_pem"
              }
            ]
          ]
        }
      ]
    },
    {
      "mode": "managed",
      "type": "tls_private_key",
      "name": "cert_by_module",
      "provider": "provider[\"registry.terraform.io/hashicorp/tls\"].by_module",
      "instances": [
        {
          "schema_version": 1,
          "attributes": {
            "algorithm": "ED25519",
            "ecdsa_curve": "P224",
            "id": "1d066f8eb56bcff622f3c3267aee8037ca1f068c",
            "private_key_openssh": "-----BEGIN OPENSSH PRIVATE KEY-----\nb3BlbnNzaC1rZXktdjEAAAAABG5vbmUAAAAEbm9uZQAAAAAAAAABAAAAMwAAAAtz\nc2gtZWQyNTUxOQAAACAIEiIzYFYn1+d+3JhxfPWcz7nrH641CHz2ureg0Dv+4gAA\nAIhZrDhkWaw4ZAAAAAtzc2gtZWQyNTUxOQAAACAIEiIzYFYn1+d+3JhxfPWcz7nr\nH641CHz2ureg0Dv+4gAAAEDt4s1ZP/iWWGbqF84evO+taCkZ/AcJoyaLR5JhAEDQ\nFwgSIjNgVifX537cmHF89ZzPuesfrjUIfPa6t6DQO/7iAAAAAAECAwQF\n-----END OPENSSH PRIVATE KEY-----\n",
            "private_key_pem": "-----BEGIN PRIVATE KEY-----\nMC4CAQAwBQYDK2VwBCIEIO3izVk/+JZYZuoXzh68761oKRn8BwmjJotHkmEAQNAX\n-----END PRIVATE KEY-----\n",
            "private_key_pem_pkcs8": "-----BEGIN PRIVATE KEY-----\nMC4CAQAwBQYDK2VwBCIEIO3izVk/+JZYZuoXzh68761oKRn8BwmjJotHkmEAQNAX\n-----END PRIVATE KEY-----\n",
            "public_key_fingerprint_md5": "dc:4c:dd:37:2f:e7:a5:49:e5:c6:06:db:b7:e4:a0:ed",
            "public_key_fingerprint_sha256": "SHA256:MW/+PhfqJQPpa6/iUwK84nf2oTnQqCElIQLYxwbNotk",
            "public_key_openssh": "ssh-ed25519 AAAAC3NzaC1lZDI1NTE5AAAAIAgSIjNgVifX537cmHF89ZzPuesfrjUIfPa6t6DQO/7i\n",
            "public_key_pem": "-----BEGIN PUBLIC KEY-----\nMCowBQYDK2VwAyEACBIiM2BWJ9fnftyYcXz1nM+56x+uNQh89rq3oNA7/uI=\n-----END PUBLIC KEY-----\n",
            "rsa_bits": 2048
          },
          "sensitive_attributes": [
            [
              {
                "type": "get_attr",
                "value": "private_key_openssh"
              }
            ],
            [
              {
                "type": "get_attr",
                "value": "private_key_pem_pkcs8"
              }
            ],
            [
              {
                "type": "get_attr",
                "value": "private_key_pem"
              }
            ]
          ],
          "dependencies": [
            "module.idgen.random_pet.id",
            "random_integer.net_id",
            "random_string.token"
          ]
        }
      ]
    },
    {
      "mode": "managed",
      "type": "tls_private_key",
      "name": "cert_by_resource",
      "provider": "provider[\"registry.terraform.io/hashicorp/tls\"].by_resource",
      "instances": [
        {
          "schema_version": 1,
          "attributes": {
            "algorithm": "ED25519",
            "ecdsa_curve": "P224",
            "id": "027df1c148b7dcc795dd8542e25fb913fc104e58",
            "private_key_openssh": "-----BEGIN OPENSSH PRIVATE KEY-----\nb3BlbnNzaC1rZXktdjEAAAAABG5vbmUAAAAEbm9uZQAAAAAAAAABAAAAMwAAAAtz\nc2gtZWQyNTUxOQAAACBMPUm2WtW1wOe1jq+czuEAF1wroreAcITwrT5KuyHgSgAA\nAIj2xgbK9sYGygAAAAtzc2gtZWQyNTUxOQAAACBMPUm2WtW1wOe1jq+czuEAF1wr\noreAcITwrT5KuyHgSgAAAEA0hDLQ5Q5meEt+uAuBNzUkUg345K7YlYlsOO3pCPuX\n2Ew9SbZa1bXA57WOr5zO4QAXXCuit4BwhPCtPkq7IeBKAAAAAAECAwQF\n-----END OPENSSH PRIVATE KEY-----\n",
            "private_key_pem": "-----BEGIN PRIVATE KEY-----\nMC4CAQAwBQYDK2VwBCIEIDSEMtDlDmZ4S364C4E3NSRSDfjkrtiViWw47ekI+5fY\n-----END PRIVATE KEY-----\n",
            "private_key_pem_pkcs8": "-----BEGIN PRIVATE KEY-----\nMC4CAQAwBQYDK2VwBCIEIDSEMtDlDmZ4S364C4E3NSRSDfjkrtiViWw47ekI+5fY\n-----END PRIVATE KEY-----\n",
            "public_key_fingerprint_md5": "5d:43:db:cd:95:e3:26:bd:48:89:32:e3:05:e6:4c:10",
            "public_key_fingerprint_sha256": "SHA256:khRl1wNwDh0QddqkUPb3pR/BiKJaukWI0YAYq44843E",
            "public_key_openssh": "ssh-ed25519 AAAAC3NzaC1lZDI1NTE5AAAAIEw9SbZa1bXA57WOr5zO4QAXXCuit4BwhPCtPkq7IeBK\n",
            "public_key_pem": "-----BEGIN PUBLIC KEY-----\nMCowBQYDK2VwAyEATD1JtlrVtcDntY6vnM7hABdcK6K3gHCE8K0+Srsh4Eo=\n-----END PUBLIC KEY-----\n",
            "rsa_bits": 2048
          },
          "sensitive_attributes": [
            [
              {
                "type": "get_attr",
                "value": "private_key_pem"
              }
            ],
            [
              {
                "type": "get_attr",
                "value": "private_key_openssh"
              }
            ],
            [
              {
                "type": "get_attr",
                "value": "private_key_pem_pkcs8"
              }
            ]
          ],
          "dependencies": [
            "random_pet.net_name"
          ]
        }
      ]
    },
    {
      "mode": "managed",
      "type": "tls_private_key",
      "name": "signer",
      "provider": "provider[\"registry.terraform.io/hashicorp/tls\"]",
      "instances": [
        {
          "schema_version": 1,
          "attributes": {
            "algorithm": "ED25519",
            "ecdsa_curve": "P224",
            "id": "99c2c20c819e50289f9631f52227256bf52f8ac1",
            "private_key_openssh": "-----BEGIN OPENSSH PRIVATE KEY-----\nb3BlbnNzaC1rZXktdjEAAAAABG5vbmUAAAAEbm9uZQAAAAAAAAABAAAAMwAAAAtz\nc2gtZWQyNTUxOQAAACBAmK/rCfZ+yjuuf/akjsy+2nJLzzdHjwwhWuBXTtmcxAAA\nAIgavlkkGr5ZJAAAAAtzc2gtZWQyNTUxOQAAACBAmK/rCfZ+yjuuf/akjsy+2nJL\nzzdHjwwhWuBXTtmcxAAAAECtHG7BlYxrsQn8M/Jo3c+cN2h/PXVTUPKsnR1a2xDX\nRECYr+sJ9n7KO65/9qSOzL7ackvPN0ePDCFa4FdO2ZzEAAAAAAECAwQF\n-----END OPENSSH PRIVATE KEY-----\n",
            "private_key_pem": "-----BEGIN PRIVATE KEY-----\nMC4CAQAwBQYDK2VwBCIEIK0cbsGVjGuxCfwz8mjdz5w3aH89dVNQ8qydHVrbENdE\n-----END PRIVATE KEY-----\n",
            "private_key_pem_pkcs8": "-----BEGIN PRIVATE KEY-----\nMC4CAQAwBQYDK2VwBCIEIK0cbsGVjGuxCfwz8mjdz5w3aH89dVNQ8qydHVrbENdE\n-----END PRIVATE KEY-----\n",
            "public_key_fingerprint_md5": "c3:3b:4d:97:9d:c9:31:60:f5:b4:df:2b:20:59:cd:5d",
            "public_key_fingerprint_sha256": "SHA256:lbx4PgCYJonwcK/44s6s7xo2KAqJAwaBEHO6gKYpJDc",
            "public_key_openssh": "ssh-ed25519 AAAAC3NzaC1lZDI1NTE5AAAAIECYr+sJ9n7KO65/9qSOzL7ackvPN0ePDCFa4FdO2ZzE\n",
            "public_key_pem": "-----BEGIN PUBLIC KEY-----\nMCowBQYDK2VwAyEAQJiv6wn2fso7rn/2pI7MvtpyS883R48MIVrgV07ZnMQ=\n-----END PUBLIC KEY-----\n",
            "rsa_bits": 2048
          },
          "sensitive_attributes": [
            [
              {
                "type": "get_attr",
                "value": "private_key_pem_pkcs8"
              }
            ],
            [
              {
                "type": "get_attr",
                "value": "private_key_pem"
              }
            ],
            [
              {
                "type": "get_attr",
                "value": "private_key_openssh"
              }
            ]
          ]
        }
      ]
    },
    {
      "module": "module.idgen",
      "mode": "managed",
      "type": "random_pet",
      "name": "id",
      "provider": "provider[\"registry.terraform.io/hashicorp/random\"]",
      "instances": [
        {
          "schema_version": 0,
          "attributes": {
            "id": "mature-escargot",
            "keepers": {
              "seed": "6141",
              "tag": "JZl4xmlqRO21"
            },
            "length": 2,
            "prefix": null,
            "separator": "-"
          },
          "sensitive_attributes": [],
          "dependencies": [
            "random_integer.net_id",
            "random_string.token"
          ]
        }
      ]
    }
  ],
  "check_results": null
}
