{
  "version": 4,
  "terraform_version": "1.8.3",
  "serial": 23,
  "lineage": "a0eb24e1-0643-2a2a-724a-9bdeab8907d1",
  "outputs": {},
  "resources": [
    {
      "mode": "data",
      "type": "tls_public_key",
      "name": "pub",
      "provider": "provider[\"registry.terraform.io/hashicorp/tls\"]",
      "instances": [
        {
          "schema_version": 0,
          "attributes": {
            "algorithm": "ED25519",
            "id": "14ce02c182acb4a53c9cae90552c6ef1266f5696",
            "private_key_openssh": null,
            "private_key_pem": "-----BEGIN PRIVATE KEY-----\nMC4CAQAwBQYDK2VwBCIEIFSkv2nBGcn5e0nxV6G2AFyRJkScuUAEnkqXzhj680uK\n-----END PRIVATE KEY-----\n",
            "public_key_fingerprint_md5": "89:45:7e:f9:f5:9a:a2:b2:f6:aa:db:fd:1e:f7:d6:6d",
            "public_key_fingerprint_sha256": "SHA256:3uuhGuJPskdpraB1Rn8TdC+Y5qNGyK+QFi/Nl5nt0I4",
            "public_key_openssh": "ssh-ed25519 AAAAC3NzaC1lZDI1NTE5AAAAIMYQ6g0jO+aN7hoxiRfZDz1XsL1aq/8pZhD2sHcZM52S\n",
            "public_key_pem": "-----BEGIN PUBLIC KEY-----\nMCowBQYDK2VwAyEAxhDqDSM75o3uGjGJF9kPPVewvVqr/ylmEPawdxkznZI=\n-----END PUBLIC KEY-----\n"
          },
          "sensitive_attributes": [
            [
              {
                "type": "get_attr",
                "value": "private_key_openssh"
              }
            ],
            [
              {
                "type": "get_attr",
                "value": "private_key_pem"
              }
            ]
          ]
        }
      ]
    },
    {
      "mode": "managed",
      "type": "random_pet",
      "name": "unmanaged_extra",
      "provider": "provider[\"registry.terraform.io/hashicorp/random\"]",
      "instances": [
        {
          "schema_version": 0,
          "attributes": {
            "id": "subtle-racer",
            "keepers": null,
            "length": 2,
            "prefix": null,
            "separator": "-"
          },
          "sensitive_attributes": []
        }
      ]
    }
  ],
  "check_results": null
}
