{
  "version": 4,
  "terraform_version": "1.8.3",
  "serial": 21,
  "lineage": "31a7075c-8a0d-98ec-976e-499c2dd4d6b1",
  "outputs": {},
  "resources": [
    {
      "mode": "data",
      "type": "tls_public_key",
      "name": "pub",
      "provider": "provider[\"registry.terraform.io/hashicorp/tls\"]",
      "instances": [
        {
          "schema_version": 0,
          "attributes": {
            "algorithm": "ED25519",
            "id": "9effb054be86e98b045944fea0915c81bd20737e",
            "private_key_openssh": null,
            "private_key_pem": "-----BEGIN PRIVATE KEY-----\nMC4CAQAwBQYDK2VwBCIEIO0xKPf6v0rFZH2OoncI34nYbfOJgwRTkG/QGTCTqTtN\n-----END PRIVATE KEY-----\n",
            "public_key_fingerprint_md5": "da:e4:b8:25:d0:e4:7f:bb:ad:32:ce:40:04:6d:2d:5a",
            "public_key_fingerprint_sha256": "SHA256:Iz/qjKtqoQcZu4aG6WZoX4zsyEIbc7l/TgXJjwjdvCM",
            "public_key_openssh": "ssh-ed25519 AAAAC3NzaC1lZDI1NTE5AAAAIIV77BokGE/0ZzGKrreDhpFzEg2kKGVOuBHXkvamHWD+\n",
            "public_key_pem": "-----BEGIN PUBLIC KEY-----\nMCowBQYDK2VwAyEAhXvsGiQYT/RnMYqut4OGkXMSDaQoZU64EdeS9qYdYP4=\n-----END PUBLIC KEY-----\n"
          },
          "sensitive_attributes": [
            [
              {
                "type": "get_attr",
                "value": "private_key_openssh"
              }
            ],
            [
              {
                "type": "get_attr",
                "value": "private_key_pem"
              }
            ]
          ]
        }
      ]
    },
    {
      "mode": "managed",
      "type": "random_pet",
      "name": "unmanaged_extra",
      "provider": "provider[\"registry.terraform.io/hashicorp/random\"]",
      "instances": [
        {
          "schema_version": 0,
          "attributes": {
            "id": "right-perch",
            "keepers": null,
            "length": 2,
            "prefix": null,
            "separator": "-"
          },
          "sensitive_attributes": []
        }
      ]
    }
  ],
  "check_results": null
}
