{
  "version": 4,
  "terraform_version": "1.8.3",
  "serial": 13,
  "lineage": "197ef8a5-5a03-a753-75a5-55befe249ee4",
  "outputs": {},
  "resources": [
    {
      "mode": "data",
      "type": "tls_public_key",
      "name": "pub",
      "provider": "provider[\"registry.terraform.io/hashicorp/tls\"]",
      "instances": [
        {
          "schema_version": 0,
          "attributes": {
            "algorithm": "ED25519",
            "id": "aa36c7ae6665188444a2269f3bb93507e5336fe3",
            "private_key_openssh": null,
            "private_key_pem": "-----BEGIN PRIVATE KEY-----\nMC4CAQAwBQYDK2VwBCIEIP+mEwIybnqLIwZLo1jQY9WUBmeqAJP2/Ov15IJwigDQ\n-----END PRIVATE KEY-----\n",
            "public_key_fingerprint_md5": "5b:62:b6:16:40:f8:91:2f:18:c6:f0:66:14:80:f8:78",
            "public_key_fingerprint_sha256": "SHA256:YfXiai6DHif6utFlAYH8UGK5iu5SlEZ4KW+f3ZXa2H8",
            "public_key_openssh": "ssh-ed25519 AAAAC3NzaC1lZDI1NTE5AAAAIHhfPg5NhUtYDxG2RsNZOtY/SfgKaJAG3ukbgCEkv1gn\n",
            "public_key_pem": "-----BEGIN PUBLIC KEY-----\nMCowBQYDK2VwAyEAeF8+Dk2FS1gPEbZGw1k61j9J+ApokAbe6RuAISS/WCc=\n-----END PUBLIC KEY-----\n"
          },
          "sensitive_attributes": [
            [
              {
                "type": "get_attr",
                "value": "private_key_openssh"
              }
            ],
            [
              {
                "type": "get_attr",
                "value": "private_key_pem"
              }
            ]
          ]
        }
      ]
    },
    {
      "mode": "managed",
      "type": "random_integer",
      "name": "net_id",
      "provider": "provider[\"registry.terraform.io/hashicorp/random\"]",
      "instances": [
        {
          "schema_version": 0,
          "attributes": {
            "id": "6790",
            "keepers": null,
            "max": 9999,
            "min": 1000,
            "result": 6790,
            "seed": null
          },
          "sensitive_attributes": []
        }
      ]
    },
    {
      "mode": "managed",
      "type": "random_pet",
      "name": "fp_tag",
      "provider": "provider[\"registry.terraform.io/hashicorp/random\"]",
      "instances": [
        {
          "schema_version": 0,
          "attributes": {
            "id": "mildly-flowing-horse",
            "keepers": {
              "fp": "5b:62:b6:16:40:f8:91:2f:18:c6:f0:66:14:80:f8:78"
            },
            "length": 3,
            "prefix": null,
            "separator": "-"
          },
          "sensitive_attributes": [],
          "dependencies": [
            "data.tls_public_key.pub",
            "tls_private_key.signer"
          ]
        }
      ]
    },
    {
      "mode": "managed",
      "type": "random_pet",
      "name": "instance",
      "provider": "provider[\"registry.terraform.io/hashicorp/random\"]",
      "instances": [
        {
          "schema_version": 0,
          "attributes": {
            "id": "rarely-solid-lamb",
            "keepers": {
              "fp": "mildly-flowing-horse",
              "gen": "true-moose",
              "ld": "mildly-flowing-horse",
              "lm": "true-moose",
              "lr": "6790",
              "net": "6790",
              "tagged": "demo-instance",
              "token": "CjJNf5Xpy5ow"
            },
            "length": 3,
            "prefix": null,
            "separator": "-"
          },
          "sensitive_attributes": [],
          "dependencies": [
            "data.tls_public_key.pub",
            "module.idgen.random_pet.id",
            "random_integer.net_id",
            "random_pet.fp_tag",
            "random_string.token",
            "tls_private_key.signer"
          ]
        }
      ]
    },
    {
      "mode": "managed",
      "type": "random_pet",
      "name": "net_name",
      "provider": "provider[\"registry.terraform.io/hashicorp/random\"]",
      "instances": [
        {
          "schema_version": 0,
          "attributes": {
            "id": "demo-pleasantly-clean-lioness",
            "keepers": null,
            "length": 3,
            "prefix": "demo",
            "separator": "-"
          },
          "sensitive_attributes": []
        }
      ]
    },
    {
      "mode": "managed",
      "type": "random_pet",
      "name": "unmanaged_extra",
      "provider": "provider[\"registry.terraform.io/hashicorp/random\"]",
      "instances": [
        {
          "schema_version": 0,
          "attributes": {
            "id": "welcome-egret",
            "keepers": null,
            "length": 2,
            "prefix": null,
            "separator": "-"
          },
          "sensitive_attributes": []
        }
      ]
    },
    {
      "mode": "managed",
      "type": "random_string",
      "name": "token",
      "provider": "provider[\"registry.terraform.io/hashicorp/random\"]",
      "instances": [
        {
          "schema_version": 2,
          "attributes": {
            "id": "CjJNf5Xpy5ow",
            "keepers": null,
            "length": 12,
            "lower": true,
            "min_lower": 0,
            "min_numeric": 0,
            "min_special": 0,
            "min_upper": 0,
            "number": true,
            "numeric": true,
            "override_special": null,
            "result": "CjJNf5Xpy5ow",
            "special": false,
            "upper": true
          },
          "sensitive_attributes": []
        }
      ]
    },
    {
      "mode": "managed",
      "type": "tls_private_key",
      "name": "cert",
      "provider": "provider[\"registry.terraform.io/hashicorp/tls\"]",
      "instances": [
        {
          "schema_version": 1,
          "attributes": {
            "algorithm": "ED25519",
            "ecdsa_curve": "P224",
            "id": "2ff015b2b4aadbe833eb7b05f12f3b7cedd4e817",
            "private_key_openssh": "-----BEGIN OPENSSH PRIVATE KEY-----\nb3BlbnNzaC1rZXktdjEAAAAABG5vbmUAAAAEbm9uZQAAAAAAAAABAAAAMwAAAAtz\nc2gtZWQyNTUxOQAAACBV+UdbrJiFcRiaduhQ35ZDdSmxPsqr8T2/qOBxMR/V8gAA\nAIgN30qUDd9KlAAAAAtzc2gtZWQyNTUxOQAAACBV+UdbrJiFcRiaduhQ35ZDdSmx\nPsqr8T2/qOBxMR/V8gAAAEBtJd1qAJRhJnUnFY0IWOHbuPDQsNqp/UMCZqviIhvQ\n+FX5R1usmIVxGJp26FDflkN1KbE+yqvxPb+o4HExH9XyAAAAAAECAwQF\n-----END OPENSSH PRIVATE KEY-----\n",
            "private_key_pem": "-----BEGIN PRIVATE KEY-----\nMC4CAQAwBQYDK2VwBCIEIG0l3WoAlGEmdScVjQhY4du48NCw2qn9QwJmq+IiG9D4\n-----END PRIVATE KEY-----\n",
            "private_key_pem_pkcs8": "-----BEGIN PRIVATE KEY-----\nMC4CAQAwBQYDK2VwBCIEIG0l3WoAlGEmdScVjQhY4du48NCw2qn9QwJmq+IiG9D4\n-----END PRIVATE KEY-----\n",
            "public_key_fingerprint_md5": "e0:c1:bf:31:cd:7e:36:92:c4:2b:ec:0d:88:7e:57:f6",
            "public_key_fingerprint_sha256": "SHA256:wgF8TbRP6Iu/be37n2ZI+IHpFqqXDP9myMU4D4NiStg",
            "public_key_openssh": "ssh-ed25519 AAAAC3NzaC1lZDI1NTE5AAAAIFX5R1usmIVxGJp26FDflkN1KbE+yqvxPb+o4HExH9Xy\n",
            "public_key_pem": "-----BEGIN PUBLIC KEY-----\nMCowBQYDK2VwAyEAVflHW6yYhXEYmnboUN+WQ3UpsT7Kq/E9v6jgcTEf1fI=\n-----END PUBLIC KEY-----\n",
            "rsa_bits": 2048
          },
          "sensitive_attributes": [
            [
              {
                "type": "get_attr",
                "value": "private_key_pem"
              }
            ],
            [
              {
                "type": "get_attr",
                "value": "private_key_pem_pkcs8"
              }
            ],
            [
              {
                "type": "get_attr",
                "value": "private_key_openssh"
              }
            ]
          ]
        }
      ]
    },
    {
      "mode": "managed",
      "type": "tls_private_key",
      "name": "cert_by_module",
      "provider": "provider[\"registry.terraform.io/hashicorp/tls\"].by_module",
      "instances": [
        {
          "schema_version": 1,
          "attributes": {
            "algorithm": "ED25519",
            "ecdsa_curve": "P224",
            "id": "69e9265d7243964e69e217d6d0044d65c1e49c4c",
            "private_key_openssh": "-----BEGIN OPENSSH PRIVATE KEY-----\nb3BlbnNzaC1rZXktdjEAAAAABG5vbmUAAAAEbm9uZQAAAAAAAAABAAAAMwAAAAtz\nc2gtZWQyNTUxOQAAACDVbgsgWzTkL0+IFmHpveP+77R8o+llrWYD+bYyfuDM8gAA\nAIjt2Wwm7dlsJgAAAAtzc2gtZWQyNTUxOQAAACDVbgsgWzTkL0+IFmHpveP+77R8\no+llrWYD+bYyfuDM8gAAAEAeABwG9L8+329HNtUWQBCZaGSSazNqYSicZdUGQEkh\nHNVuCyBbNOQvT4gWYem94/7vtHyj6WWtZgP5tjJ+4MzyAAAAAAECAwQF\n-----END OPENSSH PRIVATE KEY-----\n",
            "private_key_pem": "-----BEGIN PRIVATE KEY-----\nMC4CAQAwBQYDK2VwBCIEIB4AHAb0vz7fb0c21RZAEJloZJJrM2phKJxl1QZASSEc\n-----END PRIVATE KEY-----\n",
            "private_key_pem_pkcs8": "-----BEGIN PRIVATE KEY-----\nMC4CAQAwBQYDK2VwBCIEIB4AHAb0vz7fb0c21RZAEJloZJJrM2phKJxl1QZASSEc\n-----END PRIVATE KEY-----\n",
            "public_key_fingerprint_md5": "1b:70:b3:d5:45:09:12:14:99:50:d6:bb:6f:70:2f:ca",
            "public_key_fingerprint_sha256": "SHA256:SK4VCjF+DPHdIObAABBsd6531b/8W8K0+rFZvBTaLWM",
            "public_key_openssh": "ssh-ed25519 AAAAC3NzaC1lZDI1NTE5AAAAINVuCyBbNOQvT4gWYem94/7vtHyj6WWtZgP5tjJ+4Mzy\n",
            "public_key_pem": "-----BEGIN PUBLIC KEY-----\nMCowBQYDK2VwAyEA1W4LIFs05C9PiBZh6b3j/u+0fKPpZa1mA/m2Mn7gzPI=\n-----END PUBLIC KEY-----\n",
            "rsa_bits": 2048
          },
          "sensitive_attributes": [
            [
              {
                "type": "get_attr",
                "value": "private_key_openssh"
              }
            ],
            [
              {
                "type": "get_attr",
                "value": "private_key_pem_pkcs8"
              }
            ],
            [
              {
                "type": "get_attr",
                "value": "private_key_pem"
              }
            ]
          ],
          "dependencies": [
            "module.idgen.random_pet.id",
            "random_integer.net_id",
            "random_string.token"
          ]
        }
      ]
    },
    {
      "mode": "managed",
      "type": "tls_private_key",
      "name": "cert_by_resource",
      "provider": "provider[\"registry.terraform.io/hashicorp/tls\"].by_resource",
      "instances": [
        {
          "schema_version": 1,
          "attributes": {
            "algorithm": "ED25519",
            "ecdsa_curve": "P224",
            "id": "8b9abc27a5b438b17d7ab85a2a333771bb386e78",
            "private_key_openssh": "-----BEGIN OPENSSH PRIVATE KEY-----\nb3BlbnNzaC1rZXktdjEAAAAABG5vbmUAAAAEbm9uZQAAAAAAAAABAAAAMwAAAAtz\nc2gtZWQyNTUxOQAAACBRFB/P+Jq7a58xN8gUtY8hGaWk5aI8fsTJn53pg3B5XgAA\nAIhMUqmyTFKpsgAAAAtzc2gtZWQyNTUxOQAAACBRFB/P+Jq7a58xN8gUtY8hGaWk\n5aI8fsTJn53pg3B5XgAAAEAntsgNjKjQtnbhxdH12xiqm2NnYUD8STTWX1BKXUEO\n+FEUH8/4mrtrnzE3yBS1jyEZpaTlojx+xMmfnemDcHleAAAAAAECAwQF\n-----END OPENSSH PRIVATE KEY-----\n",
            "private_key_pem": "-----BEGIN PRIVATE KEY-----\nMC4CAQAwBQYDK2VwBCIEICe2yA2MqNC2duHF0fXbGKqbY2dhQPxJNNZfUEpdQQ74\n-----END PRIVATE KEY-----\n",
            "private_key_pem_pkcs8": "-----BEGIN PRIVATE KEY-----\nMC4CAQAwBQYDK2VwBCIEICe2yA2MqNC2duHF0fXbGKqbY2dhQPxJNNZfUEpdQQ74\n-----END PRIVATE KEY-----\n",
            "public_key_fingerprint_md5": "8c:ae:d8:89:c7:f8:b5:d0:18:ed:27:79:e7:43:65:72",
            "public_key_fingerprint_sha256": "SHA256:yc9yVPcX/AaDgo9DIc/z1G8TWSTIojQTdUyzMtNs8r0",
            "public_key_openssh": "ssh-ed25519 AAAAC3NzaC1lZDI1NTE5AAAAIFEUH8/4mrtrnzE3yBS1jyEZpaTlojx+xMmfnemDcHle\n",
            "public_key_pem": "-----BEGIN PUBLIC KEY-----\nMCowBQYDK2VwAyEAURQfz/iau2ufMTfIFLWPIRmlpOWiPH7EyZ+d6YNweV4=\n-----END PUBLIC KEY-----\n",
            "rsa_bits": 2048
          },
          "sensitive_attributes": [
            [
              {
                "type": "get_attr",
                "value": "private_key_openssh"
              }
            ],
            [
              {
                "type": "get_attr",
                "value": "private_key_pem_pkcs8"
              }
            ],
            [
              {
                "type": "get_attr",
                "value": "private_key_pem"
              }
            ]
          ],
          "dependencies": [
            "random_pet.net_name"
          ]
        }
      ]
    },
    {
      "mode": "managed",
      "type": "tls_private_key",
      "name": "signer",
      "provider": "provider[\"registry.terraform.io/hashicorp/tls\"]",
      "instances": [
        {
          "schema_version": 1,
          "attributes": {
            "algorithm": "ED25519",
            "ecdsa_curve": "P224",
            "id": "aa36c7ae6665188444a2269f3bb93507e5336fe3",
            "private_key_openssh": "-----BEGIN OPENSSH PRIVATE KEY-----\nb3BlbnNzaC1rZXktdjEAAAAABG5vbmUAAAAEbm9uZQAAAAAAAAABAAAAMwAAAAtz\nc2gtZWQyNTUxOQAAACB4Xz4OTYVLWA8RtkbDWTrWP0n4CmiQBt7pG4AhJL9YJwAA\nAIgPYaP9D2Gj/QAAAAtzc2gtZWQyNTUxOQAAACB4Xz4OTYVLWA8RtkbDWTrWP0n4\nCmiQBt7pG4AhJL9YJwAAAED/phMCMm56iyMGS6NY0GPVlAZnqgCT9vzr9eSCcIoA\n0HhfPg5NhUtYDxG2RsNZOtY/SfgKaJAG3ukbgCEkv1gnAAAAAAECAwQF\n-----END OPENSSH PRIVATE KEY-----\n",
            "private_key_pem": "-----BEGIN PRIVATE KEY-----\nMC4CAQAwBQYDK2VwBCIEIP+mEwIybnqLIwZLo1jQY9WUBmeqAJP2/Ov15IJwigDQ\n-----END PRIVATE KEY-----\n",
            "private_key_pem_pkcs8": "-----BEGIN PRIVATE KEY-----\nMC4CAQAwBQYDK2VwBCIEIP+mEwIybnqLIwZLo1jQY9WUBmeqAJP2/Ov15IJwigDQ\n-----END PRIVATE KEY-----\n",
            "public_key_fingerprint_md5": "5b:62:b6:16:40:f8:91:2f:18:c6:f0:66:14:80:f8:78",
            "public_key_fingerprint_sha256": "SHA256:YfXiai6DHif6utFlAYH8UGK5iu5SlEZ4KW+f3ZXa2H8",
            "public_key_openssh": "ssh-ed25519 AAAAC3NzaC1lZDI1NTE5AAAAIHhfPg5NhUtYDxG2RsNZOtY/SfgKaJAG3ukbgCEkv1gn\n",
            "public_key_pem": "-----BEGIN PUBLIC KEY-----\nMCowBQYDK2VwAyEAeF8+Dk2FS1gPEbZGw1k61j9J+ApokAbe6RuAISS/WCc=\n-----END PUBLIC KEY-----\n",
            "rsa_bits": 2048
          },
          "sensitive_attributes": [
            [
              {
                "type": "get_attr",
                "value": "private_key_pem_pkcs8"
              }
            ],
            [
              {
                "type": "get_attr",
                "value": "private_key_pem"
              }
            ],
            [
              {
                "type": "get_attr",
                "value": "private_key_openssh"
              }
            ]
          ]
        }
      ]
    },
    {
      "module": "module.idgen",
      "mode": "managed",
      "type": "random_pet",
      "name": "id",
      "provider": "provider[\"registry.terraform.io/hashicorp/random\"]",
      "instances": [
        {
          "schema_version": 0,
          "attributes": {
            "id": "true-moose",
            "keepers": {
              "seed": "6790",
              "tag": "CjJNf5Xpy5ow"
            },
            "length": 2,
            "prefix": null,
            "separator": "-"
          },
          "sensitive_attributes": [],
          "dependencies": [
            "random_integer.net_id",
            "random_string.token"
          ]
        }
      ]
    }
  ],
  "check_results": null
}
