{
  "version": 4,
  "terraform_version": "1.8.3",
  "serial": 22,
  "lineage": "03f006b6-ab3c-affa-9088-d49f996923e5",
  "outputs": {},
  "resources": [
    {
      "mode": "data",
      "type": "tls_public_key",
      "name": "pub",
      "provider": "provider[\"registry.terraform.io/hashicorp/tls\"]",
      "instances": [
        {
          "schema_version": 0,
          "attributes": {
            "algorithm": "ED25519",
            "id": "8cab4f0c59b17b0e91bcc9df041612e13290f4e3",
            "private_key_openssh": null,
            "private_key_pem": "-----BEGIN PRIVATE KEY-----\nMC4CAQAwBQYDK2VwBCIEIC5yYEvIJDmQ3AQqyFrS+VUpH6w/Ii6g9Hnl94X47JYE\n-----END PRIVATE KEY-----\n",
            "public_key_fingerprint_md5": "3e:2a:1e:6f:ce:bd:26:c4:f0:e5:10:ec:9f:cc:7d:e7",
            "public_key_fingerprint_sha256": "SHA256:auKUy0DS6ly7mNfA6I5tXtfRhJePfJbX7Flp7lcrQmQ",
            "public_key_openssh": "ssh-ed25519 AAAAC3NzaC1lZDI1NTE5AAAAILt/omP6x4WwHlhNpCoccufnxFJzwjHOainMAbkF2xQL\n",
            "public_key_pem": "-----BEGIN PUBLIC KEY-----\nMCowBQYDK2VwAyEAu3+iY/rHhbAeWE2kKhxy5+fEUnPCMc5qKcwBuQXbFAs=\n-----END PUBLIC KEY-----\n"
          },
          "sensitive_attributes": [
            [
              {
                "type": "get_attr",
                "value": "private_key_openssh"
              }
            ],
            [
              {
                "type": "get_attr",
                "value": "private_key_pem"
              }
            ]
          ]
        }
      ]
    },
    {
      "mode": "managed",
      "type": "random_pet",
      "name": "unmanaged_extra",
      "provider": "provider[\"registry.terraform.io/hashicorp/random\"]",
      "instances": [
        {
          "schema_version": 0,
          "attributes": {
            "id": "stable-monster",
            "keepers": null,
            "length": 2,
            "prefix": null,
            "separator": "-"
          },
          "sensitive_attributes": []
        }
      ]
    }
  ],
  "check_results": null
}
