{
  "version": 4,
  "terraform_version": "1.8.3",
  "serial": 23,
  "lineage": "197ef8a5-5a03-a753-75a5-55befe249ee4",
  "outputs": {},
  "resources": [
    {
      "mode": "data",
      "type": "tls_public_key",
      "name": "pub",
      "provider": "provider[\"registry.terraform.io/hashicorp/tls\"]",
      "instances": [
        {
          "schema_version": 0,
          "attributes": {
            "algorithm": "ED25519",
            "id": "aa36c7ae6665188444a2269f3bb93507e5336fe3",
            "private_key_openssh": null,
            "private_key_pem": "-----BEGIN PRIVATE KEY-----\nMC4CAQAwBQYDK2VwBCIEIP+mEwIybnqLIwZLo1jQY9WUBmeqAJP2/Ov15IJwigDQ\n-----END PRIVATE KEY-----\n",
            "public_key_fingerprint_md5": "5b:62:b6:16:40:f8:91:2f:18:c6:f0:66:14:80:f8:78",
            "public_key_fingerprint_sha256": "SHA256:YfXiai6DHif6utFlAYH8UGK5iu5SlEZ4KW+f3ZXa2H8",
            "public_key_openssh": "ssh-ed25519 AAAAC3NzaC1lZDI1NTE5AAAAIHhfPg5NhUtYDxG2RsNZOtY/SfgKaJAG3ukbgCEkv1gn\n",
            "public_key_pem": "-----BEGIN PUBLIC KEY-----\nMCowBQYDK2VwAyEAeF8+Dk2FS1gPEbZGw1k61j9J+ApokAbe6RuAISS/WCc=\n-----END PUBLIC KEY-----\n"
          },
          "sensitive_attributes": [
            [
              {
                "type": "get_attr",
                "value": "private_key_openssh"
              }
            ],
            [
              {
                "type": "get_attr",
                "value": "private_key_pem"
              }
            ]
          ]
        }
      ]
    },
    {
      "mode": "managed",
      "type": "random_pet",
      "name": "unmanaged_extra",
      "provider": "provider[\"registry.terraform.io/hashicorp/random\"]",
      "instances": [
        {
          "schema_version": 0,
          "attributes": {
            "id": "welcome-egret",
            "keepers": null,
            "length": 2,
            "prefix": null,
            "separator": "-"
          },
          "sensitive_attributes": []
        }
      ]
    }
  ],
  "check_results": null
}
