{
  "version": 4,
  "terraform_version": "1.8.3",
  "serial": 23,
  "lineage": "2f2a5c0b-b6cc-4721-e634-00832e644c64",
  "outputs": {},
  "resources": [
    {
      "mode": "data",
      "type": "tls_public_key",
      "name": "pub",
      "provider": "provider[\"registry.terraform.io/hashicorp/tls\"]",
      "instances": [
        {
          "schema_version": 0,
          "attributes": {
            "algorithm": "ED25519",
            "id": "d306a4504500fc406a1352a5904913065df011d7",
            "private_key_openssh": null,
            "private_key_pem": "-----BEGIN PRIVATE KEY-----\nMC4CAQAwBQYDK2VwBCIEIKiN7aFMqPRR0NMaNISmIoK7R9vClH4Bu3MOAD6Xhygi\n-----END PRIVATE KEY-----\n",
            "public_key_fingerprint_md5": "a7:e8:9d:e5:55:e2:33:75:7e:23:ad:d4:17:44:05:47",
            "public_key_fingerprint_sha256": "SHA256:eHHGU8YpaE/jNPIsz6AUiYtM8Xi39r/jtht17AtoaC8",
            "public_key_openssh": "ssh-ed25519 AAAAC3NzaC1lZDI1NTE5AAAAINPGrGUYOhtnM9yoLko6NF8ec+V2RXuL6QEc6vOZM296\n",
            "public_key_pem": "-----BEGIN PUBLIC KEY-----\nMCowBQYDK2VwAyEA08asZRg6G2cz3KguSjo0Xx5z5XZFe4vpARzq85kzb3o=\n-----END PUBLIC KEY-----\n"
          },
          "sensitive_attributes": [
            [
              {
                "type": "get_attr",
                "value": "private_key_pem"
              }
            ],
            [
              {
                "type": "get_attr",
                "value": "private_key_openssh"
              }
            ]
          ]
        }
      ]
    },
    {
      "mode": "managed",
      "type": "random_pet",
      "name": "unmanaged_extra",
      "provider": "provider[\"registry.terraform.io/hashicorp/random\"]",
      "instances": [
        {
          "schema_version": 0,
          "attributes": {
            "id": "eminent-chipmunk",
            "keepers": null,
            "length": 2,
            "prefix": null,
            "separator": "-"
          },
          "sensitive_attributes": []
        }
      ]
    }
  ],
  "check_results": null
}
