{
  "version": 4,
  "terraform_version": "1.8.3",
  "serial": 23,
  "lineage": "f3164c9a-047e-e2c1-9a08-11652baa74c6",
  "outputs": {},
  "resources": [
    {
      "mode": "data",
      "type": "tls_public_key",
      "name": "pub",
      "provider": "provider[\"registry.terraform.io/hashicorp/tls\"]",
      "instances": [
        {
          "schema_version": 0,
          "attributes": {
            "algorithm": "ED25519",
            "id": "2a57290e0db3b574450d1b0572b0c9fcded88d9a",
            "private_key_openssh": null,
            "private_key_pem": "-----BEGIN PRIVATE KEY-----\nMC4CAQAwBQYDK2VwBCIEIKCw+PsuC1+YxIDef7wYvEFi/01d/k5bMgp4J/6DJt0U\n-----END PRIVATE KEY-----\n",
            "public_key_fingerprint_md5": "72:80:40:a3:91:ac:d1:78:01:ca:b4:90:cc:64:7b:18",
            "public_key_fingerprint_sha256": "SHA256:rPDvHauAqvhkC30U6OnRyUnfylF0ZoRLyRyLKGpo/6I",
            "public_key_openssh": "ssh-ed25519 AAAAC3NzaC1lZDI1NTE5AAAAIEnbY4eQDRxEXv6d1Zo+b2ecqHK1z2zsbIUnjlzcF9RG\n",
            "public_key_pem": "-----BEGIN PUBLIC KEY-----\nMCowBQYDK2VwAyEASdtjh5ANHERe/p3Vmj5vZ5yocrXPbOxshSeOXNwX1EY=\n-----END PUBLIC KEY-----\n"
          },
          "sensitive_attributes": [
            [
              {
                "type": "get_attr",
                "value": "private_key_openssh"
              }
            ],
            [
              {
                "type": "get_attr",
                "value": "private_key_pem"
              }
            ]
          ]
        }
      ]
    },
    {
      "mode": "managed",
      "type": "random_pet",
      "name": "unmanaged_extra",
      "provider": "provider[\"registry.terraform.io/hashicorp/random\"]",
      "instances": [
        {
          "schema_version": 0,
          "attributes": {
            "id": "loving-unicorn",
            "keepers": null,
            "length": 2,
            "prefix": null,
            "separator": "-"
          },
          "sensitive_attributes": []
        }
      ]
    }
  ],
  "check_results": null
}
