{
  "version": 4,
  "terraform_version": "1.8.3",
  "serial": 13,
  "lineage": "288ecda7-12c4-e878-51b1-8affb18443f1",
  "outputs": {},
  "resources": [
    {
      "mode": "data",
      "type": "tls_public_key",
      "name": "pub",
      "provider": "provider[\"registry.terraform.io/hashicorp/tls\"]",
      "instances": [
        {
          "schema_version": 0,
          "attributes": {
            "algorithm": "ED25519",
            "id": "34aee67cfdc09389abdf3a1310e092d82223f11d",
            "private_key_openssh": null,
            "private_key_pem": "-----BEGIN PRIVATE KEY-----\nMC4CAQAwBQYDK2VwBCIEIAQ91iJOZli5Fp4q6KGstGOJdXJtHUB38PZVVHTLBhcH\n-----END PRIVATE KEY-----\n",
            "public_key_fingerprint_md5": "ad:94:dd:88:5d:b4:90:fc:cb:6a:e3:f0:9f:58:ed:80",
            "public_key_fingerprint_sha256": "SHA256:7sRgkwXFl8HdBgVylWB6BG72wvMQZ3+gs/qVjndkwxc",
            "public_key_openssh": "ssh-ed25519 AAAAC3NzaC1lZDI1NTE5AAAAIFQCDUQWgJofpkzjNn6Glpu384EcP/InCXfFMdmca9oF\n",
            "public_key_pem": "-----BEGIN PUBLIC KEY-----\nMCowBQYDK2VwAyEAVAINRBaAmh+mTOM2foaWm7fzgRw/8icJd8Ux2Zxr2gU=\n-----END PUBLIC KEY-----\n"
          },
          "sensitive_attributes": [
            [
              {
                "type": "get_attr",
                "value": "private_key_openssh"
              }
            ],
            [
              {
                "type": "get_attr",
                "value": "private_key_pem"
              }
            ]
          ]
        }
      ]
    },
    {
      "mode": "managed",
      "type": "random_integer",
      "name": "net_id",
      "provider": "provider[\"registry.terraform.io/hashicorp/random\"]",
      "instances": [
        {
          "schema_version": 0,
          "attributes": {
            "id": "6137",
            "keepers": null,
            "max": 9999,
            "min": 1000,
            "result": 6137,
            "seed": null
          },
          "sensitive_attributes": []
        }
      ]
    },
    {
      "mode": "managed",
      "type": "random_pet",
      "name": "fp_tag",
      "provider": "provider[\"registry.terraform.io/hashicorp/random\"]",
      "instances": [
        {
          "schema_version": 0,
          "attributes": {
            "id": "allegedly-vital-mustang",
            "keepers": {
              "fp": "ad:94:dd:88:5d:b4:90:fc:cb:6a:e3:f0:9f:58:ed:80"
            },
            "length": 3,
            "prefix": null,
            "separator": "-"
          },
          "sensitive_attributes": [],
          "dependencies": [
            "data.tls_public_key.pub",
            "tls_private_key.signer"
          ]
        }
      ]
    },
    {
      "mode": "managed",
      "type": "random_pet",
      "name": "instance",
      "provider": "provider[\"registry.terraform.io/hashicorp/random\"]",
      "instances": [
        {
          "schema_version": 0,
          "attributes": {
            "id": "yearly-adequate-marten",
            "keepers": {
              "fp": "allegedly-vital-mustang",
              "gen": "cool-husky",
              "ld": "allegedly-vital-mustang",
              "lm": "cool-husky",
              "lr": "6137",
              "net": "6137",
              "tagged": "demo-instance",
              "token": "802bBTrBXSv0"
            },
            "length": 3,
            "prefix": null,
            "separator": "-"
          },
          "sensitive_attributes": [],
          "dependencies": [
            "data.tls_public_key.pub",
            "module.idgen.random_pet.id",
            "random_integer.net_id",
            "random_pet.fp_tag",
            "random_string.token",
            "tls_private_key.signer"
          ]
        }
      ]
    },
    {
      "mode": "managed",
      "type": "random_pet",
      "name": "net_name",
      "provider": "provider[\"registry.terraform.io/hashicorp/random\"]",
      "instances": [
        {
          "schema_version": 0,
          "attributes": {
            "id": "demo-poorly-noted-mink",
            "keepers": null,
            "length": 3,
            "prefix": "demo",
            "separator": "-"
          },
          "sensitive_attributes": []
        }
      ]
    },
    {
      "mode": "managed",
      "type": "random_pet",
      "name": "unmanaged_extra",
      "provider": "provider[\"registry.terraform.io/hashicorp/random\"]",
      "instances": [
        {
          "schema_version": 0,
          "attributes": {
            "id": "renewed-marmoset",
            "keepers": null,
            "length": 2,
            "prefix": null,
            "separator": "-"
          },
          "sensitive_attributes": []
        }
      ]
    },
    {
      "mode": "managed",
      "type": "random_string",
      "name": "token",
      "provider": "provider[\"registry.terraform.io/hashicorp/random\"]",
      "instances": [
        {
          "schema_version": 2,
          "attributes": {
            "id": "802bBTrBXSv0",
            "keepers": null,
            "length": 12,
            "lower": true,
            "min_lower": 0,
            "min_numeric": 0,
            "min_special": 0,
            "min_upper": 0,
            "number": true,
            "numeric": true,
            "override_special": null,
            "result": "802bBTrBXSv0",
            "special": false,
            "upper": true
          },
          "sensitive_attributes": []
        }
      ]
    },
    {
      "mode": "managed",
      "type": "tls_private_key",
      "name": "cert",
      "provider": "provider[\"registry.terraform.io/hashicorp/tls\"]",
      "instances": [
        {
          "schema_version": 1,
          "attributes": {
            "algorithm": "ED25519",
            "ecdsa_curve": "P224",
            "id": "0b3b1f95afcd884a6e516a261a621ab762a60df0",
            "private_key_openssh": "-----BEGIN OPENSSH PRIVATE KEY-----\nb3BlbnNzaC1rZXktdjEAAAAABG5vbmUAAAAEbm9uZQAAAAAAAAABAAAAMwAAAAtz\nc2gtZWQyNTUxOQAAACAwGoCuGsagtef+Jw04DiB+VvBRGPt7pWLbYV+8O2fTbQAA\nAIg3sKgnN7CoJwAAAAtzc2gtZWQyNTUxOQAAACAwGoCuGsagtef+Jw04DiB+VvBR\nGPt7pWLbYV+8O2fTbQAAAEANrMRk5I2XsXIHsvH0qXVQdB13PrQcVqgolTtmGavF\n7TAagK4axqC15/4nDTgOIH5W8FEY+3ulYtthX7w7Z9NtAAAAAAECAwQF\n-----END OPENSSH PRIVATE KEY-----\n",
            "private_key_pem": "-----BEGIN PRIVATE KEY-----\nMC4CAQAwBQYDK2VwBCIEIA2sxGTkjZexcgey8fSpdVB0HXc+tBxWqCiVO2YZq8Xt\n-----END PRIVATE KEY-----\n",
            "private_key_pem_pkcs8": "-----BEGIN PRIVATE KEY-----\nMC4CAQAwBQYDK2VwBCIEIA2sxGTkjZexcgey8fSpdVB0HXc+tBxWqCiVO2YZq8Xt\n-----END PRIVATE KEY-----\n",
            "public_key_fingerprint_md5": "09:9f:5e:ab:c2:98:14:b6:8a:60:e9:cc:b7:37:a8:c9",
            "public_key_fingerprint_sha256": "SHA256://F893p5BUHukUZSjPN3sCdw3s87ir0oHdtnYM3PRpU",
            "public_key_openssh": "ssh-ed25519 AAAAC3NzaC1lZDI1NTE5AAAAIDAagK4axqC15/4nDTgOIH5W8FEY+3ulYtthX7w7Z9Nt\n",
            "public_key_pem": "-----BEGIN PUBLIC KEY-----\nMCowBQYDK2VwAyEAMBqArhrGoLXn/icNOA4gflbwURj7e6Vi22FfvDtn020=\n-----END PUBLIC KEY-----\n",
            "rsa_bits": 2048
          },
          "sensitive_attributes": [
            [
              {
                "type": "get_attr",
                "value": "private_key_pem"
              }
            ],
            [
              {
                "type": "get_attr",
                "value": "private_key_pem_pkcs8"
              }
            ],
            [
              {
                "type": "get_attr",
                "value": "private_key_openssh"
              }
            ]
          ]
        }
      ]
    },
    {
      "mode": "managed",
      "type": "tls_private_key",
      "name": "cert_by_module",
      "provider": "provider[\"registry.terraform.io/hashicorp/tls\"].by_module",
      "instances": [
        {
          "schema_version": 1,
          "attributes": {
            "algorithm": "ED25519",
            "ecdsa_curve": "P224",
            "id": "db02a5da6e8508299e099510aba48a25789bcdcc",
            "private_key_openssh": "-----BEGIN OPENSSH PRIVATE KEY-----\nb3BlbnNzaC1rZXktdjEAAAAABG5vbmUAAAAEbm9uZQAAAAAAAAABAAAAMwAAAAtz\nc2gtZWQyNTUxOQAAACB7smTG+RhJJh1rVLC120dEEuQ5qsY7cHfzTfCC9KxIiQAA\nAIju8+tb7vPrWwAAAAtzc2gtZWQyNTUxOQAAACB7smTG+RhJJh1rVLC120dEEuQ5\nqsY7cHfzTfCC9KxIiQAAAECbW6Gp4PcsgBbQeeJ0x7tTfvDIFukNFmsa4nIAw9+3\nRnuyZMb5GEkmHWtUsLXbR0QS5Dmqxjtwd/NN8IL0rEiJAAAAAAECAwQF\n-----END OPENSSH PRIVATE KEY-----\n",
            "private_key_pem": "-----BEGIN PRIVATE KEY-----\nMC4CAQAwBQYDK2VwBCIEIJtboang9yyAFtB54nTHu1N+8MgW6Q0WaxricgDD37dG\n-----END PRIVATE KEY-----\n",
            "private_key_pem_pkcs8": "-----BEGIN PRIVATE KEY-----\nMC4CAQAwBQYDK2VwBCIEIJtboang9yyAFtB54nTHu1N+8MgW6Q0WaxricgDD37dG\n-----END PRIVATE KEY-----\n",
            "public_key_fingerprint_md5": "a4:b7:61:16:73:fb:02:ba:95:25:15:58:06:90:35:e7",
            "public_key_fingerprint_sha256": "SHA256:l26gMS9alVe/kzwE3WAtRE1WY2ATYF8+QIrCY3OTqig",
            "public_key_openssh": "ssh-ed25519 AAAAC3NzaC1lZDI1NTE5AAAAIHuyZMb5GEkmHWtUsLXbR0QS5Dmqxjtwd/NN8IL0rEiJ\n",
            "public_key_pem": "-----BEGIN PUBLIC KEY-----\nMCowBQYDK2VwAyEAe7JkxvkYSSYda1SwtdtHRBLkOarGO3B3803wgvSsSIk=\n-----END PUBLIC KEY-----\n",
            "rsa_bits": 2048
          },
          "sensitive_attributes": [
            [
              {
                "type": "get_attr",
                "value": "private_key_pem"
              }
            ],
            [
              {
                "type": "get_attr",
                "value": "private_key_pem_pkcs8"
              }
            ],
            [
              {
                "type": "get_attr",
                "value": "private_key_openssh"
              }
            ]
          ],
          "dependencies": [
            "module.idgen.random_pet.id",
            "random_integer.net_id",
            "random_string.token"
          ]
        }
      ]
    },
    {
      "mode": "managed",
      "type": "tls_private_key",
      "name": "cert_by_resource",
      "provider": "provider[\"registry.terraform.io/hashicorp/tls\"].by_resource",
      "instances": [
        {
          "schema_version": 1,
          "attributes": {
            "algorithm": "ED25519",
            "ecdsa_curve": "P224",
            "id": "6daab3ed25ac9f4b8321b177109a71a55a55b4ee",
            "private_key_openssh": "-----BEGIN OPENSSH PRIVATE KEY-----\nb3BlbnNzaC1rZXktdjEAAAAABG5vbmUAAAAEbm9uZQAAAAAAAAABAAAAMwAAAAtz\nc2gtZWQyNTUxOQAAACC/e1tJvipKaKpFWdw0ImUKzQEtnRL6m94qBRIInyzz1QAA\nAIiEdY/xhHWP8QAAAAtzc2gtZWQyNTUxOQAAACC/e1tJvipKaKpFWdw0ImUKzQEt\nnRL6m94qBRIInyzz1QAAAEC+80hZ77CMRSdkIuqzaj2tSFv2djz9uw3ZOSseYHXY\nfr97W0m+KkpoqkVZ3DQiZQrNAS2dEvqb3ioFEgifLPPVAAAAAAECAwQF\n-----END OPENSSH PRIVATE KEY-----\n",
            "private_key_pem": "-----BEGIN PRIVATE KEY-----\nMC4CAQAwBQYDK2VwBCIEIL7zSFnvsIxFJ2Qi6rNqPa1IW/Z2PP27Ddk5Kx5gddh+\n-----END PRIVATE KEY-----\n",
            "private_key_pem_pkcs8": "-----BEGIN PRIVATE KEY-----\nMC4CAQAwBQYDK2VwBCIEIL7zSFnvsIxFJ2Qi6rNqPa1IW/Z2PP27Ddk5Kx5gddh+\n-----END PRIVATE KEY-----\n",
            "public_key_fingerprint_md5": "aa:90:56:9b:34:ac:e6:99:21:88:04:4d:fc:72:7f:b9",
            "public_key_fingerprint_sha256": "SHA256:s8VOG4iji28MZszOu7T5asp9n/+eX1lJOdIwBmF8OEs",
            "public_key_openssh": "ssh-ed25519 AAAAC3NzaC1lZDI1NTE5AAAAIL97W0m+KkpoqkVZ3DQiZQrNAS2dEvqb3ioFEgifLPPV\n",
            "public_key_pem": "-----BEGIN PUBLIC KEY-----\nMCowBQYDK2VwAyEAv3tbSb4qSmiqRVncNCJlCs0BLZ0S+pveKgUSCJ8s89U=\n-----END PUBLIC KEY-----\n",
            "rsa_bits": 2048
          },
          "sensitive_attributes": [
            [
              {
                "type": "get_attr",
                "value": "private_key_openssh"
              }
            ],
            [
              {
                "type": "get_attr",
                "value": "private_key_pem_pkcs8"
              }
            ],
            [
              {
                "type": "get_attr",
                "value": "private_key_pem"
              }
            ]
          ],
          "dependencies": [
            "random_pet.net_name"
          ]
        }
      ]
    },
    {
      "mode": "managed",
      "type": "tls_private_key",
      "name": "signer",
      "provider": "provider[\"registry.terraform.io/hashicorp/tls\"]",
      "instances": [
        {
          "schema_version": 1,
          "attributes": {
            "algorithm": "ED25519",
            "ecdsa_curve": "P224",
            "id": "34aee67cfdc09389abdf3a1310e092d82223f11d",
            "private_key_openssh": "-----BEGIN OPENSSH PRIVATE KEY-----\nb3BlbnNzaC1rZXktdjEAAAAABG5vbmUAAAAEbm9uZQAAAAAAAAABAAAAMwAAAAtz\nc2gtZWQyNTUxOQAAACBUAg1EFoCaH6ZM4zZ+hpabt/OBHD/yJwl3xTHZnGvaBQAA\nAIjF6nCbxepwmwAAAAtzc2gtZWQyNTUxOQAAACBUAg1EFoCaH6ZM4zZ+hpabt/OB\nHD/yJwl3xTHZnGvaBQAAAEAEPdYiTmZYuRaeKuihrLRjiXVybR1Ad/D2VVR0ywYX\nB1QCDUQWgJofpkzjNn6Glpu384EcP/InCXfFMdmca9oFAAAAAAECAwQF\n-----END OPENSSH PRIVATE KEY-----\n",
            "private_key_pem": "-----BEGIN PRIVATE KEY-----\nMC4CAQAwBQYDK2VwBCIEIAQ91iJOZli5Fp4q6KGstGOJdXJtHUB38PZVVHTLBhcH\n-----END PRIVATE KEY-----\n",
            "private_key_pem_pkcs8": "-----BEGIN PRIVATE KEY-----\nMC4CAQAwBQYDK2VwBCIEIAQ91iJOZli5Fp4q6KGstGOJdXJtHUB38PZVVHTLBhcH\n-----END PRIVATE KEY-----\n",
            "public_key_fingerprint_md5": "ad:94:dd:88:5d:b4:90:fc:cb:6a:e3:f0:9f:58:ed:80",
            "public_key_fingerprint_sha256": "SHA256:7sRgkwXFl8HdBgVylWB6BG72wvMQZ3+gs/qVjndkwxc",
            "public_key_openssh": "ssh-ed25519 AAAAC3NzaC1lZDI1NTE5AAAAIFQCDUQWgJofpkzjNn6Glpu384EcP/InCXfFMdmca9oF\n",
            "public_key_pem": "-----BEGIN PUBLIC KEY-----\nMCowBQYDK2VwAyEAVAINRBaAmh+mTOM2foaWm7fzgRw/8icJd8Ux2Zxr2gU=\n-----END PUBLIC KEY-----\n",
            "rsa_bits": 2048
          },
          "sensitive_attributes": [
            [
              {
                "type": "get_attr",
                "value": "private_key_pem_pkcs8"
              }
            ],
            [
              {
                "type": "get_attr",
                "value": "private_key_openssh"
              }
            ],
            [
              {
                "type": "get_attr",
                "value": "private_key_pem"
              }
            ]
          ]
        }
      ]
    },
    {
      "module": "module.idgen",
      "mode": "managed",
      "type": "random_pet",
      "name": "id",
      "provider": "provider[\"registry.terraform.io/hashicorp/random\"]",
      "instances": [
        {
          "schema_version": 0,
          "attributes": {
            "id": "cool-husky",
            "keepers": {
              "seed": "6137",
              "tag": "802bBTrBXSv0"
            },
            "length": 2,
            "prefix": null,
            "separator": "-"
          },
          "sensitive_attributes": [],
          "dependencies": [
            "random_integer.net_id",
            "random_string.token"
          ]
        }
      ]
    }
  ],
  "check_results": null
}
