{
  "version": 4,
  "terraform_version": "1.8.3",
  "serial": 22,
  "lineage": "93797b5a-02b8-e59c-d9d4-e036148b9da9",
  "outputs": {},
  "resources": [
    {
      "mode": "data",
      "type": "tls_public_key",
      "name": "pub",
      "provider": "provider[\"registry.terraform.io/hashicorp/tls\"]",
      "instances": [
        {
          "schema_version": 0,
          "attributes": {
            "algorithm": "ED25519",
            "id": "99c2c20c819e50289f9631f52227256bf52f8ac1",
            "private_key_openssh": null,
            "private_key_pem": "-----BEGIN PRIVATE KEY-----\nMC4CAQAwBQYDK2VwBCIEIK0cbsGVjGuxCfwz8mjdz5w3aH89dVNQ8qydHVrbENdE\n-----END PRIVATE KEY-----\n",
            "public_key_fingerprint_md5": "c3:3b:4d:97:9d:c9:31:60:f5:b4:df:2b:20:59:cd:5d",
            "public_key_fingerprint_sha256": "SHA256:lbx4PgCYJonwcK/44s6s7xo2KAqJAwaBEHO6gKYpJDc",
            "public_key_openssh": "ssh-ed25519 AAAAC3NzaC1lZDI1NTE5AAAAIECYr+sJ9n7KO65/9qSOzL7ackvPN0ePDCFa4FdO2ZzE\n",
            "public_key_pem": "-----BEGIN PUBLIC KEY-----\nMCowBQYDK2VwAyEAQJiv6wn2fso7rn/2pI7MvtpyS883R48MIVrgV07ZnMQ=\n-----END PUBLIC KEY-----\n"
          },
          "sensitive_attributes": [
            [
              {
                "type": "get_attr",
                "value": "private_key_openssh"
              }
            ],
            [
              {
                "type": "get_attr",
                "value": "private_key_pem"
              }
            ]
          ]
        }
      ]
    },
    {
      "mode": "managed",
      "type": "random_pet",
      "name": "unmanaged_extra",
      "provider": "provider[\"registry.terraform.io/hashicorp/random\"]",
      "instances": [
        {
          "schema_version": 0,
          "attributes": {
            "id": "sunny-jawfish",
            "keepers": null,
            "length": 2,
            "prefix": null,
            "separator": "-"
          },
          "sensitive_attributes": []
        }
      ]
    }
  ],
  "check_results": null
}
