{
  "version": 4,
  "terraform_version": "1.8.3",
  "serial": 23,
  "lineage": "db20a0b5-d832-6be6-1a79-34ea2f9d3e16",
  "outputs": {},
  "resources": [
    {
      "mode": "data",
      "type": "tls_public_key",
      "name": "pub",
      "provider": "provider[\"registry.terraform.io/hashicorp/tls\"]",
      "instances": [
        {
          "schema_version": 0,
          "attributes": {
            "algorithm": "ED25519",
            "id": "a55debbeb44c6b2654ef1dab47abb76709e310d7",
            "private_key_openssh": null,
            "private_key_pem": "-----BEGIN PRIVATE KEY-----\nMC4CAQAwBQYDK2VwBCIEIPPyXyOoQTtgMf8iD+i0ORLsvm3FEqSyp9XRvTSpbZsm\n-----END PRIVATE KEY-----\n",
            "public_key_fingerprint_md5": "99:fc:f9:87:b5:7a:af:87:14:7c:de:7b:2c:9f:ed:ed",
            "public_key_fingerprint_sha256": "SHA256:Q1l3EQygNy6Y+r8Dvm0PAXWw2brmanU07g710by5Tgo",
            "public_key_openssh": "ssh-ed25519 AAAAC3NzaC1lZDI1NTE5AAAAIPJBvIkt35ZoO4JJEbVatem1GRfufFCQeyZATOrxFmGQ\n",
            "public_key_pem": "-----BEGIN PUBLIC KEY-----\nMCowBQYDK2VwAyEA8kG8iS3flmg7gkkRtVq16bUZF+58UJB7JkBM6vEWYZA=\n-----END PUBLIC KEY-----\n"
          },
          "sensitive_attributes": [
            [
              {
                "type": "get_attr",
                "value": "private_key_openssh"
              }
            ],
            [
              {
                "type": "get_attr",
                "value": "private_key_pem"
              }
            ]
          ]
        }
      ]
    },
    {
      "mode": "managed",
      "type": "random_pet",
      "name": "unmanaged_extra",
      "provider": "provider[\"registry.terraform.io/hashicorp/random\"]",
      "instances": [
        {
          "schema_version": 0,
          "attributes": {
            "id": "apt-bluejay",
            "keepers": null,
            "length": 2,
            "prefix": null,
            "separator": "-"
          },
          "sensitive_attributes": []
        }
      ]
    }
  ],
  "check_results": null
}
