{
  "version": 4,
  "terraform_version": "1.8.3",
  "serial": 3,
  "lineage": "a412d6c5-511f-0ad2-504d-634c1ba24da7",
  "outputs": {},
  "resources": [
    {
      "mode": "managed",
      "type": "random_integer",
      "name": "net_id",
      "provider": "provider[\"registry.terraform.io/hashicorp/random\"]",
      "instances": [
        {
          "schema_version": 0,
          "attributes": {
            "id": "6137",
            "keepers": null,
            "max": 9999,
            "min": 1000,
            "result": 6137,
            "seed": null
          },
          "sensitive_attributes": []
        }
      ]
    },
    {
      "mode": "managed",
      "type": "random_pet",
      "name": "net_name",
      "provider": "provider[\"registry.terraform.io/hashicorp/random\"]",
      "instances": [
        {
          "schema_version": 0,
          "attributes": {
            "id": "demo-poorly-noted-mink",
            "keepers": null,
            "length": 3,
            "prefix": "demo",
            "separator": "-"
          },
          "sensitive_attributes": []
        }
      ]
    },
    {
      "module": "module.idgen",
      "mode": "managed",
      "type": "random_pet",
      "name": "id",
      "provider": "provider[\"registry.terraform.io/hashicorp/random\"]",
      "instances": [
        {
          "schema_version": 0,
          "attributes": {
            "id": "cool-husky",
            "keepers": {
              "seed": "6137",
              "tag": "802bBTrBXSv0"
            },
            "length": 2,
            "prefix": null,
            "separator": "-"
          },
          "sensitive_attributes": []
        }
      ]
    }
  ],
  "check_results": null
}
