{
  "version": 4,
  "terraform_version": "1.2.9",
  "serial": 13,
  "lineage": "61cc0ee2-31cc-ccae-5176-cbf559c5ac36",
  "outputs": {},
  "resources": [
    {
      "mode": "data",
      "type": "tls_public_key",
      "name": "pub",
      "provider": "provider[\"registry.terraform.io/hashicorp/tls\"]",
      "instances": [
        {
          "schema_version": 0,
          "attributes": {
            "algorithm": "ED25519",
            "id": "9a87931616dbaffa06af69d681325f1aa7f85c9c",
            "private_key_openssh": null,
            "private_key_pem": "-----BEGIN PRIVATE KEY-----\nMC4CAQAwBQYDK2VwBCIEIGInQ3O/LIX4m82YwK7847xYDYj6IP80giIwDuZu65Au\n-----END PRIVATE KEY-----\n",
            "public_key_fingerprint_md5": "5d:b9:d4:de:20:33:79:3f:93:28:00:9d:90:9c:b3:03",
            "public_key_fingerprint_sha256": "SHA256:gZ/T7Hl2Go45Z2cgLjCBeRTeuZEHqvG1w6ESGkOobNQ",
            "public_key_openssh": "ssh-ed25519 AAAAC3NzaC1lZDI1NTE5AAAAIAXtXCbpiAJKKBs1wDh0h4kSkB32IkBCYGVy9/WkXOQj\n",
            "public_key_pem": "-----BEGIN PUBLIC KEY-----\nMCowBQYDK2VwAyEABe1cJumIAkooGzXAOHSHiRKQHfYiQEJgZXL39aRc5CM=\n-----END PUBLIC KEY-----\n"
          },
          "sensitive_attributes": [
            [
              {
                "type": "get_attr",
                "value": "private_key_pem"
              }
            ]
          ]
        }
      ]
    },
    {
      "mode": "managed",
      "type": "random_integer",
      "name": "net_id",
      "provider": "provider[\"registry.terraform.io/hashicorp/random\"]",
      "instances": [
        {
          "schema_version": 0,
          "attributes": {
            "id": "6010",
            "keepers": null,
            "max": 9999,
            "min": 1000,
            "result": 6010,
            "seed": null
          },
          "sensitive_attributes": []
        }
      ]
    },
    {
      "mode": "managed",
      "type": "random_pet",
      "name": "fp_tag",
      "provider": "provider[\"registry.terraform.io/hashicorp/random\"]",
      "instances": [
        {
          "schema_version": 0,
          "attributes": {
            "id": "endlessly-exciting-drum",
            "keepers": {
              "fp": "5d:b9:d4:de:20:33:79:3f:93:28:00:9d:90:9c:b3:03"
            },
            "length": 3,
            "prefix": null,
            "separator": "-"
          },
          "sensitive_attributes": [],
          "dependencies": [
            "data.tls_public_key.pub",
            "tls_private_key.signer"
          ]
        }
      ]
    },
    {
      "mode": "managed",
      "type": "random_pet",
      "name": "instance",
      "provider": "provider[\"registry.terraform.io/hashicorp/random\"]",
      "instances": [
        {
          "schema_version": 0,
          "attributes": {
            "id": "fairly-steady-tortoise",
            "keepers": {
              "fp": "5d:b9:d4:de:20:33:79:3f:93:28:00:9d:90:9c:b3:03",
              "gen": "hot-titmouse",
              "ld": "5d:b9:d4:de:20:33:79:3f:93:28:00:9d:90:9c:b3:03",
              "lm": "hot-titmouse",
              "lr": "6010",
              "net": "6010",
              "tagged": "demo-instance",
              "token": "pOtU96NY1lpo"
            },
            "length": 3,
            "prefix": null,
            "separator": "-"
          },
          "sensitive_attributes": [],
          "dependencies": [
            "data.tls_public_key.pub",
            "module.idgen.random_pet.id",
            "random_integer.net_id",
            "random_string.token",
            "tls_private_key.signer"
          ]
        }
      ]
    },
    {
      "mode": "managed",
      "type": "random_pet",
      "name": "net_name",
      "provider": "provider[\"registry.terraform.io/hashicorp/random\"]",
      "instances": [
        {
          "schema_version": 0,
          "attributes": {
            "id": "demo-sharply-legal-alpaca",
            "keepers": null,
            "length": 3,
            "prefix": "demo",
            "separator": "-"
          },
          "sensitive_attributes": []
        }
      ]
    },
    {
      "mode": "managed",
      "type": "random_pet",
      "name": "unmanaged_extra",
      "provider": "provider[\"registry.terraform.io/hashicorp/random\"]",
      "instances": [
        {
          "schema_version": 0,
          "attributes": {
            "id": "together-asp",
            "keepers": null,
            "length": 2,
            "prefix": null,
            "separator": "-"
          },
          "sensitive_attributes": []
        }
      ]
    },
    {
      "mode": "managed",
      "type": "random_string",
      "name": "token",
      "provider": "provider[\"registry.terraform.io/hashicorp/random\"]",
      "instances": [
        {
          "schema_version": 2,
          "attributes": {
            "id": "pOtU96NY1lpo",
            "keepers": null,
            "length": 12,
            "lower": true,
            "min_lower": 0,
            "min_numeric": 0,
            "min_special": 0,
            "min_upper": 0,
            "number": true,
            "numeric": true,
            "override_special": null,
            "result": "pOtU96NY1lpo",
            "special": false,
            "upper": true
          },
          "sensitive_attributes": []
        }
      ]
    },
    {
      "mode": "managed",
      "type": "tls_private_key",
      "name": "cert",
      "provider": "provider[\"registry.terraform.io/hashicorp/tls\"]",
      "instances": [
        {
          "schema_version": 1,
          "attributes": {
            "algorithm": "ED25519",
            "ecdsa_curve": "P224",
            "id": "31fe8745c2f61d7024b093f7c4134713223c1f71",
            "private_key_openssh": "-----BEGIN OPENSSH PRIVATE KEY-----\nb3BlbnNzaC1rZXktdjEAAAAABG5vbmUAAAAEbm9uZQAAAAAAAAABAAAAMwAAAAtz\nc2gtZWQyNTUxOQAAACAg/JsU1fjaszMBsl+WLGj3RwfYyXzizkw3j4jfQX39IAAA\nAIiQC0KxkAtCsQAAAAtzc2gtZWQyNTUxOQAAACAg/JsU1fjaszMBsl+WLGj3RwfY\nyXzizkw3j4jfQX39IAAAAEDPEjrm/7p/3r5qLXOYubWhfLz8EldAyn/1a4G4qqrR\neCD8mxTV+NqzMwGyX5YsaPdHB9jJfOLOTDePiN9Bff0gAAAAAAECAwQF\n-----END OPENSSH PRIVATE KEY-----\n",
            "private_key_pem": "-----BEGIN PRIVATE KEY-----\nMC4CAQAwBQYDK2VwBCIEIM8SOub/un/evmotc5i5taF8vPwSV0DKf/VrgbiqqtF4\n-----END PRIVATE KEY-----\n",
            "private_key_pem_pkcs8": "-----BEGIN PRIVATE KEY-----\nMC4CAQAwBQYDK2VwBCIEIM8SOub/un/evmotc5i5taF8vPwSV0DKf/VrgbiqqtF4\n-----END PRIVATE KEY-----\n",
            "public_key_fingerprint_md5": "e4:79:ef:9d:0b:db:f3:4f:40:7a:4a:65:61:b6:70:6c",
            "public_key_fingerprint_sha256": "SHA256:S2dzaelT7zMLzBuKbrLERGn0oJx+B8rV0SKfXcyyMR8",
            "public_key_openssh": "ssh-ed25519 AAAAC3NzaC1lZDI1NTE5AAAAICD8mxTV+NqzMwGyX5YsaPdHB9jJfOLOTDePiN9Bff0g\n",
            "public_key_pem": "-----BEGIN PUBLIC KEY-----\nMCowBQYDK2VwAyEAIPybFNX42rMzAbJflixo90cH2Ml84s5MN4+I30F9/SA=\n-----END PUBLIC KEY-----\n",
            "rsa_bits": 2048
          },
          "sensitive_attributes": []
        }
      ]
    },
    {
      "mode": "managed",
      "type": "tls_private_key",
      "name": "cert_by_module",
      "provider": "provider[\"registry.terraform.io/hashicorp/tls\"].by_module",
      "instances": [
        {
          "schema_version": 1,
          "attributes": {
            "algorithm": "ED25519",
            "ecdsa_curve": "P224",
            "id": "3b06ff432abda9b31641657c388abc8fd8068d9d",
            "private_key_openssh": "-----BEGIN OPENSSH PRIVATE KEY-----\nb3BlbnNzaC1rZXktdjEAAAAABG5vbmUAAAAEbm9uZQAAAAAAAAABAAAAMwAAAAtz\nc2gtZWQyNTUxOQAAACBC/rh8eAheG1NphFyGq+Y5/SBlc6FpDF58mtzfBWrlaAAA\nAIhrFAmNaxQJjQAAAAtzc2gtZWQyNTUxOQAAACBC/rh8eAheG1NphFyGq+Y5/SBl\nc6FpDF58mtzfBWrlaAAAAEASC95PhaHXf4gq8LkpBC9XhCXM8Rh8/gwSALTl/15V\nDEL+uHx4CF4bU2mEXIar5jn9IGVzoWkMXnya3N8FauVoAAAAAAECAwQF\n-----END OPENSSH PRIVATE KEY-----\n",
            "private_key_pem": "-----BEGIN PRIVATE KEY-----\nMC4CAQAwBQYDK2VwBCIEIBIL3k+Fodd/iCrwuSkEL1eEJczxGHz+DBIAtOX/XlUM\n-----END PRIVATE KEY-----\n",
            "private_key_pem_pkcs8": "-----BEGIN PRIVATE KEY-----\nMC4CAQAwBQYDK2VwBCIEIBIL3k+Fodd/iCrwuSkEL1eEJczxGHz+DBIAtOX/XlUM\n-----END PRIVATE KEY-----\n",
            "public_key_fingerprint_md5": "93:46:3c:f8:71:7c:78:c8:56:c1:7e:f9:7c:59:cb:ad",
            "public_key_fingerprint_sha256": "SHA256:QhXrQd/Nrceg+Q3TCyE/Vw6JJLX7WVVwL+B5+sboy4I",
            "public_key_openssh": "ssh-ed25519 AAAAC3NzaC1lZDI1NTE5AAAAIEL+uHx4CF4bU2mEXIar5jn9IGVzoWkMXnya3N8FauVo\n",
            "public_key_pem": "-----BEGIN PUBLIC KEY-----\nMCowBQYDK2VwAyEAQv64fHgIXhtTaYRchqvmOf0gZXOhaQxefJrc3wVq5Wg=\n-----END PUBLIC KEY-----\n",
            "rsa_bits": 2048
          },
          "sensitive_attributes": [],
          "dependencies": [
            "data.tls_public_key.pub",
            "module.idgen.random_pet.id",
            "random_integer.net_id",
            "tls_private_key.signer"
          ]
        }
      ]
    },
    {
      "mode": "managed",
      "type": "tls_private_key",
      "name": "cert_by_resource",
      "provider": "provider[\"registry.terraform.io/hashicorp/tls\"].by_resource",
      "instances": [
        {
          "schema_version": 1,
          "attributes": {
            "algorithm": "ED25519",
            "ecdsa_curve": "P224",
            "id": "ea635f1a477f31d6c10985beff46c9ef350b70db",
            "private_key_openssh": "-----BEGIN OPENSSH PRIVATE KEY-----\nb3BlbnNzaC1rZXktdjEAAAAABG5vbmUAAAAEbm9uZQAAAAAAAAABAAAAMwAAAAtz\nc2gtZWQyNTUxOQAAACBseS4CCjUHhfO5q4o1EqvBHLnMH05fzJ7SVPwvl1aOUwAA\nAIg7XAx4O1wMeAAAAAtzc2gtZWQyNTUxOQAAACBseS4CCjUHhfO5q4o1EqvBHLnM\nH05fzJ7SVPwvl1aOUwAAAEDvuUCwFwLEEhf5TfPmurayCUOISZE7eVZmDQAEAGwI\nfWx5LgIKNQeF87mrijUSq8EcucwfTl/MntJU/C+XVo5TAAAAAAECAwQF\n-----END OPENSSH PRIVATE KEY-----\n",
            "private_key_pem": "-----BEGIN PRIVATE KEY-----\nMC4CAQAwBQYDK2VwBCIEIO+5QLAXAsQSF/lN8+a6trIJQ4hJkTt5VmYNAAQAbAh9\n-----END PRIVATE KEY-----\n",
            "private_key_pem_pkcs8": "-----BEGIN PRIVATE KEY-----\nMC4CAQAwBQYDK2VwBCIEIO+5QLAXAsQSF/lN8+a6trIJQ4hJkTt5VmYNAAQAbAh9\n-----END PRIVATE KEY-----\n",
            "public_key_fingerprint_md5": "8b:49:ee:40:e7:cb:e0:47:0c:03:d4:bd:af:8c:26:5e",
            "public_key_fingerprint_sha256": "SHA256:wI8M6BnvSWvuscvTl2yTFbAUbFcC2iZxz3oFCqtIfIU",
            "public_key_openssh": "ssh-ed25519 AAAAC3NzaC1lZDI1NTE5AAAAIGx5LgIKNQeF87mrijUSq8EcucwfTl/MntJU/C+XVo5T\n",
            "public_key_pem": "-----BEGIN PUBLIC KEY-----\nMCowBQYDK2VwAyEAbHkuAgo1B4XzuauKNRKrwRy5zB9OX8ye0lT8L5dWjlM=\n-----END PUBLIC KEY-----\n",
            "rsa_bits": 2048
          },
          "sensitive_attributes": [],
          "dependencies": [
            "random_pet.net_name"
          ]
        }
      ]
    },
    {
      "mode": "managed",
      "type": "tls_private_key",
      "name": "signer",
      "provider": "provider[\"registry.terraform.io/hashicorp/tls\"]",
      "instances": [
        {
          "schema_version": 1,
          "attributes": {
            "algorithm": "ED25519",
            "ecdsa_curve": "P224",
            "id": "9a87931616dbaffa06af69d681325f1aa7f85c9c",
            "private_key_openssh": "-----BEGIN OPENSSH PRIVATE KEY-----\nb3BlbnNzaC1rZXktdjEAAAAABG5vbmUAAAAEbm9uZQAAAAAAAAABAAAAMwAAAAtz\nc2gtZWQyNTUxOQAAACAF7Vwm6YgCSigbNcA4dIeJEpAd9iJAQmBlcvf1pFzkIwAA\nAIh0OiY8dDomPAAAAAtzc2gtZWQyNTUxOQAAACAF7Vwm6YgCSigbNcA4dIeJEpAd\n9iJAQmBlcvf1pFzkIwAAAEBiJ0NzvyyF+JvNmMCu/OO8WA2I+iD/NIIiMA7mbuuQ\nLgXtXCbpiAJKKBs1wDh0h4kSkB32IkBCYGVy9/WkXOQjAAAAAAECAwQF\n-----END OPENSSH PRIVATE KEY-----\n",
            "private_key_pem": "-----BEGIN PRIVATE KEY-----\nMC4CAQAwBQYDK2VwBCIEIGInQ3O/LIX4m82YwK7847xYDYj6IP80giIwDuZu65Au\n-----END PRIVATE KEY-----\n",
            "private_key_pem_pkcs8": "-----BEGIN PRIVATE KEY-----\nMC4CAQAwBQYDK2VwBCIEIGInQ3O/LIX4m82YwK7847xYDYj6IP80giIwDuZu65Au\n-----END PRIVATE KEY-----\n",
            "public_key_fingerprint_md5": "5d:b9:d4:de:20:33:79:3f:93:28:00:9d:90:9c:b3:03",
            "public_key_fingerprint_sha256": "SHA256:gZ/T7Hl2Go45Z2cgLjCBeRTeuZEHqvG1w6ESGkOobNQ",
            "public_key_openssh": "ssh-ed25519 AAAAC3NzaC1lZDI1NTE5AAAAIAXtXCbpiAJKKBs1wDh0h4kSkB32IkBCYGVy9/WkXOQj\n",
            "public_key_pem": "-----BEGIN PUBLIC KEY-----\nMCowBQYDK2VwAyEABe1cJumIAkooGzXAOHSHiRKQHfYiQEJgZXL39aRc5CM=\n-----END PUBLIC KEY-----\n",
            "rsa_bits": 2048
          },
          "sensitive_attributes": []
        }
      ]
    },
    {
      "module": "module.idgen",
      "mode": "managed",
      "type": "random_pet",
      "name": "id",
      "provider": "provider[\"registry.terraform.io/hashicorp/random\"]",
      "instances": [
        {
          "schema_version": 0,
          "attributes": {
            "id": "hot-titmouse",
            "keepers": {
              "seed": "6010",
              "tag": "5d:b9:d4:de:20:33:79:3f:93:28:00:9d:90:9c:b3:03"
            },
            "length": 2,
            "prefix": null,
            "separator": "-"
          },
          "sensitive_attributes": [],
          "dependencies": [
            "data.tls_public_key.pub",
            "random_integer.net_id",
            "tls_private_key.signer"
          ]
        }
      ]
    }
  ]
}
