{"version":4,"terraform_version":"1.9.0","serial":1,"lineage":"170f03c8-186a-d4a3-5e4b-82794ab06458","outputs":{},"resources":[{"mode":"managed","type":"random_pet","name":"existing","provider":"provider[\"registry.opentofu.org/hashicorp/random\"]","instances":[{"schema_version":0,"attributes":{"id":"colt","keepers":null,"length":1,"prefix":null,"separator":"-"},"sensitive_attributes":[]}]}],"check_results":null}
