{
  "version": 4,
  "terraform_version": "1.8.3",
  "serial": 4,
  "lineage": "9c7a2bfb-513b-cc69-be2a-1374f55c1f8e",
  "outputs": {},
  "resources": [
    {
      "mode": "managed",
      "type": "random_password",
      "name": "app_session_secret",
      "provider": "provider[\"registry.terraform.io/hashicorp/random\"]",
      "instances": [
        {
          "schema_version": 3,
          "attributes": {
            "bcrypt_hash": "$2a$10$bwPENz9Yl16s7E6wKhTFEe6FvEl2MWVhsOCJkeVAwfoBA9.nqwZ36",
            "id": "none",
            "keepers": null,
            "length": 24,
            "lower": true,
            "min_lower": 0,
            "min_numeric": 0,
            "min_special": 0,
            "min_upper": 0,
            "number": true,
            "numeric": true,
            "override_special": null,
            "result": "7AWdBQnLUCqUYb8raz3qAPBa",
            "special": false,
            "upper": true
          },
          "sensitive_attributes": [
            [
              {
                "type": "get_attr",
                "value": "result"
              }
            ],
            [
              {
                "type": "get_attr",
                "value": "bcrypt_hash"
              }
            ]
          ]
        }
      ]
    },
    {
      "mode": "managed",
      "type": "random_pet",
      "name": "app_release",
      "provider": "provider[\"registry.terraform.io/hashicorp/random\"]",
      "instances": [
        {
          "schema_version": 0,
          "attributes": {
            "id": "acme-prod-storefront-decent-kiwi",
            "keepers": {
              "cluster": "e0cc2b83-54f1-96b5-71f1-a448898b2191",
              "db_endpoint": "acme-prod-orders-814e7ea5-17c4-d029-4c87-2d3e405b8915.db.internal",
              "db_port": "7777",
              "deploy_key": "ed:b4:8e:f0:09:2f:fe:4d:73:6b:23:c6:54:6f:a6:c5",
              "replicas": "3",
              "zone": "acme-proud-wolf.internal"
            },
            "length": 2,
            "prefix": "acme-prod-storefront",
            "separator": "-"
          },
          "sensitive_attributes": []
        }
      ]
    },
    {
      "mode": "managed",
      "type": "tls_private_key",
      "name": "deploy_signer",
      "provider": "provider[\"registry.terraform.io/hashicorp/tls\"]",
      "instances": [
        {
          "schema_version": 1,
          "attributes": {
            "algorithm": "ED25519",
            "ecdsa_curve": "P224",
            "id": "283a5fe8c11c468011ebfff96e05bf4c8587dcc4",
            "private_key_openssh": "-----BEGIN OPENSSH PRIVATE KEY-----\nb3BlbnNzaC1rZXktdjEAAAAABG5vbmUAAAAEbm9uZQAAAAAAAAABAAAAMwAAAAtz\nc2gtZWQyNTUxOQAAACAhiYTFvmhRu1H/C9j8vFQXMUCcU7afJr7maRgeo/lEgwAA\nAIhZ2dHDWdnRwwAAAAtzc2gtZWQyNTUxOQAAACAhiYTFvmhRu1H/C9j8vFQXMUCc\nU7afJr7maRgeo/lEgwAAAEBELbxQeBbbIXzqP+cH/sxC500g6YZse4OpzpJflDHH\njyGJhMW+aFG7Uf8L2Py8VBcxQJxTtp8mvuZpGB6j+USDAAAAAAECAwQF\n-----END OPENSSH PRIVATE KEY-----\n",
            "private_key_pem": "-----BEGIN PRIVATE KEY-----\nMC4CAQAwBQYDK2VwBCIEIEQtvFB4FtshfOo/5wf+zELnTSDphmx7g6nOkl+UMceP\n-----END PRIVATE KEY-----\n",
            "private_key_pem_pkcs8": "-----BEGIN PRIVATE KEY-----\nMC4CAQAwBQYDK2VwBCIEIEQtvFB4FtshfOo/5wf+zELnTSDphmx7g6nOkl+UMceP\n-----END PRIVATE KEY-----\n",
            "public_key_fingerprint_md5": "ed:b4:8e:f0:09:2f:fe:4d:73:6b:23:c6:54:6f:a6:c5",
            "public_key_fingerprint_sha256": "SHA256:Thf7tHs8atL48etC0Bhrk4wdyfXZfwfxX2ItlNbI3YY",
            "public_key_openssh": "ssh-ed25519 AAAAC3NzaC1lZDI1NTE5AAAAICGJhMW+aFG7Uf8L2Py8VBcxQJxTtp8mvuZpGB6j+USD\n",
            "public_key_pem": "-----BEGIN PUBLIC KEY-----\nMCowBQYDK2VwAyEAIYmExb5oUbtR/wvY/LxUFzFAnFO2nya+5mkYHqP5RIM=\n-----END PUBLIC KEY-----\n",
            "rsa_bits": 2048
          },
          "sensitive_attributes": [
            [
              {
                "type": "get_attr",
                "value": "private_key_openssh"
              }
            ],
            [
              {
                "type": "get_attr",
                "value": "private_key_pem_pkcs8"
              }
            ],
            [
              {
                "type": "get_attr",
                "value": "private_key_pem"
              }
            ]
          ]
        }
      ]
    },
    {
      "module": "module.storefront_dns",
      "mode": "managed",
      "type": "random_uuid",
      "name": "record_id",
      "provider": "provider[\"registry.terraform.io/hashicorp/random\"]",
      "instances": [
        {
          "schema_version": 0,
          "attributes": {
            "id": "b3cf70cc-3e79-cc02-c5cb-4ba11e1a288a",
            "keepers": {
              "name": "acme-prod-storefront",
              "target": "https://e0cc2b83-54f1-96b5-71f1-a448898b2191.cluster.internal",
              "zone": "acme-proud-wolf.internal"
            },
            "result": "b3cf70cc-3e79-cc02-c5cb-4ba11e1a288a"
          },
          "sensitive_attributes": [],
          "dependencies": [
            "data.local_file.environment",
            "module.cluster.random_uuid.cluster_id",
            "module.private_subnet.random_uuid.subnet_id",
            "module.public_subnet.random_uuid.subnet_id",
            "random_pet.network_name",
            "random_uuid.nat_gateway_id",
            "random_uuid.vpc_id"
          ]
        }
      ]
    }
  ],
  "check_results": null
}
