{
  "version": 4,
  "terraform_version": "1.8.3",
  "serial": 4,
  "lineage": "9090a503-e691-080b-458d-a70064225ffb",
  "outputs": {},
  "resources": [
    {
      "mode": "managed",
      "type": "random_password",
      "name": "app_session_secret",
      "provider": "provider[\"registry.terraform.io/hashicorp/random\"]",
      "instances": [
        {
          "schema_version": 3,
          "attributes": {
            "bcrypt_hash": "$2a$10$Zn.x6P7wKbvWEhEBM5hBuO8bdpk1gqZQ7XKW3JOZF4VFlh55U3xiG",
            "id": "none",
            "keepers": null,
            "length": 24,
            "lower": true,
            "min_lower": 0,
            "min_numeric": 0,
            "min_special": 0,
            "min_upper": 0,
            "number": true,
            "numeric": true,
            "override_special": null,
            "result": "iE8UcU4kjLIAJMDseBZSkOoU",
            "special": false,
            "upper": true
          },
          "sensitive_attributes": [
            [
              {
                "type": "get_attr",
                "value": "bcrypt_hash"
              }
            ],
            [
              {
                "type": "get_attr",
                "value": "result"
              }
            ]
          ]
        }
      ]
    },
    {
      "mode": "managed",
      "type": "random_pet",
      "name": "app_release",
      "provider": "provider[\"registry.terraform.io/hashicorp/random\"]",
      "instances": [
        {
          "schema_version": 0,
          "attributes": {
            "id": "acme-prod-storefront-humble-lab",
            "keepers": {
              "cluster": "63217888-e415-df42-b150-9a5514f2fc36",
              "db_endpoint": "acme-prod-orders-62ca9e5b-f4bd-07c4-8303-fa1215d9843f.some.cloudprovider.com",
              "db_port": "7777",
              "deploy_key": "63:55:f0:a9:6d:f5:24:f5:c7:9c:df:e6:3a:0e:6e:31",
              "replicas": "3",
              "zone": "acme-casual-woodcock.internal"
            },
            "length": 2,
            "prefix": "acme-prod-storefront",
            "separator": "-"
          },
          "sensitive_attributes": []
        }
      ]
    },
    {
      "mode": "managed",
      "type": "tls_private_key",
      "name": "deploy_signer",
      "provider": "provider[\"registry.terraform.io/hashicorp/tls\"]",
      "instances": [
        {
          "schema_version": 1,
          "attributes": {
            "algorithm": "ED25519",
            "ecdsa_curve": "P224",
            "id": "dd247dd230e4a1bbde716e9965bcfd6e5ccd87d6",
            "private_key_openssh": "-----BEGIN OPENSSH PRIVATE KEY-----\nb3BlbnNzaC1rZXktdjEAAAAABG5vbmUAAAAEbm9uZQAAAAAAAAABAAAAMwAAAAtz\nc2gtZWQyNTUxOQAAACDUti8eE6GBmYAXkq4Am1npI57pOzK+vVMIdjbtnRurLQAA\nAIgkeUPBJHlDwQAAAAtzc2gtZWQyNTUxOQAAACDUti8eE6GBmYAXkq4Am1npI57p\nOzK+vVMIdjbtnRurLQAAAEDoqFQkItlXffUikh6bCWDaAoWPAEvx6Fpfcq1Vns+i\nJtS2Lx4ToYGZgBeSrgCbWekjnuk7Mr69Uwh2Nu2dG6stAAAAAAECAwQF\n-----END OPENSSH PRIVATE KEY-----\n",
            "private_key_pem": "-----BEGIN PRIVATE KEY-----\nMC4CAQAwBQYDK2VwBCIEIOioVCQi2Vd99SKSHpsJYNoChY8AS/HoWl9yrVWez6Im\n-----END PRIVATE KEY-----\n",
            "private_key_pem_pkcs8": "-----BEGIN PRIVATE KEY-----\nMC4CAQAwBQYDK2VwBCIEIOioVCQi2Vd99SKSHpsJYNoChY8AS/HoWl9yrVWez6Im\n-----END PRIVATE KEY-----\n",
            "public_key_fingerprint_md5": "63:55:f0:a9:6d:f5:24:f5:c7:9c:df:e6:3a:0e:6e:31",
            "public_key_fingerprint_sha256": "SHA256:5+21GubaUyzxNwvlJa+Q+LGhDE21UZRExRFdzE+kIRk",
            "public_key_openssh": "ssh-ed25519 AAAAC3NzaC1lZDI1NTE5AAAAINS2Lx4ToYGZgBeSrgCbWekjnuk7Mr69Uwh2Nu2dG6st\n",
            "public_key_pem": "-----BEGIN PUBLIC KEY-----\nMCowBQYDK2VwAyEA1LYvHhOhgZmAF5KuAJtZ6SOe6Tsyvr1TCHY27Z0bqy0=\n-----END PUBLIC KEY-----\n",
            "rsa_bits": 2048
          },
          "sensitive_attributes": [
            [
              {
                "type": "get_attr",
                "value": "private_key_pem"
              }
            ],
            [
              {
                "type": "get_attr",
                "value": "private_key_pem_pkcs8"
              }
            ],
            [
              {
                "type": "get_attr",
                "value": "private_key_openssh"
              }
            ]
          ]
        }
      ]
    },
    {
      "module": "module.storefront_dns",
      "mode": "managed",
      "type": "random_uuid",
      "name": "record_id",
      "provider": "provider[\"registry.terraform.io/hashicorp/random\"]",
      "instances": [
        {
          "schema_version": 0,
          "attributes": {
            "id": "799b8b02-007c-594b-b087-df6a30cfe59e",
            "keepers": {
              "name": "acme-prod-storefront",
              "target": "https://kubernetes-63217888-e415-df42-b150-9a5514f2fc36.amazonaws.com",
              "zone": "acme-casual-woodcock.internal"
            },
            "result": "799b8b02-007c-594b-b087-df6a30cfe59e"
          },
          "sensitive_attributes": [],
          "dependencies": [
            "data.local_file.environment",
            "module.cluster.random_uuid.cluster_id",
            "module.cluster.time_sleep.wait_10s",
            "module.private_subnet.random_uuid.route_table_id",
            "module.private_subnet.random_uuid.subnet_id",
            "module.public_subnet.random_uuid.route_table_id",
            "module.public_subnet.random_uuid.subnet_id",
            "random_pet.network_name",
            "random_uuid.vpc_id",
            "time_sleep.network_propagation"
          ]
        }
      ]
    }
  ],
  "check_results": null
}
