{
  "version": 4,
  "terraform_version": "1.8.3",
  "serial": 4,
  "lineage": "424c8289-fd60-8264-c479-afdeb33c2f0a",
  "outputs": {},
  "resources": [
    {
      "mode": "managed",
      "type": "random_password",
      "name": "app_session_secret",
      "provider": "provider[\"registry.terraform.io/hashicorp/random\"]",
      "instances": [
        {
          "schema_version": 3,
          "attributes": {
            "bcrypt_hash": "$2a$10$t2HxwGal418W.Gqor0IXF.SwCbl5Rf32VhzZpyanr3kVvRlkQl3LK",
            "id": "none",
            "keepers": null,
            "length": 24,
            "lower": true,
            "min_lower": 0,
            "min_numeric": 0,
            "min_special": 0,
            "min_upper": 0,
            "number": true,
            "numeric": true,
            "override_special": null,
            "result": "dy2meXVwfySSxYvde26Yfnsj",
            "special": false,
            "upper": true
          },
          "sensitive_attributes": [
            [
              {
                "type": "get_attr",
                "value": "bcrypt_hash"
              }
            ],
            [
              {
                "type": "get_attr",
                "value": "result"
              }
            ]
          ]
        }
      ]
    },
    {
      "mode": "managed",
      "type": "random_pet",
      "name": "app_release",
      "provider": "provider[\"registry.terraform.io/hashicorp/random\"]",
      "instances": [
        {
          "schema_version": 0,
          "attributes": {
            "id": "acme-prod-storefront-prime-monarch",
            "keepers": {
              "cluster": "0a8c91d5-3988-c293-79cc-59e7a03198d8",
              "db_endpoint": "acme-prod-orders-7075ad97-a5bc-2f76-9894-32dd82f195d4.db.internal",
              "db_port": "7777",
              "deploy_key": "3b:ed:96:93:cd:2a:60:b9:98:85:89:86:fa:56:38:6c",
              "replicas": "3",
              "zone": "acme-measured-feline.internal"
            },
            "length": 2,
            "prefix": "acme-prod-storefront",
            "separator": "-"
          },
          "sensitive_attributes": []
        }
      ]
    },
    {
      "mode": "managed",
      "type": "tls_private_key",
      "name": "deploy_signer",
      "provider": "provider[\"registry.terraform.io/hashicorp/tls\"]",
      "instances": [
        {
          "schema_version": 1,
          "attributes": {
            "algorithm": "ED25519",
            "ecdsa_curve": "P224",
            "id": "fd87190e191c46ae965abfbf5839ffdd1ac5b6ee",
            "private_key_openssh": "-----BEGIN OPENSSH PRIVATE KEY-----\nb3BlbnNzaC1rZXktdjEAAAAABG5vbmUAAAAEbm9uZQAAAAAAAAABAAAAMwAAAAtz\nc2gtZWQyNTUxOQAAACBuQmLonifu0kalS0jH+Iv3NHvuK+aef1wNJ0u3Y6++rAAA\nAIi/Vnydv1Z8nQAAAAtzc2gtZWQyNTUxOQAAACBuQmLonifu0kalS0jH+Iv3NHvu\nK+aef1wNJ0u3Y6++rAAAAEDaa3Xw3+d3B55Rrti0PNSpf30x78/On0ehCiM2ivoT\n/25CYuieJ+7SRqVLSMf4i/c0e+4r5p5/XA0nS7djr76sAAAAAAECAwQF\n-----END OPENSSH PRIVATE KEY-----\n",
            "private_key_pem": "-----BEGIN PRIVATE KEY-----\nMC4CAQAwBQYDK2VwBCIEINprdfDf53cHnlGu2LQ81Kl/fTHvz86fR6EKIzaK+hP/\n-----END PRIVATE KEY-----\n",
            "private_key_pem_pkcs8": "-----BEGIN PRIVATE KEY-----\nMC4CAQAwBQYDK2VwBCIEINprdfDf53cHnlGu2LQ81Kl/fTHvz86fR6EKIzaK+hP/\n-----END PRIVATE KEY-----\n",
            "public_key_fingerprint_md5": "3b:ed:96:93:cd:2a:60:b9:98:85:89:86:fa:56:38:6c",
            "public_key_fingerprint_sha256": "SHA256:cLozCjPE76KwxEaC7HbfcA5RrQVmzTYmhm3qcbFIWNY",
            "public_key_openssh": "ssh-ed25519 AAAAC3NzaC1lZDI1NTE5AAAAIG5CYuieJ+7SRqVLSMf4i/c0e+4r5p5/XA0nS7djr76s\n",
            "public_key_pem": "-----BEGIN PUBLIC KEY-----\nMCowBQYDK2VwAyEAbkJi6J4n7tJGpUtIx/iL9zR77ivmnn9cDSdLt2Ovvqw=\n-----END PUBLIC KEY-----\n",
            "rsa_bits": 2048
          },
          "sensitive_attributes": [
            [
              {
                "type": "get_attr",
                "value": "private_key_pem_pkcs8"
              }
            ],
            [
              {
                "type": "get_attr",
                "value": "private_key_pem"
              }
            ],
            [
              {
                "type": "get_attr",
                "value": "private_key_openssh"
              }
            ]
          ]
        }
      ]
    },
    {
      "module": "module.storefront_dns",
      "mode": "managed",
      "type": "random_uuid",
      "name": "record_id",
      "provider": "provider[\"registry.terraform.io/hashicorp/random\"]",
      "instances": [
        {
          "schema_version": 0,
          "attributes": {
            "id": "12b07465-a07a-d9ea-53a0-502519f585c4",
            "keepers": {
              "name": "acme-prod-storefront",
              "target": "https://0a8c91d5-3988-c293-79cc-59e7a03198d8.cluster.internal",
              "zone": "acme-measured-feline.internal"
            },
            "result": "12b07465-a07a-d9ea-53a0-502519f585c4"
          },
          "sensitive_attributes": [],
          "dependencies": [
            "data.local_file.environment",
            "module.cluster.random_uuid.cluster_id",
            "module.private_subnet.random_uuid.subnet_id",
            "module.public_subnet.random_uuid.subnet_id",
            "random_pet.network_name",
            "random_uuid.nat_gateway_id",
            "random_uuid.vpc_id"
          ]
        }
      ]
    }
  ],
  "check_results": null
}
