{
  "version": 4,
  "terraform_version": "1.8.3",
  "serial": 4,
  "lineage": "1d565d66-d50c-2dc9-7346-3171ec719609",
  "outputs": {},
  "resources": [
    {
      "mode": "managed",
      "type": "random_password",
      "name": "app_session_secret",
      "provider": "provider[\"registry.terraform.io/hashicorp/random\"]",
      "instances": [
        {
          "schema_version": 3,
          "attributes": {
            "bcrypt_hash": "$2a$10$si/mkd5jfCe0jmw1jaOa/eh133s2QpiR/XYY687k4OOIeYzPzynBu",
            "id": "none",
            "keepers": null,
            "length": 24,
            "lower": true,
            "min_lower": 0,
            "min_numeric": 0,
            "min_special": 0,
            "min_upper": 0,
            "number": true,
            "numeric": true,
            "override_special": null,
            "result": "yQuBWeHE96hkIynDf7b1sGry",
            "special": false,
            "upper": true
          },
          "sensitive_attributes": [
            [
              {
                "type": "get_attr",
                "value": "bcrypt_hash"
              }
            ],
            [
              {
                "type": "get_attr",
                "value": "result"
              }
            ]
          ]
        }
      ]
    },
    {
      "mode": "managed",
      "type": "random_pet",
      "name": "app_release",
      "provider": "provider[\"registry.terraform.io/hashicorp/random\"]",
      "instances": [
        {
          "schema_version": 0,
          "attributes": {
            "id": "acme-prod-storefront-proven-llama",
            "keepers": {
              "cluster": "79882545-6fa8-9e17-81a8-173d58807db5",
              "db_endpoint": "acme-prod-orders-b3cfb665-474e-d703-6f1a-d0a86182ff9b.db.internal",
              "db_port": "7777",
              "deploy_key": "16:ff:e9:b1:02:57:3d:a7:f8:61:ad:ce:df:c9:30:45",
              "replicas": "3",
              "zone": "acme-tight-locust.internal"
            },
            "length": 2,
            "prefix": "acme-prod-storefront",
            "separator": "-"
          },
          "sensitive_attributes": []
        }
      ]
    },
    {
      "mode": "managed",
      "type": "tls_private_key",
      "name": "deploy_signer",
      "provider": "provider[\"registry.terraform.io/hashicorp/tls\"]",
      "instances": [
        {
          "schema_version": 1,
          "attributes": {
            "algorithm": "ED25519",
            "ecdsa_curve": "P224",
            "id": "7330e1660c4cd86dde2031359a17e49c63590736",
            "private_key_openssh": "-----BEGIN OPENSSH PRIVATE KEY-----\nb3BlbnNzaC1rZXktdjEAAAAABG5vbmUAAAAEbm9uZQAAAAAAAAABAAAAMwAAAAtz\nc2gtZWQyNTUxOQAAACBApsht+HbfrUovYSvFLJeBL1MVBsVp1EWCHMgmAbU7rwAA\nAIglN9EXJTfRFwAAAAtzc2gtZWQyNTUxOQAAACBApsht+HbfrUovYSvFLJeBL1MV\nBsVp1EWCHMgmAbU7rwAAAECQ4DUWajn7nyrL9JCD9JFDg1QTfAv15T0vz9B/bvit\nEECmyG34dt+tSi9hK8Usl4EvUxUGxWnURYIcyCYBtTuvAAAAAAECAwQF\n-----END OPENSSH PRIVATE KEY-----\n",
            "private_key_pem": "-----BEGIN PRIVATE KEY-----\nMC4CAQAwBQYDK2VwBCIEIJDgNRZqOfufKsv0kIP0kUODVBN8C/XlPS/P0H9u+K0Q\n-----END PRIVATE KEY-----\n",
            "private_key_pem_pkcs8": "-----BEGIN PRIVATE KEY-----\nMC4CAQAwBQYDK2VwBCIEIJDgNRZqOfufKsv0kIP0kUODVBN8C/XlPS/P0H9u+K0Q\n-----END PRIVATE KEY-----\n",
            "public_key_fingerprint_md5": "16:ff:e9:b1:02:57:3d:a7:f8:61:ad:ce:df:c9:30:45",
            "public_key_fingerprint_sha256": "SHA256:9CU12RITGfVYqCFxM1zs5GkKAuCdBNz0cAp5f0pgCuY",
            "public_key_openssh": "ssh-ed25519 AAAAC3NzaC1lZDI1NTE5AAAAIECmyG34dt+tSi9hK8Usl4EvUxUGxWnURYIcyCYBtTuv\n",
            "public_key_pem": "-----BEGIN PUBLIC KEY-----\nMCowBQYDK2VwAyEAQKbIbfh2361KL2ErxSyXgS9TFQbFadRFghzIJgG1O68=\n-----END PUBLIC KEY-----\n",
            "rsa_bits": 2048
          },
          "sensitive_attributes": [
            [
              {
                "type": "get_attr",
                "value": "private_key_openssh"
              }
            ],
            [
              {
                "type": "get_attr",
                "value": "private_key_pem_pkcs8"
              }
            ],
            [
              {
                "type": "get_attr",
                "value": "private_key_pem"
              }
            ]
          ]
        }
      ]
    },
    {
      "module": "module.storefront_dns",
      "mode": "managed",
      "type": "random_uuid",
      "name": "record_id",
      "provider": "provider[\"registry.terraform.io/hashicorp/random\"]",
      "instances": [
        {
          "schema_version": 0,
          "attributes": {
            "id": "2f6a9037-27a7-29f5-34d6-fffc0aebe101",
            "keepers": {
              "name": "acme-prod-storefront",
              "target": "https://79882545-6fa8-9e17-81a8-173d58807db5.cluster.internal",
              "zone": "acme-tight-locust.internal"
            },
            "result": "2f6a9037-27a7-29f5-34d6-fffc0aebe101"
          },
          "sensitive_attributes": [],
          "dependencies": [
            "data.local_file.environment",
            "module.cluster.random_uuid.cluster_id",
            "module.private_subnet.random_uuid.subnet_id",
            "module.public_subnet.random_uuid.subnet_id",
            "random_pet.network_name",
            "random_uuid.nat_gateway_id",
            "random_uuid.vpc_id"
          ]
        }
      ]
    }
  ],
  "check_results": null
}
