{
  "version": 4,
  "terraform_version": "1.8.3",
  "serial": 4,
  "lineage": "3d80c06c-ddfe-8798-7fa2-0b7dd16b1117",
  "outputs": {},
  "resources": [
    {
      "mode": "managed",
      "type": "random_password",
      "name": "app_session_secret",
      "provider": "provider[\"registry.terraform.io/hashicorp/random\"]",
      "instances": [
        {
          "schema_version": 3,
          "attributes": {
            "bcrypt_hash": "$2a$10$EokwXRBC1ggaL0w3iLr6tOCrA8z5OYi53LBF6QqDgAFjGdD53UByG",
            "id": "none",
            "keepers": null,
            "length": 24,
            "lower": true,
            "min_lower": 0,
            "min_numeric": 0,
            "min_special": 0,
            "min_upper": 0,
            "number": true,
            "numeric": true,
            "override_special": null,
            "result": "KbJ3wB9DxNkhClnbdVbtee36",
            "special": false,
            "upper": true
          },
          "sensitive_attributes": [
            [
              {
                "type": "get_attr",
                "value": "result"
              }
            ],
            [
              {
                "type": "get_attr",
                "value": "bcrypt_hash"
              }
            ]
          ]
        }
      ]
    },
    {
      "mode": "managed",
      "type": "random_pet",
      "name": "app_release",
      "provider": "provider[\"registry.terraform.io/hashicorp/random\"]",
      "instances": [
        {
          "schema_version": 0,
          "attributes": {
            "id": "acme-prod-storefront-obliging-lioness",
            "keepers": {
              "cluster": "a7314d2d-ae94-6a83-3a08-bd8f4a291f6f",
              "db_endpoint": "acme-prod-orders-0cef164e-6ae9-cb3a-0b0b-0657a1bd0d67.some.cloudprovider.com",
              "db_port": "5432",
              "deploy_key": "28:5f:d5:ef:56:60:d8:de:19:55:ce:18:5e:fc:3e:6c",
              "replicas": "3",
              "zone": "acme-notable-reindeer.internal"
            },
            "length": 2,
            "prefix": "acme-prod-storefront",
            "separator": "-"
          },
          "sensitive_attributes": []
        }
      ]
    },
    {
      "mode": "managed",
      "type": "tls_private_key",
      "name": "deploy_signer",
      "provider": "provider[\"registry.terraform.io/hashicorp/tls\"]",
      "instances": [
        {
          "schema_version": 1,
          "attributes": {
            "algorithm": "ED25519",
            "ecdsa_curve": "P224",
            "id": "0dc63e5ca50657376e9c6b8a788f06a1f11803f6",
            "private_key_openssh": "-----BEGIN OPENSSH PRIVATE KEY-----\nb3BlbnNzaC1rZXktdjEAAAAABG5vbmUAAAAEbm9uZQAAAAAAAAABAAAAMwAAAAtz\nc2gtZWQyNTUxOQAAACDIdVMn6QCITf/GMl0BqRGwEkPL8TUfPDj60Hj3sV+qfQAA\nAIh+sg+cfrIPnAAAAAtzc2gtZWQyNTUxOQAAACDIdVMn6QCITf/GMl0BqRGwEkPL\n8TUfPDj60Hj3sV+qfQAAAEAR4/bTWPCg+k4HztpXP8DFipXEisKF5UHPVogFYW0A\nz8h1UyfpAIhN/8YyXQGpEbASQ8vxNR88OPrQePexX6p9AAAAAAECAwQF\n-----END OPENSSH PRIVATE KEY-----\n",
            "private_key_pem": "-----BEGIN PRIVATE KEY-----\nMC4CAQAwBQYDK2VwBCIEIBHj9tNY8KD6TgfO2lc/wMWKlcSKwoXlQc9WiAVhbQDP\n-----END PRIVATE KEY-----\n",
            "private_key_pem_pkcs8": "-----BEGIN PRIVATE KEY-----\nMC4CAQAwBQYDK2VwBCIEIBHj9tNY8KD6TgfO2lc/wMWKlcSKwoXlQc9WiAVhbQDP\n-----END PRIVATE KEY-----\n",
            "public_key_fingerprint_md5": "28:5f:d5:ef:56:60:d8:de:19:55:ce:18:5e:fc:3e:6c",
            "public_key_fingerprint_sha256": "SHA256:KJTcDKgyq7gXOGPOivK6MKDXdKD3Qa92s86zC+f6vko",
            "public_key_openssh": "ssh-ed25519 AAAAC3NzaC1lZDI1NTE5AAAAIMh1UyfpAIhN/8YyXQGpEbASQ8vxNR88OPrQePexX6p9\n",
            "public_key_pem": "-----BEGIN PUBLIC KEY-----\nMCowBQYDK2VwAyEAyHVTJ+kAiE3/xjJdAakRsBJDy/E1Hzw4+tB497Ffqn0=\n-----END PUBLIC KEY-----\n",
            "rsa_bits": 2048
          },
          "sensitive_attributes": [
            [
              {
                "type": "get_attr",
                "value": "private_key_pem_pkcs8"
              }
            ],
            [
              {
                "type": "get_attr",
                "value": "private_key_pem"
              }
            ],
            [
              {
                "type": "get_attr",
                "value": "private_key_openssh"
              }
            ]
          ]
        }
      ]
    },
    {
      "module": "module.storefront_dns",
      "mode": "managed",
      "type": "random_uuid",
      "name": "record_id",
      "provider": "provider[\"registry.terraform.io/hashicorp/random\"]",
      "instances": [
        {
          "schema_version": 0,
          "attributes": {
            "id": "09ca8f45-4601-cd7b-e603-315f516f6b36",
            "keepers": {
              "name": "acme-prod-storefront",
              "target": "https://kubernetes-a7314d2d-ae94-6a83-3a08-bd8f4a291f6f.amazonaws.com",
              "zone": "acme-notable-reindeer.internal"
            },
            "result": "09ca8f45-4601-cd7b-e603-315f516f6b36"
          },
          "sensitive_attributes": [],
          "dependencies": [
            "data.local_file.environment",
            "module.cluster.random_uuid.cluster_id",
            "module.cluster.time_sleep.wait_10s",
            "module.private_subnet.random_uuid.route_table_id",
            "module.private_subnet.random_uuid.subnet_id",
            "module.public_subnet.random_uuid.route_table_id",
            "module.public_subnet.random_uuid.subnet_id",
            "random_pet.network_name",
            "random_uuid.vpc_id",
            "time_sleep.network_propagation"
          ]
        }
      ]
    }
  ],
  "check_results": null
}
