{
  "version": 4,
  "terraform_version": "1.8.3",
  "serial": 4,
  "lineage": "27ea1738-b858-cf62-aae2-07626d0fe8ca",
  "outputs": {},
  "resources": [
    {
      "mode": "managed",
      "type": "random_password",
      "name": "app_session_secret",
      "provider": "provider[\"registry.terraform.io/hashicorp/random\"]",
      "instances": [
        {
          "schema_version": 3,
          "attributes": {
            "bcrypt_hash": "$2a$10$7FSmk.8Ih26QBJpGqYyDyuWbjgIjRyfC/DRlxcg0SvuOiwqpZXimm",
            "id": "none",
            "keepers": null,
            "length": 24,
            "lower": true,
            "min_lower": 0,
            "min_numeric": 0,
            "min_special": 0,
            "min_upper": 0,
            "number": true,
            "numeric": true,
            "override_special": null,
            "result": "B1nTh3VpxiIe1dggpwqdsPYH",
            "special": false,
            "upper": true
          },
          "sensitive_attributes": [
            [
              {
                "type": "get_attr",
                "value": "result"
              }
            ],
            [
              {
                "type": "get_attr",
                "value": "bcrypt_hash"
              }
            ]
          ]
        }
      ]
    },
    {
      "mode": "managed",
      "type": "random_pet",
      "name": "app_release",
      "provider": "provider[\"registry.terraform.io/hashicorp/random\"]",
      "instances": [
        {
          "schema_version": 0,
          "attributes": {
            "id": "acme-prod-storefront-quality-leech",
            "keepers": {
              "cluster": "3bca98d6-03c4-95d8-790d-44731fb4e718",
              "db_endpoint": "acme-prod-orders-5ed96983-eddd-807f-e686-e15b609a9b3f.db.internal",
              "db_port": "7777",
              "deploy_key": "a1:d8:31:20:70:1c:84:9c:1b:18:50:94:e2:e9:13:56",
              "replicas": "3",
              "zone": "acme-pumped-liger.internal"
            },
            "length": 2,
            "prefix": "acme-prod-storefront",
            "separator": "-"
          },
          "sensitive_attributes": []
        }
      ]
    },
    {
      "mode": "managed",
      "type": "tls_private_key",
      "name": "deploy_signer",
      "provider": "provider[\"registry.terraform.io/hashicorp/tls\"]",
      "instances": [
        {
          "schema_version": 1,
          "attributes": {
            "algorithm": "ED25519",
            "ecdsa_curve": "P224",
            "id": "941e15b5b1912115a75d5b7821d4b1ed68d0b762",
            "private_key_openssh": "-----BEGIN OPENSSH PRIVATE KEY-----\nb3BlbnNzaC1rZXktdjEAAAAABG5vbmUAAAAEbm9uZQAAAAAAAAABAAAAMwAAAAtz\nc2gtZWQyNTUxOQAAACBh29uMvD82Sj9XAkvDAZ6aH5wLSGbsWxoJQDWaoCEpdwAA\nAIh/nBE5f5wROQAAAAtzc2gtZWQyNTUxOQAAACBh29uMvD82Sj9XAkvDAZ6aH5wL\nSGbsWxoJQDWaoCEpdwAAAEC3T8NIoO8ei4OVF+7WT+vq7VOIdlm5BdPjI0iMi1GU\n2GHb24y8PzZKP1cCS8MBnpofnAtIZuxbGglANZqgISl3AAAAAAECAwQF\n-----END OPENSSH PRIVATE KEY-----\n",
            "private_key_pem": "-----BEGIN PRIVATE KEY-----\nMC4CAQAwBQYDK2VwBCIEILdPw0ig7x6Lg5UX7tZP6+rtU4h2WbkF0+MjSIyLUZTY\n-----END PRIVATE KEY-----\n",
            "private_key_pem_pkcs8": "-----BEGIN PRIVATE KEY-----\nMC4CAQAwBQYDK2VwBCIEILdPw0ig7x6Lg5UX7tZP6+rtU4h2WbkF0+MjSIyLUZTY\n-----END PRIVATE KEY-----\n",
            "public_key_fingerprint_md5": "a1:d8:31:20:70:1c:84:9c:1b:18:50:94:e2:e9:13:56",
            "public_key_fingerprint_sha256": "SHA256:Bv+Sx1S0nDCh9GwnVMVDgJmmvMWbdy9OT3FYgl5AGJM",
            "public_key_openssh": "ssh-ed25519 AAAAC3NzaC1lZDI1NTE5AAAAIGHb24y8PzZKP1cCS8MBnpofnAtIZuxbGglANZqgISl3\n",
            "public_key_pem": "-----BEGIN PUBLIC KEY-----\nMCowBQYDK2VwAyEAYdvbjLw/Nko/VwJLwwGemh+cC0hm7FsaCUA1mqAhKXc=\n-----END PUBLIC KEY-----\n",
            "rsa_bits": 2048
          },
          "sensitive_attributes": [
            [
              {
                "type": "get_attr",
                "value": "private_key_openssh"
              }
            ],
            [
              {
                "type": "get_attr",
                "value": "private_key_pem_pkcs8"
              }
            ],
            [
              {
                "type": "get_attr",
                "value": "private_key_pem"
              }
            ]
          ]
        }
      ]
    },
    {
      "module": "module.storefront_dns",
      "mode": "managed",
      "type": "random_uuid",
      "name": "record_id",
      "provider": "provider[\"registry.terraform.io/hashicorp/random\"]",
      "instances": [
        {
          "schema_version": 0,
          "attributes": {
            "id": "8f492aa2-65c9-d2b1-d992-fb4ffaca73b7",
            "keepers": {
              "name": "acme-prod-storefront",
              "target": "https://3bca98d6-03c4-95d8-790d-44731fb4e718.cluster.internal",
              "zone": "acme-pumped-liger.internal"
            },
            "result": "8f492aa2-65c9-d2b1-d992-fb4ffaca73b7"
          },
          "sensitive_attributes": [],
          "dependencies": [
            "module.cluster.random_uuid.cluster_id",
            "module.private_subnet.random_uuid.subnet_id",
            "module.public_subnet.random_uuid.subnet_id",
            "random_pet.network_name",
            "random_uuid.nat_gateway_id",
            "random_uuid.vpc_id"
          ]
        }
      ]
    }
  ],
  "check_results": null
}
