{
  "version": 4,
  "terraform_version": "1.8.3",
  "serial": 23,
  "lineage": "e1d10ae4-8cdf-d276-d4c2-bb550e12be43",
  "outputs": {},
  "resources": [
    {
      "mode": "data",
      "type": "tls_public_key",
      "name": "pub",
      "provider": "provider[\"registry.terraform.io/hashicorp/tls\"]",
      "instances": [
        {
          "schema_version": 0,
          "attributes": {
            "algorithm": "ED25519",
            "id": "f1b106f766cd9a2f6a3fbdd60b6199b093f253c0",
            "private_key_openssh": null,
            "private_key_pem": "-----BEGIN PRIVATE KEY-----\nMC4CAQAwBQYDK2VwBCIEIDluj8lWNOmSbAiqKVzfCaZToiwkW4lfO8F/ZslzFgel\n-----END PRIVATE KEY-----\n",
            "public_key_fingerprint_md5": "b8:9e:9f:08:3f:34:42:da:72:62:f5:a5:3c:27:39:84",
            "public_key_fingerprint_sha256": "SHA256:UXB1lEJOHVaG2HMkoh+Jq+fbp+cimDR/sEkURw+z3/g",
            "public_key_openssh": "ssh-ed25519 AAAAC3NzaC1lZDI1NTE5AAAAIFUts1W54iNXvmR0CD0GMfq7u+HMwxcBUsqbG7TwsqM4\n",
            "public_key_pem": "-----BEGIN PUBLIC KEY-----\nMCowBQYDK2VwAyEAVS2zVbniI1e+ZHQIPQYx+ru74czDFwFSypsbtPCyozg=\n-----END PUBLIC KEY-----\n"
          },
          "sensitive_attributes": [
            [
              {
                "type": "get_attr",
                "value": "private_key_pem"
              }
            ],
            [
              {
                "type": "get_attr",
                "value": "private_key_openssh"
              }
            ]
          ]
        }
      ]
    },
    {
      "mode": "managed",
      "type": "random_pet",
      "name": "unmanaged_extra",
      "provider": "provider[\"registry.terraform.io/hashicorp/random\"]",
      "instances": [
        {
          "schema_version": 0,
          "attributes": {
            "id": "close-sheepdog",
            "keepers": null,
            "length": 2,
            "prefix": null,
            "separator": "-"
          },
          "sensitive_attributes": []
        }
      ]
    }
  ],
  "check_results": null
}
