{
  "version": 4,
  "terraform_version": "1.8.3",
  "serial": 3,
  "lineage": "8d9310d4-8b7c-c107-8b38-895dc65f7523",
  "outputs": {},
  "resources": [
    {
      "mode": "managed",
      "type": "random_pet",
      "name": "fp_tag",
      "provider": "provider[\"registry.terraform.io/hashicorp/random\"]",
      "instances": [
        {
          "schema_version": 0,
          "attributes": {
            "id": "needlessly-lasting-polliwog",
            "keepers": {
              "fp": "b8:9e:9f:08:3f:34:42:da:72:62:f5:a5:3c:27:39:84"
            },
            "length": 3,
            "prefix": null,
            "separator": "-"
          },
          "sensitive_attributes": []
        }
      ]
    },
    {
      "mode": "managed",
      "type": "random_string",
      "name": "token",
      "provider": "provider[\"registry.terraform.io/hashicorp/random\"]",
      "instances": [
        {
          "schema_version": 2,
          "attributes": {
            "id": "njpJY7c4x0jp",
            "keepers": null,
            "length": 12,
            "lower": true,
            "min_lower": 0,
            "min_numeric": 0,
            "min_special": 0,
            "min_upper": 0,
            "number": true,
            "numeric": true,
            "override_special": null,
            "result": "njpJY7c4x0jp",
            "special": false,
            "upper": true
          },
          "sensitive_attributes": []
        }
      ]
    },
    {
      "mode": "managed",
      "type": "tls_private_key",
      "name": "signer",
      "provider": "provider[\"registry.terraform.io/hashicorp/tls\"]",
      "instances": [
        {
          "schema_version": 1,
          "attributes": {
            "algorithm": "ED25519",
            "ecdsa_curve": "P224",
            "id": "f1b106f766cd9a2f6a3fbdd60b6199b093f253c0",
            "private_key_openssh": "-----BEGIN OPENSSH PRIVATE KEY-----\nb3BlbnNzaC1rZXktdjEAAAAABG5vbmUAAAAEbm9uZQAAAAAAAAABAAAAMwAAAAtz\nc2gtZWQyNTUxOQAAACBVLbNVueIjV75kdAg9BjH6u7vhzMMXAVLKmxu08LKjOAAA\nAIhP37T/T9+0/wAAAAtzc2gtZWQyNTUxOQAAACBVLbNVueIjV75kdAg9BjH6u7vh\nzMMXAVLKmxu08LKjOAAAAEA5bo/JVjTpkmwIqilc3wmmU6IsJFuJXzvBf2bJcxYH\npVUts1W54iNXvmR0CD0GMfq7u+HMwxcBUsqbG7TwsqM4AAAAAAECAwQF\n-----END OPENSSH PRIVATE KEY-----\n",
            "private_key_pem": "-----BEGIN PRIVATE KEY-----\nMC4CAQAwBQYDK2VwBCIEIDluj8lWNOmSbAiqKVzfCaZToiwkW4lfO8F/ZslzFgel\n-----END PRIVATE KEY-----\n",
            "private_key_pem_pkcs8": "-----BEGIN PRIVATE KEY-----\nMC4CAQAwBQYDK2VwBCIEIDluj8lWNOmSbAiqKVzfCaZToiwkW4lfO8F/ZslzFgel\n-----END PRIVATE KEY-----\n",
            "public_key_fingerprint_md5": "b8:9e:9f:08:3f:34:42:da:72:62:f5:a5:3c:27:39:84",
            "public_key_fingerprint_sha256": "SHA256:UXB1lEJOHVaG2HMkoh+Jq+fbp+cimDR/sEkURw+z3/g",
            "public_key_openssh": "ssh-ed25519 AAAAC3NzaC1lZDI1NTE5AAAAIFUts1W54iNXvmR0CD0GMfq7u+HMwxcBUsqbG7TwsqM4\n",
            "public_key_pem": "-----BEGIN PUBLIC KEY-----\nMCowBQYDK2VwAyEAVS2zVbniI1e+ZHQIPQYx+ru74czDFwFSypsbtPCyozg=\n-----END PUBLIC KEY-----\n",
            "rsa_bits": 2048
          },
          "sensitive_attributes": [
            [
              {
                "type": "get_attr",
                "value": "private_key_pem_pkcs8"
              }
            ],
            [
              {
                "type": "get_attr",
                "value": "private_key_pem"
              }
            ],
            [
              {
                "type": "get_attr",
                "value": "private_key_openssh"
              }
            ]
          ]
        }
      ]
    }
  ],
  "check_results": null
}
