{
  "version": 4,
  "terraform_version": "1.8.3",
  "serial": 4,
  "lineage": "45cf568e-42d1-76c2-5f2e-c1e158ffed4a",
  "outputs": {},
  "resources": [
    {
      "mode": "managed",
      "type": "random_password",
      "name": "app_session_secret",
      "provider": "provider[\"registry.terraform.io/hashicorp/random\"]",
      "instances": [
        {
          "schema_version": 3,
          "attributes": {
            "bcrypt_hash": "$2a$10$a7Pa4y3FcNym6DmMD7AzHevveIWZZrGxnW1PStTm77hek0cfM.k5i",
            "id": "none",
            "keepers": null,
            "length": 24,
            "lower": true,
            "min_lower": 0,
            "min_numeric": 0,
            "min_special": 0,
            "min_upper": 0,
            "number": true,
            "numeric": true,
            "override_special": null,
            "result": "uGck6L1hFdFIgXFOdG1APlIb",
            "special": false,
            "upper": true
          },
          "sensitive_attributes": [
            [
              {
                "type": "get_attr",
                "value": "bcrypt_hash"
              }
            ],
            [
              {
                "type": "get_attr",
                "value": "result"
              }
            ]
          ]
        }
      ]
    },
    {
      "mode": "managed",
      "type": "random_pet",
      "name": "app_release",
      "provider": "provider[\"registry.terraform.io/hashicorp/random\"]",
      "instances": [
        {
          "schema_version": 0,
          "attributes": {
            "id": "acme-prod-storefront-rich-pelican",
            "keepers": {
              "cluster": "4e00a86c-b9c5-4993-7976-261cc47b8f87",
              "db_endpoint": "acme-prod-orders-aceea69c-391e-52c9-e70d-8fbc02e077bd.some.cloudprovider.com",
              "db_port": "7777",
              "deploy_key": "9c:0b:ab:69:56:48:98:10:c2:65:61:35:26:96:46:de",
              "replicas": "3",
              "zone": "acme-dear-elephant.internal"
            },
            "length": 2,
            "prefix": "acme-prod-storefront",
            "separator": "-"
          },
          "sensitive_attributes": []
        }
      ]
    },
    {
      "mode": "managed",
      "type": "tls_private_key",
      "name": "deploy_signer",
      "provider": "provider[\"registry.terraform.io/hashicorp/tls\"]",
      "instances": [
        {
          "schema_version": 1,
          "attributes": {
            "algorithm": "ED25519",
            "ecdsa_curve": "P224",
            "id": "1d1c98ad669431b36a1298f428a0ac10a986622c",
            "private_key_openssh": "-----BEGIN OPENSSH PRIVATE KEY-----\nb3BlbnNzaC1rZXktdjEAAAAABG5vbmUAAAAEbm9uZQAAAAAAAAABAAAAMwAAAAtz\nc2gtZWQyNTUxOQAAACAb2PsCLD/R2fentnoE6mrovlyX2ytBasiFT92zs9LTdQAA\nAIjw1LaP8NS2jwAAAAtzc2gtZWQyNTUxOQAAACAb2PsCLD/R2fentnoE6mrovlyX\n2ytBasiFT92zs9LTdQAAAEDvbU9kwui8aSrbtMAh07SSI21iRV+q5tKaoxRqlvFb\nyxvY+wIsP9HZ96e2egTqaui+XJfbK0FqyIVP3bOz0tN1AAAAAAECAwQF\n-----END OPENSSH PRIVATE KEY-----\n",
            "private_key_pem": "-----BEGIN PRIVATE KEY-----\nMC4CAQAwBQYDK2VwBCIEIO9tT2TC6LxpKtu0wCHTtJIjbWJFX6rm0pqjFGqW8VvL\n-----END PRIVATE KEY-----\n",
            "private_key_pem_pkcs8": "-----BEGIN PRIVATE KEY-----\nMC4CAQAwBQYDK2VwBCIEIO9tT2TC6LxpKtu0wCHTtJIjbWJFX6rm0pqjFGqW8VvL\n-----END PRIVATE KEY-----\n",
            "public_key_fingerprint_md5": "9c:0b:ab:69:56:48:98:10:c2:65:61:35:26:96:46:de",
            "public_key_fingerprint_sha256": "SHA256:KAC0y0I30NU6w8v2h7dYHwcRO1bDhqEwFp0ywBtfFUQ",
            "public_key_openssh": "ssh-ed25519 AAAAC3NzaC1lZDI1NTE5AAAAIBvY+wIsP9HZ96e2egTqaui+XJfbK0FqyIVP3bOz0tN1\n",
            "public_key_pem": "-----BEGIN PUBLIC KEY-----\nMCowBQYDK2VwAyEAG9j7Aiw/0dn3p7Z6BOpq6L5cl9srQWrIhU/ds7PS03U=\n-----END PUBLIC KEY-----\n",
            "rsa_bits": 2048
          },
          "sensitive_attributes": [
            [
              {
                "type": "get_attr",
                "value": "private_key_pem_pkcs8"
              }
            ],
            [
              {
                "type": "get_attr",
                "value": "private_key_openssh"
              }
            ],
            [
              {
                "type": "get_attr",
                "value": "private_key_pem"
              }
            ]
          ]
        }
      ]
    },
    {
      "module": "module.storefront_dns",
      "mode": "managed",
      "type": "random_uuid",
      "name": "record_id",
      "provider": "provider[\"registry.terraform.io/hashicorp/random\"]",
      "instances": [
        {
          "schema_version": 0,
          "attributes": {
            "id": "f0aceb97-8bf7-8146-c243-54527972a303",
            "keepers": {
              "name": "acme-prod-storefront",
              "target": "https://kubernetes-4e00a86c-b9c5-4993-7976-261cc47b8f87.amazonaws.com",
              "zone": "acme-dear-elephant.internal"
            },
            "result": "f0aceb97-8bf7-8146-c243-54527972a303"
          },
          "sensitive_attributes": [],
          "dependencies": [
            "data.local_file.environment",
            "module.cluster.random_uuid.cluster_id",
            "module.cluster.time_sleep.wait_10s",
            "module.private_subnet.random_uuid.route_table_id",
            "module.private_subnet.random_uuid.subnet_id",
            "module.public_subnet.random_uuid.route_table_id",
            "module.public_subnet.random_uuid.subnet_id",
            "random_pet.network_name",
            "random_uuid.vpc_id",
            "time_sleep.network_propagation"
          ]
        }
      ]
    }
  ],
  "check_results": null
}
