{
  "version": 4,
  "terraform_version": "1.8.3",
  "serial": 4,
  "lineage": "7a60bfbc-9bbd-a586-d1e4-475cb2633965",
  "outputs": {},
  "resources": [
    {
      "mode": "managed",
      "type": "random_password",
      "name": "app_session_secret",
      "provider": "provider[\"registry.terraform.io/hashicorp/random\"]",
      "instances": [
        {
          "schema_version": 3,
          "attributes": {
            "bcrypt_hash": "$2a$10$6XZFO0vXlS2Rm5Q6WVwnKOr2/DPo6eU57wiv17YSIM1ad808UVbCK",
            "id": "none",
            "keepers": null,
            "length": 24,
            "lower": true,
            "min_lower": 0,
            "min_numeric": 0,
            "min_special": 0,
            "min_upper": 0,
            "number": true,
            "numeric": true,
            "override_special": null,
            "result": "QOCR6iOhdhjE98ZuvElvVjXz",
            "special": false,
            "upper": true
          },
          "sensitive_attributes": [
            [
              {
                "type": "get_attr",
                "value": "result"
              }
            ],
            [
              {
                "type": "get_attr",
                "value": "bcrypt_hash"
              }
            ]
          ]
        }
      ]
    },
    {
      "mode": "managed",
      "type": "random_pet",
      "name": "app_release",
      "provider": "provider[\"registry.terraform.io/hashicorp/random\"]",
      "instances": [
        {
          "schema_version": 0,
          "attributes": {
            "id": "acme-prod-storefront-above-blowfish",
            "keepers": {
              "cluster": "76529909-19fd-17b4-5744-07b42607ef49",
              "db_endpoint": "acme-prod-orders-9fb39d65-d9a4-adbb-a157-6c816556aa07.some.cloudprovider.com",
              "db_port": "7777",
              "deploy_key": "3a:f7:bc:23:b7:13:ae:66:ce:05:e9:0a:ac:8d:33:42",
              "replicas": "3",
              "zone": "acme-concrete-tick.internal"
            },
            "length": 2,
            "prefix": "acme-prod-storefront",
            "separator": "-"
          },
          "sensitive_attributes": []
        }
      ]
    },
    {
      "mode": "managed",
      "type": "tls_private_key",
      "name": "deploy_signer",
      "provider": "provider[\"registry.terraform.io/hashicorp/tls\"]",
      "instances": [
        {
          "schema_version": 1,
          "attributes": {
            "algorithm": "ED25519",
            "ecdsa_curve": "P224",
            "id": "ebebee510afce76349c698ed9cf84509d1847f70",
            "private_key_openssh": "-----BEGIN OPENSSH PRIVATE KEY-----\nb3BlbnNzaC1rZXktdjEAAAAABG5vbmUAAAAEbm9uZQAAAAAAAAABAAAAMwAAAAtz\nc2gtZWQyNTUxOQAAACDxvUgfT7hd0QBK3iLQzWdb+KKebTJZemdiYaMlshcm0wAA\nAIiHn9ddh5/XXQAAAAtzc2gtZWQyNTUxOQAAACDxvUgfT7hd0QBK3iLQzWdb+KKe\nbTJZemdiYaMlshcm0wAAAEC+3u5dodTi7ckquNdzjk4Rk+/2ExJ6UGqMSaZI88Rt\nKPG9SB9PuF3RAEreItDNZ1v4op5tMll6Z2JhoyWyFybTAAAAAAECAwQF\n-----END OPENSSH PRIVATE KEY-----\n",
            "private_key_pem": "-----BEGIN PRIVATE KEY-----\nMC4CAQAwBQYDK2VwBCIEIL7e7l2h1OLtySq413OOThGT7/YTEnpQaoxJpkjzxG0o\n-----END PRIVATE KEY-----\n",
            "private_key_pem_pkcs8": "-----BEGIN PRIVATE KEY-----\nMC4CAQAwBQYDK2VwBCIEIL7e7l2h1OLtySq413OOThGT7/YTEnpQaoxJpkjzxG0o\n-----END PRIVATE KEY-----\n",
            "public_key_fingerprint_md5": "3a:f7:bc:23:b7:13:ae:66:ce:05:e9:0a:ac:8d:33:42",
            "public_key_fingerprint_sha256": "SHA256:XQfoG17o53tvr6aJOa0NurLzIs4vaEqHYKzwfsbxRQo",
            "public_key_openssh": "ssh-ed25519 AAAAC3NzaC1lZDI1NTE5AAAAIPG9SB9PuF3RAEreItDNZ1v4op5tMll6Z2JhoyWyFybT\n",
            "public_key_pem": "-----BEGIN PUBLIC KEY-----\nMCowBQYDK2VwAyEA8b1IH0+4XdEASt4i0M1nW/iinm0yWXpnYmGjJbIXJtM=\n-----END PUBLIC KEY-----\n",
            "rsa_bits": 2048
          },
          "sensitive_attributes": [
            [
              {
                "type": "get_attr",
                "value": "private_key_pem_pkcs8"
              }
            ],
            [
              {
                "type": "get_attr",
                "value": "private_key_openssh"
              }
            ],
            [
              {
                "type": "get_attr",
                "value": "private_key_pem"
              }
            ]
          ]
        }
      ]
    },
    {
      "module": "module.storefront_dns",
      "mode": "managed",
      "type": "random_uuid",
      "name": "record_id",
      "provider": "provider[\"registry.terraform.io/hashicorp/random\"]",
      "instances": [
        {
          "schema_version": 0,
          "attributes": {
            "id": "21e43a73-c3ca-be9a-2dab-7793c2bc645b",
            "keepers": {
              "name": "acme-prod-storefront",
              "target": "https://kubernetes-76529909-19fd-17b4-5744-07b42607ef49.amazonaws.com",
              "zone": "acme-concrete-tick.internal"
            },
            "result": "21e43a73-c3ca-be9a-2dab-7793c2bc645b"
          },
          "sensitive_attributes": [],
          "dependencies": [
            "data.local_file.environment",
            "module.cluster.random_uuid.cluster_id",
            "module.cluster.time_sleep.wait_10s",
            "module.private_subnet.random_uuid.route_table_id",
            "module.private_subnet.random_uuid.subnet_id",
            "module.public_subnet.random_uuid.route_table_id",
            "module.public_subnet.random_uuid.subnet_id",
            "random_pet.network_name",
            "random_uuid.vpc_id",
            "time_sleep.network_propagation"
          ]
        }
      ]
    }
  ],
  "check_results": null
}
