{
  "version": 4,
  "terraform_version": "1.8.3",
  "serial": 4,
  "lineage": "4697b14c-e7bf-eb71-bbf3-65e1cbf3b74f",
  "outputs": {},
  "resources": [
    {
      "mode": "managed",
      "type": "random_password",
      "name": "app_session_secret",
      "provider": "provider[\"registry.terraform.io/hashicorp/random\"]",
      "instances": [
        {
          "schema_version": 3,
          "attributes": {
            "bcrypt_hash": "$2a$10$omeRX0/ZcoE0OzyBi3.Cgevcj66NLck9LZHGnql1nlSnZJwTgUGNS",
            "id": "none",
            "keepers": null,
            "length": 24,
            "lower": true,
            "min_lower": 0,
            "min_numeric": 0,
            "min_special": 0,
            "min_upper": 0,
            "number": true,
            "numeric": true,
            "override_special": null,
            "result": "U77bQUFgxHXdobmJtqK99lkw",
            "special": false,
            "upper": true
          },
          "sensitive_attributes": [
            [
              {
                "type": "get_attr",
                "value": "result"
              }
            ],
            [
              {
                "type": "get_attr",
                "value": "bcrypt_hash"
              }
            ]
          ]
        }
      ]
    },
    {
      "mode": "managed",
      "type": "random_pet",
      "name": "app_release",
      "provider": "provider[\"registry.terraform.io/hashicorp/random\"]",
      "instances": [
        {
          "schema_version": 0,
          "attributes": {
            "id": "acme-prod-storefront-super-goshawk",
            "keepers": {
              "cluster": "94f9e223-3808-b527-ca70-4a542cf9a7f3",
              "db_endpoint": "acme-prod-orders-a6afc566-822c-f78f-0d93-30ee99ae5561.some.cloudprovider.com",
              "db_port": "5432",
              "deploy_key": "90:10:b4:0e:3b:72:90:dd:0e:17:e3:14:f6:0d:86:20",
              "replicas": "3",
              "zone": "acme-modern-osprey.internal"
            },
            "length": 2,
            "prefix": "acme-prod-storefront",
            "separator": "-"
          },
          "sensitive_attributes": []
        }
      ]
    },
    {
      "mode": "managed",
      "type": "tls_private_key",
      "name": "deploy_signer",
      "provider": "provider[\"registry.terraform.io/hashicorp/tls\"]",
      "instances": [
        {
          "schema_version": 1,
          "attributes": {
            "algorithm": "ED25519",
            "ecdsa_curve": "P224",
            "id": "5aec14c2166b3239e21334f8c18708ea3e05b175",
            "private_key_openssh": "-----BEGIN OPENSSH PRIVATE KEY-----\nb3BlbnNzaC1rZXktdjEAAAAABG5vbmUAAAAEbm9uZQAAAAAAAAABAAAAMwAAAAtz\nc2gtZWQyNTUxOQAAACBMTCN1FJuWV+9C358ceLBebt/v7FixcgmkCgiZpE00aAAA\nAIhiC8ngYgvJ4AAAAAtzc2gtZWQyNTUxOQAAACBMTCN1FJuWV+9C358ceLBebt/v\n7FixcgmkCgiZpE00aAAAAEDkX7Diz6BbVbszD0NMfMpIUwLBvsn96JGZ+XqK/VKX\nMExMI3UUm5ZX70Lfnxx4sF5u3+/sWLFyCaQKCJmkTTRoAAAAAAECAwQF\n-----END OPENSSH PRIVATE KEY-----\n",
            "private_key_pem": "-----BEGIN PRIVATE KEY-----\nMC4CAQAwBQYDK2VwBCIEIORfsOLPoFtVuzMPQ0x8ykhTAsG+yf3okZn5eor9Upcw\n-----END PRIVATE KEY-----\n",
            "private_key_pem_pkcs8": "-----BEGIN PRIVATE KEY-----\nMC4CAQAwBQYDK2VwBCIEIORfsOLPoFtVuzMPQ0x8ykhTAsG+yf3okZn5eor9Upcw\n-----END PRIVATE KEY-----\n",
            "public_key_fingerprint_md5": "90:10:b4:0e:3b:72:90:dd:0e:17:e3:14:f6:0d:86:20",
            "public_key_fingerprint_sha256": "SHA256:lNNDDoL6Jf0II4NxTzzxRogJTK9HHPYKhaHnqwTJM5M",
            "public_key_openssh": "ssh-ed25519 AAAAC3NzaC1lZDI1NTE5AAAAIExMI3UUm5ZX70Lfnxx4sF5u3+/sWLFyCaQKCJmkTTRo\n",
            "public_key_pem": "-----BEGIN PUBLIC KEY-----\nMCowBQYDK2VwAyEATEwjdRSbllfvQt+fHHiwXm7f7+xYsXIJpAoImaRNNGg=\n-----END PUBLIC KEY-----\n",
            "rsa_bits": 2048
          },
          "sensitive_attributes": [
            [
              {
                "type": "get_attr",
                "value": "private_key_openssh"
              }
            ],
            [
              {
                "type": "get_attr",
                "value": "private_key_pem_pkcs8"
              }
            ],
            [
              {
                "type": "get_attr",
                "value": "private_key_pem"
              }
            ]
          ]
        }
      ]
    },
    {
      "module": "module.storefront_dns",
      "mode": "managed",
      "type": "random_uuid",
      "name": "record_id",
      "provider": "provider[\"registry.terraform.io/hashicorp/random\"]",
      "instances": [
        {
          "schema_version": 0,
          "attributes": {
            "id": "e799985f-4a6d-1f44-cdc0-bb0b68b5cd45",
            "keepers": {
              "name": "acme-prod-storefront",
              "target": "https://kubernetes-94f9e223-3808-b527-ca70-4a542cf9a7f3.amazonaws.com",
              "zone": "acme-modern-osprey.internal"
            },
            "result": "e799985f-4a6d-1f44-cdc0-bb0b68b5cd45"
          },
          "sensitive_attributes": [],
          "dependencies": [
            "data.local_file.environment",
            "module.cluster.random_uuid.cluster_id",
            "module.cluster.time_sleep.wait_10s",
            "module.private_subnet.random_uuid.route_table_id",
            "module.private_subnet.random_uuid.subnet_id",
            "module.public_subnet.random_uuid.route_table_id",
            "module.public_subnet.random_uuid.subnet_id",
            "random_pet.network_name",
            "random_uuid.vpc_id",
            "time_sleep.network_propagation"
          ]
        }
      ]
    }
  ],
  "check_results": null
}
