{
  "version": 4,
  "terraform_version": "1.8.3",
  "serial": 39,
  "lineage": "af6fd9dd-8988-3268-258e-4b576d0da6b7",
  "outputs": {
    "app_fqdn": {
      "value": "acme-prod-storefront.acme-concrete-tick.internal",
      "type": "string"
    },
    "cluster_endpoint": {
      "value": "https://kubernetes-76529909-19fd-17b4-5744-07b42607ef49.amazonaws.com",
      "type": "string"
    },
    "database_endpoint": {
      "value": "acme-prod-orders-9fb39d65-d9a4-adbb-a157-6c816556aa07.some.cloudprovider.com",
      "type": "string"
    },
    "deploy_key_fingerprint": {
      "value": "3a:f7:bc:23:b7:13:ae:66:ce:05:e9:0a:ac:8d:33:42",
      "type": "string"
    },
    "vpc_id": {
      "value": "93536b1e-a344-c9ad-0788-7693157a6fe0",
      "type": "string"
    }
  },
  "resources": [
    {
      "mode": "data",
      "type": "local_file",
      "name": "environment",
      "provider": "provider[\"registry.terraform.io/hashicorp/local\"]",
      "instances": [
        {
          "schema_version": 0,
          "attributes": {
            "content": "{\n  \"environment\": \"prod\",\n  \"database\": {\n    \"name\": \"orders\",\n    \"sku\": \"db.t3.small\"\n  },\n  \"cluster\": {\n    \"kubernetes_version\": \"1.28\",\n    \"node_instance_type\": \"m5.large\",\n    \"node_count\": 2\n  },\n  \"app\": {\n    \"name\": \"storefront\",\n    \"replicas\": 3\n  }\n}\n",
            "content_base64": "ewogICJlbnZpcm9ubWVudCI6ICJwcm9kIiwKICAiZGF0YWJhc2UiOiB7CiAgICAibmFtZSI6ICJvcmRlcnMiLAogICAgInNrdSI6ICJkYi50My5zbWFsbCIKICB9LAogICJjbHVzdGVyIjogewogICAgImt1YmVybmV0ZXNfdmVyc2lvbiI6ICIxLjI4IiwKICAgICJub2RlX2luc3RhbmNlX3R5cGUiOiAibTUubGFyZ2UiLAogICAgIm5vZGVfY291bnQiOiAyCiAgfSwKICAiYXBwIjogewogICAgIm5hbWUiOiAic3RvcmVmcm9udCIsCiAgICAicmVwbGljYXMiOiAzCiAgfQp9Cg==",
            "content_base64sha256": "DzbIXPURR5ZuW0C2E5+0wqKmiUIEx49rWJnKqwO0x0M=",
            "content_base64sha512": "E5xbKzfLCOhdnGZmBg5c8GXi3M7xeggHv2W6QDF7/W85VheAoZ5yWfaJNXmZVSibEZKnF970DoUdej2wHI4lFA==",
            "content_md5": "28c9ba3ff287c0c898ef52dc2147226a",
            "content_sha1": "4440cc9dee59ca0ac6abefdac3a984b59d71ca0c",
            "content_sha256": "0f36c85cf51147966e5b40b6139fb4c2a2a6894204c78f6b5899caab03b4c743",
            "content_sha512": "139c5b2b37cb08e85d9c6666060e5cf065e2dccef17a0807bf65ba40317bfd6f39561780a19e7259f68935799955289b1192a717def40e851d7a3db01c8e2514",
            "filename": "./config/environment.json",
            "id": "4440cc9dee59ca0ac6abefdac3a984b59d71ca0c"
          },
          "sensitive_attributes": []
        }
      ]
    },
    {
      "mode": "data",
      "type": "tls_public_key",
      "name": "deploy_key",
      "provider": "provider[\"registry.terraform.io/hashicorp/tls\"]",
      "instances": [
        {
          "schema_version": 0,
          "attributes": {
            "algorithm": "ED25519",
            "id": "ebebee510afce76349c698ed9cf84509d1847f70",
            "private_key_openssh": null,
            "private_key_pem": "-----BEGIN PRIVATE KEY-----\nMC4CAQAwBQYDK2VwBCIEIL7e7l2h1OLtySq413OOThGT7/YTEnpQaoxJpkjzxG0o\n-----END PRIVATE KEY-----\n",
            "public_key_fingerprint_md5": "3a:f7:bc:23:b7:13:ae:66:ce:05:e9:0a:ac:8d:33:42",
            "public_key_fingerprint_sha256": "SHA256:XQfoG17o53tvr6aJOa0NurLzIs4vaEqHYKzwfsbxRQo",
            "public_key_openssh": "ssh-ed25519 AAAAC3NzaC1lZDI1NTE5AAAAIPG9SB9PuF3RAEreItDNZ1v4op5tMll6Z2JhoyWyFybT\n",
            "public_key_pem": "-----BEGIN PUBLIC KEY-----\nMCowBQYDK2VwAyEA8b1IH0+4XdEASt4i0M1nW/iinm0yWXpnYmGjJbIXJtM=\n-----END PUBLIC KEY-----\n"
          },
          "sensitive_attributes": [
            [
              {
                "type": "get_attr",
                "value": "private_key_openssh"
              }
            ],
            [
              {
                "type": "get_attr",
                "value": "private_key_pem"
              }
            ]
          ]
        }
      ]
    },
    {
      "mode": "managed",
      "type": "random_pet",
      "name": "backup_plan",
      "provider": "provider[\"registry.terraform.io/hashicorp/random\"]",
      "instances": [
        {
          "schema_version": 0,
          "attributes": {
            "id": "simple-bream",
            "keepers": null,
            "length": 2,
            "prefix": null,
            "separator": "-"
          },
          "sensitive_attributes": []
        }
      ]
    },
    {
      "mode": "managed",
      "type": "random_uuid",
      "name": "audit_log_bucket_id",
      "provider": "provider[\"registry.terraform.io/hashicorp/random\"]",
      "instances": [
        {
          "schema_version": 0,
          "attributes": {
            "id": "157cf6b7-65bb-179a-d74a-a5cdb3c9da0b",
            "keepers": null,
            "result": "157cf6b7-65bb-179a-d74a-a5cdb3c9da0b"
          },
          "sensitive_attributes": []
        }
      ]
    }
  ],
  "check_results": null
}
