{
  "version": 4,
  "terraform_version": "1.8.3",
  "serial": 24,
  "lineage": "c1ff19ca-b9f2-dbfb-4e36-bd36468e7798",
  "outputs": {
    "app_fqdn": {
      "value": "acme-prod-storefront.acme-dear-elephant.internal",
      "type": "string"
    },
    "cluster_endpoint": {
      "value": "https://kubernetes-4e00a86c-b9c5-4993-7976-261cc47b8f87.amazonaws.com",
      "type": "string"
    },
    "database_endpoint": {
      "value": "acme-prod-orders-aceea69c-391e-52c9-e70d-8fbc02e077bd.some.cloudprovider.com",
      "type": "string"
    },
    "deploy_key_fingerprint": {
      "value": "9c:0b:ab:69:56:48:98:10:c2:65:61:35:26:96:46:de",
      "type": "string"
    },
    "vpc_id": {
      "value": "7ffe1664-48eb-5e1c-fef1-3a3e98a9c2f2",
      "type": "string"
    }
  },
  "resources": [
    {
      "mode": "data",
      "type": "local_file",
      "name": "environment",
      "provider": "provider[\"registry.terraform.io/hashicorp/local\"]",
      "instances": [
        {
          "schema_version": 0,
          "attributes": {
            "content": "{\n  \"environment\": \"prod\",\n  \"database\": {\n    \"name\": \"orders\",\n    \"sku\": \"db.t3.small\"\n  },\n  \"cluster\": {\n    \"kubernetes_version\": \"1.28\",\n    \"node_instance_type\": \"m5.large\",\n    \"node_count\": 2\n  },\n  \"app\": {\n    \"name\": \"storefront\",\n    \"replicas\": 3\n  }\n}\n",
            "content_base64": "ewogICJlbnZpcm9ubWVudCI6ICJwcm9kIiwKICAiZGF0YWJhc2UiOiB7CiAgICAibmFtZSI6ICJvcmRlcnMiLAogICAgInNrdSI6ICJkYi50My5zbWFsbCIKICB9LAogICJjbHVzdGVyIjogewogICAgImt1YmVybmV0ZXNfdmVyc2lvbiI6ICIxLjI4IiwKICAgICJub2RlX2luc3RhbmNlX3R5cGUiOiAibTUubGFyZ2UiLAogICAgIm5vZGVfY291bnQiOiAyCiAgfSwKICAiYXBwIjogewogICAgIm5hbWUiOiAic3RvcmVmcm9udCIsCiAgICAicmVwbGljYXMiOiAzCiAgfQp9Cg==",
            "content_base64sha256": "DzbIXPURR5ZuW0C2E5+0wqKmiUIEx49rWJnKqwO0x0M=",
            "content_base64sha512": "E5xbKzfLCOhdnGZmBg5c8GXi3M7xeggHv2W6QDF7/W85VheAoZ5yWfaJNXmZVSibEZKnF970DoUdej2wHI4lFA==",
            "content_md5": "28c9ba3ff287c0c898ef52dc2147226a",
            "content_sha1": "4440cc9dee59ca0ac6abefdac3a984b59d71ca0c",
            "content_sha256": "0f36c85cf51147966e5b40b6139fb4c2a2a6894204c78f6b5899caab03b4c743",
            "content_sha512": "139c5b2b37cb08e85d9c6666060e5cf065e2dccef17a0807bf65ba40317bfd6f39561780a19e7259f68935799955289b1192a717def40e851d7a3db01c8e2514",
            "filename": "./config/environment.json",
            "id": "4440cc9dee59ca0ac6abefdac3a984b59d71ca0c"
          },
          "sensitive_attributes": []
        }
      ]
    },
    {
      "mode": "data",
      "type": "tls_public_key",
      "name": "deploy_key",
      "provider": "provider[\"registry.terraform.io/hashicorp/tls\"]",
      "instances": [
        {
          "schema_version": 0,
          "attributes": {
            "algorithm": "ED25519",
            "id": "1d1c98ad669431b36a1298f428a0ac10a986622c",
            "private_key_openssh": null,
            "private_key_pem": "-----BEGIN PRIVATE KEY-----\nMC4CAQAwBQYDK2VwBCIEIO9tT2TC6LxpKtu0wCHTtJIjbWJFX6rm0pqjFGqW8VvL\n-----END PRIVATE KEY-----\n",
            "public_key_fingerprint_md5": "9c:0b:ab:69:56:48:98:10:c2:65:61:35:26:96:46:de",
            "public_key_fingerprint_sha256": "SHA256:KAC0y0I30NU6w8v2h7dYHwcRO1bDhqEwFp0ywBtfFUQ",
            "public_key_openssh": "ssh-ed25519 AAAAC3NzaC1lZDI1NTE5AAAAIBvY+wIsP9HZ96e2egTqaui+XJfbK0FqyIVP3bOz0tN1\n",
            "public_key_pem": "-----BEGIN PUBLIC KEY-----\nMCowBQYDK2VwAyEAG9j7Aiw/0dn3p7Z6BOpq6L5cl9srQWrIhU/ds7PS03U=\n-----END PUBLIC KEY-----\n"
          },
          "sensitive_attributes": [
            [
              {
                "type": "get_attr",
                "value": "private_key_openssh"
              }
            ],
            [
              {
                "type": "get_attr",
                "value": "private_key_pem"
              }
            ]
          ]
        }
      ]
    },
    {
      "mode": "managed",
      "type": "random_password",
      "name": "app_session_secret",
      "provider": "provider[\"registry.terraform.io/hashicorp/random\"]",
      "instances": [
        {
          "schema_version": 3,
          "attributes": {
            "bcrypt_hash": "$2a$10$a7Pa4y3FcNym6DmMD7AzHevveIWZZrGxnW1PStTm77hek0cfM.k5i",
            "id": "none",
            "keepers": null,
            "length": 24,
            "lower": true,
            "min_lower": 0,
            "min_numeric": 0,
            "min_special": 0,
            "min_upper": 0,
            "number": true,
            "numeric": true,
            "override_special": null,
            "result": "uGck6L1hFdFIgXFOdG1APlIb",
            "special": false,
            "upper": true
          },
          "sensitive_attributes": [
            [
              {
                "type": "get_attr",
                "value": "bcrypt_hash"
              }
            ],
            [
              {
                "type": "get_attr",
                "value": "result"
              }
            ]
          ]
        }
      ]
    },
    {
      "mode": "managed",
      "type": "random_pet",
      "name": "app_release",
      "provider": "provider[\"registry.terraform.io/hashicorp/random\"]",
      "instances": [
        {
          "schema_version": 0,
          "attributes": {
            "id": "acme-prod-storefront-rich-pelican",
            "keepers": {
              "cluster": "4e00a86c-b9c5-4993-7976-261cc47b8f87",
              "db_endpoint": "acme-prod-orders-aceea69c-391e-52c9-e70d-8fbc02e077bd.some.cloudprovider.com",
              "db_port": "7777",
              "deploy_key": "9c:0b:ab:69:56:48:98:10:c2:65:61:35:26:96:46:de",
              "replicas": "3",
              "zone": "acme-dear-elephant.internal"
            },
            "length": 2,
            "prefix": "acme-prod-storefront",
            "separator": "-"
          },
          "sensitive_attributes": [],
          "dependencies": [
            "data.local_file.environment",
            "data.tls_public_key.deploy_key",
            "module.cluster.random_uuid.cluster_id",
            "module.cluster.time_sleep.wait_10s",
            "module.database.random_uuid.database_id",
            "module.database.time_sleep.wait_10s",
            "module.private_subnet.random_uuid.route_table_id",
            "module.private_subnet.random_uuid.subnet_id",
            "module.public_subnet.random_uuid.route_table_id",
            "module.public_subnet.random_uuid.subnet_id",
            "random_pet.network_name",
            "random_uuid.vpc_id",
            "time_sleep.network_propagation",
            "tls_private_key.deploy_signer"
          ]
        }
      ]
    },
    {
      "mode": "managed",
      "type": "random_pet",
      "name": "backup_plan",
      "provider": "provider[\"registry.terraform.io/hashicorp/random\"]",
      "instances": [
        {
          "schema_version": 0,
          "attributes": {
            "id": "good-liger",
            "keepers": null,
            "length": 2,
            "prefix": null,
            "separator": "-"
          },
          "sensitive_attributes": []
        }
      ]
    },
    {
      "mode": "managed",
      "type": "random_pet",
      "name": "network_name",
      "provider": "provider[\"registry.terraform.io/hashicorp/random\"]",
      "instances": [
        {
          "schema_version": 0,
          "attributes": {
            "id": "acme-dear-elephant",
            "keepers": null,
            "length": 2,
            "prefix": "acme",
            "separator": "-"
          },
          "sensitive_attributes": []
        }
      ]
    },
    {
      "mode": "managed",
      "type": "random_pet",
      "name": "node_pool",
      "provider": "provider[\"registry.terraform.io/hashicorp/random\"]",
      "instances": [
        {
          "schema_version": 0,
          "attributes": {
            "id": "acme-prod-cluster-touched-parrot",
            "keepers": {
              "nodes": "2",
              "version": "1.28"
            },
            "length": 2,
            "prefix": "acme-prod-cluster",
            "separator": "-"
          },
          "sensitive_attributes": [],
          "dependencies": [
            "data.local_file.environment"
          ]
        }
      ]
    },
    {
      "mode": "managed",
      "type": "random_uuid",
      "name": "audit_log_bucket_id",
      "provider": "provider[\"registry.terraform.io/hashicorp/random\"]",
      "instances": [
        {
          "schema_version": 0,
          "attributes": {
            "id": "df0d85fe-5aed-afe2-8b67-eab652f7d695",
            "keepers": null,
            "result": "df0d85fe-5aed-afe2-8b67-eab652f7d695"
          },
          "sensitive_attributes": []
        }
      ]
    },
    {
      "mode": "managed",
      "type": "random_uuid",
      "name": "database_firewall_rule",
      "provider": "provider[\"registry.terraform.io/hashicorp/random\"]",
      "instances": [
        {
          "schema_version": 0,
          "attributes": {
            "id": "561d63c8-fe2e-db2b-36c6-53bd6310357f",
            "keepers": {
              "port": "7777",
              "subnet_cidr": "10.0.2.0/24"
            },
            "result": "561d63c8-fe2e-db2b-36c6-53bd6310357f"
          },
          "sensitive_attributes": []
        }
      ]
    },
    {
      "mode": "managed",
      "type": "random_uuid",
      "name": "nat_gateway_id",
      "provider": "provider[\"registry.terraform.io/hashicorp/random\"]",
      "instances": [
        {
          "schema_version": 0,
          "attributes": {
            "id": "029c3ee0-663e-fc2c-29df-3fc0ac108bae",
            "keepers": null,
            "result": "029c3ee0-663e-fc2c-29df-3fc0ac108bae"
          },
          "sensitive_attributes": [],
          "dependencies": [
            "data.local_file.environment",
            "module.private_subnet.random_uuid.route_table_id",
            "module.private_subnet.random_uuid.subnet_id",
            "module.public_subnet.random_uuid.route_table_id",
            "module.public_subnet.random_uuid.subnet_id",
            "random_uuid.vpc_id",
            "time_sleep.network_propagation"
          ]
        }
      ]
    },
    {
      "mode": "managed",
      "type": "random_uuid",
      "name": "vpc_id",
      "provider": "provider[\"registry.terraform.io/hashicorp/random\"]",
      "instances": [
        {
          "schema_version": 0,
          "attributes": {
            "id": "7ffe1664-48eb-5e1c-fef1-3a3e98a9c2f2",
            "keepers": null,
            "result": "7ffe1664-48eb-5e1c-fef1-3a3e98a9c2f2"
          },
          "sensitive_attributes": []
        }
      ]
    },
    {
      "mode": "managed",
      "type": "time_sleep",
      "name": "network_propagation",
      "provider": "provider[\"registry.terraform.io/hashicorp/time\"]",
      "instances": [
        {
          "schema_version": 0,
          "attributes": {
            "create_duration": "1s",
            "destroy_duration": null,
            "id": "2026-08-18T06:45:33Z",
            "triggers": null
          },
          "sensitive_attributes": [],
          "dependencies": [
            "data.local_file.environment",
            "module.private_subnet.random_uuid.route_table_id",
            "module.private_subnet.random_uuid.subnet_id",
            "module.public_subnet.random_uuid.route_table_id",
            "module.public_subnet.random_uuid.subnet_id",
            "random_uuid.vpc_id"
          ]
        }
      ]
    },
    {
      "mode": "managed",
      "type": "tls_private_key",
      "name": "deploy_signer",
      "provider": "provider[\"registry.terraform.io/hashicorp/tls\"]",
      "instances": [
        {
          "schema_version": 1,
          "attributes": {
            "algorithm": "ED25519",
            "ecdsa_curve": "P224",
            "id": "1d1c98ad669431b36a1298f428a0ac10a986622c",
            "private_key_openssh": "-----BEGIN OPENSSH PRIVATE KEY-----\nb3BlbnNzaC1rZXktdjEAAAAABG5vbmUAAAAEbm9uZQAAAAAAAAABAAAAMwAAAAtz\nc2gtZWQyNTUxOQAAACAb2PsCLD/R2fentnoE6mrovlyX2ytBasiFT92zs9LTdQAA\nAIjw1LaP8NS2jwAAAAtzc2gtZWQyNTUxOQAAACAb2PsCLD/R2fentnoE6mrovlyX\n2ytBasiFT92zs9LTdQAAAEDvbU9kwui8aSrbtMAh07SSI21iRV+q5tKaoxRqlvFb\nyxvY+wIsP9HZ96e2egTqaui+XJfbK0FqyIVP3bOz0tN1AAAAAAECAwQF\n-----END OPENSSH PRIVATE KEY-----\n",
            "private_key_pem": "-----BEGIN PRIVATE KEY-----\nMC4CAQAwBQYDK2VwBCIEIO9tT2TC6LxpKtu0wCHTtJIjbWJFX6rm0pqjFGqW8VvL\n-----END PRIVATE KEY-----\n",
            "private_key_pem_pkcs8": "-----BEGIN PRIVATE KEY-----\nMC4CAQAwBQYDK2VwBCIEIO9tT2TC6LxpKtu0wCHTtJIjbWJFX6rm0pqjFGqW8VvL\n-----END PRIVATE KEY-----\n",
            "public_key_fingerprint_md5": "9c:0b:ab:69:56:48:98:10:c2:65:61:35:26:96:46:de",
            "public_key_fingerprint_sha256": "SHA256:KAC0y0I30NU6w8v2h7dYHwcRO1bDhqEwFp0ywBtfFUQ",
            "public_key_openssh": "ssh-ed25519 AAAAC3NzaC1lZDI1NTE5AAAAIBvY+wIsP9HZ96e2egTqaui+XJfbK0FqyIVP3bOz0tN1\n",
            "public_key_pem": "-----BEGIN PUBLIC KEY-----\nMCowBQYDK2VwAyEAG9j7Aiw/0dn3p7Z6BOpq6L5cl9srQWrIhU/ds7PS03U=\n-----END PUBLIC KEY-----\n",
            "rsa_bits": 2048
          },
          "sensitive_attributes": [
            [
              {
                "type": "get_attr",
                "value": "private_key_pem_pkcs8"
              }
            ],
            [
              {
                "type": "get_attr",
                "value": "private_key_openssh"
              }
            ],
            [
              {
                "type": "get_attr",
                "value": "private_key_pem"
              }
            ]
          ]
        }
      ]
    },
    {
      "module": "module.cluster",
      "mode": "managed",
      "type": "random_string",
      "name": "kubeconfig",
      "provider": "provider[\"registry.terraform.io/hashicorp/random\"]",
      "instances": [
        {
          "schema_version": 2,
          "attributes": {
            "id": "vg=cc0[6u:af",
            "keepers": null,
            "length": 12,
            "lower": true,
            "min_lower": 0,
            "min_numeric": 0,
            "min_special": 0,
            "min_upper": 0,
            "number": true,
            "numeric": true,
            "override_special": null,
            "result": "vg=cc0[6u:af",
            "special": true,
            "upper": false
          },
          "sensitive_attributes": [],
          "dependencies": [
            "data.local_file.environment",
            "module.cluster.time_sleep.wait_10s",
            "module.private_subnet.random_uuid.route_table_id",
            "module.private_subnet.random_uuid.subnet_id",
            "module.public_subnet.random_uuid.route_table_id",
            "module.public_subnet.random_uuid.subnet_id",
            "random_uuid.vpc_id",
            "time_sleep.network_propagation"
          ]
        }
      ]
    },
    {
      "module": "module.cluster",
      "mode": "managed",
      "type": "random_uuid",
      "name": "cluster_id",
      "provider": "provider[\"registry.terraform.io/hashicorp/random\"]",
      "instances": [
        {
          "schema_version": 0,
          "attributes": {
            "id": "4e00a86c-b9c5-4993-7976-261cc47b8f87",
            "keepers": null,
            "result": "4e00a86c-b9c5-4993-7976-261cc47b8f87"
          },
          "sensitive_attributes": [],
          "dependencies": [
            "data.local_file.environment",
            "module.cluster.time_sleep.wait_10s",
            "module.private_subnet.random_uuid.route_table_id",
            "module.private_subnet.random_uuid.subnet_id",
            "module.public_subnet.random_uuid.route_table_id",
            "module.public_subnet.random_uuid.subnet_id",
            "random_uuid.vpc_id",
            "time_sleep.network_propagation"
          ]
        }
      ]
    },
    {
      "module": "module.cluster",
      "mode": "managed",
      "type": "random_uuid",
      "name": "node_group_id",
      "provider": "provider[\"registry.terraform.io/hashicorp/random\"]",
      "instances": [
        {
          "schema_version": 0,
          "attributes": {
            "id": "61754fdd-526d-ff66-dff7-e84b60c60483",
            "keepers": null,
            "result": "61754fdd-526d-ff66-dff7-e84b60c60483"
          },
          "sensitive_attributes": [],
          "dependencies": [
            "data.local_file.environment",
            "module.cluster.time_sleep.wait_10s",
            "module.private_subnet.random_uuid.route_table_id",
            "module.private_subnet.random_uuid.subnet_id",
            "module.public_subnet.random_uuid.route_table_id",
            "module.public_subnet.random_uuid.subnet_id",
            "random_uuid.vpc_id",
            "time_sleep.network_propagation"
          ]
        }
      ]
    },
    {
      "module": "module.cluster",
      "mode": "managed",
      "type": "time_sleep",
      "name": "wait_10s",
      "provider": "provider[\"registry.terraform.io/hashicorp/time\"]",
      "instances": [
        {
          "schema_version": 0,
          "attributes": {
            "create_duration": "10s",
            "destroy_duration": "10s",
            "id": "2026-08-18T06:45:43Z",
            "triggers": null
          },
          "sensitive_attributes": [],
          "dependencies": [
            "data.local_file.environment",
            "module.private_subnet.random_uuid.route_table_id",
            "module.private_subnet.random_uuid.subnet_id",
            "module.public_subnet.random_uuid.route_table_id",
            "module.public_subnet.random_uuid.subnet_id",
            "random_uuid.vpc_id",
            "time_sleep.network_propagation"
          ]
        }
      ]
    },
    {
      "module": "module.database",
      "mode": "managed",
      "type": "random_password",
      "name": "admin_password",
      "provider": "provider[\"registry.terraform.io/hashicorp/random\"]",
      "instances": [
        {
          "schema_version": 3,
          "attributes": {
            "bcrypt_hash": "$2a$10$GfDzxfu2l6x.leKKvdou7OnQCmfT5RfWjKZoK/MjHzzuKKtMYYwBa",
            "id": "none",
            "keepers": null,
            "length": 16,
            "lower": true,
            "min_lower": 0,
            "min_numeric": 0,
            "min_special": 0,
            "min_upper": 0,
            "number": true,
            "numeric": true,
            "override_special": null,
            "result": "Lnj*{q*}Gt]fG]xm",
            "special": true,
            "upper": true
          },
          "sensitive_attributes": [
            [
              {
                "type": "get_attr",
                "value": "result"
              }
            ],
            [
              {
                "type": "get_attr",
                "value": "bcrypt_hash"
              }
            ]
          ],
          "dependencies": [
            "module.database.time_sleep.wait_10s"
          ]
        }
      ]
    },
    {
      "module": "module.database",
      "mode": "managed",
      "type": "random_uuid",
      "name": "database_id",
      "provider": "provider[\"registry.terraform.io/hashicorp/random\"]",
      "instances": [
        {
          "schema_version": 0,
          "attributes": {
            "id": "aceea69c-391e-52c9-e70d-8fbc02e077bd",
            "keepers": null,
            "result": "aceea69c-391e-52c9-e70d-8fbc02e077bd"
          },
          "sensitive_attributes": [],
          "dependencies": [
            "module.database.time_sleep.wait_10s"
          ]
        }
      ]
    },
    {
      "module": "module.database",
      "mode": "managed",
      "type": "time_sleep",
      "name": "wait_10s",
      "provider": "provider[\"registry.terraform.io/hashicorp/time\"]",
      "instances": [
        {
          "schema_version": 0,
          "attributes": {
            "create_duration": "10s",
            "destroy_duration": "10s",
            "id": "2026-08-18T06:45:42Z",
            "triggers": null
          },
          "sensitive_attributes": []
        }
      ]
    },
    {
      "module": "module.private_subnet",
      "mode": "managed",
      "type": "random_uuid",
      "name": "route_table_id",
      "provider": "provider[\"registry.terraform.io/hashicorp/random\"]",
      "instances": [
        {
          "schema_version": 0,
          "attributes": {
            "id": "2717ff5c-5f91-eb02-e46f-a797d2e25977",
            "keepers": {
              "subnet_id": "2de5cff7-4f3a-7698-4c0a-fcf1067a8644"
            },
            "result": "2717ff5c-5f91-eb02-e46f-a797d2e25977"
          },
          "sensitive_attributes": [],
          "dependencies": [
            "module.private_subnet.random_uuid.subnet_id",
            "random_uuid.vpc_id"
          ]
        }
      ]
    },
    {
      "module": "module.private_subnet",
      "mode": "managed",
      "type": "random_uuid",
      "name": "subnet_id",
      "provider": "provider[\"registry.terraform.io/hashicorp/random\"]",
      "instances": [
        {
          "schema_version": 0,
          "attributes": {
            "id": "2de5cff7-4f3a-7698-4c0a-fcf1067a8644",
            "keepers": {
              "cidr": "10.0.2.0/24",
              "vpc_id": "7ffe1664-48eb-5e1c-fef1-3a3e98a9c2f2"
            },
            "result": "2de5cff7-4f3a-7698-4c0a-fcf1067a8644"
          },
          "sensitive_attributes": [],
          "dependencies": [
            "random_uuid.vpc_id"
          ]
        }
      ]
    },
    {
      "module": "module.public_subnet",
      "mode": "managed",
      "type": "random_uuid",
      "name": "route_table_id",
      "provider": "provider[\"registry.terraform.io/hashicorp/random\"]",
      "instances": [
        {
          "schema_version": 0,
          "attributes": {
            "id": "8b3d02ee-3528-7638-09ae-afb1c56ef806",
            "keepers": {
              "subnet_id": "63650326-14ac-8c5d-57c9-5b5d7a8cd1c3"
            },
            "result": "8b3d02ee-3528-7638-09ae-afb1c56ef806"
          },
          "sensitive_attributes": [],
          "dependencies": [
            "module.public_subnet.random_uuid.subnet_id",
            "random_uuid.vpc_id"
          ]
        }
      ]
    },
    {
      "module": "module.public_subnet",
      "mode": "managed",
      "type": "random_uuid",
      "name": "subnet_id",
      "provider": "provider[\"registry.terraform.io/hashicorp/random\"]",
      "instances": [
        {
          "schema_version": 0,
          "attributes": {
            "id": "63650326-14ac-8c5d-57c9-5b5d7a8cd1c3",
            "keepers": {
              "cidr": "10.0.1.0/24",
              "vpc_id": "7ffe1664-48eb-5e1c-fef1-3a3e98a9c2f2"
            },
            "result": "63650326-14ac-8c5d-57c9-5b5d7a8cd1c3"
          },
          "sensitive_attributes": [],
          "dependencies": [
            "random_uuid.vpc_id"
          ]
        }
      ]
    },
    {
      "module": "module.storefront_dns",
      "mode": "managed",
      "type": "random_uuid",
      "name": "record_id",
      "provider": "provider[\"registry.terraform.io/hashicorp/random\"]",
      "instances": [
        {
          "schema_version": 0,
          "attributes": {
            "id": "f0aceb97-8bf7-8146-c243-54527972a303",
            "keepers": {
              "name": "acme-prod-storefront",
              "target": "https://kubernetes-4e00a86c-b9c5-4993-7976-261cc47b8f87.amazonaws.com",
              "zone": "acme-dear-elephant.internal"
            },
            "result": "f0aceb97-8bf7-8146-c243-54527972a303"
          },
          "sensitive_attributes": [],
          "dependencies": [
            "data.local_file.environment",
            "module.cluster.random_uuid.cluster_id",
            "module.cluster.time_sleep.wait_10s",
            "module.private_subnet.random_uuid.route_table_id",
            "module.private_subnet.random_uuid.subnet_id",
            "module.public_subnet.random_uuid.route_table_id",
            "module.public_subnet.random_uuid.subnet_id",
            "random_pet.network_name",
            "random_uuid.vpc_id",
            "time_sleep.network_propagation"
          ]
        }
      ]
    }
  ],
  "check_results": null
}

