{
  "version": 4,
  "terraform_version": "1.8.3",
  "serial": 6,
  "lineage": "ec165dcc-0f99-e658-ed62-5f8e209032d8",
  "outputs": {},
  "resources": [
    {
      "mode": "managed",
      "type": "random_pet",
      "name": "network_name",
      "provider": "provider[\"registry.terraform.io/hashicorp/random\"]",
      "instances": [
        {
          "schema_version": 0,
          "attributes": {
            "id": "acme-dear-elephant",
            "keepers": null,
            "length": 2,
            "prefix": "acme",
            "separator": "-"
          },
          "sensitive_attributes": []
        }
      ]
    },
    {
      "mode": "managed",
      "type": "random_uuid",
      "name": "nat_gateway_id",
      "provider": "provider[\"registry.terraform.io/hashicorp/random\"]",
      "instances": [
        {
          "schema_version": 0,
          "attributes": {
            "id": "029c3ee0-663e-fc2c-29df-3fc0ac108bae",
            "keepers": null,
            "result": "029c3ee0-663e-fc2c-29df-3fc0ac108bae"
          },
          "sensitive_attributes": []
        }
      ]
    },
    {
      "mode": "managed",
      "type": "random_uuid",
      "name": "vpc_id",
      "provider": "provider[\"registry.terraform.io/hashicorp/random\"]",
      "instances": [
        {
          "schema_version": 0,
          "attributes": {
            "id": "7ffe1664-48eb-5e1c-fef1-3a3e98a9c2f2",
            "keepers": null,
            "result": "7ffe1664-48eb-5e1c-fef1-3a3e98a9c2f2"
          },
          "sensitive_attributes": []
        }
      ]
    },
    {
      "mode": "managed",
      "type": "time_sleep",
      "name": "network_propagation",
      "provider": "provider[\"registry.terraform.io/hashicorp/time\"]",
      "instances": [
        {
          "schema_version": 0,
          "attributes": {
            "create_duration": "1s",
            "destroy_duration": null,
            "id": "2026-08-18T06:45:33Z",
            "triggers": null
          },
          "sensitive_attributes": [],
          "dependencies": [
            "data.local_file.environment",
            "module.private_subnet.random_uuid.route_table_id",
            "module.private_subnet.random_uuid.subnet_id",
            "module.public_subnet.random_uuid.route_table_id",
            "module.public_subnet.random_uuid.subnet_id",
            "random_uuid.vpc_id"
          ]
        }
      ]
    },
    {
      "module": "module.private_subnet",
      "mode": "managed",
      "type": "random_uuid",
      "name": "route_table_id",
      "provider": "provider[\"registry.terraform.io/hashicorp/random\"]",
      "instances": [
        {
          "schema_version": 0,
          "attributes": {
            "id": "2717ff5c-5f91-eb02-e46f-a797d2e25977",
            "keepers": {
              "subnet_id": "2de5cff7-4f3a-7698-4c0a-fcf1067a8644"
            },
            "result": "2717ff5c-5f91-eb02-e46f-a797d2e25977"
          },
          "sensitive_attributes": []
        }
      ]
    },
    {
      "module": "module.private_subnet",
      "mode": "managed",
      "type": "random_uuid",
      "name": "subnet_id",
      "provider": "provider[\"registry.terraform.io/hashicorp/random\"]",
      "instances": [
        {
          "schema_version": 0,
          "attributes": {
            "id": "2de5cff7-4f3a-7698-4c0a-fcf1067a8644",
            "keepers": {
              "cidr": "10.0.2.0/24",
              "vpc_id": "7ffe1664-48eb-5e1c-fef1-3a3e98a9c2f2"
            },
            "result": "2de5cff7-4f3a-7698-4c0a-fcf1067a8644"
          },
          "sensitive_attributes": []
        }
      ]
    },
    {
      "module": "module.public_subnet",
      "mode": "managed",
      "type": "random_uuid",
      "name": "route_table_id",
      "provider": "provider[\"registry.terraform.io/hashicorp/random\"]",
      "instances": [
        {
          "schema_version": 0,
          "attributes": {
            "id": "8b3d02ee-3528-7638-09ae-afb1c56ef806",
            "keepers": {
              "subnet_id": "63650326-14ac-8c5d-57c9-5b5d7a8cd1c3"
            },
            "result": "8b3d02ee-3528-7638-09ae-afb1c56ef806"
          },
          "sensitive_attributes": []
        }
      ]
    },
    {
      "module": "module.public_subnet",
      "mode": "managed",
      "type": "random_uuid",
      "name": "subnet_id",
      "provider": "provider[\"registry.terraform.io/hashicorp/random\"]",
      "instances": [
        {
          "schema_version": 0,
          "attributes": {
            "id": "63650326-14ac-8c5d-57c9-5b5d7a8cd1c3",
            "keepers": {
              "cidr": "10.0.1.0/24",
              "vpc_id": "7ffe1664-48eb-5e1c-fef1-3a3e98a9c2f2"
            },
            "result": "63650326-14ac-8c5d-57c9-5b5d7a8cd1c3"
          },
          "sensitive_attributes": []
        }
      ]
    }
  ],
  "check_results": null
}
