{"version":4,"terraform_version":"1.9.0","serial":1,"lineage":"d21d3cf2-0b47-824f-ac92-85fd711872fb","outputs":{},"resources":[{"mode":"managed","type":"random_pet","name":"keep","provider":"provider[\"registry.opentofu.org/hashicorp/random\"]","instances":[{"schema_version":0,"attributes":{"id":"equal-turtle-loving-ladybug","keepers":null,"length":2,"prefix":"equal-turtle","separator":"-"},"sensitive_attributes":[],"dependencies":["random_pet.move_me"]}]},{"mode":"managed","type":"random_pet","name":"move_me","provider":"provider[\"registry.opentofu.org/hashicorp/random\"]","instances":[{"schema_version":0,"attributes":{"id":"equal-turtle","keepers":null,"length":2,"prefix":null,"separator":"-"},"sensitive_attributes":[]}]}],"check_results":null}
