{
  "version": 4,
  "terraform_version": "1.8.3",
  "serial": 39,
  "lineage": "9b12d6d5-6cd3-5fbf-0687-9a25bc4ba11c",
  "outputs": {
    "app_fqdn": {
      "value": "acme-prod-storefront.acme-modern-osprey.internal",
      "type": "string"
    },
    "cluster_endpoint": {
      "value": "https://kubernetes-94f9e223-3808-b527-ca70-4a542cf9a7f3.amazonaws.com",
      "type": "string"
    },
    "database_endpoint": {
      "value": "acme-prod-orders-a6afc566-822c-f78f-0d93-30ee99ae5561.some.cloudprovider.com",
      "type": "string"
    },
    "deploy_key_fingerprint": {
      "value": "90:10:b4:0e:3b:72:90:dd:0e:17:e3:14:f6:0d:86:20",
      "type": "string"
    },
    "vpc_id": {
      "value": "16a3c976-bdf6-aff0-966c-9f9aef117db3",
      "type": "string"
    }
  },
  "resources": [
    {
      "mode": "data",
      "type": "local_file",
      "name": "environment",
      "provider": "provider[\"registry.terraform.io/hashicorp/local\"]",
      "instances": [
        {
          "schema_version": 0,
          "attributes": {
            "content": "{\n  \"environment\": \"prod\",\n  \"database\": {\n    \"name\": \"orders\",\n    \"sku\": \"db.t3.small\"\n  },\n  \"cluster\": {\n    \"kubernetes_version\": \"1.28\",\n    \"node_instance_type\": \"m5.large\",\n    \"node_count\": 2\n  },\n  \"app\": {\n    \"name\": \"storefront\",\n    \"replicas\": 3\n  }\n}\n",
            "content_base64": "ewogICJlbnZpcm9ubWVudCI6ICJwcm9kIiwKICAiZGF0YWJhc2UiOiB7CiAgICAibmFtZSI6ICJvcmRlcnMiLAogICAgInNrdSI6ICJkYi50My5zbWFsbCIKICB9LAogICJjbHVzdGVyIjogewogICAgImt1YmVybmV0ZXNfdmVyc2lvbiI6ICIxLjI4IiwKICAgICJub2RlX2luc3RhbmNlX3R5cGUiOiAibTUubGFyZ2UiLAogICAgIm5vZGVfY291bnQiOiAyCiAgfSwKICAiYXBwIjogewogICAgIm5hbWUiOiAic3RvcmVmcm9udCIsCiAgICAicmVwbGljYXMiOiAzCiAgfQp9Cg==",
            "content_base64sha256": "DzbIXPURR5ZuW0C2E5+0wqKmiUIEx49rWJnKqwO0x0M=",
            "content_base64sha512": "E5xbKzfLCOhdnGZmBg5c8GXi3M7xeggHv2W6QDF7/W85VheAoZ5yWfaJNXmZVSibEZKnF970DoUdej2wHI4lFA==",
            "content_md5": "28c9ba3ff287c0c898ef52dc2147226a",
            "content_sha1": "4440cc9dee59ca0ac6abefdac3a984b59d71ca0c",
            "content_sha256": "0f36c85cf51147966e5b40b6139fb4c2a2a6894204c78f6b5899caab03b4c743",
            "content_sha512": "139c5b2b37cb08e85d9c6666060e5cf065e2dccef17a0807bf65ba40317bfd6f39561780a19e7259f68935799955289b1192a717def40e851d7a3db01c8e2514",
            "filename": "./config/environment.json",
            "id": "4440cc9dee59ca0ac6abefdac3a984b59d71ca0c"
          },
          "sensitive_attributes": []
        }
      ]
    },
    {
      "mode": "data",
      "type": "tls_public_key",
      "name": "deploy_key",
      "provider": "provider[\"registry.terraform.io/hashicorp/tls\"]",
      "instances": [
        {
          "schema_version": 0,
          "attributes": {
            "algorithm": "ED25519",
            "id": "5aec14c2166b3239e21334f8c18708ea3e05b175",
            "private_key_openssh": null,
            "private_key_pem": "-----BEGIN PRIVATE KEY-----\nMC4CAQAwBQYDK2VwBCIEIORfsOLPoFtVuzMPQ0x8ykhTAsG+yf3okZn5eor9Upcw\n-----END PRIVATE KEY-----\n",
            "public_key_fingerprint_md5": "90:10:b4:0e:3b:72:90:dd:0e:17:e3:14:f6:0d:86:20",
            "public_key_fingerprint_sha256": "SHA256:lNNDDoL6Jf0II4NxTzzxRogJTK9HHPYKhaHnqwTJM5M",
            "public_key_openssh": "ssh-ed25519 AAAAC3NzaC1lZDI1NTE5AAAAIExMI3UUm5ZX70Lfnxx4sF5u3+/sWLFyCaQKCJmkTTRo\n",
            "public_key_pem": "-----BEGIN PUBLIC KEY-----\nMCowBQYDK2VwAyEATEwjdRSbllfvQt+fHHiwXm7f7+xYsXIJpAoImaRNNGg=\n-----END PUBLIC KEY-----\n"
          },
          "sensitive_attributes": [
            [
              {
                "type": "get_attr",
                "value": "private_key_openssh"
              }
            ],
            [
              {
                "type": "get_attr",
                "value": "private_key_pem"
              }
            ]
          ]
        }
      ]
    },
    {
      "mode": "managed",
      "type": "random_pet",
      "name": "backup_plan",
      "provider": "provider[\"registry.terraform.io/hashicorp/random\"]",
      "instances": [
        {
          "schema_version": 0,
          "attributes": {
            "id": "national-grub",
            "keepers": null,
            "length": 2,
            "prefix": null,
            "separator": "-"
          },
          "sensitive_attributes": []
        }
      ]
    },
    {
      "mode": "managed",
      "type": "random_uuid",
      "name": "audit_log_bucket_id",
      "provider": "provider[\"registry.terraform.io/hashicorp/random\"]",
      "instances": [
        {
          "schema_version": 0,
          "attributes": {
            "id": "341f3843-44ef-e652-4c26-7ee3546031b1",
            "keepers": null,
            "result": "341f3843-44ef-e652-4c26-7ee3546031b1"
          },
          "sensitive_attributes": []
        }
      ]
    }
  ],
  "check_results": null
}
