{
  "version": 4,
  "terraform_version": "1.8.3",
  "serial": 3,
  "lineage": "6b7ef817-189e-27e2-57ab-a94f3242966d",
  "outputs": {},
  "resources": [
    {
      "mode": "managed",
      "type": "random_pet",
      "name": "fp_tag",
      "provider": "provider[\"registry.terraform.io/hashicorp/random\"]",
      "instances": [
        {
          "schema_version": 0,
          "attributes": {
            "id": "firstly-upward-heron",
            "keepers": {
              "fp": "ea:6d:8e:82:02:d5:8b:7b:29:45:05:07:cf:6c:83:24"
            },
            "length": 3,
            "prefix": null,
            "separator": "-"
          },
          "sensitive_attributes": []
        }
      ]
    },
    {
      "mode": "managed",
      "type": "random_string",
      "name": "token",
      "provider": "provider[\"registry.terraform.io/hashicorp/random\"]",
      "instances": [
        {
          "schema_version": 2,
          "attributes": {
            "id": "dQHvFS9fACaf",
            "keepers": null,
            "length": 12,
            "lower": true,
            "min_lower": 0,
            "min_numeric": 0,
            "min_special": 0,
            "min_upper": 0,
            "number": true,
            "numeric": true,
            "override_special": null,
            "result": "dQHvFS9fACaf",
            "special": false,
            "upper": true
          },
          "sensitive_attributes": []
        }
      ]
    },
    {
      "mode": "managed",
      "type": "tls_private_key",
      "name": "signer",
      "provider": "provider[\"registry.terraform.io/hashicorp/tls\"]",
      "instances": [
        {
          "schema_version": 1,
          "attributes": {
            "algorithm": "ED25519",
            "ecdsa_curve": "P224",
            "id": "a09cddeb88c9c0fab75550d1306ef8f160d9f882",
            "private_key_openssh": "-----BEGIN OPENSSH PRIVATE KEY-----\nb3BlbnNzaC1rZXktdjEAAAAABG5vbmUAAAAEbm9uZQAAAAAAAAABAAAAMwAAAAtz\nc2gtZWQyNTUxOQAAACAvrPvSph50h5juJKzAy6VbrlvwSV2erHJ1TjtKXm0G3AAA\nAIjwBQN18AUDdQAAAAtzc2gtZWQyNTUxOQAAACAvrPvSph50h5juJKzAy6Vbrlvw\nSV2erHJ1TjtKXm0G3AAAAEDCEhqMpk357/ByBgUF77OtxWd1HHea57ScfdOo07ST\nSi+s+9KmHnSHmO4krMDLpVuuW/BJXZ6scnVOO0pebQbcAAAAAAECAwQF\n-----END OPENSSH PRIVATE KEY-----\n",
            "private_key_pem": "-----BEGIN PRIVATE KEY-----\nMC4CAQAwBQYDK2VwBCIEIMISGoymTfnv8HIGBQXvs63FZ3Ucd5rntJx906jTtJNK\n-----END PRIVATE KEY-----\n",
            "private_key_pem_pkcs8": "-----BEGIN PRIVATE KEY-----\nMC4CAQAwBQYDK2VwBCIEIMISGoymTfnv8HIGBQXvs63FZ3Ucd5rntJx906jTtJNK\n-----END PRIVATE KEY-----\n",
            "public_key_fingerprint_md5": "ea:6d:8e:82:02:d5:8b:7b:29:45:05:07:cf:6c:83:24",
            "public_key_fingerprint_sha256": "SHA256:d+CoxcH19r6TE2Gunlje3Vbc+fVljdWiD6bNlQ0VYOM",
            "public_key_openssh": "ssh-ed25519 AAAAC3NzaC1lZDI1NTE5AAAAIC+s+9KmHnSHmO4krMDLpVuuW/BJXZ6scnVOO0pebQbc\n",
            "public_key_pem": "-----BEGIN PUBLIC KEY-----\nMCowBQYDK2VwAyEAL6z70qYedIeY7iSswMulW65b8EldnqxydU47Sl5tBtw=\n-----END PUBLIC KEY-----\n",
            "rsa_bits": 2048
          },
          "sensitive_attributes": [
            [
              {
                "type": "get_attr",
                "value": "private_key_openssh"
              }
            ],
            [
              {
                "type": "get_attr",
                "value": "private_key_pem"
              }
            ],
            [
              {
                "type": "get_attr",
                "value": "private_key_pem_pkcs8"
              }
            ]
          ]
        }
      ]
    }
  ],
  "check_results": null
}
