{
  "version": 4,
  "terraform_version": "1.8.3",
  "serial": 4,
  "lineage": "e3cb7dec-bf41-0d19-e475-1504f6af7775",
  "outputs": {},
  "resources": [
    {
      "mode": "managed",
      "type": "random_pet",
      "name": "instance",
      "provider": "provider[\"registry.terraform.io/hashicorp/random\"]",
      "instances": [
        {
          "schema_version": 0,
          "attributes": {
            "id": "firstly-fast-haddock",
            "keepers": {
              "fp": "firstly-upward-heron",
              "gen": "subtle-coral",
              "ld": "firstly-upward-heron",
              "lm": "subtle-coral",
              "lr": "8833",
              "net": "8833",
              "tagged": "demo-instance",
              "token": "dQHvFS9fACaf"
            },
            "length": 3,
            "prefix": null,
            "separator": "-"
          },
          "sensitive_attributes": [],
          "dependencies": [
            "data.tls_public_key.pub",
            "module.idgen.random_pet.id",
            "random_integer.net_id",
            "random_pet.fp_tag",
            "random_string.token",
            "tls_private_key.signer"
          ]
        }
      ]
    },
    {
      "mode": "managed",
      "type": "tls_private_key",
      "name": "cert",
      "provider": "provider[\"registry.terraform.io/hashicorp/tls\"]",
      "instances": [
        {
          "schema_version": 1,
          "attributes": {
            "algorithm": "ED25519",
            "ecdsa_curve": "P224",
            "id": "d71353ac893b8e49b18e4de5da7140e26d646bf2",
            "private_key_openssh": "-----BEGIN OPENSSH PRIVATE KEY-----\nb3BlbnNzaC1rZXktdjEAAAAABG5vbmUAAAAEbm9uZQAAAAAAAAABAAAAMwAAAAtz\nc2gtZWQyNTUxOQAAACCseGzimP+A3V5Yo0/ajQNnY3Hm/YZ1mmBY9eiQ8fP+rwAA\nAIjtNBQq7TQUKgAAAAtzc2gtZWQyNTUxOQAAACCseGzimP+A3V5Yo0/ajQNnY3Hm\n/YZ1mmBY9eiQ8fP+rwAAAEBfDsUk4rtMzcyJ/W13J2auIirCCtmLUaO7G8ky8lei\n06x4bOKY/4DdXlijT9qNA2djceb9hnWaYFj16JDx8/6vAAAAAAECAwQF\n-----END OPENSSH PRIVATE KEY-----\n",
            "private_key_pem": "-----BEGIN PRIVATE KEY-----\nMC4CAQAwBQYDK2VwBCIEIF8OxSTiu0zNzIn9bXcnZq4iKsIK2YtRo7sbyTLyV6LT\n-----END PRIVATE KEY-----\n",
            "private_key_pem_pkcs8": "-----BEGIN PRIVATE KEY-----\nMC4CAQAwBQYDK2VwBCIEIF8OxSTiu0zNzIn9bXcnZq4iKsIK2YtRo7sbyTLyV6LT\n-----END PRIVATE KEY-----\n",
            "public_key_fingerprint_md5": "54:59:56:55:7b:22:8f:8a:e1:09:11:61:dc:fd:a9:db",
            "public_key_fingerprint_sha256": "SHA256:sAY+FQcVdTIekzWyVaIwfTh2M3hevuAlTVEkpKwRq2o",
            "public_key_openssh": "ssh-ed25519 AAAAC3NzaC1lZDI1NTE5AAAAIKx4bOKY/4DdXlijT9qNA2djceb9hnWaYFj16JDx8/6v\n",
            "public_key_pem": "-----BEGIN PUBLIC KEY-----\nMCowBQYDK2VwAyEArHhs4pj/gN1eWKNP2o0DZ2Nx5v2GdZpgWPXokPHz/q8=\n-----END PUBLIC KEY-----\n",
            "rsa_bits": 2048
          },
          "sensitive_attributes": [
            [
              {
                "type": "get_attr",
                "value": "private_key_pem_pkcs8"
              }
            ],
            [
              {
                "type": "get_attr",
                "value": "private_key_openssh"
              }
            ],
            [
              {
                "type": "get_attr",
                "value": "private_key_pem"
              }
            ]
          ]
        }
      ]
    },
    {
      "mode": "managed",
      "type": "tls_private_key",
      "name": "cert_by_module",
      "provider": "provider[\"registry.terraform.io/hashicorp/tls\"].by_module",
      "instances": [
        {
          "schema_version": 1,
          "attributes": {
            "algorithm": "ED25519",
            "ecdsa_curve": "P224",
            "id": "17cb52888e8cf2b6d916303ca6938937cc3a8a48",
            "private_key_openssh": "-----BEGIN OPENSSH PRIVATE KEY-----\nb3BlbnNzaC1rZXktdjEAAAAABG5vbmUAAAAEbm9uZQAAAAAAAAABAAAAMwAAAAtz\nc2gtZWQyNTUxOQAAACDFH2iUsBvtkuMZgpf81rHxoq108ykZxAJ1TE+PSIf7UwAA\nAIgs5Y7ALOWOwAAAAAtzc2gtZWQyNTUxOQAAACDFH2iUsBvtkuMZgpf81rHxoq10\n8ykZxAJ1TE+PSIf7UwAAAEBHTcnlFjEFhJw2GjEAM9+CkVtnYdSyPDybPcHguJI5\necUfaJSwG+2S4xmCl/zWsfGirXTzKRnEAnVMT49Ih/tTAAAAAAECAwQF\n-----END OPENSSH PRIVATE KEY-----\n",
            "private_key_pem": "-----BEGIN PRIVATE KEY-----\nMC4CAQAwBQYDK2VwBCIEIEdNyeUWMQWEnDYaMQAz34KRW2dh1LI8PJs9weC4kjl5\n-----END PRIVATE KEY-----\n",
            "private_key_pem_pkcs8": "-----BEGIN PRIVATE KEY-----\nMC4CAQAwBQYDK2VwBCIEIEdNyeUWMQWEnDYaMQAz34KRW2dh1LI8PJs9weC4kjl5\n-----END PRIVATE KEY-----\n",
            "public_key_fingerprint_md5": "ce:8c:6e:a0:f1:17:d3:66:eb:25:d6:d9:9f:4a:4a:06",
            "public_key_fingerprint_sha256": "SHA256:RKGK+Gb38ZF4rmf9yPl7WAMEh/kp2Ld7X5JT06S/3mY",
            "public_key_openssh": "ssh-ed25519 AAAAC3NzaC1lZDI1NTE5AAAAIMUfaJSwG+2S4xmCl/zWsfGirXTzKRnEAnVMT49Ih/tT\n",
            "public_key_pem": "-----BEGIN PUBLIC KEY-----\nMCowBQYDK2VwAyEAxR9olLAb7ZLjGYKX/Nax8aKtdPMpGcQCdUxPj0iH+1M=\n-----END PUBLIC KEY-----\n",
            "rsa_bits": 2048
          },
          "sensitive_attributes": [
            [
              {
                "type": "get_attr",
                "value": "private_key_pem_pkcs8"
              }
            ],
            [
              {
                "type": "get_attr",
                "value": "private_key_pem"
              }
            ],
            [
              {
                "type": "get_attr",
                "value": "private_key_openssh"
              }
            ]
          ],
          "dependencies": [
            "module.idgen.random_pet.id",
            "random_integer.net_id",
            "random_string.token"
          ]
        }
      ]
    },
    {
      "mode": "managed",
      "type": "tls_private_key",
      "name": "cert_by_resource",
      "provider": "provider[\"registry.terraform.io/hashicorp/tls\"].by_resource",
      "instances": [
        {
          "schema_version": 1,
          "attributes": {
            "algorithm": "ED25519",
            "ecdsa_curve": "P224",
            "id": "f4326590ed055f4a1b6396fdc92f7e7ef207f99e",
            "private_key_openssh": "-----BEGIN OPENSSH PRIVATE KEY-----\nb3BlbnNzaC1rZXktdjEAAAAABG5vbmUAAAAEbm9uZQAAAAAAAAABAAAAMwAAAAtz\nc2gtZWQyNTUxOQAAACAYYkYwn4jPxuvvCoI+xNsEnAGd6NbMhbS2yCPWi28m8wAA\nAIjvbPdq72z3agAAAAtzc2gtZWQyNTUxOQAAACAYYkYwn4jPxuvvCoI+xNsEnAGd\n6NbMhbS2yCPWi28m8wAAAEBJ22ib5JgTtMKwXSIL7q9HUn8dmpxU9dALEzETMqGl\nbBhiRjCfiM/G6+8Kgj7E2wScAZ3o1syFtLbII9aLbybzAAAAAAECAwQF\n-----END OPENSSH PRIVATE KEY-----\n",
            "private_key_pem": "-----BEGIN PRIVATE KEY-----\nMC4CAQAwBQYDK2VwBCIEIEnbaJvkmBO0wrBdIgvur0dSfx2anFT10AsTMRMyoaVs\n-----END PRIVATE KEY-----\n",
            "private_key_pem_pkcs8": "-----BEGIN PRIVATE KEY-----\nMC4CAQAwBQYDK2VwBCIEIEnbaJvkmBO0wrBdIgvur0dSfx2anFT10AsTMRMyoaVs\n-----END PRIVATE KEY-----\n",
            "public_key_fingerprint_md5": "4d:46:f4:1e:97:d2:84:98:40:e9:61:7f:d0:f0:85:2a",
            "public_key_fingerprint_sha256": "SHA256:+n9fyCQJjo0gNhvl5rJRhqGYpxNVh9afsuiP4lHAYiM",
            "public_key_openssh": "ssh-ed25519 AAAAC3NzaC1lZDI1NTE5AAAAIBhiRjCfiM/G6+8Kgj7E2wScAZ3o1syFtLbII9aLbybz\n",
            "public_key_pem": "-----BEGIN PUBLIC KEY-----\nMCowBQYDK2VwAyEAGGJGMJ+Iz8br7wqCPsTbBJwBnejWzIW0tsgj1otvJvM=\n-----END PUBLIC KEY-----\n",
            "rsa_bits": 2048
          },
          "sensitive_attributes": [
            [
              {
                "type": "get_attr",
                "value": "private_key_pem_pkcs8"
              }
            ],
            [
              {
                "type": "get_attr",
                "value": "private_key_openssh"
              }
            ],
            [
              {
                "type": "get_attr",
                "value": "private_key_pem"
              }
            ]
          ],
          "dependencies": [
            "random_pet.net_name"
          ]
        }
      ]
    }
  ],
  "check_results": null
}
