{
  "version": 4,
  "terraform_version": "1.8.3",
  "serial": 19,
  "lineage": "14c3f95d-dc00-998b-a919-7713d6f7b2c3",
  "outputs": {
    "app_fqdn": {
      "value": "acme-prod-storefront.acme-tight-locust.internal",
      "type": "string"
    },
    "cluster_endpoint": {
      "value": "https://79882545-6fa8-9e17-81a8-173d58807db5.cluster.internal",
      "type": "string"
    },
    "database_endpoint": {
      "value": "acme-prod-orders-b3cfb665-474e-d703-6f1a-d0a86182ff9b.db.internal",
      "type": "string"
    },
    "deploy_key_fingerprint": {
      "value": "16:ff:e9:b1:02:57:3d:a7:f8:61:ad:ce:df:c9:30:45",
      "type": "string"
    },
    "vpc_id": {
      "value": "c3a8e77b-ab0f-1af2-c019-9c911d8a72d0",
      "type": "string"
    }
  },
  "resources": [
    {
      "mode": "data",
      "type": "local_file",
      "name": "environment",
      "provider": "provider[\"registry.terraform.io/hashicorp/local\"]",
      "instances": [
        {
          "schema_version": 0,
          "attributes": {
            "content": "{\n  \"environment\": \"prod\",\n  \"database\": {\n    \"name\": \"orders\",\n    \"sku\": \"db.t3.small\"\n  },\n  \"cluster\": {\n    \"kubernetes_version\": \"1.28\",\n    \"node_instance_type\": \"m5.large\",\n    \"node_count\": 2\n  },\n  \"app\": {\n    \"name\": \"storefront\",\n    \"replicas\": 3\n  }\n}\n",
            "content_base64": "ewogICJlbnZpcm9ubWVudCI6ICJwcm9kIiwKICAiZGF0YWJhc2UiOiB7CiAgICAibmFtZSI6ICJvcmRlcnMiLAogICAgInNrdSI6ICJkYi50My5zbWFsbCIKICB9LAogICJjbHVzdGVyIjogewogICAgImt1YmVybmV0ZXNfdmVyc2lvbiI6ICIxLjI4IiwKICAgICJub2RlX2luc3RhbmNlX3R5cGUiOiAibTUubGFyZ2UiLAogICAgIm5vZGVfY291bnQiOiAyCiAgfSwKICAiYXBwIjogewogICAgIm5hbWUiOiAic3RvcmVmcm9udCIsCiAgICAicmVwbGljYXMiOiAzCiAgfQp9Cg==",
            "content_base64sha256": "DzbIXPURR5ZuW0C2E5+0wqKmiUIEx49rWJnKqwO0x0M=",
            "content_base64sha512": "E5xbKzfLCOhdnGZmBg5c8GXi3M7xeggHv2W6QDF7/W85VheAoZ5yWfaJNXmZVSibEZKnF970DoUdej2wHI4lFA==",
            "content_md5": "28c9ba3ff287c0c898ef52dc2147226a",
            "content_sha1": "4440cc9dee59ca0ac6abefdac3a984b59d71ca0c",
            "content_sha256": "0f36c85cf51147966e5b40b6139fb4c2a2a6894204c78f6b5899caab03b4c743",
            "content_sha512": "139c5b2b37cb08e85d9c6666060e5cf065e2dccef17a0807bf65ba40317bfd6f39561780a19e7259f68935799955289b1192a717def40e851d7a3db01c8e2514",
            "filename": "./config/environment.json",
            "id": "4440cc9dee59ca0ac6abefdac3a984b59d71ca0c"
          },
          "sensitive_attributes": []
        }
      ]
    },
    {
      "mode": "data",
      "type": "tls_public_key",
      "name": "deploy_key",
      "provider": "provider[\"registry.terraform.io/hashicorp/tls\"]",
      "instances": [
        {
          "schema_version": 0,
          "attributes": {
            "algorithm": "ED25519",
            "id": "7330e1660c4cd86dde2031359a17e49c63590736",
            "private_key_openssh": null,
            "private_key_pem": "-----BEGIN PRIVATE KEY-----\nMC4CAQAwBQYDK2VwBCIEIJDgNRZqOfufKsv0kIP0kUODVBN8C/XlPS/P0H9u+K0Q\n-----END PRIVATE KEY-----\n",
            "public_key_fingerprint_md5": "16:ff:e9:b1:02:57:3d:a7:f8:61:ad:ce:df:c9:30:45",
            "public_key_fingerprint_sha256": "SHA256:9CU12RITGfVYqCFxM1zs5GkKAuCdBNz0cAp5f0pgCuY",
            "public_key_openssh": "ssh-ed25519 AAAAC3NzaC1lZDI1NTE5AAAAIECmyG34dt+tSi9hK8Usl4EvUxUGxWnURYIcyCYBtTuv\n",
            "public_key_pem": "-----BEGIN PUBLIC KEY-----\nMCowBQYDK2VwAyEAQKbIbfh2361KL2ErxSyXgS9TFQbFadRFghzIJgG1O68=\n-----END PUBLIC KEY-----\n"
          },
          "sensitive_attributes": [
            [
              {
                "type": "get_attr",
                "value": "private_key_openssh"
              }
            ],
            [
              {
                "type": "get_attr",
                "value": "private_key_pem"
              }
            ]
          ]
        }
      ]
    },
    {
      "mode": "managed",
      "type": "random_password",
      "name": "app_session_secret",
      "provider": "provider[\"registry.terraform.io/hashicorp/random\"]",
      "instances": [
        {
          "schema_version": 3,
          "attributes": {
            "bcrypt_hash": "$2a$10$si/mkd5jfCe0jmw1jaOa/eh133s2QpiR/XYY687k4OOIeYzPzynBu",
            "id": "none",
            "keepers": null,
            "length": 24,
            "lower": true,
            "min_lower": 0,
            "min_numeric": 0,
            "min_special": 0,
            "min_upper": 0,
            "number": true,
            "numeric": true,
            "override_special": null,
            "result": "yQuBWeHE96hkIynDf7b1sGry",
            "special": false,
            "upper": true
          },
          "sensitive_attributes": [
            [
              {
                "type": "get_attr",
                "value": "bcrypt_hash"
              }
            ],
            [
              {
                "type": "get_attr",
                "value": "result"
              }
            ]
          ]
        }
      ]
    },
    {
      "mode": "managed",
      "type": "random_pet",
      "name": "app_release",
      "provider": "provider[\"registry.terraform.io/hashicorp/random\"]",
      "instances": [
        {
          "schema_version": 0,
          "attributes": {
            "id": "acme-prod-storefront-proven-llama",
            "keepers": {
              "cluster": "79882545-6fa8-9e17-81a8-173d58807db5",
              "db_endpoint": "acme-prod-orders-b3cfb665-474e-d703-6f1a-d0a86182ff9b.db.internal",
              "db_port": "7777",
              "deploy_key": "16:ff:e9:b1:02:57:3d:a7:f8:61:ad:ce:df:c9:30:45",
              "replicas": "3",
              "zone": "acme-tight-locust.internal"
            },
            "length": 2,
            "prefix": "acme-prod-storefront",
            "separator": "-"
          },
          "sensitive_attributes": [],
          "dependencies": [
            "data.local_file.environment",
            "data.tls_public_key.deploy_key",
            "module.cluster.random_uuid.cluster_id",
            "module.database.random_uuid.database_id",
            "module.private_subnet.random_uuid.subnet_id",
            "module.public_subnet.random_uuid.subnet_id",
            "random_pet.network_name",
            "random_uuid.nat_gateway_id",
            "random_uuid.vpc_id",
            "tls_private_key.deploy_signer"
          ]
        }
      ]
    },
    {
      "mode": "managed",
      "type": "random_pet",
      "name": "backup_plan",
      "provider": "provider[\"registry.terraform.io/hashicorp/random\"]",
      "instances": [
        {
          "schema_version": 0,
          "attributes": {
            "id": "wondrous-panther",
            "keepers": null,
            "length": 2,
            "prefix": null,
            "separator": "-"
          },
          "sensitive_attributes": []
        }
      ]
    },
    {
      "mode": "managed",
      "type": "random_pet",
      "name": "network_name",
      "provider": "provider[\"registry.terraform.io/hashicorp/random\"]",
      "instances": [
        {
          "schema_version": 0,
          "attributes": {
            "id": "acme-tight-locust",
            "keepers": null,
            "length": 2,
            "prefix": "acme",
            "separator": "-"
          },
          "sensitive_attributes": []
        }
      ]
    },
    {
      "mode": "managed",
      "type": "random_pet",
      "name": "node_pool",
      "provider": "provider[\"registry.terraform.io/hashicorp/random\"]",
      "instances": [
        {
          "schema_version": 0,
          "attributes": {
            "id": "acme-prod-cluster-glowing-stinkbug",
            "keepers": {
              "nodes": "2",
              "version": "1.28"
            },
            "length": 2,
            "prefix": "acme-prod-cluster",
            "separator": "-"
          },
          "sensitive_attributes": [],
          "dependencies": [
            "data.local_file.environment"
          ]
        }
      ]
    },
    {
      "mode": "managed",
      "type": "random_uuid",
      "name": "audit_log_bucket_id",
      "provider": "provider[\"registry.terraform.io/hashicorp/random\"]",
      "instances": [
        {
          "schema_version": 0,
          "attributes": {
            "id": "e357c98e-eb40-d566-fde7-be2ce9c64d42",
            "keepers": null,
            "result": "e357c98e-eb40-d566-fde7-be2ce9c64d42"
          },
          "sensitive_attributes": []
        }
      ]
    },
    {
      "mode": "managed",
      "type": "random_uuid",
      "name": "database_firewall_rule",
      "provider": "provider[\"registry.terraform.io/hashicorp/random\"]",
      "instances": [
        {
          "schema_version": 0,
          "attributes": {
            "id": "9a2788b7-aba1-ad00-4027-e74a9305aa30",
            "keepers": {
              "port": "7777",
              "subnet_cidr": "10.0.2.0/24"
            },
            "result": "9a2788b7-aba1-ad00-4027-e74a9305aa30"
          },
          "sensitive_attributes": []
        }
      ]
    },
    {
      "mode": "managed",
      "type": "random_uuid",
      "name": "nat_gateway_id",
      "provider": "provider[\"registry.terraform.io/hashicorp/random\"]",
      "instances": [
        {
          "schema_version": 0,
          "attributes": {
            "id": "8f61303d-df21-7665-6e96-308e28c71689",
            "keepers": {
              "vpc": "c3a8e77b-ab0f-1af2-c019-9c911d8a72d0"
            },
            "result": "8f61303d-df21-7665-6e96-308e28c71689"
          },
          "sensitive_attributes": [],
          "dependencies": [
            "random_uuid.vpc_id"
          ]
        }
      ]
    },
    {
      "mode": "managed",
      "type": "random_uuid",
      "name": "vpc_id",
      "provider": "provider[\"registry.terraform.io/hashicorp/random\"]",
      "instances": [
        {
          "schema_version": 0,
          "attributes": {
            "id": "c3a8e77b-ab0f-1af2-c019-9c911d8a72d0",
            "keepers": null,
            "result": "c3a8e77b-ab0f-1af2-c019-9c911d8a72d0"
          },
          "sensitive_attributes": []
        }
      ]
    },
    {
      "mode": "managed",
      "type": "tls_private_key",
      "name": "deploy_signer",
      "provider": "provider[\"registry.terraform.io/hashicorp/tls\"]",
      "instances": [
        {
          "schema_version": 1,
          "attributes": {
            "algorithm": "ED25519",
            "ecdsa_curve": "P224",
            "id": "7330e1660c4cd86dde2031359a17e49c63590736",
            "private_key_openssh": "-----BEGIN OPENSSH PRIVATE KEY-----\nb3BlbnNzaC1rZXktdjEAAAAABG5vbmUAAAAEbm9uZQAAAAAAAAABAAAAMwAAAAtz\nc2gtZWQyNTUxOQAAACBApsht+HbfrUovYSvFLJeBL1MVBsVp1EWCHMgmAbU7rwAA\nAIglN9EXJTfRFwAAAAtzc2gtZWQyNTUxOQAAACBApsht+HbfrUovYSvFLJeBL1MV\nBsVp1EWCHMgmAbU7rwAAAECQ4DUWajn7nyrL9JCD9JFDg1QTfAv15T0vz9B/bvit\nEECmyG34dt+tSi9hK8Usl4EvUxUGxWnURYIcyCYBtTuvAAAAAAECAwQF\n-----END OPENSSH PRIVATE KEY-----\n",
            "private_key_pem": "-----BEGIN PRIVATE KEY-----\nMC4CAQAwBQYDK2VwBCIEIJDgNRZqOfufKsv0kIP0kUODVBN8C/XlPS/P0H9u+K0Q\n-----END PRIVATE KEY-----\n",
            "private_key_pem_pkcs8": "-----BEGIN PRIVATE KEY-----\nMC4CAQAwBQYDK2VwBCIEIJDgNRZqOfufKsv0kIP0kUODVBN8C/XlPS/P0H9u+K0Q\n-----END PRIVATE KEY-----\n",
            "public_key_fingerprint_md5": "16:ff:e9:b1:02:57:3d:a7:f8:61:ad:ce:df:c9:30:45",
            "public_key_fingerprint_sha256": "SHA256:9CU12RITGfVYqCFxM1zs5GkKAuCdBNz0cAp5f0pgCuY",
            "public_key_openssh": "ssh-ed25519 AAAAC3NzaC1lZDI1NTE5AAAAIECmyG34dt+tSi9hK8Usl4EvUxUGxWnURYIcyCYBtTuv\n",
            "public_key_pem": "-----BEGIN PUBLIC KEY-----\nMCowBQYDK2VwAyEAQKbIbfh2361KL2ErxSyXgS9TFQbFadRFghzIJgG1O68=\n-----END PUBLIC KEY-----\n",
            "rsa_bits": 2048
          },
          "sensitive_attributes": [
            [
              {
                "type": "get_attr",
                "value": "private_key_openssh"
              }
            ],
            [
              {
                "type": "get_attr",
                "value": "private_key_pem_pkcs8"
              }
            ],
            [
              {
                "type": "get_attr",
                "value": "private_key_pem"
              }
            ]
          ]
        }
      ]
    },
    {
      "module": "module.cluster",
      "mode": "managed",
      "type": "random_uuid",
      "name": "cluster_id",
      "provider": "provider[\"registry.terraform.io/hashicorp/random\"]",
      "instances": [
        {
          "schema_version": 0,
          "attributes": {
            "id": "79882545-6fa8-9e17-81a8-173d58807db5",
            "keepers": {
              "group": "env-rg",
              "name": "acme-prod-cluster",
              "subnets": "f4523842-5ceb-caae-5187-e486b3059f44,5fb798b9-8b0c-25c1-21ab-7289242dc829",
              "version": "1.28",
              "vpc": "c3a8e77b-ab0f-1af2-c019-9c911d8a72d0"
            },
            "result": "79882545-6fa8-9e17-81a8-173d58807db5"
          },
          "sensitive_attributes": [],
          "dependencies": [
            "data.local_file.environment",
            "module.private_subnet.random_uuid.subnet_id",
            "module.public_subnet.random_uuid.subnet_id",
            "random_uuid.nat_gateway_id",
            "random_uuid.vpc_id"
          ]
        }
      ]
    },
    {
      "module": "module.database",
      "mode": "managed",
      "type": "random_uuid",
      "name": "database_id",
      "provider": "provider[\"registry.terraform.io/hashicorp/random\"]",
      "instances": [
        {
          "schema_version": 0,
          "attributes": {
            "id": "b3cfb665-474e-d703-6f1a-d0a86182ff9b",
            "keepers": {
              "group": "env-rg",
              "name": "acme-prod-orders",
              "sku": "db.t3.small",
              "subnet": "5fb798b9-8b0c-25c1-21ab-7289242dc829"
            },
            "result": "b3cfb665-474e-d703-6f1a-d0a86182ff9b"
          },
          "sensitive_attributes": [],
          "dependencies": [
            "data.local_file.environment",
            "module.private_subnet.random_uuid.subnet_id",
            "random_uuid.vpc_id"
          ]
        }
      ]
    },
    {
      "module": "module.private_subnet",
      "mode": "managed",
      "type": "random_uuid",
      "name": "route_table_id",
      "provider": "provider[\"registry.terraform.io/hashicorp/random\"]",
      "instances": [
        {
          "schema_version": 0,
          "attributes": {
            "id": "e751ce42-9a8c-b693-dd1a-fa47fa3b4fb8",
            "keepers": {
              "subnet_id": "5fb798b9-8b0c-25c1-21ab-7289242dc829"
            },
            "result": "e751ce42-9a8c-b693-dd1a-fa47fa3b4fb8"
          },
          "sensitive_attributes": [],
          "dependencies": [
            "module.private_subnet.random_uuid.subnet_id",
            "random_uuid.vpc_id"
          ]
        }
      ]
    },
    {
      "module": "module.private_subnet",
      "mode": "managed",
      "type": "random_uuid",
      "name": "subnet_id",
      "provider": "provider[\"registry.terraform.io/hashicorp/random\"]",
      "instances": [
        {
          "schema_version": 0,
          "attributes": {
            "id": "5fb798b9-8b0c-25c1-21ab-7289242dc829",
            "keepers": {
              "cidr": "10.0.2.0/24",
              "vpc_id": "c3a8e77b-ab0f-1af2-c019-9c911d8a72d0"
            },
            "result": "5fb798b9-8b0c-25c1-21ab-7289242dc829"
          },
          "sensitive_attributes": [],
          "dependencies": [
            "random_uuid.vpc_id"
          ]
        }
      ]
    },
    {
      "module": "module.public_subnet",
      "mode": "managed",
      "type": "random_uuid",
      "name": "route_table_id",
      "provider": "provider[\"registry.terraform.io/hashicorp/random\"]",
      "instances": [
        {
          "schema_version": 0,
          "attributes": {
            "id": "f4786b78-57f3-009e-a1f1-d555350813be",
            "keepers": {
              "subnet_id": "f4523842-5ceb-caae-5187-e486b3059f44"
            },
            "result": "f4786b78-57f3-009e-a1f1-d555350813be"
          },
          "sensitive_attributes": [],
          "dependencies": [
            "module.public_subnet.random_uuid.subnet_id",
            "random_uuid.vpc_id"
          ]
        }
      ]
    },
    {
      "module": "module.public_subnet",
      "mode": "managed",
      "type": "random_uuid",
      "name": "subnet_id",
      "provider": "provider[\"registry.terraform.io/hashicorp/random\"]",
      "instances": [
        {
          "schema_version": 0,
          "attributes": {
            "id": "f4523842-5ceb-caae-5187-e486b3059f44",
            "keepers": {
              "cidr": "10.0.1.0/24",
              "vpc_id": "c3a8e77b-ab0f-1af2-c019-9c911d8a72d0"
            },
            "result": "f4523842-5ceb-caae-5187-e486b3059f44"
          },
          "sensitive_attributes": [],
          "dependencies": [
            "random_uuid.vpc_id"
          ]
        }
      ]
    },
    {
      "module": "module.storefront_dns",
      "mode": "managed",
      "type": "random_uuid",
      "name": "record_id",
      "provider": "provider[\"registry.terraform.io/hashicorp/random\"]",
      "instances": [
        {
          "schema_version": 0,
          "attributes": {
            "id": "2f6a9037-27a7-29f5-34d6-fffc0aebe101",
            "keepers": {
              "name": "acme-prod-storefront",
              "target": "https://79882545-6fa8-9e17-81a8-173d58807db5.cluster.internal",
              "zone": "acme-tight-locust.internal"
            },
            "result": "2f6a9037-27a7-29f5-34d6-fffc0aebe101"
          },
          "sensitive_attributes": [],
          "dependencies": [
            "data.local_file.environment",
            "module.cluster.random_uuid.cluster_id",
            "module.private_subnet.random_uuid.subnet_id",
            "module.public_subnet.random_uuid.subnet_id",
            "random_pet.network_name",
            "random_uuid.nat_gateway_id",
            "random_uuid.vpc_id"
          ]
        }
      ]
    }
  ],
  "check_results": null
}
