{
  "version": 4,
  "terraform_version": "1.8.3",
  "serial": 19,
  "lineage": "081d08ae-fbe6-438e-ad5d-3e047123b068",
  "outputs": {
    "app_fqdn": {
      "value": "acme-prod-storefront.acme-measured-feline.internal",
      "type": "string"
    },
    "cluster_endpoint": {
      "value": "https://0a8c91d5-3988-c293-79cc-59e7a03198d8.cluster.internal",
      "type": "string"
    },
    "database_endpoint": {
      "value": "acme-prod-orders-7075ad97-a5bc-2f76-9894-32dd82f195d4.db.internal",
      "type": "string"
    },
    "deploy_key_fingerprint": {
      "value": "3b:ed:96:93:cd:2a:60:b9:98:85:89:86:fa:56:38:6c",
      "type": "string"
    },
    "vpc_id": {
      "value": "e84f53fe-8b63-29b1-2b9c-ba06d4c743c7",
      "type": "string"
    }
  },
  "resources": [
    {
      "mode": "data",
      "type": "local_file",
      "name": "environment",
      "provider": "provider[\"registry.terraform.io/hashicorp/local\"]",
      "instances": [
        {
          "schema_version": 0,
          "attributes": {
            "content": "{\n  \"environment\": \"prod\",\n  \"database\": {\n    \"name\": \"orders\",\n    \"sku\": \"db.t3.small\"\n  },\n  \"cluster\": {\n    \"kubernetes_version\": \"1.28\",\n    \"node_instance_type\": \"m5.large\",\n    \"node_count\": 2\n  },\n  \"app\": {\n    \"name\": \"storefront\",\n    \"replicas\": 3\n  }\n}\n",
            "content_base64": "ewogICJlbnZpcm9ubWVudCI6ICJwcm9kIiwKICAiZGF0YWJhc2UiOiB7CiAgICAibmFtZSI6ICJvcmRlcnMiLAogICAgInNrdSI6ICJkYi50My5zbWFsbCIKICB9LAogICJjbHVzdGVyIjogewogICAgImt1YmVybmV0ZXNfdmVyc2lvbiI6ICIxLjI4IiwKICAgICJub2RlX2luc3RhbmNlX3R5cGUiOiAibTUubGFyZ2UiLAogICAgIm5vZGVfY291bnQiOiAyCiAgfSwKICAiYXBwIjogewogICAgIm5hbWUiOiAic3RvcmVmcm9udCIsCiAgICAicmVwbGljYXMiOiAzCiAgfQp9Cg==",
            "content_base64sha256": "DzbIXPURR5ZuW0C2E5+0wqKmiUIEx49rWJnKqwO0x0M=",
            "content_base64sha512": "E5xbKzfLCOhdnGZmBg5c8GXi3M7xeggHv2W6QDF7/W85VheAoZ5yWfaJNXmZVSibEZKnF970DoUdej2wHI4lFA==",
            "content_md5": "28c9ba3ff287c0c898ef52dc2147226a",
            "content_sha1": "4440cc9dee59ca0ac6abefdac3a984b59d71ca0c",
            "content_sha256": "0f36c85cf51147966e5b40b6139fb4c2a2a6894204c78f6b5899caab03b4c743",
            "content_sha512": "139c5b2b37cb08e85d9c6666060e5cf065e2dccef17a0807bf65ba40317bfd6f39561780a19e7259f68935799955289b1192a717def40e851d7a3db01c8e2514",
            "filename": "./config/environment.json",
            "id": "4440cc9dee59ca0ac6abefdac3a984b59d71ca0c"
          },
          "sensitive_attributes": []
        }
      ]
    },
    {
      "mode": "data",
      "type": "tls_public_key",
      "name": "deploy_key",
      "provider": "provider[\"registry.terraform.io/hashicorp/tls\"]",
      "instances": [
        {
          "schema_version": 0,
          "attributes": {
            "algorithm": "ED25519",
            "id": "fd87190e191c46ae965abfbf5839ffdd1ac5b6ee",
            "private_key_openssh": null,
            "private_key_pem": "-----BEGIN PRIVATE KEY-----\nMC4CAQAwBQYDK2VwBCIEINprdfDf53cHnlGu2LQ81Kl/fTHvz86fR6EKIzaK+hP/\n-----END PRIVATE KEY-----\n",
            "public_key_fingerprint_md5": "3b:ed:96:93:cd:2a:60:b9:98:85:89:86:fa:56:38:6c",
            "public_key_fingerprint_sha256": "SHA256:cLozCjPE76KwxEaC7HbfcA5RrQVmzTYmhm3qcbFIWNY",
            "public_key_openssh": "ssh-ed25519 AAAAC3NzaC1lZDI1NTE5AAAAIG5CYuieJ+7SRqVLSMf4i/c0e+4r5p5/XA0nS7djr76s\n",
            "public_key_pem": "-----BEGIN PUBLIC KEY-----\nMCowBQYDK2VwAyEAbkJi6J4n7tJGpUtIx/iL9zR77ivmnn9cDSdLt2Ovvqw=\n-----END PUBLIC KEY-----\n"
          },
          "sensitive_attributes": [
            [
              {
                "type": "get_attr",
                "value": "private_key_openssh"
              }
            ],
            [
              {
                "type": "get_attr",
                "value": "private_key_pem"
              }
            ]
          ]
        }
      ]
    },
    {
      "mode": "managed",
      "type": "random_password",
      "name": "app_session_secret",
      "provider": "provider[\"registry.terraform.io/hashicorp/random\"]",
      "instances": [
        {
          "schema_version": 3,
          "attributes": {
            "bcrypt_hash": "$2a$10$t2HxwGal418W.Gqor0IXF.SwCbl5Rf32VhzZpyanr3kVvRlkQl3LK",
            "id": "none",
            "keepers": null,
            "length": 24,
            "lower": true,
            "min_lower": 0,
            "min_numeric": 0,
            "min_special": 0,
            "min_upper": 0,
            "number": true,
            "numeric": true,
            "override_special": null,
            "result": "dy2meXVwfySSxYvde26Yfnsj",
            "special": false,
            "upper": true
          },
          "sensitive_attributes": [
            [
              {
                "type": "get_attr",
                "value": "bcrypt_hash"
              }
            ],
            [
              {
                "type": "get_attr",
                "value": "result"
              }
            ]
          ]
        }
      ]
    },
    {
      "mode": "managed",
      "type": "random_pet",
      "name": "app_release",
      "provider": "provider[\"registry.terraform.io/hashicorp/random\"]",
      "instances": [
        {
          "schema_version": 0,
          "attributes": {
            "id": "acme-prod-storefront-prime-monarch",
            "keepers": {
              "cluster": "0a8c91d5-3988-c293-79cc-59e7a03198d8",
              "db_endpoint": "acme-prod-orders-7075ad97-a5bc-2f76-9894-32dd82f195d4.db.internal",
              "db_port": "7777",
              "deploy_key": "3b:ed:96:93:cd:2a:60:b9:98:85:89:86:fa:56:38:6c",
              "replicas": "3",
              "zone": "acme-measured-feline.internal"
            },
            "length": 2,
            "prefix": "acme-prod-storefront",
            "separator": "-"
          },
          "sensitive_attributes": [],
          "dependencies": [
            "data.local_file.environment",
            "data.tls_public_key.deploy_key",
            "module.cluster.random_uuid.cluster_id",
            "module.database.random_uuid.database_id",
            "module.private_subnet.random_uuid.subnet_id",
            "module.public_subnet.random_uuid.subnet_id",
            "random_pet.network_name",
            "random_uuid.nat_gateway_id",
            "random_uuid.vpc_id",
            "tls_private_key.deploy_signer"
          ]
        }
      ]
    },
    {
      "mode": "managed",
      "type": "random_pet",
      "name": "backup_plan",
      "provider": "provider[\"registry.terraform.io/hashicorp/random\"]",
      "instances": [
        {
          "schema_version": 0,
          "attributes": {
            "id": "smashing-crow",
            "keepers": null,
            "length": 2,
            "prefix": null,
            "separator": "-"
          },
          "sensitive_attributes": []
        }
      ]
    },
    {
      "mode": "managed",
      "type": "random_pet",
      "name": "network_name",
      "provider": "provider[\"registry.terraform.io/hashicorp/random\"]",
      "instances": [
        {
          "schema_version": 0,
          "attributes": {
            "id": "acme-measured-feline",
            "keepers": null,
            "length": 2,
            "prefix": "acme",
            "separator": "-"
          },
          "sensitive_attributes": []
        }
      ]
    },
    {
      "mode": "managed",
      "type": "random_pet",
      "name": "node_pool",
      "provider": "provider[\"registry.terraform.io/hashicorp/random\"]",
      "instances": [
        {
          "schema_version": 0,
          "attributes": {
            "id": "acme-prod-cluster-poetic-gelding",
            "keepers": {
              "nodes": "2",
              "version": "1.28"
            },
            "length": 2,
            "prefix": "acme-prod-cluster",
            "separator": "-"
          },
          "sensitive_attributes": [],
          "dependencies": [
            "data.local_file.environment"
          ]
        }
      ]
    },
    {
      "mode": "managed",
      "type": "random_uuid",
      "name": "audit_log_bucket_id",
      "provider": "provider[\"registry.terraform.io/hashicorp/random\"]",
      "instances": [
        {
          "schema_version": 0,
          "attributes": {
            "id": "094bef57-cf69-915e-f1cd-cb6e4f368cdc",
            "keepers": null,
            "result": "094bef57-cf69-915e-f1cd-cb6e4f368cdc"
          },
          "sensitive_attributes": []
        }
      ]
    },
    {
      "mode": "managed",
      "type": "random_uuid",
      "name": "database_firewall_rule",
      "provider": "provider[\"registry.terraform.io/hashicorp/random\"]",
      "instances": [
        {
          "schema_version": 0,
          "attributes": {
            "id": "bbcf312b-ac95-ead7-9a57-7438d51a65a9",
            "keepers": {
              "port": "7777",
              "subnet_cidr": "10.0.2.0/24"
            },
            "result": "bbcf312b-ac95-ead7-9a57-7438d51a65a9"
          },
          "sensitive_attributes": []
        }
      ]
    },
    {
      "mode": "managed",
      "type": "random_uuid",
      "name": "nat_gateway_id",
      "provider": "provider[\"registry.terraform.io/hashicorp/random\"]",
      "instances": [
        {
          "schema_version": 0,
          "attributes": {
            "id": "24ead5f0-b6f2-92e2-290c-fc00b80775e7",
            "keepers": {
              "vpc": "e84f53fe-8b63-29b1-2b9c-ba06d4c743c7"
            },
            "result": "24ead5f0-b6f2-92e2-290c-fc00b80775e7"
          },
          "sensitive_attributes": [],
          "dependencies": [
            "random_uuid.vpc_id"
          ]
        }
      ]
    },
    {
      "mode": "managed",
      "type": "random_uuid",
      "name": "vpc_id",
      "provider": "provider[\"registry.terraform.io/hashicorp/random\"]",
      "instances": [
        {
          "schema_version": 0,
          "attributes": {
            "id": "e84f53fe-8b63-29b1-2b9c-ba06d4c743c7",
            "keepers": null,
            "result": "e84f53fe-8b63-29b1-2b9c-ba06d4c743c7"
          },
          "sensitive_attributes": []
        }
      ]
    },
    {
      "mode": "managed",
      "type": "tls_private_key",
      "name": "deploy_signer",
      "provider": "provider[\"registry.terraform.io/hashicorp/tls\"]",
      "instances": [
        {
          "schema_version": 1,
          "attributes": {
            "algorithm": "ED25519",
            "ecdsa_curve": "P224",
            "id": "fd87190e191c46ae965abfbf5839ffdd1ac5b6ee",
            "private_key_openssh": "-----BEGIN OPENSSH PRIVATE KEY-----\nb3BlbnNzaC1rZXktdjEAAAAABG5vbmUAAAAEbm9uZQAAAAAAAAABAAAAMwAAAAtz\nc2gtZWQyNTUxOQAAACBuQmLonifu0kalS0jH+Iv3NHvuK+aef1wNJ0u3Y6++rAAA\nAIi/Vnydv1Z8nQAAAAtzc2gtZWQyNTUxOQAAACBuQmLonifu0kalS0jH+Iv3NHvu\nK+aef1wNJ0u3Y6++rAAAAEDaa3Xw3+d3B55Rrti0PNSpf30x78/On0ehCiM2ivoT\n/25CYuieJ+7SRqVLSMf4i/c0e+4r5p5/XA0nS7djr76sAAAAAAECAwQF\n-----END OPENSSH PRIVATE KEY-----\n",
            "private_key_pem": "-----BEGIN PRIVATE KEY-----\nMC4CAQAwBQYDK2VwBCIEINprdfDf53cHnlGu2LQ81Kl/fTHvz86fR6EKIzaK+hP/\n-----END PRIVATE KEY-----\n",
            "private_key_pem_pkcs8": "-----BEGIN PRIVATE KEY-----\nMC4CAQAwBQYDK2VwBCIEINprdfDf53cHnlGu2LQ81Kl/fTHvz86fR6EKIzaK+hP/\n-----END PRIVATE KEY-----\n",
            "public_key_fingerprint_md5": "3b:ed:96:93:cd:2a:60:b9:98:85:89:86:fa:56:38:6c",
            "public_key_fingerprint_sha256": "SHA256:cLozCjPE76KwxEaC7HbfcA5RrQVmzTYmhm3qcbFIWNY",
            "public_key_openssh": "ssh-ed25519 AAAAC3NzaC1lZDI1NTE5AAAAIG5CYuieJ+7SRqVLSMf4i/c0e+4r5p5/XA0nS7djr76s\n",
            "public_key_pem": "-----BEGIN PUBLIC KEY-----\nMCowBQYDK2VwAyEAbkJi6J4n7tJGpUtIx/iL9zR77ivmnn9cDSdLt2Ovvqw=\n-----END PUBLIC KEY-----\n",
            "rsa_bits": 2048
          },
          "sensitive_attributes": [
            [
              {
                "type": "get_attr",
                "value": "private_key_pem_pkcs8"
              }
            ],
            [
              {
                "type": "get_attr",
                "value": "private_key_pem"
              }
            ],
            [
              {
                "type": "get_attr",
                "value": "private_key_openssh"
              }
            ]
          ]
        }
      ]
    },
    {
      "module": "module.cluster",
      "mode": "managed",
      "type": "random_uuid",
      "name": "cluster_id",
      "provider": "provider[\"registry.terraform.io/hashicorp/random\"]",
      "instances": [
        {
          "schema_version": 0,
          "attributes": {
            "id": "0a8c91d5-3988-c293-79cc-59e7a03198d8",
            "keepers": {
              "group": "env-rg",
              "name": "acme-prod-cluster",
              "subnets": "73ccb0bc-9412-f7fe-6f8e-6efd0a8231ac,e0c1280c-a1b5-1aaa-7b02-a551c8abaf30",
              "version": "1.28",
              "vpc": "e84f53fe-8b63-29b1-2b9c-ba06d4c743c7"
            },
            "result": "0a8c91d5-3988-c293-79cc-59e7a03198d8"
          },
          "sensitive_attributes": [],
          "dependencies": [
            "data.local_file.environment",
            "module.private_subnet.random_uuid.subnet_id",
            "module.public_subnet.random_uuid.subnet_id",
            "random_uuid.nat_gateway_id",
            "random_uuid.vpc_id"
          ]
        }
      ]
    },
    {
      "module": "module.database",
      "mode": "managed",
      "type": "random_uuid",
      "name": "database_id",
      "provider": "provider[\"registry.terraform.io/hashicorp/random\"]",
      "instances": [
        {
          "schema_version": 0,
          "attributes": {
            "id": "7075ad97-a5bc-2f76-9894-32dd82f195d4",
            "keepers": {
              "group": "env-rg",
              "name": "acme-prod-orders",
              "sku": "db.t3.small",
              "subnet": "e0c1280c-a1b5-1aaa-7b02-a551c8abaf30"
            },
            "result": "7075ad97-a5bc-2f76-9894-32dd82f195d4"
          },
          "sensitive_attributes": [],
          "dependencies": [
            "data.local_file.environment",
            "module.private_subnet.random_uuid.subnet_id",
            "random_uuid.vpc_id"
          ]
        }
      ]
    },
    {
      "module": "module.private_subnet",
      "mode": "managed",
      "type": "random_uuid",
      "name": "route_table_id",
      "provider": "provider[\"registry.terraform.io/hashicorp/random\"]",
      "instances": [
        {
          "schema_version": 0,
          "attributes": {
            "id": "e7e7ca01-5023-028e-12cb-3b9e6b86b504",
            "keepers": {
              "subnet_id": "e0c1280c-a1b5-1aaa-7b02-a551c8abaf30"
            },
            "result": "e7e7ca01-5023-028e-12cb-3b9e6b86b504"
          },
          "sensitive_attributes": [],
          "dependencies": [
            "module.private_subnet.random_uuid.subnet_id",
            "random_uuid.vpc_id"
          ]
        }
      ]
    },
    {
      "module": "module.private_subnet",
      "mode": "managed",
      "type": "random_uuid",
      "name": "subnet_id",
      "provider": "provider[\"registry.terraform.io/hashicorp/random\"]",
      "instances": [
        {
          "schema_version": 0,
          "attributes": {
            "id": "e0c1280c-a1b5-1aaa-7b02-a551c8abaf30",
            "keepers": {
              "cidr": "10.0.2.0/24",
              "vpc_id": "e84f53fe-8b63-29b1-2b9c-ba06d4c743c7"
            },
            "result": "e0c1280c-a1b5-1aaa-7b02-a551c8abaf30"
          },
          "sensitive_attributes": [],
          "dependencies": [
            "random_uuid.vpc_id"
          ]
        }
      ]
    },
    {
      "module": "module.public_subnet",
      "mode": "managed",
      "type": "random_uuid",
      "name": "route_table_id",
      "provider": "provider[\"registry.terraform.io/hashicorp/random\"]",
      "instances": [
        {
          "schema_version": 0,
          "attributes": {
            "id": "b90a694d-1796-1f1d-2f81-a908a1cbaf54",
            "keepers": {
              "subnet_id": "73ccb0bc-9412-f7fe-6f8e-6efd0a8231ac"
            },
            "result": "b90a694d-1796-1f1d-2f81-a908a1cbaf54"
          },
          "sensitive_attributes": [],
          "dependencies": [
            "module.public_subnet.random_uuid.subnet_id",
            "random_uuid.vpc_id"
          ]
        }
      ]
    },
    {
      "module": "module.public_subnet",
      "mode": "managed",
      "type": "random_uuid",
      "name": "subnet_id",
      "provider": "provider[\"registry.terraform.io/hashicorp/random\"]",
      "instances": [
        {
          "schema_version": 0,
          "attributes": {
            "id": "73ccb0bc-9412-f7fe-6f8e-6efd0a8231ac",
            "keepers": {
              "cidr": "10.0.1.0/24",
              "vpc_id": "e84f53fe-8b63-29b1-2b9c-ba06d4c743c7"
            },
            "result": "73ccb0bc-9412-f7fe-6f8e-6efd0a8231ac"
          },
          "sensitive_attributes": [],
          "dependencies": [
            "random_uuid.vpc_id"
          ]
        }
      ]
    },
    {
      "module": "module.storefront_dns",
      "mode": "managed",
      "type": "random_uuid",
      "name": "record_id",
      "provider": "provider[\"registry.terraform.io/hashicorp/random\"]",
      "instances": [
        {
          "schema_version": 0,
          "attributes": {
            "id": "12b07465-a07a-d9ea-53a0-502519f585c4",
            "keepers": {
              "name": "acme-prod-storefront",
              "target": "https://0a8c91d5-3988-c293-79cc-59e7a03198d8.cluster.internal",
              "zone": "acme-measured-feline.internal"
            },
            "result": "12b07465-a07a-d9ea-53a0-502519f585c4"
          },
          "sensitive_attributes": [],
          "dependencies": [
            "data.local_file.environment",
            "module.cluster.random_uuid.cluster_id",
            "module.private_subnet.random_uuid.subnet_id",
            "module.public_subnet.random_uuid.subnet_id",
            "random_pet.network_name",
            "random_uuid.nat_gateway_id",
            "random_uuid.vpc_id"
          ]
        }
      ]
    }
  ],
  "check_results": null
}
