{
  "version": 4,
  "terraform_version": "1.8.3",
  "serial": 19,
  "lineage": "3aa61b14-39be-aebc-5dc1-93af915c5b22",
  "outputs": {
    "app_fqdn": {
      "value": "acme-prod-storefront.acme-proud-wolf.internal",
      "type": "string"
    },
    "cluster_endpoint": {
      "value": "https://e0cc2b83-54f1-96b5-71f1-a448898b2191.cluster.internal",
      "type": "string"
    },
    "database_endpoint": {
      "value": "acme-prod-orders-814e7ea5-17c4-d029-4c87-2d3e405b8915.db.internal",
      "type": "string"
    },
    "deploy_key_fingerprint": {
      "value": "ed:b4:8e:f0:09:2f:fe:4d:73:6b:23:c6:54:6f:a6:c5",
      "type": "string"
    },
    "vpc_id": {
      "value": "6a6f7bbe-8c89-bb01-d214-13f260e77853",
      "type": "string"
    }
  },
  "resources": [
    {
      "mode": "data",
      "type": "local_file",
      "name": "environment",
      "provider": "provider[\"registry.terraform.io/hashicorp/local\"]",
      "instances": [
        {
          "schema_version": 0,
          "attributes": {
            "content": "{\n  \"environment\": \"prod\",\n  \"database\": {\n    \"name\": \"orders\",\n    \"sku\": \"db.t3.small\"\n  },\n  \"cluster\": {\n    \"kubernetes_version\": \"1.28\",\n    \"node_instance_type\": \"m5.large\",\n    \"node_count\": 2\n  },\n  \"app\": {\n    \"name\": \"storefront\",\n    \"replicas\": 3\n  }\n}\n",
            "content_base64": "ewogICJlbnZpcm9ubWVudCI6ICJwcm9kIiwKICAiZGF0YWJhc2UiOiB7CiAgICAibmFtZSI6ICJvcmRlcnMiLAogICAgInNrdSI6ICJkYi50My5zbWFsbCIKICB9LAogICJjbHVzdGVyIjogewogICAgImt1YmVybmV0ZXNfdmVyc2lvbiI6ICIxLjI4IiwKICAgICJub2RlX2luc3RhbmNlX3R5cGUiOiAibTUubGFyZ2UiLAogICAgIm5vZGVfY291bnQiOiAyCiAgfSwKICAiYXBwIjogewogICAgIm5hbWUiOiAic3RvcmVmcm9udCIsCiAgICAicmVwbGljYXMiOiAzCiAgfQp9Cg==",
            "content_base64sha256": "DzbIXPURR5ZuW0C2E5+0wqKmiUIEx49rWJnKqwO0x0M=",
            "content_base64sha512": "E5xbKzfLCOhdnGZmBg5c8GXi3M7xeggHv2W6QDF7/W85VheAoZ5yWfaJNXmZVSibEZKnF970DoUdej2wHI4lFA==",
            "content_md5": "28c9ba3ff287c0c898ef52dc2147226a",
            "content_sha1": "4440cc9dee59ca0ac6abefdac3a984b59d71ca0c",
            "content_sha256": "0f36c85cf51147966e5b40b6139fb4c2a2a6894204c78f6b5899caab03b4c743",
            "content_sha512": "139c5b2b37cb08e85d9c6666060e5cf065e2dccef17a0807bf65ba40317bfd6f39561780a19e7259f68935799955289b1192a717def40e851d7a3db01c8e2514",
            "filename": "./config/environment.json",
            "id": "4440cc9dee59ca0ac6abefdac3a984b59d71ca0c"
          },
          "sensitive_attributes": []
        }
      ]
    },
    {
      "mode": "data",
      "type": "tls_public_key",
      "name": "deploy_key",
      "provider": "provider[\"registry.terraform.io/hashicorp/tls\"]",
      "instances": [
        {
          "schema_version": 0,
          "attributes": {
            "algorithm": "ED25519",
            "id": "283a5fe8c11c468011ebfff96e05bf4c8587dcc4",
            "private_key_openssh": null,
            "private_key_pem": "-----BEGIN PRIVATE KEY-----\nMC4CAQAwBQYDK2VwBCIEIEQtvFB4FtshfOo/5wf+zELnTSDphmx7g6nOkl+UMceP\n-----END PRIVATE KEY-----\n",
            "public_key_fingerprint_md5": "ed:b4:8e:f0:09:2f:fe:4d:73:6b:23:c6:54:6f:a6:c5",
            "public_key_fingerprint_sha256": "SHA256:Thf7tHs8atL48etC0Bhrk4wdyfXZfwfxX2ItlNbI3YY",
            "public_key_openssh": "ssh-ed25519 AAAAC3NzaC1lZDI1NTE5AAAAICGJhMW+aFG7Uf8L2Py8VBcxQJxTtp8mvuZpGB6j+USD\n",
            "public_key_pem": "-----BEGIN PUBLIC KEY-----\nMCowBQYDK2VwAyEAIYmExb5oUbtR/wvY/LxUFzFAnFO2nya+5mkYHqP5RIM=\n-----END PUBLIC KEY-----\n"
          },
          "sensitive_attributes": [
            [
              {
                "type": "get_attr",
                "value": "private_key_openssh"
              }
            ],
            [
              {
                "type": "get_attr",
                "value": "private_key_pem"
              }
            ]
          ]
        }
      ]
    },
    {
      "mode": "managed",
      "type": "random_password",
      "name": "app_session_secret",
      "provider": "provider[\"registry.terraform.io/hashicorp/random\"]",
      "instances": [
        {
          "schema_version": 3,
          "attributes": {
            "bcrypt_hash": "$2a$10$bwPENz9Yl16s7E6wKhTFEe6FvEl2MWVhsOCJkeVAwfoBA9.nqwZ36",
            "id": "none",
            "keepers": null,
            "length": 24,
            "lower": true,
            "min_lower": 0,
            "min_numeric": 0,
            "min_special": 0,
            "min_upper": 0,
            "number": true,
            "numeric": true,
            "override_special": null,
            "result": "7AWdBQnLUCqUYb8raz3qAPBa",
            "special": false,
            "upper": true
          },
          "sensitive_attributes": [
            [
              {
                "type": "get_attr",
                "value": "result"
              }
            ],
            [
              {
                "type": "get_attr",
                "value": "bcrypt_hash"
              }
            ]
          ]
        }
      ]
    },
    {
      "mode": "managed",
      "type": "random_pet",
      "name": "app_release",
      "provider": "provider[\"registry.terraform.io/hashicorp/random\"]",
      "instances": [
        {
          "schema_version": 0,
          "attributes": {
            "id": "acme-prod-storefront-decent-kiwi",
            "keepers": {
              "cluster": "e0cc2b83-54f1-96b5-71f1-a448898b2191",
              "db_endpoint": "acme-prod-orders-814e7ea5-17c4-d029-4c87-2d3e405b8915.db.internal",
              "db_port": "7777",
              "deploy_key": "ed:b4:8e:f0:09:2f:fe:4d:73:6b:23:c6:54:6f:a6:c5",
              "replicas": "3",
              "zone": "acme-proud-wolf.internal"
            },
            "length": 2,
            "prefix": "acme-prod-storefront",
            "separator": "-"
          },
          "sensitive_attributes": [],
          "dependencies": [
            "data.local_file.environment",
            "data.tls_public_key.deploy_key",
            "module.cluster.random_uuid.cluster_id",
            "module.database.random_uuid.database_id",
            "module.private_subnet.random_uuid.subnet_id",
            "module.public_subnet.random_uuid.subnet_id",
            "random_pet.network_name",
            "random_uuid.nat_gateway_id",
            "random_uuid.vpc_id",
            "tls_private_key.deploy_signer"
          ]
        }
      ]
    },
    {
      "mode": "managed",
      "type": "random_pet",
      "name": "backup_plan",
      "provider": "provider[\"registry.terraform.io/hashicorp/random\"]",
      "instances": [
        {
          "schema_version": 0,
          "attributes": {
            "id": "happy-glider",
            "keepers": null,
            "length": 2,
            "prefix": null,
            "separator": "-"
          },
          "sensitive_attributes": []
        }
      ]
    },
    {
      "mode": "managed",
      "type": "random_pet",
      "name": "network_name",
      "provider": "provider[\"registry.terraform.io/hashicorp/random\"]",
      "instances": [
        {
          "schema_version": 0,
          "attributes": {
            "id": "acme-proud-wolf",
            "keepers": null,
            "length": 2,
            "prefix": "acme",
            "separator": "-"
          },
          "sensitive_attributes": []
        }
      ]
    },
    {
      "mode": "managed",
      "type": "random_pet",
      "name": "node_pool",
      "provider": "provider[\"registry.terraform.io/hashicorp/random\"]",
      "instances": [
        {
          "schema_version": 0,
          "attributes": {
            "id": "acme-prod-cluster-honest-tomcat",
            "keepers": {
              "nodes": "2",
              "version": "1.28"
            },
            "length": 2,
            "prefix": "acme-prod-cluster",
            "separator": "-"
          },
          "sensitive_attributes": [],
          "dependencies": [
            "data.local_file.environment"
          ]
        }
      ]
    },
    {
      "mode": "managed",
      "type": "random_uuid",
      "name": "audit_log_bucket_id",
      "provider": "provider[\"registry.terraform.io/hashicorp/random\"]",
      "instances": [
        {
          "schema_version": 0,
          "attributes": {
            "id": "38ed8819-979d-72d3-5cf4-5fed21d220f9",
            "keepers": null,
            "result": "38ed8819-979d-72d3-5cf4-5fed21d220f9"
          },
          "sensitive_attributes": []
        }
      ]
    },
    {
      "mode": "managed",
      "type": "random_uuid",
      "name": "database_firewall_rule",
      "provider": "provider[\"registry.terraform.io/hashicorp/random\"]",
      "instances": [
        {
          "schema_version": 0,
          "attributes": {
            "id": "84508108-6165-e5b9-a9f1-70692da28647",
            "keepers": {
              "port": "7777",
              "subnet_cidr": "10.0.2.0/24"
            },
            "result": "84508108-6165-e5b9-a9f1-70692da28647"
          },
          "sensitive_attributes": []
        }
      ]
    },
    {
      "mode": "managed",
      "type": "random_uuid",
      "name": "nat_gateway_id",
      "provider": "provider[\"registry.terraform.io/hashicorp/random\"]",
      "instances": [
        {
          "schema_version": 0,
          "attributes": {
            "id": "f1d5321e-21c9-ecec-ae20-267552d26cb6",
            "keepers": {
              "vpc": "6a6f7bbe-8c89-bb01-d214-13f260e77853"
            },
            "result": "f1d5321e-21c9-ecec-ae20-267552d26cb6"
          },
          "sensitive_attributes": [],
          "dependencies": [
            "random_uuid.vpc_id"
          ]
        }
      ]
    },
    {
      "mode": "managed",
      "type": "random_uuid",
      "name": "vpc_id",
      "provider": "provider[\"registry.terraform.io/hashicorp/random\"]",
      "instances": [
        {
          "schema_version": 0,
          "attributes": {
            "id": "6a6f7bbe-8c89-bb01-d214-13f260e77853",
            "keepers": null,
            "result": "6a6f7bbe-8c89-bb01-d214-13f260e77853"
          },
          "sensitive_attributes": []
        }
      ]
    },
    {
      "mode": "managed",
      "type": "tls_private_key",
      "name": "deploy_signer",
      "provider": "provider[\"registry.terraform.io/hashicorp/tls\"]",
      "instances": [
        {
          "schema_version": 1,
          "attributes": {
            "algorithm": "ED25519",
            "ecdsa_curve": "P224",
            "id": "283a5fe8c11c468011ebfff96e05bf4c8587dcc4",
            "private_key_openssh": "-----BEGIN OPENSSH PRIVATE KEY-----\nb3BlbnNzaC1rZXktdjEAAAAABG5vbmUAAAAEbm9uZQAAAAAAAAABAAAAMwAAAAtz\nc2gtZWQyNTUxOQAAACAhiYTFvmhRu1H/C9j8vFQXMUCcU7afJr7maRgeo/lEgwAA\nAIhZ2dHDWdnRwwAAAAtzc2gtZWQyNTUxOQAAACAhiYTFvmhRu1H/C9j8vFQXMUCc\nU7afJr7maRgeo/lEgwAAAEBELbxQeBbbIXzqP+cH/sxC500g6YZse4OpzpJflDHH\njyGJhMW+aFG7Uf8L2Py8VBcxQJxTtp8mvuZpGB6j+USDAAAAAAECAwQF\n-----END OPENSSH PRIVATE KEY-----\n",
            "private_key_pem": "-----BEGIN PRIVATE KEY-----\nMC4CAQAwBQYDK2VwBCIEIEQtvFB4FtshfOo/5wf+zELnTSDphmx7g6nOkl+UMceP\n-----END PRIVATE KEY-----\n",
            "private_key_pem_pkcs8": "-----BEGIN PRIVATE KEY-----\nMC4CAQAwBQYDK2VwBCIEIEQtvFB4FtshfOo/5wf+zELnTSDphmx7g6nOkl+UMceP\n-----END PRIVATE KEY-----\n",
            "public_key_fingerprint_md5": "ed:b4:8e:f0:09:2f:fe:4d:73:6b:23:c6:54:6f:a6:c5",
            "public_key_fingerprint_sha256": "SHA256:Thf7tHs8atL48etC0Bhrk4wdyfXZfwfxX2ItlNbI3YY",
            "public_key_openssh": "ssh-ed25519 AAAAC3NzaC1lZDI1NTE5AAAAICGJhMW+aFG7Uf8L2Py8VBcxQJxTtp8mvuZpGB6j+USD\n",
            "public_key_pem": "-----BEGIN PUBLIC KEY-----\nMCowBQYDK2VwAyEAIYmExb5oUbtR/wvY/LxUFzFAnFO2nya+5mkYHqP5RIM=\n-----END PUBLIC KEY-----\n",
            "rsa_bits": 2048
          },
          "sensitive_attributes": [
            [
              {
                "type": "get_attr",
                "value": "private_key_openssh"
              }
            ],
            [
              {
                "type": "get_attr",
                "value": "private_key_pem_pkcs8"
              }
            ],
            [
              {
                "type": "get_attr",
                "value": "private_key_pem"
              }
            ]
          ]
        }
      ]
    },
    {
      "module": "module.cluster",
      "mode": "managed",
      "type": "random_uuid",
      "name": "cluster_id",
      "provider": "provider[\"registry.terraform.io/hashicorp/random\"]",
      "instances": [
        {
          "schema_version": 0,
          "attributes": {
            "id": "e0cc2b83-54f1-96b5-71f1-a448898b2191",
            "keepers": {
              "group": "env-rg",
              "name": "acme-prod-cluster",
              "subnets": "19328f80-803e-d4f3-88eb-86de8fa2be57,15c31177-5530-9a44-a9bc-577f52cd825a",
              "version": "1.28",
              "vpc": "6a6f7bbe-8c89-bb01-d214-13f260e77853"
            },
            "result": "e0cc2b83-54f1-96b5-71f1-a448898b2191"
          },
          "sensitive_attributes": [],
          "dependencies": [
            "data.local_file.environment",
            "module.private_subnet.random_uuid.subnet_id",
            "module.public_subnet.random_uuid.subnet_id",
            "random_uuid.nat_gateway_id",
            "random_uuid.vpc_id"
          ]
        }
      ]
    },
    {
      "module": "module.database",
      "mode": "managed",
      "type": "random_uuid",
      "name": "database_id",
      "provider": "provider[\"registry.terraform.io/hashicorp/random\"]",
      "instances": [
        {
          "schema_version": 0,
          "attributes": {
            "id": "814e7ea5-17c4-d029-4c87-2d3e405b8915",
            "keepers": {
              "group": "env-rg",
              "name": "acme-prod-orders",
              "sku": "db.t3.small",
              "subnet": "15c31177-5530-9a44-a9bc-577f52cd825a"
            },
            "result": "814e7ea5-17c4-d029-4c87-2d3e405b8915"
          },
          "sensitive_attributes": [],
          "dependencies": [
            "data.local_file.environment",
            "module.private_subnet.random_uuid.subnet_id",
            "random_uuid.vpc_id"
          ]
        }
      ]
    },
    {
      "module": "module.private_subnet",
      "mode": "managed",
      "type": "random_uuid",
      "name": "route_table_id",
      "provider": "provider[\"registry.terraform.io/hashicorp/random\"]",
      "instances": [
        {
          "schema_version": 0,
          "attributes": {
            "id": "f66c5c02-1896-d9c9-679c-4b70f800895b",
            "keepers": {
              "subnet_id": "15c31177-5530-9a44-a9bc-577f52cd825a"
            },
            "result": "f66c5c02-1896-d9c9-679c-4b70f800895b"
          },
          "sensitive_attributes": [],
          "dependencies": [
            "module.private_subnet.random_uuid.subnet_id",
            "random_uuid.vpc_id"
          ]
        }
      ]
    },
    {
      "module": "module.private_subnet",
      "mode": "managed",
      "type": "random_uuid",
      "name": "subnet_id",
      "provider": "provider[\"registry.terraform.io/hashicorp/random\"]",
      "instances": [
        {
          "schema_version": 0,
          "attributes": {
            "id": "15c31177-5530-9a44-a9bc-577f52cd825a",
            "keepers": {
              "cidr": "10.0.2.0/24",
              "vpc_id": "6a6f7bbe-8c89-bb01-d214-13f260e77853"
            },
            "result": "15c31177-5530-9a44-a9bc-577f52cd825a"
          },
          "sensitive_attributes": [],
          "dependencies": [
            "random_uuid.vpc_id"
          ]
        }
      ]
    },
    {
      "module": "module.public_subnet",
      "mode": "managed",
      "type": "random_uuid",
      "name": "route_table_id",
      "provider": "provider[\"registry.terraform.io/hashicorp/random\"]",
      "instances": [
        {
          "schema_version": 0,
          "attributes": {
            "id": "7a7273f5-0161-c1e7-5171-b427b339942f",
            "keepers": {
              "subnet_id": "19328f80-803e-d4f3-88eb-86de8fa2be57"
            },
            "result": "7a7273f5-0161-c1e7-5171-b427b339942f"
          },
          "sensitive_attributes": [],
          "dependencies": [
            "module.public_subnet.random_uuid.subnet_id",
            "random_uuid.vpc_id"
          ]
        }
      ]
    },
    {
      "module": "module.public_subnet",
      "mode": "managed",
      "type": "random_uuid",
      "name": "subnet_id",
      "provider": "provider[\"registry.terraform.io/hashicorp/random\"]",
      "instances": [
        {
          "schema_version": 0,
          "attributes": {
            "id": "19328f80-803e-d4f3-88eb-86de8fa2be57",
            "keepers": {
              "cidr": "10.0.1.0/24",
              "vpc_id": "6a6f7bbe-8c89-bb01-d214-13f260e77853"
            },
            "result": "19328f80-803e-d4f3-88eb-86de8fa2be57"
          },
          "sensitive_attributes": [],
          "dependencies": [
            "random_uuid.vpc_id"
          ]
        }
      ]
    },
    {
      "module": "module.storefront_dns",
      "mode": "managed",
      "type": "random_uuid",
      "name": "record_id",
      "provider": "provider[\"registry.terraform.io/hashicorp/random\"]",
      "instances": [
        {
          "schema_version": 0,
          "attributes": {
            "id": "b3cf70cc-3e79-cc02-c5cb-4ba11e1a288a",
            "keepers": {
              "name": "acme-prod-storefront",
              "target": "https://e0cc2b83-54f1-96b5-71f1-a448898b2191.cluster.internal",
              "zone": "acme-proud-wolf.internal"
            },
            "result": "b3cf70cc-3e79-cc02-c5cb-4ba11e1a288a"
          },
          "sensitive_attributes": [],
          "dependencies": [
            "data.local_file.environment",
            "module.cluster.random_uuid.cluster_id",
            "module.private_subnet.random_uuid.subnet_id",
            "module.public_subnet.random_uuid.subnet_id",
            "random_pet.network_name",
            "random_uuid.nat_gateway_id",
            "random_uuid.vpc_id"
          ]
        }
      ]
    }
  ],
  "check_results": null
}
