{
  "version": 4,
  "terraform_version": "1.8.3",
  "serial": 25,
  "lineage": "af6fd9dd-8988-3268-258e-4b576d0da6b7",
  "outputs": {
    "app_fqdn": {
      "value": "acme-prod-storefront.acme-concrete-tick.internal",
      "type": "string"
    },
    "cluster_endpoint": {
      "value": "https://kubernetes-76529909-19fd-17b4-5744-07b42607ef49.amazonaws.com",
      "type": "string"
    },
    "database_endpoint": {
      "value": "acme-prod-orders-9fb39d65-d9a4-adbb-a157-6c816556aa07.some.cloudprovider.com",
      "type": "string"
    },
    "deploy_key_fingerprint": {
      "value": "3a:f7:bc:23:b7:13:ae:66:ce:05:e9:0a:ac:8d:33:42",
      "type": "string"
    },
    "vpc_id": {
      "value": "93536b1e-a344-c9ad-0788-7693157a6fe0",
      "type": "string"
    }
  },
  "resources": [
    {
      "mode": "data",
      "type": "local_file",
      "name": "environment",
      "provider": "provider[\"registry.terraform.io/hashicorp/local\"]",
      "instances": [
        {
          "schema_version": 0,
          "attributes": {
            "content": "{\n  \"environment\": \"prod\",\n  \"database\": {\n    \"name\": \"orders\",\n    \"sku\": \"db.t3.small\"\n  },\n  \"cluster\": {\n    \"kubernetes_version\": \"1.28\",\n    \"node_instance_type\": \"m5.large\",\n    \"node_count\": 2\n  },\n  \"app\": {\n    \"name\": \"storefront\",\n    \"replicas\": 3\n  }\n}\n",
            "content_base64": "ewogICJlbnZpcm9ubWVudCI6ICJwcm9kIiwKICAiZGF0YWJhc2UiOiB7CiAgICAibmFtZSI6ICJvcmRlcnMiLAogICAgInNrdSI6ICJkYi50My5zbWFsbCIKICB9LAogICJjbHVzdGVyIjogewogICAgImt1YmVybmV0ZXNfdmVyc2lvbiI6ICIxLjI4IiwKICAgICJub2RlX2luc3RhbmNlX3R5cGUiOiAibTUubGFyZ2UiLAogICAgIm5vZGVfY291bnQiOiAyCiAgfSwKICAiYXBwIjogewogICAgIm5hbWUiOiAic3RvcmVmcm9udCIsCiAgICAicmVwbGljYXMiOiAzCiAgfQp9Cg==",
            "content_base64sha256": "DzbIXPURR5ZuW0C2E5+0wqKmiUIEx49rWJnKqwO0x0M=",
            "content_base64sha512": "E5xbKzfLCOhdnGZmBg5c8GXi3M7xeggHv2W6QDF7/W85VheAoZ5yWfaJNXmZVSibEZKnF970DoUdej2wHI4lFA==",
            "content_md5": "28c9ba3ff287c0c898ef52dc2147226a",
            "content_sha1": "4440cc9dee59ca0ac6abefdac3a984b59d71ca0c",
            "content_sha256": "0f36c85cf51147966e5b40b6139fb4c2a2a6894204c78f6b5899caab03b4c743",
            "content_sha512": "139c5b2b37cb08e85d9c6666060e5cf065e2dccef17a0807bf65ba40317bfd6f39561780a19e7259f68935799955289b1192a717def40e851d7a3db01c8e2514",
            "filename": "./config/environment.json",
            "id": "4440cc9dee59ca0ac6abefdac3a984b59d71ca0c"
          },
          "sensitive_attributes": []
        }
      ]
    },
    {
      "mode": "data",
      "type": "tls_public_key",
      "name": "deploy_key",
      "provider": "provider[\"registry.terraform.io/hashicorp/tls\"]",
      "instances": [
        {
          "schema_version": 0,
          "attributes": {
            "algorithm": "ED25519",
            "id": "ebebee510afce76349c698ed9cf84509d1847f70",
            "private_key_openssh": null,
            "private_key_pem": "-----BEGIN PRIVATE KEY-----\nMC4CAQAwBQYDK2VwBCIEIL7e7l2h1OLtySq413OOThGT7/YTEnpQaoxJpkjzxG0o\n-----END PRIVATE KEY-----\n",
            "public_key_fingerprint_md5": "3a:f7:bc:23:b7:13:ae:66:ce:05:e9:0a:ac:8d:33:42",
            "public_key_fingerprint_sha256": "SHA256:XQfoG17o53tvr6aJOa0NurLzIs4vaEqHYKzwfsbxRQo",
            "public_key_openssh": "ssh-ed25519 AAAAC3NzaC1lZDI1NTE5AAAAIPG9SB9PuF3RAEreItDNZ1v4op5tMll6Z2JhoyWyFybT\n",
            "public_key_pem": "-----BEGIN PUBLIC KEY-----\nMCowBQYDK2VwAyEA8b1IH0+4XdEASt4i0M1nW/iinm0yWXpnYmGjJbIXJtM=\n-----END PUBLIC KEY-----\n"
          },
          "sensitive_attributes": [
            [
              {
                "type": "get_attr",
                "value": "private_key_openssh"
              }
            ],
            [
              {
                "type": "get_attr",
                "value": "private_key_pem"
              }
            ]
          ]
        }
      ]
    },
    {
      "mode": "managed",
      "type": "random_password",
      "name": "app_session_secret",
      "provider": "provider[\"registry.terraform.io/hashicorp/random\"]",
      "instances": [
        {
          "schema_version": 3,
          "attributes": {
            "bcrypt_hash": "$2a$10$6XZFO0vXlS2Rm5Q6WVwnKOr2/DPo6eU57wiv17YSIM1ad808UVbCK",
            "id": "none",
            "keepers": null,
            "length": 24,
            "lower": true,
            "min_lower": 0,
            "min_numeric": 0,
            "min_special": 0,
            "min_upper": 0,
            "number": true,
            "numeric": true,
            "override_special": null,
            "result": "QOCR6iOhdhjE98ZuvElvVjXz",
            "special": false,
            "upper": true
          },
          "sensitive_attributes": [
            [
              {
                "type": "get_attr",
                "value": "result"
              }
            ],
            [
              {
                "type": "get_attr",
                "value": "bcrypt_hash"
              }
            ]
          ]
        }
      ]
    },
    {
      "mode": "managed",
      "type": "random_pet",
      "name": "app_release",
      "provider": "provider[\"registry.terraform.io/hashicorp/random\"]",
      "instances": [
        {
          "schema_version": 0,
          "attributes": {
            "id": "acme-prod-storefront-above-blowfish",
            "keepers": {
              "cluster": "76529909-19fd-17b4-5744-07b42607ef49",
              "db_endpoint": "acme-prod-orders-9fb39d65-d9a4-adbb-a157-6c816556aa07.some.cloudprovider.com",
              "db_port": "7777",
              "deploy_key": "3a:f7:bc:23:b7:13:ae:66:ce:05:e9:0a:ac:8d:33:42",
              "replicas": "3",
              "zone": "acme-concrete-tick.internal"
            },
            "length": 2,
            "prefix": "acme-prod-storefront",
            "separator": "-"
          },
          "sensitive_attributes": [],
          "dependencies": [
            "data.local_file.environment",
            "data.tls_public_key.deploy_key",
            "module.cluster.random_uuid.cluster_id",
            "module.cluster.time_sleep.wait_10s",
            "module.database.random_uuid.database_id",
            "module.database.time_sleep.wait_10s",
            "module.private_subnet.random_uuid.route_table_id",
            "module.private_subnet.random_uuid.subnet_id",
            "module.public_subnet.random_uuid.route_table_id",
            "module.public_subnet.random_uuid.subnet_id",
            "random_pet.network_name",
            "random_uuid.vpc_id",
            "time_sleep.network_propagation",
            "tls_private_key.deploy_signer"
          ]
        }
      ]
    },
    {
      "mode": "managed",
      "type": "random_pet",
      "name": "backup_plan",
      "provider": "provider[\"registry.terraform.io/hashicorp/random\"]",
      "instances": [
        {
          "schema_version": 0,
          "attributes": {
            "id": "simple-bream",
            "keepers": null,
            "length": 2,
            "prefix": null,
            "separator": "-"
          },
          "sensitive_attributes": []
        }
      ]
    },
    {
      "mode": "managed",
      "type": "random_pet",
      "name": "network_name",
      "provider": "provider[\"registry.terraform.io/hashicorp/random\"]",
      "instances": [
        {
          "schema_version": 0,
          "attributes": {
            "id": "acme-concrete-tick",
            "keepers": null,
            "length": 2,
            "prefix": "acme",
            "separator": "-"
          },
          "sensitive_attributes": []
        }
      ]
    },
    {
      "mode": "managed",
      "type": "random_pet",
      "name": "node_pool",
      "provider": "provider[\"registry.terraform.io/hashicorp/random\"]",
      "instances": [
        {
          "schema_version": 0,
          "attributes": {
            "id": "acme-prod-cluster-smooth-satyr",
            "keepers": {
              "nodes": "2",
              "version": "1.28"
            },
            "length": 2,
            "prefix": "acme-prod-cluster",
            "separator": "-"
          },
          "sensitive_attributes": [],
          "dependencies": [
            "data.local_file.environment"
          ]
        }
      ]
    },
    {
      "mode": "managed",
      "type": "random_uuid",
      "name": "audit_log_bucket_id",
      "provider": "provider[\"registry.terraform.io/hashicorp/random\"]",
      "instances": [
        {
          "schema_version": 0,
          "attributes": {
            "id": "157cf6b7-65bb-179a-d74a-a5cdb3c9da0b",
            "keepers": null,
            "result": "157cf6b7-65bb-179a-d74a-a5cdb3c9da0b"
          },
          "sensitive_attributes": []
        }
      ]
    },
    {
      "mode": "managed",
      "type": "random_uuid",
      "name": "database_firewall_rule",
      "provider": "provider[\"registry.terraform.io/hashicorp/random\"]",
      "instances": [
        {
          "schema_version": 0,
          "attributes": {
            "id": "b943b2fd-d2bc-a1a8-2b77-17d665b7197b",
            "keepers": {
              "port": "7777",
              "subnet_cidr": "10.0.2.0/24"
            },
            "result": "b943b2fd-d2bc-a1a8-2b77-17d665b7197b"
          },
          "sensitive_attributes": []
        }
      ]
    },
    {
      "mode": "managed",
      "type": "random_uuid",
      "name": "nat_gateway_id",
      "provider": "provider[\"registry.terraform.io/hashicorp/random\"]",
      "instances": [
        {
          "schema_version": 0,
          "attributes": {
            "id": "e4121a19-ba5c-8448-49ef-6c8bcb297a7a",
            "keepers": null,
            "result": "e4121a19-ba5c-8448-49ef-6c8bcb297a7a"
          },
          "sensitive_attributes": [],
          "dependencies": [
            "data.local_file.environment",
            "module.private_subnet.random_uuid.route_table_id",
            "module.private_subnet.random_uuid.subnet_id",
            "module.public_subnet.random_uuid.route_table_id",
            "module.public_subnet.random_uuid.subnet_id",
            "random_uuid.vpc_id",
            "time_sleep.network_propagation"
          ]
        }
      ]
    },
    {
      "mode": "managed",
      "type": "random_uuid",
      "name": "vpc_id",
      "provider": "provider[\"registry.terraform.io/hashicorp/random\"]",
      "instances": [
        {
          "schema_version": 0,
          "attributes": {
            "id": "93536b1e-a344-c9ad-0788-7693157a6fe0",
            "keepers": null,
            "result": "93536b1e-a344-c9ad-0788-7693157a6fe0"
          },
          "sensitive_attributes": []
        }
      ]
    },
    {
      "mode": "managed",
      "type": "time_sleep",
      "name": "network_propagation",
      "provider": "provider[\"registry.terraform.io/hashicorp/time\"]",
      "instances": [
        {
          "schema_version": 0,
          "attributes": {
            "create_duration": "1s",
            "destroy_duration": null,
            "id": "2026-08-17T19:26:00Z",
            "triggers": null
          },
          "sensitive_attributes": [],
          "dependencies": [
            "data.local_file.environment",
            "module.private_subnet.random_uuid.route_table_id",
            "module.private_subnet.random_uuid.subnet_id",
            "module.public_subnet.random_uuid.route_table_id",
            "module.public_subnet.random_uuid.subnet_id",
            "random_uuid.vpc_id"
          ]
        }
      ]
    },
    {
      "mode": "managed",
      "type": "tls_private_key",
      "name": "deploy_signer",
      "provider": "provider[\"registry.terraform.io/hashicorp/tls\"]",
      "instances": [
        {
          "schema_version": 1,
          "attributes": {
            "algorithm": "ED25519",
            "ecdsa_curve": "P224",
            "id": "ebebee510afce76349c698ed9cf84509d1847f70",
            "private_key_openssh": "-----BEGIN OPENSSH PRIVATE KEY-----\nb3BlbnNzaC1rZXktdjEAAAAABG5vbmUAAAAEbm9uZQAAAAAAAAABAAAAMwAAAAtz\nc2gtZWQyNTUxOQAAACDxvUgfT7hd0QBK3iLQzWdb+KKebTJZemdiYaMlshcm0wAA\nAIiHn9ddh5/XXQAAAAtzc2gtZWQyNTUxOQAAACDxvUgfT7hd0QBK3iLQzWdb+KKe\nbTJZemdiYaMlshcm0wAAAEC+3u5dodTi7ckquNdzjk4Rk+/2ExJ6UGqMSaZI88Rt\nKPG9SB9PuF3RAEreItDNZ1v4op5tMll6Z2JhoyWyFybTAAAAAAECAwQF\n-----END OPENSSH PRIVATE KEY-----\n",
            "private_key_pem": "-----BEGIN PRIVATE KEY-----\nMC4CAQAwBQYDK2VwBCIEIL7e7l2h1OLtySq413OOThGT7/YTEnpQaoxJpkjzxG0o\n-----END PRIVATE KEY-----\n",
            "private_key_pem_pkcs8": "-----BEGIN PRIVATE KEY-----\nMC4CAQAwBQYDK2VwBCIEIL7e7l2h1OLtySq413OOThGT7/YTEnpQaoxJpkjzxG0o\n-----END PRIVATE KEY-----\n",
            "public_key_fingerprint_md5": "3a:f7:bc:23:b7:13:ae:66:ce:05:e9:0a:ac:8d:33:42",
            "public_key_fingerprint_sha256": "SHA256:XQfoG17o53tvr6aJOa0NurLzIs4vaEqHYKzwfsbxRQo",
            "public_key_openssh": "ssh-ed25519 AAAAC3NzaC1lZDI1NTE5AAAAIPG9SB9PuF3RAEreItDNZ1v4op5tMll6Z2JhoyWyFybT\n",
            "public_key_pem": "-----BEGIN PUBLIC KEY-----\nMCowBQYDK2VwAyEA8b1IH0+4XdEASt4i0M1nW/iinm0yWXpnYmGjJbIXJtM=\n-----END PUBLIC KEY-----\n",
            "rsa_bits": 2048
          },
          "sensitive_attributes": [
            [
              {
                "type": "get_attr",
                "value": "private_key_pem_pkcs8"
              }
            ],
            [
              {
                "type": "get_attr",
                "value": "private_key_openssh"
              }
            ],
            [
              {
                "type": "get_attr",
                "value": "private_key_pem"
              }
            ]
          ]
        }
      ]
    },
    {
      "module": "module.cluster",
      "mode": "managed",
      "type": "random_string",
      "name": "kubeconfig",
      "provider": "provider[\"registry.terraform.io/hashicorp/random\"]",
      "instances": [
        {
          "schema_version": 2,
          "attributes": {
            "id": "mrk_\u003e}q3q8ca",
            "keepers": null,
            "length": 12,
            "lower": true,
            "min_lower": 0,
            "min_numeric": 0,
            "min_special": 0,
            "min_upper": 0,
            "number": true,
            "numeric": true,
            "override_special": null,
            "result": "mrk_\u003e}q3q8ca",
            "special": true,
            "upper": false
          },
          "sensitive_attributes": [],
          "dependencies": [
            "data.local_file.environment",
            "module.cluster.time_sleep.wait_10s",
            "module.private_subnet.random_uuid.route_table_id",
            "module.private_subnet.random_uuid.subnet_id",
            "module.public_subnet.random_uuid.route_table_id",
            "module.public_subnet.random_uuid.subnet_id",
            "random_uuid.vpc_id",
            "time_sleep.network_propagation"
          ]
        }
      ]
    },
    {
      "module": "module.cluster",
      "mode": "managed",
      "type": "random_uuid",
      "name": "cluster_id",
      "provider": "provider[\"registry.terraform.io/hashicorp/random\"]",
      "instances": [
        {
          "schema_version": 0,
          "attributes": {
            "id": "76529909-19fd-17b4-5744-07b42607ef49",
            "keepers": null,
            "result": "76529909-19fd-17b4-5744-07b42607ef49"
          },
          "sensitive_attributes": [],
          "dependencies": [
            "data.local_file.environment",
            "module.cluster.time_sleep.wait_10s",
            "module.private_subnet.random_uuid.route_table_id",
            "module.private_subnet.random_uuid.subnet_id",
            "module.public_subnet.random_uuid.route_table_id",
            "module.public_subnet.random_uuid.subnet_id",
            "random_uuid.vpc_id",
            "time_sleep.network_propagation"
          ]
        }
      ]
    },
    {
      "module": "module.cluster",
      "mode": "managed",
      "type": "random_uuid",
      "name": "node_group_id",
      "provider": "provider[\"registry.terraform.io/hashicorp/random\"]",
      "instances": [
        {
          "schema_version": 0,
          "attributes": {
            "id": "66c521dc-2211-ee2a-6afc-a03a1e91e0ae",
            "keepers": null,
            "result": "66c521dc-2211-ee2a-6afc-a03a1e91e0ae"
          },
          "sensitive_attributes": [],
          "dependencies": [
            "data.local_file.environment",
            "module.cluster.time_sleep.wait_10s",
            "module.private_subnet.random_uuid.route_table_id",
            "module.private_subnet.random_uuid.subnet_id",
            "module.public_subnet.random_uuid.route_table_id",
            "module.public_subnet.random_uuid.subnet_id",
            "random_uuid.vpc_id",
            "time_sleep.network_propagation"
          ]
        }
      ]
    },
    {
      "module": "module.cluster",
      "mode": "managed",
      "type": "time_sleep",
      "name": "wait_10s",
      "provider": "provider[\"registry.terraform.io/hashicorp/time\"]",
      "instances": [
        {
          "schema_version": 0,
          "attributes": {
            "create_duration": "10s",
            "destroy_duration": "10s",
            "id": "2026-08-17T19:26:10Z",
            "triggers": null
          },
          "sensitive_attributes": [],
          "dependencies": [
            "data.local_file.environment",
            "module.private_subnet.random_uuid.route_table_id",
            "module.private_subnet.random_uuid.subnet_id",
            "module.public_subnet.random_uuid.route_table_id",
            "module.public_subnet.random_uuid.subnet_id",
            "random_uuid.vpc_id",
            "time_sleep.network_propagation"
          ]
        }
      ]
    },
    {
      "module": "module.database",
      "mode": "managed",
      "type": "random_password",
      "name": "admin_password",
      "provider": "provider[\"registry.terraform.io/hashicorp/random\"]",
      "instances": [
        {
          "schema_version": 3,
          "attributes": {
            "bcrypt_hash": "$2a$10$HXQiDnoN9CuB06U0Pf3S3etKzsCwxTRcOHbwLW14lFizvQB08ZIYG",
            "id": "none",
            "keepers": null,
            "length": 16,
            "lower": true,
            "min_lower": 0,
            "min_numeric": 0,
            "min_special": 0,
            "min_upper": 0,
            "number": true,
            "numeric": true,
            "override_special": null,
            "result": "_=dg8@#\u003e?=bTOJR#",
            "special": true,
            "upper": true
          },
          "sensitive_attributes": [
            [
              {
                "type": "get_attr",
                "value": "bcrypt_hash"
              }
            ],
            [
              {
                "type": "get_attr",
                "value": "result"
              }
            ]
          ],
          "dependencies": [
            "module.database.time_sleep.wait_10s"
          ]
        }
      ]
    },
    {
      "module": "module.database",
      "mode": "managed",
      "type": "random_uuid",
      "name": "database_id",
      "provider": "provider[\"registry.terraform.io/hashicorp/random\"]",
      "instances": [
        {
          "schema_version": 0,
          "attributes": {
            "id": "9fb39d65-d9a4-adbb-a157-6c816556aa07",
            "keepers": null,
            "result": "9fb39d65-d9a4-adbb-a157-6c816556aa07"
          },
          "sensitive_attributes": [],
          "dependencies": [
            "module.database.time_sleep.wait_10s"
          ]
        }
      ]
    },
    {
      "module": "module.database",
      "mode": "managed",
      "type": "time_sleep",
      "name": "wait_10s",
      "provider": "provider[\"registry.terraform.io/hashicorp/time\"]",
      "instances": [
        {
          "schema_version": 0,
          "attributes": {
            "create_duration": "10s",
            "destroy_duration": "10s",
            "id": "2026-08-17T19:26:09Z",
            "triggers": null
          },
          "sensitive_attributes": []
        }
      ]
    },
    {
      "module": "module.private_subnet",
      "mode": "managed",
      "type": "random_uuid",
      "name": "route_table_id",
      "provider": "provider[\"registry.terraform.io/hashicorp/random\"]",
      "instances": [
        {
          "schema_version": 0,
          "attributes": {
            "id": "eb14295e-adb5-19bf-575b-1e0794466cd4",
            "keepers": {
              "subnet_id": "aae746dd-e611-dad5-f112-2093e032110e"
            },
            "result": "eb14295e-adb5-19bf-575b-1e0794466cd4"
          },
          "sensitive_attributes": [],
          "dependencies": [
            "module.private_subnet.random_uuid.subnet_id",
            "random_uuid.vpc_id"
          ]
        }
      ]
    },
    {
      "module": "module.private_subnet",
      "mode": "managed",
      "type": "random_uuid",
      "name": "subnet_id",
      "provider": "provider[\"registry.terraform.io/hashicorp/random\"]",
      "instances": [
        {
          "schema_version": 0,
          "attributes": {
            "id": "aae746dd-e611-dad5-f112-2093e032110e",
            "keepers": {
              "cidr": "10.0.2.0/24",
              "vpc_id": "93536b1e-a344-c9ad-0788-7693157a6fe0"
            },
            "result": "aae746dd-e611-dad5-f112-2093e032110e"
          },
          "sensitive_attributes": [],
          "dependencies": [
            "random_uuid.vpc_id"
          ]
        }
      ]
    },
    {
      "module": "module.public_subnet",
      "mode": "managed",
      "type": "random_uuid",
      "name": "route_table_id",
      "provider": "provider[\"registry.terraform.io/hashicorp/random\"]",
      "instances": [
        {
          "schema_version": 0,
          "attributes": {
            "id": "a4033106-beb8-fc21-32b9-84d837d000e5",
            "keepers": {
              "subnet_id": "0fd3c315-c622-247b-71f3-0cf3f685dd91"
            },
            "result": "a4033106-beb8-fc21-32b9-84d837d000e5"
          },
          "sensitive_attributes": [],
          "dependencies": [
            "module.public_subnet.random_uuid.subnet_id",
            "random_uuid.vpc_id"
          ]
        }
      ]
    },
    {
      "module": "module.public_subnet",
      "mode": "managed",
      "type": "random_uuid",
      "name": "subnet_id",
      "provider": "provider[\"registry.terraform.io/hashicorp/random\"]",
      "instances": [
        {
          "schema_version": 0,
          "attributes": {
            "id": "0fd3c315-c622-247b-71f3-0cf3f685dd91",
            "keepers": {
              "cidr": "10.0.1.0/24",
              "vpc_id": "93536b1e-a344-c9ad-0788-7693157a6fe0"
            },
            "result": "0fd3c315-c622-247b-71f3-0cf3f685dd91"
          },
          "sensitive_attributes": [],
          "dependencies": [
            "random_uuid.vpc_id"
          ]
        }
      ]
    },
    {
      "module": "module.storefront_dns",
      "mode": "managed",
      "type": "random_uuid",
      "name": "record_id",
      "provider": "provider[\"registry.terraform.io/hashicorp/random\"]",
      "instances": [
        {
          "schema_version": 0,
          "attributes": {
            "id": "21e43a73-c3ca-be9a-2dab-7793c2bc645b",
            "keepers": {
              "name": "acme-prod-storefront",
              "target": "https://kubernetes-76529909-19fd-17b4-5744-07b42607ef49.amazonaws.com",
              "zone": "acme-concrete-tick.internal"
            },
            "result": "21e43a73-c3ca-be9a-2dab-7793c2bc645b"
          },
          "sensitive_attributes": [],
          "dependencies": [
            "data.local_file.environment",
            "module.cluster.random_uuid.cluster_id",
            "module.cluster.time_sleep.wait_10s",
            "module.private_subnet.random_uuid.route_table_id",
            "module.private_subnet.random_uuid.subnet_id",
            "module.public_subnet.random_uuid.route_table_id",
            "module.public_subnet.random_uuid.subnet_id",
            "random_pet.network_name",
            "random_uuid.vpc_id",
            "time_sleep.network_propagation"
          ]
        }
      ]
    }
  ],
  "check_results": null
}
