{
  "version": 4,
  "terraform_version": "1.8.3",
  "serial": 19,
  "lineage": "f6ad1046-092c-1aae-6de8-c0344605d15d",
  "outputs": {
    "app_fqdn": {
      "value": "acme-prod-storefront.acme-pumped-liger.internal",
      "type": "string"
    },
    "cluster_endpoint": {
      "value": "https://3bca98d6-03c4-95d8-790d-44731fb4e718.cluster.internal",
      "type": "string"
    },
    "database_endpoint": {
      "value": "acme-prod-orders-5ed96983-eddd-807f-e686-e15b609a9b3f.db.internal",
      "type": "string"
    },
    "deploy_key_fingerprint": {
      "value": "a1:d8:31:20:70:1c:84:9c:1b:18:50:94:e2:e9:13:56",
      "type": "string"
    },
    "vpc_id": {
      "value": "90a0d907-408c-7aba-5fef-ed0980432c99",
      "type": "string"
    }
  },
  "resources": [
    {
      "mode": "data",
      "type": "tls_public_key",
      "name": "deploy_key",
      "provider": "provider[\"registry.terraform.io/hashicorp/tls\"]",
      "instances": [
        {
          "schema_version": 0,
          "attributes": {
            "algorithm": "ED25519",
            "id": "941e15b5b1912115a75d5b7821d4b1ed68d0b762",
            "private_key_openssh": null,
            "private_key_pem": "-----BEGIN PRIVATE KEY-----\nMC4CAQAwBQYDK2VwBCIEILdPw0ig7x6Lg5UX7tZP6+rtU4h2WbkF0+MjSIyLUZTY\n-----END PRIVATE KEY-----\n",
            "public_key_fingerprint_md5": "a1:d8:31:20:70:1c:84:9c:1b:18:50:94:e2:e9:13:56",
            "public_key_fingerprint_sha256": "SHA256:Bv+Sx1S0nDCh9GwnVMVDgJmmvMWbdy9OT3FYgl5AGJM",
            "public_key_openssh": "ssh-ed25519 AAAAC3NzaC1lZDI1NTE5AAAAIGHb24y8PzZKP1cCS8MBnpofnAtIZuxbGglANZqgISl3\n",
            "public_key_pem": "-----BEGIN PUBLIC KEY-----\nMCowBQYDK2VwAyEAYdvbjLw/Nko/VwJLwwGemh+cC0hm7FsaCUA1mqAhKXc=\n-----END PUBLIC KEY-----\n"
          },
          "sensitive_attributes": [
            [
              {
                "type": "get_attr",
                "value": "private_key_openssh"
              }
            ],
            [
              {
                "type": "get_attr",
                "value": "private_key_pem"
              }
            ]
          ]
        }
      ]
    },
    {
      "mode": "managed",
      "type": "random_password",
      "name": "app_session_secret",
      "provider": "provider[\"registry.terraform.io/hashicorp/random\"]",
      "instances": [
        {
          "schema_version": 3,
          "attributes": {
            "bcrypt_hash": "$2a$10$7FSmk.8Ih26QBJpGqYyDyuWbjgIjRyfC/DRlxcg0SvuOiwqpZXimm",
            "id": "none",
            "keepers": null,
            "length": 24,
            "lower": true,
            "min_lower": 0,
            "min_numeric": 0,
            "min_special": 0,
            "min_upper": 0,
            "number": true,
            "numeric": true,
            "override_special": null,
            "result": "B1nTh3VpxiIe1dggpwqdsPYH",
            "special": false,
            "upper": true
          },
          "sensitive_attributes": [
            [
              {
                "type": "get_attr",
                "value": "result"
              }
            ],
            [
              {
                "type": "get_attr",
                "value": "bcrypt_hash"
              }
            ]
          ]
        }
      ]
    },
    {
      "mode": "managed",
      "type": "random_pet",
      "name": "app_release",
      "provider": "provider[\"registry.terraform.io/hashicorp/random\"]",
      "instances": [
        {
          "schema_version": 0,
          "attributes": {
            "id": "acme-prod-storefront-quality-leech",
            "keepers": {
              "cluster": "3bca98d6-03c4-95d8-790d-44731fb4e718",
              "db_endpoint": "acme-prod-orders-5ed96983-eddd-807f-e686-e15b609a9b3f.db.internal",
              "db_port": "7777",
              "deploy_key": "a1:d8:31:20:70:1c:84:9c:1b:18:50:94:e2:e9:13:56",
              "replicas": "3",
              "zone": "acme-pumped-liger.internal"
            },
            "length": 2,
            "prefix": "acme-prod-storefront",
            "separator": "-"
          },
          "sensitive_attributes": [],
          "dependencies": [
            "data.tls_public_key.deploy_key",
            "module.cluster.random_uuid.cluster_id",
            "module.database.random_uuid.database_id",
            "module.private_subnet.random_uuid.subnet_id",
            "module.public_subnet.random_uuid.subnet_id",
            "random_pet.network_name",
            "random_uuid.nat_gateway_id",
            "random_uuid.vpc_id",
            "tls_private_key.deploy_signer"
          ]
        }
      ]
    },
    {
      "mode": "managed",
      "type": "random_pet",
      "name": "backup_plan",
      "provider": "provider[\"registry.terraform.io/hashicorp/random\"]",
      "instances": [
        {
          "schema_version": 0,
          "attributes": {
            "id": "able-chipmunk",
            "keepers": null,
            "length": 2,
            "prefix": null,
            "separator": "-"
          },
          "sensitive_attributes": []
        }
      ]
    },
    {
      "mode": "managed",
      "type": "random_pet",
      "name": "network_name",
      "provider": "provider[\"registry.terraform.io/hashicorp/random\"]",
      "instances": [
        {
          "schema_version": 0,
          "attributes": {
            "id": "acme-pumped-liger",
            "keepers": null,
            "length": 2,
            "prefix": "acme",
            "separator": "-"
          },
          "sensitive_attributes": []
        }
      ]
    },
    {
      "mode": "managed",
      "type": "random_pet",
      "name": "node_pool",
      "provider": "provider[\"registry.terraform.io/hashicorp/random\"]",
      "instances": [
        {
          "schema_version": 0,
          "attributes": {
            "id": "acme-prod-cluster-loved-boa",
            "keepers": {
              "nodes": "2",
              "version": "1.28"
            },
            "length": 2,
            "prefix": "acme-prod-cluster",
            "separator": "-"
          },
          "sensitive_attributes": []
        }
      ]
    },
    {
      "mode": "managed",
      "type": "random_uuid",
      "name": "audit_log_bucket_id",
      "provider": "provider[\"registry.terraform.io/hashicorp/random\"]",
      "instances": [
        {
          "schema_version": 0,
          "attributes": {
            "id": "b7b9fa16-412a-3bde-b821-e27f35179912",
            "keepers": null,
            "result": "b7b9fa16-412a-3bde-b821-e27f35179912"
          },
          "sensitive_attributes": []
        }
      ]
    },
    {
      "mode": "managed",
      "type": "random_uuid",
      "name": "database_firewall_rule",
      "provider": "provider[\"registry.terraform.io/hashicorp/random\"]",
      "instances": [
        {
          "schema_version": 0,
          "attributes": {
            "id": "f16c817b-8e72-da78-d4fc-76d9c7eb9c6f",
            "keepers": {
              "port": "7777",
              "subnet_cidr": "10.0.2.0/24"
            },
            "result": "f16c817b-8e72-da78-d4fc-76d9c7eb9c6f"
          },
          "sensitive_attributes": []
        }
      ]
    },
    {
      "mode": "managed",
      "type": "random_uuid",
      "name": "nat_gateway_id",
      "provider": "provider[\"registry.terraform.io/hashicorp/random\"]",
      "instances": [
        {
          "schema_version": 0,
          "attributes": {
            "id": "829d76c1-2705-e136-5109-a54f661df5fb",
            "keepers": {
              "vpc": "90a0d907-408c-7aba-5fef-ed0980432c99"
            },
            "result": "829d76c1-2705-e136-5109-a54f661df5fb"
          },
          "sensitive_attributes": [],
          "dependencies": [
            "random_uuid.vpc_id"
          ]
        }
      ]
    },
    {
      "mode": "managed",
      "type": "random_uuid",
      "name": "vpc_id",
      "provider": "provider[\"registry.terraform.io/hashicorp/random\"]",
      "instances": [
        {
          "schema_version": 0,
          "attributes": {
            "id": "90a0d907-408c-7aba-5fef-ed0980432c99",
            "keepers": null,
            "result": "90a0d907-408c-7aba-5fef-ed0980432c99"
          },
          "sensitive_attributes": []
        }
      ]
    },
    {
      "mode": "managed",
      "type": "tls_private_key",
      "name": "deploy_signer",
      "provider": "provider[\"registry.terraform.io/hashicorp/tls\"]",
      "instances": [
        {
          "schema_version": 1,
          "attributes": {
            "algorithm": "ED25519",
            "ecdsa_curve": "P224",
            "id": "941e15b5b1912115a75d5b7821d4b1ed68d0b762",
            "private_key_openssh": "-----BEGIN OPENSSH PRIVATE KEY-----\nb3BlbnNzaC1rZXktdjEAAAAABG5vbmUAAAAEbm9uZQAAAAAAAAABAAAAMwAAAAtz\nc2gtZWQyNTUxOQAAACBh29uMvD82Sj9XAkvDAZ6aH5wLSGbsWxoJQDWaoCEpdwAA\nAIh/nBE5f5wROQAAAAtzc2gtZWQyNTUxOQAAACBh29uMvD82Sj9XAkvDAZ6aH5wL\nSGbsWxoJQDWaoCEpdwAAAEC3T8NIoO8ei4OVF+7WT+vq7VOIdlm5BdPjI0iMi1GU\n2GHb24y8PzZKP1cCS8MBnpofnAtIZuxbGglANZqgISl3AAAAAAECAwQF\n-----END OPENSSH PRIVATE KEY-----\n",
            "private_key_pem": "-----BEGIN PRIVATE KEY-----\nMC4CAQAwBQYDK2VwBCIEILdPw0ig7x6Lg5UX7tZP6+rtU4h2WbkF0+MjSIyLUZTY\n-----END PRIVATE KEY-----\n",
            "private_key_pem_pkcs8": "-----BEGIN PRIVATE KEY-----\nMC4CAQAwBQYDK2VwBCIEILdPw0ig7x6Lg5UX7tZP6+rtU4h2WbkF0+MjSIyLUZTY\n-----END PRIVATE KEY-----\n",
            "public_key_fingerprint_md5": "a1:d8:31:20:70:1c:84:9c:1b:18:50:94:e2:e9:13:56",
            "public_key_fingerprint_sha256": "SHA256:Bv+Sx1S0nDCh9GwnVMVDgJmmvMWbdy9OT3FYgl5AGJM",
            "public_key_openssh": "ssh-ed25519 AAAAC3NzaC1lZDI1NTE5AAAAIGHb24y8PzZKP1cCS8MBnpofnAtIZuxbGglANZqgISl3\n",
            "public_key_pem": "-----BEGIN PUBLIC KEY-----\nMCowBQYDK2VwAyEAYdvbjLw/Nko/VwJLwwGemh+cC0hm7FsaCUA1mqAhKXc=\n-----END PUBLIC KEY-----\n",
            "rsa_bits": 2048
          },
          "sensitive_attributes": [
            [
              {
                "type": "get_attr",
                "value": "private_key_openssh"
              }
            ],
            [
              {
                "type": "get_attr",
                "value": "private_key_pem_pkcs8"
              }
            ],
            [
              {
                "type": "get_attr",
                "value": "private_key_pem"
              }
            ]
          ]
        }
      ]
    },
    {
      "module": "module.cluster",
      "mode": "managed",
      "type": "random_uuid",
      "name": "cluster_id",
      "provider": "provider[\"registry.terraform.io/hashicorp/random\"]",
      "instances": [
        {
          "schema_version": 0,
          "attributes": {
            "id": "3bca98d6-03c4-95d8-790d-44731fb4e718",
            "keepers": {
              "group": "env-rg",
              "name": "acme-prod-cluster",
              "subnets": "78d63922-d7f1-4b23-fb26-9dae8757debf,eda810e5-5785-f675-f739-3b18dcc1c913",
              "version": "1.28",
              "vpc": "90a0d907-408c-7aba-5fef-ed0980432c99"
            },
            "result": "3bca98d6-03c4-95d8-790d-44731fb4e718"
          },
          "sensitive_attributes": [],
          "dependencies": [
            "module.private_subnet.random_uuid.subnet_id",
            "module.public_subnet.random_uuid.subnet_id",
            "random_uuid.nat_gateway_id",
            "random_uuid.vpc_id"
          ]
        }
      ]
    },
    {
      "module": "module.database",
      "mode": "managed",
      "type": "random_uuid",
      "name": "database_id",
      "provider": "provider[\"registry.terraform.io/hashicorp/random\"]",
      "instances": [
        {
          "schema_version": 0,
          "attributes": {
            "id": "5ed96983-eddd-807f-e686-e15b609a9b3f",
            "keepers": {
              "group": "env-rg",
              "name": "acme-prod-orders",
              "sku": "db.t3.small",
              "subnet": "eda810e5-5785-f675-f739-3b18dcc1c913"
            },
            "result": "5ed96983-eddd-807f-e686-e15b609a9b3f"
          },
          "sensitive_attributes": [],
          "dependencies": [
            "module.private_subnet.random_uuid.subnet_id",
            "random_uuid.vpc_id"
          ]
        }
      ]
    },
    {
      "module": "module.private_subnet",
      "mode": "managed",
      "type": "random_uuid",
      "name": "route_table_id",
      "provider": "provider[\"registry.terraform.io/hashicorp/random\"]",
      "instances": [
        {
          "schema_version": 0,
          "attributes": {
            "id": "89de678e-ba62-5cf9-0d43-4184ce225386",
            "keepers": {
              "subnet_id": "eda810e5-5785-f675-f739-3b18dcc1c913"
            },
            "result": "89de678e-ba62-5cf9-0d43-4184ce225386"
          },
          "sensitive_attributes": [],
          "dependencies": [
            "module.private_subnet.random_uuid.subnet_id",
            "random_uuid.vpc_id"
          ]
        }
      ]
    },
    {
      "module": "module.private_subnet",
      "mode": "managed",
      "type": "random_uuid",
      "name": "subnet_id",
      "provider": "provider[\"registry.terraform.io/hashicorp/random\"]",
      "instances": [
        {
          "schema_version": 0,
          "attributes": {
            "id": "eda810e5-5785-f675-f739-3b18dcc1c913",
            "keepers": {
              "cidr": "10.0.2.0/24",
              "vpc_id": "90a0d907-408c-7aba-5fef-ed0980432c99"
            },
            "result": "eda810e5-5785-f675-f739-3b18dcc1c913"
          },
          "sensitive_attributes": [],
          "dependencies": [
            "random_uuid.vpc_id"
          ]
        }
      ]
    },
    {
      "module": "module.public_subnet",
      "mode": "managed",
      "type": "random_uuid",
      "name": "route_table_id",
      "provider": "provider[\"registry.terraform.io/hashicorp/random\"]",
      "instances": [
        {
          "schema_version": 0,
          "attributes": {
            "id": "8e437e13-a0be-f624-ca51-402b68819af1",
            "keepers": {
              "subnet_id": "78d63922-d7f1-4b23-fb26-9dae8757debf"
            },
            "result": "8e437e13-a0be-f624-ca51-402b68819af1"
          },
          "sensitive_attributes": [],
          "dependencies": [
            "module.public_subnet.random_uuid.subnet_id",
            "random_uuid.vpc_id"
          ]
        }
      ]
    },
    {
      "module": "module.public_subnet",
      "mode": "managed",
      "type": "random_uuid",
      "name": "subnet_id",
      "provider": "provider[\"registry.terraform.io/hashicorp/random\"]",
      "instances": [
        {
          "schema_version": 0,
          "attributes": {
            "id": "78d63922-d7f1-4b23-fb26-9dae8757debf",
            "keepers": {
              "cidr": "10.0.1.0/24",
              "vpc_id": "90a0d907-408c-7aba-5fef-ed0980432c99"
            },
            "result": "78d63922-d7f1-4b23-fb26-9dae8757debf"
          },
          "sensitive_attributes": [],
          "dependencies": [
            "random_uuid.vpc_id"
          ]
        }
      ]
    },
    {
      "module": "module.storefront_dns",
      "mode": "managed",
      "type": "random_uuid",
      "name": "record_id",
      "provider": "provider[\"registry.terraform.io/hashicorp/random\"]",
      "instances": [
        {
          "schema_version": 0,
          "attributes": {
            "id": "8f492aa2-65c9-d2b1-d992-fb4ffaca73b7",
            "keepers": {
              "name": "acme-prod-storefront",
              "target": "https://3bca98d6-03c4-95d8-790d-44731fb4e718.cluster.internal",
              "zone": "acme-pumped-liger.internal"
            },
            "result": "8f492aa2-65c9-d2b1-d992-fb4ffaca73b7"
          },
          "sensitive_attributes": [],
          "dependencies": [
            "module.cluster.random_uuid.cluster_id",
            "module.private_subnet.random_uuid.subnet_id",
            "module.public_subnet.random_uuid.subnet_id",
            "random_pet.network_name",
            "random_uuid.nat_gateway_id",
            "random_uuid.vpc_id"
          ]
        }
      ]
    }
  ],
  "check_results": null
}
