{
  "version": 4,
  "terraform_version": "1.8.3",
  "serial": 25,
  "lineage": "6afc5a09-8988-130a-5b3f-8203ed6e07f5",
  "outputs": {
    "app_fqdn": {
      "value": "acme-prod-storefront.acme-notable-reindeer.internal",
      "type": "string"
    },
    "cluster_endpoint": {
      "value": "https://kubernetes-a7314d2d-ae94-6a83-3a08-bd8f4a291f6f.amazonaws.com",
      "type": "string"
    },
    "database_endpoint": {
      "value": "acme-prod-orders-0cef164e-6ae9-cb3a-0b0b-0657a1bd0d67.some.cloudprovider.com",
      "type": "string"
    },
    "deploy_key_fingerprint": {
      "value": "28:5f:d5:ef:56:60:d8:de:19:55:ce:18:5e:fc:3e:6c",
      "type": "string"
    },
    "vpc_id": {
      "value": "97c71689-4890-694b-58cb-de073e281818",
      "type": "string"
    }
  },
  "resources": [
    {
      "mode": "data",
      "type": "local_file",
      "name": "environment",
      "provider": "provider[\"registry.terraform.io/hashicorp/local\"]",
      "instances": [
        {
          "schema_version": 0,
          "attributes": {
            "content": "{\n  \"environment\": \"prod\",\n  \"database\": {\n    \"name\": \"orders\",\n    \"sku\": \"db.t3.small\"\n  },\n  \"cluster\": {\n    \"kubernetes_version\": \"1.28\",\n    \"node_instance_type\": \"m5.large\",\n    \"node_count\": 2\n  },\n  \"app\": {\n    \"name\": \"storefront\",\n    \"replicas\": 3\n  }\n}\n",
            "content_base64": "ewogICJlbnZpcm9ubWVudCI6ICJwcm9kIiwKICAiZGF0YWJhc2UiOiB7CiAgICAibmFtZSI6ICJvcmRlcnMiLAogICAgInNrdSI6ICJkYi50My5zbWFsbCIKICB9LAogICJjbHVzdGVyIjogewogICAgImt1YmVybmV0ZXNfdmVyc2lvbiI6ICIxLjI4IiwKICAgICJub2RlX2luc3RhbmNlX3R5cGUiOiAibTUubGFyZ2UiLAogICAgIm5vZGVfY291bnQiOiAyCiAgfSwKICAiYXBwIjogewogICAgIm5hbWUiOiAic3RvcmVmcm9udCIsCiAgICAicmVwbGljYXMiOiAzCiAgfQp9Cg==",
            "content_base64sha256": "DzbIXPURR5ZuW0C2E5+0wqKmiUIEx49rWJnKqwO0x0M=",
            "content_base64sha512": "E5xbKzfLCOhdnGZmBg5c8GXi3M7xeggHv2W6QDF7/W85VheAoZ5yWfaJNXmZVSibEZKnF970DoUdej2wHI4lFA==",
            "content_md5": "28c9ba3ff287c0c898ef52dc2147226a",
            "content_sha1": "4440cc9dee59ca0ac6abefdac3a984b59d71ca0c",
            "content_sha256": "0f36c85cf51147966e5b40b6139fb4c2a2a6894204c78f6b5899caab03b4c743",
            "content_sha512": "139c5b2b37cb08e85d9c6666060e5cf065e2dccef17a0807bf65ba40317bfd6f39561780a19e7259f68935799955289b1192a717def40e851d7a3db01c8e2514",
            "filename": "./config/environment.json",
            "id": "4440cc9dee59ca0ac6abefdac3a984b59d71ca0c"
          },
          "sensitive_attributes": []
        }
      ]
    },
    {
      "mode": "data",
      "type": "tls_public_key",
      "name": "deploy_key",
      "provider": "provider[\"registry.terraform.io/hashicorp/tls\"]",
      "instances": [
        {
          "schema_version": 0,
          "attributes": {
            "algorithm": "ED25519",
            "id": "0dc63e5ca50657376e9c6b8a788f06a1f11803f6",
            "private_key_openssh": null,
            "private_key_pem": "-----BEGIN PRIVATE KEY-----\nMC4CAQAwBQYDK2VwBCIEIBHj9tNY8KD6TgfO2lc/wMWKlcSKwoXlQc9WiAVhbQDP\n-----END PRIVATE KEY-----\n",
            "public_key_fingerprint_md5": "28:5f:d5:ef:56:60:d8:de:19:55:ce:18:5e:fc:3e:6c",
            "public_key_fingerprint_sha256": "SHA256:KJTcDKgyq7gXOGPOivK6MKDXdKD3Qa92s86zC+f6vko",
            "public_key_openssh": "ssh-ed25519 AAAAC3NzaC1lZDI1NTE5AAAAIMh1UyfpAIhN/8YyXQGpEbASQ8vxNR88OPrQePexX6p9\n",
            "public_key_pem": "-----BEGIN PUBLIC KEY-----\nMCowBQYDK2VwAyEAyHVTJ+kAiE3/xjJdAakRsBJDy/E1Hzw4+tB497Ffqn0=\n-----END PUBLIC KEY-----\n"
          },
          "sensitive_attributes": [
            [
              {
                "type": "get_attr",
                "value": "private_key_openssh"
              }
            ],
            [
              {
                "type": "get_attr",
                "value": "private_key_pem"
              }
            ]
          ]
        }
      ]
    },
    {
      "mode": "managed",
      "type": "random_password",
      "name": "app_session_secret",
      "provider": "provider[\"registry.terraform.io/hashicorp/random\"]",
      "instances": [
        {
          "schema_version": 3,
          "attributes": {
            "bcrypt_hash": "$2a$10$EokwXRBC1ggaL0w3iLr6tOCrA8z5OYi53LBF6QqDgAFjGdD53UByG",
            "id": "none",
            "keepers": null,
            "length": 24,
            "lower": true,
            "min_lower": 0,
            "min_numeric": 0,
            "min_special": 0,
            "min_upper": 0,
            "number": true,
            "numeric": true,
            "override_special": null,
            "result": "KbJ3wB9DxNkhClnbdVbtee36",
            "special": false,
            "upper": true
          },
          "sensitive_attributes": [
            [
              {
                "type": "get_attr",
                "value": "result"
              }
            ],
            [
              {
                "type": "get_attr",
                "value": "bcrypt_hash"
              }
            ]
          ]
        }
      ]
    },
    {
      "mode": "managed",
      "type": "random_pet",
      "name": "app_release",
      "provider": "provider[\"registry.terraform.io/hashicorp/random\"]",
      "instances": [
        {
          "schema_version": 0,
          "attributes": {
            "id": "acme-prod-storefront-obliging-lioness",
            "keepers": {
              "cluster": "a7314d2d-ae94-6a83-3a08-bd8f4a291f6f",
              "db_endpoint": "acme-prod-orders-0cef164e-6ae9-cb3a-0b0b-0657a1bd0d67.some.cloudprovider.com",
              "db_port": "5432",
              "deploy_key": "28:5f:d5:ef:56:60:d8:de:19:55:ce:18:5e:fc:3e:6c",
              "replicas": "3",
              "zone": "acme-notable-reindeer.internal"
            },
            "length": 2,
            "prefix": "acme-prod-storefront",
            "separator": "-"
          },
          "sensitive_attributes": [],
          "dependencies": [
            "data.local_file.environment",
            "data.tls_public_key.deploy_key",
            "module.cluster.random_uuid.cluster_id",
            "module.cluster.time_sleep.wait_10s",
            "module.database.random_uuid.database_id",
            "module.database.time_sleep.wait_10s",
            "module.private_subnet.random_uuid.route_table_id",
            "module.private_subnet.random_uuid.subnet_id",
            "module.public_subnet.random_uuid.route_table_id",
            "module.public_subnet.random_uuid.subnet_id",
            "random_pet.network_name",
            "random_uuid.vpc_id",
            "time_sleep.network_propagation",
            "tls_private_key.deploy_signer"
          ]
        }
      ]
    },
    {
      "mode": "managed",
      "type": "random_pet",
      "name": "backup_plan",
      "provider": "provider[\"registry.terraform.io/hashicorp/random\"]",
      "instances": [
        {
          "schema_version": 0,
          "attributes": {
            "id": "robust-coyote",
            "keepers": null,
            "length": 2,
            "prefix": null,
            "separator": "-"
          },
          "sensitive_attributes": []
        }
      ]
    },
    {
      "mode": "managed",
      "type": "random_pet",
      "name": "network_name",
      "provider": "provider[\"registry.terraform.io/hashicorp/random\"]",
      "instances": [
        {
          "schema_version": 0,
          "attributes": {
            "id": "acme-notable-reindeer",
            "keepers": null,
            "length": 2,
            "prefix": "acme",
            "separator": "-"
          },
          "sensitive_attributes": []
        }
      ]
    },
    {
      "mode": "managed",
      "type": "random_pet",
      "name": "node_pool",
      "provider": "provider[\"registry.terraform.io/hashicorp/random\"]",
      "instances": [
        {
          "schema_version": 0,
          "attributes": {
            "id": "acme-prod-cluster-summary-squirrel",
            "keepers": {
              "nodes": "2",
              "version": "1.28"
            },
            "length": 2,
            "prefix": "acme-prod-cluster",
            "separator": "-"
          },
          "sensitive_attributes": [],
          "dependencies": [
            "data.local_file.environment"
          ]
        }
      ]
    },
    {
      "mode": "managed",
      "type": "random_uuid",
      "name": "audit_log_bucket_id",
      "provider": "provider[\"registry.terraform.io/hashicorp/random\"]",
      "instances": [
        {
          "schema_version": 0,
          "attributes": {
            "id": "88e95b1e-05c5-59d0-afed-b131f4a8a19b",
            "keepers": null,
            "result": "88e95b1e-05c5-59d0-afed-b131f4a8a19b"
          },
          "sensitive_attributes": []
        }
      ]
    },
    {
      "mode": "managed",
      "type": "random_uuid",
      "name": "database_firewall_rule",
      "provider": "provider[\"registry.terraform.io/hashicorp/random\"]",
      "instances": [
        {
          "schema_version": 0,
          "attributes": {
            "id": "ecd38521-9259-239d-9bde-61665cc1e868",
            "keepers": {
              "port": "5432",
              "subnet_cidr": "10.0.2.0/24"
            },
            "result": "ecd38521-9259-239d-9bde-61665cc1e868"
          },
          "sensitive_attributes": []
        }
      ]
    },
    {
      "mode": "managed",
      "type": "random_uuid",
      "name": "nat_gateway_id",
      "provider": "provider[\"registry.terraform.io/hashicorp/random\"]",
      "instances": [
        {
          "schema_version": 0,
          "attributes": {
            "id": "3787bb39-fd18-5991-3626-cecbff223ab1",
            "keepers": null,
            "result": "3787bb39-fd18-5991-3626-cecbff223ab1"
          },
          "sensitive_attributes": [],
          "dependencies": [
            "data.local_file.environment",
            "module.private_subnet.random_uuid.route_table_id",
            "module.private_subnet.random_uuid.subnet_id",
            "module.public_subnet.random_uuid.route_table_id",
            "module.public_subnet.random_uuid.subnet_id",
            "random_uuid.vpc_id",
            "time_sleep.network_propagation"
          ]
        }
      ]
    },
    {
      "mode": "managed",
      "type": "random_uuid",
      "name": "vpc_id",
      "provider": "provider[\"registry.terraform.io/hashicorp/random\"]",
      "instances": [
        {
          "schema_version": 0,
          "attributes": {
            "id": "97c71689-4890-694b-58cb-de073e281818",
            "keepers": null,
            "result": "97c71689-4890-694b-58cb-de073e281818"
          },
          "sensitive_attributes": []
        }
      ]
    },
    {
      "mode": "managed",
      "type": "time_sleep",
      "name": "network_propagation",
      "provider": "provider[\"registry.terraform.io/hashicorp/time\"]",
      "instances": [
        {
          "schema_version": 0,
          "attributes": {
            "create_duration": "10s",
            "destroy_duration": null,
            "id": "2026-08-17T16:08:41Z",
            "triggers": null
          },
          "sensitive_attributes": [],
          "dependencies": [
            "data.local_file.environment",
            "module.private_subnet.random_uuid.route_table_id",
            "module.private_subnet.random_uuid.subnet_id",
            "module.public_subnet.random_uuid.route_table_id",
            "module.public_subnet.random_uuid.subnet_id",
            "random_uuid.vpc_id"
          ]
        }
      ]
    },
    {
      "mode": "managed",
      "type": "tls_private_key",
      "name": "deploy_signer",
      "provider": "provider[\"registry.terraform.io/hashicorp/tls\"]",
      "instances": [
        {
          "schema_version": 1,
          "attributes": {
            "algorithm": "ED25519",
            "ecdsa_curve": "P224",
            "id": "0dc63e5ca50657376e9c6b8a788f06a1f11803f6",
            "private_key_openssh": "-----BEGIN OPENSSH PRIVATE KEY-----\nb3BlbnNzaC1rZXktdjEAAAAABG5vbmUAAAAEbm9uZQAAAAAAAAABAAAAMwAAAAtz\nc2gtZWQyNTUxOQAAACDIdVMn6QCITf/GMl0BqRGwEkPL8TUfPDj60Hj3sV+qfQAA\nAIh+sg+cfrIPnAAAAAtzc2gtZWQyNTUxOQAAACDIdVMn6QCITf/GMl0BqRGwEkPL\n8TUfPDj60Hj3sV+qfQAAAEAR4/bTWPCg+k4HztpXP8DFipXEisKF5UHPVogFYW0A\nz8h1UyfpAIhN/8YyXQGpEbASQ8vxNR88OPrQePexX6p9AAAAAAECAwQF\n-----END OPENSSH PRIVATE KEY-----\n",
            "private_key_pem": "-----BEGIN PRIVATE KEY-----\nMC4CAQAwBQYDK2VwBCIEIBHj9tNY8KD6TgfO2lc/wMWKlcSKwoXlQc9WiAVhbQDP\n-----END PRIVATE KEY-----\n",
            "private_key_pem_pkcs8": "-----BEGIN PRIVATE KEY-----\nMC4CAQAwBQYDK2VwBCIEIBHj9tNY8KD6TgfO2lc/wMWKlcSKwoXlQc9WiAVhbQDP\n-----END PRIVATE KEY-----\n",
            "public_key_fingerprint_md5": "28:5f:d5:ef:56:60:d8:de:19:55:ce:18:5e:fc:3e:6c",
            "public_key_fingerprint_sha256": "SHA256:KJTcDKgyq7gXOGPOivK6MKDXdKD3Qa92s86zC+f6vko",
            "public_key_openssh": "ssh-ed25519 AAAAC3NzaC1lZDI1NTE5AAAAIMh1UyfpAIhN/8YyXQGpEbASQ8vxNR88OPrQePexX6p9\n",
            "public_key_pem": "-----BEGIN PUBLIC KEY-----\nMCowBQYDK2VwAyEAyHVTJ+kAiE3/xjJdAakRsBJDy/E1Hzw4+tB497Ffqn0=\n-----END PUBLIC KEY-----\n",
            "rsa_bits": 2048
          },
          "sensitive_attributes": [
            [
              {
                "type": "get_attr",
                "value": "private_key_pem_pkcs8"
              }
            ],
            [
              {
                "type": "get_attr",
                "value": "private_key_pem"
              }
            ],
            [
              {
                "type": "get_attr",
                "value": "private_key_openssh"
              }
            ]
          ]
        }
      ]
    },
    {
      "module": "module.cluster",
      "mode": "managed",
      "type": "random_string",
      "name": "kubeconfig",
      "provider": "provider[\"registry.terraform.io/hashicorp/random\"]",
      "instances": [
        {
          "schema_version": 2,
          "attributes": {
            "id": "?}k1r!yet=0?",
            "keepers": null,
            "length": 12,
            "lower": true,
            "min_lower": 0,
            "min_numeric": 0,
            "min_special": 0,
            "min_upper": 0,
            "number": true,
            "numeric": true,
            "override_special": null,
            "result": "?}k1r!yet=0?",
            "special": true,
            "upper": false
          },
          "sensitive_attributes": [],
          "dependencies": [
            "data.local_file.environment",
            "module.cluster.time_sleep.wait_10s",
            "module.private_subnet.random_uuid.route_table_id",
            "module.private_subnet.random_uuid.subnet_id",
            "module.public_subnet.random_uuid.route_table_id",
            "module.public_subnet.random_uuid.subnet_id",
            "random_uuid.vpc_id",
            "time_sleep.network_propagation"
          ]
        }
      ]
    },
    {
      "module": "module.cluster",
      "mode": "managed",
      "type": "random_uuid",
      "name": "cluster_id",
      "provider": "provider[\"registry.terraform.io/hashicorp/random\"]",
      "instances": [
        {
          "schema_version": 0,
          "attributes": {
            "id": "a7314d2d-ae94-6a83-3a08-bd8f4a291f6f",
            "keepers": null,
            "result": "a7314d2d-ae94-6a83-3a08-bd8f4a291f6f"
          },
          "sensitive_attributes": [],
          "dependencies": [
            "data.local_file.environment",
            "module.cluster.time_sleep.wait_10s",
            "module.private_subnet.random_uuid.route_table_id",
            "module.private_subnet.random_uuid.subnet_id",
            "module.public_subnet.random_uuid.route_table_id",
            "module.public_subnet.random_uuid.subnet_id",
            "random_uuid.vpc_id",
            "time_sleep.network_propagation"
          ]
        }
      ]
    },
    {
      "module": "module.cluster",
      "mode": "managed",
      "type": "random_uuid",
      "name": "node_group_id",
      "provider": "provider[\"registry.terraform.io/hashicorp/random\"]",
      "instances": [
        {
          "schema_version": 0,
          "attributes": {
            "id": "f4089e4b-559f-42fd-e7ca-a086c873dc1f",
            "keepers": null,
            "result": "f4089e4b-559f-42fd-e7ca-a086c873dc1f"
          },
          "sensitive_attributes": [],
          "dependencies": [
            "data.local_file.environment",
            "module.cluster.time_sleep.wait_10s",
            "module.private_subnet.random_uuid.route_table_id",
            "module.private_subnet.random_uuid.subnet_id",
            "module.public_subnet.random_uuid.route_table_id",
            "module.public_subnet.random_uuid.subnet_id",
            "random_uuid.vpc_id",
            "time_sleep.network_propagation"
          ]
        }
      ]
    },
    {
      "module": "module.cluster",
      "mode": "managed",
      "type": "time_sleep",
      "name": "wait_10s",
      "provider": "provider[\"registry.terraform.io/hashicorp/time\"]",
      "instances": [
        {
          "schema_version": 0,
          "attributes": {
            "create_duration": "10s",
            "destroy_duration": "10s",
            "id": "2026-08-17T16:08:51Z",
            "triggers": null
          },
          "sensitive_attributes": [],
          "dependencies": [
            "data.local_file.environment",
            "module.private_subnet.random_uuid.route_table_id",
            "module.private_subnet.random_uuid.subnet_id",
            "module.public_subnet.random_uuid.route_table_id",
            "module.public_subnet.random_uuid.subnet_id",
            "random_uuid.vpc_id",
            "time_sleep.network_propagation"
          ]
        }
      ]
    },
    {
      "module": "module.database",
      "mode": "managed",
      "type": "random_password",
      "name": "admin_password",
      "provider": "provider[\"registry.terraform.io/hashicorp/random\"]",
      "instances": [
        {
          "schema_version": 3,
          "attributes": {
            "bcrypt_hash": "$2a$10$auHr8K1LQihYF374agvjw.aroQ0AdFueYkaiFNYVqxZnwhoJbFAFO",
            "id": "none",
            "keepers": null,
            "length": 16,
            "lower": true,
            "min_lower": 0,
            "min_numeric": 0,
            "min_special": 0,
            "min_upper": 0,
            "number": true,
            "numeric": true,
            "override_special": null,
            "result": "VwOf={DJvRjbv9v}",
            "special": true,
            "upper": true
          },
          "sensitive_attributes": [
            [
              {
                "type": "get_attr",
                "value": "result"
              }
            ],
            [
              {
                "type": "get_attr",
                "value": "bcrypt_hash"
              }
            ]
          ],
          "dependencies": [
            "module.database.time_sleep.wait_10s"
          ]
        }
      ]
    },
    {
      "module": "module.database",
      "mode": "managed",
      "type": "random_uuid",
      "name": "database_id",
      "provider": "provider[\"registry.terraform.io/hashicorp/random\"]",
      "instances": [
        {
          "schema_version": 0,
          "attributes": {
            "id": "0cef164e-6ae9-cb3a-0b0b-0657a1bd0d67",
            "keepers": null,
            "result": "0cef164e-6ae9-cb3a-0b0b-0657a1bd0d67"
          },
          "sensitive_attributes": [],
          "dependencies": [
            "module.database.time_sleep.wait_10s"
          ]
        }
      ]
    },
    {
      "module": "module.database",
      "mode": "managed",
      "type": "time_sleep",
      "name": "wait_10s",
      "provider": "provider[\"registry.terraform.io/hashicorp/time\"]",
      "instances": [
        {
          "schema_version": 0,
          "attributes": {
            "create_duration": "10s",
            "destroy_duration": "10s",
            "id": "2026-08-17T16:08:41Z",
            "triggers": null
          },
          "sensitive_attributes": []
        }
      ]
    },
    {
      "module": "module.private_subnet",
      "mode": "managed",
      "type": "random_uuid",
      "name": "route_table_id",
      "provider": "provider[\"registry.terraform.io/hashicorp/random\"]",
      "instances": [
        {
          "schema_version": 0,
          "attributes": {
            "id": "bbdfecfe-580a-8c5e-ad19-5e8f146bce59",
            "keepers": {
              "subnet_id": "b9e4f522-ab6a-8f51-c08b-fb3aa4333c75"
            },
            "result": "bbdfecfe-580a-8c5e-ad19-5e8f146bce59"
          },
          "sensitive_attributes": [],
          "dependencies": [
            "module.private_subnet.random_uuid.subnet_id",
            "random_uuid.vpc_id"
          ]
        }
      ]
    },
    {
      "module": "module.private_subnet",
      "mode": "managed",
      "type": "random_uuid",
      "name": "subnet_id",
      "provider": "provider[\"registry.terraform.io/hashicorp/random\"]",
      "instances": [
        {
          "schema_version": 0,
          "attributes": {
            "id": "b9e4f522-ab6a-8f51-c08b-fb3aa4333c75",
            "keepers": {
              "cidr": "10.0.2.0/24",
              "vpc_id": "97c71689-4890-694b-58cb-de073e281818"
            },
            "result": "b9e4f522-ab6a-8f51-c08b-fb3aa4333c75"
          },
          "sensitive_attributes": [],
          "dependencies": [
            "random_uuid.vpc_id"
          ]
        }
      ]
    },
    {
      "module": "module.public_subnet",
      "mode": "managed",
      "type": "random_uuid",
      "name": "route_table_id",
      "provider": "provider[\"registry.terraform.io/hashicorp/random\"]",
      "instances": [
        {
          "schema_version": 0,
          "attributes": {
            "id": "56a8d658-c57e-da5a-7260-7b7734d1ff7d",
            "keepers": {
              "subnet_id": "241c239d-f4b8-31fc-76b9-4d362ed995a3"
            },
            "result": "56a8d658-c57e-da5a-7260-7b7734d1ff7d"
          },
          "sensitive_attributes": [],
          "dependencies": [
            "module.public_subnet.random_uuid.subnet_id",
            "random_uuid.vpc_id"
          ]
        }
      ]
    },
    {
      "module": "module.public_subnet",
      "mode": "managed",
      "type": "random_uuid",
      "name": "subnet_id",
      "provider": "provider[\"registry.terraform.io/hashicorp/random\"]",
      "instances": [
        {
          "schema_version": 0,
          "attributes": {
            "id": "241c239d-f4b8-31fc-76b9-4d362ed995a3",
            "keepers": {
              "cidr": "10.0.1.0/24",
              "vpc_id": "97c71689-4890-694b-58cb-de073e281818"
            },
            "result": "241c239d-f4b8-31fc-76b9-4d362ed995a3"
          },
          "sensitive_attributes": [],
          "dependencies": [
            "random_uuid.vpc_id"
          ]
        }
      ]
    },
    {
      "module": "module.storefront_dns",
      "mode": "managed",
      "type": "random_uuid",
      "name": "record_id",
      "provider": "provider[\"registry.terraform.io/hashicorp/random\"]",
      "instances": [
        {
          "schema_version": 0,
          "attributes": {
            "id": "09ca8f45-4601-cd7b-e603-315f516f6b36",
            "keepers": {
              "name": "acme-prod-storefront",
              "target": "https://kubernetes-a7314d2d-ae94-6a83-3a08-bd8f4a291f6f.amazonaws.com",
              "zone": "acme-notable-reindeer.internal"
            },
            "result": "09ca8f45-4601-cd7b-e603-315f516f6b36"
          },
          "sensitive_attributes": [],
          "dependencies": [
            "data.local_file.environment",
            "module.cluster.random_uuid.cluster_id",
            "module.cluster.time_sleep.wait_10s",
            "module.private_subnet.random_uuid.route_table_id",
            "module.private_subnet.random_uuid.subnet_id",
            "module.public_subnet.random_uuid.route_table_id",
            "module.public_subnet.random_uuid.subnet_id",
            "random_pet.network_name",
            "random_uuid.vpc_id",
            "time_sleep.network_propagation"
          ]
        }
      ]
    }
  ],
  "check_results": null
}
