{
  "version": 4,
  "terraform_version": "1.2.9",
  "serial": 2,
  "lineage": "d3bdaeb0-81e3-ae27-8091-6006e2e82593",
  "outputs": {},
  "resources": [
    {
      "mode": "managed",
      "type": "random_integer",
      "name": "seed",
      "provider": "provider[\"registry.terraform.io/hashicorp/random\"]",
      "instances": [
        {
          "schema_version": 0,
          "attributes": {
            "id": "9",
            "keepers": null,
            "max": 100,
            "min": 1,
            "result": 9,
            "seed": null
          },
          "sensitive_attributes": []
        }
      ]
    },
    {
      "mode": "managed",
      "type": "random_pet",
      "name": "name_a",
      "provider": "provider[\"registry.terraform.io/hashicorp/random\"]",
      "instances": [
        {
          "schema_version": 0,
          "attributes": {
            "id": "becoming-leopard",
            "keepers": null,
            "length": 2,
            "prefix": null,
            "separator": "-"
          },
          "sensitive_attributes": []
        }
      ]
    }
  ]
}
