{
  "version": 4,
  "terraform_version": "1.2.9",
  "serial": 1,
  "lineage": "e77b07f1-37bc-1ab5-eddd-a8dafed60988",
  "outputs": {},
  "resources": [
    {
      "mode": "managed",
      "type": "random_pet",
      "name": "name_b",
      "provider": "provider[\"registry.terraform.io/hashicorp/random\"]",
      "instances": [
        {
          "schema_version": 0,
          "attributes": {
            "id": "swan",
            "keepers": {
              "seed": "9"
            },
            "length": 1,
            "prefix": null,
            "separator": "-"
          },
          "sensitive_attributes": [],
          "dependencies": [
            "random_integer.seed"
          ]
        }
      ]
    }
  ]
}
