{
  "version": 4,
  "terraform_version": "1.2.9",
  "serial": 8,
  "lineage": "39f0c00b-030c-c4fd-97ce-9d9d39fcb117",
  "outputs": {},
  "resources": [
    {
      "mode": "managed",
      "type": "random_pet",
      "name": "leftover",
      "provider": "provider[\"registry.terraform.io/hashicorp/random\"]",
      "instances": [
        {
          "schema_version": 0,
          "attributes": {
            "id": "frequently-vocal-gannet",
            "keepers": null,
            "length": 3,
            "prefix": null,
            "separator": "-"
          },
          "sensitive_attributes": []
        }
      ]
    }
  ]
}
