{
  "version": 4,
  "terraform_version": "1.8.3",
  "serial": 4,
  "lineage": "b7658927-7b4c-b925-03e9-6d7f6aaaac93",
  "outputs": {},
  "resources": [
    {
      "mode": "managed",
      "type": "random_pet",
      "name": "instance",
      "provider": "provider[\"registry.terraform.io/hashicorp/random\"]",
      "instances": [
        {
          "schema_version": 0,
          "attributes": {
            "id": "wildly-optimal-oyster",
            "keepers": {
              "fp": "needlessly-lasting-polliwog",
              "gen": "evident-cowbird",
              "ld": "needlessly-lasting-polliwog",
              "lm": "evident-cowbird",
              "lr": "9098",
              "net": "9098",
              "tagged": "demo-instance",
              "token": "njpJY7c4x0jp"
            },
            "length": 3,
            "prefix": null,
            "separator": "-"
          },
          "sensitive_attributes": [],
          "dependencies": [
            "data.tls_public_key.pub",
            "module.idgen.random_pet.id",
            "random_integer.net_id",
            "random_pet.fp_tag",
            "random_string.token",
            "tls_private_key.signer"
          ]
        }
      ]
    },
    {
      "mode": "managed",
      "type": "tls_private_key",
      "name": "cert",
      "provider": "provider[\"registry.terraform.io/hashicorp/tls\"]",
      "instances": [
        {
          "schema_version": 1,
          "attributes": {
            "algorithm": "ED25519",
            "ecdsa_curve": "P224",
            "id": "85c0961667acaf90089d1e8fe95c283b447a9a0e",
            "private_key_openssh": "-----BEGIN OPENSSH PRIVATE KEY-----\nb3BlbnNzaC1rZXktdjEAAAAABG5vbmUAAAAEbm9uZQAAAAAAAAABAAAAMwAAAAtz\nc2gtZWQyNTUxOQAAACBXNU2Em456c4c0/XeDZT3R9ZDTVYryzmpIONslpMYP4AAA\nAIhsbBbObGwWzgAAAAtzc2gtZWQyNTUxOQAAACBXNU2Em456c4c0/XeDZT3R9ZDT\nVYryzmpIONslpMYP4AAAAEA61yipzHbrYjJ+zzhHZAyRX9Nb/ldsGHQSLzsMDSvJ\nVlc1TYSbjnpzhzT9d4NlPdH1kNNVivLOakg42yWkxg/gAAAAAAECAwQF\n-----END OPENSSH PRIVATE KEY-----\n",
            "private_key_pem": "-----BEGIN PRIVATE KEY-----\nMC4CAQAwBQYDK2VwBCIEIDrXKKnMdutiMn7POEdkDJFf01v+V2wYdBIvOwwNK8lW\n-----END PRIVATE KEY-----\n",
            "private_key_pem_pkcs8": "-----BEGIN PRIVATE KEY-----\nMC4CAQAwBQYDK2VwBCIEIDrXKKnMdutiMn7POEdkDJFf01v+V2wYdBIvOwwNK8lW\n-----END PRIVATE KEY-----\n",
            "public_key_fingerprint_md5": "06:33:30:d8:57:00:ef:38:f0:ef:8e:d8:73:01:6b:91",
            "public_key_fingerprint_sha256": "SHA256:6+vVnGlJveu6P4caa9TqZ58LUAKcbaYGhJ+bz7tjvec",
            "public_key_openssh": "ssh-ed25519 AAAAC3NzaC1lZDI1NTE5AAAAIFc1TYSbjnpzhzT9d4NlPdH1kNNVivLOakg42yWkxg/g\n",
            "public_key_pem": "-----BEGIN PUBLIC KEY-----\nMCowBQYDK2VwAyEAVzVNhJuOenOHNP13g2U90fWQ01WK8s5qSDjbJaTGD+A=\n-----END PUBLIC KEY-----\n",
            "rsa_bits": 2048
          },
          "sensitive_attributes": [
            [
              {
                "type": "get_attr",
                "value": "private_key_pem"
              }
            ],
            [
              {
                "type": "get_attr",
                "value": "private_key_pem_pkcs8"
              }
            ],
            [
              {
                "type": "get_attr",
                "value": "private_key_openssh"
              }
            ]
          ]
        }
      ]
    },
    {
      "mode": "managed",
      "type": "tls_private_key",
      "name": "cert_by_module",
      "provider": "provider[\"registry.terraform.io/hashicorp/tls\"].by_module",
      "instances": [
        {
          "schema_version": 1,
          "attributes": {
            "algorithm": "ED25519",
            "ecdsa_curve": "P224",
            "id": "c8458e7771d411fbcd538372dc5dd27c44654918",
            "private_key_openssh": "-----BEGIN OPENSSH PRIVATE KEY-----\nb3BlbnNzaC1rZXktdjEAAAAABG5vbmUAAAAEbm9uZQAAAAAAAAABAAAAMwAAAAtz\nc2gtZWQyNTUxOQAAACAJ0zyGPzmTQwXUxPnSvQZOS/JBFSkfhmnqznIfgbbmlQAA\nAIiYB7x7mAe8ewAAAAtzc2gtZWQyNTUxOQAAACAJ0zyGPzmTQwXUxPnSvQZOS/JB\nFSkfhmnqznIfgbbmlQAAAEB/AMJJ6GdheXS16Ix9h5BQh+fkH1PsWg4P9oCUwA89\nQQnTPIY/OZNDBdTE+dK9Bk5L8kEVKR+GaerOch+BtuaVAAAAAAECAwQF\n-----END OPENSSH PRIVATE KEY-----\n",
            "private_key_pem": "-----BEGIN PRIVATE KEY-----\nMC4CAQAwBQYDK2VwBCIEIH8AwknoZ2F5dLXojH2HkFCH5+QfU+xaDg/2gJTADz1B\n-----END PRIVATE KEY-----\n",
            "private_key_pem_pkcs8": "-----BEGIN PRIVATE KEY-----\nMC4CAQAwBQYDK2VwBCIEIH8AwknoZ2F5dLXojH2HkFCH5+QfU+xaDg/2gJTADz1B\n-----END PRIVATE KEY-----\n",
            "public_key_fingerprint_md5": "17:8a:c5:49:fa:01:ac:2e:cf:0d:f2:06:ad:c2:91:0e",
            "public_key_fingerprint_sha256": "SHA256:Uz/AEhjOw2NYkQiCT9pYNTuvQxztoF2ucx3J4jTqBjw",
            "public_key_openssh": "ssh-ed25519 AAAAC3NzaC1lZDI1NTE5AAAAIAnTPIY/OZNDBdTE+dK9Bk5L8kEVKR+GaerOch+BtuaV\n",
            "public_key_pem": "-----BEGIN PUBLIC KEY-----\nMCowBQYDK2VwAyEACdM8hj85k0MF1MT50r0GTkvyQRUpH4Zp6s5yH4G25pU=\n-----END PUBLIC KEY-----\n",
            "rsa_bits": 2048
          },
          "sensitive_attributes": [
            [
              {
                "type": "get_attr",
                "value": "private_key_pem"
              }
            ],
            [
              {
                "type": "get_attr",
                "value": "private_key_pem_pkcs8"
              }
            ],
            [
              {
                "type": "get_attr",
                "value": "private_key_openssh"
              }
            ]
          ],
          "dependencies": [
            "module.idgen.random_pet.id",
            "random_integer.net_id",
            "random_string.token"
          ]
        }
      ]
    },
    {
      "mode": "managed",
      "type": "tls_private_key",
      "name": "cert_by_resource",
      "provider": "provider[\"registry.terraform.io/hashicorp/tls\"].by_resource",
      "instances": [
        {
          "schema_version": 1,
          "attributes": {
            "algorithm": "ED25519",
            "ecdsa_curve": "P224",
            "id": "551e87bc28460931611c3bb281a4f73700e7d273",
            "private_key_openssh": "-----BEGIN OPENSSH PRIVATE KEY-----\nb3BlbnNzaC1rZXktdjEAAAAABG5vbmUAAAAEbm9uZQAAAAAAAAABAAAAMwAAAAtz\nc2gtZWQyNTUxOQAAACAcwmkMn5LJxKYv5DU0gsUqi5ONeh3fTvgoudXCQf1PBAAA\nAIhMdOTRTHTk0QAAAAtzc2gtZWQyNTUxOQAAACAcwmkMn5LJxKYv5DU0gsUqi5ON\neh3fTvgoudXCQf1PBAAAAEDEgi0jmnxgTH61Qj3woYaku/pTK+O95up3moOhD3vL\njBzCaQyfksnEpi/kNTSCxSqLk416Hd9O+Ci51cJB/U8EAAAAAAECAwQF\n-----END OPENSSH PRIVATE KEY-----\n",
            "private_key_pem": "-----BEGIN PRIVATE KEY-----\nMC4CAQAwBQYDK2VwBCIEIMSCLSOafGBMfrVCPfChhqS7+lMr473m6neag6EPe8uM\n-----END PRIVATE KEY-----\n",
            "private_key_pem_pkcs8": "-----BEGIN PRIVATE KEY-----\nMC4CAQAwBQYDK2VwBCIEIMSCLSOafGBMfrVCPfChhqS7+lMr473m6neag6EPe8uM\n-----END PRIVATE KEY-----\n",
            "public_key_fingerprint_md5": "81:02:06:40:95:4d:3a:0c:fd:56:3b:e5:e1:5f:cc:5f",
            "public_key_fingerprint_sha256": "SHA256:H54XNCrzc165s1LU+s2Kiv8vaztK7dd5pQsXLJeHaTo",
            "public_key_openssh": "ssh-ed25519 AAAAC3NzaC1lZDI1NTE5AAAAIBzCaQyfksnEpi/kNTSCxSqLk416Hd9O+Ci51cJB/U8E\n",
            "public_key_pem": "-----BEGIN PUBLIC KEY-----\nMCowBQYDK2VwAyEAHMJpDJ+SycSmL+Q1NILFKouTjXod3074KLnVwkH9TwQ=\n-----END PUBLIC KEY-----\n",
            "rsa_bits": 2048
          },
          "sensitive_attributes": [
            [
              {
                "type": "get_attr",
                "value": "private_key_pem"
              }
            ],
            [
              {
                "type": "get_attr",
                "value": "private_key_pem_pkcs8"
              }
            ],
            [
              {
                "type": "get_attr",
                "value": "private_key_openssh"
              }
            ]
          ],
          "dependencies": [
            "random_pet.net_name"
          ]
        }
      ]
    }
  ],
  "check_results": null
}
