{
  "version": 4,
  "terraform_version": "1.8.3",
  "serial": 23,
  "lineage": "440994ad-0915-312a-4701-329bec49401a",
  "outputs": {},
  "resources": [
    {
      "mode": "data",
      "type": "tls_public_key",
      "name": "pub",
      "provider": "provider[\"registry.terraform.io/hashicorp/tls\"]",
      "instances": [
        {
          "schema_version": 0,
          "attributes": {
            "algorithm": "ED25519",
            "id": "a09cddeb88c9c0fab75550d1306ef8f160d9f882",
            "private_key_openssh": null,
            "private_key_pem": "-----BEGIN PRIVATE KEY-----\nMC4CAQAwBQYDK2VwBCIEIMISGoymTfnv8HIGBQXvs63FZ3Ucd5rntJx906jTtJNK\n-----END PRIVATE KEY-----\n",
            "public_key_fingerprint_md5": "ea:6d:8e:82:02:d5:8b:7b:29:45:05:07:cf:6c:83:24",
            "public_key_fingerprint_sha256": "SHA256:d+CoxcH19r6TE2Gunlje3Vbc+fVljdWiD6bNlQ0VYOM",
            "public_key_openssh": "ssh-ed25519 AAAAC3NzaC1lZDI1NTE5AAAAIC+s+9KmHnSHmO4krMDLpVuuW/BJXZ6scnVOO0pebQbc\n",
            "public_key_pem": "-----BEGIN PUBLIC KEY-----\nMCowBQYDK2VwAyEAL6z70qYedIeY7iSswMulW65b8EldnqxydU47Sl5tBtw=\n-----END PUBLIC KEY-----\n"
          },
          "sensitive_attributes": [
            [
              {
                "type": "get_attr",
                "value": "private_key_openssh"
              }
            ],
            [
              {
                "type": "get_attr",
                "value": "private_key_pem"
              }
            ]
          ]
        }
      ]
    },
    {
      "mode": "managed",
      "type": "random_pet",
      "name": "unmanaged_extra",
      "provider": "provider[\"registry.terraform.io/hashicorp/random\"]",
      "instances": [
        {
          "schema_version": 0,
          "attributes": {
            "id": "settled-eft",
            "keepers": null,
            "length": 2,
            "prefix": null,
            "separator": "-"
          },
          "sensitive_attributes": []
        }
      ]
    }
  ],
  "check_results": null
}
