{
  "version": 4,
  "terraform_version": "1.8.3",
  "serial": 12,
  "lineage": "03f006b6-ab3c-affa-9088-d49f996923e5",
  "outputs": {},
  "resources": [
    {
      "mode": "data",
      "type": "tls_public_key",
      "name": "pub",
      "provider": "provider[\"registry.terraform.io/hashicorp/tls\"]",
      "instances": [
        {
          "schema_version": 0,
          "attributes": {
            "algorithm": "ED25519",
            "id": "8cab4f0c59b17b0e91bcc9df041612e13290f4e3",
            "private_key_openssh": null,
            "private_key_pem": "-----BEGIN PRIVATE KEY-----\nMC4CAQAwBQYDK2VwBCIEIC5yYEvIJDmQ3AQqyFrS+VUpH6w/Ii6g9Hnl94X47JYE\n-----END PRIVATE KEY-----\n",
            "public_key_fingerprint_md5": "3e:2a:1e:6f:ce:bd:26:c4:f0:e5:10:ec:9f:cc:7d:e7",
            "public_key_fingerprint_sha256": "SHA256:auKUy0DS6ly7mNfA6I5tXtfRhJePfJbX7Flp7lcrQmQ",
            "public_key_openssh": "ssh-ed25519 AAAAC3NzaC1lZDI1NTE5AAAAILt/omP6x4WwHlhNpCoccufnxFJzwjHOainMAbkF2xQL\n",
            "public_key_pem": "-----BEGIN PUBLIC KEY-----\nMCowBQYDK2VwAyEAu3+iY/rHhbAeWE2kKhxy5+fEUnPCMc5qKcwBuQXbFAs=\n-----END PUBLIC KEY-----\n"
          },
          "sensitive_attributes": [
            [
              {
                "type": "get_attr",
                "value": "private_key_openssh"
              }
            ],
            [
              {
                "type": "get_attr",
                "value": "private_key_pem"
              }
            ]
          ]
        }
      ]
    },
    {
      "mode": "managed",
      "type": "random_integer",
      "name": "net_id",
      "provider": "provider[\"registry.terraform.io/hashicorp/random\"]",
      "instances": [
        {
          "schema_version": 0,
          "attributes": {
            "id": "2051",
            "keepers": null,
            "max": 9999,
            "min": 1000,
            "result": 2051,
            "seed": null
          },
          "sensitive_attributes": []
        }
      ]
    },
    {
      "mode": "managed",
      "type": "random_pet",
      "name": "fp_tag",
      "provider": "provider[\"registry.terraform.io/hashicorp/random\"]",
      "instances": [
        {
          "schema_version": 0,
          "attributes": {
            "id": "gently-fair-jaybird",
            "keepers": {
              "fp": "3e:2a:1e:6f:ce:bd:26:c4:f0:e5:10:ec:9f:cc:7d:e7"
            },
            "length": 3,
            "prefix": null,
            "separator": "-"
          },
          "sensitive_attributes": [],
          "dependencies": [
            "data.tls_public_key.pub",
            "tls_private_key.signer"
          ]
        }
      ]
    },
    {
      "mode": "managed",
      "type": "random_pet",
      "name": "instance",
      "provider": "provider[\"registry.terraform.io/hashicorp/random\"]",
      "instances": [
        {
          "schema_version": 0,
          "attributes": {
            "id": "arguably-tolerant-porpoise",
            "keepers": {
              "fp": "gently-fair-jaybird",
              "gen": "fair-beetle",
              "ld": "gently-fair-jaybird",
              "lm": "fair-beetle",
              "lr": "2051",
              "net": "2051",
              "tagged": "demo-instance",
              "token": "N6XgUnAsJmly"
            },
            "length": 3,
            "prefix": null,
            "separator": "-"
          },
          "sensitive_attributes": [],
          "dependencies": [
            "data.tls_public_key.pub",
            "module.idgen.random_pet.id",
            "random_integer.net_id",
            "random_pet.fp_tag",
            "random_string.token",
            "tls_private_key.signer"
          ]
        }
      ]
    },
    {
      "mode": "managed",
      "type": "random_pet",
      "name": "net_name",
      "provider": "provider[\"registry.terraform.io/hashicorp/random\"]",
      "instances": [
        {
          "schema_version": 0,
          "attributes": {
            "id": "demo-intensely-warm-poodle",
            "keepers": null,
            "length": 3,
            "prefix": "demo",
            "separator": "-"
          },
          "sensitive_attributes": []
        }
      ]
    },
    {
      "mode": "managed",
      "type": "random_pet",
      "name": "unmanaged_extra",
      "provider": "provider[\"registry.terraform.io/hashicorp/random\"]",
      "instances": [
        {
          "schema_version": 0,
          "attributes": {
            "id": "stable-monster",
            "keepers": null,
            "length": 2,
            "prefix": null,
            "separator": "-"
          },
          "sensitive_attributes": []
        }
      ]
    },
    {
      "mode": "managed",
      "type": "random_string",
      "name": "token",
      "provider": "provider[\"registry.terraform.io/hashicorp/random\"]",
      "instances": [
        {
          "schema_version": 2,
          "attributes": {
            "id": "N6XgUnAsJmly",
            "keepers": null,
            "length": 12,
            "lower": true,
            "min_lower": 0,
            "min_numeric": 0,
            "min_special": 0,
            "min_upper": 0,
            "number": true,
            "numeric": true,
            "override_special": null,
            "result": "N6XgUnAsJmly",
            "special": false,
            "upper": true
          },
          "sensitive_attributes": []
        }
      ]
    },
    {
      "mode": "managed",
      "type": "tls_private_key",
      "name": "cert",
      "provider": "provider[\"registry.terraform.io/hashicorp/tls\"]",
      "instances": [
        {
          "schema_version": 1,
          "attributes": {
            "algorithm": "ED25519",
            "ecdsa_curve": "P224",
            "id": "d3da3a71f04a08e7f5838cb7cc9ed08b24476fb7",
            "private_key_openssh": "-----BEGIN OPENSSH PRIVATE KEY-----\nb3BlbnNzaC1rZXktdjEAAAAABG5vbmUAAAAEbm9uZQAAAAAAAAABAAAAMwAAAAtz\nc2gtZWQyNTUxOQAAACCNaiT9gkzfETGVgm98W1iK59SKsmwJ7cin5Rmrc/NrkwAA\nAIjpFCFA6RQhQAAAAAtzc2gtZWQyNTUxOQAAACCNaiT9gkzfETGVgm98W1iK59SK\nsmwJ7cin5Rmrc/NrkwAAAEBswtCDfwfTVB168hpsngd+YVCe+nYnvfR7l7pn1B9t\nWo1qJP2CTN8RMZWCb3xbWIrn1IqybAntyKflGatz82uTAAAAAAECAwQF\n-----END OPENSSH PRIVATE KEY-----\n",
            "private_key_pem": "-----BEGIN PRIVATE KEY-----\nMC4CAQAwBQYDK2VwBCIEIGzC0IN/B9NUHXryGmyeB35hUJ76die99HuXumfUH21a\n-----END PRIVATE KEY-----\n",
            "private_key_pem_pkcs8": "-----BEGIN PRIVATE KEY-----\nMC4CAQAwBQYDK2VwBCIEIGzC0IN/B9NUHXryGmyeB35hUJ76die99HuXumfUH21a\n-----END PRIVATE KEY-----\n",
            "public_key_fingerprint_md5": "a7:2c:89:bf:b3:f8:40:28:9f:8d:e0:c7:cb:fa:0c:ce",
            "public_key_fingerprint_sha256": "SHA256:Zf5bvLxydIz/k26IDWoobIWtFhieZNouS9IHUCxYU5s",
            "public_key_openssh": "ssh-ed25519 AAAAC3NzaC1lZDI1NTE5AAAAII1qJP2CTN8RMZWCb3xbWIrn1IqybAntyKflGatz82uT\n",
            "public_key_pem": "-----BEGIN PUBLIC KEY-----\nMCowBQYDK2VwAyEAjWok/YJM3xExlYJvfFtYiufUirJsCe3Ip+UZq3Pza5M=\n-----END PUBLIC KEY-----\n",
            "rsa_bits": 2048
          },
          "sensitive_attributes": [
            [
              {
                "type": "get_attr",
                "value": "private_key_openssh"
              }
            ],
            [
              {
                "type": "get_attr",
                "value": "private_key_pem_pkcs8"
              }
            ],
            [
              {
                "type": "get_attr",
                "value": "private_key_pem"
              }
            ]
          ]
        }
      ]
    },
    {
      "mode": "managed",
      "type": "tls_private_key",
      "name": "cert_by_module",
      "provider": "provider[\"registry.terraform.io/hashicorp/tls\"].by_module",
      "instances": [
        {
          "schema_version": 1,
          "attributes": {
            "algorithm": "ED25519",
            "ecdsa_curve": "P224",
            "id": "ef1d39e908896933b903fa16551a0683d83a0256",
            "private_key_openssh": "-----BEGIN OPENSSH PRIVATE KEY-----\nb3BlbnNzaC1rZXktdjEAAAAABG5vbmUAAAAEbm9uZQAAAAAAAAABAAAAMwAAAAtz\nc2gtZWQyNTUxOQAAACA5C6/RMDzcGzsB4hL0ooPr+IVRa4P+oRpTa9u9XOd39QAA\nAIi4xc3OuMXNzgAAAAtzc2gtZWQyNTUxOQAAACA5C6/RMDzcGzsB4hL0ooPr+IVR\na4P+oRpTa9u9XOd39QAAAECuYlziWhFR108qILHzEo0y0+an8QpyaBeItuBgN6Hw\nXDkLr9EwPNwbOwHiEvSig+v4hVFrg/6hGlNr271c53f1AAAAAAECAwQF\n-----END OPENSSH PRIVATE KEY-----\n",
            "private_key_pem": "-----BEGIN PRIVATE KEY-----\nMC4CAQAwBQYDK2VwBCIEIK5iXOJaEVHXTyogsfMSjTLT5qfxCnJoF4i24GA3ofBc\n-----END PRIVATE KEY-----\n",
            "private_key_pem_pkcs8": "-----BEGIN PRIVATE KEY-----\nMC4CAQAwBQYDK2VwBCIEIK5iXOJaEVHXTyogsfMSjTLT5qfxCnJoF4i24GA3ofBc\n-----END PRIVATE KEY-----\n",
            "public_key_fingerprint_md5": "87:db:88:05:76:8f:b7:d1:af:b2:23:e1:c9:29:57:b0",
            "public_key_fingerprint_sha256": "SHA256:J1kSUqCaggmR4nFzrUZZGluw+UQjQt9movDHs/Ki744",
            "public_key_openssh": "ssh-ed25519 AAAAC3NzaC1lZDI1NTE5AAAAIDkLr9EwPNwbOwHiEvSig+v4hVFrg/6hGlNr271c53f1\n",
            "public_key_pem": "-----BEGIN PUBLIC KEY-----\nMCowBQYDK2VwAyEAOQuv0TA83Bs7AeIS9KKD6/iFUWuD/qEaU2vbvVznd/U=\n-----END PUBLIC KEY-----\n",
            "rsa_bits": 2048
          },
          "sensitive_attributes": [
            [
              {
                "type": "get_attr",
                "value": "private_key_pem_pkcs8"
              }
            ],
            [
              {
                "type": "get_attr",
                "value": "private_key_openssh"
              }
            ],
            [
              {
                "type": "get_attr",
                "value": "private_key_pem"
              }
            ]
          ],
          "dependencies": [
            "module.idgen.random_pet.id",
            "random_integer.net_id",
            "random_string.token"
          ]
        }
      ]
    },
    {
      "mode": "managed",
      "type": "tls_private_key",
      "name": "cert_by_resource",
      "provider": "provider[\"registry.terraform.io/hashicorp/tls\"].by_resource",
      "instances": [
        {
          "schema_version": 1,
          "attributes": {
            "algorithm": "ED25519",
            "ecdsa_curve": "P224",
            "id": "30c56a68ed4a422a4e8b706822c6546c2f0bc2ca",
            "private_key_openssh": "-----BEGIN OPENSSH PRIVATE KEY-----\nb3BlbnNzaC1rZXktdjEAAAAABG5vbmUAAAAEbm9uZQAAAAAAAAABAAAAMwAAAAtz\nc2gtZWQyNTUxOQAAACA4LZdl4JFft4jAb5Y0oOvu2TqoQ9k2seFVHBT4rN/tvAAA\nAIgnGbEWJxmxFgAAAAtzc2gtZWQyNTUxOQAAACA4LZdl4JFft4jAb5Y0oOvu2Tqo\nQ9k2seFVHBT4rN/tvAAAAEBvAluIQ6zuYVqanyzevXPdCqIP5pRw8JFwfkMuDq0K\nKjgtl2XgkV+3iMBvljSg6+7ZOqhD2Tax4VUcFPis3+28AAAAAAECAwQF\n-----END OPENSSH PRIVATE KEY-----\n",
            "private_key_pem": "-----BEGIN PRIVATE KEY-----\nMC4CAQAwBQYDK2VwBCIEIG8CW4hDrO5hWpqfLN69c90Kog/mlHDwkXB+Qy4OrQoq\n-----END PRIVATE KEY-----\n",
            "private_key_pem_pkcs8": "-----BEGIN PRIVATE KEY-----\nMC4CAQAwBQYDK2VwBCIEIG8CW4hDrO5hWpqfLN69c90Kog/mlHDwkXB+Qy4OrQoq\n-----END PRIVATE KEY-----\n",
            "public_key_fingerprint_md5": "8b:ab:a1:93:4c:9b:1e:ea:91:ef:c3:13:05:9f:5d:a0",
            "public_key_fingerprint_sha256": "SHA256:rxGzVm8QWfnhglIk7DLe7UsKshU4O+4KgxYfEzjZrSU",
            "public_key_openssh": "ssh-ed25519 AAAAC3NzaC1lZDI1NTE5AAAAIDgtl2XgkV+3iMBvljSg6+7ZOqhD2Tax4VUcFPis3+28\n",
            "public_key_pem": "-----BEGIN PUBLIC KEY-----\nMCowBQYDK2VwAyEAOC2XZeCRX7eIwG+WNKDr7tk6qEPZNrHhVRwU+Kzf7bw=\n-----END PUBLIC KEY-----\n",
            "rsa_bits": 2048
          },
          "sensitive_attributes": [
            [
              {
                "type": "get_attr",
                "value": "private_key_pem_pkcs8"
              }
            ],
            [
              {
                "type": "get_attr",
                "value": "private_key_pem"
              }
            ],
            [
              {
                "type": "get_attr",
                "value": "private_key_openssh"
              }
            ]
          ],
          "dependencies": [
            "random_pet.net_name"
          ]
        }
      ]
    },
    {
      "mode": "managed",
      "type": "tls_private_key",
      "name": "signer",
      "provider": "provider[\"registry.terraform.io/hashicorp/tls\"]",
      "instances": [
        {
          "schema_version": 1,
          "attributes": {
            "algorithm": "ED25519",
            "ecdsa_curve": "P224",
            "id": "8cab4f0c59b17b0e91bcc9df041612e13290f4e3",
            "private_key_openssh": "-----BEGIN OPENSSH PRIVATE KEY-----\nb3BlbnNzaC1rZXktdjEAAAAABG5vbmUAAAAEbm9uZQAAAAAAAAABAAAAMwAAAAtz\nc2gtZWQyNTUxOQAAACC7f6Jj+seFsB5YTaQqHHLn58RSc8IxzmopzAG5BdsUCwAA\nAIiYIfn7mCH5+wAAAAtzc2gtZWQyNTUxOQAAACC7f6Jj+seFsB5YTaQqHHLn58RS\nc8IxzmopzAG5BdsUCwAAAEAucmBLyCQ5kNwEKsha0vlVKR+sPyIuoPR55feF+OyW\nBLt/omP6x4WwHlhNpCoccufnxFJzwjHOainMAbkF2xQLAAAAAAECAwQF\n-----END OPENSSH PRIVATE KEY-----\n",
            "private_key_pem": "-----BEGIN PRIVATE KEY-----\nMC4CAQAwBQYDK2VwBCIEIC5yYEvIJDmQ3AQqyFrS+VUpH6w/Ii6g9Hnl94X47JYE\n-----END PRIVATE KEY-----\n",
            "private_key_pem_pkcs8": "-----BEGIN PRIVATE KEY-----\nMC4CAQAwBQYDK2VwBCIEIC5yYEvIJDmQ3AQqyFrS+VUpH6w/Ii6g9Hnl94X47JYE\n-----END PRIVATE KEY-----\n",
            "public_key_fingerprint_md5": "3e:2a:1e:6f:ce:bd:26:c4:f0:e5:10:ec:9f:cc:7d:e7",
            "public_key_fingerprint_sha256": "SHA256:auKUy0DS6ly7mNfA6I5tXtfRhJePfJbX7Flp7lcrQmQ",
            "public_key_openssh": "ssh-ed25519 AAAAC3NzaC1lZDI1NTE5AAAAILt/omP6x4WwHlhNpCoccufnxFJzwjHOainMAbkF2xQL\n",
            "public_key_pem": "-----BEGIN PUBLIC KEY-----\nMCowBQYDK2VwAyEAu3+iY/rHhbAeWE2kKhxy5+fEUnPCMc5qKcwBuQXbFAs=\n-----END PUBLIC KEY-----\n",
            "rsa_bits": 2048
          },
          "sensitive_attributes": [
            [
              {
                "type": "get_attr",
                "value": "private_key_pem"
              }
            ],
            [
              {
                "type": "get_attr",
                "value": "private_key_pem_pkcs8"
              }
            ],
            [
              {
                "type": "get_attr",
                "value": "private_key_openssh"
              }
            ]
          ]
        }
      ]
    },
    {
      "module": "module.idgen",
      "mode": "managed",
      "type": "random_pet",
      "name": "id",
      "provider": "provider[\"registry.terraform.io/hashicorp/random\"]",
      "instances": [
        {
          "schema_version": 0,
          "attributes": {
            "id": "fair-beetle",
            "keepers": {
              "seed": "2051",
              "tag": "N6XgUnAsJmly"
            },
            "length": 2,
            "prefix": null,
            "separator": "-"
          },
          "sensitive_attributes": [],
          "dependencies": [
            "random_integer.net_id",
            "random_string.token"
          ]
        }
      ]
    }
  ],
  "check_results": null
}
