{
  "version": 4,
  "terraform_version": "1.8.3",
  "serial": 11,
  "lineage": "31a7075c-8a0d-98ec-976e-499c2dd4d6b1",
  "outputs": {},
  "resources": [
    {
      "mode": "data",
      "type": "tls_public_key",
      "name": "pub",
      "provider": "provider[\"registry.terraform.io/hashicorp/tls\"]",
      "instances": [
        {
          "schema_version": 0,
          "attributes": {
            "algorithm": "ED25519",
            "id": "9effb054be86e98b045944fea0915c81bd20737e",
            "private_key_openssh": null,
            "private_key_pem": "-----BEGIN PRIVATE KEY-----\nMC4CAQAwBQYDK2VwBCIEIO0xKPf6v0rFZH2OoncI34nYbfOJgwRTkG/QGTCTqTtN\n-----END PRIVATE KEY-----\n",
            "public_key_fingerprint_md5": "da:e4:b8:25:d0:e4:7f:bb:ad:32:ce:40:04:6d:2d:5a",
            "public_key_fingerprint_sha256": "SHA256:Iz/qjKtqoQcZu4aG6WZoX4zsyEIbc7l/TgXJjwjdvCM",
            "public_key_openssh": "ssh-ed25519 AAAAC3NzaC1lZDI1NTE5AAAAIIV77BokGE/0ZzGKrreDhpFzEg2kKGVOuBHXkvamHWD+\n",
            "public_key_pem": "-----BEGIN PUBLIC KEY-----\nMCowBQYDK2VwAyEAhXvsGiQYT/RnMYqut4OGkXMSDaQoZU64EdeS9qYdYP4=\n-----END PUBLIC KEY-----\n"
          },
          "sensitive_attributes": [
            [
              {
                "type": "get_attr",
                "value": "private_key_openssh"
              }
            ],
            [
              {
                "type": "get_attr",
                "value": "private_key_pem"
              }
            ]
          ]
        }
      ]
    },
    {
      "mode": "managed",
      "type": "random_integer",
      "name": "net_id",
      "provider": "provider[\"registry.terraform.io/hashicorp/random\"]",
      "instances": [
        {
          "schema_version": 0,
          "attributes": {
            "id": "4585",
            "keepers": null,
            "max": 9999,
            "min": 1000,
            "result": 4585,
            "seed": null
          },
          "sensitive_attributes": []
        }
      ]
    },
    {
      "mode": "managed",
      "type": "random_pet",
      "name": "fp_tag",
      "provider": "provider[\"registry.terraform.io/hashicorp/random\"]",
      "instances": [
        {
          "schema_version": 0,
          "attributes": {
            "id": "badly-flowing-stag",
            "keepers": {
              "fp": "da:e4:b8:25:d0:e4:7f:bb:ad:32:ce:40:04:6d:2d:5a"
            },
            "length": 3,
            "prefix": null,
            "separator": "-"
          },
          "sensitive_attributes": [],
          "dependencies": [
            "data.tls_public_key.pub",
            "tls_private_key.signer"
          ]
        }
      ]
    },
    {
      "mode": "managed",
      "type": "random_pet",
      "name": "instance",
      "provider": "provider[\"registry.terraform.io/hashicorp/random\"]",
      "instances": [
        {
          "schema_version": 0,
          "attributes": {
            "id": "rightly-hot-buzzard",
            "keepers": {
              "fp": "badly-flowing-stag",
              "gen": "summary-cod",
              "ld": "badly-flowing-stag",
              "lm": "summary-cod",
              "lr": "4585",
              "net": "4585",
              "tagged": "demo-instance",
              "token": "SNfA6SurVB9A"
            },
            "length": 3,
            "prefix": null,
            "separator": "-"
          },
          "sensitive_attributes": [],
          "dependencies": [
            "data.tls_public_key.pub",
            "module.idgen.random_pet.id",
            "random_integer.net_id",
            "random_pet.fp_tag",
            "random_string.token",
            "tls_private_key.signer"
          ]
        }
      ]
    },
    {
      "mode": "managed",
      "type": "random_pet",
      "name": "net_name",
      "provider": "provider[\"registry.terraform.io/hashicorp/random\"]",
      "instances": [
        {
          "schema_version": 0,
          "attributes": {
            "id": "demo-immensely-diverse-earwig",
            "keepers": null,
            "length": 3,
            "prefix": "demo",
            "separator": "-"
          },
          "sensitive_attributes": []
        }
      ]
    },
    {
      "mode": "managed",
      "type": "random_pet",
      "name": "unmanaged_extra",
      "provider": "provider[\"registry.terraform.io/hashicorp/random\"]",
      "instances": [
        {
          "schema_version": 0,
          "attributes": {
            "id": "right-perch",
            "keepers": null,
            "length": 2,
            "prefix": null,
            "separator": "-"
          },
          "sensitive_attributes": []
        }
      ]
    },
    {
      "mode": "managed",
      "type": "random_string",
      "name": "token",
      "provider": "provider[\"registry.terraform.io/hashicorp/random\"]",
      "instances": [
        {
          "schema_version": 2,
          "attributes": {
            "id": "SNfA6SurVB9A",
            "keepers": null,
            "length": 12,
            "lower": true,
            "min_lower": 0,
            "min_numeric": 0,
            "min_special": 0,
            "min_upper": 0,
            "number": true,
            "numeric": true,
            "override_special": null,
            "result": "SNfA6SurVB9A",
            "special": false,
            "upper": true
          },
          "sensitive_attributes": []
        }
      ]
    },
    {
      "mode": "managed",
      "type": "tls_private_key",
      "name": "cert",
      "provider": "provider[\"registry.terraform.io/hashicorp/tls\"]",
      "instances": [
        {
          "schema_version": 1,
          "attributes": {
            "algorithm": "ED25519",
            "ecdsa_curve": "P224",
            "id": "2ef724061eaf6f98902f0a1c943c2f5a8f9f7656",
            "private_key_openssh": "-----BEGIN OPENSSH PRIVATE KEY-----\nb3BlbnNzaC1rZXktdjEAAAAABG5vbmUAAAAEbm9uZQAAAAAAAAABAAAAMwAAAAtz\nc2gtZWQyNTUxOQAAACCvZW9M1kLreaxb96ihR5KttjMBp4xOxb6n+sK1dUxatwAA\nAIiSWHrhklh64QAAAAtzc2gtZWQyNTUxOQAAACCvZW9M1kLreaxb96ihR5KttjMB\np4xOxb6n+sK1dUxatwAAAEBnnUfnmdvC6zftdLhuDxVFU1Ze0O2HaqCBoQnU7l7P\nDK9lb0zWQut5rFv3qKFHkq22MwGnjE7Fvqf6wrV1TFq3AAAAAAECAwQF\n-----END OPENSSH PRIVATE KEY-----\n",
            "private_key_pem": "-----BEGIN PRIVATE KEY-----\nMC4CAQAwBQYDK2VwBCIEIGedR+eZ28LrN+10uG4PFUVTVl7Q7YdqoIGhCdTuXs8M\n-----END PRIVATE KEY-----\n",
            "private_key_pem_pkcs8": "-----BEGIN PRIVATE KEY-----\nMC4CAQAwBQYDK2VwBCIEIGedR+eZ28LrN+10uG4PFUVTVl7Q7YdqoIGhCdTuXs8M\n-----END PRIVATE KEY-----\n",
            "public_key_fingerprint_md5": "3e:a6:f2:51:23:7e:13:52:5d:4a:f0:e4:ff:b7:7d:6d",
            "public_key_fingerprint_sha256": "SHA256:2OM8KiaQ20kDs8HQxuuLHH1q8BBnTbSD3osEq2qRgHs",
            "public_key_openssh": "ssh-ed25519 AAAAC3NzaC1lZDI1NTE5AAAAIK9lb0zWQut5rFv3qKFHkq22MwGnjE7Fvqf6wrV1TFq3\n",
            "public_key_pem": "-----BEGIN PUBLIC KEY-----\nMCowBQYDK2VwAyEAr2VvTNZC63msW/eooUeSrbYzAaeMTsW+p/rCtXVMWrc=\n-----END PUBLIC KEY-----\n",
            "rsa_bits": 2048
          },
          "sensitive_attributes": [
            [
              {
                "type": "get_attr",
                "value": "private_key_pem"
              }
            ],
            [
              {
                "type": "get_attr",
                "value": "private_key_pem_pkcs8"
              }
            ],
            [
              {
                "type": "get_attr",
                "value": "private_key_openssh"
              }
            ]
          ]
        }
      ]
    },
    {
      "mode": "managed",
      "type": "tls_private_key",
      "name": "cert_by_module",
      "provider": "provider[\"registry.terraform.io/hashicorp/tls\"].by_module",
      "instances": [
        {
          "schema_version": 1,
          "attributes": {
            "algorithm": "ED25519",
            "ecdsa_curve": "P224",
            "id": "0ee877792a6c329fe49d8ac2634d4f233729e3af",
            "private_key_openssh": "-----BEGIN OPENSSH PRIVATE KEY-----\nb3BlbnNzaC1rZXktdjEAAAAABG5vbmUAAAAEbm9uZQAAAAAAAAABAAAAMwAAAAtz\nc2gtZWQyNTUxOQAAACB7ryjOVNQ7rn/kYbRNAJz+9LOVBRrB76BcScKz9StecgAA\nAIihi6IGoYuiBgAAAAtzc2gtZWQyNTUxOQAAACB7ryjOVNQ7rn/kYbRNAJz+9LOV\nBRrB76BcScKz9StecgAAAEAURedX1yMDuM5eFLoCyMv4uqPnHmoURSBvxpsOD8uo\nqHuvKM5U1Duuf+RhtE0AnP70s5UFGsHvoFxJwrP1K15yAAAAAAECAwQF\n-----END OPENSSH PRIVATE KEY-----\n",
            "private_key_pem": "-----BEGIN PRIVATE KEY-----\nMC4CAQAwBQYDK2VwBCIEIBRF51fXIwO4zl4UugLIy/i6o+ceahRFIG/Gmw4Py6io\n-----END PRIVATE KEY-----\n",
            "private_key_pem_pkcs8": "-----BEGIN PRIVATE KEY-----\nMC4CAQAwBQYDK2VwBCIEIBRF51fXIwO4zl4UugLIy/i6o+ceahRFIG/Gmw4Py6io\n-----END PRIVATE KEY-----\n",
            "public_key_fingerprint_md5": "7c:17:41:7b:9e:bd:dd:e9:8a:d8:52:7d:14:e4:c6:ef",
            "public_key_fingerprint_sha256": "SHA256:hdK1HdbGJe61jgPZk3u1phrAh+9Lsh1TuXFLS0tp0L8",
            "public_key_openssh": "ssh-ed25519 AAAAC3NzaC1lZDI1NTE5AAAAIHuvKM5U1Duuf+RhtE0AnP70s5UFGsHvoFxJwrP1K15y\n",
            "public_key_pem": "-----BEGIN PUBLIC KEY-----\nMCowBQYDK2VwAyEAe68ozlTUO65/5GG0TQCc/vSzlQUawe+gXEnCs/UrXnI=\n-----END PUBLIC KEY-----\n",
            "rsa_bits": 2048
          },
          "sensitive_attributes": [
            [
              {
                "type": "get_attr",
                "value": "private_key_pem_pkcs8"
              }
            ],
            [
              {
                "type": "get_attr",
                "value": "private_key_pem"
              }
            ],
            [
              {
                "type": "get_attr",
                "value": "private_key_openssh"
              }
            ]
          ],
          "dependencies": [
            "module.idgen.random_pet.id",
            "random_integer.net_id",
            "random_string.token"
          ]
        }
      ]
    },
    {
      "mode": "managed",
      "type": "tls_private_key",
      "name": "cert_by_resource",
      "provider": "provider[\"registry.terraform.io/hashicorp/tls\"].by_resource",
      "instances": [
        {
          "schema_version": 1,
          "attributes": {
            "algorithm": "ED25519",
            "ecdsa_curve": "P224",
            "id": "53aae74b6797b2b7717daa7a94afced94b65a949",
            "private_key_openssh": "-----BEGIN OPENSSH PRIVATE KEY-----\nb3BlbnNzaC1rZXktdjEAAAAABG5vbmUAAAAEbm9uZQAAAAAAAAABAAAAMwAAAAtz\nc2gtZWQyNTUxOQAAACCZgqM0zY8f+p56SXvOLdt7+siqsuXbsVrPOFjrcrA/xAAA\nAIiqv/+8qr//vAAAAAtzc2gtZWQyNTUxOQAAACCZgqM0zY8f+p56SXvOLdt7+siq\nsuXbsVrPOFjrcrA/xAAAAECPJjcYQ1125ellOrbfnLKOFAOcQNfuXJsucdQ+BR5h\n4JmCozTNjx/6nnpJe84t23v6yKqy5duxWs84WOtysD/EAAAAAAECAwQF\n-----END OPENSSH PRIVATE KEY-----\n",
            "private_key_pem": "-----BEGIN PRIVATE KEY-----\nMC4CAQAwBQYDK2VwBCIEII8mNxhDXXbl6WU6tt+cso4UA5xA1+5cmy5x1D4FHmHg\n-----END PRIVATE KEY-----\n",
            "private_key_pem_pkcs8": "-----BEGIN PRIVATE KEY-----\nMC4CAQAwBQYDK2VwBCIEII8mNxhDXXbl6WU6tt+cso4UA5xA1+5cmy5x1D4FHmHg\n-----END PRIVATE KEY-----\n",
            "public_key_fingerprint_md5": "96:e4:37:e2:c9:2c:5f:9f:3c:cd:11:a4:b9:c0:41:3d",
            "public_key_fingerprint_sha256": "SHA256:vpeOqqF3mP/tNg97W3V1DOmcGWx76spWM1QiR0ZJJKc",
            "public_key_openssh": "ssh-ed25519 AAAAC3NzaC1lZDI1NTE5AAAAIJmCozTNjx/6nnpJe84t23v6yKqy5duxWs84WOtysD/E\n",
            "public_key_pem": "-----BEGIN PUBLIC KEY-----\nMCowBQYDK2VwAyEAmYKjNM2PH/qeekl7zi3be/rIqrLl27FazzhY63KwP8Q=\n-----END PUBLIC KEY-----\n",
            "rsa_bits": 2048
          },
          "sensitive_attributes": [
            [
              {
                "type": "get_attr",
                "value": "private_key_pem_pkcs8"
              }
            ],
            [
              {
                "type": "get_attr",
                "value": "private_key_openssh"
              }
            ],
            [
              {
                "type": "get_attr",
                "value": "private_key_pem"
              }
            ]
          ],
          "dependencies": [
            "random_pet.net_name"
          ]
        }
      ]
    },
    {
      "mode": "managed",
      "type": "tls_private_key",
      "name": "signer",
      "provider": "provider[\"registry.terraform.io/hashicorp/tls\"]",
      "instances": [
        {
          "schema_version": 1,
          "attributes": {
            "algorithm": "ED25519",
            "ecdsa_curve": "P224",
            "id": "9effb054be86e98b045944fea0915c81bd20737e",
            "private_key_openssh": "-----BEGIN OPENSSH PRIVATE KEY-----\nb3BlbnNzaC1rZXktdjEAAAAABG5vbmUAAAAEbm9uZQAAAAAAAAABAAAAMwAAAAtz\nc2gtZWQyNTUxOQAAACCFe+waJBhP9Gcxiq63g4aRcxINpChlTrgR15L2ph1g/gAA\nAIgAUZq6AFGaugAAAAtzc2gtZWQyNTUxOQAAACCFe+waJBhP9Gcxiq63g4aRcxIN\npChlTrgR15L2ph1g/gAAAEDtMSj3+r9KxWR9jqJ3CN+J2G3ziYMEU5Bv0Bkwk6k7\nTYV77BokGE/0ZzGKrreDhpFzEg2kKGVOuBHXkvamHWD+AAAAAAECAwQF\n-----END OPENSSH PRIVATE KEY-----\n",
            "private_key_pem": "-----BEGIN PRIVATE KEY-----\nMC4CAQAwBQYDK2VwBCIEIO0xKPf6v0rFZH2OoncI34nYbfOJgwRTkG/QGTCTqTtN\n-----END PRIVATE KEY-----\n",
            "private_key_pem_pkcs8": "-----BEGIN PRIVATE KEY-----\nMC4CAQAwBQYDK2VwBCIEIO0xKPf6v0rFZH2OoncI34nYbfOJgwRTkG/QGTCTqTtN\n-----END PRIVATE KEY-----\n",
            "public_key_fingerprint_md5": "da:e4:b8:25:d0:e4:7f:bb:ad:32:ce:40:04:6d:2d:5a",
            "public_key_fingerprint_sha256": "SHA256:Iz/qjKtqoQcZu4aG6WZoX4zsyEIbc7l/TgXJjwjdvCM",
            "public_key_openssh": "ssh-ed25519 AAAAC3NzaC1lZDI1NTE5AAAAIIV77BokGE/0ZzGKrreDhpFzEg2kKGVOuBHXkvamHWD+\n",
            "public_key_pem": "-----BEGIN PUBLIC KEY-----\nMCowBQYDK2VwAyEAhXvsGiQYT/RnMYqut4OGkXMSDaQoZU64EdeS9qYdYP4=\n-----END PUBLIC KEY-----\n",
            "rsa_bits": 2048
          },
          "sensitive_attributes": [
            [
              {
                "type": "get_attr",
                "value": "private_key_pem_pkcs8"
              }
            ],
            [
              {
                "type": "get_attr",
                "value": "private_key_pem"
              }
            ],
            [
              {
                "type": "get_attr",
                "value": "private_key_openssh"
              }
            ]
          ]
        }
      ]
    },
    {
      "module": "module.idgen",
      "mode": "managed",
      "type": "random_pet",
      "name": "id",
      "provider": "provider[\"registry.terraform.io/hashicorp/random\"]",
      "instances": [
        {
          "schema_version": 0,
          "attributes": {
            "id": "summary-cod",
            "keepers": {
              "seed": "4585",
              "tag": "SNfA6SurVB9A"
            },
            "length": 2,
            "prefix": null,
            "separator": "-"
          },
          "sensitive_attributes": [],
          "dependencies": [
            "random_integer.net_id",
            "random_string.token"
          ]
        }
      ]
    }
  ],
  "check_results": null
}
