{
  "version": 4,
  "terraform_version": "1.8.3",
  "serial": 13,
  "lineage": "e065304f-39e2-4dfb-322e-3b09d1abe23d",
  "outputs": {},
  "resources": [
    {
      "mode": "data",
      "type": "tls_public_key",
      "name": "pub",
      "provider": "provider[\"registry.terraform.io/hashicorp/tls\"]",
      "instances": [
        {
          "schema_version": 0,
          "attributes": {
            "algorithm": "ED25519",
            "id": "1629ef5725bc35316ad85bc226725cf1d07a00ca",
            "private_key_openssh": null,
            "private_key_pem": "-----BEGIN PRIVATE KEY-----\nMC4CAQAwBQYDK2VwBCIEIHWL/prXrY+YAh3dWf2CNxV0XIViyHuu2OTRYFyMTjlX\n-----END PRIVATE KEY-----\n",
            "public_key_fingerprint_md5": "be:5d:c2:5f:e9:bc:56:4d:c1:4f:86:f6:38:4a:f4:f2",
            "public_key_fingerprint_sha256": "SHA256:rRXXbvO0SEW/TtPJ6wU9Tz+OMKXW1WOT+C1MgRp8u3M",
            "public_key_openssh": "ssh-ed25519 AAAAC3NzaC1lZDI1NTE5AAAAICeiMH0ziG4sAocxljoMJmc9Bz4h4DZm3RFJYeTvVlj6\n",
            "public_key_pem": "-----BEGIN PUBLIC KEY-----\nMCowBQYDK2VwAyEAJ6IwfTOIbiwChzGWOgwmZz0HPiHgNmbdEUlh5O9WWPo=\n-----END PUBLIC KEY-----\n"
          },
          "sensitive_attributes": [
            [
              {
                "type": "get_attr",
                "value": "private_key_openssh"
              }
            ],
            [
              {
                "type": "get_attr",
                "value": "private_key_pem"
              }
            ]
          ]
        }
      ]
    },
    {
      "mode": "managed",
      "type": "random_integer",
      "name": "net_id",
      "provider": "provider[\"registry.terraform.io/hashicorp/random\"]",
      "instances": [
        {
          "schema_version": 0,
          "attributes": {
            "id": "6078",
            "keepers": null,
            "max": 9999,
            "min": 1000,
            "result": 6078,
            "seed": null
          },
          "sensitive_attributes": []
        }
      ]
    },
    {
      "mode": "managed",
      "type": "random_pet",
      "name": "fp_tag",
      "provider": "provider[\"registry.terraform.io/hashicorp/random\"]",
      "instances": [
        {
          "schema_version": 0,
          "attributes": {
            "id": "wildly-set-maggot",
            "keepers": {
              "fp": "be:5d:c2:5f:e9:bc:56:4d:c1:4f:86:f6:38:4a:f4:f2"
            },
            "length": 3,
            "prefix": null,
            "separator": "-"
          },
          "sensitive_attributes": [],
          "dependencies": [
            "data.tls_public_key.pub",
            "tls_private_key.signer"
          ]
        }
      ]
    },
    {
      "mode": "managed",
      "type": "random_pet",
      "name": "instance",
      "provider": "provider[\"registry.terraform.io/hashicorp/random\"]",
      "instances": [
        {
          "schema_version": 0,
          "attributes": {
            "id": "definitely-alert-gar",
            "keepers": {
              "fp": "wildly-set-maggot",
              "gen": "delicate-chamois",
              "ld": "wildly-set-maggot",
              "lm": "delicate-chamois",
              "lr": "6078",
              "net": "6078",
              "tagged": "demo-instance",
              "token": "x72LQtQJZDw1"
            },
            "length": 3,
            "prefix": null,
            "separator": "-"
          },
          "sensitive_attributes": [],
          "dependencies": [
            "data.tls_public_key.pub",
            "module.idgen.random_pet.id",
            "random_integer.net_id",
            "random_pet.fp_tag",
            "random_string.token",
            "tls_private_key.signer"
          ]
        }
      ]
    },
    {
      "mode": "managed",
      "type": "random_pet",
      "name": "net_name",
      "provider": "provider[\"registry.terraform.io/hashicorp/random\"]",
      "instances": [
        {
          "schema_version": 0,
          "attributes": {
            "id": "demo-seriously-fun-corgi",
            "keepers": null,
            "length": 3,
            "prefix": "demo",
            "separator": "-"
          },
          "sensitive_attributes": []
        }
      ]
    },
    {
      "mode": "managed",
      "type": "random_pet",
      "name": "unmanaged_extra",
      "provider": "provider[\"registry.terraform.io/hashicorp/random\"]",
      "instances": [
        {
          "schema_version": 0,
          "attributes": {
            "id": "stirred-cat",
            "keepers": null,
            "length": 2,
            "prefix": null,
            "separator": "-"
          },
          "sensitive_attributes": []
        }
      ]
    },
    {
      "mode": "managed",
      "type": "random_string",
      "name": "token",
      "provider": "provider[\"registry.terraform.io/hashicorp/random\"]",
      "instances": [
        {
          "schema_version": 2,
          "attributes": {
            "id": "x72LQtQJZDw1",
            "keepers": null,
            "length": 12,
            "lower": true,
            "min_lower": 0,
            "min_numeric": 0,
            "min_special": 0,
            "min_upper": 0,
            "number": true,
            "numeric": true,
            "override_special": null,
            "result": "x72LQtQJZDw1",
            "special": false,
            "upper": true
          },
          "sensitive_attributes": []
        }
      ]
    },
    {
      "mode": "managed",
      "type": "tls_private_key",
      "name": "cert",
      "provider": "provider[\"registry.terraform.io/hashicorp/tls\"]",
      "instances": [
        {
          "schema_version": 1,
          "attributes": {
            "algorithm": "ED25519",
            "ecdsa_curve": "P224",
            "id": "c302377b6fff31981acae890fa761b0d2dd961a4",
            "private_key_openssh": "-----BEGIN OPENSSH PRIVATE KEY-----\nb3BlbnNzaC1rZXktdjEAAAAABG5vbmUAAAAEbm9uZQAAAAAAAAABAAAAMwAAAAtz\nc2gtZWQyNTUxOQAAACCiblR7rfwyYwutlOobNgieyxGxhhpuHcOYzo17s96ivgAA\nAIiqpB2NqqQdjQAAAAtzc2gtZWQyNTUxOQAAACCiblR7rfwyYwutlOobNgieyxGx\nhhpuHcOYzo17s96ivgAAAECg7sjs0V7lP78Q75EDbOC3M49FVoCkSYbMXgFjKiz8\naaJuVHut/DJjC62U6hs2CJ7LEbGGGm4dw5jOjXuz3qK+AAAAAAECAwQF\n-----END OPENSSH PRIVATE KEY-----\n",
            "private_key_pem": "-----BEGIN PRIVATE KEY-----\nMC4CAQAwBQYDK2VwBCIEIKDuyOzRXuU/vxDvkQNs4Lczj0VWgKRJhsxeAWMqLPxp\n-----END PRIVATE KEY-----\n",
            "private_key_pem_pkcs8": "-----BEGIN PRIVATE KEY-----\nMC4CAQAwBQYDK2VwBCIEIKDuyOzRXuU/vxDvkQNs4Lczj0VWgKRJhsxeAWMqLPxp\n-----END PRIVATE KEY-----\n",
            "public_key_fingerprint_md5": "84:47:23:56:5b:c1:26:3c:dd:ac:c4:97:ff:c5:dd:0f",
            "public_key_fingerprint_sha256": "SHA256:Z77nmUdJIDeqzRTWgaZGJ8HW1BBjhHpuZ9aLSyucfo4",
            "public_key_openssh": "ssh-ed25519 AAAAC3NzaC1lZDI1NTE5AAAAIKJuVHut/DJjC62U6hs2CJ7LEbGGGm4dw5jOjXuz3qK+\n",
            "public_key_pem": "-----BEGIN PUBLIC KEY-----\nMCowBQYDK2VwAyEAom5Ue638MmMLrZTqGzYInssRsYYabh3DmM6Ne7Peor4=\n-----END PUBLIC KEY-----\n",
            "rsa_bits": 2048
          },
          "sensitive_attributes": [
            [
              {
                "type": "get_attr",
                "value": "private_key_pem"
              }
            ],
            [
              {
                "type": "get_attr",
                "value": "private_key_pem_pkcs8"
              }
            ],
            [
              {
                "type": "get_attr",
                "value": "private_key_openssh"
              }
            ]
          ]
        }
      ]
    },
    {
      "mode": "managed",
      "type": "tls_private_key",
      "name": "cert_by_module",
      "provider": "provider[\"registry.terraform.io/hashicorp/tls\"].by_module",
      "instances": [
        {
          "schema_version": 1,
          "attributes": {
            "algorithm": "ED25519",
            "ecdsa_curve": "P224",
            "id": "077cf94fb3489ccbcdfb3ad4574207adcbdc33e8",
            "private_key_openssh": "-----BEGIN OPENSSH PRIVATE KEY-----\nb3BlbnNzaC1rZXktdjEAAAAABG5vbmUAAAAEbm9uZQAAAAAAAAABAAAAMwAAAAtz\nc2gtZWQyNTUxOQAAACCIZ4y/+vlqRPwaDXbrW1ux+Jja6wcRUD1+m2XfIl+ciAAA\nAIinDqVKpw6lSgAAAAtzc2gtZWQyNTUxOQAAACCIZ4y/+vlqRPwaDXbrW1ux+Jja\n6wcRUD1+m2XfIl+ciAAAAECYPTcAlo92APC+8YM+qbvzGTh7gjdEx96UnAT2/fw2\nTIhnjL/6+WpE/BoNdutbW7H4mNrrBxFQPX6bZd8iX5yIAAAAAAECAwQF\n-----END OPENSSH PRIVATE KEY-----\n",
            "private_key_pem": "-----BEGIN PRIVATE KEY-----\nMC4CAQAwBQYDK2VwBCIEIJg9NwCWj3YA8L7xgz6pu/MZOHuCN0TH3pScBPb9/DZM\n-----END PRIVATE KEY-----\n",
            "private_key_pem_pkcs8": "-----BEGIN PRIVATE KEY-----\nMC4CAQAwBQYDK2VwBCIEIJg9NwCWj3YA8L7xgz6pu/MZOHuCN0TH3pScBPb9/DZM\n-----END PRIVATE KEY-----\n",
            "public_key_fingerprint_md5": "c7:ea:f3:9f:86:55:b8:14:f0:55:e7:7a:3d:3d:a5:09",
            "public_key_fingerprint_sha256": "SHA256:VNY7HghoeKWapWj32tHS6wefhjy4oRV4i70mpDiVUaA",
            "public_key_openssh": "ssh-ed25519 AAAAC3NzaC1lZDI1NTE5AAAAIIhnjL/6+WpE/BoNdutbW7H4mNrrBxFQPX6bZd8iX5yI\n",
            "public_key_pem": "-----BEGIN PUBLIC KEY-----\nMCowBQYDK2VwAyEAiGeMv/r5akT8Gg1261tbsfiY2usHEVA9fptl3yJfnIg=\n-----END PUBLIC KEY-----\n",
            "rsa_bits": 2048
          },
          "sensitive_attributes": [
            [
              {
                "type": "get_attr",
                "value": "private_key_pem"
              }
            ],
            [
              {
                "type": "get_attr",
                "value": "private_key_openssh"
              }
            ],
            [
              {
                "type": "get_attr",
                "value": "private_key_pem_pkcs8"
              }
            ]
          ],
          "dependencies": [
            "module.idgen.random_pet.id",
            "random_integer.net_id",
            "random_string.token"
          ]
        }
      ]
    },
    {
      "mode": "managed",
      "type": "tls_private_key",
      "name": "cert_by_resource",
      "provider": "provider[\"registry.terraform.io/hashicorp/tls\"].by_resource",
      "instances": [
        {
          "schema_version": 1,
          "attributes": {
            "algorithm": "ED25519",
            "ecdsa_curve": "P224",
            "id": "4c4ee24e95ad53ad6fdd86c2f51322e4846691ae",
            "private_key_openssh": "-----BEGIN OPENSSH PRIVATE KEY-----\nb3BlbnNzaC1rZXktdjEAAAAABG5vbmUAAAAEbm9uZQAAAAAAAAABAAAAMwAAAAtz\nc2gtZWQyNTUxOQAAACBf/2TkFgYNKDN0tVaFg5YuD1HA4qucXc+L4FskGkyUGQAA\nAIhxK9QfcSvUHwAAAAtzc2gtZWQyNTUxOQAAACBf/2TkFgYNKDN0tVaFg5YuD1HA\n4qucXc+L4FskGkyUGQAAAEAgE8osyRftFmzb6HfOTl0+wcXUv5Vfp2TxCWYHorHz\nt1//ZOQWBg0oM3S1VoWDli4PUcDiq5xdz4vgWyQaTJQZAAAAAAECAwQF\n-----END OPENSSH PRIVATE KEY-----\n",
            "private_key_pem": "-----BEGIN PRIVATE KEY-----\nMC4CAQAwBQYDK2VwBCIEICATyizJF+0WbNvod85OXT7BxdS/lV+nZPEJZgeisfO3\n-----END PRIVATE KEY-----\n",
            "private_key_pem_pkcs8": "-----BEGIN PRIVATE KEY-----\nMC4CAQAwBQYDK2VwBCIEICATyizJF+0WbNvod85OXT7BxdS/lV+nZPEJZgeisfO3\n-----END PRIVATE KEY-----\n",
            "public_key_fingerprint_md5": "b9:90:3e:42:26:38:06:fe:4e:11:24:cd:b4:93:6a:f2",
            "public_key_fingerprint_sha256": "SHA256:i+DC0beNqdQpOE6WQT9QGCzukiftHJY8xk6hZ8CliEY",
            "public_key_openssh": "ssh-ed25519 AAAAC3NzaC1lZDI1NTE5AAAAIF//ZOQWBg0oM3S1VoWDli4PUcDiq5xdz4vgWyQaTJQZ\n",
            "public_key_pem": "-----BEGIN PUBLIC KEY-----\nMCowBQYDK2VwAyEAX/9k5BYGDSgzdLVWhYOWLg9RwOKrnF3Pi+BbJBpMlBk=\n-----END PUBLIC KEY-----\n",
            "rsa_bits": 2048
          },
          "sensitive_attributes": [
            [
              {
                "type": "get_attr",
                "value": "private_key_pem"
              }
            ],
            [
              {
                "type": "get_attr",
                "value": "private_key_pem_pkcs8"
              }
            ],
            [
              {
                "type": "get_attr",
                "value": "private_key_openssh"
              }
            ]
          ],
          "dependencies": [
            "random_pet.net_name"
          ]
        }
      ]
    },
    {
      "mode": "managed",
      "type": "tls_private_key",
      "name": "signer",
      "provider": "provider[\"registry.terraform.io/hashicorp/tls\"]",
      "instances": [
        {
          "schema_version": 1,
          "attributes": {
            "algorithm": "ED25519",
            "ecdsa_curve": "P224",
            "id": "1629ef5725bc35316ad85bc226725cf1d07a00ca",
            "private_key_openssh": "-----BEGIN OPENSSH PRIVATE KEY-----\nb3BlbnNzaC1rZXktdjEAAAAABG5vbmUAAAAEbm9uZQAAAAAAAAABAAAAMwAAAAtz\nc2gtZWQyNTUxOQAAACAnojB9M4huLAKHMZY6DCZnPQc+IeA2Zt0RSWHk71ZY+gAA\nAIjirkiU4q5IlAAAAAtzc2gtZWQyNTUxOQAAACAnojB9M4huLAKHMZY6DCZnPQc+\nIeA2Zt0RSWHk71ZY+gAAAEB1i/6a162PmAId3Vn9gjcVdFyFYsh7rtjk0WBcjE45\nVyeiMH0ziG4sAocxljoMJmc9Bz4h4DZm3RFJYeTvVlj6AAAAAAECAwQF\n-----END OPENSSH PRIVATE KEY-----\n",
            "private_key_pem": "-----BEGIN PRIVATE KEY-----\nMC4CAQAwBQYDK2VwBCIEIHWL/prXrY+YAh3dWf2CNxV0XIViyHuu2OTRYFyMTjlX\n-----END PRIVATE KEY-----\n",
            "private_key_pem_pkcs8": "-----BEGIN PRIVATE KEY-----\nMC4CAQAwBQYDK2VwBCIEIHWL/prXrY+YAh3dWf2CNxV0XIViyHuu2OTRYFyMTjlX\n-----END PRIVATE KEY-----\n",
            "public_key_fingerprint_md5": "be:5d:c2:5f:e9:bc:56:4d:c1:4f:86:f6:38:4a:f4:f2",
            "public_key_fingerprint_sha256": "SHA256:rRXXbvO0SEW/TtPJ6wU9Tz+OMKXW1WOT+C1MgRp8u3M",
            "public_key_openssh": "ssh-ed25519 AAAAC3NzaC1lZDI1NTE5AAAAICeiMH0ziG4sAocxljoMJmc9Bz4h4DZm3RFJYeTvVlj6\n",
            "public_key_pem": "-----BEGIN PUBLIC KEY-----\nMCowBQYDK2VwAyEAJ6IwfTOIbiwChzGWOgwmZz0HPiHgNmbdEUlh5O9WWPo=\n-----END PUBLIC KEY-----\n",
            "rsa_bits": 2048
          },
          "sensitive_attributes": [
            [
              {
                "type": "get_attr",
                "value": "private_key_pem"
              }
            ],
            [
              {
                "type": "get_attr",
                "value": "private_key_openssh"
              }
            ],
            [
              {
                "type": "get_attr",
                "value": "private_key_pem_pkcs8"
              }
            ]
          ]
        }
      ]
    },
    {
      "module": "module.idgen",
      "mode": "managed",
      "type": "random_pet",
      "name": "id",
      "provider": "provider[\"registry.terraform.io/hashicorp/random\"]",
      "instances": [
        {
          "schema_version": 0,
          "attributes": {
            "id": "delicate-chamois",
            "keepers": {
              "seed": "6078",
              "tag": "x72LQtQJZDw1"
            },
            "length": 2,
            "prefix": null,
            "separator": "-"
          },
          "sensitive_attributes": [],
          "dependencies": [
            "random_integer.net_id",
            "random_string.token"
          ]
        }
      ]
    }
  ],
  "check_results": null
}
