{
  "version": 4,
  "terraform_version": "1.8.3",
  "serial": 13,
  "lineage": "99341440-6a99-61e8-3e96-38c240fee2e7",
  "outputs": {},
  "resources": [
    {
      "mode": "data",
      "type": "tls_public_key",
      "name": "pub",
      "provider": "provider[\"registry.terraform.io/hashicorp/tls\"]",
      "instances": [
        {
          "schema_version": 0,
          "attributes": {
            "algorithm": "ED25519",
            "id": "7a12650a0adc4c5b5f8efb12e122ccd5aea278bf",
            "private_key_openssh": null,
            "private_key_pem": "-----BEGIN PRIVATE KEY-----\nMC4CAQAwBQYDK2VwBCIEICXCFxAAOX9HLW6CjWmFMRnMocnfw97HxLbqktED8ucR\n-----END PRIVATE KEY-----\n",
            "public_key_fingerprint_md5": "2e:c8:ae:3d:b2:94:76:a8:70:58:78:3d:45:8a:18:3b",
            "public_key_fingerprint_sha256": "SHA256:Z6dm5xwRKaoBoHLYURsrTo4MXnOFrKCQfYVbcTWUWbM",
            "public_key_openssh": "ssh-ed25519 AAAAC3NzaC1lZDI1NTE5AAAAIMr89Of8bSl/E73rmLZEgDJAlo04Vx189jISzGvnJ4h/\n",
            "public_key_pem": "-----BEGIN PUBLIC KEY-----\nMCowBQYDK2VwAyEAyvz05/xtKX8TveuYtkSAMkCWjThXHXz2MhLMa+cniH8=\n-----END PUBLIC KEY-----\n"
          },
          "sensitive_attributes": [
            [
              {
                "type": "get_attr",
                "value": "private_key_openssh"
              }
            ],
            [
              {
                "type": "get_attr",
                "value": "private_key_pem"
              }
            ]
          ]
        }
      ]
    },
    {
      "mode": "managed",
      "type": "random_integer",
      "name": "net_id",
      "provider": "provider[\"registry.terraform.io/hashicorp/random\"]",
      "instances": [
        {
          "schema_version": 0,
          "attributes": {
            "id": "2851",
            "keepers": null,
            "max": 9999,
            "min": 1000,
            "result": 2851,
            "seed": null
          },
          "sensitive_attributes": []
        }
      ]
    },
    {
      "mode": "managed",
      "type": "random_pet",
      "name": "fp_tag",
      "provider": "provider[\"registry.terraform.io/hashicorp/random\"]",
      "instances": [
        {
          "schema_version": 0,
          "attributes": {
            "id": "hardly-superb-emu",
            "keepers": {
              "fp": "2e:c8:ae:3d:b2:94:76:a8:70:58:78:3d:45:8a:18:3b"
            },
            "length": 3,
            "prefix": null,
            "separator": "-"
          },
          "sensitive_attributes": [],
          "dependencies": [
            "data.tls_public_key.pub",
            "tls_private_key.signer"
          ]
        }
      ]
    },
    {
      "mode": "managed",
      "type": "random_pet",
      "name": "instance",
      "provider": "provider[\"registry.terraform.io/hashicorp/random\"]",
      "instances": [
        {
          "schema_version": 0,
          "attributes": {
            "id": "intensely-wondrous-hyena",
            "keepers": {
              "fp": "hardly-superb-emu",
              "gen": "meet-beagle",
              "ld": "hardly-superb-emu",
              "lm": "meet-beagle",
              "lr": "2851",
              "net": "2851",
              "tagged": "demo-instance",
              "token": "4w79fyidPFNd"
            },
            "length": 3,
            "prefix": null,
            "separator": "-"
          },
          "sensitive_attributes": [],
          "dependencies": [
            "data.tls_public_key.pub",
            "module.idgen.random_pet.id",
            "random_integer.net_id",
            "random_pet.fp_tag",
            "random_string.token",
            "tls_private_key.signer"
          ]
        }
      ]
    },
    {
      "mode": "managed",
      "type": "random_pet",
      "name": "net_name",
      "provider": "provider[\"registry.terraform.io/hashicorp/random\"]",
      "instances": [
        {
          "schema_version": 0,
          "attributes": {
            "id": "demo-merely-settling-ghoul",
            "keepers": null,
            "length": 3,
            "prefix": "demo",
            "separator": "-"
          },
          "sensitive_attributes": []
        }
      ]
    },
    {
      "mode": "managed",
      "type": "random_pet",
      "name": "unmanaged_extra",
      "provider": "provider[\"registry.terraform.io/hashicorp/random\"]",
      "instances": [
        {
          "schema_version": 0,
          "attributes": {
            "id": "kind-duck",
            "keepers": null,
            "length": 2,
            "prefix": null,
            "separator": "-"
          },
          "sensitive_attributes": []
        }
      ]
    },
    {
      "mode": "managed",
      "type": "random_string",
      "name": "token",
      "provider": "provider[\"registry.terraform.io/hashicorp/random\"]",
      "instances": [
        {
          "schema_version": 2,
          "attributes": {
            "id": "4w79fyidPFNd",
            "keepers": null,
            "length": 12,
            "lower": true,
            "min_lower": 0,
            "min_numeric": 0,
            "min_special": 0,
            "min_upper": 0,
            "number": true,
            "numeric": true,
            "override_special": null,
            "result": "4w79fyidPFNd",
            "special": false,
            "upper": true
          },
          "sensitive_attributes": []
        }
      ]
    },
    {
      "mode": "managed",
      "type": "tls_private_key",
      "name": "cert",
      "provider": "provider[\"registry.terraform.io/hashicorp/tls\"]",
      "instances": [
        {
          "schema_version": 1,
          "attributes": {
            "algorithm": "ED25519",
            "ecdsa_curve": "P224",
            "id": "c0bf91f5bbb42d5fc036dbc50f0d3abba311b43a",
            "private_key_openssh": "-----BEGIN OPENSSH PRIVATE KEY-----\nb3BlbnNzaC1rZXktdjEAAAAABG5vbmUAAAAEbm9uZQAAAAAAAAABAAAAMwAAAAtz\nc2gtZWQyNTUxOQAAACC4UDudZw2NaXSp04Eb04q81WP4XmNAAvprFPjOd1Xk/AAA\nAIgfeazEH3msxAAAAAtzc2gtZWQyNTUxOQAAACC4UDudZw2NaXSp04Eb04q81WP4\nXmNAAvprFPjOd1Xk/AAAAEC50xNVYFj3YW/0xL+ku+R66fMunyP5JiCc4XnaN5Sz\nxLhQO51nDY1pdKnTgRvTirzVY/heY0AC+msU+M53VeT8AAAAAAECAwQF\n-----END OPENSSH PRIVATE KEY-----\n",
            "private_key_pem": "-----BEGIN PRIVATE KEY-----\nMC4CAQAwBQYDK2VwBCIEILnTE1VgWPdhb/TEv6S75Hrp8y6fI/kmIJzhedo3lLPE\n-----END PRIVATE KEY-----\n",
            "private_key_pem_pkcs8": "-----BEGIN PRIVATE KEY-----\nMC4CAQAwBQYDK2VwBCIEILnTE1VgWPdhb/TEv6S75Hrp8y6fI/kmIJzhedo3lLPE\n-----END PRIVATE KEY-----\n",
            "public_key_fingerprint_md5": "af:e9:db:9a:40:7c:e1:49:43:9c:70:95:45:0c:56:52",
            "public_key_fingerprint_sha256": "SHA256:wosOP57JSnRRcj892glqV7dLILGIMpiU8KiKidg4U0o",
            "public_key_openssh": "ssh-ed25519 AAAAC3NzaC1lZDI1NTE5AAAAILhQO51nDY1pdKnTgRvTirzVY/heY0AC+msU+M53VeT8\n",
            "public_key_pem": "-----BEGIN PUBLIC KEY-----\nMCowBQYDK2VwAyEAuFA7nWcNjWl0qdOBG9OKvNVj+F5jQAL6axT4zndV5Pw=\n-----END PUBLIC KEY-----\n",
            "rsa_bits": 2048
          },
          "sensitive_attributes": [
            [
              {
                "type": "get_attr",
                "value": "private_key_openssh"
              }
            ],
            [
              {
                "type": "get_attr",
                "value": "private_key_pem_pkcs8"
              }
            ],
            [
              {
                "type": "get_attr",
                "value": "private_key_pem"
              }
            ]
          ]
        }
      ]
    },
    {
      "mode": "managed",
      "type": "tls_private_key",
      "name": "cert_by_module",
      "provider": "provider[\"registry.terraform.io/hashicorp/tls\"].by_module",
      "instances": [
        {
          "schema_version": 1,
          "attributes": {
            "algorithm": "ED25519",
            "ecdsa_curve": "P224",
            "id": "238e03d1feb3b357353eb0f549c2969aeafd1b86",
            "private_key_openssh": "-----BEGIN OPENSSH PRIVATE KEY-----\nb3BlbnNzaC1rZXktdjEAAAAABG5vbmUAAAAEbm9uZQAAAAAAAAABAAAAMwAAAAtz\nc2gtZWQyNTUxOQAAACBj5c7ngifrVB08qgc933br7FNvzvwpPB+OX2cweSDzDwAA\nAIiizcqQos3KkAAAAAtzc2gtZWQyNTUxOQAAACBj5c7ngifrVB08qgc933br7FNv\nzvwpPB+OX2cweSDzDwAAAEBHy1F4RvrF5ty1lEdFwNvlri7QhHhQyfrbuCkGZLyz\nqGPlzueCJ+tUHTyqBz3fduvsU2/O/Ck8H45fZzB5IPMPAAAAAAECAwQF\n-----END OPENSSH PRIVATE KEY-----\n",
            "private_key_pem": "-----BEGIN PRIVATE KEY-----\nMC4CAQAwBQYDK2VwBCIEIEfLUXhG+sXm3LWUR0XA2+WuLtCEeFDJ+tu4KQZkvLOo\n-----END PRIVATE KEY-----\n",
            "private_key_pem_pkcs8": "-----BEGIN PRIVATE KEY-----\nMC4CAQAwBQYDK2VwBCIEIEfLUXhG+sXm3LWUR0XA2+WuLtCEeFDJ+tu4KQZkvLOo\n-----END PRIVATE KEY-----\n",
            "public_key_fingerprint_md5": "ad:cd:f3:23:e5:da:66:0c:5c:13:18:67:51:fa:90:e7",
            "public_key_fingerprint_sha256": "SHA256:PCFaUbo2YhjCBUTwNSpaZxPXADj/eCoygMGhatjehFE",
            "public_key_openssh": "ssh-ed25519 AAAAC3NzaC1lZDI1NTE5AAAAIGPlzueCJ+tUHTyqBz3fduvsU2/O/Ck8H45fZzB5IPMP\n",
            "public_key_pem": "-----BEGIN PUBLIC KEY-----\nMCowBQYDK2VwAyEAY+XO54In61QdPKoHPd926+xTb878KTwfjl9nMHkg8w8=\n-----END PUBLIC KEY-----\n",
            "rsa_bits": 2048
          },
          "sensitive_attributes": [
            [
              {
                "type": "get_attr",
                "value": "private_key_pem_pkcs8"
              }
            ],
            [
              {
                "type": "get_attr",
                "value": "private_key_pem"
              }
            ],
            [
              {
                "type": "get_attr",
                "value": "private_key_openssh"
              }
            ]
          ],
          "dependencies": [
            "module.idgen.random_pet.id",
            "random_integer.net_id",
            "random_string.token"
          ]
        }
      ]
    },
    {
      "mode": "managed",
      "type": "tls_private_key",
      "name": "cert_by_resource",
      "provider": "provider[\"registry.terraform.io/hashicorp/tls\"].by_resource",
      "instances": [
        {
          "schema_version": 1,
          "attributes": {
            "algorithm": "ED25519",
            "ecdsa_curve": "P224",
            "id": "43a8a251cd0d7db6a3bf6ade6373000be2f2646b",
            "private_key_openssh": "-----BEGIN OPENSSH PRIVATE KEY-----\nb3BlbnNzaC1rZXktdjEAAAAABG5vbmUAAAAEbm9uZQAAAAAAAAABAAAAMwAAAAtz\nc2gtZWQyNTUxOQAAACBQupLNp95OrpAJHPfvCxThsMsovnZjRZFhAsv4UtdGVwAA\nAIiOLe9sji3vbAAAAAtzc2gtZWQyNTUxOQAAACBQupLNp95OrpAJHPfvCxThsMso\nvnZjRZFhAsv4UtdGVwAAAECcs+chxL0M+qRfGtBITCFJ3qnAnPDhpHKKFxj+edCv\nkFC6ks2n3k6ukAkc9+8LFOGwyyi+dmNFkWECy/hS10ZXAAAAAAECAwQF\n-----END OPENSSH PRIVATE KEY-----\n",
            "private_key_pem": "-----BEGIN PRIVATE KEY-----\nMC4CAQAwBQYDK2VwBCIEIJyz5yHEvQz6pF8a0EhMIUneqcCc8OGkcooXGP550K+Q\n-----END PRIVATE KEY-----\n",
            "private_key_pem_pkcs8": "-----BEGIN PRIVATE KEY-----\nMC4CAQAwBQYDK2VwBCIEIJyz5yHEvQz6pF8a0EhMIUneqcCc8OGkcooXGP550K+Q\n-----END PRIVATE KEY-----\n",
            "public_key_fingerprint_md5": "3b:9b:22:f6:12:88:4f:f2:6c:91:9c:e4:2f:75:1d:0f",
            "public_key_fingerprint_sha256": "SHA256:1HgXLp8bXOt1UWjjEN2vt+TjEFKUhqhWfVG4TXIuh6A",
            "public_key_openssh": "ssh-ed25519 AAAAC3NzaC1lZDI1NTE5AAAAIFC6ks2n3k6ukAkc9+8LFOGwyyi+dmNFkWECy/hS10ZX\n",
            "public_key_pem": "-----BEGIN PUBLIC KEY-----\nMCowBQYDK2VwAyEAULqSzafeTq6QCRz37wsU4bDLKL52Y0WRYQLL+FLXRlc=\n-----END PUBLIC KEY-----\n",
            "rsa_bits": 2048
          },
          "sensitive_attributes": [
            [
              {
                "type": "get_attr",
                "value": "private_key_openssh"
              }
            ],
            [
              {
                "type": "get_attr",
                "value": "private_key_pem_pkcs8"
              }
            ],
            [
              {
                "type": "get_attr",
                "value": "private_key_pem"
              }
            ]
          ],
          "dependencies": [
            "random_pet.net_name"
          ]
        }
      ]
    },
    {
      "mode": "managed",
      "type": "tls_private_key",
      "name": "signer",
      "provider": "provider[\"registry.terraform.io/hashicorp/tls\"]",
      "instances": [
        {
          "schema_version": 1,
          "attributes": {
            "algorithm": "ED25519",
            "ecdsa_curve": "P224",
            "id": "7a12650a0adc4c5b5f8efb12e122ccd5aea278bf",
            "private_key_openssh": "-----BEGIN OPENSSH PRIVATE KEY-----\nb3BlbnNzaC1rZXktdjEAAAAABG5vbmUAAAAEbm9uZQAAAAAAAAABAAAAMwAAAAtz\nc2gtZWQyNTUxOQAAACDK/PTn/G0pfxO965i2RIAyQJaNOFcdfPYyEsxr5yeIfwAA\nAIhxstNScbLTUgAAAAtzc2gtZWQyNTUxOQAAACDK/PTn/G0pfxO965i2RIAyQJaN\nOFcdfPYyEsxr5yeIfwAAAEAlwhcQADl/Ry1ugo1phTEZzKHJ38Pex8S26pLRA/Ln\nEcr89Of8bSl/E73rmLZEgDJAlo04Vx189jISzGvnJ4h/AAAAAAECAwQF\n-----END OPENSSH PRIVATE KEY-----\n",
            "private_key_pem": "-----BEGIN PRIVATE KEY-----\nMC4CAQAwBQYDK2VwBCIEICXCFxAAOX9HLW6CjWmFMRnMocnfw97HxLbqktED8ucR\n-----END PRIVATE KEY-----\n",
            "private_key_pem_pkcs8": "-----BEGIN PRIVATE KEY-----\nMC4CAQAwBQYDK2VwBCIEICXCFxAAOX9HLW6CjWmFMRnMocnfw97HxLbqktED8ucR\n-----END PRIVATE KEY-----\n",
            "public_key_fingerprint_md5": "2e:c8:ae:3d:b2:94:76:a8:70:58:78:3d:45:8a:18:3b",
            "public_key_fingerprint_sha256": "SHA256:Z6dm5xwRKaoBoHLYURsrTo4MXnOFrKCQfYVbcTWUWbM",
            "public_key_openssh": "ssh-ed25519 AAAAC3NzaC1lZDI1NTE5AAAAIMr89Of8bSl/E73rmLZEgDJAlo04Vx189jISzGvnJ4h/\n",
            "public_key_pem": "-----BEGIN PUBLIC KEY-----\nMCowBQYDK2VwAyEAyvz05/xtKX8TveuYtkSAMkCWjThXHXz2MhLMa+cniH8=\n-----END PUBLIC KEY-----\n",
            "rsa_bits": 2048
          },
          "sensitive_attributes": [
            [
              {
                "type": "get_attr",
                "value": "private_key_pem_pkcs8"
              }
            ],
            [
              {
                "type": "get_attr",
                "value": "private_key_pem"
              }
            ],
            [
              {
                "type": "get_attr",
                "value": "private_key_openssh"
              }
            ]
          ]
        }
      ]
    },
    {
      "module": "module.idgen",
      "mode": "managed",
      "type": "random_pet",
      "name": "id",
      "provider": "provider[\"registry.terraform.io/hashicorp/random\"]",
      "instances": [
        {
          "schema_version": 0,
          "attributes": {
            "id": "meet-beagle",
            "keepers": {
              "seed": "2851",
              "tag": "4w79fyidPFNd"
            },
            "length": 2,
            "prefix": null,
            "separator": "-"
          },
          "sensitive_attributes": [],
          "dependencies": [
            "random_integer.net_id",
            "random_string.token"
          ]
        }
      ]
    }
  ],
  "check_results": null
}
