{
  "version": 4,
  "terraform_version": "1.8.3",
  "serial": 4,
  "lineage": "af551542-073b-fde3-56f2-86de4b8c73c3",
  "outputs": {},
  "resources": [
    {
      "mode": "managed",
      "type": "random_pet",
      "name": "instance",
      "provider": "provider[\"registry.terraform.io/hashicorp/random\"]",
      "instances": [
        {
          "schema_version": 0,
          "attributes": {
            "id": "wrongly-trusted-titmouse",
            "keepers": {
              "fp": "65:df:f9:e6:56:85:b0:6c:a0:18:17:b3:d2:8c:e1:80",
              "gen": "smart-dodo",
              "ld": "65:df:f9:e6:56:85:b0:6c:a0:18:17:b3:d2:8c:e1:80",
              "lm": "smart-dodo",
              "lr": "5106",
              "net": "5106",
              "tagged": "demo-instance",
              "token": "OYljqOaM9XcZ"
            },
            "length": 3,
            "prefix": null,
            "separator": "-"
          },
          "sensitive_attributes": [],
          "dependencies": [
            "data.tls_public_key.pub",
            "module.idgen.random_pet.id",
            "random_integer.net_id",
            "random_string.token",
            "tls_private_key.signer"
          ]
        }
      ]
    },
    {
      "mode": "managed",
      "type": "tls_private_key",
      "name": "cert",
      "provider": "provider[\"registry.terraform.io/hashicorp/tls\"]",
      "instances": [
        {
          "schema_version": 1,
          "attributes": {
            "algorithm": "ED25519",
            "ecdsa_curve": "P224",
            "id": "48ce175f0e9b102978f253ad5efa47dace20c7a5",
            "private_key_openssh": "-----BEGIN OPENSSH PRIVATE KEY-----\nb3BlbnNzaC1rZXktdjEAAAAABG5vbmUAAAAEbm9uZQAAAAAAAAABAAAAMwAAAAtz\nc2gtZWQyNTUxOQAAACAZtwvO+ySfomVt5bwX6irIU8x1fquUzksojSvc4jVMTQAA\nAIhmIpeFZiKXhQAAAAtzc2gtZWQyNTUxOQAAACAZtwvO+ySfomVt5bwX6irIU8x1\nfquUzksojSvc4jVMTQAAAEAFm3V/MiCUo4R9wc1eMsLjz5rFCwOlYO0qcsDi9ie5\nzxm3C877JJ+iZW3lvBfqKshTzHV+q5TOSyiNK9ziNUxNAAAAAAECAwQF\n-----END OPENSSH PRIVATE KEY-----\n",
            "private_key_pem": "-----BEGIN PRIVATE KEY-----\nMC4CAQAwBQYDK2VwBCIEIAWbdX8yIJSjhH3BzV4ywuPPmsULA6Vg7SpywOL2J7nP\n-----END PRIVATE KEY-----\n",
            "private_key_pem_pkcs8": "-----BEGIN PRIVATE KEY-----\nMC4CAQAwBQYDK2VwBCIEIAWbdX8yIJSjhH3BzV4ywuPPmsULA6Vg7SpywOL2J7nP\n-----END PRIVATE KEY-----\n",
            "public_key_fingerprint_md5": "78:f6:d4:e7:af:bb:0a:a5:6d:8c:64:f4:88:0b:f8:11",
            "public_key_fingerprint_sha256": "SHA256:bnWxnYsCwDCH5Aw29gP0fK0fcQsVOAJYNwhYDJ+WeTo",
            "public_key_openssh": "ssh-ed25519 AAAAC3NzaC1lZDI1NTE5AAAAIBm3C877JJ+iZW3lvBfqKshTzHV+q5TOSyiNK9ziNUxN\n",
            "public_key_pem": "-----BEGIN PUBLIC KEY-----\nMCowBQYDK2VwAyEAGbcLzvskn6JlbeW8F+oqyFPMdX6rlM5LKI0r3OI1TE0=\n-----END PUBLIC KEY-----\n",
            "rsa_bits": 2048
          },
          "sensitive_attributes": [
            [
              {
                "type": "get_attr",
                "value": "private_key_pem_pkcs8"
              }
            ],
            [
              {
                "type": "get_attr",
                "value": "private_key_openssh"
              }
            ],
            [
              {
                "type": "get_attr",
                "value": "private_key_pem"
              }
            ]
          ]
        }
      ]
    },
    {
      "mode": "managed",
      "type": "tls_private_key",
      "name": "cert_by_module",
      "provider": "provider[\"registry.terraform.io/hashicorp/tls\"].by_module",
      "instances": [
        {
          "schema_version": 1,
          "attributes": {
            "algorithm": "ED25519",
            "ecdsa_curve": "P224",
            "id": "1011c28c5f47e95b2197a971f4a4e47fce66f34b",
            "private_key_openssh": "-----BEGIN OPENSSH PRIVATE KEY-----\nb3BlbnNzaC1rZXktdjEAAAAABG5vbmUAAAAEbm9uZQAAAAAAAAABAAAAMwAAAAtz\nc2gtZWQyNTUxOQAAACArVDeiZarxVfcfxHuVdlJI0syzLgnjca+aDA+59okT3gAA\nAIj3k7V595O1eQAAAAtzc2gtZWQyNTUxOQAAACArVDeiZarxVfcfxHuVdlJI0syz\nLgnjca+aDA+59okT3gAAAEAteYXGZNfBc8Wq5p7+I+060XY6UQaIIthGyWVJN7Od\nmitUN6JlqvFV9x/Ee5V2UkjSzLMuCeNxr5oMD7n2iRPeAAAAAAECAwQF\n-----END OPENSSH PRIVATE KEY-----\n",
            "private_key_pem": "-----BEGIN PRIVATE KEY-----\nMC4CAQAwBQYDK2VwBCIEIC15hcZk18Fzxarmnv4j7TrRdjpRBogi2EbJZUk3s52a\n-----END PRIVATE KEY-----\n",
            "private_key_pem_pkcs8": "-----BEGIN PRIVATE KEY-----\nMC4CAQAwBQYDK2VwBCIEIC15hcZk18Fzxarmnv4j7TrRdjpRBogi2EbJZUk3s52a\n-----END PRIVATE KEY-----\n",
            "public_key_fingerprint_md5": "7f:b7:19:7d:fc:38:9e:94:5a:0c:7e:f5:08:70:b0:96",
            "public_key_fingerprint_sha256": "SHA256:hqE68ZaeaOZ3/oDDylGZWCYl2sPGq2gy0CAK0zwJncY",
            "public_key_openssh": "ssh-ed25519 AAAAC3NzaC1lZDI1NTE5AAAAICtUN6JlqvFV9x/Ee5V2UkjSzLMuCeNxr5oMD7n2iRPe\n",
            "public_key_pem": "-----BEGIN PUBLIC KEY-----\nMCowBQYDK2VwAyEAK1Q3omWq8VX3H8R7lXZSSNLMsy4J43GvmgwPufaJE94=\n-----END PUBLIC KEY-----\n",
            "rsa_bits": 2048
          },
          "sensitive_attributes": [
            [
              {
                "type": "get_attr",
                "value": "private_key_openssh"
              }
            ],
            [
              {
                "type": "get_attr",
                "value": "private_key_pem"
              }
            ],
            [
              {
                "type": "get_attr",
                "value": "private_key_pem_pkcs8"
              }
            ]
          ],
          "dependencies": [
            "data.tls_public_key.pub",
            "module.idgen.random_pet.id",
            "random_integer.net_id",
            "tls_private_key.signer"
          ]
        }
      ]
    },
    {
      "mode": "managed",
      "type": "tls_private_key",
      "name": "cert_by_resource",
      "provider": "provider[\"registry.terraform.io/hashicorp/tls\"].by_resource",
      "instances": [
        {
          "schema_version": 1,
          "attributes": {
            "algorithm": "ED25519",
            "ecdsa_curve": "P224",
            "id": "c60149aa7c0fbdd2d865e75da0d45521e4117fda",
            "private_key_openssh": "-----BEGIN OPENSSH PRIVATE KEY-----\nb3BlbnNzaC1rZXktdjEAAAAABG5vbmUAAAAEbm9uZQAAAAAAAAABAAAAMwAAAAtz\nc2gtZWQyNTUxOQAAACB0FpgakBvhM/oZYVQudOsej35Eae3S6HJnHcFJQRsmPQAA\nAIgn8laBJ/JWgQAAAAtzc2gtZWQyNTUxOQAAACB0FpgakBvhM/oZYVQudOsej35E\nae3S6HJnHcFJQRsmPQAAAECjw2R+S52id3QJAfC5isV0R/q23Pv0WGwOoSzZy3wo\ndHQWmBqQG+Ez+hlhVC506x6PfkRp7dLocmcdwUlBGyY9AAAAAAECAwQF\n-----END OPENSSH PRIVATE KEY-----\n",
            "private_key_pem": "-----BEGIN PRIVATE KEY-----\nMC4CAQAwBQYDK2VwBCIEIKPDZH5LnaJ3dAkB8LmKxXRH+rbc+/RYbA6hLNnLfCh0\n-----END PRIVATE KEY-----\n",
            "private_key_pem_pkcs8": "-----BEGIN PRIVATE KEY-----\nMC4CAQAwBQYDK2VwBCIEIKPDZH5LnaJ3dAkB8LmKxXRH+rbc+/RYbA6hLNnLfCh0\n-----END PRIVATE KEY-----\n",
            "public_key_fingerprint_md5": "e2:2c:a3:de:51:d0:5c:04:a5:fb:9c:73:09:5d:da:b1",
            "public_key_fingerprint_sha256": "SHA256:kBstOLJEihi9NKjrWfWsLrnoxOu7/L1+DW2qYUp6IWY",
            "public_key_openssh": "ssh-ed25519 AAAAC3NzaC1lZDI1NTE5AAAAIHQWmBqQG+Ez+hlhVC506x6PfkRp7dLocmcdwUlBGyY9\n",
            "public_key_pem": "-----BEGIN PUBLIC KEY-----\nMCowBQYDK2VwAyEAdBaYGpAb4TP6GWFULnTrHo9+RGnt0uhyZx3BSUEbJj0=\n-----END PUBLIC KEY-----\n",
            "rsa_bits": 2048
          },
          "sensitive_attributes": [
            [
              {
                "type": "get_attr",
                "value": "private_key_pem"
              }
            ],
            [
              {
                "type": "get_attr",
                "value": "private_key_openssh"
              }
            ],
            [
              {
                "type": "get_attr",
                "value": "private_key_pem_pkcs8"
              }
            ]
          ],
          "dependencies": [
            "random_pet.net_name"
          ]
        }
      ]
    }
  ],
  "check_results": null
}
