{
  "version": 4,
  "terraform_version": "1.8.3",
  "serial": 4,
  "lineage": "7847a95d-2802-2ce5-971d-57b8b5b2b09a",
  "outputs": {},
  "resources": [
    {
      "mode": "managed",
      "type": "random_password",
      "name": "app_session_secret",
      "provider": "provider[\"registry.terraform.io/hashicorp/random\"]",
      "instances": [
        {
          "schema_version": 3,
          "attributes": {
            "bcrypt_hash": "$2a$10$QyufYDVs.XuWzV0Vd9xTCerjZ16vXb/coghHISxDKOyU25QSv5pIi",
            "id": "none",
            "keepers": null,
            "length": 24,
            "lower": true,
            "min_lower": 0,
            "min_numeric": 0,
            "min_special": 0,
            "min_upper": 0,
            "number": true,
            "numeric": true,
            "override_special": null,
            "result": "zYCpRClCyyWuZJLlqY0xGm0h",
            "special": false,
            "upper": true
          },
          "sensitive_attributes": [
            [
              {
                "type": "get_attr",
                "value": "result"
              }
            ],
            [
              {
                "type": "get_attr",
                "value": "bcrypt_hash"
              }
            ]
          ]
        }
      ]
    },
    {
      "mode": "managed",
      "type": "random_pet",
      "name": "app_release",
      "provider": "provider[\"registry.terraform.io/hashicorp/random\"]",
      "instances": [
        {
          "schema_version": 0,
          "attributes": {
            "id": "acme-e2e-storefront-beloved-puma",
            "keepers": {
              "cluster": "ab0a9711-29dc-c941-9f93-46ce2646216b",
              "db_endpoint": "acme-e2e-orders-1c90c040-ecc7-5129-8244-a55ecb4d2ef6.some.cloudprovider.com",
              "db_port": "5432",
              "deploy_key": "c2:83:1b:0f:24:58:c5:7f:f7:fa:02:61:4f:74:1b:7b",
              "replicas": "3",
              "runner": "10000000-0000-0000-0000-000000000000",
              "stack": "10000000-0000-0000-0000-000000000000",
              "zone": "acme-liked-ghoul.internal"
            },
            "length": 2,
            "prefix": "acme-e2e-storefront",
            "separator": "-"
          },
          "sensitive_attributes": []
        }
      ]
    },
    {
      "mode": "managed",
      "type": "tls_private_key",
      "name": "deploy_signer",
      "provider": "provider[\"registry.terraform.io/hashicorp/tls\"]",
      "instances": [
        {
          "schema_version": 1,
          "attributes": {
            "algorithm": "ED25519",
            "ecdsa_curve": "P224",
            "id": "c2502fdba62ce1082a41becb7bba43a5e8b5ccf5",
            "private_key_openssh": "-----BEGIN OPENSSH PRIVATE KEY-----\nb3BlbnNzaC1rZXktdjEAAAAABG5vbmUAAAAEbm9uZQAAAAAAAAABAAAAMwAAAAtz\nc2gtZWQyNTUxOQAAACDm+sRNqY5mXzBZ5nXoMTcjKNgeHBxgiPaXYEJU0XU3hAAA\nAIit/rrMrf66zAAAAAtzc2gtZWQyNTUxOQAAACDm+sRNqY5mXzBZ5nXoMTcjKNge\nHBxgiPaXYEJU0XU3hAAAAEC9PxhELVo4OeKDH8p0RjEkkYm5j0Rzao0VXD4gqNmL\nfeb6xE2pjmZfMFnmdegxNyMo2B4cHGCI9pdgQlTRdTeEAAAAAAECAwQF\n-----END OPENSSH PRIVATE KEY-----\n",
            "private_key_pem": "-----BEGIN PRIVATE KEY-----\nMC4CAQAwBQYDK2VwBCIEIL0/GEQtWjg54oMfynRGMSSRibmPRHNqjRVcPiCo2Yt9\n-----END PRIVATE KEY-----\n",
            "private_key_pem_pkcs8": "-----BEGIN PRIVATE KEY-----\nMC4CAQAwBQYDK2VwBCIEIL0/GEQtWjg54oMfynRGMSSRibmPRHNqjRVcPiCo2Yt9\n-----END PRIVATE KEY-----\n",
            "public_key_fingerprint_md5": "c2:83:1b:0f:24:58:c5:7f:f7:fa:02:61:4f:74:1b:7b",
            "public_key_fingerprint_sha256": "SHA256:TmEECKqVTsN1Qru+W+N+uz6s0+1XcQ3UHS6mpfaNuhw",
            "public_key_openssh": "ssh-ed25519 AAAAC3NzaC1lZDI1NTE5AAAAIOb6xE2pjmZfMFnmdegxNyMo2B4cHGCI9pdgQlTRdTeE\n",
            "public_key_pem": "-----BEGIN PUBLIC KEY-----\nMCowBQYDK2VwAyEA5vrETamOZl8wWeZ16DE3IyjYHhwcYIj2l2BCVNF1N4Q=\n-----END PUBLIC KEY-----\n",
            "rsa_bits": 2048
          },
          "sensitive_attributes": [
            [
              {
                "type": "get_attr",
                "value": "private_key_openssh"
              }
            ],
            [
              {
                "type": "get_attr",
                "value": "private_key_pem"
              }
            ],
            [
              {
                "type": "get_attr",
                "value": "private_key_pem_pkcs8"
              }
            ]
          ]
        }
      ]
    },
    {
      "module": "module.storefront_dns",
      "mode": "managed",
      "type": "random_uuid",
      "name": "record_id",
      "provider": "provider[\"registry.terraform.io/hashicorp/random\"]",
      "instances": [
        {
          "schema_version": 0,
          "attributes": {
            "id": "35feed75-5da5-70fa-ff5a-2aea658855bc",
            "keepers": {
              "name": "acme-e2e-storefront",
              "target": "https://kubernetes-ab0a9711-29dc-c941-9f93-46ce2646216b.amazonaws.com",
              "zone": "acme-liked-ghoul.internal"
            },
            "result": "35feed75-5da5-70fa-ff5a-2aea658855bc"
          },
          "sensitive_attributes": [],
          "dependencies": [
            "data.snapcd_stack.default",
            "module.cluster.random_uuid.cluster_id",
            "module.cluster.time_sleep.wait_10s",
            "module.private_subnet.random_uuid.route_table_id",
            "module.private_subnet.random_uuid.subnet_id",
            "module.public_subnet.random_uuid.route_table_id",
            "module.public_subnet.random_uuid.subnet_id",
            "random_pet.network_name",
            "random_uuid.vpc_id",
            "time_sleep.network_propagation"
          ]
        }
      ]
    }
  ],
  "check_results": null
}
