{
  "version": 4,
  "terraform_version": "1.8.3",
  "serial": 4,
  "lineage": "77d3895a-9831-418a-db7f-552560e1d663",
  "outputs": {},
  "resources": [
    {
      "mode": "managed",
      "type": "random_password",
      "name": "app_session_secret",
      "provider": "provider[\"registry.terraform.io/hashicorp/random\"]",
      "instances": [
        {
          "schema_version": 3,
          "attributes": {
            "bcrypt_hash": "$2a$10$hCl6fgIj6B7HB2NSwcmJLOP5JZNFXHwvR1tzeKH2JnF.i.U6l5e/e",
            "id": "none",
            "keepers": null,
            "length": 24,
            "lower": true,
            "min_lower": 0,
            "min_numeric": 0,
            "min_special": 0,
            "min_upper": 0,
            "number": true,
            "numeric": true,
            "override_special": null,
            "result": "kiS7apH6scXnS0zUecF96BVK",
            "special": false,
            "upper": true
          },
          "sensitive_attributes": [
            [
              {
                "type": "get_attr",
                "value": "result"
              }
            ],
            [
              {
                "type": "get_attr",
                "value": "bcrypt_hash"
              }
            ]
          ]
        }
      ]
    },
    {
      "mode": "managed",
      "type": "random_pet",
      "name": "app_release",
      "provider": "provider[\"registry.terraform.io/hashicorp/random\"]",
      "instances": [
        {
          "schema_version": 0,
          "attributes": {
            "id": "acme-e2e-storefront-innocent-rabbit",
            "keepers": {
              "cluster": "106dff5e-2d81-9fcd-95c3-b1dfc3cfe50f",
              "db_endpoint": "acme-e2e-orders-0df18dae-b417-a5b8-7658-6c61d761770e.some.cloudprovider.com",
              "db_port": "5432",
              "deploy_key": "81:b9:b4:be:82:91:a1:c3:98:1c:f2:9b:6c:11:42:6e",
              "replicas": "3",
              "runner": "10000000-0000-0000-0000-000000000000",
              "stack": "10000000-0000-0000-0000-000000000000",
              "zone": "acme-ready-pony.internal"
            },
            "length": 2,
            "prefix": "acme-e2e-storefront",
            "separator": "-"
          },
          "sensitive_attributes": []
        }
      ]
    },
    {
      "mode": "managed",
      "type": "tls_private_key",
      "name": "deploy_signer",
      "provider": "provider[\"registry.terraform.io/hashicorp/tls\"]",
      "instances": [
        {
          "schema_version": 1,
          "attributes": {
            "algorithm": "ED25519",
            "ecdsa_curve": "P224",
            "id": "89e427f932e875629b43339af76e5b35fd9bfcda",
            "private_key_openssh": "-----BEGIN OPENSSH PRIVATE KEY-----\nb3BlbnNzaC1rZXktdjEAAAAABG5vbmUAAAAEbm9uZQAAAAAAAAABAAAAMwAAAAtz\nc2gtZWQyNTUxOQAAACAzmU/rCkYlI63Lt2Zx7g4J7E1KZG4QuDTjwV7ziZsQQAAA\nAIitaifJrWonyQAAAAtzc2gtZWQyNTUxOQAAACAzmU/rCkYlI63Lt2Zx7g4J7E1K\nZG4QuDTjwV7ziZsQQAAAAEALGx4sJp/dpD7asD0huaDYqKs2hyV9Ma4BrcqmyCeR\nPzOZT+sKRiUjrcu3ZnHuDgnsTUpkbhC4NOPBXvOJmxBAAAAAAAECAwQF\n-----END OPENSSH PRIVATE KEY-----\n",
            "private_key_pem": "-----BEGIN PRIVATE KEY-----\nMC4CAQAwBQYDK2VwBCIEIAsbHiwmn92kPtqwPSG5oNioqzaHJX0xrgGtyqbIJ5E/\n-----END PRIVATE KEY-----\n",
            "private_key_pem_pkcs8": "-----BEGIN PRIVATE KEY-----\nMC4CAQAwBQYDK2VwBCIEIAsbHiwmn92kPtqwPSG5oNioqzaHJX0xrgGtyqbIJ5E/\n-----END PRIVATE KEY-----\n",
            "public_key_fingerprint_md5": "81:b9:b4:be:82:91:a1:c3:98:1c:f2:9b:6c:11:42:6e",
            "public_key_fingerprint_sha256": "SHA256:PjyJwpaPdOBlWnJTSqI8HD5Gu6iZ9Pnzy6K5FJ5V4Qk",
            "public_key_openssh": "ssh-ed25519 AAAAC3NzaC1lZDI1NTE5AAAAIDOZT+sKRiUjrcu3ZnHuDgnsTUpkbhC4NOPBXvOJmxBA\n",
            "public_key_pem": "-----BEGIN PUBLIC KEY-----\nMCowBQYDK2VwAyEAM5lP6wpGJSOty7dmce4OCexNSmRuELg048Fe84mbEEA=\n-----END PUBLIC KEY-----\n",
            "rsa_bits": 2048
          },
          "sensitive_attributes": [
            [
              {
                "type": "get_attr",
                "value": "private_key_pem"
              }
            ],
            [
              {
                "type": "get_attr",
                "value": "private_key_pem_pkcs8"
              }
            ],
            [
              {
                "type": "get_attr",
                "value": "private_key_openssh"
              }
            ]
          ]
        }
      ]
    },
    {
      "module": "module.storefront_dns",
      "mode": "managed",
      "type": "random_uuid",
      "name": "record_id",
      "provider": "provider[\"registry.terraform.io/hashicorp/random\"]",
      "instances": [
        {
          "schema_version": 0,
          "attributes": {
            "id": "e6e13f5d-8187-2d9d-9762-39b367a09bd3",
            "keepers": {
              "name": "acme-e2e-storefront",
              "target": "https://kubernetes-106dff5e-2d81-9fcd-95c3-b1dfc3cfe50f.amazonaws.com",
              "zone": "acme-ready-pony.internal"
            },
            "result": "e6e13f5d-8187-2d9d-9762-39b367a09bd3"
          },
          "sensitive_attributes": [],
          "dependencies": [
            "data.snapcd_stack.default",
            "module.cluster.random_uuid.cluster_id",
            "module.cluster.time_sleep.wait_10s",
            "module.private_subnet.random_uuid.route_table_id",
            "module.private_subnet.random_uuid.subnet_id",
            "module.public_subnet.random_uuid.route_table_id",
            "module.public_subnet.random_uuid.subnet_id",
            "random_pet.network_name",
            "random_uuid.vpc_id",
            "time_sleep.network_propagation"
          ]
        }
      ]
    }
  ],
  "check_results": null
}
