{
  "version": 4,
  "terraform_version": "1.8.3",
  "serial": 4,
  "lineage": "3a065b62-44d1-a3a7-5f93-b720f0761b11",
  "outputs": {},
  "resources": [
    {
      "mode": "managed",
      "type": "random_password",
      "name": "app_session_secret",
      "provider": "provider[\"registry.terraform.io/hashicorp/random\"]",
      "instances": [
        {
          "schema_version": 3,
          "attributes": {
            "bcrypt_hash": "$2a$10$k19bSt3IR42l0DoG9PkTqeCKtwybLeER1OB0kXy2d/TX.N5cvSSwS",
            "id": "none",
            "keepers": null,
            "length": 24,
            "lower": true,
            "min_lower": 0,
            "min_numeric": 0,
            "min_special": 0,
            "min_upper": 0,
            "number": true,
            "numeric": true,
            "override_special": null,
            "result": "gqWywzVXv4oF8hDpYoi6gBiI",
            "special": false,
            "upper": true
          },
          "sensitive_attributes": [
            [
              {
                "type": "get_attr",
                "value": "result"
              }
            ],
            [
              {
                "type": "get_attr",
                "value": "bcrypt_hash"
              }
            ]
          ]
        }
      ]
    },
    {
      "mode": "managed",
      "type": "random_pet",
      "name": "app_release",
      "provider": "provider[\"registry.terraform.io/hashicorp/random\"]",
      "instances": [
        {
          "schema_version": 0,
          "attributes": {
            "id": "acme-e2e-storefront-natural-spaniel",
            "keepers": {
              "cluster": "d008ffb7-fc78-b5b1-6263-16156aa6a9da",
              "db_endpoint": "acme-e2e-orders-3be6ffdf-118f-bc81-c256-3f2115349ddb.some.cloudprovider.com",
              "db_port": "5432",
              "deploy_key": "88:0a:84:d6:73:1d:f1:8e:53:8c:83:2e:25:71:f3:2c",
              "replicas": "3",
              "runner": "10000000-0000-0000-0000-000000000000",
              "stack": "10000000-0000-0000-0000-000000000000",
              "zone": "acme-premium-earwig.internal"
            },
            "length": 2,
            "prefix": "acme-e2e-storefront",
            "separator": "-"
          },
          "sensitive_attributes": []
        }
      ]
    },
    {
      "mode": "managed",
      "type": "tls_private_key",
      "name": "deploy_signer",
      "provider": "provider[\"registry.terraform.io/hashicorp/tls\"]",
      "instances": [
        {
          "schema_version": 1,
          "attributes": {
            "algorithm": "ED25519",
            "ecdsa_curve": "P224",
            "id": "dca5466c3cca0c4206a02f5ca7827040de2dd2c6",
            "private_key_openssh": "-----BEGIN OPENSSH PRIVATE KEY-----\nb3BlbnNzaC1rZXktdjEAAAAABG5vbmUAAAAEbm9uZQAAAAAAAAABAAAAMwAAAAtz\nc2gtZWQyNTUxOQAAACBMs1QdUA5IKpCArUl/KTUjFnA6ozx7xAMH0J7QFN230wAA\nAIjzDR7Y8w0e2AAAAAtzc2gtZWQyNTUxOQAAACBMs1QdUA5IKpCArUl/KTUjFnA6\nozx7xAMH0J7QFN230wAAAEAGfWMCcW16zynqMNgW4UbMtwm0EN20WZoMSjGC5Dkg\nw0yzVB1QDkgqkICtSX8pNSMWcDqjPHvEAwfQntAU3bfTAAAAAAECAwQF\n-----END OPENSSH PRIVATE KEY-----\n",
            "private_key_pem": "-----BEGIN PRIVATE KEY-----\nMC4CAQAwBQYDK2VwBCIEIAZ9YwJxbXrPKeow2BbhRsy3CbQQ3bRZmgxKMYLkOSDD\n-----END PRIVATE KEY-----\n",
            "private_key_pem_pkcs8": "-----BEGIN PRIVATE KEY-----\nMC4CAQAwBQYDK2VwBCIEIAZ9YwJxbXrPKeow2BbhRsy3CbQQ3bRZmgxKMYLkOSDD\n-----END PRIVATE KEY-----\n",
            "public_key_fingerprint_md5": "88:0a:84:d6:73:1d:f1:8e:53:8c:83:2e:25:71:f3:2c",
            "public_key_fingerprint_sha256": "SHA256:SmnSZFSrS4KUAvFeU7LP3+o7gEctUgAeJcqDUNKUu8A",
            "public_key_openssh": "ssh-ed25519 AAAAC3NzaC1lZDI1NTE5AAAAIEyzVB1QDkgqkICtSX8pNSMWcDqjPHvEAwfQntAU3bfT\n",
            "public_key_pem": "-----BEGIN PUBLIC KEY-----\nMCowBQYDK2VwAyEATLNUHVAOSCqQgK1Jfyk1IxZwOqM8e8QDB9Ce0BTdt9M=\n-----END PUBLIC KEY-----\n",
            "rsa_bits": 2048
          },
          "sensitive_attributes": [
            [
              {
                "type": "get_attr",
                "value": "private_key_pem_pkcs8"
              }
            ],
            [
              {
                "type": "get_attr",
                "value": "private_key_openssh"
              }
            ],
            [
              {
                "type": "get_attr",
                "value": "private_key_pem"
              }
            ]
          ]
        }
      ]
    },
    {
      "module": "module.storefront_dns",
      "mode": "managed",
      "type": "random_uuid",
      "name": "record_id",
      "provider": "provider[\"registry.terraform.io/hashicorp/random\"]",
      "instances": [
        {
          "schema_version": 0,
          "attributes": {
            "id": "772dfaf7-afb5-9b76-77ba-1c4e09a5cf13",
            "keepers": {
              "name": "acme-e2e-storefront",
              "target": "https://kubernetes-d008ffb7-fc78-b5b1-6263-16156aa6a9da.amazonaws.com",
              "zone": "acme-premium-earwig.internal"
            },
            "result": "772dfaf7-afb5-9b76-77ba-1c4e09a5cf13"
          },
          "sensitive_attributes": [],
          "dependencies": [
            "data.snapcd_stack.default",
            "module.cluster.random_uuid.cluster_id",
            "module.cluster.time_sleep.wait_10s",
            "module.private_subnet.random_uuid.route_table_id",
            "module.private_subnet.random_uuid.subnet_id",
            "module.public_subnet.random_uuid.route_table_id",
            "module.public_subnet.random_uuid.subnet_id",
            "random_pet.network_name",
            "random_uuid.vpc_id",
            "time_sleep.network_propagation"
          ]
        }
      ]
    }
  ],
  "check_results": null
}
