{
  "version": 4,
  "terraform_version": "1.8.3",
  "serial": 2,
  "lineage": "a7d856e0-6807-d376-03b6-60f31b93bd49",
  "outputs": {},
  "resources": [
    {
      "mode": "managed",
      "type": "random_pet",
      "name": "node_pool",
      "provider": "provider[\"registry.terraform.io/hashicorp/random\"]",
      "instances": [
        {
          "schema_version": 0,
          "attributes": {
            "id": "acme-e2e-cluster-hot-snail",
            "keepers": {
              "nodes": "2",
              "runner": "10000000-0000-0000-0000-000000000000"
            },
            "length": 2,
            "prefix": "acme-e2e-cluster",
            "separator": "-"
          },
          "sensitive_attributes": [],
          "dependencies": [
            "data.snapcd_runner.default"
          ]
        }
      ]
    },
    {
      "module": "module.cluster",
      "mode": "managed",
      "type": "random_string",
      "name": "kubeconfig",
      "provider": "provider[\"registry.terraform.io/hashicorp/random\"]",
      "instances": [
        {
          "schema_version": 2,
          "attributes": {
            "id": "tz9y$qhzvir%",
            "keepers": null,
            "length": 12,
            "lower": true,
            "min_lower": 0,
            "min_numeric": 0,
            "min_special": 0,
            "min_upper": 0,
            "number": true,
            "numeric": true,
            "override_special": null,
            "result": "tz9y$qhzvir%",
            "special": true,
            "upper": false
          },
          "sensitive_attributes": []
        }
      ]
    },
    {
      "module": "module.cluster",
      "mode": "managed",
      "type": "random_uuid",
      "name": "cluster_id",
      "provider": "provider[\"registry.terraform.io/hashicorp/random\"]",
      "instances": [
        {
          "schema_version": 0,
          "attributes": {
            "id": "106dff5e-2d81-9fcd-95c3-b1dfc3cfe50f",
            "keepers": null,
            "result": "106dff5e-2d81-9fcd-95c3-b1dfc3cfe50f"
          },
          "sensitive_attributes": []
        }
      ]
    },
    {
      "module": "module.cluster",
      "mode": "managed",
      "type": "random_uuid",
      "name": "node_group_id",
      "provider": "provider[\"registry.terraform.io/hashicorp/random\"]",
      "instances": [
        {
          "schema_version": 0,
          "attributes": {
            "id": "7d394693-2f41-2d2b-be01-fd13fa210ef4",
            "keepers": null,
            "result": "7d394693-2f41-2d2b-be01-fd13fa210ef4"
          },
          "sensitive_attributes": []
        }
      ]
    },
    {
      "module": "module.cluster",
      "mode": "managed",
      "type": "time_sleep",
      "name": "wait_10s",
      "provider": "provider[\"registry.terraform.io/hashicorp/time\"]",
      "instances": [
        {
          "schema_version": 0,
          "attributes": {
            "create_duration": "10s",
            "destroy_duration": "10s",
            "id": "2026-08-17T19:28:00Z",
            "triggers": null
          },
          "sensitive_attributes": [],
          "dependencies": [
            "module.private_subnet.random_uuid.route_table_id",
            "module.private_subnet.random_uuid.subnet_id",
            "module.public_subnet.random_uuid.route_table_id",
            "module.public_subnet.random_uuid.subnet_id",
            "random_uuid.vpc_id",
            "time_sleep.network_propagation"
          ]
        }
      ]
    }
  ],
  "check_results": null
}
