{
  "version": 4,
  "terraform_version": "1.8.3",
  "serial": 2,
  "lineage": "7056539d-9e51-6259-125b-47e250df3b82",
  "outputs": {},
  "resources": [
    {
      "mode": "managed",
      "type": "random_uuid",
      "name": "database_firewall_rule",
      "provider": "provider[\"registry.terraform.io/hashicorp/random\"]",
      "instances": [
        {
          "schema_version": 0,
          "attributes": {
            "id": "f6c67178-bb23-9097-4fa7-1d616f174674",
            "keepers": {
              "port": "5432",
              "stack": "10000000-0000-0000-0000-000000000000",
              "subnet_cidr": "10.0.2.0/24"
            },
            "result": "f6c67178-bb23-9097-4fa7-1d616f174674"
          },
          "sensitive_attributes": [],
          "dependencies": [
            "data.snapcd_stack.default"
          ]
        }
      ]
    },
    {
      "module": "module.database",
      "mode": "managed",
      "type": "random_password",
      "name": "admin_password",
      "provider": "provider[\"registry.terraform.io/hashicorp/random\"]",
      "instances": [
        {
          "schema_version": 3,
          "attributes": {
            "bcrypt_hash": "$2a$10$AVzxdJ5t3oid9SSJpkj5keGHsggngCNGqiNsI4Hm9ZxAh8htlMqqK",
            "id": "none",
            "keepers": null,
            "length": 16,
            "lower": true,
            "min_lower": 0,
            "min_numeric": 0,
            "min_special": 0,
            "min_upper": 0,
            "number": true,
            "numeric": true,
            "override_special": null,
            "result": "vA@}UxFQWAh3GB?U",
            "special": true,
            "upper": true
          },
          "sensitive_attributes": [
            [
              {
                "type": "get_attr",
                "value": "bcrypt_hash"
              }
            ],
            [
              {
                "type": "get_attr",
                "value": "result"
              }
            ]
          ]
        }
      ]
    },
    {
      "module": "module.database",
      "mode": "managed",
      "type": "random_uuid",
      "name": "database_id",
      "provider": "provider[\"registry.terraform.io/hashicorp/random\"]",
      "instances": [
        {
          "schema_version": 0,
          "attributes": {
            "id": "1c90c040-ecc7-5129-8244-a55ecb4d2ef6",
            "keepers": null,
            "result": "1c90c040-ecc7-5129-8244-a55ecb4d2ef6"
          },
          "sensitive_attributes": []
        }
      ]
    },
    {
      "module": "module.database",
      "mode": "managed",
      "type": "time_sleep",
      "name": "wait_10s",
      "provider": "provider[\"registry.terraform.io/hashicorp/time\"]",
      "instances": [
        {
          "schema_version": 0,
          "attributes": {
            "create_duration": "10s",
            "destroy_duration": "10s",
            "id": "2026-08-18T06:47:31Z",
            "triggers": null
          },
          "sensitive_attributes": []
        }
      ]
    }
  ],
  "check_results": null
}
