{
  "version": 4,
  "terraform_version": "1.8.3",
  "serial": 15,
  "lineage": "5f7d4aaf-4724-2eb8-7d1a-b7608cf143b5",
  "outputs": {
    "app_fqdn": {
      "value": "acme-e2e-storefront.acme-liked-ghoul.internal",
      "type": "string"
    },
    "cluster_endpoint": {
      "value": "https://kubernetes-ab0a9711-29dc-c941-9f93-46ce2646216b.amazonaws.com",
      "type": "string"
    },
    "database_endpoint": {
      "value": "acme-e2e-orders-1c90c040-ecc7-5129-8244-a55ecb4d2ef6.some.cloudprovider.com",
      "type": "string"
    },
    "deploy_key_fingerprint": {
      "value": "c2:83:1b:0f:24:58:c5:7f:f7:fa:02:61:4f:74:1b:7b",
      "type": "string"
    },
    "vpc_id": {
      "value": "11ad711c-2a1b-cc02-8ef1-54af8a77de7c",
      "type": "string"
    }
  },
  "resources": [
    {
      "mode": "data",
      "type": "snapcd_runner",
      "name": "default",
      "provider": "provider[\"registry.terraform.io/schrieksoft/snapcd\"]",
      "instances": [
        {
          "schema_version": 0,
          "attributes": {
            "allow_multiple_instances": true,
            "id": "10000000-0000-0000-0000-000000000000",
            "is_disabled": false,
            "is_supplied_to_all_modules": false,
            "name": "default",
            "service_principal_id": "10000000-0000-0000-0000-000000000000"
          },
          "sensitive_attributes": []
        }
      ]
    },
    {
      "mode": "data",
      "type": "snapcd_stack",
      "name": "default",
      "provider": "provider[\"registry.terraform.io/schrieksoft/snapcd\"]",
      "instances": [
        {
          "schema_version": 0,
          "attributes": {
            "id": "10000000-0000-0000-0000-000000000000",
            "name": "default",
            "trigger_behaviour_on_modified": "DoNotTrigger"
          },
          "sensitive_attributes": []
        }
      ]
    },
    {
      "mode": "data",
      "type": "tls_public_key",
      "name": "deploy_key",
      "provider": "provider[\"registry.terraform.io/hashicorp/tls\"]",
      "instances": [
        {
          "schema_version": 0,
          "attributes": {
            "algorithm": "ED25519",
            "id": "c2502fdba62ce1082a41becb7bba43a5e8b5ccf5",
            "private_key_openssh": null,
            "private_key_pem": "-----BEGIN PRIVATE KEY-----\nMC4CAQAwBQYDK2VwBCIEIL0/GEQtWjg54oMfynRGMSSRibmPRHNqjRVcPiCo2Yt9\n-----END PRIVATE KEY-----\n",
            "public_key_fingerprint_md5": "c2:83:1b:0f:24:58:c5:7f:f7:fa:02:61:4f:74:1b:7b",
            "public_key_fingerprint_sha256": "SHA256:TmEECKqVTsN1Qru+W+N+uz6s0+1XcQ3UHS6mpfaNuhw",
            "public_key_openssh": "ssh-ed25519 AAAAC3NzaC1lZDI1NTE5AAAAIOb6xE2pjmZfMFnmdegxNyMo2B4cHGCI9pdgQlTRdTeE\n",
            "public_key_pem": "-----BEGIN PUBLIC KEY-----\nMCowBQYDK2VwAyEA5vrETamOZl8wWeZ16DE3IyjYHhwcYIj2l2BCVNF1N4Q=\n-----END PUBLIC KEY-----\n"
          },
          "sensitive_attributes": [
            [
              {
                "type": "get_attr",
                "value": "private_key_openssh"
              }
            ],
            [
              {
                "type": "get_attr",
                "value": "private_key_pem"
              }
            ]
          ]
        }
      ]
    },
    {
      "mode": "managed",
      "type": "random_pet",
      "name": "backup_plan",
      "provider": "provider[\"registry.terraform.io/hashicorp/random\"]",
      "instances": [
        {
          "schema_version": 0,
          "attributes": {
            "id": "refined-hare",
            "keepers": null,
            "length": 2,
            "prefix": null,
            "separator": "-"
          },
          "sensitive_attributes": []
        }
      ]
    },
    {
      "mode": "managed",
      "type": "random_uuid",
      "name": "audit_log_bucket_id",
      "provider": "provider[\"registry.terraform.io/hashicorp/random\"]",
      "instances": [
        {
          "schema_version": 0,
          "attributes": {
            "id": "9c275431-370a-69b9-cdd4-786ca858ed00",
            "keepers": null,
            "result": "9c275431-370a-69b9-cdd4-786ca858ed00"
          },
          "sensitive_attributes": []
        }
      ]
    }
  ],
  "check_results": null
}
