{
  "version": 4,
  "terraform_version": "1.8.3",
  "serial": 2,
  "lineage": "1c387e5c-5735-9231-4c6a-d366f78baaf6",
  "outputs": {
    "app_fqdn": {
      "value": "acme-e2e-storefront.acme-premium-earwig.internal",
      "type": "string"
    },
    "cluster_endpoint": {
      "value": "https://kubernetes-d008ffb7-fc78-b5b1-6263-16156aa6a9da.amazonaws.com",
      "type": "string"
    },
    "database_endpoint": {
      "value": "acme-e2e-orders-3be6ffdf-118f-bc81-c256-3f2115349ddb.some.cloudprovider.com",
      "type": "string"
    },
    "deploy_key_fingerprint": {
      "value": "88:0a:84:d6:73:1d:f1:8e:53:8c:83:2e:25:71:f3:2c",
      "type": "string"
    },
    "vpc_id": {
      "value": "f6ac77d0-5c41-0de7-f5cc-dda9df16ceaa",
      "type": "string"
    }
  },
  "resources": [
    {
      "mode": "data",
      "type": "snapcd_runner",
      "name": "default",
      "provider": "provider[\"registry.terraform.io/schrieksoft/snapcd\"]",
      "instances": [
        {
          "schema_version": 0,
          "attributes": {
            "allow_multiple_instances": true,
            "id": "10000000-0000-0000-0000-000000000000",
            "is_disabled": false,
            "is_supplied_to_all_modules": false,
            "name": "default",
            "service_principal_id": "10000000-0000-0000-0000-000000000000"
          },
          "sensitive_attributes": []
        }
      ]
    },
    {
      "mode": "data",
      "type": "snapcd_stack",
      "name": "default",
      "provider": "provider[\"registry.terraform.io/schrieksoft/snapcd\"]",
      "instances": [
        {
          "schema_version": 0,
          "attributes": {
            "id": "10000000-0000-0000-0000-000000000000",
            "name": "default",
            "trigger_behaviour_on_modified": "DoNotTrigger"
          },
          "sensitive_attributes": []
        }
      ]
    },
    {
      "mode": "data",
      "type": "tls_public_key",
      "name": "deploy_key",
      "provider": "provider[\"registry.terraform.io/hashicorp/tls\"]",
      "instances": [
        {
          "schema_version": 0,
          "attributes": {
            "algorithm": "ED25519",
            "id": "dca5466c3cca0c4206a02f5ca7827040de2dd2c6",
            "private_key_openssh": null,
            "private_key_pem": "-----BEGIN PRIVATE KEY-----\nMC4CAQAwBQYDK2VwBCIEIAZ9YwJxbXrPKeow2BbhRsy3CbQQ3bRZmgxKMYLkOSDD\n-----END PRIVATE KEY-----\n",
            "public_key_fingerprint_md5": "88:0a:84:d6:73:1d:f1:8e:53:8c:83:2e:25:71:f3:2c",
            "public_key_fingerprint_sha256": "SHA256:SmnSZFSrS4KUAvFeU7LP3+o7gEctUgAeJcqDUNKUu8A",
            "public_key_openssh": "ssh-ed25519 AAAAC3NzaC1lZDI1NTE5AAAAIEyzVB1QDkgqkICtSX8pNSMWcDqjPHvEAwfQntAU3bfT\n",
            "public_key_pem": "-----BEGIN PUBLIC KEY-----\nMCowBQYDK2VwAyEATLNUHVAOSCqQgK1Jfyk1IxZwOqM8e8QDB9Ce0BTdt9M=\n-----END PUBLIC KEY-----\n"
          },
          "sensitive_attributes": [
            [
              {
                "type": "get_attr",
                "value": "private_key_openssh"
              }
            ],
            [
              {
                "type": "get_attr",
                "value": "private_key_pem"
              }
            ]
          ]
        }
      ]
    },
    {
      "mode": "managed",
      "type": "random_password",
      "name": "app_session_secret",
      "provider": "provider[\"registry.terraform.io/hashicorp/random\"]",
      "instances": [
        {
          "schema_version": 3,
          "attributes": {
            "bcrypt_hash": "$2a$10$k19bSt3IR42l0DoG9PkTqeCKtwybLeER1OB0kXy2d/TX.N5cvSSwS",
            "id": "none",
            "keepers": null,
            "length": 24,
            "lower": true,
            "min_lower": 0,
            "min_numeric": 0,
            "min_special": 0,
            "min_upper": 0,
            "number": true,
            "numeric": true,
            "override_special": null,
            "result": "gqWywzVXv4oF8hDpYoi6gBiI",
            "special": false,
            "upper": true
          },
          "sensitive_attributes": [
            [
              {
                "type": "get_attr",
                "value": "result"
              }
            ],
            [
              {
                "type": "get_attr",
                "value": "bcrypt_hash"
              }
            ]
          ]
        }
      ]
    },
    {
      "mode": "managed",
      "type": "random_pet",
      "name": "app_release",
      "provider": "provider[\"registry.terraform.io/hashicorp/random\"]",
      "instances": [
        {
          "schema_version": 0,
          "attributes": {
            "id": "acme-e2e-storefront-natural-spaniel",
            "keepers": {
              "cluster": "d008ffb7-fc78-b5b1-6263-16156aa6a9da",
              "db_endpoint": "acme-e2e-orders-3be6ffdf-118f-bc81-c256-3f2115349ddb.some.cloudprovider.com",
              "db_port": "5432",
              "deploy_key": "88:0a:84:d6:73:1d:f1:8e:53:8c:83:2e:25:71:f3:2c",
              "replicas": "3",
              "runner": "10000000-0000-0000-0000-000000000000",
              "stack": "10000000-0000-0000-0000-000000000000",
              "zone": "acme-premium-earwig.internal"
            },
            "length": 2,
            "prefix": "acme-e2e-storefront",
            "separator": "-"
          },
          "sensitive_attributes": [],
          "dependencies": [
            "data.snapcd_runner.default",
            "data.snapcd_stack.default",
            "data.tls_public_key.deploy_key",
            "module.cluster.random_uuid.cluster_id",
            "module.cluster.time_sleep.wait_10s",
            "module.database.random_uuid.database_id",
            "module.database.time_sleep.wait_10s",
            "module.private_subnet.random_uuid.route_table_id",
            "module.private_subnet.random_uuid.subnet_id",
            "module.public_subnet.random_uuid.route_table_id",
            "module.public_subnet.random_uuid.subnet_id",
            "random_pet.network_name",
            "random_uuid.vpc_id",
            "time_sleep.network_propagation",
            "tls_private_key.deploy_signer"
          ]
        }
      ]
    },
    {
      "mode": "managed",
      "type": "random_pet",
      "name": "backup_plan",
      "provider": "provider[\"registry.terraform.io/hashicorp/random\"]",
      "instances": [
        {
          "schema_version": 0,
          "attributes": {
            "id": "dynamic-mutt",
            "keepers": null,
            "length": 2,
            "prefix": null,
            "separator": "-"
          },
          "sensitive_attributes": []
        }
      ]
    },
    {
      "mode": "managed",
      "type": "random_pet",
      "name": "network_name",
      "provider": "provider[\"registry.terraform.io/hashicorp/random\"]",
      "instances": [
        {
          "schema_version": 0,
          "attributes": {
            "id": "acme-premium-earwig",
            "keepers": {
              "stack": "default"
            },
            "length": 2,
            "prefix": "acme",
            "separator": "-"
          },
          "sensitive_attributes": [],
          "dependencies": [
            "data.snapcd_stack.default"
          ]
        }
      ]
    },
    {
      "mode": "managed",
      "type": "random_pet",
      "name": "node_pool",
      "provider": "provider[\"registry.terraform.io/hashicorp/random\"]",
      "instances": [
        {
          "schema_version": 0,
          "attributes": {
            "id": "acme-e2e-cluster-proper-titmouse",
            "keepers": {
              "nodes": "2",
              "runner": "10000000-0000-0000-0000-000000000000"
            },
            "length": 2,
            "prefix": "acme-e2e-cluster",
            "separator": "-"
          },
          "sensitive_attributes": [],
          "dependencies": [
            "data.snapcd_runner.default"
          ]
        }
      ]
    },
    {
      "mode": "managed",
      "type": "random_uuid",
      "name": "audit_log_bucket_id",
      "provider": "provider[\"registry.terraform.io/hashicorp/random\"]",
      "instances": [
        {
          "schema_version": 0,
          "attributes": {
            "id": "399ff783-0e96-12dc-14b0-d1471e01ca52",
            "keepers": null,
            "result": "399ff783-0e96-12dc-14b0-d1471e01ca52"
          },
          "sensitive_attributes": []
        }
      ]
    },
    {
      "mode": "managed",
      "type": "random_uuid",
      "name": "database_firewall_rule",
      "provider": "provider[\"registry.terraform.io/hashicorp/random\"]",
      "instances": [
        {
          "schema_version": 0,
          "attributes": {
            "id": "fc5e0179-df56-738b-fce2-c6cb152828b3",
            "keepers": {
              "port": "5432",
              "stack": "10000000-0000-0000-0000-000000000000",
              "subnet_cidr": "10.0.2.0/24"
            },
            "result": "fc5e0179-df56-738b-fce2-c6cb152828b3"
          },
          "sensitive_attributes": [],
          "dependencies": [
            "data.snapcd_stack.default"
          ]
        }
      ]
    },
    {
      "mode": "managed",
      "type": "random_uuid",
      "name": "nat_gateway_id",
      "provider": "provider[\"registry.terraform.io/hashicorp/random\"]",
      "instances": [
        {
          "schema_version": 0,
          "attributes": {
            "id": "0aba17b4-0803-712d-f1b2-7b3d799d8b5d",
            "keepers": null,
            "result": "0aba17b4-0803-712d-f1b2-7b3d799d8b5d"
          },
          "sensitive_attributes": [],
          "dependencies": [
            "module.private_subnet.random_uuid.route_table_id",
            "module.private_subnet.random_uuid.subnet_id",
            "module.public_subnet.random_uuid.route_table_id",
            "module.public_subnet.random_uuid.subnet_id",
            "random_uuid.vpc_id",
            "time_sleep.network_propagation"
          ]
        }
      ]
    },
    {
      "mode": "managed",
      "type": "random_uuid",
      "name": "vpc_id",
      "provider": "provider[\"registry.terraform.io/hashicorp/random\"]",
      "instances": [
        {
          "schema_version": 0,
          "attributes": {
            "id": "f6ac77d0-5c41-0de7-f5cc-dda9df16ceaa",
            "keepers": null,
            "result": "f6ac77d0-5c41-0de7-f5cc-dda9df16ceaa"
          },
          "sensitive_attributes": []
        }
      ]
    },
    {
      "mode": "managed",
      "type": "time_sleep",
      "name": "network_propagation",
      "provider": "provider[\"registry.terraform.io/hashicorp/time\"]",
      "instances": [
        {
          "schema_version": 0,
          "attributes": {
            "create_duration": "10s",
            "destroy_duration": null,
            "id": "2026-08-17T17:57:02Z",
            "triggers": null
          },
          "sensitive_attributes": [],
          "dependencies": [
            "module.private_subnet.random_uuid.route_table_id",
            "module.private_subnet.random_uuid.subnet_id",
            "module.public_subnet.random_uuid.route_table_id",
            "module.public_subnet.random_uuid.subnet_id",
            "random_uuid.vpc_id"
          ]
        }
      ]
    },
    {
      "mode": "managed",
      "type": "tls_private_key",
      "name": "deploy_signer",
      "provider": "provider[\"registry.terraform.io/hashicorp/tls\"]",
      "instances": [
        {
          "schema_version": 1,
          "attributes": {
            "algorithm": "ED25519",
            "ecdsa_curve": "P224",
            "id": "dca5466c3cca0c4206a02f5ca7827040de2dd2c6",
            "private_key_openssh": "-----BEGIN OPENSSH PRIVATE KEY-----\nb3BlbnNzaC1rZXktdjEAAAAABG5vbmUAAAAEbm9uZQAAAAAAAAABAAAAMwAAAAtz\nc2gtZWQyNTUxOQAAACBMs1QdUA5IKpCArUl/KTUjFnA6ozx7xAMH0J7QFN230wAA\nAIjzDR7Y8w0e2AAAAAtzc2gtZWQyNTUxOQAAACBMs1QdUA5IKpCArUl/KTUjFnA6\nozx7xAMH0J7QFN230wAAAEAGfWMCcW16zynqMNgW4UbMtwm0EN20WZoMSjGC5Dkg\nw0yzVB1QDkgqkICtSX8pNSMWcDqjPHvEAwfQntAU3bfTAAAAAAECAwQF\n-----END OPENSSH PRIVATE KEY-----\n",
            "private_key_pem": "-----BEGIN PRIVATE KEY-----\nMC4CAQAwBQYDK2VwBCIEIAZ9YwJxbXrPKeow2BbhRsy3CbQQ3bRZmgxKMYLkOSDD\n-----END PRIVATE KEY-----\n",
            "private_key_pem_pkcs8": "-----BEGIN PRIVATE KEY-----\nMC4CAQAwBQYDK2VwBCIEIAZ9YwJxbXrPKeow2BbhRsy3CbQQ3bRZmgxKMYLkOSDD\n-----END PRIVATE KEY-----\n",
            "public_key_fingerprint_md5": "88:0a:84:d6:73:1d:f1:8e:53:8c:83:2e:25:71:f3:2c",
            "public_key_fingerprint_sha256": "SHA256:SmnSZFSrS4KUAvFeU7LP3+o7gEctUgAeJcqDUNKUu8A",
            "public_key_openssh": "ssh-ed25519 AAAAC3NzaC1lZDI1NTE5AAAAIEyzVB1QDkgqkICtSX8pNSMWcDqjPHvEAwfQntAU3bfT\n",
            "public_key_pem": "-----BEGIN PUBLIC KEY-----\nMCowBQYDK2VwAyEATLNUHVAOSCqQgK1Jfyk1IxZwOqM8e8QDB9Ce0BTdt9M=\n-----END PUBLIC KEY-----\n",
            "rsa_bits": 2048
          },
          "sensitive_attributes": [
            [
              {
                "type": "get_attr",
                "value": "private_key_pem_pkcs8"
              }
            ],
            [
              {
                "type": "get_attr",
                "value": "private_key_openssh"
              }
            ],
            [
              {
                "type": "get_attr",
                "value": "private_key_pem"
              }
            ]
          ]
        }
      ]
    },
    {
      "module": "module.cluster",
      "mode": "managed",
      "type": "random_string",
      "name": "kubeconfig",
      "provider": "provider[\"registry.terraform.io/hashicorp/random\"]",
      "instances": [
        {
          "schema_version": 2,
          "attributes": {
            "id": "$%i-(is]h?s*",
            "keepers": null,
            "length": 12,
            "lower": true,
            "min_lower": 0,
            "min_numeric": 0,
            "min_special": 0,
            "min_upper": 0,
            "number": true,
            "numeric": true,
            "override_special": null,
            "result": "$%i-(is]h?s*",
            "special": true,
            "upper": false
          },
          "sensitive_attributes": [],
          "dependencies": [
            "module.cluster.time_sleep.wait_10s",
            "module.private_subnet.random_uuid.route_table_id",
            "module.private_subnet.random_uuid.subnet_id",
            "module.public_subnet.random_uuid.route_table_id",
            "module.public_subnet.random_uuid.subnet_id",
            "random_uuid.vpc_id",
            "time_sleep.network_propagation"
          ]
        }
      ]
    },
    {
      "module": "module.cluster",
      "mode": "managed",
      "type": "random_uuid",
      "name": "cluster_id",
      "provider": "provider[\"registry.terraform.io/hashicorp/random\"]",
      "instances": [
        {
          "schema_version": 0,
          "attributes": {
            "id": "d008ffb7-fc78-b5b1-6263-16156aa6a9da",
            "keepers": null,
            "result": "d008ffb7-fc78-b5b1-6263-16156aa6a9da"
          },
          "sensitive_attributes": [],
          "dependencies": [
            "module.cluster.time_sleep.wait_10s",
            "module.private_subnet.random_uuid.route_table_id",
            "module.private_subnet.random_uuid.subnet_id",
            "module.public_subnet.random_uuid.route_table_id",
            "module.public_subnet.random_uuid.subnet_id",
            "random_uuid.vpc_id",
            "time_sleep.network_propagation"
          ]
        }
      ]
    },
    {
      "module": "module.cluster",
      "mode": "managed",
      "type": "random_uuid",
      "name": "node_group_id",
      "provider": "provider[\"registry.terraform.io/hashicorp/random\"]",
      "instances": [
        {
          "schema_version": 0,
          "attributes": {
            "id": "1dafce1d-a629-6452-2e2b-ff904c9d2a40",
            "keepers": null,
            "result": "1dafce1d-a629-6452-2e2b-ff904c9d2a40"
          },
          "sensitive_attributes": [],
          "dependencies": [
            "module.cluster.time_sleep.wait_10s",
            "module.private_subnet.random_uuid.route_table_id",
            "module.private_subnet.random_uuid.subnet_id",
            "module.public_subnet.random_uuid.route_table_id",
            "module.public_subnet.random_uuid.subnet_id",
            "random_uuid.vpc_id",
            "time_sleep.network_propagation"
          ]
        }
      ]
    },
    {
      "module": "module.cluster",
      "mode": "managed",
      "type": "time_sleep",
      "name": "wait_10s",
      "provider": "provider[\"registry.terraform.io/hashicorp/time\"]",
      "instances": [
        {
          "schema_version": 0,
          "attributes": {
            "create_duration": "10s",
            "destroy_duration": "10s",
            "id": "2026-08-17T17:57:12Z",
            "triggers": null
          },
          "sensitive_attributes": [],
          "dependencies": [
            "module.private_subnet.random_uuid.route_table_id",
            "module.private_subnet.random_uuid.subnet_id",
            "module.public_subnet.random_uuid.route_table_id",
            "module.public_subnet.random_uuid.subnet_id",
            "random_uuid.vpc_id",
            "time_sleep.network_propagation"
          ]
        }
      ]
    },
    {
      "module": "module.database",
      "mode": "managed",
      "type": "random_password",
      "name": "admin_password",
      "provider": "provider[\"registry.terraform.io/hashicorp/random\"]",
      "instances": [
        {
          "schema_version": 3,
          "attributes": {
            "bcrypt_hash": "$2a$10$J0mjJcMIcsBcEuJcs0F1DeNeNgJR7rAE7/WiCG8Ik4Cfe4XrBhQSm",
            "id": "none",
            "keepers": null,
            "length": 16,
            "lower": true,
            "min_lower": 0,
            "min_numeric": 0,
            "min_special": 0,
            "min_upper": 0,
            "number": true,
            "numeric": true,
            "override_special": null,
            "result": "Lk@pP7?\u003ea(+sPFcX",
            "special": true,
            "upper": true
          },
          "sensitive_attributes": [
            [
              {
                "type": "get_attr",
                "value": "bcrypt_hash"
              }
            ],
            [
              {
                "type": "get_attr",
                "value": "result"
              }
            ]
          ],
          "dependencies": [
            "module.database.time_sleep.wait_10s"
          ]
        }
      ]
    },
    {
      "module": "module.database",
      "mode": "managed",
      "type": "random_uuid",
      "name": "database_id",
      "provider": "provider[\"registry.terraform.io/hashicorp/random\"]",
      "instances": [
        {
          "schema_version": 0,
          "attributes": {
            "id": "3be6ffdf-118f-bc81-c256-3f2115349ddb",
            "keepers": null,
            "result": "3be6ffdf-118f-bc81-c256-3f2115349ddb"
          },
          "sensitive_attributes": [],
          "dependencies": [
            "module.database.time_sleep.wait_10s"
          ]
        }
      ]
    },
    {
      "module": "module.database",
      "mode": "managed",
      "type": "time_sleep",
      "name": "wait_10s",
      "provider": "provider[\"registry.terraform.io/hashicorp/time\"]",
      "instances": [
        {
          "schema_version": 0,
          "attributes": {
            "create_duration": "10s",
            "destroy_duration": "10s",
            "id": "2026-08-17T17:57:02Z",
            "triggers": null
          },
          "sensitive_attributes": []
        }
      ]
    },
    {
      "module": "module.private_subnet",
      "mode": "managed",
      "type": "random_uuid",
      "name": "route_table_id",
      "provider": "provider[\"registry.terraform.io/hashicorp/random\"]",
      "instances": [
        {
          "schema_version": 0,
          "attributes": {
            "id": "745f968a-4b68-4f57-0412-b1b4096c2914",
            "keepers": {
              "subnet_id": "d647916e-f825-c3d0-1365-4ffcec71390a"
            },
            "result": "745f968a-4b68-4f57-0412-b1b4096c2914"
          },
          "sensitive_attributes": [],
          "dependencies": [
            "module.private_subnet.random_uuid.subnet_id",
            "random_uuid.vpc_id"
          ]
        }
      ]
    },
    {
      "module": "module.private_subnet",
      "mode": "managed",
      "type": "random_uuid",
      "name": "subnet_id",
      "provider": "provider[\"registry.terraform.io/hashicorp/random\"]",
      "instances": [
        {
          "schema_version": 0,
          "attributes": {
            "id": "d647916e-f825-c3d0-1365-4ffcec71390a",
            "keepers": {
              "cidr": "10.0.2.0/24",
              "vpc_id": "f6ac77d0-5c41-0de7-f5cc-dda9df16ceaa"
            },
            "result": "d647916e-f825-c3d0-1365-4ffcec71390a"
          },
          "sensitive_attributes": [],
          "dependencies": [
            "random_uuid.vpc_id"
          ]
        }
      ]
    },
    {
      "module": "module.public_subnet",
      "mode": "managed",
      "type": "random_uuid",
      "name": "route_table_id",
      "provider": "provider[\"registry.terraform.io/hashicorp/random\"]",
      "instances": [
        {
          "schema_version": 0,
          "attributes": {
            "id": "e9761d6d-866a-c1c4-d7f0-ba1660d8d109",
            "keepers": {
              "subnet_id": "46c7f3e4-1545-1cb9-5e6a-0f1a60f8e5d7"
            },
            "result": "e9761d6d-866a-c1c4-d7f0-ba1660d8d109"
          },
          "sensitive_attributes": [],
          "dependencies": [
            "module.public_subnet.random_uuid.subnet_id",
            "random_uuid.vpc_id"
          ]
        }
      ]
    },
    {
      "module": "module.public_subnet",
      "mode": "managed",
      "type": "random_uuid",
      "name": "subnet_id",
      "provider": "provider[\"registry.terraform.io/hashicorp/random\"]",
      "instances": [
        {
          "schema_version": 0,
          "attributes": {
            "id": "46c7f3e4-1545-1cb9-5e6a-0f1a60f8e5d7",
            "keepers": {
              "cidr": "10.0.1.0/24",
              "vpc_id": "f6ac77d0-5c41-0de7-f5cc-dda9df16ceaa"
            },
            "result": "46c7f3e4-1545-1cb9-5e6a-0f1a60f8e5d7"
          },
          "sensitive_attributes": [],
          "dependencies": [
            "random_uuid.vpc_id"
          ]
        }
      ]
    },
    {
      "module": "module.storefront_dns",
      "mode": "managed",
      "type": "random_uuid",
      "name": "record_id",
      "provider": "provider[\"registry.terraform.io/hashicorp/random\"]",
      "instances": [
        {
          "schema_version": 0,
          "attributes": {
            "id": "772dfaf7-afb5-9b76-77ba-1c4e09a5cf13",
            "keepers": {
              "name": "acme-e2e-storefront",
              "target": "https://kubernetes-d008ffb7-fc78-b5b1-6263-16156aa6a9da.amazonaws.com",
              "zone": "acme-premium-earwig.internal"
            },
            "result": "772dfaf7-afb5-9b76-77ba-1c4e09a5cf13"
          },
          "sensitive_attributes": [],
          "dependencies": [
            "data.snapcd_stack.default",
            "module.cluster.random_uuid.cluster_id",
            "module.cluster.time_sleep.wait_10s",
            "module.private_subnet.random_uuid.route_table_id",
            "module.private_subnet.random_uuid.subnet_id",
            "module.public_subnet.random_uuid.route_table_id",
            "module.public_subnet.random_uuid.subnet_id",
            "random_pet.network_name",
            "random_uuid.vpc_id",
            "time_sleep.network_propagation"
          ]
        }
      ]
    }
  ],
  "check_results": null
}

