{
  "version": 4,
  "terraform_version": "1.8.3",
  "serial": 1,
  "lineage": "5f7d4aaf-4724-2eb8-7d1a-b7608cf143b5",
  "outputs": {
    "app_fqdn": {
      "value": "acme-e2e-storefront.acme-liked-ghoul.internal",
      "type": "string"
    },
    "cluster_endpoint": {
      "value": "https://kubernetes-ab0a9711-29dc-c941-9f93-46ce2646216b.amazonaws.com",
      "type": "string"
    },
    "database_endpoint": {
      "value": "acme-e2e-orders-1c90c040-ecc7-5129-8244-a55ecb4d2ef6.some.cloudprovider.com",
      "type": "string"
    },
    "deploy_key_fingerprint": {
      "value": "c2:83:1b:0f:24:58:c5:7f:f7:fa:02:61:4f:74:1b:7b",
      "type": "string"
    },
    "vpc_id": {
      "value": "11ad711c-2a1b-cc02-8ef1-54af8a77de7c",
      "type": "string"
    }
  },
  "resources": [
    {
      "mode": "data",
      "type": "snapcd_runner",
      "name": "default",
      "provider": "provider[\"registry.terraform.io/schrieksoft/snapcd\"]",
      "instances": [
        {
          "schema_version": 0,
          "attributes": {
            "allow_multiple_instances": true,
            "id": "10000000-0000-0000-0000-000000000000",
            "is_disabled": false,
            "is_supplied_to_all_modules": false,
            "name": "default",
            "service_principal_id": "10000000-0000-0000-0000-000000000000"
          },
          "sensitive_attributes": []
        }
      ]
    },
    {
      "mode": "data",
      "type": "snapcd_stack",
      "name": "default",
      "provider": "provider[\"registry.terraform.io/schrieksoft/snapcd\"]",
      "instances": [
        {
          "schema_version": 0,
          "attributes": {
            "id": "10000000-0000-0000-0000-000000000000",
            "name": "default",
            "trigger_behaviour_on_modified": "DoNotTrigger"
          },
          "sensitive_attributes": []
        }
      ]
    },
    {
      "mode": "data",
      "type": "tls_public_key",
      "name": "deploy_key",
      "provider": "provider[\"registry.terraform.io/hashicorp/tls\"]",
      "instances": [
        {
          "schema_version": 0,
          "attributes": {
            "algorithm": "ED25519",
            "id": "c2502fdba62ce1082a41becb7bba43a5e8b5ccf5",
            "private_key_openssh": null,
            "private_key_pem": "-----BEGIN PRIVATE KEY-----\nMC4CAQAwBQYDK2VwBCIEIL0/GEQtWjg54oMfynRGMSSRibmPRHNqjRVcPiCo2Yt9\n-----END PRIVATE KEY-----\n",
            "public_key_fingerprint_md5": "c2:83:1b:0f:24:58:c5:7f:f7:fa:02:61:4f:74:1b:7b",
            "public_key_fingerprint_sha256": "SHA256:TmEECKqVTsN1Qru+W+N+uz6s0+1XcQ3UHS6mpfaNuhw",
            "public_key_openssh": "ssh-ed25519 AAAAC3NzaC1lZDI1NTE5AAAAIOb6xE2pjmZfMFnmdegxNyMo2B4cHGCI9pdgQlTRdTeE\n",
            "public_key_pem": "-----BEGIN PUBLIC KEY-----\nMCowBQYDK2VwAyEA5vrETamOZl8wWeZ16DE3IyjYHhwcYIj2l2BCVNF1N4Q=\n-----END PUBLIC KEY-----\n"
          },
          "sensitive_attributes": [
            [
              {
                "type": "get_attr",
                "value": "private_key_openssh"
              }
            ],
            [
              {
                "type": "get_attr",
                "value": "private_key_pem"
              }
            ]
          ]
        }
      ]
    },
    {
      "mode": "managed",
      "type": "random_password",
      "name": "app_session_secret",
      "provider": "provider[\"registry.terraform.io/hashicorp/random\"]",
      "instances": [
        {
          "schema_version": 3,
          "attributes": {
            "bcrypt_hash": "$2a$10$QyufYDVs.XuWzV0Vd9xTCerjZ16vXb/coghHISxDKOyU25QSv5pIi",
            "id": "none",
            "keepers": null,
            "length": 24,
            "lower": true,
            "min_lower": 0,
            "min_numeric": 0,
            "min_special": 0,
            "min_upper": 0,
            "number": true,
            "numeric": true,
            "override_special": null,
            "result": "zYCpRClCyyWuZJLlqY0xGm0h",
            "special": false,
            "upper": true
          },
          "sensitive_attributes": [
            [
              {
                "type": "get_attr",
                "value": "result"
              }
            ],
            [
              {
                "type": "get_attr",
                "value": "bcrypt_hash"
              }
            ]
          ]
        }
      ]
    },
    {
      "mode": "managed",
      "type": "random_pet",
      "name": "app_release",
      "provider": "provider[\"registry.terraform.io/hashicorp/random\"]",
      "instances": [
        {
          "schema_version": 0,
          "attributes": {
            "id": "acme-e2e-storefront-beloved-puma",
            "keepers": {
              "cluster": "ab0a9711-29dc-c941-9f93-46ce2646216b",
              "db_endpoint": "acme-e2e-orders-1c90c040-ecc7-5129-8244-a55ecb4d2ef6.some.cloudprovider.com",
              "db_port": "5432",
              "deploy_key": "c2:83:1b:0f:24:58:c5:7f:f7:fa:02:61:4f:74:1b:7b",
              "replicas": "3",
              "runner": "10000000-0000-0000-0000-000000000000",
              "stack": "10000000-0000-0000-0000-000000000000",
              "zone": "acme-liked-ghoul.internal"
            },
            "length": 2,
            "prefix": "acme-e2e-storefront",
            "separator": "-"
          },
          "sensitive_attributes": [],
          "dependencies": [
            "data.snapcd_runner.default",
            "data.snapcd_stack.default",
            "data.tls_public_key.deploy_key",
            "module.cluster.random_uuid.cluster_id",
            "module.cluster.time_sleep.wait_10s",
            "module.database.random_uuid.database_id",
            "module.database.time_sleep.wait_10s",
            "module.private_subnet.random_uuid.route_table_id",
            "module.private_subnet.random_uuid.subnet_id",
            "module.public_subnet.random_uuid.route_table_id",
            "module.public_subnet.random_uuid.subnet_id",
            "random_pet.network_name",
            "random_uuid.vpc_id",
            "time_sleep.network_propagation",
            "tls_private_key.deploy_signer"
          ]
        }
      ]
    },
    {
      "mode": "managed",
      "type": "random_pet",
      "name": "backup_plan",
      "provider": "provider[\"registry.terraform.io/hashicorp/random\"]",
      "instances": [
        {
          "schema_version": 0,
          "attributes": {
            "id": "refined-hare",
            "keepers": null,
            "length": 2,
            "prefix": null,
            "separator": "-"
          },
          "sensitive_attributes": []
        }
      ]
    },
    {
      "mode": "managed",
      "type": "random_pet",
      "name": "network_name",
      "provider": "provider[\"registry.terraform.io/hashicorp/random\"]",
      "instances": [
        {
          "schema_version": 0,
          "attributes": {
            "id": "acme-liked-ghoul",
            "keepers": {
              "stack": "default"
            },
            "length": 2,
            "prefix": "acme",
            "separator": "-"
          },
          "sensitive_attributes": [],
          "dependencies": [
            "data.snapcd_stack.default"
          ]
        }
      ]
    },
    {
      "mode": "managed",
      "type": "random_pet",
      "name": "node_pool",
      "provider": "provider[\"registry.terraform.io/hashicorp/random\"]",
      "instances": [
        {
          "schema_version": 0,
          "attributes": {
            "id": "acme-e2e-cluster-definite-foxhound",
            "keepers": {
              "nodes": "2",
              "runner": "10000000-0000-0000-0000-000000000000"
            },
            "length": 2,
            "prefix": "acme-e2e-cluster",
            "separator": "-"
          },
          "sensitive_attributes": [],
          "dependencies": [
            "data.snapcd_runner.default"
          ]
        }
      ]
    },
    {
      "mode": "managed",
      "type": "random_uuid",
      "name": "audit_log_bucket_id",
      "provider": "provider[\"registry.terraform.io/hashicorp/random\"]",
      "instances": [
        {
          "schema_version": 0,
          "attributes": {
            "id": "9c275431-370a-69b9-cdd4-786ca858ed00",
            "keepers": null,
            "result": "9c275431-370a-69b9-cdd4-786ca858ed00"
          },
          "sensitive_attributes": []
        }
      ]
    },
    {
      "mode": "managed",
      "type": "random_uuid",
      "name": "database_firewall_rule",
      "provider": "provider[\"registry.terraform.io/hashicorp/random\"]",
      "instances": [
        {
          "schema_version": 0,
          "attributes": {
            "id": "f6c67178-bb23-9097-4fa7-1d616f174674",
            "keepers": {
              "port": "5432",
              "stack": "10000000-0000-0000-0000-000000000000",
              "subnet_cidr": "10.0.2.0/24"
            },
            "result": "f6c67178-bb23-9097-4fa7-1d616f174674"
          },
          "sensitive_attributes": [],
          "dependencies": [
            "data.snapcd_stack.default"
          ]
        }
      ]
    },
    {
      "mode": "managed",
      "type": "random_uuid",
      "name": "nat_gateway_id",
      "provider": "provider[\"registry.terraform.io/hashicorp/random\"]",
      "instances": [
        {
          "schema_version": 0,
          "attributes": {
            "id": "95c3a18c-a76d-961a-cbef-d5608f350d15",
            "keepers": null,
            "result": "95c3a18c-a76d-961a-cbef-d5608f350d15"
          },
          "sensitive_attributes": [],
          "dependencies": [
            "module.private_subnet.random_uuid.route_table_id",
            "module.private_subnet.random_uuid.subnet_id",
            "module.public_subnet.random_uuid.route_table_id",
            "module.public_subnet.random_uuid.subnet_id",
            "random_uuid.vpc_id",
            "time_sleep.network_propagation"
          ]
        }
      ]
    },
    {
      "mode": "managed",
      "type": "random_uuid",
      "name": "vpc_id",
      "provider": "provider[\"registry.terraform.io/hashicorp/random\"]",
      "instances": [
        {
          "schema_version": 0,
          "attributes": {
            "id": "11ad711c-2a1b-cc02-8ef1-54af8a77de7c",
            "keepers": null,
            "result": "11ad711c-2a1b-cc02-8ef1-54af8a77de7c"
          },
          "sensitive_attributes": []
        }
      ]
    },
    {
      "mode": "managed",
      "type": "time_sleep",
      "name": "network_propagation",
      "provider": "provider[\"registry.terraform.io/hashicorp/time\"]",
      "instances": [
        {
          "schema_version": 0,
          "attributes": {
            "create_duration": "1s",
            "destroy_duration": null,
            "id": "2026-08-18T06:47:22Z",
            "triggers": null
          },
          "sensitive_attributes": [],
          "dependencies": [
            "module.private_subnet.random_uuid.route_table_id",
            "module.private_subnet.random_uuid.subnet_id",
            "module.public_subnet.random_uuid.route_table_id",
            "module.public_subnet.random_uuid.subnet_id",
            "random_uuid.vpc_id"
          ]
        }
      ]
    },
    {
      "mode": "managed",
      "type": "tls_private_key",
      "name": "deploy_signer",
      "provider": "provider[\"registry.terraform.io/hashicorp/tls\"]",
      "instances": [
        {
          "schema_version": 1,
          "attributes": {
            "algorithm": "ED25519",
            "ecdsa_curve": "P224",
            "id": "c2502fdba62ce1082a41becb7bba43a5e8b5ccf5",
            "private_key_openssh": "-----BEGIN OPENSSH PRIVATE KEY-----\nb3BlbnNzaC1rZXktdjEAAAAABG5vbmUAAAAEbm9uZQAAAAAAAAABAAAAMwAAAAtz\nc2gtZWQyNTUxOQAAACDm+sRNqY5mXzBZ5nXoMTcjKNgeHBxgiPaXYEJU0XU3hAAA\nAIit/rrMrf66zAAAAAtzc2gtZWQyNTUxOQAAACDm+sRNqY5mXzBZ5nXoMTcjKNge\nHBxgiPaXYEJU0XU3hAAAAEC9PxhELVo4OeKDH8p0RjEkkYm5j0Rzao0VXD4gqNmL\nfeb6xE2pjmZfMFnmdegxNyMo2B4cHGCI9pdgQlTRdTeEAAAAAAECAwQF\n-----END OPENSSH PRIVATE KEY-----\n",
            "private_key_pem": "-----BEGIN PRIVATE KEY-----\nMC4CAQAwBQYDK2VwBCIEIL0/GEQtWjg54oMfynRGMSSRibmPRHNqjRVcPiCo2Yt9\n-----END PRIVATE KEY-----\n",
            "private_key_pem_pkcs8": "-----BEGIN PRIVATE KEY-----\nMC4CAQAwBQYDK2VwBCIEIL0/GEQtWjg54oMfynRGMSSRibmPRHNqjRVcPiCo2Yt9\n-----END PRIVATE KEY-----\n",
            "public_key_fingerprint_md5": "c2:83:1b:0f:24:58:c5:7f:f7:fa:02:61:4f:74:1b:7b",
            "public_key_fingerprint_sha256": "SHA256:TmEECKqVTsN1Qru+W+N+uz6s0+1XcQ3UHS6mpfaNuhw",
            "public_key_openssh": "ssh-ed25519 AAAAC3NzaC1lZDI1NTE5AAAAIOb6xE2pjmZfMFnmdegxNyMo2B4cHGCI9pdgQlTRdTeE\n",
            "public_key_pem": "-----BEGIN PUBLIC KEY-----\nMCowBQYDK2VwAyEA5vrETamOZl8wWeZ16DE3IyjYHhwcYIj2l2BCVNF1N4Q=\n-----END PUBLIC KEY-----\n",
            "rsa_bits": 2048
          },
          "sensitive_attributes": [
            [
              {
                "type": "get_attr",
                "value": "private_key_openssh"
              }
            ],
            [
              {
                "type": "get_attr",
                "value": "private_key_pem"
              }
            ],
            [
              {
                "type": "get_attr",
                "value": "private_key_pem_pkcs8"
              }
            ]
          ]
        }
      ]
    },
    {
      "module": "module.cluster",
      "mode": "managed",
      "type": "random_string",
      "name": "kubeconfig",
      "provider": "provider[\"registry.terraform.io/hashicorp/random\"]",
      "instances": [
        {
          "schema_version": 2,
          "attributes": {
            "id": "59!4k?=ib\u003cs8",
            "keepers": null,
            "length": 12,
            "lower": true,
            "min_lower": 0,
            "min_numeric": 0,
            "min_special": 0,
            "min_upper": 0,
            "number": true,
            "numeric": true,
            "override_special": null,
            "result": "59!4k?=ib\u003cs8",
            "special": true,
            "upper": false
          },
          "sensitive_attributes": [],
          "dependencies": [
            "module.cluster.time_sleep.wait_10s",
            "module.private_subnet.random_uuid.route_table_id",
            "module.private_subnet.random_uuid.subnet_id",
            "module.public_subnet.random_uuid.route_table_id",
            "module.public_subnet.random_uuid.subnet_id",
            "random_uuid.vpc_id",
            "time_sleep.network_propagation"
          ]
        }
      ]
    },
    {
      "module": "module.cluster",
      "mode": "managed",
      "type": "random_uuid",
      "name": "cluster_id",
      "provider": "provider[\"registry.terraform.io/hashicorp/random\"]",
      "instances": [
        {
          "schema_version": 0,
          "attributes": {
            "id": "ab0a9711-29dc-c941-9f93-46ce2646216b",
            "keepers": null,
            "result": "ab0a9711-29dc-c941-9f93-46ce2646216b"
          },
          "sensitive_attributes": [],
          "dependencies": [
            "module.cluster.time_sleep.wait_10s",
            "module.private_subnet.random_uuid.route_table_id",
            "module.private_subnet.random_uuid.subnet_id",
            "module.public_subnet.random_uuid.route_table_id",
            "module.public_subnet.random_uuid.subnet_id",
            "random_uuid.vpc_id",
            "time_sleep.network_propagation"
          ]
        }
      ]
    },
    {
      "module": "module.cluster",
      "mode": "managed",
      "type": "random_uuid",
      "name": "node_group_id",
      "provider": "provider[\"registry.terraform.io/hashicorp/random\"]",
      "instances": [
        {
          "schema_version": 0,
          "attributes": {
            "id": "90847b74-b4d1-fec7-2885-b5cd5d20a8c8",
            "keepers": null,
            "result": "90847b74-b4d1-fec7-2885-b5cd5d20a8c8"
          },
          "sensitive_attributes": [],
          "dependencies": [
            "module.cluster.time_sleep.wait_10s",
            "module.private_subnet.random_uuid.route_table_id",
            "module.private_subnet.random_uuid.subnet_id",
            "module.public_subnet.random_uuid.route_table_id",
            "module.public_subnet.random_uuid.subnet_id",
            "random_uuid.vpc_id",
            "time_sleep.network_propagation"
          ]
        }
      ]
    },
    {
      "module": "module.cluster",
      "mode": "managed",
      "type": "time_sleep",
      "name": "wait_10s",
      "provider": "provider[\"registry.terraform.io/hashicorp/time\"]",
      "instances": [
        {
          "schema_version": 0,
          "attributes": {
            "create_duration": "10s",
            "destroy_duration": "10s",
            "id": "2026-08-18T06:47:32Z",
            "triggers": null
          },
          "sensitive_attributes": [],
          "dependencies": [
            "module.private_subnet.random_uuid.route_table_id",
            "module.private_subnet.random_uuid.subnet_id",
            "module.public_subnet.random_uuid.route_table_id",
            "module.public_subnet.random_uuid.subnet_id",
            "random_uuid.vpc_id",
            "time_sleep.network_propagation"
          ]
        }
      ]
    },
    {
      "module": "module.database",
      "mode": "managed",
      "type": "random_password",
      "name": "admin_password",
      "provider": "provider[\"registry.terraform.io/hashicorp/random\"]",
      "instances": [
        {
          "schema_version": 3,
          "attributes": {
            "bcrypt_hash": "$2a$10$AVzxdJ5t3oid9SSJpkj5keGHsggngCNGqiNsI4Hm9ZxAh8htlMqqK",
            "id": "none",
            "keepers": null,
            "length": 16,
            "lower": true,
            "min_lower": 0,
            "min_numeric": 0,
            "min_special": 0,
            "min_upper": 0,
            "number": true,
            "numeric": true,
            "override_special": null,
            "result": "vA@}UxFQWAh3GB?U",
            "special": true,
            "upper": true
          },
          "sensitive_attributes": [
            [
              {
                "type": "get_attr",
                "value": "bcrypt_hash"
              }
            ],
            [
              {
                "type": "get_attr",
                "value": "result"
              }
            ]
          ],
          "dependencies": [
            "module.database.time_sleep.wait_10s"
          ]
        }
      ]
    },
    {
      "module": "module.database",
      "mode": "managed",
      "type": "random_uuid",
      "name": "database_id",
      "provider": "provider[\"registry.terraform.io/hashicorp/random\"]",
      "instances": [
        {
          "schema_version": 0,
          "attributes": {
            "id": "1c90c040-ecc7-5129-8244-a55ecb4d2ef6",
            "keepers": null,
            "result": "1c90c040-ecc7-5129-8244-a55ecb4d2ef6"
          },
          "sensitive_attributes": [],
          "dependencies": [
            "module.database.time_sleep.wait_10s"
          ]
        }
      ]
    },
    {
      "module": "module.database",
      "mode": "managed",
      "type": "time_sleep",
      "name": "wait_10s",
      "provider": "provider[\"registry.terraform.io/hashicorp/time\"]",
      "instances": [
        {
          "schema_version": 0,
          "attributes": {
            "create_duration": "10s",
            "destroy_duration": "10s",
            "id": "2026-08-18T06:47:31Z",
            "triggers": null
          },
          "sensitive_attributes": []
        }
      ]
    },
    {
      "module": "module.private_subnet",
      "mode": "managed",
      "type": "random_uuid",
      "name": "route_table_id",
      "provider": "provider[\"registry.terraform.io/hashicorp/random\"]",
      "instances": [
        {
          "schema_version": 0,
          "attributes": {
            "id": "6ef67381-11fc-be4d-dfd1-5290227eda01",
            "keepers": {
              "subnet_id": "1082d7b7-2fc3-a304-e06e-6e761a923e1d"
            },
            "result": "6ef67381-11fc-be4d-dfd1-5290227eda01"
          },
          "sensitive_attributes": [],
          "dependencies": [
            "module.private_subnet.random_uuid.subnet_id",
            "random_uuid.vpc_id"
          ]
        }
      ]
    },
    {
      "module": "module.private_subnet",
      "mode": "managed",
      "type": "random_uuid",
      "name": "subnet_id",
      "provider": "provider[\"registry.terraform.io/hashicorp/random\"]",
      "instances": [
        {
          "schema_version": 0,
          "attributes": {
            "id": "1082d7b7-2fc3-a304-e06e-6e761a923e1d",
            "keepers": {
              "cidr": "10.0.2.0/24",
              "vpc_id": "11ad711c-2a1b-cc02-8ef1-54af8a77de7c"
            },
            "result": "1082d7b7-2fc3-a304-e06e-6e761a923e1d"
          },
          "sensitive_attributes": [],
          "dependencies": [
            "random_uuid.vpc_id"
          ]
        }
      ]
    },
    {
      "module": "module.public_subnet",
      "mode": "managed",
      "type": "random_uuid",
      "name": "route_table_id",
      "provider": "provider[\"registry.terraform.io/hashicorp/random\"]",
      "instances": [
        {
          "schema_version": 0,
          "attributes": {
            "id": "84e8726c-51cf-5c64-d77f-0c3b19009ca4",
            "keepers": {
              "subnet_id": "e2ce2acc-b5b3-38ad-18da-dea7299165fb"
            },
            "result": "84e8726c-51cf-5c64-d77f-0c3b19009ca4"
          },
          "sensitive_attributes": [],
          "dependencies": [
            "module.public_subnet.random_uuid.subnet_id",
            "random_uuid.vpc_id"
          ]
        }
      ]
    },
    {
      "module": "module.public_subnet",
      "mode": "managed",
      "type": "random_uuid",
      "name": "subnet_id",
      "provider": "provider[\"registry.terraform.io/hashicorp/random\"]",
      "instances": [
        {
          "schema_version": 0,
          "attributes": {
            "id": "e2ce2acc-b5b3-38ad-18da-dea7299165fb",
            "keepers": {
              "cidr": "10.0.1.0/24",
              "vpc_id": "11ad711c-2a1b-cc02-8ef1-54af8a77de7c"
            },
            "result": "e2ce2acc-b5b3-38ad-18da-dea7299165fb"
          },
          "sensitive_attributes": [],
          "dependencies": [
            "random_uuid.vpc_id"
          ]
        }
      ]
    },
    {
      "module": "module.storefront_dns",
      "mode": "managed",
      "type": "random_uuid",
      "name": "record_id",
      "provider": "provider[\"registry.terraform.io/hashicorp/random\"]",
      "instances": [
        {
          "schema_version": 0,
          "attributes": {
            "id": "35feed75-5da5-70fa-ff5a-2aea658855bc",
            "keepers": {
              "name": "acme-e2e-storefront",
              "target": "https://kubernetes-ab0a9711-29dc-c941-9f93-46ce2646216b.amazonaws.com",
              "zone": "acme-liked-ghoul.internal"
            },
            "result": "35feed75-5da5-70fa-ff5a-2aea658855bc"
          },
          "sensitive_attributes": [],
          "dependencies": [
            "data.snapcd_stack.default",
            "module.cluster.random_uuid.cluster_id",
            "module.cluster.time_sleep.wait_10s",
            "module.private_subnet.random_uuid.route_table_id",
            "module.private_subnet.random_uuid.subnet_id",
            "module.public_subnet.random_uuid.route_table_id",
            "module.public_subnet.random_uuid.subnet_id",
            "random_pet.network_name",
            "random_uuid.vpc_id",
            "time_sleep.network_propagation"
          ]
        }
      ]
    }
  ],
  "check_results": null
}

