{
  "version": 4,
  "terraform_version": "1.8.3",
  "serial": 16,
  "lineage": "1c387e5c-5735-9231-4c6a-d366f78baaf6",
  "outputs": {
    "app_fqdn": {
      "value": "acme-e2e-storefront.acme-premium-earwig.internal",
      "type": "string"
    },
    "cluster_endpoint": {
      "value": "https://kubernetes-d008ffb7-fc78-b5b1-6263-16156aa6a9da.amazonaws.com",
      "type": "string"
    },
    "database_endpoint": {
      "value": "acme-e2e-orders-3be6ffdf-118f-bc81-c256-3f2115349ddb.some.cloudprovider.com",
      "type": "string"
    },
    "deploy_key_fingerprint": {
      "value": "88:0a:84:d6:73:1d:f1:8e:53:8c:83:2e:25:71:f3:2c",
      "type": "string"
    },
    "vpc_id": {
      "value": "f6ac77d0-5c41-0de7-f5cc-dda9df16ceaa",
      "type": "string"
    }
  },
  "resources": [
    {
      "mode": "data",
      "type": "snapcd_runner",
      "name": "default",
      "provider": "provider[\"registry.terraform.io/schrieksoft/snapcd\"]",
      "instances": [
        {
          "schema_version": 0,
          "attributes": {
            "allow_multiple_instances": true,
            "id": "10000000-0000-0000-0000-000000000000",
            "is_disabled": false,
            "is_supplied_to_all_modules": false,
            "name": "default",
            "service_principal_id": "10000000-0000-0000-0000-000000000000"
          },
          "sensitive_attributes": []
        }
      ]
    },
    {
      "mode": "data",
      "type": "snapcd_stack",
      "name": "default",
      "provider": "provider[\"registry.terraform.io/schrieksoft/snapcd\"]",
      "instances": [
        {
          "schema_version": 0,
          "attributes": {
            "id": "10000000-0000-0000-0000-000000000000",
            "name": "default",
            "trigger_behaviour_on_modified": "DoNotTrigger"
          },
          "sensitive_attributes": []
        }
      ]
    },
    {
      "mode": "data",
      "type": "tls_public_key",
      "name": "deploy_key",
      "provider": "provider[\"registry.terraform.io/hashicorp/tls\"]",
      "instances": [
        {
          "schema_version": 0,
          "attributes": {
            "algorithm": "ED25519",
            "id": "dca5466c3cca0c4206a02f5ca7827040de2dd2c6",
            "private_key_openssh": null,
            "private_key_pem": "-----BEGIN PRIVATE KEY-----\nMC4CAQAwBQYDK2VwBCIEIAZ9YwJxbXrPKeow2BbhRsy3CbQQ3bRZmgxKMYLkOSDD\n-----END PRIVATE KEY-----\n",
            "public_key_fingerprint_md5": "88:0a:84:d6:73:1d:f1:8e:53:8c:83:2e:25:71:f3:2c",
            "public_key_fingerprint_sha256": "SHA256:SmnSZFSrS4KUAvFeU7LP3+o7gEctUgAeJcqDUNKUu8A",
            "public_key_openssh": "ssh-ed25519 AAAAC3NzaC1lZDI1NTE5AAAAIEyzVB1QDkgqkICtSX8pNSMWcDqjPHvEAwfQntAU3bfT\n",
            "public_key_pem": "-----BEGIN PUBLIC KEY-----\nMCowBQYDK2VwAyEATLNUHVAOSCqQgK1Jfyk1IxZwOqM8e8QDB9Ce0BTdt9M=\n-----END PUBLIC KEY-----\n"
          },
          "sensitive_attributes": [
            [
              {
                "type": "get_attr",
                "value": "private_key_openssh"
              }
            ],
            [
              {
                "type": "get_attr",
                "value": "private_key_pem"
              }
            ]
          ]
        }
      ]
    },
    {
      "mode": "managed",
      "type": "random_pet",
      "name": "backup_plan",
      "provider": "provider[\"registry.terraform.io/hashicorp/random\"]",
      "instances": [
        {
          "schema_version": 0,
          "attributes": {
            "id": "dynamic-mutt",
            "keepers": null,
            "length": 2,
            "prefix": null,
            "separator": "-"
          },
          "sensitive_attributes": []
        }
      ]
    },
    {
      "mode": "managed",
      "type": "random_uuid",
      "name": "audit_log_bucket_id",
      "provider": "provider[\"registry.terraform.io/hashicorp/random\"]",
      "instances": [
        {
          "schema_version": 0,
          "attributes": {
            "id": "399ff783-0e96-12dc-14b0-d1471e01ca52",
            "keepers": null,
            "result": "399ff783-0e96-12dc-14b0-d1471e01ca52"
          },
          "sensitive_attributes": []
        }
      ]
    }
  ],
  "check_results": null
}
