{
  "version": 4,
  "terraform_version": "1.8.3",
  "serial": 15,
  "lineage": "206b2ada-3034-73c0-3c28-8d5cd58c1df1",
  "outputs": {
    "app_fqdn": {
      "value": "acme-e2e-storefront.acme-ready-pony.internal",
      "type": "string"
    },
    "cluster_endpoint": {
      "value": "https://kubernetes-106dff5e-2d81-9fcd-95c3-b1dfc3cfe50f.amazonaws.com",
      "type": "string"
    },
    "database_endpoint": {
      "value": "acme-e2e-orders-0df18dae-b417-a5b8-7658-6c61d761770e.some.cloudprovider.com",
      "type": "string"
    },
    "deploy_key_fingerprint": {
      "value": "81:b9:b4:be:82:91:a1:c3:98:1c:f2:9b:6c:11:42:6e",
      "type": "string"
    },
    "vpc_id": {
      "value": "55b44650-a237-0fe2-cb06-86c4d3827535",
      "type": "string"
    }
  },
  "resources": [
    {
      "mode": "data",
      "type": "snapcd_runner",
      "name": "default",
      "provider": "provider[\"registry.terraform.io/schrieksoft/snapcd\"]",
      "instances": [
        {
          "schema_version": 0,
          "attributes": {
            "allow_multiple_instances": true,
            "id": "10000000-0000-0000-0000-000000000000",
            "is_disabled": false,
            "is_supplied_to_all_modules": false,
            "name": "default",
            "service_principal_id": "10000000-0000-0000-0000-000000000000"
          },
          "sensitive_attributes": []
        }
      ]
    },
    {
      "mode": "data",
      "type": "snapcd_stack",
      "name": "default",
      "provider": "provider[\"registry.terraform.io/schrieksoft/snapcd\"]",
      "instances": [
        {
          "schema_version": 0,
          "attributes": {
            "id": "10000000-0000-0000-0000-000000000000",
            "name": "default",
            "trigger_behaviour_on_modified": "DoNotTrigger"
          },
          "sensitive_attributes": []
        }
      ]
    },
    {
      "mode": "data",
      "type": "tls_public_key",
      "name": "deploy_key",
      "provider": "provider[\"registry.terraform.io/hashicorp/tls\"]",
      "instances": [
        {
          "schema_version": 0,
          "attributes": {
            "algorithm": "ED25519",
            "id": "89e427f932e875629b43339af76e5b35fd9bfcda",
            "private_key_openssh": null,
            "private_key_pem": "-----BEGIN PRIVATE KEY-----\nMC4CAQAwBQYDK2VwBCIEIAsbHiwmn92kPtqwPSG5oNioqzaHJX0xrgGtyqbIJ5E/\n-----END PRIVATE KEY-----\n",
            "public_key_fingerprint_md5": "81:b9:b4:be:82:91:a1:c3:98:1c:f2:9b:6c:11:42:6e",
            "public_key_fingerprint_sha256": "SHA256:PjyJwpaPdOBlWnJTSqI8HD5Gu6iZ9Pnzy6K5FJ5V4Qk",
            "public_key_openssh": "ssh-ed25519 AAAAC3NzaC1lZDI1NTE5AAAAIDOZT+sKRiUjrcu3ZnHuDgnsTUpkbhC4NOPBXvOJmxBA\n",
            "public_key_pem": "-----BEGIN PUBLIC KEY-----\nMCowBQYDK2VwAyEAM5lP6wpGJSOty7dmce4OCexNSmRuELg048Fe84mbEEA=\n-----END PUBLIC KEY-----\n"
          },
          "sensitive_attributes": [
            [
              {
                "type": "get_attr",
                "value": "private_key_pem"
              }
            ],
            [
              {
                "type": "get_attr",
                "value": "private_key_openssh"
              }
            ]
          ]
        }
      ]
    },
    {
      "mode": "managed",
      "type": "random_pet",
      "name": "backup_plan",
      "provider": "provider[\"registry.terraform.io/hashicorp/random\"]",
      "instances": [
        {
          "schema_version": 0,
          "attributes": {
            "id": "willing-rooster",
            "keepers": null,
            "length": 2,
            "prefix": null,
            "separator": "-"
          },
          "sensitive_attributes": []
        }
      ]
    },
    {
      "mode": "managed",
      "type": "random_uuid",
      "name": "audit_log_bucket_id",
      "provider": "provider[\"registry.terraform.io/hashicorp/random\"]",
      "instances": [
        {
          "schema_version": 0,
          "attributes": {
            "id": "f7a5cefb-d4ed-935b-4f91-aaf5d8059e6d",
            "keepers": null,
            "result": "f7a5cefb-d4ed-935b-4f91-aaf5d8059e6d"
          },
          "sensitive_attributes": []
        }
      ]
    }
  ],
  "check_results": null
}
