{
  "version": 4,
  "terraform_version": "1.8.3",
  "serial": 6,
  "lineage": "e21c0aa8-804c-2336-6b7b-2875ad933b30",
  "outputs": {},
  "resources": [
    {
      "mode": "managed",
      "type": "random_pet",
      "name": "network_name",
      "provider": "provider[\"registry.terraform.io/hashicorp/random\"]",
      "instances": [
        {
          "schema_version": 0,
          "attributes": {
            "id": "acme-ready-pony",
            "keepers": {
              "stack": "default"
            },
            "length": 2,
            "prefix": "acme",
            "separator": "-"
          },
          "sensitive_attributes": [],
          "dependencies": [
            "data.snapcd_stack.default"
          ]
        }
      ]
    },
    {
      "mode": "managed",
      "type": "random_uuid",
      "name": "nat_gateway_id",
      "provider": "provider[\"registry.terraform.io/hashicorp/random\"]",
      "instances": [
        {
          "schema_version": 0,
          "attributes": {
            "id": "4741b83c-7419-ad9b-169b-74cc2cd19b80",
            "keepers": null,
            "result": "4741b83c-7419-ad9b-169b-74cc2cd19b80"
          },
          "sensitive_attributes": []
        }
      ]
    },
    {
      "mode": "managed",
      "type": "random_uuid",
      "name": "vpc_id",
      "provider": "provider[\"registry.terraform.io/hashicorp/random\"]",
      "instances": [
        {
          "schema_version": 0,
          "attributes": {
            "id": "55b44650-a237-0fe2-cb06-86c4d3827535",
            "keepers": null,
            "result": "55b44650-a237-0fe2-cb06-86c4d3827535"
          },
          "sensitive_attributes": []
        }
      ]
    },
    {
      "mode": "managed",
      "type": "time_sleep",
      "name": "network_propagation",
      "provider": "provider[\"registry.terraform.io/hashicorp/time\"]",
      "instances": [
        {
          "schema_version": 0,
          "attributes": {
            "create_duration": "1s",
            "destroy_duration": null,
            "id": "2026-08-17T19:27:50Z",
            "triggers": null
          },
          "sensitive_attributes": [],
          "dependencies": [
            "module.private_subnet.random_uuid.route_table_id",
            "module.private_subnet.random_uuid.subnet_id",
            "module.public_subnet.random_uuid.route_table_id",
            "module.public_subnet.random_uuid.subnet_id",
            "random_uuid.vpc_id"
          ]
        }
      ]
    },
    {
      "module": "module.private_subnet",
      "mode": "managed",
      "type": "random_uuid",
      "name": "route_table_id",
      "provider": "provider[\"registry.terraform.io/hashicorp/random\"]",
      "instances": [
        {
          "schema_version": 0,
          "attributes": {
            "id": "5a9addde-8f1d-c4ca-a635-a85f2f7a491b",
            "keepers": {
              "subnet_id": "1ff52098-a5f0-54e5-1598-62e9426c2146"
            },
            "result": "5a9addde-8f1d-c4ca-a635-a85f2f7a491b"
          },
          "sensitive_attributes": []
        }
      ]
    },
    {
      "module": "module.private_subnet",
      "mode": "managed",
      "type": "random_uuid",
      "name": "subnet_id",
      "provider": "provider[\"registry.terraform.io/hashicorp/random\"]",
      "instances": [
        {
          "schema_version": 0,
          "attributes": {
            "id": "1ff52098-a5f0-54e5-1598-62e9426c2146",
            "keepers": {
              "cidr": "10.0.2.0/24",
              "vpc_id": "55b44650-a237-0fe2-cb06-86c4d3827535"
            },
            "result": "1ff52098-a5f0-54e5-1598-62e9426c2146"
          },
          "sensitive_attributes": []
        }
      ]
    },
    {
      "module": "module.public_subnet",
      "mode": "managed",
      "type": "random_uuid",
      "name": "route_table_id",
      "provider": "provider[\"registry.terraform.io/hashicorp/random\"]",
      "instances": [
        {
          "schema_version": 0,
          "attributes": {
            "id": "305dbabc-e4bf-c960-16fa-e3c2de99b248",
            "keepers": {
              "subnet_id": "d4cb9065-9fb1-9a09-8ff3-e8ad16488658"
            },
            "result": "305dbabc-e4bf-c960-16fa-e3c2de99b248"
          },
          "sensitive_attributes": []
        }
      ]
    },
    {
      "module": "module.public_subnet",
      "mode": "managed",
      "type": "random_uuid",
      "name": "subnet_id",
      "provider": "provider[\"registry.terraform.io/hashicorp/random\"]",
      "instances": [
        {
          "schema_version": 0,
          "attributes": {
            "id": "d4cb9065-9fb1-9a09-8ff3-e8ad16488658",
            "keepers": {
              "cidr": "10.0.1.0/24",
              "vpc_id": "55b44650-a237-0fe2-cb06-86c4d3827535"
            },
            "result": "d4cb9065-9fb1-9a09-8ff3-e8ad16488658"
          },
          "sensitive_attributes": []
        }
      ]
    }
  ],
  "check_results": null
}
