{
  "version": 4,
  "terraform_version": "1.8.3",
  "serial": 6,
  "lineage": "48f20903-9fc3-2415-11ec-217b629dfec9",
  "outputs": {},
  "resources": [
    {
      "mode": "managed",
      "type": "random_pet",
      "name": "network_name",
      "provider": "provider[\"registry.terraform.io/hashicorp/random\"]",
      "instances": [
        {
          "schema_version": 0,
          "attributes": {
            "id": "acme-liked-ghoul",
            "keepers": {
              "stack": "default"
            },
            "length": 2,
            "prefix": "acme",
            "separator": "-"
          },
          "sensitive_attributes": [],
          "dependencies": [
            "data.snapcd_stack.default"
          ]
        }
      ]
    },
    {
      "mode": "managed",
      "type": "random_uuid",
      "name": "nat_gateway_id",
      "provider": "provider[\"registry.terraform.io/hashicorp/random\"]",
      "instances": [
        {
          "schema_version": 0,
          "attributes": {
            "id": "95c3a18c-a76d-961a-cbef-d5608f350d15",
            "keepers": null,
            "result": "95c3a18c-a76d-961a-cbef-d5608f350d15"
          },
          "sensitive_attributes": []
        }
      ]
    },
    {
      "mode": "managed",
      "type": "random_uuid",
      "name": "vpc_id",
      "provider": "provider[\"registry.terraform.io/hashicorp/random\"]",
      "instances": [
        {
          "schema_version": 0,
          "attributes": {
            "id": "11ad711c-2a1b-cc02-8ef1-54af8a77de7c",
            "keepers": null,
            "result": "11ad711c-2a1b-cc02-8ef1-54af8a77de7c"
          },
          "sensitive_attributes": []
        }
      ]
    },
    {
      "mode": "managed",
      "type": "time_sleep",
      "name": "network_propagation",
      "provider": "provider[\"registry.terraform.io/hashicorp/time\"]",
      "instances": [
        {
          "schema_version": 0,
          "attributes": {
            "create_duration": "1s",
            "destroy_duration": null,
            "id": "2026-08-18T06:47:22Z",
            "triggers": null
          },
          "sensitive_attributes": [],
          "dependencies": [
            "module.private_subnet.random_uuid.route_table_id",
            "module.private_subnet.random_uuid.subnet_id",
            "module.public_subnet.random_uuid.route_table_id",
            "module.public_subnet.random_uuid.subnet_id",
            "random_uuid.vpc_id"
          ]
        }
      ]
    },
    {
      "module": "module.private_subnet",
      "mode": "managed",
      "type": "random_uuid",
      "name": "route_table_id",
      "provider": "provider[\"registry.terraform.io/hashicorp/random\"]",
      "instances": [
        {
          "schema_version": 0,
          "attributes": {
            "id": "6ef67381-11fc-be4d-dfd1-5290227eda01",
            "keepers": {
              "subnet_id": "1082d7b7-2fc3-a304-e06e-6e761a923e1d"
            },
            "result": "6ef67381-11fc-be4d-dfd1-5290227eda01"
          },
          "sensitive_attributes": []
        }
      ]
    },
    {
      "module": "module.private_subnet",
      "mode": "managed",
      "type": "random_uuid",
      "name": "subnet_id",
      "provider": "provider[\"registry.terraform.io/hashicorp/random\"]",
      "instances": [
        {
          "schema_version": 0,
          "attributes": {
            "id": "1082d7b7-2fc3-a304-e06e-6e761a923e1d",
            "keepers": {
              "cidr": "10.0.2.0/24",
              "vpc_id": "11ad711c-2a1b-cc02-8ef1-54af8a77de7c"
            },
            "result": "1082d7b7-2fc3-a304-e06e-6e761a923e1d"
          },
          "sensitive_attributes": []
        }
      ]
    },
    {
      "module": "module.public_subnet",
      "mode": "managed",
      "type": "random_uuid",
      "name": "route_table_id",
      "provider": "provider[\"registry.terraform.io/hashicorp/random\"]",
      "instances": [
        {
          "schema_version": 0,
          "attributes": {
            "id": "84e8726c-51cf-5c64-d77f-0c3b19009ca4",
            "keepers": {
              "subnet_id": "e2ce2acc-b5b3-38ad-18da-dea7299165fb"
            },
            "result": "84e8726c-51cf-5c64-d77f-0c3b19009ca4"
          },
          "sensitive_attributes": []
        }
      ]
    },
    {
      "module": "module.public_subnet",
      "mode": "managed",
      "type": "random_uuid",
      "name": "subnet_id",
      "provider": "provider[\"registry.terraform.io/hashicorp/random\"]",
      "instances": [
        {
          "schema_version": 0,
          "attributes": {
            "id": "e2ce2acc-b5b3-38ad-18da-dea7299165fb",
            "keepers": {
              "cidr": "10.0.1.0/24",
              "vpc_id": "11ad711c-2a1b-cc02-8ef1-54af8a77de7c"
            },
            "result": "e2ce2acc-b5b3-38ad-18da-dea7299165fb"
          },
          "sensitive_attributes": []
        }
      ]
    }
  ],
  "check_results": null
}
