{
  "version": 4,
  "terraform_version": "1.8.3",
  "serial": 6,
  "lineage": "cd84861c-2495-8046-bc6a-37e8245aa217",
  "outputs": {},
  "resources": [
    {
      "mode": "managed",
      "type": "random_pet",
      "name": "network_name",
      "provider": "provider[\"registry.terraform.io/hashicorp/random\"]",
      "instances": [
        {
          "schema_version": 0,
          "attributes": {
            "id": "acme-premium-earwig",
            "keepers": {
              "stack": "default"
            },
            "length": 2,
            "prefix": "acme",
            "separator": "-"
          },
          "sensitive_attributes": [],
          "dependencies": [
            "data.snapcd_stack.default"
          ]
        }
      ]
    },
    {
      "mode": "managed",
      "type": "random_uuid",
      "name": "nat_gateway_id",
      "provider": "provider[\"registry.terraform.io/hashicorp/random\"]",
      "instances": [
        {
          "schema_version": 0,
          "attributes": {
            "id": "0aba17b4-0803-712d-f1b2-7b3d799d8b5d",
            "keepers": null,
            "result": "0aba17b4-0803-712d-f1b2-7b3d799d8b5d"
          },
          "sensitive_attributes": []
        }
      ]
    },
    {
      "mode": "managed",
      "type": "random_uuid",
      "name": "vpc_id",
      "provider": "provider[\"registry.terraform.io/hashicorp/random\"]",
      "instances": [
        {
          "schema_version": 0,
          "attributes": {
            "id": "f6ac77d0-5c41-0de7-f5cc-dda9df16ceaa",
            "keepers": null,
            "result": "f6ac77d0-5c41-0de7-f5cc-dda9df16ceaa"
          },
          "sensitive_attributes": []
        }
      ]
    },
    {
      "mode": "managed",
      "type": "time_sleep",
      "name": "network_propagation",
      "provider": "provider[\"registry.terraform.io/hashicorp/time\"]",
      "instances": [
        {
          "schema_version": 0,
          "attributes": {
            "create_duration": "10s",
            "destroy_duration": null,
            "id": "2026-08-17T17:57:02Z",
            "triggers": null
          },
          "sensitive_attributes": [],
          "dependencies": [
            "module.private_subnet.random_uuid.route_table_id",
            "module.private_subnet.random_uuid.subnet_id",
            "module.public_subnet.random_uuid.route_table_id",
            "module.public_subnet.random_uuid.subnet_id",
            "random_uuid.vpc_id"
          ]
        }
      ]
    },
    {
      "module": "module.private_subnet",
      "mode": "managed",
      "type": "random_uuid",
      "name": "route_table_id",
      "provider": "provider[\"registry.terraform.io/hashicorp/random\"]",
      "instances": [
        {
          "schema_version": 0,
          "attributes": {
            "id": "745f968a-4b68-4f57-0412-b1b4096c2914",
            "keepers": {
              "subnet_id": "d647916e-f825-c3d0-1365-4ffcec71390a"
            },
            "result": "745f968a-4b68-4f57-0412-b1b4096c2914"
          },
          "sensitive_attributes": []
        }
      ]
    },
    {
      "module": "module.private_subnet",
      "mode": "managed",
      "type": "random_uuid",
      "name": "subnet_id",
      "provider": "provider[\"registry.terraform.io/hashicorp/random\"]",
      "instances": [
        {
          "schema_version": 0,
          "attributes": {
            "id": "d647916e-f825-c3d0-1365-4ffcec71390a",
            "keepers": {
              "cidr": "10.0.2.0/24",
              "vpc_id": "f6ac77d0-5c41-0de7-f5cc-dda9df16ceaa"
            },
            "result": "d647916e-f825-c3d0-1365-4ffcec71390a"
          },
          "sensitive_attributes": []
        }
      ]
    },
    {
      "module": "module.public_subnet",
      "mode": "managed",
      "type": "random_uuid",
      "name": "route_table_id",
      "provider": "provider[\"registry.terraform.io/hashicorp/random\"]",
      "instances": [
        {
          "schema_version": 0,
          "attributes": {
            "id": "e9761d6d-866a-c1c4-d7f0-ba1660d8d109",
            "keepers": {
              "subnet_id": "46c7f3e4-1545-1cb9-5e6a-0f1a60f8e5d7"
            },
            "result": "e9761d6d-866a-c1c4-d7f0-ba1660d8d109"
          },
          "sensitive_attributes": []
        }
      ]
    },
    {
      "module": "module.public_subnet",
      "mode": "managed",
      "type": "random_uuid",
      "name": "subnet_id",
      "provider": "provider[\"registry.terraform.io/hashicorp/random\"]",
      "instances": [
        {
          "schema_version": 0,
          "attributes": {
            "id": "46c7f3e4-1545-1cb9-5e6a-0f1a60f8e5d7",
            "keepers": {
              "cidr": "10.0.1.0/24",
              "vpc_id": "f6ac77d0-5c41-0de7-f5cc-dda9df16ceaa"
            },
            "result": "46c7f3e4-1545-1cb9-5e6a-0f1a60f8e5d7"
          },
          "sensitive_attributes": []
        }
      ]
    }
  ],
  "check_results": null
}
