{"check_results":null,"lineage":"1a4f42b0-0ae2-a092-900f-0694500de05a","outputs":{},"resources":[{"instances":[{"attributes":{"id":"","keepers":null,"max":100,"min":1,"result":999,"seed":null},"schema_version":0,"sensitive_attributes":[]}],"mode":"managed","name":"seed","provider":"provider[\"registry.terraform.io/hashicorp/random\"]","type":"random_integer"},{"instances":[{"attributes":{"id":"fair-camel","keepers":null,"length":2,"prefix":null,"separator":"-"},"schema_version":0,"sensitive_attributes":[]}],"mode":"managed","name":"name_a","provider":"provider[\"registry.terraform.io/hashicorp/random\"]","type":"random_pet"}],"serial":2,"terraform_version":"1.8.3","version":4}