{"version":4,"terraform_version":"1.9.0","serial":1,"lineage":"89fbebda-c396-0e92-df9c-5b490ac989ea","outputs":{},"resources":[{"mode":"managed","type":"random_pet","name":"existing","provider":"provider[\"registry.opentofu.org/hashicorp/random\"]","instances":[{"schema_version":0,"attributes":{"id":"pig","keepers":null,"length":1,"prefix":null,"separator":"-"},"sensitive_attributes":[]}]}],"check_results":null}
