{
  "version": 4,
  "terraform_version": "1.8.3",
  "serial": 4,
  "lineage": "464689f0-bcd3-be59-3b66-ab506060e1d0",
  "outputs": {},
  "resources": [
    {
      "mode": "managed",
      "type": "random_integer",
      "name": "seed",
      "provider": "provider[\"registry.terraform.io/hashicorp/random\"]",
      "instances": [
        {
          "schema_version": 0,
          "attributes": {
            "id": "51",
            "keepers": null,
            "max": 100,
            "min": 1,
            "result": 51,
            "seed": null
          },
          "sensitive_attributes": []
        }
      ]
    },
    {
      "mode": "managed",
      "type": "random_pet",
      "name": "leftover",
      "provider": "provider[\"registry.terraform.io/hashicorp/random\"]",
      "instances": [
        {
          "schema_version": 0,
          "attributes": {
            "id": "cleanly-eminent-whippet",
            "keepers": null,
            "length": 3,
            "prefix": null,
            "separator": "-"
          },
          "sensitive_attributes": []
        }
      ]
    },
    {
      "mode": "managed",
      "type": "random_pet",
      "name": "name_a",
      "provider": "provider[\"registry.terraform.io/hashicorp/random\"]",
      "instances": [
        {
          "schema_version": 0,
          "attributes": {
            "id": "major-primate",
            "keepers": null,
            "length": 2,
            "prefix": null,
            "separator": "-"
          },
          "sensitive_attributes": []
        }
      ]
    },
    {
      "mode": "managed",
      "type": "random_pet",
      "name": "name_b",
      "provider": "provider[\"registry.terraform.io/hashicorp/random\"]",
      "instances": [
        {
          "schema_version": 0,
          "attributes": {
            "id": "catfish",
            "keepers": {
              "seed": "51"
            },
            "length": 1,
            "prefix": null,
            "separator": "-"
          },
          "sensitive_attributes": [],
          "dependencies": [
            "random_integer.seed"
          ]
        }
      ]
    }
  ],
  "check_results": null
}
