{
  "version": 4,
  "terraform_version": "1.8.3",
  "serial": 7,
  "lineage": "464689f0-bcd3-be59-3b66-ab506060e1d0",
  "outputs": {},
  "resources": [
    {
      "mode": "managed",
      "type": "random_pet",
      "name": "leftover",
      "provider": "provider[\"registry.terraform.io/hashicorp/random\"]",
      "instances": [
        {
          "schema_version": 0,
          "attributes": {
            "id": "cleanly-eminent-whippet",
            "keepers": null,
            "length": 3,
            "prefix": null,
            "separator": "-"
          },
          "sensitive_attributes": []
        }
      ]
    }
  ],
  "check_results": null
}
