{
  "version": 4,
  "terraform_version": "1.8.3",
  "serial": 2,
  "lineage": "3731e3d9-a67c-d819-b0fb-9c076f226792",
  "outputs": {},
  "resources": [
    {
      "mode": "managed",
      "type": "random_pet",
      "name": "node_pool",
      "provider": "provider[\"registry.terraform.io/hashicorp/random\"]",
      "instances": [
        {
          "schema_version": 0,
          "attributes": {
            "id": "acme-prod-cluster-glowing-stinkbug",
            "keepers": {
              "nodes": "2",
              "version": "1.28"
            },
            "length": 2,
            "prefix": "acme-prod-cluster",
            "separator": "-"
          },
          "sensitive_attributes": [],
          "dependencies": [
            "data.local_file.environment"
          ]
        }
      ]
    },
    {
      "module": "module.cluster",
      "mode": "managed",
      "type": "random_uuid",
      "name": "cluster_id",
      "provider": "provider[\"registry.terraform.io/hashicorp/random\"]",
      "instances": [
        {
          "schema_version": 0,
          "attributes": {
            "id": "79882545-6fa8-9e17-81a8-173d58807db5",
            "keepers": {
              "group": "env-rg",
              "name": "acme-prod-cluster",
              "subnets": "f4523842-5ceb-caae-5187-e486b3059f44,5fb798b9-8b0c-25c1-21ab-7289242dc829",
              "version": "1.28",
              "vpc": "c3a8e77b-ab0f-1af2-c019-9c911d8a72d0"
            },
            "result": "79882545-6fa8-9e17-81a8-173d58807db5"
          },
          "sensitive_attributes": [],
          "dependencies": [
            "data.local_file.environment",
            "module.private_subnet.random_uuid.subnet_id",
            "module.public_subnet.random_uuid.subnet_id",
            "random_uuid.nat_gateway_id",
            "random_uuid.vpc_id"
          ]
        }
      ]
    }
  ],
  "check_results": null
}
