{
  "version": 4,
  "terraform_version": "1.8.3",
  "serial": 2,
  "lineage": "721d69fc-d85a-82bd-a6fe-dce8a4a41db2",
  "outputs": {},
  "resources": [
    {
      "mode": "managed",
      "type": "random_pet",
      "name": "node_pool",
      "provider": "provider[\"registry.terraform.io/hashicorp/random\"]",
      "instances": [
        {
          "schema_version": 0,
          "attributes": {
            "id": "acme-prod-cluster-loved-boa",
            "keepers": {
              "nodes": "2",
              "version": "1.28"
            },
            "length": 2,
            "prefix": "acme-prod-cluster",
            "separator": "-"
          },
          "sensitive_attributes": []
        }
      ]
    },
    {
      "module": "module.cluster",
      "mode": "managed",
      "type": "random_uuid",
      "name": "cluster_id",
      "provider": "provider[\"registry.terraform.io/hashicorp/random\"]",
      "instances": [
        {
          "schema_version": 0,
          "attributes": {
            "id": "3bca98d6-03c4-95d8-790d-44731fb4e718",
            "keepers": {
              "group": "env-rg",
              "name": "acme-prod-cluster",
              "subnets": "78d63922-d7f1-4b23-fb26-9dae8757debf,eda810e5-5785-f675-f739-3b18dcc1c913",
              "version": "1.28",
              "vpc": "90a0d907-408c-7aba-5fef-ed0980432c99"
            },
            "result": "3bca98d6-03c4-95d8-790d-44731fb4e718"
          },
          "sensitive_attributes": [],
          "dependencies": [
            "module.private_subnet.random_uuid.subnet_id",
            "module.public_subnet.random_uuid.subnet_id",
            "random_uuid.nat_gateway_id",
            "random_uuid.vpc_id"
          ]
        }
      ]
    }
  ],
  "check_results": null
}
