{
  "version": 4,
  "terraform_version": "1.8.3",
  "serial": 2,
  "lineage": "e9a9ff48-ebbb-96d4-a7ba-2cc79d57a6bd",
  "outputs": {},
  "resources": [
    {
      "mode": "managed",
      "type": "random_pet",
      "name": "node_pool",
      "provider": "provider[\"registry.terraform.io/hashicorp/random\"]",
      "instances": [
        {
          "schema_version": 0,
          "attributes": {
            "id": "acme-prod-cluster-poetic-gelding",
            "keepers": {
              "nodes": "2",
              "version": "1.28"
            },
            "length": 2,
            "prefix": "acme-prod-cluster",
            "separator": "-"
          },
          "sensitive_attributes": [],
          "dependencies": [
            "data.local_file.environment"
          ]
        }
      ]
    },
    {
      "module": "module.cluster",
      "mode": "managed",
      "type": "random_uuid",
      "name": "cluster_id",
      "provider": "provider[\"registry.terraform.io/hashicorp/random\"]",
      "instances": [
        {
          "schema_version": 0,
          "attributes": {
            "id": "0a8c91d5-3988-c293-79cc-59e7a03198d8",
            "keepers": {
              "group": "env-rg",
              "name": "acme-prod-cluster",
              "subnets": "73ccb0bc-9412-f7fe-6f8e-6efd0a8231ac,e0c1280c-a1b5-1aaa-7b02-a551c8abaf30",
              "version": "1.28",
              "vpc": "e84f53fe-8b63-29b1-2b9c-ba06d4c743c7"
            },
            "result": "0a8c91d5-3988-c293-79cc-59e7a03198d8"
          },
          "sensitive_attributes": [],
          "dependencies": [
            "data.local_file.environment",
            "module.private_subnet.random_uuid.subnet_id",
            "module.public_subnet.random_uuid.subnet_id",
            "random_uuid.nat_gateway_id",
            "random_uuid.vpc_id"
          ]
        }
      ]
    }
  ],
  "check_results": null
}
