{
  "version": 4,
  "terraform_version": "1.8.3",
  "serial": 2,
  "lineage": "46e2b595-b6d3-6470-8235-3df1e5479386",
  "outputs": {},
  "resources": [
    {
      "mode": "managed",
      "type": "random_pet",
      "name": "node_pool",
      "provider": "provider[\"registry.terraform.io/hashicorp/random\"]",
      "instances": [
        {
          "schema_version": 0,
          "attributes": {
            "id": "acme-prod-cluster-honest-tomcat",
            "keepers": {
              "nodes": "2",
              "version": "1.28"
            },
            "length": 2,
            "prefix": "acme-prod-cluster",
            "separator": "-"
          },
          "sensitive_attributes": [],
          "dependencies": [
            "data.local_file.environment"
          ]
        }
      ]
    },
    {
      "module": "module.cluster",
      "mode": "managed",
      "type": "random_uuid",
      "name": "cluster_id",
      "provider": "provider[\"registry.terraform.io/hashicorp/random\"]",
      "instances": [
        {
          "schema_version": 0,
          "attributes": {
            "id": "e0cc2b83-54f1-96b5-71f1-a448898b2191",
            "keepers": {
              "group": "env-rg",
              "name": "acme-prod-cluster",
              "subnets": "19328f80-803e-d4f3-88eb-86de8fa2be57,15c31177-5530-9a44-a9bc-577f52cd825a",
              "version": "1.28",
              "vpc": "6a6f7bbe-8c89-bb01-d214-13f260e77853"
            },
            "result": "e0cc2b83-54f1-96b5-71f1-a448898b2191"
          },
          "sensitive_attributes": [],
          "dependencies": [
            "data.local_file.environment",
            "module.private_subnet.random_uuid.subnet_id",
            "module.public_subnet.random_uuid.subnet_id",
            "random_uuid.nat_gateway_id",
            "random_uuid.vpc_id"
          ]
        }
      ]
    }
  ],
  "check_results": null
}
