{"version":4,"terraform_version":"1.9.0","serial":1,"lineage":"51060e5e-f833-4866-06be-15fdcdbc9346","outputs":{},"resources":[{"mode":"managed","type":"random_integer","name":"move_too","provider":"provider[\"registry.opentofu.org/hashicorp/random\"]","instances":[{"schema_version":0,"attributes":{"id":"5","keepers":null,"max":10,"min":1,"result":5,"seed":null},"sensitive_attributes":[]}]},{"mode":"managed","type":"random_pet","name":"keep","provider":"provider[\"registry.opentofu.org/hashicorp/random\"]","instances":[{"schema_version":0,"attributes":{"id":"funny-griffon","keepers":null,"length":2,"prefix":null,"separator":"-"},"sensitive_attributes":[]}]},{"mode":"managed","type":"random_pet","name":"move_me","provider":"provider[\"registry.opentofu.org/hashicorp/random\"]","instances":[{"schema_version":0,"attributes":{"id":"stirring-coral","keepers":null,"length":2,"prefix":null,"separator":"-"},"sensitive_attributes":[]}]}],"check_results":null}
