{
  "version": 4,
  "terraform_version": "1.8.3",
  "serial": 2,
  "lineage": "83855a3a-560b-86dd-6e39-d64b0cbb2765",
  "outputs": {},
  "resources": [
    {
      "mode": "managed",
      "type": "random_uuid",
      "name": "database_firewall_rule",
      "provider": "provider[\"registry.terraform.io/hashicorp/random\"]",
      "instances": [
        {
          "schema_version": 0,
          "attributes": {
            "id": "27fbb636-77a6-4ea8-b532-87a9f75d8b18",
            "keepers": {
              "port": "7777",
              "subnet_cidr": "10.0.2.0/24"
            },
            "result": "27fbb636-77a6-4ea8-b532-87a9f75d8b18"
          },
          "sensitive_attributes": []
        }
      ]
    },
    {
      "module": "module.database",
      "mode": "managed",
      "type": "random_password",
      "name": "admin_password",
      "provider": "provider[\"registry.terraform.io/hashicorp/random\"]",
      "instances": [
        {
          "schema_version": 3,
          "attributes": {
            "bcrypt_hash": "$2a$10$nEibaL7ZdqtChni8hqqs9.seoLOls9iUGMgmvG8DrJBx5Y.earLvq",
            "id": "none",
            "keepers": null,
            "length": 16,
            "lower": true,
            "min_lower": 0,
            "min_numeric": 0,
            "min_special": 0,
            "min_upper": 0,
            "number": true,
            "numeric": true,
            "override_special": null,
            "result": "#?OoSXQCwe+L\u003e}c7",
            "special": true,
            "upper": true
          },
          "sensitive_attributes": [
            [
              {
                "type": "get_attr",
                "value": "bcrypt_hash"
              }
            ],
            [
              {
                "type": "get_attr",
                "value": "result"
              }
            ]
          ]
        }
      ]
    },
    {
      "module": "module.database",
      "mode": "managed",
      "type": "random_uuid",
      "name": "database_id",
      "provider": "provider[\"registry.terraform.io/hashicorp/random\"]",
      "instances": [
        {
          "schema_version": 0,
          "attributes": {
            "id": "62ca9e5b-f4bd-07c4-8303-fa1215d9843f",
            "keepers": null,
            "result": "62ca9e5b-f4bd-07c4-8303-fa1215d9843f"
          },
          "sensitive_attributes": []
        }
      ]
    },
    {
      "module": "module.database",
      "mode": "managed",
      "type": "time_sleep",
      "name": "wait_10s",
      "provider": "provider[\"registry.terraform.io/hashicorp/time\"]",
      "instances": [
        {
          "schema_version": 0,
          "attributes": {
            "create_duration": "10s",
            "destroy_duration": "10s",
            "id": "2026-08-18T13:22:20Z",
            "triggers": null
          },
          "sensitive_attributes": []
        }
      ]
    }
  ],
  "check_results": null
}
