{
  "version": 4,
  "terraform_version": "1.8.3",
  "serial": 1,
  "lineage": "65aabea9-98c0-593a-8ac9-45c5f8b24238",
  "outputs": {},
  "resources": [
    {
      "mode": "managed",
      "type": "random_pet",
      "name": "name_b",
      "provider": "provider[\"registry.terraform.io/hashicorp/random\"]",
      "instances": [
        {
          "schema_version": 0,
          "attributes": {
            "id": "moccasin",
            "keepers": {
              "seed": "97"
            },
            "length": 1,
            "prefix": null,
            "separator": "-"
          },
          "sensitive_attributes": [],
          "dependencies": [
            "random_integer.seed"
          ]
        }
      ]
    }
  ],
  "check_results": null
}
