{
  "version": 4,
  "terraform_version": "1.2.9",
  "serial": 3,
  "lineage": "118b6835-9a41-224a-4c70-996b875b0127",
  "outputs": {},
  "resources": [
    {
      "mode": "managed",
      "type": "random_pet",
      "name": "fp_tag",
      "provider": "provider[\"registry.terraform.io/hashicorp/random\"]",
      "instances": [
        {
          "schema_version": 0,
          "attributes": {
            "id": "needlessly-summary-weevil",
            "keepers": {
              "fp": "0a:ee:57:93:0d:4e:f2:ee:5f:d7:2a:28:9c:89:75:92"
            },
            "length": 3,
            "prefix": null,
            "separator": "-"
          },
          "sensitive_attributes": []
        }
      ]
    },
    {
      "mode": "managed",
      "type": "random_string",
      "name": "token",
      "provider": "provider[\"registry.terraform.io/hashicorp/random\"]",
      "instances": [
        {
          "schema_version": 2,
          "attributes": {
            "id": "bZc9G27iPaJb",
            "keepers": null,
            "length": 12,
            "lower": true,
            "min_lower": 0,
            "min_numeric": 0,
            "min_special": 0,
            "min_upper": 0,
            "number": true,
            "numeric": true,
            "override_special": null,
            "result": "bZc9G27iPaJb",
            "special": false,
            "upper": true
          },
          "sensitive_attributes": []
        }
      ]
    },
    {
      "mode": "managed",
      "type": "tls_private_key",
      "name": "signer",
      "provider": "provider[\"registry.terraform.io/hashicorp/tls\"]",
      "instances": [
        {
          "schema_version": 1,
          "attributes": {
            "algorithm": "ED25519",
            "ecdsa_curve": "P224",
            "id": "75103690ae70675cec980ee6b394213795fa6f6f",
            "private_key_openssh": "-----BEGIN OPENSSH PRIVATE KEY-----\nb3BlbnNzaC1rZXktdjEAAAAABG5vbmUAAAAEbm9uZQAAAAAAAAABAAAAMwAAAAtz\nc2gtZWQyNTUxOQAAACAWitHYCtHhKKVewJIH0a59W96isGSpOl2RWIApjs5JvgAA\nAIjfYtUq32LVKgAAAAtzc2gtZWQyNTUxOQAAACAWitHYCtHhKKVewJIH0a59W96i\nsGSpOl2RWIApjs5JvgAAAECfg5D8mw7v9KgvuurIDwOvA6Trmgk2lI0Frt570Wt6\nnRaK0dgK0eEopV7AkgfRrn1b3qKwZKk6XZFYgCmOzkm+AAAAAAECAwQF\n-----END OPENSSH PRIVATE KEY-----\n",
            "private_key_pem": "-----BEGIN PRIVATE KEY-----\nMC4CAQAwBQYDK2VwBCIEIJ+DkPybDu/0qC+66sgPA68DpOuaCTaUjQWu3nvRa3qd\n-----END PRIVATE KEY-----\n",
            "private_key_pem_pkcs8": "-----BEGIN PRIVATE KEY-----\nMC4CAQAwBQYDK2VwBCIEIJ+DkPybDu/0qC+66sgPA68DpOuaCTaUjQWu3nvRa3qd\n-----END PRIVATE KEY-----\n",
            "public_key_fingerprint_md5": "0a:ee:57:93:0d:4e:f2:ee:5f:d7:2a:28:9c:89:75:92",
            "public_key_fingerprint_sha256": "SHA256:IzqJPPWa/wjAzQ78kELUDyylVAyO7NaFiLKjRLi8Vdc",
            "public_key_openssh": "ssh-ed25519 AAAAC3NzaC1lZDI1NTE5AAAAIBaK0dgK0eEopV7AkgfRrn1b3qKwZKk6XZFYgCmOzkm+\n",
            "public_key_pem": "-----BEGIN PUBLIC KEY-----\nMCowBQYDK2VwAyEAForR2ArR4SilXsCSB9GufVveorBkqTpdkViAKY7OSb4=\n-----END PUBLIC KEY-----\n",
            "rsa_bits": 2048
          },
          "sensitive_attributes": []
        }
      ]
    }
  ]
}
