{
  "version": 4,
  "terraform_version": "1.8.3",
  "serial": 3,
  "lineage": "4a8d0a5e-8b83-a148-b810-d998a3258c40",
  "outputs": {},
  "resources": [
    {
      "mode": "managed",
      "type": "random_pet",
      "name": "fp_tag",
      "provider": "provider[\"registry.terraform.io/hashicorp/random\"]",
      "instances": [
        {
          "schema_version": 0,
          "attributes": {
            "id": "mildly-flowing-horse",
            "keepers": {
              "fp": "5b:62:b6:16:40:f8:91:2f:18:c6:f0:66:14:80:f8:78"
            },
            "length": 3,
            "prefix": null,
            "separator": "-"
          },
          "sensitive_attributes": []
        }
      ]
    },
    {
      "mode": "managed",
      "type": "random_string",
      "name": "token",
      "provider": "provider[\"registry.terraform.io/hashicorp/random\"]",
      "instances": [
        {
          "schema_version": 2,
          "attributes": {
            "id": "CjJNf5Xpy5ow",
            "keepers": null,
            "length": 12,
            "lower": true,
            "min_lower": 0,
            "min_numeric": 0,
            "min_special": 0,
            "min_upper": 0,
            "number": true,
            "numeric": true,
            "override_special": null,
            "result": "CjJNf5Xpy5ow",
            "special": false,
            "upper": true
          },
          "sensitive_attributes": []
        }
      ]
    },
    {
      "mode": "managed",
      "type": "tls_private_key",
      "name": "signer",
      "provider": "provider[\"registry.terraform.io/hashicorp/tls\"]",
      "instances": [
        {
          "schema_version": 1,
          "attributes": {
            "algorithm": "ED25519",
            "ecdsa_curve": "P224",
            "id": "aa36c7ae6665188444a2269f3bb93507e5336fe3",
            "private_key_openssh": "-----BEGIN OPENSSH PRIVATE KEY-----\nb3BlbnNzaC1rZXktdjEAAAAABG5vbmUAAAAEbm9uZQAAAAAAAAABAAAAMwAAAAtz\nc2gtZWQyNTUxOQAAACB4Xz4OTYVLWA8RtkbDWTrWP0n4CmiQBt7pG4AhJL9YJwAA\nAIgPYaP9D2Gj/QAAAAtzc2gtZWQyNTUxOQAAACB4Xz4OTYVLWA8RtkbDWTrWP0n4\nCmiQBt7pG4AhJL9YJwAAAED/phMCMm56iyMGS6NY0GPVlAZnqgCT9vzr9eSCcIoA\n0HhfPg5NhUtYDxG2RsNZOtY/SfgKaJAG3ukbgCEkv1gnAAAAAAECAwQF\n-----END OPENSSH PRIVATE KEY-----\n",
            "private_key_pem": "-----BEGIN PRIVATE KEY-----\nMC4CAQAwBQYDK2VwBCIEIP+mEwIybnqLIwZLo1jQY9WUBmeqAJP2/Ov15IJwigDQ\n-----END PRIVATE KEY-----\n",
            "private_key_pem_pkcs8": "-----BEGIN PRIVATE KEY-----\nMC4CAQAwBQYDK2VwBCIEIP+mEwIybnqLIwZLo1jQY9WUBmeqAJP2/Ov15IJwigDQ\n-----END PRIVATE KEY-----\n",
            "public_key_fingerprint_md5": "5b:62:b6:16:40:f8:91:2f:18:c6:f0:66:14:80:f8:78",
            "public_key_fingerprint_sha256": "SHA256:YfXiai6DHif6utFlAYH8UGK5iu5SlEZ4KW+f3ZXa2H8",
            "public_key_openssh": "ssh-ed25519 AAAAC3NzaC1lZDI1NTE5AAAAIHhfPg5NhUtYDxG2RsNZOtY/SfgKaJAG3ukbgCEkv1gn\n",
            "public_key_pem": "-----BEGIN PUBLIC KEY-----\nMCowBQYDK2VwAyEAeF8+Dk2FS1gPEbZGw1k61j9J+ApokAbe6RuAISS/WCc=\n-----END PUBLIC KEY-----\n",
            "rsa_bits": 2048
          },
          "sensitive_attributes": [
            [
              {
                "type": "get_attr",
                "value": "private_key_pem_pkcs8"
              }
            ],
            [
              {
                "type": "get_attr",
                "value": "private_key_pem"
              }
            ],
            [
              {
                "type": "get_attr",
                "value": "private_key_openssh"
              }
            ]
          ]
        }
      ]
    }
  ],
  "check_results": null
}
