{
  "version": 4,
  "terraform_version": "1.8.3",
  "serial": 3,
  "lineage": "8a336ca8-b542-b950-bd0c-5364a92d8cb4",
  "outputs": {},
  "resources": [
    {
      "mode": "managed",
      "type": "random_pet",
      "name": "fp_tag",
      "provider": "provider[\"registry.terraform.io/hashicorp/random\"]",
      "instances": [
        {
          "schema_version": 0,
          "attributes": {
            "id": "wildly-set-maggot",
            "keepers": {
              "fp": "be:5d:c2:5f:e9:bc:56:4d:c1:4f:86:f6:38:4a:f4:f2"
            },
            "length": 3,
            "prefix": null,
            "separator": "-"
          },
          "sensitive_attributes": []
        }
      ]
    },
    {
      "mode": "managed",
      "type": "random_string",
      "name": "token",
      "provider": "provider[\"registry.terraform.io/hashicorp/random\"]",
      "instances": [
        {
          "schema_version": 2,
          "attributes": {
            "id": "x72LQtQJZDw1",
            "keepers": null,
            "length": 12,
            "lower": true,
            "min_lower": 0,
            "min_numeric": 0,
            "min_special": 0,
            "min_upper": 0,
            "number": true,
            "numeric": true,
            "override_special": null,
            "result": "x72LQtQJZDw1",
            "special": false,
            "upper": true
          },
          "sensitive_attributes": []
        }
      ]
    },
    {
      "mode": "managed",
      "type": "tls_private_key",
      "name": "signer",
      "provider": "provider[\"registry.terraform.io/hashicorp/tls\"]",
      "instances": [
        {
          "schema_version": 1,
          "attributes": {
            "algorithm": "ED25519",
            "ecdsa_curve": "P224",
            "id": "1629ef5725bc35316ad85bc226725cf1d07a00ca",
            "private_key_openssh": "-----BEGIN OPENSSH PRIVATE KEY-----\nb3BlbnNzaC1rZXktdjEAAAAABG5vbmUAAAAEbm9uZQAAAAAAAAABAAAAMwAAAAtz\nc2gtZWQyNTUxOQAAACAnojB9M4huLAKHMZY6DCZnPQc+IeA2Zt0RSWHk71ZY+gAA\nAIjirkiU4q5IlAAAAAtzc2gtZWQyNTUxOQAAACAnojB9M4huLAKHMZY6DCZnPQc+\nIeA2Zt0RSWHk71ZY+gAAAEB1i/6a162PmAId3Vn9gjcVdFyFYsh7rtjk0WBcjE45\nVyeiMH0ziG4sAocxljoMJmc9Bz4h4DZm3RFJYeTvVlj6AAAAAAECAwQF\n-----END OPENSSH PRIVATE KEY-----\n",
            "private_key_pem": "-----BEGIN PRIVATE KEY-----\nMC4CAQAwBQYDK2VwBCIEIHWL/prXrY+YAh3dWf2CNxV0XIViyHuu2OTRYFyMTjlX\n-----END PRIVATE KEY-----\n",
            "private_key_pem_pkcs8": "-----BEGIN PRIVATE KEY-----\nMC4CAQAwBQYDK2VwBCIEIHWL/prXrY+YAh3dWf2CNxV0XIViyHuu2OTRYFyMTjlX\n-----END PRIVATE KEY-----\n",
            "public_key_fingerprint_md5": "be:5d:c2:5f:e9:bc:56:4d:c1:4f:86:f6:38:4a:f4:f2",
            "public_key_fingerprint_sha256": "SHA256:rRXXbvO0SEW/TtPJ6wU9Tz+OMKXW1WOT+C1MgRp8u3M",
            "public_key_openssh": "ssh-ed25519 AAAAC3NzaC1lZDI1NTE5AAAAICeiMH0ziG4sAocxljoMJmc9Bz4h4DZm3RFJYeTvVlj6\n",
            "public_key_pem": "-----BEGIN PUBLIC KEY-----\nMCowBQYDK2VwAyEAJ6IwfTOIbiwChzGWOgwmZz0HPiHgNmbdEUlh5O9WWPo=\n-----END PUBLIC KEY-----\n",
            "rsa_bits": 2048
          },
          "sensitive_attributes": [
            [
              {
                "type": "get_attr",
                "value": "private_key_pem"
              }
            ],
            [
              {
                "type": "get_attr",
                "value": "private_key_openssh"
              }
            ],
            [
              {
                "type": "get_attr",
                "value": "private_key_pem_pkcs8"
              }
            ]
          ]
        }
      ]
    }
  ],
  "check_results": null
}
