{
  "version": 4,
  "terraform_version": "1.8.3",
  "serial": 3,
  "lineage": "b5aa33f7-5654-4053-6528-ec30d76f0cdd",
  "outputs": {},
  "resources": [
    {
      "mode": "managed",
      "type": "random_pet",
      "name": "fp_tag",
      "provider": "provider[\"registry.terraform.io/hashicorp/random\"]",
      "instances": [
        {
          "schema_version": 0,
          "attributes": {
            "id": "gently-fair-jaybird",
            "keepers": {
              "fp": "3e:2a:1e:6f:ce:bd:26:c4:f0:e5:10:ec:9f:cc:7d:e7"
            },
            "length": 3,
            "prefix": null,
            "separator": "-"
          },
          "sensitive_attributes": []
        }
      ]
    },
    {
      "mode": "managed",
      "type": "random_string",
      "name": "token",
      "provider": "provider[\"registry.terraform.io/hashicorp/random\"]",
      "instances": [
        {
          "schema_version": 2,
          "attributes": {
            "id": "N6XgUnAsJmly",
            "keepers": null,
            "length": 12,
            "lower": true,
            "min_lower": 0,
            "min_numeric": 0,
            "min_special": 0,
            "min_upper": 0,
            "number": true,
            "numeric": true,
            "override_special": null,
            "result": "N6XgUnAsJmly",
            "special": false,
            "upper": true
          },
          "sensitive_attributes": []
        }
      ]
    },
    {
      "mode": "managed",
      "type": "tls_private_key",
      "name": "signer",
      "provider": "provider[\"registry.terraform.io/hashicorp/tls\"]",
      "instances": [
        {
          "schema_version": 1,
          "attributes": {
            "algorithm": "ED25519",
            "ecdsa_curve": "P224",
            "id": "8cab4f0c59b17b0e91bcc9df041612e13290f4e3",
            "private_key_openssh": "-----BEGIN OPENSSH PRIVATE KEY-----\nb3BlbnNzaC1rZXktdjEAAAAABG5vbmUAAAAEbm9uZQAAAAAAAAABAAAAMwAAAAtz\nc2gtZWQyNTUxOQAAACC7f6Jj+seFsB5YTaQqHHLn58RSc8IxzmopzAG5BdsUCwAA\nAIiYIfn7mCH5+wAAAAtzc2gtZWQyNTUxOQAAACC7f6Jj+seFsB5YTaQqHHLn58RS\nc8IxzmopzAG5BdsUCwAAAEAucmBLyCQ5kNwEKsha0vlVKR+sPyIuoPR55feF+OyW\nBLt/omP6x4WwHlhNpCoccufnxFJzwjHOainMAbkF2xQLAAAAAAECAwQF\n-----END OPENSSH PRIVATE KEY-----\n",
            "private_key_pem": "-----BEGIN PRIVATE KEY-----\nMC4CAQAwBQYDK2VwBCIEIC5yYEvIJDmQ3AQqyFrS+VUpH6w/Ii6g9Hnl94X47JYE\n-----END PRIVATE KEY-----\n",
            "private_key_pem_pkcs8": "-----BEGIN PRIVATE KEY-----\nMC4CAQAwBQYDK2VwBCIEIC5yYEvIJDmQ3AQqyFrS+VUpH6w/Ii6g9Hnl94X47JYE\n-----END PRIVATE KEY-----\n",
            "public_key_fingerprint_md5": "3e:2a:1e:6f:ce:bd:26:c4:f0:e5:10:ec:9f:cc:7d:e7",
            "public_key_fingerprint_sha256": "SHA256:auKUy0DS6ly7mNfA6I5tXtfRhJePfJbX7Flp7lcrQmQ",
            "public_key_openssh": "ssh-ed25519 AAAAC3NzaC1lZDI1NTE5AAAAILt/omP6x4WwHlhNpCoccufnxFJzwjHOainMAbkF2xQL\n",
            "public_key_pem": "-----BEGIN PUBLIC KEY-----\nMCowBQYDK2VwAyEAu3+iY/rHhbAeWE2kKhxy5+fEUnPCMc5qKcwBuQXbFAs=\n-----END PUBLIC KEY-----\n",
            "rsa_bits": 2048
          },
          "sensitive_attributes": [
            [
              {
                "type": "get_attr",
                "value": "private_key_pem"
              }
            ],
            [
              {
                "type": "get_attr",
                "value": "private_key_pem_pkcs8"
              }
            ],
            [
              {
                "type": "get_attr",
                "value": "private_key_openssh"
              }
            ]
          ]
        }
      ]
    }
  ],
  "check_results": null
}
