{
  "version": 4,
  "terraform_version": "1.8.3",
  "serial": 3,
  "lineage": "d202633f-9f03-2ba2-db09-5542b03d8eec",
  "outputs": {},
  "resources": [
    {
      "mode": "managed",
      "type": "random_pet",
      "name": "fp_tag",
      "provider": "provider[\"registry.terraform.io/hashicorp/random\"]",
      "instances": [
        {
          "schema_version": 0,
          "attributes": {
            "id": "badly-flowing-stag",
            "keepers": {
              "fp": "da:e4:b8:25:d0:e4:7f:bb:ad:32:ce:40:04:6d:2d:5a"
            },
            "length": 3,
            "prefix": null,
            "separator": "-"
          },
          "sensitive_attributes": []
        }
      ]
    },
    {
      "mode": "managed",
      "type": "random_string",
      "name": "token",
      "provider": "provider[\"registry.terraform.io/hashicorp/random\"]",
      "instances": [
        {
          "schema_version": 2,
          "attributes": {
            "id": "SNfA6SurVB9A",
            "keepers": null,
            "length": 12,
            "lower": true,
            "min_lower": 0,
            "min_numeric": 0,
            "min_special": 0,
            "min_upper": 0,
            "number": true,
            "numeric": true,
            "override_special": null,
            "result": "SNfA6SurVB9A",
            "special": false,
            "upper": true
          },
          "sensitive_attributes": []
        }
      ]
    },
    {
      "mode": "managed",
      "type": "tls_private_key",
      "name": "signer",
      "provider": "provider[\"registry.terraform.io/hashicorp/tls\"]",
      "instances": [
        {
          "schema_version": 1,
          "attributes": {
            "algorithm": "ED25519",
            "ecdsa_curve": "P224",
            "id": "9effb054be86e98b045944fea0915c81bd20737e",
            "private_key_openssh": "-----BEGIN OPENSSH PRIVATE KEY-----\nb3BlbnNzaC1rZXktdjEAAAAABG5vbmUAAAAEbm9uZQAAAAAAAAABAAAAMwAAAAtz\nc2gtZWQyNTUxOQAAACCFe+waJBhP9Gcxiq63g4aRcxINpChlTrgR15L2ph1g/gAA\nAIgAUZq6AFGaugAAAAtzc2gtZWQyNTUxOQAAACCFe+waJBhP9Gcxiq63g4aRcxIN\npChlTrgR15L2ph1g/gAAAEDtMSj3+r9KxWR9jqJ3CN+J2G3ziYMEU5Bv0Bkwk6k7\nTYV77BokGE/0ZzGKrreDhpFzEg2kKGVOuBHXkvamHWD+AAAAAAECAwQF\n-----END OPENSSH PRIVATE KEY-----\n",
            "private_key_pem": "-----BEGIN PRIVATE KEY-----\nMC4CAQAwBQYDK2VwBCIEIO0xKPf6v0rFZH2OoncI34nYbfOJgwRTkG/QGTCTqTtN\n-----END PRIVATE KEY-----\n",
            "private_key_pem_pkcs8": "-----BEGIN PRIVATE KEY-----\nMC4CAQAwBQYDK2VwBCIEIO0xKPf6v0rFZH2OoncI34nYbfOJgwRTkG/QGTCTqTtN\n-----END PRIVATE KEY-----\n",
            "public_key_fingerprint_md5": "da:e4:b8:25:d0:e4:7f:bb:ad:32:ce:40:04:6d:2d:5a",
            "public_key_fingerprint_sha256": "SHA256:Iz/qjKtqoQcZu4aG6WZoX4zsyEIbc7l/TgXJjwjdvCM",
            "public_key_openssh": "ssh-ed25519 AAAAC3NzaC1lZDI1NTE5AAAAIIV77BokGE/0ZzGKrreDhpFzEg2kKGVOuBHXkvamHWD+\n",
            "public_key_pem": "-----BEGIN PUBLIC KEY-----\nMCowBQYDK2VwAyEAhXvsGiQYT/RnMYqut4OGkXMSDaQoZU64EdeS9qYdYP4=\n-----END PUBLIC KEY-----\n",
            "rsa_bits": 2048
          },
          "sensitive_attributes": [
            [
              {
                "type": "get_attr",
                "value": "private_key_pem_pkcs8"
              }
            ],
            [
              {
                "type": "get_attr",
                "value": "private_key_pem"
              }
            ],
            [
              {
                "type": "get_attr",
                "value": "private_key_openssh"
              }
            ]
          ]
        }
      ]
    }
  ],
  "check_results": null
}
