{
  "version": 4,
  "terraform_version": "1.8.3",
  "serial": 3,
  "lineage": "4da0aa38-835c-5d67-1da5-cada427fe20f",
  "outputs": {},
  "resources": [
    {
      "mode": "managed",
      "type": "random_pet",
      "name": "fp_tag",
      "provider": "provider[\"registry.terraform.io/hashicorp/random\"]",
      "instances": [
        {
          "schema_version": 0,
          "attributes": {
            "id": "hideously-striking-newt",
            "keepers": {
              "fp": "89:45:7e:f9:f5:9a:a2:b2:f6:aa:db:fd:1e:f7:d6:6d"
            },
            "length": 3,
            "prefix": null,
            "separator": "-"
          },
          "sensitive_attributes": []
        }
      ]
    },
    {
      "mode": "managed",
      "type": "random_string",
      "name": "token",
      "provider": "provider[\"registry.terraform.io/hashicorp/random\"]",
      "instances": [
        {
          "schema_version": 2,
          "attributes": {
            "id": "H4bRGIcRxU51",
            "keepers": null,
            "length": 12,
            "lower": true,
            "min_lower": 0,
            "min_numeric": 0,
            "min_special": 0,
            "min_upper": 0,
            "number": true,
            "numeric": true,
            "override_special": null,
            "result": "H4bRGIcRxU51",
            "special": false,
            "upper": true
          },
          "sensitive_attributes": []
        }
      ]
    },
    {
      "mode": "managed",
      "type": "tls_private_key",
      "name": "signer",
      "provider": "provider[\"registry.terraform.io/hashicorp/tls\"]",
      "instances": [
        {
          "schema_version": 1,
          "attributes": {
            "algorithm": "ED25519",
            "ecdsa_curve": "P224",
            "id": "14ce02c182acb4a53c9cae90552c6ef1266f5696",
            "private_key_openssh": "-----BEGIN OPENSSH PRIVATE KEY-----\nb3BlbnNzaC1rZXktdjEAAAAABG5vbmUAAAAEbm9uZQAAAAAAAAABAAAAMwAAAAtz\nc2gtZWQyNTUxOQAAACDGEOoNIzvmje4aMYkX2Q89V7C9Wqv/KWYQ9rB3GTOdkgAA\nAIjJMdvByTHbwQAAAAtzc2gtZWQyNTUxOQAAACDGEOoNIzvmje4aMYkX2Q89V7C9\nWqv/KWYQ9rB3GTOdkgAAAEBUpL9pwRnJ+XtJ8VehtgBckSZEnLlABJ5Kl84Y+vNL\nisYQ6g0jO+aN7hoxiRfZDz1XsL1aq/8pZhD2sHcZM52SAAAAAAECAwQF\n-----END OPENSSH PRIVATE KEY-----\n",
            "private_key_pem": "-----BEGIN PRIVATE KEY-----\nMC4CAQAwBQYDK2VwBCIEIFSkv2nBGcn5e0nxV6G2AFyRJkScuUAEnkqXzhj680uK\n-----END PRIVATE KEY-----\n",
            "private_key_pem_pkcs8": "-----BEGIN PRIVATE KEY-----\nMC4CAQAwBQYDK2VwBCIEIFSkv2nBGcn5e0nxV6G2AFyRJkScuUAEnkqXzhj680uK\n-----END PRIVATE KEY-----\n",
            "public_key_fingerprint_md5": "89:45:7e:f9:f5:9a:a2:b2:f6:aa:db:fd:1e:f7:d6:6d",
            "public_key_fingerprint_sha256": "SHA256:3uuhGuJPskdpraB1Rn8TdC+Y5qNGyK+QFi/Nl5nt0I4",
            "public_key_openssh": "ssh-ed25519 AAAAC3NzaC1lZDI1NTE5AAAAIMYQ6g0jO+aN7hoxiRfZDz1XsL1aq/8pZhD2sHcZM52S\n",
            "public_key_pem": "-----BEGIN PUBLIC KEY-----\nMCowBQYDK2VwAyEAxhDqDSM75o3uGjGJF9kPPVewvVqr/ylmEPawdxkznZI=\n-----END PUBLIC KEY-----\n",
            "rsa_bits": 2048
          },
          "sensitive_attributes": [
            [
              {
                "type": "get_attr",
                "value": "private_key_pem_pkcs8"
              }
            ],
            [
              {
                "type": "get_attr",
                "value": "private_key_openssh"
              }
            ],
            [
              {
                "type": "get_attr",
                "value": "private_key_pem"
              }
            ]
          ]
        }
      ]
    }
  ],
  "check_results": null
}
