{
  "version": 4,
  "terraform_version": "1.8.3",
  "serial": 3,
  "lineage": "07ad2468-9cc3-a5cb-351c-1b46e4965725",
  "outputs": {},
  "resources": [
    {
      "mode": "managed",
      "type": "random_pet",
      "name": "fp_tag",
      "provider": "provider[\"registry.terraform.io/hashicorp/random\"]",
      "instances": [
        {
          "schema_version": 0,
          "attributes": {
            "id": "entirely-resolved-crow",
            "keepers": {
              "fp": "65:df:f9:e6:56:85:b0:6c:a0:18:17:b3:d2:8c:e1:80"
            },
            "length": 3,
            "prefix": null,
            "separator": "-"
          },
          "sensitive_attributes": []
        }
      ]
    },
    {
      "mode": "managed",
      "type": "random_string",
      "name": "token",
      "provider": "provider[\"registry.terraform.io/hashicorp/random\"]",
      "instances": [
        {
          "schema_version": 2,
          "attributes": {
            "id": "OYljqOaM9XcZ",
            "keepers": null,
            "length": 12,
            "lower": true,
            "min_lower": 0,
            "min_numeric": 0,
            "min_special": 0,
            "min_upper": 0,
            "number": true,
            "numeric": true,
            "override_special": null,
            "result": "OYljqOaM9XcZ",
            "special": false,
            "upper": true
          },
          "sensitive_attributes": []
        }
      ]
    },
    {
      "mode": "managed",
      "type": "tls_private_key",
      "name": "signer",
      "provider": "provider[\"registry.terraform.io/hashicorp/tls\"]",
      "instances": [
        {
          "schema_version": 1,
          "attributes": {
            "algorithm": "ED25519",
            "ecdsa_curve": "P224",
            "id": "bcf4e4a704cb2a05b17f5713a8f6cfd4347b45d4",
            "private_key_openssh": "-----BEGIN OPENSSH PRIVATE KEY-----\nb3BlbnNzaC1rZXktdjEAAAAABG5vbmUAAAAEbm9uZQAAAAAAAAABAAAAMwAAAAtz\nc2gtZWQyNTUxOQAAACBcHe+6P/0DhqOIuuh7wZrqlJ5jhS8c+pfgO6A67RfRIgAA\nAIhxyqEZccqhGQAAAAtzc2gtZWQyNTUxOQAAACBcHe+6P/0DhqOIuuh7wZrqlJ5j\nhS8c+pfgO6A67RfRIgAAAEAm18C1nk6iA+qpP+XrPrSTbCJ5WICfWCI/cMI5z8+a\nx1wd77o//QOGo4i66HvBmuqUnmOFLxz6l+A7oDrtF9EiAAAAAAECAwQF\n-----END OPENSSH PRIVATE KEY-----\n",
            "private_key_pem": "-----BEGIN PRIVATE KEY-----\nMC4CAQAwBQYDK2VwBCIEICbXwLWeTqID6qk/5es+tJNsInlYgJ9YIj9wwjnPz5rH\n-----END PRIVATE KEY-----\n",
            "private_key_pem_pkcs8": "-----BEGIN PRIVATE KEY-----\nMC4CAQAwBQYDK2VwBCIEICbXwLWeTqID6qk/5es+tJNsInlYgJ9YIj9wwjnPz5rH\n-----END PRIVATE KEY-----\n",
            "public_key_fingerprint_md5": "65:df:f9:e6:56:85:b0:6c:a0:18:17:b3:d2:8c:e1:80",
            "public_key_fingerprint_sha256": "SHA256:i3v2QpGXOgfQyKbvPELyXqLf2+a+CpvEH7B1h+X4pz4",
            "public_key_openssh": "ssh-ed25519 AAAAC3NzaC1lZDI1NTE5AAAAIFwd77o//QOGo4i66HvBmuqUnmOFLxz6l+A7oDrtF9Ei\n",
            "public_key_pem": "-----BEGIN PUBLIC KEY-----\nMCowBQYDK2VwAyEAXB3vuj/9A4ajiLroe8Ga6pSeY4UvHPqX4DugOu0X0SI=\n-----END PUBLIC KEY-----\n",
            "rsa_bits": 2048
          },
          "sensitive_attributes": [
            [
              {
                "type": "get_attr",
                "value": "private_key_openssh"
              }
            ],
            [
              {
                "type": "get_attr",
                "value": "private_key_pem_pkcs8"
              }
            ],
            [
              {
                "type": "get_attr",
                "value": "private_key_pem"
              }
            ]
          ]
        }
      ]
    }
  ],
  "check_results": null
}
