{
  "version": 4,
  "terraform_version": "1.8.3",
  "serial": 13,
  "lineage": "e1d10ae4-8cdf-d276-d4c2-bb550e12be43",
  "outputs": {},
  "resources": [
    {
      "mode": "data",
      "type": "tls_public_key",
      "name": "pub",
      "provider": "provider[\"registry.terraform.io/hashicorp/tls\"]",
      "instances": [
        {
          "schema_version": 0,
          "attributes": {
            "algorithm": "ED25519",
            "id": "f1b106f766cd9a2f6a3fbdd60b6199b093f253c0",
            "private_key_openssh": null,
            "private_key_pem": "-----BEGIN PRIVATE KEY-----\nMC4CAQAwBQYDK2VwBCIEIDluj8lWNOmSbAiqKVzfCaZToiwkW4lfO8F/ZslzFgel\n-----END PRIVATE KEY-----\n",
            "public_key_fingerprint_md5": "b8:9e:9f:08:3f:34:42:da:72:62:f5:a5:3c:27:39:84",
            "public_key_fingerprint_sha256": "SHA256:UXB1lEJOHVaG2HMkoh+Jq+fbp+cimDR/sEkURw+z3/g",
            "public_key_openssh": "ssh-ed25519 AAAAC3NzaC1lZDI1NTE5AAAAIFUts1W54iNXvmR0CD0GMfq7u+HMwxcBUsqbG7TwsqM4\n",
            "public_key_pem": "-----BEGIN PUBLIC KEY-----\nMCowBQYDK2VwAyEAVS2zVbniI1e+ZHQIPQYx+ru74czDFwFSypsbtPCyozg=\n-----END PUBLIC KEY-----\n"
          },
          "sensitive_attributes": [
            [
              {
                "type": "get_attr",
                "value": "private_key_pem"
              }
            ],
            [
              {
                "type": "get_attr",
                "value": "private_key_openssh"
              }
            ]
          ]
        }
      ]
    },
    {
      "mode": "managed",
      "type": "random_integer",
      "name": "net_id",
      "provider": "provider[\"registry.terraform.io/hashicorp/random\"]",
      "instances": [
        {
          "schema_version": 0,
          "attributes": {
            "id": "9098",
            "keepers": null,
            "max": 9999,
            "min": 1000,
            "result": 9098,
            "seed": null
          },
          "sensitive_attributes": []
        }
      ]
    },
    {
      "mode": "managed",
      "type": "random_pet",
      "name": "fp_tag",
      "provider": "provider[\"registry.terraform.io/hashicorp/random\"]",
      "instances": [
        {
          "schema_version": 0,
          "attributes": {
            "id": "needlessly-lasting-polliwog",
            "keepers": {
              "fp": "b8:9e:9f:08:3f:34:42:da:72:62:f5:a5:3c:27:39:84"
            },
            "length": 3,
            "prefix": null,
            "separator": "-"
          },
          "sensitive_attributes": [],
          "dependencies": [
            "data.tls_public_key.pub",
            "tls_private_key.signer"
          ]
        }
      ]
    },
    {
      "mode": "managed",
      "type": "random_pet",
      "name": "instance",
      "provider": "provider[\"registry.terraform.io/hashicorp/random\"]",
      "instances": [
        {
          "schema_version": 0,
          "attributes": {
            "id": "wildly-optimal-oyster",
            "keepers": {
              "fp": "needlessly-lasting-polliwog",
              "gen": "evident-cowbird",
              "ld": "needlessly-lasting-polliwog",
              "lm": "evident-cowbird",
              "lr": "9098",
              "net": "9098",
              "tagged": "demo-instance",
              "token": "njpJY7c4x0jp"
            },
            "length": 3,
            "prefix": null,
            "separator": "-"
          },
          "sensitive_attributes": [],
          "dependencies": [
            "data.tls_public_key.pub",
            "module.idgen.random_pet.id",
            "random_integer.net_id",
            "random_pet.fp_tag",
            "random_string.token",
            "tls_private_key.signer"
          ]
        }
      ]
    },
    {
      "mode": "managed",
      "type": "random_pet",
      "name": "net_name",
      "provider": "provider[\"registry.terraform.io/hashicorp/random\"]",
      "instances": [
        {
          "schema_version": 0,
          "attributes": {
            "id": "demo-locally-pleasant-sawfish",
            "keepers": null,
            "length": 3,
            "prefix": "demo",
            "separator": "-"
          },
          "sensitive_attributes": []
        }
      ]
    },
    {
      "mode": "managed",
      "type": "random_pet",
      "name": "unmanaged_extra",
      "provider": "provider[\"registry.terraform.io/hashicorp/random\"]",
      "instances": [
        {
          "schema_version": 0,
          "attributes": {
            "id": "close-sheepdog",
            "keepers": null,
            "length": 2,
            "prefix": null,
            "separator": "-"
          },
          "sensitive_attributes": []
        }
      ]
    },
    {
      "mode": "managed",
      "type": "random_string",
      "name": "token",
      "provider": "provider[\"registry.terraform.io/hashicorp/random\"]",
      "instances": [
        {
          "schema_version": 2,
          "attributes": {
            "id": "njpJY7c4x0jp",
            "keepers": null,
            "length": 12,
            "lower": true,
            "min_lower": 0,
            "min_numeric": 0,
            "min_special": 0,
            "min_upper": 0,
            "number": true,
            "numeric": true,
            "override_special": null,
            "result": "njpJY7c4x0jp",
            "special": false,
            "upper": true
          },
          "sensitive_attributes": []
        }
      ]
    },
    {
      "mode": "managed",
      "type": "tls_private_key",
      "name": "cert",
      "provider": "provider[\"registry.terraform.io/hashicorp/tls\"]",
      "instances": [
        {
          "schema_version": 1,
          "attributes": {
            "algorithm": "ED25519",
            "ecdsa_curve": "P224",
            "id": "85c0961667acaf90089d1e8fe95c283b447a9a0e",
            "private_key_openssh": "-----BEGIN OPENSSH PRIVATE KEY-----\nb3BlbnNzaC1rZXktdjEAAAAABG5vbmUAAAAEbm9uZQAAAAAAAAABAAAAMwAAAAtz\nc2gtZWQyNTUxOQAAACBXNU2Em456c4c0/XeDZT3R9ZDTVYryzmpIONslpMYP4AAA\nAIhsbBbObGwWzgAAAAtzc2gtZWQyNTUxOQAAACBXNU2Em456c4c0/XeDZT3R9ZDT\nVYryzmpIONslpMYP4AAAAEA61yipzHbrYjJ+zzhHZAyRX9Nb/ldsGHQSLzsMDSvJ\nVlc1TYSbjnpzhzT9d4NlPdH1kNNVivLOakg42yWkxg/gAAAAAAECAwQF\n-----END OPENSSH PRIVATE KEY-----\n",
            "private_key_pem": "-----BEGIN PRIVATE KEY-----\nMC4CAQAwBQYDK2VwBCIEIDrXKKnMdutiMn7POEdkDJFf01v+V2wYdBIvOwwNK8lW\n-----END PRIVATE KEY-----\n",
            "private_key_pem_pkcs8": "-----BEGIN PRIVATE KEY-----\nMC4CAQAwBQYDK2VwBCIEIDrXKKnMdutiMn7POEdkDJFf01v+V2wYdBIvOwwNK8lW\n-----END PRIVATE KEY-----\n",
            "public_key_fingerprint_md5": "06:33:30:d8:57:00:ef:38:f0:ef:8e:d8:73:01:6b:91",
            "public_key_fingerprint_sha256": "SHA256:6+vVnGlJveu6P4caa9TqZ58LUAKcbaYGhJ+bz7tjvec",
            "public_key_openssh": "ssh-ed25519 AAAAC3NzaC1lZDI1NTE5AAAAIFc1TYSbjnpzhzT9d4NlPdH1kNNVivLOakg42yWkxg/g\n",
            "public_key_pem": "-----BEGIN PUBLIC KEY-----\nMCowBQYDK2VwAyEAVzVNhJuOenOHNP13g2U90fWQ01WK8s5qSDjbJaTGD+A=\n-----END PUBLIC KEY-----\n",
            "rsa_bits": 2048
          },
          "sensitive_attributes": [
            [
              {
                "type": "get_attr",
                "value": "private_key_pem"
              }
            ],
            [
              {
                "type": "get_attr",
                "value": "private_key_pem_pkcs8"
              }
            ],
            [
              {
                "type": "get_attr",
                "value": "private_key_openssh"
              }
            ]
          ]
        }
      ]
    },
    {
      "mode": "managed",
      "type": "tls_private_key",
      "name": "cert_by_module",
      "provider": "provider[\"registry.terraform.io/hashicorp/tls\"].by_module",
      "instances": [
        {
          "schema_version": 1,
          "attributes": {
            "algorithm": "ED25519",
            "ecdsa_curve": "P224",
            "id": "c8458e7771d411fbcd538372dc5dd27c44654918",
            "private_key_openssh": "-----BEGIN OPENSSH PRIVATE KEY-----\nb3BlbnNzaC1rZXktdjEAAAAABG5vbmUAAAAEbm9uZQAAAAAAAAABAAAAMwAAAAtz\nc2gtZWQyNTUxOQAAACAJ0zyGPzmTQwXUxPnSvQZOS/JBFSkfhmnqznIfgbbmlQAA\nAIiYB7x7mAe8ewAAAAtzc2gtZWQyNTUxOQAAACAJ0zyGPzmTQwXUxPnSvQZOS/JB\nFSkfhmnqznIfgbbmlQAAAEB/AMJJ6GdheXS16Ix9h5BQh+fkH1PsWg4P9oCUwA89\nQQnTPIY/OZNDBdTE+dK9Bk5L8kEVKR+GaerOch+BtuaVAAAAAAECAwQF\n-----END OPENSSH PRIVATE KEY-----\n",
            "private_key_pem": "-----BEGIN PRIVATE KEY-----\nMC4CAQAwBQYDK2VwBCIEIH8AwknoZ2F5dLXojH2HkFCH5+QfU+xaDg/2gJTADz1B\n-----END PRIVATE KEY-----\n",
            "private_key_pem_pkcs8": "-----BEGIN PRIVATE KEY-----\nMC4CAQAwBQYDK2VwBCIEIH8AwknoZ2F5dLXojH2HkFCH5+QfU+xaDg/2gJTADz1B\n-----END PRIVATE KEY-----\n",
            "public_key_fingerprint_md5": "17:8a:c5:49:fa:01:ac:2e:cf:0d:f2:06:ad:c2:91:0e",
            "public_key_fingerprint_sha256": "SHA256:Uz/AEhjOw2NYkQiCT9pYNTuvQxztoF2ucx3J4jTqBjw",
            "public_key_openssh": "ssh-ed25519 AAAAC3NzaC1lZDI1NTE5AAAAIAnTPIY/OZNDBdTE+dK9Bk5L8kEVKR+GaerOch+BtuaV\n",
            "public_key_pem": "-----BEGIN PUBLIC KEY-----\nMCowBQYDK2VwAyEACdM8hj85k0MF1MT50r0GTkvyQRUpH4Zp6s5yH4G25pU=\n-----END PUBLIC KEY-----\n",
            "rsa_bits": 2048
          },
          "sensitive_attributes": [
            [
              {
                "type": "get_attr",
                "value": "private_key_pem"
              }
            ],
            [
              {
                "type": "get_attr",
                "value": "private_key_pem_pkcs8"
              }
            ],
            [
              {
                "type": "get_attr",
                "value": "private_key_openssh"
              }
            ]
          ],
          "dependencies": [
            "module.idgen.random_pet.id",
            "random_integer.net_id",
            "random_string.token"
          ]
        }
      ]
    },
    {
      "mode": "managed",
      "type": "tls_private_key",
      "name": "cert_by_resource",
      "provider": "provider[\"registry.terraform.io/hashicorp/tls\"].by_resource",
      "instances": [
        {
          "schema_version": 1,
          "attributes": {
            "algorithm": "ED25519",
            "ecdsa_curve": "P224",
            "id": "551e87bc28460931611c3bb281a4f73700e7d273",
            "private_key_openssh": "-----BEGIN OPENSSH PRIVATE KEY-----\nb3BlbnNzaC1rZXktdjEAAAAABG5vbmUAAAAEbm9uZQAAAAAAAAABAAAAMwAAAAtz\nc2gtZWQyNTUxOQAAACAcwmkMn5LJxKYv5DU0gsUqi5ONeh3fTvgoudXCQf1PBAAA\nAIhMdOTRTHTk0QAAAAtzc2gtZWQyNTUxOQAAACAcwmkMn5LJxKYv5DU0gsUqi5ON\neh3fTvgoudXCQf1PBAAAAEDEgi0jmnxgTH61Qj3woYaku/pTK+O95up3moOhD3vL\njBzCaQyfksnEpi/kNTSCxSqLk416Hd9O+Ci51cJB/U8EAAAAAAECAwQF\n-----END OPENSSH PRIVATE KEY-----\n",
            "private_key_pem": "-----BEGIN PRIVATE KEY-----\nMC4CAQAwBQYDK2VwBCIEIMSCLSOafGBMfrVCPfChhqS7+lMr473m6neag6EPe8uM\n-----END PRIVATE KEY-----\n",
            "private_key_pem_pkcs8": "-----BEGIN PRIVATE KEY-----\nMC4CAQAwBQYDK2VwBCIEIMSCLSOafGBMfrVCPfChhqS7+lMr473m6neag6EPe8uM\n-----END PRIVATE KEY-----\n",
            "public_key_fingerprint_md5": "81:02:06:40:95:4d:3a:0c:fd:56:3b:e5:e1:5f:cc:5f",
            "public_key_fingerprint_sha256": "SHA256:H54XNCrzc165s1LU+s2Kiv8vaztK7dd5pQsXLJeHaTo",
            "public_key_openssh": "ssh-ed25519 AAAAC3NzaC1lZDI1NTE5AAAAIBzCaQyfksnEpi/kNTSCxSqLk416Hd9O+Ci51cJB/U8E\n",
            "public_key_pem": "-----BEGIN PUBLIC KEY-----\nMCowBQYDK2VwAyEAHMJpDJ+SycSmL+Q1NILFKouTjXod3074KLnVwkH9TwQ=\n-----END PUBLIC KEY-----\n",
            "rsa_bits": 2048
          },
          "sensitive_attributes": [
            [
              {
                "type": "get_attr",
                "value": "private_key_pem"
              }
            ],
            [
              {
                "type": "get_attr",
                "value": "private_key_pem_pkcs8"
              }
            ],
            [
              {
                "type": "get_attr",
                "value": "private_key_openssh"
              }
            ]
          ],
          "dependencies": [
            "random_pet.net_name"
          ]
        }
      ]
    },
    {
      "mode": "managed",
      "type": "tls_private_key",
      "name": "signer",
      "provider": "provider[\"registry.terraform.io/hashicorp/tls\"]",
      "instances": [
        {
          "schema_version": 1,
          "attributes": {
            "algorithm": "ED25519",
            "ecdsa_curve": "P224",
            "id": "f1b106f766cd9a2f6a3fbdd60b6199b093f253c0",
            "private_key_openssh": "-----BEGIN OPENSSH PRIVATE KEY-----\nb3BlbnNzaC1rZXktdjEAAAAABG5vbmUAAAAEbm9uZQAAAAAAAAABAAAAMwAAAAtz\nc2gtZWQyNTUxOQAAACBVLbNVueIjV75kdAg9BjH6u7vhzMMXAVLKmxu08LKjOAAA\nAIhP37T/T9+0/wAAAAtzc2gtZWQyNTUxOQAAACBVLbNVueIjV75kdAg9BjH6u7vh\nzMMXAVLKmxu08LKjOAAAAEA5bo/JVjTpkmwIqilc3wmmU6IsJFuJXzvBf2bJcxYH\npVUts1W54iNXvmR0CD0GMfq7u+HMwxcBUsqbG7TwsqM4AAAAAAECAwQF\n-----END OPENSSH PRIVATE KEY-----\n",
            "private_key_pem": "-----BEGIN PRIVATE KEY-----\nMC4CAQAwBQYDK2VwBCIEIDluj8lWNOmSbAiqKVzfCaZToiwkW4lfO8F/ZslzFgel\n-----END PRIVATE KEY-----\n",
            "private_key_pem_pkcs8": "-----BEGIN PRIVATE KEY-----\nMC4CAQAwBQYDK2VwBCIEIDluj8lWNOmSbAiqKVzfCaZToiwkW4lfO8F/ZslzFgel\n-----END PRIVATE KEY-----\n",
            "public_key_fingerprint_md5": "b8:9e:9f:08:3f:34:42:da:72:62:f5:a5:3c:27:39:84",
            "public_key_fingerprint_sha256": "SHA256:UXB1lEJOHVaG2HMkoh+Jq+fbp+cimDR/sEkURw+z3/g",
            "public_key_openssh": "ssh-ed25519 AAAAC3NzaC1lZDI1NTE5AAAAIFUts1W54iNXvmR0CD0GMfq7u+HMwxcBUsqbG7TwsqM4\n",
            "public_key_pem": "-----BEGIN PUBLIC KEY-----\nMCowBQYDK2VwAyEAVS2zVbniI1e+ZHQIPQYx+ru74czDFwFSypsbtPCyozg=\n-----END PUBLIC KEY-----\n",
            "rsa_bits": 2048
          },
          "sensitive_attributes": [
            [
              {
                "type": "get_attr",
                "value": "private_key_pem_pkcs8"
              }
            ],
            [
              {
                "type": "get_attr",
                "value": "private_key_pem"
              }
            ],
            [
              {
                "type": "get_attr",
                "value": "private_key_openssh"
              }
            ]
          ]
        }
      ]
    },
    {
      "module": "module.idgen",
      "mode": "managed",
      "type": "random_pet",
      "name": "id",
      "provider": "provider[\"registry.terraform.io/hashicorp/random\"]",
      "instances": [
        {
          "schema_version": 0,
          "attributes": {
            "id": "evident-cowbird",
            "keepers": {
              "seed": "9098",
              "tag": "njpJY7c4x0jp"
            },
            "length": 2,
            "prefix": null,
            "separator": "-"
          },
          "sensitive_attributes": [],
          "dependencies": [
            "random_integer.net_id",
            "random_string.token"
          ]
        }
      ]
    }
  ],
  "check_results": null
}
