{
  "version": 4,
  "terraform_version": "1.8.3",
  "serial": 13,
  "lineage": "440994ad-0915-312a-4701-329bec49401a",
  "outputs": {},
  "resources": [
    {
      "mode": "data",
      "type": "tls_public_key",
      "name": "pub",
      "provider": "provider[\"registry.terraform.io/hashicorp/tls\"]",
      "instances": [
        {
          "schema_version": 0,
          "attributes": {
            "algorithm": "ED25519",
            "id": "a09cddeb88c9c0fab75550d1306ef8f160d9f882",
            "private_key_openssh": null,
            "private_key_pem": "-----BEGIN PRIVATE KEY-----\nMC4CAQAwBQYDK2VwBCIEIMISGoymTfnv8HIGBQXvs63FZ3Ucd5rntJx906jTtJNK\n-----END PRIVATE KEY-----\n",
            "public_key_fingerprint_md5": "ea:6d:8e:82:02:d5:8b:7b:29:45:05:07:cf:6c:83:24",
            "public_key_fingerprint_sha256": "SHA256:d+CoxcH19r6TE2Gunlje3Vbc+fVljdWiD6bNlQ0VYOM",
            "public_key_openssh": "ssh-ed25519 AAAAC3NzaC1lZDI1NTE5AAAAIC+s+9KmHnSHmO4krMDLpVuuW/BJXZ6scnVOO0pebQbc\n",
            "public_key_pem": "-----BEGIN PUBLIC KEY-----\nMCowBQYDK2VwAyEAL6z70qYedIeY7iSswMulW65b8EldnqxydU47Sl5tBtw=\n-----END PUBLIC KEY-----\n"
          },
          "sensitive_attributes": [
            [
              {
                "type": "get_attr",
                "value": "private_key_openssh"
              }
            ],
            [
              {
                "type": "get_attr",
                "value": "private_key_pem"
              }
            ]
          ]
        }
      ]
    },
    {
      "mode": "managed",
      "type": "random_integer",
      "name": "net_id",
      "provider": "provider[\"registry.terraform.io/hashicorp/random\"]",
      "instances": [
        {
          "schema_version": 0,
          "attributes": {
            "id": "8833",
            "keepers": null,
            "max": 9999,
            "min": 1000,
            "result": 8833,
            "seed": null
          },
          "sensitive_attributes": []
        }
      ]
    },
    {
      "mode": "managed",
      "type": "random_pet",
      "name": "fp_tag",
      "provider": "provider[\"registry.terraform.io/hashicorp/random\"]",
      "instances": [
        {
          "schema_version": 0,
          "attributes": {
            "id": "firstly-upward-heron",
            "keepers": {
              "fp": "ea:6d:8e:82:02:d5:8b:7b:29:45:05:07:cf:6c:83:24"
            },
            "length": 3,
            "prefix": null,
            "separator": "-"
          },
          "sensitive_attributes": [],
          "dependencies": [
            "data.tls_public_key.pub",
            "tls_private_key.signer"
          ]
        }
      ]
    },
    {
      "mode": "managed",
      "type": "random_pet",
      "name": "instance",
      "provider": "provider[\"registry.terraform.io/hashicorp/random\"]",
      "instances": [
        {
          "schema_version": 0,
          "attributes": {
            "id": "firstly-fast-haddock",
            "keepers": {
              "fp": "firstly-upward-heron",
              "gen": "subtle-coral",
              "ld": "firstly-upward-heron",
              "lm": "subtle-coral",
              "lr": "8833",
              "net": "8833",
              "tagged": "demo-instance",
              "token": "dQHvFS9fACaf"
            },
            "length": 3,
            "prefix": null,
            "separator": "-"
          },
          "sensitive_attributes": [],
          "dependencies": [
            "data.tls_public_key.pub",
            "module.idgen.random_pet.id",
            "random_integer.net_id",
            "random_pet.fp_tag",
            "random_string.token",
            "tls_private_key.signer"
          ]
        }
      ]
    },
    {
      "mode": "managed",
      "type": "random_pet",
      "name": "net_name",
      "provider": "provider[\"registry.terraform.io/hashicorp/random\"]",
      "instances": [
        {
          "schema_version": 0,
          "attributes": {
            "id": "demo-centrally-positive-burro",
            "keepers": null,
            "length": 3,
            "prefix": "demo",
            "separator": "-"
          },
          "sensitive_attributes": []
        }
      ]
    },
    {
      "mode": "managed",
      "type": "random_pet",
      "name": "unmanaged_extra",
      "provider": "provider[\"registry.terraform.io/hashicorp/random\"]",
      "instances": [
        {
          "schema_version": 0,
          "attributes": {
            "id": "settled-eft",
            "keepers": null,
            "length": 2,
            "prefix": null,
            "separator": "-"
          },
          "sensitive_attributes": []
        }
      ]
    },
    {
      "mode": "managed",
      "type": "random_string",
      "name": "token",
      "provider": "provider[\"registry.terraform.io/hashicorp/random\"]",
      "instances": [
        {
          "schema_version": 2,
          "attributes": {
            "id": "dQHvFS9fACaf",
            "keepers": null,
            "length": 12,
            "lower": true,
            "min_lower": 0,
            "min_numeric": 0,
            "min_special": 0,
            "min_upper": 0,
            "number": true,
            "numeric": true,
            "override_special": null,
            "result": "dQHvFS9fACaf",
            "special": false,
            "upper": true
          },
          "sensitive_attributes": []
        }
      ]
    },
    {
      "mode": "managed",
      "type": "tls_private_key",
      "name": "cert",
      "provider": "provider[\"registry.terraform.io/hashicorp/tls\"]",
      "instances": [
        {
          "schema_version": 1,
          "attributes": {
            "algorithm": "ED25519",
            "ecdsa_curve": "P224",
            "id": "d71353ac893b8e49b18e4de5da7140e26d646bf2",
            "private_key_openssh": "-----BEGIN OPENSSH PRIVATE KEY-----\nb3BlbnNzaC1rZXktdjEAAAAABG5vbmUAAAAEbm9uZQAAAAAAAAABAAAAMwAAAAtz\nc2gtZWQyNTUxOQAAACCseGzimP+A3V5Yo0/ajQNnY3Hm/YZ1mmBY9eiQ8fP+rwAA\nAIjtNBQq7TQUKgAAAAtzc2gtZWQyNTUxOQAAACCseGzimP+A3V5Yo0/ajQNnY3Hm\n/YZ1mmBY9eiQ8fP+rwAAAEBfDsUk4rtMzcyJ/W13J2auIirCCtmLUaO7G8ky8lei\n06x4bOKY/4DdXlijT9qNA2djceb9hnWaYFj16JDx8/6vAAAAAAECAwQF\n-----END OPENSSH PRIVATE KEY-----\n",
            "private_key_pem": "-----BEGIN PRIVATE KEY-----\nMC4CAQAwBQYDK2VwBCIEIF8OxSTiu0zNzIn9bXcnZq4iKsIK2YtRo7sbyTLyV6LT\n-----END PRIVATE KEY-----\n",
            "private_key_pem_pkcs8": "-----BEGIN PRIVATE KEY-----\nMC4CAQAwBQYDK2VwBCIEIF8OxSTiu0zNzIn9bXcnZq4iKsIK2YtRo7sbyTLyV6LT\n-----END PRIVATE KEY-----\n",
            "public_key_fingerprint_md5": "54:59:56:55:7b:22:8f:8a:e1:09:11:61:dc:fd:a9:db",
            "public_key_fingerprint_sha256": "SHA256:sAY+FQcVdTIekzWyVaIwfTh2M3hevuAlTVEkpKwRq2o",
            "public_key_openssh": "ssh-ed25519 AAAAC3NzaC1lZDI1NTE5AAAAIKx4bOKY/4DdXlijT9qNA2djceb9hnWaYFj16JDx8/6v\n",
            "public_key_pem": "-----BEGIN PUBLIC KEY-----\nMCowBQYDK2VwAyEArHhs4pj/gN1eWKNP2o0DZ2Nx5v2GdZpgWPXokPHz/q8=\n-----END PUBLIC KEY-----\n",
            "rsa_bits": 2048
          },
          "sensitive_attributes": [
            [
              {
                "type": "get_attr",
                "value": "private_key_pem_pkcs8"
              }
            ],
            [
              {
                "type": "get_attr",
                "value": "private_key_openssh"
              }
            ],
            [
              {
                "type": "get_attr",
                "value": "private_key_pem"
              }
            ]
          ]
        }
      ]
    },
    {
      "mode": "managed",
      "type": "tls_private_key",
      "name": "cert_by_module",
      "provider": "provider[\"registry.terraform.io/hashicorp/tls\"].by_module",
      "instances": [
        {
          "schema_version": 1,
          "attributes": {
            "algorithm": "ED25519",
            "ecdsa_curve": "P224",
            "id": "17cb52888e8cf2b6d916303ca6938937cc3a8a48",
            "private_key_openssh": "-----BEGIN OPENSSH PRIVATE KEY-----\nb3BlbnNzaC1rZXktdjEAAAAABG5vbmUAAAAEbm9uZQAAAAAAAAABAAAAMwAAAAtz\nc2gtZWQyNTUxOQAAACDFH2iUsBvtkuMZgpf81rHxoq108ykZxAJ1TE+PSIf7UwAA\nAIgs5Y7ALOWOwAAAAAtzc2gtZWQyNTUxOQAAACDFH2iUsBvtkuMZgpf81rHxoq10\n8ykZxAJ1TE+PSIf7UwAAAEBHTcnlFjEFhJw2GjEAM9+CkVtnYdSyPDybPcHguJI5\necUfaJSwG+2S4xmCl/zWsfGirXTzKRnEAnVMT49Ih/tTAAAAAAECAwQF\n-----END OPENSSH PRIVATE KEY-----\n",
            "private_key_pem": "-----BEGIN PRIVATE KEY-----\nMC4CAQAwBQYDK2VwBCIEIEdNyeUWMQWEnDYaMQAz34KRW2dh1LI8PJs9weC4kjl5\n-----END PRIVATE KEY-----\n",
            "private_key_pem_pkcs8": "-----BEGIN PRIVATE KEY-----\nMC4CAQAwBQYDK2VwBCIEIEdNyeUWMQWEnDYaMQAz34KRW2dh1LI8PJs9weC4kjl5\n-----END PRIVATE KEY-----\n",
            "public_key_fingerprint_md5": "ce:8c:6e:a0:f1:17:d3:66:eb:25:d6:d9:9f:4a:4a:06",
            "public_key_fingerprint_sha256": "SHA256:RKGK+Gb38ZF4rmf9yPl7WAMEh/kp2Ld7X5JT06S/3mY",
            "public_key_openssh": "ssh-ed25519 AAAAC3NzaC1lZDI1NTE5AAAAIMUfaJSwG+2S4xmCl/zWsfGirXTzKRnEAnVMT49Ih/tT\n",
            "public_key_pem": "-----BEGIN PUBLIC KEY-----\nMCowBQYDK2VwAyEAxR9olLAb7ZLjGYKX/Nax8aKtdPMpGcQCdUxPj0iH+1M=\n-----END PUBLIC KEY-----\n",
            "rsa_bits": 2048
          },
          "sensitive_attributes": [
            [
              {
                "type": "get_attr",
                "value": "private_key_pem_pkcs8"
              }
            ],
            [
              {
                "type": "get_attr",
                "value": "private_key_pem"
              }
            ],
            [
              {
                "type": "get_attr",
                "value": "private_key_openssh"
              }
            ]
          ],
          "dependencies": [
            "module.idgen.random_pet.id",
            "random_integer.net_id",
            "random_string.token"
          ]
        }
      ]
    },
    {
      "mode": "managed",
      "type": "tls_private_key",
      "name": "cert_by_resource",
      "provider": "provider[\"registry.terraform.io/hashicorp/tls\"].by_resource",
      "instances": [
        {
          "schema_version": 1,
          "attributes": {
            "algorithm": "ED25519",
            "ecdsa_curve": "P224",
            "id": "f4326590ed055f4a1b6396fdc92f7e7ef207f99e",
            "private_key_openssh": "-----BEGIN OPENSSH PRIVATE KEY-----\nb3BlbnNzaC1rZXktdjEAAAAABG5vbmUAAAAEbm9uZQAAAAAAAAABAAAAMwAAAAtz\nc2gtZWQyNTUxOQAAACAYYkYwn4jPxuvvCoI+xNsEnAGd6NbMhbS2yCPWi28m8wAA\nAIjvbPdq72z3agAAAAtzc2gtZWQyNTUxOQAAACAYYkYwn4jPxuvvCoI+xNsEnAGd\n6NbMhbS2yCPWi28m8wAAAEBJ22ib5JgTtMKwXSIL7q9HUn8dmpxU9dALEzETMqGl\nbBhiRjCfiM/G6+8Kgj7E2wScAZ3o1syFtLbII9aLbybzAAAAAAECAwQF\n-----END OPENSSH PRIVATE KEY-----\n",
            "private_key_pem": "-----BEGIN PRIVATE KEY-----\nMC4CAQAwBQYDK2VwBCIEIEnbaJvkmBO0wrBdIgvur0dSfx2anFT10AsTMRMyoaVs\n-----END PRIVATE KEY-----\n",
            "private_key_pem_pkcs8": "-----BEGIN PRIVATE KEY-----\nMC4CAQAwBQYDK2VwBCIEIEnbaJvkmBO0wrBdIgvur0dSfx2anFT10AsTMRMyoaVs\n-----END PRIVATE KEY-----\n",
            "public_key_fingerprint_md5": "4d:46:f4:1e:97:d2:84:98:40:e9:61:7f:d0:f0:85:2a",
            "public_key_fingerprint_sha256": "SHA256:+n9fyCQJjo0gNhvl5rJRhqGYpxNVh9afsuiP4lHAYiM",
            "public_key_openssh": "ssh-ed25519 AAAAC3NzaC1lZDI1NTE5AAAAIBhiRjCfiM/G6+8Kgj7E2wScAZ3o1syFtLbII9aLbybz\n",
            "public_key_pem": "-----BEGIN PUBLIC KEY-----\nMCowBQYDK2VwAyEAGGJGMJ+Iz8br7wqCPsTbBJwBnejWzIW0tsgj1otvJvM=\n-----END PUBLIC KEY-----\n",
            "rsa_bits": 2048
          },
          "sensitive_attributes": [
            [
              {
                "type": "get_attr",
                "value": "private_key_pem_pkcs8"
              }
            ],
            [
              {
                "type": "get_attr",
                "value": "private_key_openssh"
              }
            ],
            [
              {
                "type": "get_attr",
                "value": "private_key_pem"
              }
            ]
          ],
          "dependencies": [
            "random_pet.net_name"
          ]
        }
      ]
    },
    {
      "mode": "managed",
      "type": "tls_private_key",
      "name": "signer",
      "provider": "provider[\"registry.terraform.io/hashicorp/tls\"]",
      "instances": [
        {
          "schema_version": 1,
          "attributes": {
            "algorithm": "ED25519",
            "ecdsa_curve": "P224",
            "id": "a09cddeb88c9c0fab75550d1306ef8f160d9f882",
            "private_key_openssh": "-----BEGIN OPENSSH PRIVATE KEY-----\nb3BlbnNzaC1rZXktdjEAAAAABG5vbmUAAAAEbm9uZQAAAAAAAAABAAAAMwAAAAtz\nc2gtZWQyNTUxOQAAACAvrPvSph50h5juJKzAy6VbrlvwSV2erHJ1TjtKXm0G3AAA\nAIjwBQN18AUDdQAAAAtzc2gtZWQyNTUxOQAAACAvrPvSph50h5juJKzAy6Vbrlvw\nSV2erHJ1TjtKXm0G3AAAAEDCEhqMpk357/ByBgUF77OtxWd1HHea57ScfdOo07ST\nSi+s+9KmHnSHmO4krMDLpVuuW/BJXZ6scnVOO0pebQbcAAAAAAECAwQF\n-----END OPENSSH PRIVATE KEY-----\n",
            "private_key_pem": "-----BEGIN PRIVATE KEY-----\nMC4CAQAwBQYDK2VwBCIEIMISGoymTfnv8HIGBQXvs63FZ3Ucd5rntJx906jTtJNK\n-----END PRIVATE KEY-----\n",
            "private_key_pem_pkcs8": "-----BEGIN PRIVATE KEY-----\nMC4CAQAwBQYDK2VwBCIEIMISGoymTfnv8HIGBQXvs63FZ3Ucd5rntJx906jTtJNK\n-----END PRIVATE KEY-----\n",
            "public_key_fingerprint_md5": "ea:6d:8e:82:02:d5:8b:7b:29:45:05:07:cf:6c:83:24",
            "public_key_fingerprint_sha256": "SHA256:d+CoxcH19r6TE2Gunlje3Vbc+fVljdWiD6bNlQ0VYOM",
            "public_key_openssh": "ssh-ed25519 AAAAC3NzaC1lZDI1NTE5AAAAIC+s+9KmHnSHmO4krMDLpVuuW/BJXZ6scnVOO0pebQbc\n",
            "public_key_pem": "-----BEGIN PUBLIC KEY-----\nMCowBQYDK2VwAyEAL6z70qYedIeY7iSswMulW65b8EldnqxydU47Sl5tBtw=\n-----END PUBLIC KEY-----\n",
            "rsa_bits": 2048
          },
          "sensitive_attributes": [
            [
              {
                "type": "get_attr",
                "value": "private_key_openssh"
              }
            ],
            [
              {
                "type": "get_attr",
                "value": "private_key_pem"
              }
            ],
            [
              {
                "type": "get_attr",
                "value": "private_key_pem_pkcs8"
              }
            ]
          ]
        }
      ]
    },
    {
      "module": "module.idgen",
      "mode": "managed",
      "type": "random_pet",
      "name": "id",
      "provider": "provider[\"registry.terraform.io/hashicorp/random\"]",
      "instances": [
        {
          "schema_version": 0,
          "attributes": {
            "id": "subtle-coral",
            "keepers": {
              "seed": "8833",
              "tag": "dQHvFS9fACaf"
            },
            "length": 2,
            "prefix": null,
            "separator": "-"
          },
          "sensitive_attributes": [],
          "dependencies": [
            "random_integer.net_id",
            "random_string.token"
          ]
        }
      ]
    }
  ],
  "check_results": null
}
