{
  "version": 4,
  "terraform_version": "1.2.9",
  "serial": 22,
  "lineage": "3474dc7f-df20-eeed-715b-364fd499a0a5",
  "outputs": {},
  "resources": [
    {
      "mode": "data",
      "type": "tls_public_key",
      "name": "pub",
      "provider": "provider[\"registry.terraform.io/hashicorp/tls\"]",
      "instances": [
        {
          "schema_version": 0,
          "attributes": {
            "algorithm": "ED25519",
            "id": "75103690ae70675cec980ee6b394213795fa6f6f",
            "private_key_openssh": null,
            "private_key_pem": "-----BEGIN PRIVATE KEY-----\nMC4CAQAwBQYDK2VwBCIEIJ+DkPybDu/0qC+66sgPA68DpOuaCTaUjQWu3nvRa3qd\n-----END PRIVATE KEY-----\n",
            "public_key_fingerprint_md5": "0a:ee:57:93:0d:4e:f2:ee:5f:d7:2a:28:9c:89:75:92",
            "public_key_fingerprint_sha256": "SHA256:IzqJPPWa/wjAzQ78kELUDyylVAyO7NaFiLKjRLi8Vdc",
            "public_key_openssh": "ssh-ed25519 AAAAC3NzaC1lZDI1NTE5AAAAIBaK0dgK0eEopV7AkgfRrn1b3qKwZKk6XZFYgCmOzkm+\n",
            "public_key_pem": "-----BEGIN PUBLIC KEY-----\nMCowBQYDK2VwAyEAForR2ArR4SilXsCSB9GufVveorBkqTpdkViAKY7OSb4=\n-----END PUBLIC KEY-----\n"
          },
          "sensitive_attributes": [
            [
              {
                "type": "get_attr",
                "value": "private_key_pem"
              }
            ]
          ]
        }
      ]
    },
    {
      "mode": "managed",
      "type": "random_pet",
      "name": "unmanaged_extra",
      "provider": "provider[\"registry.terraform.io/hashicorp/random\"]",
      "instances": [
        {
          "schema_version": 0,
          "attributes": {
            "id": "fit-foal",
            "keepers": null,
            "length": 2,
            "prefix": null,
            "separator": "-"
          },
          "sensitive_attributes": []
        }
      ]
    }
  ]
}
