{
  "version": 4,
  "terraform_version": "1.8.3",
  "serial": 23,
  "lineage": "99341440-6a99-61e8-3e96-38c240fee2e7",
  "outputs": {},
  "resources": [
    {
      "mode": "data",
      "type": "tls_public_key",
      "name": "pub",
      "provider": "provider[\"registry.terraform.io/hashicorp/tls\"]",
      "instances": [
        {
          "schema_version": 0,
          "attributes": {
            "algorithm": "ED25519",
            "id": "7a12650a0adc4c5b5f8efb12e122ccd5aea278bf",
            "private_key_openssh": null,
            "private_key_pem": "-----BEGIN PRIVATE KEY-----\nMC4CAQAwBQYDK2VwBCIEICXCFxAAOX9HLW6CjWmFMRnMocnfw97HxLbqktED8ucR\n-----END PRIVATE KEY-----\n",
            "public_key_fingerprint_md5": "2e:c8:ae:3d:b2:94:76:a8:70:58:78:3d:45:8a:18:3b",
            "public_key_fingerprint_sha256": "SHA256:Z6dm5xwRKaoBoHLYURsrTo4MXnOFrKCQfYVbcTWUWbM",
            "public_key_openssh": "ssh-ed25519 AAAAC3NzaC1lZDI1NTE5AAAAIMr89Of8bSl/E73rmLZEgDJAlo04Vx189jISzGvnJ4h/\n",
            "public_key_pem": "-----BEGIN PUBLIC KEY-----\nMCowBQYDK2VwAyEAyvz05/xtKX8TveuYtkSAMkCWjThXHXz2MhLMa+cniH8=\n-----END PUBLIC KEY-----\n"
          },
          "sensitive_attributes": [
            [
              {
                "type": "get_attr",
                "value": "private_key_openssh"
              }
            ],
            [
              {
                "type": "get_attr",
                "value": "private_key_pem"
              }
            ]
          ]
        }
      ]
    },
    {
      "mode": "managed",
      "type": "random_pet",
      "name": "unmanaged_extra",
      "provider": "provider[\"registry.terraform.io/hashicorp/random\"]",
      "instances": [
        {
          "schema_version": 0,
          "attributes": {
            "id": "kind-duck",
            "keepers": null,
            "length": 2,
            "prefix": null,
            "separator": "-"
          },
          "sensitive_attributes": []
        }
      ]
    }
  ],
  "check_results": null
}
