{
  "version": 4,
  "terraform_version": "1.8.3",
  "serial": 6,
  "lineage": "19b8bd2b-be98-d460-f88e-4f1bcd45f194",
  "outputs": {},
  "resources": [
    {
      "mode": "managed",
      "type": "random_pet",
      "name": "network_name",
      "provider": "provider[\"registry.terraform.io/hashicorp/random\"]",
      "instances": [
        {
          "schema_version": 0,
          "attributes": {
            "id": "acme-modern-osprey",
            "keepers": null,
            "length": 2,
            "prefix": "acme",
            "separator": "-"
          },
          "sensitive_attributes": []
        }
      ]
    },
    {
      "mode": "managed",
      "type": "random_uuid",
      "name": "nat_gateway_id",
      "provider": "provider[\"registry.terraform.io/hashicorp/random\"]",
      "instances": [
        {
          "schema_version": 0,
          "attributes": {
            "id": "4a3f58b6-32fd-b282-dead-85e792e618ca",
            "keepers": null,
            "result": "4a3f58b6-32fd-b282-dead-85e792e618ca"
          },
          "sensitive_attributes": []
        }
      ]
    },
    {
      "mode": "managed",
      "type": "random_uuid",
      "name": "vpc_id",
      "provider": "provider[\"registry.terraform.io/hashicorp/random\"]",
      "instances": [
        {
          "schema_version": 0,
          "attributes": {
            "id": "16a3c976-bdf6-aff0-966c-9f9aef117db3",
            "keepers": null,
            "result": "16a3c976-bdf6-aff0-966c-9f9aef117db3"
          },
          "sensitive_attributes": []
        }
      ]
    },
    {
      "mode": "managed",
      "type": "time_sleep",
      "name": "network_propagation",
      "provider": "provider[\"registry.terraform.io/hashicorp/time\"]",
      "instances": [
        {
          "schema_version": 0,
          "attributes": {
            "create_duration": "10s",
            "destroy_duration": null,
            "id": "2026-08-17T17:54:53Z",
            "triggers": null
          },
          "sensitive_attributes": [],
          "dependencies": [
            "data.local_file.environment",
            "module.private_subnet.random_uuid.route_table_id",
            "module.private_subnet.random_uuid.subnet_id",
            "module.public_subnet.random_uuid.route_table_id",
            "module.public_subnet.random_uuid.subnet_id",
            "random_uuid.vpc_id"
          ]
        }
      ]
    },
    {
      "module": "module.private_subnet",
      "mode": "managed",
      "type": "random_uuid",
      "name": "route_table_id",
      "provider": "provider[\"registry.terraform.io/hashicorp/random\"]",
      "instances": [
        {
          "schema_version": 0,
          "attributes": {
            "id": "ffef6689-ad03-c125-e24b-302ecf692d77",
            "keepers": {
              "subnet_id": "bb4ac372-4d3a-d8e3-6607-6a5cd71a8131"
            },
            "result": "ffef6689-ad03-c125-e24b-302ecf692d77"
          },
          "sensitive_attributes": []
        }
      ]
    },
    {
      "module": "module.private_subnet",
      "mode": "managed",
      "type": "random_uuid",
      "name": "subnet_id",
      "provider": "provider[\"registry.terraform.io/hashicorp/random\"]",
      "instances": [
        {
          "schema_version": 0,
          "attributes": {
            "id": "bb4ac372-4d3a-d8e3-6607-6a5cd71a8131",
            "keepers": {
              "cidr": "10.0.2.0/24",
              "vpc_id": "16a3c976-bdf6-aff0-966c-9f9aef117db3"
            },
            "result": "bb4ac372-4d3a-d8e3-6607-6a5cd71a8131"
          },
          "sensitive_attributes": []
        }
      ]
    },
    {
      "module": "module.public_subnet",
      "mode": "managed",
      "type": "random_uuid",
      "name": "route_table_id",
      "provider": "provider[\"registry.terraform.io/hashicorp/random\"]",
      "instances": [
        {
          "schema_version": 0,
          "attributes": {
            "id": "528b9c6c-77fc-8189-dd34-4bc641c2e4c8",
            "keepers": {
              "subnet_id": "a26de98a-ef0a-e895-11ca-29996b4ac826"
            },
            "result": "528b9c6c-77fc-8189-dd34-4bc641c2e4c8"
          },
          "sensitive_attributes": []
        }
      ]
    },
    {
      "module": "module.public_subnet",
      "mode": "managed",
      "type": "random_uuid",
      "name": "subnet_id",
      "provider": "provider[\"registry.terraform.io/hashicorp/random\"]",
      "instances": [
        {
          "schema_version": 0,
          "attributes": {
            "id": "a26de98a-ef0a-e895-11ca-29996b4ac826",
            "keepers": {
              "cidr": "10.0.1.0/24",
              "vpc_id": "16a3c976-bdf6-aff0-966c-9f9aef117db3"
            },
            "result": "a26de98a-ef0a-e895-11ca-29996b4ac826"
          },
          "sensitive_attributes": []
        }
      ]
    }
  ],
  "check_results": null
}
