{
  "version": 4,
  "terraform_version": "1.8.3",
  "serial": 6,
  "lineage": "daee3a6b-f1dc-9c53-407b-43775f745ea8",
  "outputs": {},
  "resources": [
    {
      "mode": "managed",
      "type": "random_pet",
      "name": "network_name",
      "provider": "provider[\"registry.terraform.io/hashicorp/random\"]",
      "instances": [
        {
          "schema_version": 0,
          "attributes": {
            "id": "acme-casual-woodcock",
            "keepers": null,
            "length": 2,
            "prefix": "acme",
            "separator": "-"
          },
          "sensitive_attributes": []
        }
      ]
    },
    {
      "mode": "managed",
      "type": "random_uuid",
      "name": "nat_gateway_id",
      "provider": "provider[\"registry.terraform.io/hashicorp/random\"]",
      "instances": [
        {
          "schema_version": 0,
          "attributes": {
            "id": "c14a1759-b9cc-9ac2-d21e-3f7c226dac62",
            "keepers": null,
            "result": "c14a1759-b9cc-9ac2-d21e-3f7c226dac62"
          },
          "sensitive_attributes": []
        }
      ]
    },
    {
      "mode": "managed",
      "type": "random_uuid",
      "name": "vpc_id",
      "provider": "provider[\"registry.terraform.io/hashicorp/random\"]",
      "instances": [
        {
          "schema_version": 0,
          "attributes": {
            "id": "4974b84b-b7bc-3c05-ff1b-6c0d67c46870",
            "keepers": null,
            "result": "4974b84b-b7bc-3c05-ff1b-6c0d67c46870"
          },
          "sensitive_attributes": []
        }
      ]
    },
    {
      "mode": "managed",
      "type": "time_sleep",
      "name": "network_propagation",
      "provider": "provider[\"registry.terraform.io/hashicorp/time\"]",
      "instances": [
        {
          "schema_version": 0,
          "attributes": {
            "create_duration": "1s",
            "destroy_duration": null,
            "id": "2026-08-18T13:22:11Z",
            "triggers": null
          },
          "sensitive_attributes": [],
          "dependencies": [
            "data.local_file.environment",
            "module.private_subnet.random_uuid.route_table_id",
            "module.private_subnet.random_uuid.subnet_id",
            "module.public_subnet.random_uuid.route_table_id",
            "module.public_subnet.random_uuid.subnet_id",
            "random_uuid.vpc_id"
          ]
        }
      ]
    },
    {
      "module": "module.private_subnet",
      "mode": "managed",
      "type": "random_uuid",
      "name": "route_table_id",
      "provider": "provider[\"registry.terraform.io/hashicorp/random\"]",
      "instances": [
        {
          "schema_version": 0,
          "attributes": {
            "id": "f0584110-482e-334f-80ce-dcc66102d008",
            "keepers": {
              "subnet_id": "c3a2fa15-ab14-df69-eaa4-a982da2a2217"
            },
            "result": "f0584110-482e-334f-80ce-dcc66102d008"
          },
          "sensitive_attributes": []
        }
      ]
    },
    {
      "module": "module.private_subnet",
      "mode": "managed",
      "type": "random_uuid",
      "name": "subnet_id",
      "provider": "provider[\"registry.terraform.io/hashicorp/random\"]",
      "instances": [
        {
          "schema_version": 0,
          "attributes": {
            "id": "c3a2fa15-ab14-df69-eaa4-a982da2a2217",
            "keepers": {
              "cidr": "10.0.2.0/24",
              "vpc_id": "4974b84b-b7bc-3c05-ff1b-6c0d67c46870"
            },
            "result": "c3a2fa15-ab14-df69-eaa4-a982da2a2217"
          },
          "sensitive_attributes": []
        }
      ]
    },
    {
      "module": "module.public_subnet",
      "mode": "managed",
      "type": "random_uuid",
      "name": "route_table_id",
      "provider": "provider[\"registry.terraform.io/hashicorp/random\"]",
      "instances": [
        {
          "schema_version": 0,
          "attributes": {
            "id": "377e83d6-5964-005b-5c7a-99d043f27f78",
            "keepers": {
              "subnet_id": "7fce5636-986c-1a1a-2325-5f90c5c25d7c"
            },
            "result": "377e83d6-5964-005b-5c7a-99d043f27f78"
          },
          "sensitive_attributes": []
        }
      ]
    },
    {
      "module": "module.public_subnet",
      "mode": "managed",
      "type": "random_uuid",
      "name": "subnet_id",
      "provider": "provider[\"registry.terraform.io/hashicorp/random\"]",
      "instances": [
        {
          "schema_version": 0,
          "attributes": {
            "id": "7fce5636-986c-1a1a-2325-5f90c5c25d7c",
            "keepers": {
              "cidr": "10.0.1.0/24",
              "vpc_id": "4974b84b-b7bc-3c05-ff1b-6c0d67c46870"
            },
            "result": "7fce5636-986c-1a1a-2325-5f90c5c25d7c"
          },
          "sensitive_attributes": []
        }
      ]
    }
  ],
  "check_results": null
}
