{
  "version": 4,
  "terraform_version": "1.8.3",
  "serial": 6,
  "lineage": "2f066778-bd74-3211-d674-8835ccf96091",
  "outputs": {},
  "resources": [
    {
      "mode": "managed",
      "type": "random_pet",
      "name": "network_name",
      "provider": "provider[\"registry.terraform.io/hashicorp/random\"]",
      "instances": [
        {
          "schema_version": 0,
          "attributes": {
            "id": "acme-notable-reindeer",
            "keepers": null,
            "length": 2,
            "prefix": "acme",
            "separator": "-"
          },
          "sensitive_attributes": []
        }
      ]
    },
    {
      "mode": "managed",
      "type": "random_uuid",
      "name": "nat_gateway_id",
      "provider": "provider[\"registry.terraform.io/hashicorp/random\"]",
      "instances": [
        {
          "schema_version": 0,
          "attributes": {
            "id": "3787bb39-fd18-5991-3626-cecbff223ab1",
            "keepers": null,
            "result": "3787bb39-fd18-5991-3626-cecbff223ab1"
          },
          "sensitive_attributes": []
        }
      ]
    },
    {
      "mode": "managed",
      "type": "random_uuid",
      "name": "vpc_id",
      "provider": "provider[\"registry.terraform.io/hashicorp/random\"]",
      "instances": [
        {
          "schema_version": 0,
          "attributes": {
            "id": "97c71689-4890-694b-58cb-de073e281818",
            "keepers": null,
            "result": "97c71689-4890-694b-58cb-de073e281818"
          },
          "sensitive_attributes": []
        }
      ]
    },
    {
      "mode": "managed",
      "type": "time_sleep",
      "name": "network_propagation",
      "provider": "provider[\"registry.terraform.io/hashicorp/time\"]",
      "instances": [
        {
          "schema_version": 0,
          "attributes": {
            "create_duration": "10s",
            "destroy_duration": null,
            "id": "2026-08-17T16:08:41Z",
            "triggers": null
          },
          "sensitive_attributes": [],
          "dependencies": [
            "data.local_file.environment",
            "module.private_subnet.random_uuid.route_table_id",
            "module.private_subnet.random_uuid.subnet_id",
            "module.public_subnet.random_uuid.route_table_id",
            "module.public_subnet.random_uuid.subnet_id",
            "random_uuid.vpc_id"
          ]
        }
      ]
    },
    {
      "module": "module.private_subnet",
      "mode": "managed",
      "type": "random_uuid",
      "name": "route_table_id",
      "provider": "provider[\"registry.terraform.io/hashicorp/random\"]",
      "instances": [
        {
          "schema_version": 0,
          "attributes": {
            "id": "bbdfecfe-580a-8c5e-ad19-5e8f146bce59",
            "keepers": {
              "subnet_id": "b9e4f522-ab6a-8f51-c08b-fb3aa4333c75"
            },
            "result": "bbdfecfe-580a-8c5e-ad19-5e8f146bce59"
          },
          "sensitive_attributes": []
        }
      ]
    },
    {
      "module": "module.private_subnet",
      "mode": "managed",
      "type": "random_uuid",
      "name": "subnet_id",
      "provider": "provider[\"registry.terraform.io/hashicorp/random\"]",
      "instances": [
        {
          "schema_version": 0,
          "attributes": {
            "id": "b9e4f522-ab6a-8f51-c08b-fb3aa4333c75",
            "keepers": {
              "cidr": "10.0.2.0/24",
              "vpc_id": "97c71689-4890-694b-58cb-de073e281818"
            },
            "result": "b9e4f522-ab6a-8f51-c08b-fb3aa4333c75"
          },
          "sensitive_attributes": []
        }
      ]
    },
    {
      "module": "module.public_subnet",
      "mode": "managed",
      "type": "random_uuid",
      "name": "route_table_id",
      "provider": "provider[\"registry.terraform.io/hashicorp/random\"]",
      "instances": [
        {
          "schema_version": 0,
          "attributes": {
            "id": "56a8d658-c57e-da5a-7260-7b7734d1ff7d",
            "keepers": {
              "subnet_id": "241c239d-f4b8-31fc-76b9-4d362ed995a3"
            },
            "result": "56a8d658-c57e-da5a-7260-7b7734d1ff7d"
          },
          "sensitive_attributes": []
        }
      ]
    },
    {
      "module": "module.public_subnet",
      "mode": "managed",
      "type": "random_uuid",
      "name": "subnet_id",
      "provider": "provider[\"registry.terraform.io/hashicorp/random\"]",
      "instances": [
        {
          "schema_version": 0,
          "attributes": {
            "id": "241c239d-f4b8-31fc-76b9-4d362ed995a3",
            "keepers": {
              "cidr": "10.0.1.0/24",
              "vpc_id": "97c71689-4890-694b-58cb-de073e281818"
            },
            "result": "241c239d-f4b8-31fc-76b9-4d362ed995a3"
          },
          "sensitive_attributes": []
        }
      ]
    }
  ],
  "check_results": null
}
