{
  "version": 4,
  "terraform_version": "1.8.3",
  "serial": 5,
  "lineage": "e8138718-1ec8-c9c8-1ee7-383113f74bc6",
  "outputs": {},
  "resources": [
    {
      "mode": "managed",
      "type": "random_pet",
      "name": "network_name",
      "provider": "provider[\"registry.terraform.io/hashicorp/random\"]",
      "instances": [
        {
          "schema_version": 0,
          "attributes": {
            "id": "acme-tight-locust",
            "keepers": null,
            "length": 2,
            "prefix": "acme",
            "separator": "-"
          },
          "sensitive_attributes": []
        }
      ]
    },
    {
      "mode": "managed",
      "type": "random_uuid",
      "name": "nat_gateway_id",
      "provider": "provider[\"registry.terraform.io/hashicorp/random\"]",
      "instances": [
        {
          "schema_version": 0,
          "attributes": {
            "id": "8f61303d-df21-7665-6e96-308e28c71689",
            "keepers": {
              "vpc": "c3a8e77b-ab0f-1af2-c019-9c911d8a72d0"
            },
            "result": "8f61303d-df21-7665-6e96-308e28c71689"
          },
          "sensitive_attributes": []
        }
      ]
    },
    {
      "mode": "managed",
      "type": "random_uuid",
      "name": "vpc_id",
      "provider": "provider[\"registry.terraform.io/hashicorp/random\"]",
      "instances": [
        {
          "schema_version": 0,
          "attributes": {
            "id": "c3a8e77b-ab0f-1af2-c019-9c911d8a72d0",
            "keepers": null,
            "result": "c3a8e77b-ab0f-1af2-c019-9c911d8a72d0"
          },
          "sensitive_attributes": []
        }
      ]
    },
    {
      "module": "module.private_subnet",
      "mode": "managed",
      "type": "random_uuid",
      "name": "route_table_id",
      "provider": "provider[\"registry.terraform.io/hashicorp/random\"]",
      "instances": [
        {
          "schema_version": 0,
          "attributes": {
            "id": "e751ce42-9a8c-b693-dd1a-fa47fa3b4fb8",
            "keepers": {
              "subnet_id": "5fb798b9-8b0c-25c1-21ab-7289242dc829"
            },
            "result": "e751ce42-9a8c-b693-dd1a-fa47fa3b4fb8"
          },
          "sensitive_attributes": []
        }
      ]
    },
    {
      "module": "module.private_subnet",
      "mode": "managed",
      "type": "random_uuid",
      "name": "subnet_id",
      "provider": "provider[\"registry.terraform.io/hashicorp/random\"]",
      "instances": [
        {
          "schema_version": 0,
          "attributes": {
            "id": "5fb798b9-8b0c-25c1-21ab-7289242dc829",
            "keepers": {
              "cidr": "10.0.2.0/24",
              "vpc_id": "c3a8e77b-ab0f-1af2-c019-9c911d8a72d0"
            },
            "result": "5fb798b9-8b0c-25c1-21ab-7289242dc829"
          },
          "sensitive_attributes": []
        }
      ]
    },
    {
      "module": "module.public_subnet",
      "mode": "managed",
      "type": "random_uuid",
      "name": "route_table_id",
      "provider": "provider[\"registry.terraform.io/hashicorp/random\"]",
      "instances": [
        {
          "schema_version": 0,
          "attributes": {
            "id": "f4786b78-57f3-009e-a1f1-d555350813be",
            "keepers": {
              "subnet_id": "f4523842-5ceb-caae-5187-e486b3059f44"
            },
            "result": "f4786b78-57f3-009e-a1f1-d555350813be"
          },
          "sensitive_attributes": []
        }
      ]
    },
    {
      "module": "module.public_subnet",
      "mode": "managed",
      "type": "random_uuid",
      "name": "subnet_id",
      "provider": "provider[\"registry.terraform.io/hashicorp/random\"]",
      "instances": [
        {
          "schema_version": 0,
          "attributes": {
            "id": "f4523842-5ceb-caae-5187-e486b3059f44",
            "keepers": {
              "cidr": "10.0.1.0/24",
              "vpc_id": "c3a8e77b-ab0f-1af2-c019-9c911d8a72d0"
            },
            "result": "f4523842-5ceb-caae-5187-e486b3059f44"
          },
          "sensitive_attributes": []
        }
      ]
    }
  ],
  "check_results": null
}
