{
  "version": 4,
  "terraform_version": "1.8.3",
  "serial": 5,
  "lineage": "f912de3c-9d87-9c40-9963-21f3b74a60da",
  "outputs": {},
  "resources": [
    {
      "mode": "managed",
      "type": "random_pet",
      "name": "network_name",
      "provider": "provider[\"registry.terraform.io/hashicorp/random\"]",
      "instances": [
        {
          "schema_version": 0,
          "attributes": {
            "id": "acme-proud-wolf",
            "keepers": null,
            "length": 2,
            "prefix": "acme",
            "separator": "-"
          },
          "sensitive_attributes": []
        }
      ]
    },
    {
      "mode": "managed",
      "type": "random_uuid",
      "name": "nat_gateway_id",
      "provider": "provider[\"registry.terraform.io/hashicorp/random\"]",
      "instances": [
        {
          "schema_version": 0,
          "attributes": {
            "id": "f1d5321e-21c9-ecec-ae20-267552d26cb6",
            "keepers": {
              "vpc": "6a6f7bbe-8c89-bb01-d214-13f260e77853"
            },
            "result": "f1d5321e-21c9-ecec-ae20-267552d26cb6"
          },
          "sensitive_attributes": []
        }
      ]
    },
    {
      "mode": "managed",
      "type": "random_uuid",
      "name": "vpc_id",
      "provider": "provider[\"registry.terraform.io/hashicorp/random\"]",
      "instances": [
        {
          "schema_version": 0,
          "attributes": {
            "id": "6a6f7bbe-8c89-bb01-d214-13f260e77853",
            "keepers": null,
            "result": "6a6f7bbe-8c89-bb01-d214-13f260e77853"
          },
          "sensitive_attributes": []
        }
      ]
    },
    {
      "module": "module.private_subnet",
      "mode": "managed",
      "type": "random_uuid",
      "name": "route_table_id",
      "provider": "provider[\"registry.terraform.io/hashicorp/random\"]",
      "instances": [
        {
          "schema_version": 0,
          "attributes": {
            "id": "f66c5c02-1896-d9c9-679c-4b70f800895b",
            "keepers": {
              "subnet_id": "15c31177-5530-9a44-a9bc-577f52cd825a"
            },
            "result": "f66c5c02-1896-d9c9-679c-4b70f800895b"
          },
          "sensitive_attributes": []
        }
      ]
    },
    {
      "module": "module.private_subnet",
      "mode": "managed",
      "type": "random_uuid",
      "name": "subnet_id",
      "provider": "provider[\"registry.terraform.io/hashicorp/random\"]",
      "instances": [
        {
          "schema_version": 0,
          "attributes": {
            "id": "15c31177-5530-9a44-a9bc-577f52cd825a",
            "keepers": {
              "cidr": "10.0.2.0/24",
              "vpc_id": "6a6f7bbe-8c89-bb01-d214-13f260e77853"
            },
            "result": "15c31177-5530-9a44-a9bc-577f52cd825a"
          },
          "sensitive_attributes": []
        }
      ]
    },
    {
      "module": "module.public_subnet",
      "mode": "managed",
      "type": "random_uuid",
      "name": "route_table_id",
      "provider": "provider[\"registry.terraform.io/hashicorp/random\"]",
      "instances": [
        {
          "schema_version": 0,
          "attributes": {
            "id": "7a7273f5-0161-c1e7-5171-b427b339942f",
            "keepers": {
              "subnet_id": "19328f80-803e-d4f3-88eb-86de8fa2be57"
            },
            "result": "7a7273f5-0161-c1e7-5171-b427b339942f"
          },
          "sensitive_attributes": []
        }
      ]
    },
    {
      "module": "module.public_subnet",
      "mode": "managed",
      "type": "random_uuid",
      "name": "subnet_id",
      "provider": "provider[\"registry.terraform.io/hashicorp/random\"]",
      "instances": [
        {
          "schema_version": 0,
          "attributes": {
            "id": "19328f80-803e-d4f3-88eb-86de8fa2be57",
            "keepers": {
              "cidr": "10.0.1.0/24",
              "vpc_id": "6a6f7bbe-8c89-bb01-d214-13f260e77853"
            },
            "result": "19328f80-803e-d4f3-88eb-86de8fa2be57"
          },
          "sensitive_attributes": []
        }
      ]
    }
  ],
  "check_results": null
}
