{
  "version": 4,
  "terraform_version": "1.8.3",
  "serial": 5,
  "lineage": "c1e4ad4a-f8d9-d59f-c335-4cd1f51c6a97",
  "outputs": {},
  "resources": [
    {
      "mode": "managed",
      "type": "random_pet",
      "name": "network_name",
      "provider": "provider[\"registry.terraform.io/hashicorp/random\"]",
      "instances": [
        {
          "schema_version": 0,
          "attributes": {
            "id": "acme-measured-feline",
            "keepers": null,
            "length": 2,
            "prefix": "acme",
            "separator": "-"
          },
          "sensitive_attributes": []
        }
      ]
    },
    {
      "mode": "managed",
      "type": "random_uuid",
      "name": "nat_gateway_id",
      "provider": "provider[\"registry.terraform.io/hashicorp/random\"]",
      "instances": [
        {
          "schema_version": 0,
          "attributes": {
            "id": "24ead5f0-b6f2-92e2-290c-fc00b80775e7",
            "keepers": {
              "vpc": "e84f53fe-8b63-29b1-2b9c-ba06d4c743c7"
            },
            "result": "24ead5f0-b6f2-92e2-290c-fc00b80775e7"
          },
          "sensitive_attributes": []
        }
      ]
    },
    {
      "mode": "managed",
      "type": "random_uuid",
      "name": "vpc_id",
      "provider": "provider[\"registry.terraform.io/hashicorp/random\"]",
      "instances": [
        {
          "schema_version": 0,
          "attributes": {
            "id": "e84f53fe-8b63-29b1-2b9c-ba06d4c743c7",
            "keepers": null,
            "result": "e84f53fe-8b63-29b1-2b9c-ba06d4c743c7"
          },
          "sensitive_attributes": []
        }
      ]
    },
    {
      "module": "module.private_subnet",
      "mode": "managed",
      "type": "random_uuid",
      "name": "route_table_id",
      "provider": "provider[\"registry.terraform.io/hashicorp/random\"]",
      "instances": [
        {
          "schema_version": 0,
          "attributes": {
            "id": "e7e7ca01-5023-028e-12cb-3b9e6b86b504",
            "keepers": {
              "subnet_id": "e0c1280c-a1b5-1aaa-7b02-a551c8abaf30"
            },
            "result": "e7e7ca01-5023-028e-12cb-3b9e6b86b504"
          },
          "sensitive_attributes": []
        }
      ]
    },
    {
      "module": "module.private_subnet",
      "mode": "managed",
      "type": "random_uuid",
      "name": "subnet_id",
      "provider": "provider[\"registry.terraform.io/hashicorp/random\"]",
      "instances": [
        {
          "schema_version": 0,
          "attributes": {
            "id": "e0c1280c-a1b5-1aaa-7b02-a551c8abaf30",
            "keepers": {
              "cidr": "10.0.2.0/24",
              "vpc_id": "e84f53fe-8b63-29b1-2b9c-ba06d4c743c7"
            },
            "result": "e0c1280c-a1b5-1aaa-7b02-a551c8abaf30"
          },
          "sensitive_attributes": []
        }
      ]
    },
    {
      "module": "module.public_subnet",
      "mode": "managed",
      "type": "random_uuid",
      "name": "route_table_id",
      "provider": "provider[\"registry.terraform.io/hashicorp/random\"]",
      "instances": [
        {
          "schema_version": 0,
          "attributes": {
            "id": "b90a694d-1796-1f1d-2f81-a908a1cbaf54",
            "keepers": {
              "subnet_id": "73ccb0bc-9412-f7fe-6f8e-6efd0a8231ac"
            },
            "result": "b90a694d-1796-1f1d-2f81-a908a1cbaf54"
          },
          "sensitive_attributes": []
        }
      ]
    },
    {
      "module": "module.public_subnet",
      "mode": "managed",
      "type": "random_uuid",
      "name": "subnet_id",
      "provider": "provider[\"registry.terraform.io/hashicorp/random\"]",
      "instances": [
        {
          "schema_version": 0,
          "attributes": {
            "id": "73ccb0bc-9412-f7fe-6f8e-6efd0a8231ac",
            "keepers": {
              "cidr": "10.0.1.0/24",
              "vpc_id": "e84f53fe-8b63-29b1-2b9c-ba06d4c743c7"
            },
            "result": "73ccb0bc-9412-f7fe-6f8e-6efd0a8231ac"
          },
          "sensitive_attributes": []
        }
      ]
    }
  ],
  "check_results": null
}
