{
  "version": 4,
  "terraform_version": "1.8.3",
  "serial": 6,
  "lineage": "894feee4-2b11-24cd-efdc-92b71a77e68c",
  "outputs": {},
  "resources": [
    {
      "mode": "managed",
      "type": "random_pet",
      "name": "network_name",
      "provider": "provider[\"registry.terraform.io/hashicorp/random\"]",
      "instances": [
        {
          "schema_version": 0,
          "attributes": {
            "id": "acme-concrete-tick",
            "keepers": null,
            "length": 2,
            "prefix": "acme",
            "separator": "-"
          },
          "sensitive_attributes": []
        }
      ]
    },
    {
      "mode": "managed",
      "type": "random_uuid",
      "name": "nat_gateway_id",
      "provider": "provider[\"registry.terraform.io/hashicorp/random\"]",
      "instances": [
        {
          "schema_version": 0,
          "attributes": {
            "id": "e4121a19-ba5c-8448-49ef-6c8bcb297a7a",
            "keepers": null,
            "result": "e4121a19-ba5c-8448-49ef-6c8bcb297a7a"
          },
          "sensitive_attributes": []
        }
      ]
    },
    {
      "mode": "managed",
      "type": "random_uuid",
      "name": "vpc_id",
      "provider": "provider[\"registry.terraform.io/hashicorp/random\"]",
      "instances": [
        {
          "schema_version": 0,
          "attributes": {
            "id": "93536b1e-a344-c9ad-0788-7693157a6fe0",
            "keepers": null,
            "result": "93536b1e-a344-c9ad-0788-7693157a6fe0"
          },
          "sensitive_attributes": []
        }
      ]
    },
    {
      "mode": "managed",
      "type": "time_sleep",
      "name": "network_propagation",
      "provider": "provider[\"registry.terraform.io/hashicorp/time\"]",
      "instances": [
        {
          "schema_version": 0,
          "attributes": {
            "create_duration": "1s",
            "destroy_duration": null,
            "id": "2026-08-17T19:26:00Z",
            "triggers": null
          },
          "sensitive_attributes": [],
          "dependencies": [
            "data.local_file.environment",
            "module.private_subnet.random_uuid.route_table_id",
            "module.private_subnet.random_uuid.subnet_id",
            "module.public_subnet.random_uuid.route_table_id",
            "module.public_subnet.random_uuid.subnet_id",
            "random_uuid.vpc_id"
          ]
        }
      ]
    },
    {
      "module": "module.private_subnet",
      "mode": "managed",
      "type": "random_uuid",
      "name": "route_table_id",
      "provider": "provider[\"registry.terraform.io/hashicorp/random\"]",
      "instances": [
        {
          "schema_version": 0,
          "attributes": {
            "id": "eb14295e-adb5-19bf-575b-1e0794466cd4",
            "keepers": {
              "subnet_id": "aae746dd-e611-dad5-f112-2093e032110e"
            },
            "result": "eb14295e-adb5-19bf-575b-1e0794466cd4"
          },
          "sensitive_attributes": []
        }
      ]
    },
    {
      "module": "module.private_subnet",
      "mode": "managed",
      "type": "random_uuid",
      "name": "subnet_id",
      "provider": "provider[\"registry.terraform.io/hashicorp/random\"]",
      "instances": [
        {
          "schema_version": 0,
          "attributes": {
            "id": "aae746dd-e611-dad5-f112-2093e032110e",
            "keepers": {
              "cidr": "10.0.2.0/24",
              "vpc_id": "93536b1e-a344-c9ad-0788-7693157a6fe0"
            },
            "result": "aae746dd-e611-dad5-f112-2093e032110e"
          },
          "sensitive_attributes": []
        }
      ]
    },
    {
      "module": "module.public_subnet",
      "mode": "managed",
      "type": "random_uuid",
      "name": "route_table_id",
      "provider": "provider[\"registry.terraform.io/hashicorp/random\"]",
      "instances": [
        {
          "schema_version": 0,
          "attributes": {
            "id": "a4033106-beb8-fc21-32b9-84d837d000e5",
            "keepers": {
              "subnet_id": "0fd3c315-c622-247b-71f3-0cf3f685dd91"
            },
            "result": "a4033106-beb8-fc21-32b9-84d837d000e5"
          },
          "sensitive_attributes": []
        }
      ]
    },
    {
      "module": "module.public_subnet",
      "mode": "managed",
      "type": "random_uuid",
      "name": "subnet_id",
      "provider": "provider[\"registry.terraform.io/hashicorp/random\"]",
      "instances": [
        {
          "schema_version": 0,
          "attributes": {
            "id": "0fd3c315-c622-247b-71f3-0cf3f685dd91",
            "keepers": {
              "cidr": "10.0.1.0/24",
              "vpc_id": "93536b1e-a344-c9ad-0788-7693157a6fe0"
            },
            "result": "0fd3c315-c622-247b-71f3-0cf3f685dd91"
          },
          "sensitive_attributes": []
        }
      ]
    }
  ],
  "check_results": null
}
