{
  "version": 4,
  "terraform_version": "1.8.3",
  "serial": 5,
  "lineage": "b0010908-c949-edd2-8eab-d09c23c9b7cd",
  "outputs": {},
  "resources": [
    {
      "mode": "managed",
      "type": "random_pet",
      "name": "network_name",
      "provider": "provider[\"registry.terraform.io/hashicorp/random\"]",
      "instances": [
        {
          "schema_version": 0,
          "attributes": {
            "id": "acme-pumped-liger",
            "keepers": null,
            "length": 2,
            "prefix": "acme",
            "separator": "-"
          },
          "sensitive_attributes": []
        }
      ]
    },
    {
      "mode": "managed",
      "type": "random_uuid",
      "name": "nat_gateway_id",
      "provider": "provider[\"registry.terraform.io/hashicorp/random\"]",
      "instances": [
        {
          "schema_version": 0,
          "attributes": {
            "id": "829d76c1-2705-e136-5109-a54f661df5fb",
            "keepers": {
              "vpc": "90a0d907-408c-7aba-5fef-ed0980432c99"
            },
            "result": "829d76c1-2705-e136-5109-a54f661df5fb"
          },
          "sensitive_attributes": []
        }
      ]
    },
    {
      "mode": "managed",
      "type": "random_uuid",
      "name": "vpc_id",
      "provider": "provider[\"registry.terraform.io/hashicorp/random\"]",
      "instances": [
        {
          "schema_version": 0,
          "attributes": {
            "id": "90a0d907-408c-7aba-5fef-ed0980432c99",
            "keepers": null,
            "result": "90a0d907-408c-7aba-5fef-ed0980432c99"
          },
          "sensitive_attributes": []
        }
      ]
    },
    {
      "module": "module.private_subnet",
      "mode": "managed",
      "type": "random_uuid",
      "name": "route_table_id",
      "provider": "provider[\"registry.terraform.io/hashicorp/random\"]",
      "instances": [
        {
          "schema_version": 0,
          "attributes": {
            "id": "89de678e-ba62-5cf9-0d43-4184ce225386",
            "keepers": {
              "subnet_id": "eda810e5-5785-f675-f739-3b18dcc1c913"
            },
            "result": "89de678e-ba62-5cf9-0d43-4184ce225386"
          },
          "sensitive_attributes": []
        }
      ]
    },
    {
      "module": "module.private_subnet",
      "mode": "managed",
      "type": "random_uuid",
      "name": "subnet_id",
      "provider": "provider[\"registry.terraform.io/hashicorp/random\"]",
      "instances": [
        {
          "schema_version": 0,
          "attributes": {
            "id": "eda810e5-5785-f675-f739-3b18dcc1c913",
            "keepers": {
              "cidr": "10.0.2.0/24",
              "vpc_id": "90a0d907-408c-7aba-5fef-ed0980432c99"
            },
            "result": "eda810e5-5785-f675-f739-3b18dcc1c913"
          },
          "sensitive_attributes": []
        }
      ]
    },
    {
      "module": "module.public_subnet",
      "mode": "managed",
      "type": "random_uuid",
      "name": "route_table_id",
      "provider": "provider[\"registry.terraform.io/hashicorp/random\"]",
      "instances": [
        {
          "schema_version": 0,
          "attributes": {
            "id": "8e437e13-a0be-f624-ca51-402b68819af1",
            "keepers": {
              "subnet_id": "78d63922-d7f1-4b23-fb26-9dae8757debf"
            },
            "result": "8e437e13-a0be-f624-ca51-402b68819af1"
          },
          "sensitive_attributes": []
        }
      ]
    },
    {
      "module": "module.public_subnet",
      "mode": "managed",
      "type": "random_uuid",
      "name": "subnet_id",
      "provider": "provider[\"registry.terraform.io/hashicorp/random\"]",
      "instances": [
        {
          "schema_version": 0,
          "attributes": {
            "id": "78d63922-d7f1-4b23-fb26-9dae8757debf",
            "keepers": {
              "cidr": "10.0.1.0/24",
              "vpc_id": "90a0d907-408c-7aba-5fef-ed0980432c99"
            },
            "result": "78d63922-d7f1-4b23-fb26-9dae8757debf"
          },
          "sensitive_attributes": []
        }
      ]
    }
  ],
  "check_results": null
}
