{
  "version": 4,
  "terraform_version": "1.8.3",
  "serial": 3,
  "lineage": "e884b64e-6fe8-a1e4-fa52-c436749eb7d0",
  "outputs": {},
  "resources": [
    {
      "mode": "managed",
      "type": "random_integer",
      "name": "net_id",
      "provider": "provider[\"registry.terraform.io/hashicorp/random\"]",
      "instances": [
        {
          "schema_version": 0,
          "attributes": {
            "id": "6078",
            "keepers": null,
            "max": 9999,
            "min": 1000,
            "result": 6078,
            "seed": null
          },
          "sensitive_attributes": []
        }
      ]
    },
    {
      "mode": "managed",
      "type": "random_pet",
      "name": "net_name",
      "provider": "provider[\"registry.terraform.io/hashicorp/random\"]",
      "instances": [
        {
          "schema_version": 0,
          "attributes": {
            "id": "demo-seriously-fun-corgi",
            "keepers": null,
            "length": 3,
            "prefix": "demo",
            "separator": "-"
          },
          "sensitive_attributes": []
        }
      ]
    },
    {
      "module": "module.idgen",
      "mode": "managed",
      "type": "random_pet",
      "name": "id",
      "provider": "provider[\"registry.terraform.io/hashicorp/random\"]",
      "instances": [
        {
          "schema_version": 0,
          "attributes": {
            "id": "delicate-chamois",
            "keepers": {
              "seed": "6078",
              "tag": "x72LQtQJZDw1"
            },
            "length": 2,
            "prefix": null,
            "separator": "-"
          },
          "sensitive_attributes": []
        }
      ]
    }
  ],
  "check_results": null
}
